{
  "version": 4,
  "terraform_version": "1.7.5",
  "serial": 163,
  "lineage": "96d42fb3-1224-71b3-c2a2-3755b3c1ce7f",
  "outputs": {},
  "resources": [
    {
      "mode": "data",
      "type": "archive_file",
      "name": "collision_data_pipeline_azrd_ds_cc_1_lambda_case_processor_4_placeholder",
      "provider": "provider[\"registry.terraform.io/hashicorp/archive\"]",
      "instances": [
        {
          "schema_version": 0,
          "attributes": {
            "exclude_symlink_directories": null,
            "excludes": null,
            "id": "f5192311fef375677d410616d98943317ed7a9f9",
            "output_base64sha256": "kg6AzLaELYA9EXETyAHoF0vDBAklVlY5NjPCD1KS9vg=",
            "output_base64sha512": "zHrmFR5VRif2aXcTdVXX4hTVKG4ZtEi0f+MHh52cR8AxUTIXCPhvIJEq/Hca+P3hCNzFhWWP/50TgkeaV8xEoA==",
            "output_file_mode": null,
            "output_md5": "69da236eb71f7696897c2b8e5760f200",
            "output_path": "./collision_data_pipeline_azrd_ds_cc_1_lambda_case_processor_4_placeholder.zip",
            "output_sha": "f5192311fef375677d410616d98943317ed7a9f9",
            "output_sha256": "920e80ccb6842d803d117113c801e8174bc30409255656393633c20f5292f6f8",
            "output_sha512": "cc7ae6151e554627f66977137555d7e214d5286e19b448b47fe307879d9c47c03151321708f86f20912afc771af8fde108dcc585658fff9d1382479a57cc44a0",
            "output_size": 527,
            "source": [
              {
                "content": "import json\nimport boto3\nimport os\n\ns3 = boto3.client('s3')\n\ndef handler(event, context):\n    source_bucket = event['Records'][0]['s3']['bucket']['name']\n    source_key = event['Records'][0]['s3']['object']['key']\n    target_bucket = os.environ['STAGING_BUCKET']\n    \n    response = s3.get_object(Bucket=source_bucket, Key=source_key)\n    raw_data = response['Body'].read().decode('utf-8')\n    \n    lines = raw_data.strip().split('\\n')\n    processed_data = []\n    for line in lines:\n        processed_data.append(line.strip())\n    \n    target_key = f\"case/{source_key.split('/')[-1]}\"\n    s3.put_object(\n        Bucket=target_bucket,\n        Key=target_key,\n        Body='\\n'.join(processed_data)\n    )\n    \n    return {'statusCode': 200, 'message': 'Case data processed'}\n",
                "filename": "index.py"
              }
            ],
            "source_content": null,
            "source_content_filename": null,
            "source_dir": null,
            "source_file": null,
            "type": "zip"
          },
          "sensitive_attributes": []
        }
      ]
    },
    {
      "mode": "data",
      "type": "archive_file",
      "name": "collision_data_pipeline_azrd_ds_cc_1_lambda_collision_processor_1_placeholder",
      "provider": "provider[\"registry.terraform.io/hashicorp/archive\"]",
      "instances": [
        {
          "schema_version": 0,
          "attributes": {
            "exclude_symlink_directories": null,
            "excludes": null,
            "id": "c68d6478559a5e780141907f4f6df5a44cf557f4",
            "output_base64sha256": "UCBIsoxxE26z37J8JuC1Tyq5ucBnpjiyug2sSgSvSGo=",
            "output_base64sha512": "Ba/a7kkB4ICwyEcSCh3dcj9yP3AQDum/fu/pjXEn10IcwC6ykJTxIoiQxlyFSDTV0bFooN8avrU/8u5ljeOfOg==",
            "output_file_mode": null,
            "output_md5": "54da79984d99ca4333fe9317e0296fb0",
            "output_path": "./collision_data_pipeline_azrd_ds_cc_1_lambda_collision_processor_1_placeholder.zip",
            "output_sha": "c68d6478559a5e780141907f4f6df5a44cf557f4",
            "output_sha256": "502048b28c71136eb3dfb27c26e0b54f2ab9b9c067a638b2ba0dac4a04af486a",
            "output_sha512": "05afdaee4901e080b0c847120a1ddd723f723f70100ee9bf7eefe98d7127d7421cc02eb29094f1228890c65c854834d5d1b168a0df1abeb53ff2ee658de39f3a",
            "output_size": 613,
            "source": [
              {
                "content": "import json\nimport boto3\nimport os\n\ns3 = boto3.client('s3')\n\ndef handler(event, context):\n    # Get source bucket and key from S3 event\n    source_bucket = event['Records'][0]['s3']['bucket']['name']\n    source_key = event['Records'][0]['s3']['object']['key']\n    \n    # Get target bucket from environment\n    target_bucket = os.environ['STAGING_BUCKET']\n    \n    # Read raw data\n    response = s3.get_object(Bucket=source_bucket, Key=source_key)\n    raw_data = response['Body'].read().decode('utf-8')\n    \n    # Process collision data\n    lines = raw_data.strip().split('\\n')\n    processed_data = []\n    for line in lines:\n        # Basic transformation/validation\n        processed_data.append(line.strip())\n    \n    # Write to staging\n    target_key = f\"collision/{source_key.split('/')[-1]}\"\n    s3.put_object(\n        Bucket=target_bucket,\n        Key=target_key,\n        Body='\\n'.join(processed_data)\n    )\n    \n    return {'statusCode': 200, 'message': 'Collision data processed'}\n",
                "filename": "index.py"
              }
            ],
            "source_content": null,
            "source_content_filename": null,
            "source_dir": null,
            "source_file": null,
            "type": "zip"
          },
          "sensitive_attributes": []
        }
      ]
    },
    {
      "mode": "data",
      "type": "archive_file",
      "name": "collision_data_pipeline_azrd_ds_cc_1_lambda_party_processor_2_placeholder",
      "provider": "provider[\"registry.terraform.io/hashicorp/archive\"]",
      "instances": [
        {
          "schema_version": 0,
          "attributes": {
            "exclude_symlink_directories": null,
            "excludes": null,
            "id": "cd649c2d439c5163e8af22f1d0c636399e90b7e1",
            "output_base64sha256": "VlKXOwDsMG4R78Q3mv/deO/DVy4cQgx/j/UqtrKjZFc=",
            "output_base64sha512": "kFK66x7FICrK6shzkK+7e5qtl7wI7v+zk/mZjVcAc/M+JnX+GUYAJvljyuLMAm1sdHBQqjq3qx+3Epdc7/176g==",
            "output_file_mode": null,
            "output_md5": "8240b28bb9243d67109322057d85b828",
            "output_path": "./collision_data_pipeline_azrd_ds_cc_1_lambda_party_processor_2_placeholder.zip",
            "output_sha": "cd649c2d439c5163e8af22f1d0c636399e90b7e1",
            "output_sha256": "5652973b00ec306e11efc4379affdd78efc3572e1c420c7f8ff52ab6b2a36457",
            "output_sha512": "9052baeb1ec5202acaeac87390afbb7b9aad97bc08eeffb393f9998d570073f33e2675fe19460026f963cae2cc026d6c747050aa3ab7ab1fb712975ceffd7bea",
            "output_size": 529,
            "source": [
              {
                "content": "import json\nimport boto3\nimport os\n\ns3 = boto3.client('s3')\n\ndef handler(event, context):\n    source_bucket = event['Records'][0]['s3']['bucket']['name']\n    source_key = event['Records'][0]['s3']['object']['key']\n    target_bucket = os.environ['STAGING_BUCKET']\n    \n    response = s3.get_object(Bucket=source_bucket, Key=source_key)\n    raw_data = response['Body'].read().decode('utf-8')\n    \n    lines = raw_data.strip().split('\\n')\n    processed_data = []\n    for line in lines:\n        processed_data.append(line.strip())\n    \n    target_key = f\"party/{source_key.split('/')[-1]}\"\n    s3.put_object(\n        Bucket=target_bucket,\n        Key=target_key,\n        Body='\\n'.join(processed_data)\n    )\n    \n    return {'statusCode': 200, 'message': 'Party data processed'}\n",
                "filename": "index.py"
              }
            ],
            "source_content": null,
            "source_content_filename": null,
            "source_dir": null,
            "source_file": null,
            "type": "zip"
          },
          "sensitive_attributes": []
        }
      ]
    },
    {
      "mode": "data",
      "type": "archive_file",
      "name": "collision_data_pipeline_azrd_ds_cc_1_lambda_refine_data_5_placeholder",
      "provider": "provider[\"registry.terraform.io/hashicorp/archive\"]",
      "instances": [
        {
          "schema_version": 0,
          "attributes": {
            "exclude_symlink_directories": null,
            "excludes": null,
            "id": "4f22c13908ad75df3ec0186452130cd947558b4c",
            "output_base64sha256": "BSfTDgDnM/rjs0N/7h6m9f33vukGF66B0uRAzxiXsHo=",
            "output_base64sha512": "S8a1PZ7s4Z78A88Oeb9zXu4sW4Sy3MIi7dc7PtDcQiklCi9LT/r86QN89IzyZRgK3WGnq7NoeVMMIHQ3grQPOA==",
            "output_file_mode": null,
            "output_md5": "960a79c265cc8be1dbcd73df1b8a01f7",
            "output_path": "./collision_data_pipeline_azrd_ds_cc_1_lambda_refine_data_5_placeholder.zip",
            "output_sha": "4f22c13908ad75df3ec0186452130cd947558b4c",
            "output_sha256": "0527d30e00e733fae3b3437fee1ea6f5fdf7bee90617ae81d2e440cf1897b07a",
            "output_sha512": "4bc6b53d9eece19efc03cf0e79bf735eee2c5b84b2dcc222edd73b3ed0dc4229250a2f4b4ffafce9037cf48cf265180add61a7abb36879530c20743782b40f38",
            "output_size": 684,
            "source": [
              {
                "content": "import json\nimport boto3\nimport os\n\ns3 = boto3.client('s3')\n\ndef handler(event, context):\n    staging_bucket = os.environ['STAGING_BUCKET']\n    target_bucket = os.environ['MINILAKE_BUCKET']\n    \n    # Check if all 4 datasets are available\n    prefixes = ['collision/', 'party/', 'victim/', 'case/']\n    available = {}\n    \n    for prefix in prefixes:\n        response = s3.list_objects_v2(Bucket=staging_bucket, Prefix=prefix, MaxKeys=1)\n        available[prefix] = 'Contents' in response\n    \n    if not all(available.values()):\n        return {'statusCode': 202, 'message': 'Waiting for all datasets'}\n    \n    # Refine and copy all datasets to minilake\n    for prefix in prefixes:\n        dataset_name = prefix.rstrip('/')\n        response = s3.list_objects_v2(Bucket=staging_bucket, Prefix=prefix)\n        \n        if 'Contents' not in response:\n            continue\n        \n        for obj in response['Contents']:\n            source_key = obj['Key']\n            target_key = source_key\n            \n            # Copy from staging to minilake\n            s3.copy_object(\n                CopySource={'Bucket': staging_bucket, 'Key': source_key},\n                Bucket=target_bucket,\n                Key=target_key\n            )\n    \n    return {'statusCode': 200, 'message': 'All datasets refined and copied to minilake'}\n",
                "filename": "index.py"
              }
            ],
            "source_content": null,
            "source_content_filename": null,
            "source_dir": null,
            "source_file": null,
            "type": "zip"
          },
          "sensitive_attributes": []
        }
      ]
    },
    {
      "mode": "data",
      "type": "archive_file",
      "name": "collision_data_pipeline_azrd_ds_cc_1_lambda_victim_processor_3_placeholder",
      "provider": "provider[\"registry.terraform.io/hashicorp/archive\"]",
      "instances": [
        {
          "schema_version": 0,
          "attributes": {
            "exclude_symlink_directories": null,
            "excludes": null,
            "id": "d512e4f9c035d5c95644aa84229e56571f200eed",
            "output_base64sha256": "04ESgXaF9uybi4zv5BGplxzXxJ0oMCPCnF+R22A4Vgs=",
            "output_base64sha512": "e2g7j5hdI/P3rd7NKF+dYyEMJ/CxNVBtcCEYmx7NCRMyjCa7TCcT104iGftjEfs8L5lAJHuFChxXweN1Eiz2vg==",
            "output_file_mode": null,
            "output_md5": "30876138b30db77c930353e2822bab63",
            "output_path": "./collision_data_pipeline_azrd_ds_cc_1_lambda_victim_processor_3_placeholder.zip",
            "output_sha": "d512e4f9c035d5c95644aa84229e56571f200eed",
            "output_sha256": "d38112817685f6ec9b8b8cefe411a9971cd7c49d283023c29c5f91db6038560b",
            "output_sha512": "7b683b8f985d23f3f7addecd285f9d63210c27f0b135506d7021189b1ecd0913328c26bb4c2713d74e2219fb6311fb3c2f9940247b850a1c57c1e375122cf6be",
            "output_size": 530,
            "source": [
              {
                "content": "import json\nimport boto3\nimport os\n\ns3 = boto3.client('s3')\n\ndef handler(event, context):\n    source_bucket = event['Records'][0]['s3']['bucket']['name']\n    source_key = event['Records'][0]['s3']['object']['key']\n    target_bucket = os.environ['STAGING_BUCKET']\n    \n    response = s3.get_object(Bucket=source_bucket, Key=source_key)\n    raw_data = response['Body'].read().decode('utf-8')\n    \n    lines = raw_data.strip().split('\\n')\n    processed_data = []\n    for line in lines:\n        processed_data.append(line.strip())\n    \n    target_key = f\"victim/{source_key.split('/')[-1]}\"\n    s3.put_object(\n        Bucket=target_bucket,\n        Key=target_key,\n        Body='\\n'.join(processed_data)\n    )\n    \n    return {'statusCode': 200, 'message': 'Victim data processed'}\n",
                "filename": "index.py"
              }
            ],
            "source_content": null,
            "source_content_filename": null,
            "source_dir": null,
            "source_file": null,
            "type": "zip"
          },
          "sensitive_attributes": []
        }
      ]
    },
    {
      "mode": "managed",
      "type": "aws_athena_workgroup",
      "name": "collision_data_pipeline_azrd_ds_cc_1_athena_athena_workgroup",
      "provider": "provider[\"registry.terraform.io/hashicorp/aws\"]",
      "instances": [
        {
          "schema_version": 0,
          "attributes": {
            "arn": "arn:aws:athena:us-east-1:602963248309:workgroup/collision-data-pipeline-azrd-ds-cc-1-athena-athena-workgroup",
            "configuration": [
              {
                "bytes_scanned_cutoff_per_query": 0,
                "enforce_workgroup_configuration": true,
                "engine_version": [
                  {
                    "effective_engine_version": "Athena engine version 3",
                    "selected_engine_version": "AUTO"
                  }
                ],
                "execution_role": "",
                "publish_cloudwatch_metrics_enabled": false,
                "requester_pays_enabled": false,
                "result_configuration": [
                  {
                    "acl_configuration": [],
                    "encryption_configuration": [],
                    "expected_bucket_owner": "",
                    "output_location": "s3://collision-data-pipeline-azrd-ds-cc-1-athena-athena-workgroup-results/query-results/"
                  }
                ]
              }
            ],
            "description": "",
            "force_destroy": false,
            "id": "collision-data-pipeline-azrd-ds-cc-1-athena-athena-workgroup",
            "name": "collision-data-pipeline-azrd-ds-cc-1-athena-athena-workgroup",
            "state": "ENABLED",
            "tags": {
              "BusinessUnit": "azrd_ds",
              "CostCenter": "cc_1",
              "ManagedBy": "aws-pipeline-engine",
              "Pipeline": "collision_data_pipeline"
            },
            "tags_all": {
              "BusinessUnit": "azrd_ds",
              "CostCenter": "cc_1",
              "ManagedBy": "aws-pipeline-engine",
              "Pipeline": "collision_data_pipeline"
            }
          },
          "sensitive_attributes": [],
          "private": "bnVsbA=="
        }
      ]
    },
    {
      "mode": "managed",
      "type": "aws_cloudwatch_log_group",
      "name": "collision_data_pipeline_azrd_ds_cc_1_athena_athena_workgroup_lg",
      "provider": "provider[\"registry.terraform.io/hashicorp/aws\"]",
      "instances": [
        {
          "schema_version": 0,
          "attributes": {
            "arn": "arn:aws:logs:us-east-1:602963248309:log-group:/aws/athena/collision-data-pipeline-azrd-ds-cc-1-athena-athena-workgroup",
            "id": "/aws/athena/collision-data-pipeline-azrd-ds-cc-1-athena-athena-workgroup",
            "kms_key_id": "",
            "log_group_class": "STANDARD",
            "name": "/aws/athena/collision-data-pipeline-azrd-ds-cc-1-athena-athena-workgroup",
            "name_prefix": "",
            "retention_in_days": 7,
            "skip_destroy": false,
            "tags": {
              "BusinessUnit": "azrd_ds",
              "CostCenter": "cc_1",
              "ManagedBy": "aws-pipeline-engine",
              "Pipeline": "collision_data_pipeline"
            },
            "tags_all": {
              "BusinessUnit": "azrd_ds",
              "CostCenter": "cc_1",
              "ManagedBy": "aws-pipeline-engine",
              "Pipeline": "collision_data_pipeline"
            }
          },
          "sensitive_attributes": [],
          "private": "bnVsbA=="
        }
      ]
    },
    {
      "mode": "managed",
      "type": "aws_cloudwatch_log_group",
      "name": "collision_data_pipeline_azrd_ds_cc_1_lambda_case_processor_4_lg",
      "provider": "provider[\"registry.terraform.io/hashicorp/aws\"]",
      "instances": [
        {
          "schema_version": 0,
          "attributes": {
            "arn": "arn:aws:logs:us-east-1:602963248309:log-group:/aws/lambda/collision-data-pipeline-azrd-ds-cc-1-lambda-case-processor-4",
            "id": "/aws/lambda/collision-data-pipeline-azrd-ds-cc-1-lambda-case-processor-4",
            "kms_key_id": "",
            "log_group_class": "STANDARD",
            "name": "/aws/lambda/collision-data-pipeline-azrd-ds-cc-1-lambda-case-processor-4",
            "name_prefix": "",
            "retention_in_days": 7,
            "skip_destroy": false,
            "tags": {
              "BusinessUnit": "azrd_ds",
              "CostCenter": "cc_1",
              "ManagedBy": "aws-pipeline-engine",
              "Pipeline": "collision_data_pipeline"
            },
            "tags_all": {
              "BusinessUnit": "azrd_ds",
              "CostCenter": "cc_1",
              "ManagedBy": "aws-pipeline-engine",
              "Pipeline": "collision_data_pipeline"
            }
          },
          "sensitive_attributes": [],
          "private": "bnVsbA=="
        }
      ]
    },
    {
      "mode": "managed",
      "type": "aws_cloudwatch_log_group",
      "name": "collision_data_pipeline_azrd_ds_cc_1_lambda_collision_processor_1_lg",
      "provider": "provider[\"registry.terraform.io/hashicorp/aws\"]",
      "instances": [
        {
          "schema_version": 0,
          "attributes": {
            "arn": "arn:aws:logs:us-east-1:602963248309:log-group:/aws/lambda/collision-data-pipeline-azrd-ds-cc-1-lambda-collision-pr-278e32d",
            "id": "/aws/lambda/collision-data-pipeline-azrd-ds-cc-1-lambda-collision-pr-278e32d",
            "kms_key_id": "",
            "log_group_class": "STANDARD",
            "name": "/aws/lambda/collision-data-pipeline-azrd-ds-cc-1-lambda-collision-pr-278e32d",
            "name_prefix": "",
            "retention_in_days": 7,
            "skip_destroy": false,
            "tags": {
              "BusinessUnit": "azrd_ds",
              "CostCenter": "cc_1",
              "ManagedBy": "aws-pipeline-engine",
              "Pipeline": "collision_data_pipeline"
            },
            "tags_all": {
              "BusinessUnit": "azrd_ds",
              "CostCenter": "cc_1",
              "ManagedBy": "aws-pipeline-engine",
              "Pipeline": "collision_data_pipeline"
            }
          },
          "sensitive_attributes": [],
          "private": "bnVsbA=="
        }
      ]
    },
    {
      "mode": "managed",
      "type": "aws_cloudwatch_log_group",
      "name": "collision_data_pipeline_azrd_ds_cc_1_lambda_party_processor_2_lg",
      "provider": "provider[\"registry.terraform.io/hashicorp/aws\"]",
      "instances": [
        {
          "schema_version": 0,
          "attributes": {
            "arn": "arn:aws:logs:us-east-1:602963248309:log-group:/aws/lambda/collision-data-pipeline-azrd-ds-cc-1-lambda-party-processor-2",
            "id": "/aws/lambda/collision-data-pipeline-azrd-ds-cc-1-lambda-party-processor-2",
            "kms_key_id": "",
            "log_group_class": "STANDARD",
            "name": "/aws/lambda/collision-data-pipeline-azrd-ds-cc-1-lambda-party-processor-2",
            "name_prefix": "",
            "retention_in_days": 7,
            "skip_destroy": false,
            "tags": {
              "BusinessUnit": "azrd_ds",
              "CostCenter": "cc_1",
              "ManagedBy": "aws-pipeline-engine",
              "Pipeline": "collision_data_pipeline"
            },
            "tags_all": {
              "BusinessUnit": "azrd_ds",
              "CostCenter": "cc_1",
              "ManagedBy": "aws-pipeline-engine",
              "Pipeline": "collision_data_pipeline"
            }
          },
          "sensitive_attributes": [],
          "private": "bnVsbA=="
        }
      ]
    },
    {
      "mode": "managed",
      "type": "aws_cloudwatch_log_group",
      "name": "collision_data_pipeline_azrd_ds_cc_1_lambda_refine_data_5_lg",
      "provider": "provider[\"registry.terraform.io/hashicorp/aws\"]",
      "instances": [
        {
          "schema_version": 0,
          "attributes": {
            "arn": "arn:aws:logs:us-east-1:602963248309:log-group:/aws/lambda/collision-data-pipeline-azrd-ds-cc-1-lambda-refine-data-5",
            "id": "/aws/lambda/collision-data-pipeline-azrd-ds-cc-1-lambda-refine-data-5",
            "kms_key_id": "",
            "log_group_class": "STANDARD",
            "name": "/aws/lambda/collision-data-pipeline-azrd-ds-cc-1-lambda-refine-data-5",
            "name_prefix": "",
            "retention_in_days": 7,
            "skip_destroy": false,
            "tags": {
              "BusinessUnit": "azrd_ds",
              "CostCenter": "cc_1",
              "ManagedBy": "aws-pipeline-engine",
              "Pipeline": "collision_data_pipeline"
            },
            "tags_all": {
              "BusinessUnit": "azrd_ds",
              "CostCenter": "cc_1",
              "ManagedBy": "aws-pipeline-engine",
              "Pipeline": "collision_data_pipeline"
            }
          },
          "sensitive_attributes": [],
          "private": "bnVsbA=="
        }
      ]
    },
    {
      "mode": "managed",
      "type": "aws_cloudwatch_log_group",
      "name": "collision_data_pipeline_azrd_ds_cc_1_lambda_victim_processor_3_lg",
      "provider": "provider[\"registry.terraform.io/hashicorp/aws\"]",
      "instances": [
        {
          "schema_version": 0,
          "attributes": {
            "arn": "arn:aws:logs:us-east-1:602963248309:log-group:/aws/lambda/collision-data-pipeline-azrd-ds-cc-1-lambda-victim-processor-3",
            "id": "/aws/lambda/collision-data-pipeline-azrd-ds-cc-1-lambda-victim-processor-3",
            "kms_key_id": "",
            "log_group_class": "STANDARD",
            "name": "/aws/lambda/collision-data-pipeline-azrd-ds-cc-1-lambda-victim-processor-3",
            "name_prefix": "",
            "retention_in_days": 7,
            "skip_destroy": false,
            "tags": {
              "BusinessUnit": "azrd_ds",
              "CostCenter": "cc_1",
              "ManagedBy": "aws-pipeline-engine",
              "Pipeline": "collision_data_pipeline"
            },
            "tags_all": {
              "BusinessUnit": "azrd_ds",
              "CostCenter": "cc_1",
              "ManagedBy": "aws-pipeline-engine",
              "Pipeline": "collision_data_pipeline"
            }
          },
          "sensitive_attributes": [],
          "private": "bnVsbA=="
        }
      ]
    },
    {
      "mode": "managed",
      "type": "aws_glue_catalog_database",
      "name": "collision_data_pipeline_azrd_ds_cc_1_glue_data_catalog_minilake_database",
      "provider": "provider[\"registry.terraform.io/hashicorp/aws\"]",
      "instances": [
        {
          "schema_version": 0,
          "attributes": {
            "arn": "arn:aws:glue:us-east-1:602963248309:database/collision_data_pipeline_azrd_ds_cc_1_glue_data_catalog_21d3b39",
            "catalog_id": "602963248309",
            "create_table_default_permission": [
              {
                "permissions": [
                  "ALL"
                ],
                "principal": [
                  {
                    "data_lake_principal_identifier": "IAM_ALLOWED_PRINCIPALS"
                  }
                ]
              }
            ],
            "description": "Glue Data Catalog database",
            "federated_database": [],
            "id": "602963248309:collision_data_pipeline_azrd_ds_cc_1_glue_data_catalog_21d3b39",
            "location_uri": "",
            "name": "collision_data_pipeline_azrd_ds_cc_1_glue_data_catalog_21d3b39",
            "parameters": null,
            "tags": null,
            "tags_all": {},
            "target_database": []
          },
          "sensitive_attributes": [],
          "private": "bnVsbA=="
        }
      ]
    },
    {
      "mode": "managed",
      "type": "aws_glue_catalog_table",
      "name": "collision_data_pipeline_azrd_ds_cc_1_glue_data_catalog_minilake_database_case_table",
      "provider": "provider[\"registry.terraform.io/hashicorp/aws\"]",
      "instances": [
        {
          "schema_version": 0,
          "attributes": {
            "arn": "arn:aws:glue:us-east-1:602963248309:table/collision_data_pipeline_azrd_ds_cc_1_glue_data_catalog_21d3b39/case",
            "catalog_id": "602963248309",
            "database_name": "collision_data_pipeline_azrd_ds_cc_1_glue_data_catalog_21d3b39",
            "description": "",
            "id": "602963248309:collision_data_pipeline_azrd_ds_cc_1_glue_data_catalog_21d3b39:case",
            "name": "case",
            "open_table_format_input": [],
            "owner": "",
            "parameters": {
              "EXTERNAL": "TRUE"
            },
            "partition_index": null,
            "partition_keys": [],
            "retention": 0,
            "storage_descriptor": [
              {
                "additional_locations": null,
                "bucket_columns": null,
                "columns": [
                  {
                    "comment": "",
                    "name": "case_id",
                    "parameters": null,
                    "type": "string"
                  },
                  {
                    "comment": "",
                    "name": "collision_id",
                    "parameters": null,
                    "type": "string"
                  },
                  {
                    "comment": "",
                    "name": "case_status",
                    "parameters": null,
                    "type": "string"
                  },
                  {
                    "comment": "",
                    "name": "case_date",
                    "parameters": null,
                    "type": "timestamp"
                  }
                ],
                "compressed": false,
                "input_format": "org.apache.hadoop.mapred.TextInputFormat",
                "location": "s3://staging_bucket/case/",
                "number_of_buckets": 0,
                "output_format": "org.apache.hadoop.hive.ql.io.HiveIgnoreKeyTextOutputFormat",
                "parameters": null,
                "schema_reference": [],
                "ser_de_info": [
                  {
                    "name": "",
                    "parameters": null,
                    "serialization_library": "org.apache.hadoop.hive.serde2.lazy.LazySimpleSerDe"
                  }
                ],
                "skewed_info": [],
                "sort_columns": [],
                "stored_as_sub_directories": false
              }
            ],
            "table_type": "EXTERNAL_TABLE",
            "target_table": [],
            "view_expanded_text": "",
            "view_original_text": ""
          },
          "sensitive_attributes": [],
          "private": "bnVsbA==",
          "dependencies": [
            "aws_glue_catalog_database.collision_data_pipeline_azrd_ds_cc_1_glue_data_catalog_minilake_database"
          ]
        }
      ]
    },
    {
      "mode": "managed",
      "type": "aws_glue_catalog_table",
      "name": "collision_data_pipeline_azrd_ds_cc_1_glue_data_catalog_minilake_database_collision_table",
      "provider": "provider[\"registry.terraform.io/hashicorp/aws\"]",
      "instances": [
        {
          "schema_version": 0,
          "attributes": {
            "arn": "arn:aws:glue:us-east-1:602963248309:table/collision_data_pipeline_azrd_ds_cc_1_glue_data_catalog_21d3b39/collision",
            "catalog_id": "602963248309",
            "database_name": "collision_data_pipeline_azrd_ds_cc_1_glue_data_catalog_21d3b39",
            "description": "",
            "id": "602963248309:collision_data_pipeline_azrd_ds_cc_1_glue_data_catalog_21d3b39:collision",
            "name": "collision",
            "open_table_format_input": [],
            "owner": "",
            "parameters": {
              "EXTERNAL": "TRUE"
            },
            "partition_index": null,
            "partition_keys": [],
            "retention": 0,
            "storage_descriptor": [
              {
                "additional_locations": null,
                "bucket_columns": null,
                "columns": [
                  {
                    "comment": "",
                    "name": "collision_id",
                    "parameters": null,
                    "type": "string"
                  },
                  {
                    "comment": "",
                    "name": "collision_date",
                    "parameters": null,
                    "type": "timestamp"
                  },
                  {
                    "comment": "",
                    "name": "location",
                    "parameters": null,
                    "type": "string"
                  },
                  {
                    "comment": "",
                    "name": "severity",
                    "parameters": null,
                    "type": "string"
                  }
                ],
                "compressed": false,
                "input_format": "org.apache.hadoop.mapred.TextInputFormat",
                "location": "s3://staging_bucket/collision/",
                "number_of_buckets": 0,
                "output_format": "org.apache.hadoop.hive.ql.io.HiveIgnoreKeyTextOutputFormat",
                "parameters": null,
                "schema_reference": [],
                "ser_de_info": [
                  {
                    "name": "",
                    "parameters": null,
                    "serialization_library": "org.apache.hadoop.hive.serde2.lazy.LazySimpleSerDe"
                  }
                ],
                "skewed_info": [],
                "sort_columns": [],
                "stored_as_sub_directories": false
              }
            ],
            "table_type": "EXTERNAL_TABLE",
            "target_table": [],
            "view_expanded_text": "",
            "view_original_text": ""
          },
          "sensitive_attributes": [],
          "private": "bnVsbA==",
          "dependencies": [
            "aws_glue_catalog_database.collision_data_pipeline_azrd_ds_cc_1_glue_data_catalog_minilake_database"
          ]
        }
      ]
    },
    {
      "mode": "managed",
      "type": "aws_glue_catalog_table",
      "name": "collision_data_pipeline_azrd_ds_cc_1_glue_data_catalog_minilake_database_party_table",
      "provider": "provider[\"registry.terraform.io/hashicorp/aws\"]",
      "instances": [
        {
          "schema_version": 0,
          "attributes": {
            "arn": "arn:aws:glue:us-east-1:602963248309:table/collision_data_pipeline_azrd_ds_cc_1_glue_data_catalog_21d3b39/party",
            "catalog_id": "602963248309",
            "database_name": "collision_data_pipeline_azrd_ds_cc_1_glue_data_catalog_21d3b39",
            "description": "",
            "id": "602963248309:collision_data_pipeline_azrd_ds_cc_1_glue_data_catalog_21d3b39:party",
            "name": "party",
            "open_table_format_input": [],
            "owner": "",
            "parameters": {
              "EXTERNAL": "TRUE"
            },
            "partition_index": null,
            "partition_keys": [],
            "retention": 0,
            "storage_descriptor": [
              {
                "additional_locations": null,
                "bucket_columns": null,
                "columns": [
                  {
                    "comment": "",
                    "name": "party_id",
                    "parameters": null,
                    "type": "string"
                  },
                  {
                    "comment": "",
                    "name": "collision_id",
                    "parameters": null,
                    "type": "string"
                  },
                  {
                    "comment": "",
                    "name": "party_type",
                    "parameters": null,
                    "type": "string"
                  },
                  {
                    "comment": "",
                    "name": "vehicle_info",
                    "parameters": null,
                    "type": "string"
                  }
                ],
                "compressed": false,
                "input_format": "org.apache.hadoop.mapred.TextInputFormat",
                "location": "s3://staging_bucket/party/",
                "number_of_buckets": 0,
                "output_format": "org.apache.hadoop.hive.ql.io.HiveIgnoreKeyTextOutputFormat",
                "parameters": null,
                "schema_reference": [],
                "ser_de_info": [
                  {
                    "name": "",
                    "parameters": null,
                    "serialization_library": "org.apache.hadoop.hive.serde2.lazy.LazySimpleSerDe"
                  }
                ],
                "skewed_info": [],
                "sort_columns": [],
                "stored_as_sub_directories": false
              }
            ],
            "table_type": "EXTERNAL_TABLE",
            "target_table": [],
            "view_expanded_text": "",
            "view_original_text": ""
          },
          "sensitive_attributes": [],
          "private": "bnVsbA==",
          "dependencies": [
            "aws_glue_catalog_database.collision_data_pipeline_azrd_ds_cc_1_glue_data_catalog_minilake_database"
          ]
        }
      ]
    },
    {
      "mode": "managed",
      "type": "aws_glue_catalog_table",
      "name": "collision_data_pipeline_azrd_ds_cc_1_glue_data_catalog_minilake_database_victim_table",
      "provider": "provider[\"registry.terraform.io/hashicorp/aws\"]",
      "instances": [
        {
          "schema_version": 0,
          "attributes": {
            "arn": "arn:aws:glue:us-east-1:602963248309:table/collision_data_pipeline_azrd_ds_cc_1_glue_data_catalog_21d3b39/victim",
            "catalog_id": "602963248309",
            "database_name": "collision_data_pipeline_azrd_ds_cc_1_glue_data_catalog_21d3b39",
            "description": "",
            "id": "602963248309:collision_data_pipeline_azrd_ds_cc_1_glue_data_catalog_21d3b39:victim",
            "name": "victim",
            "open_table_format_input": [],
            "owner": "",
            "parameters": {
              "EXTERNAL": "TRUE"
            },
            "partition_index": null,
            "partition_keys": [],
            "retention": 0,
            "storage_descriptor": [
              {
                "additional_locations": null,
                "bucket_columns": null,
                "columns": [
                  {
                    "comment": "",
                    "name": "victim_id",
                    "parameters": null,
                    "type": "string"
                  },
                  {
                    "comment": "",
                    "name": "collision_id",
                    "parameters": null,
                    "type": "string"
                  },
                  {
                    "comment": "",
                    "name": "injury_type",
                    "parameters": null,
                    "type": "string"
                  },
                  {
                    "comment": "",
                    "name": "victim_age",
                    "parameters": null,
                    "type": "int"
                  }
                ],
                "compressed": false,
                "input_format": "org.apache.hadoop.mapred.TextInputFormat",
                "location": "s3://staging_bucket/victim/",
                "number_of_buckets": 0,
                "output_format": "org.apache.hadoop.hive.ql.io.HiveIgnoreKeyTextOutputFormat",
                "parameters": null,
                "schema_reference": [],
                "ser_de_info": [
                  {
                    "name": "",
                    "parameters": null,
                    "serialization_library": "org.apache.hadoop.hive.serde2.lazy.LazySimpleSerDe"
                  }
                ],
                "skewed_info": [],
                "sort_columns": [],
                "stored_as_sub_directories": false
              }
            ],
            "table_type": "EXTERNAL_TABLE",
            "target_table": [],
            "view_expanded_text": "",
            "view_original_text": ""
          },
          "sensitive_attributes": [],
          "private": "bnVsbA==",
          "dependencies": [
            "aws_glue_catalog_database.collision_data_pipeline_azrd_ds_cc_1_glue_data_catalog_minilake_database"
          ]
        }
      ]
    },
    {
      "mode": "managed",
      "type": "aws_iam_role",
      "name": "collision_data_pipeline_azrd_ds_cc_1_lambda_case_processor_4_role",
      "provider": "provider[\"registry.terraform.io/hashicorp/aws\"]",
      "instances": [
        {
          "schema_version": 0,
          "attributes": {
            "arn": "arn:aws:iam::602963248309:role/collision-data-pipeline-azrd-ds-cc-1-lambda-case-pr-e8fb3a6-role",
            "assume_role_policy": "{\"Statement\":[{\"Action\":\"sts:AssumeRole\",\"Effect\":\"Allow\",\"Principal\":{\"Service\":\"lambda.amazonaws.com\"}}],\"Version\":\"2012-10-17\"}",
            "create_date": "2026-04-29T08:21:21Z",
            "description": "",
            "force_detach_policies": false,
            "id": "collision-data-pipeline-azrd-ds-cc-1-lambda-case-pr-e8fb3a6-role",
            "inline_policy": [],
            "managed_policy_arns": [],
            "max_session_duration": 3600,
            "name": "collision-data-pipeline-azrd-ds-cc-1-lambda-case-pr-e8fb3a6-role",
            "name_prefix": "",
            "path": "/",
            "permissions_boundary": "",
            "tags": {
              "BusinessUnit": "azrd_ds",
              "CostCenter": "cc_1",
              "ManagedBy": "aws-pipeline-engine",
              "Pipeline": "collision_data_pipeline"
            },
            "tags_all": {
              "BusinessUnit": "azrd_ds",
              "CostCenter": "cc_1",
              "ManagedBy": "aws-pipeline-engine",
              "Pipeline": "collision_data_pipeline"
            },
            "unique_id": "AROAYYY3JAS25CMVFUXO6"
          },
          "sensitive_attributes": [],
          "private": "bnVsbA=="
        }
      ]
    },
    {
      "mode": "managed",
      "type": "aws_iam_role",
      "name": "collision_data_pipeline_azrd_ds_cc_1_lambda_collision_processor_1_role",
      "provider": "provider[\"registry.terraform.io/hashicorp/aws\"]",
      "instances": [
        {
          "schema_version": 0,
          "attributes": {
            "arn": "arn:aws:iam::602963248309:role/collision-data-pipeline-azrd-ds-cc-1-lambda-collisi-e65227f-role",
            "assume_role_policy": "{\"Statement\":[{\"Action\":\"sts:AssumeRole\",\"Effect\":\"Allow\",\"Principal\":{\"Service\":\"lambda.amazonaws.com\"}}],\"Version\":\"2012-10-17\"}",
            "create_date": "2026-04-29T08:21:21Z",
            "description": "",
            "force_detach_policies": false,
            "id": "collision-data-pipeline-azrd-ds-cc-1-lambda-collisi-e65227f-role",
            "inline_policy": [],
            "managed_policy_arns": [],
            "max_session_duration": 3600,
            "name": "collision-data-pipeline-azrd-ds-cc-1-lambda-collisi-e65227f-role",
            "name_prefix": "",
            "path": "/",
            "permissions_boundary": "",
            "tags": {
              "BusinessUnit": "azrd_ds",
              "CostCenter": "cc_1",
              "ManagedBy": "aws-pipeline-engine",
              "Pipeline": "collision_data_pipeline"
            },
            "tags_all": {
              "BusinessUnit": "azrd_ds",
              "CostCenter": "cc_1",
              "ManagedBy": "aws-pipeline-engine",
              "Pipeline": "collision_data_pipeline"
            },
            "unique_id": "AROAYYY3JAS2XZKXZRFHK"
          },
          "sensitive_attributes": [],
          "private": "bnVsbA=="
        }
      ]
    },
    {
      "mode": "managed",
      "type": "aws_iam_role",
      "name": "collision_data_pipeline_azrd_ds_cc_1_lambda_party_processor_2_role",
      "provider": "provider[\"registry.terraform.io/hashicorp/aws\"]",
      "instances": [
        {
          "schema_version": 0,
          "attributes": {
            "arn": "arn:aws:iam::602963248309:role/collision-data-pipeline-azrd-ds-cc-1-lambda-party-p-7f6035f-role",
            "assume_role_policy": "{\"Statement\":[{\"Action\":\"sts:AssumeRole\",\"Effect\":\"Allow\",\"Principal\":{\"Service\":\"lambda.amazonaws.com\"}}],\"Version\":\"2012-10-17\"}",
            "create_date": "2026-04-29T08:21:21Z",
            "description": "",
            "force_detach_policies": false,
            "id": "collision-data-pipeline-azrd-ds-cc-1-lambda-party-p-7f6035f-role",
            "inline_policy": [],
            "managed_policy_arns": [],
            "max_session_duration": 3600,
            "name": "collision-data-pipeline-azrd-ds-cc-1-lambda-party-p-7f6035f-role",
            "name_prefix": "",
            "path": "/",
            "permissions_boundary": "",
            "tags": {
              "BusinessUnit": "azrd_ds",
              "CostCenter": "cc_1",
              "ManagedBy": "aws-pipeline-engine",
              "Pipeline": "collision_data_pipeline"
            },
            "tags_all": {
              "BusinessUnit": "azrd_ds",
              "CostCenter": "cc_1",
              "ManagedBy": "aws-pipeline-engine",
              "Pipeline": "collision_data_pipeline"
            },
            "unique_id": "AROAYYY3JAS2XRYCZI2NF"
          },
          "sensitive_attributes": [],
          "private": "bnVsbA=="
        }
      ]
    },
    {
      "mode": "managed",
      "type": "aws_iam_role",
      "name": "collision_data_pipeline_azrd_ds_cc_1_lambda_refine_data_5_role",
      "provider": "provider[\"registry.terraform.io/hashicorp/aws\"]",
      "instances": [
        {
          "schema_version": 0,
          "attributes": {
            "arn": "arn:aws:iam::602963248309:role/collision-data-pipeline-azrd-ds-cc-1-lambda-refine-data-5-role",
            "assume_role_policy": "{\"Statement\":[{\"Action\":\"sts:AssumeRole\",\"Effect\":\"Allow\",\"Principal\":{\"Service\":\"lambda.amazonaws.com\"}}],\"Version\":\"2012-10-17\"}",
            "create_date": "2026-04-29T08:21:21Z",
            "description": "",
            "force_detach_policies": false,
            "id": "collision-data-pipeline-azrd-ds-cc-1-lambda-refine-data-5-role",
            "inline_policy": [],
            "managed_policy_arns": [],
            "max_session_duration": 3600,
            "name": "collision-data-pipeline-azrd-ds-cc-1-lambda-refine-data-5-role",
            "name_prefix": "",
            "path": "/",
            "permissions_boundary": "",
            "tags": {
              "BusinessUnit": "azrd_ds",
              "CostCenter": "cc_1",
              "ManagedBy": "aws-pipeline-engine",
              "Pipeline": "collision_data_pipeline"
            },
            "tags_all": {
              "BusinessUnit": "azrd_ds",
              "CostCenter": "cc_1",
              "ManagedBy": "aws-pipeline-engine",
              "Pipeline": "collision_data_pipeline"
            },
            "unique_id": "AROAYYY3JAS2TXWXKXDGR"
          },
          "sensitive_attributes": [],
          "private": "bnVsbA=="
        }
      ]
    },
    {
      "mode": "managed",
      "type": "aws_iam_role",
      "name": "collision_data_pipeline_azrd_ds_cc_1_lambda_victim_processor_3_role",
      "provider": "provider[\"registry.terraform.io/hashicorp/aws\"]",
      "instances": [
        {
          "schema_version": 0,
          "attributes": {
            "arn": "arn:aws:iam::602963248309:role/collision-data-pipeline-azrd-ds-cc-1-lambda-victim-2e7f303-role",
            "assume_role_policy": "{\"Statement\":[{\"Action\":\"sts:AssumeRole\",\"Effect\":\"Allow\",\"Principal\":{\"Service\":\"lambda.amazonaws.com\"}}],\"Version\":\"2012-10-17\"}",
            "create_date": "2026-04-29T08:21:21Z",
            "description": "",
            "force_detach_policies": false,
            "id": "collision-data-pipeline-azrd-ds-cc-1-lambda-victim-2e7f303-role",
            "inline_policy": [],
            "managed_policy_arns": [],
            "max_session_duration": 3600,
            "name": "collision-data-pipeline-azrd-ds-cc-1-lambda-victim-2e7f303-role",
            "name_prefix": "",
            "path": "/",
            "permissions_boundary": "",
            "tags": {
              "BusinessUnit": "azrd_ds",
              "CostCenter": "cc_1",
              "ManagedBy": "aws-pipeline-engine",
              "Pipeline": "collision_data_pipeline"
            },
            "tags_all": {
              "BusinessUnit": "azrd_ds",
              "CostCenter": "cc_1",
              "ManagedBy": "aws-pipeline-engine",
              "Pipeline": "collision_data_pipeline"
            },
            "unique_id": "AROAYYY3JAS2Q3I5UPUYH"
          },
          "sensitive_attributes": [],
          "private": "bnVsbA=="
        }
      ]
    },
    {
      "mode": "managed",
      "type": "aws_iam_role_policy",
      "name": "collision_data_pipeline_azrd_ds_cc_1_lambda_case_processor_4_policy",
      "provider": "provider[\"registry.terraform.io/hashicorp/aws\"]",
      "instances": [
        {
          "schema_version": 0,
          "attributes": {
            "id": "collision-data-pipeline-azrd-ds-cc-1-lambda-case-pr-e8fb3a6-role:collision-data-pipeline-azrd-ds-cc-1-lambda-case-e8fb3a6-policy",
            "name": "collision-data-pipeline-azrd-ds-cc-1-lambda-case-e8fb3a6-policy",
            "name_prefix": "",
            "policy": "{\"Version\":\"2012-10-17\",\"Statement\":[{\"Action\":[\"logs:CreateLogGroup\",\"logs:CreateLogStream\",\"logs:PutLogEvents\",\"s3:GetObject\",\"s3:ListBucket\",\"s3:PutObject\",\"s3:DeleteObject\"],\"Effect\":\"Allow\",\"Resource\":\"*\"}]}",
            "role": "collision-data-pipeline-azrd-ds-cc-1-lambda-case-pr-e8fb3a6-role"
          },
          "sensitive_attributes": [],
          "private": "bnVsbA==",
          "dependencies": [
            "aws_iam_role.collision_data_pipeline_azrd_ds_cc_1_lambda_case_processor_4_role"
          ]
        }
      ]
    },
    {
      "mode": "managed",
      "type": "aws_iam_role_policy",
      "name": "collision_data_pipeline_azrd_ds_cc_1_lambda_collision_processor_1_policy",
      "provider": "provider[\"registry.terraform.io/hashicorp/aws\"]",
      "instances": [
        {
          "schema_version": 0,
          "attributes": {
            "id": "collision-data-pipeline-azrd-ds-cc-1-lambda-collisi-e65227f-role:collision-data-pipeline-azrd-ds-cc-1-lambda-colli-e65227f-policy",
            "name": "collision-data-pipeline-azrd-ds-cc-1-lambda-colli-e65227f-policy",
            "name_prefix": "",
            "policy": "{\"Version\":\"2012-10-17\",\"Statement\":[{\"Action\":[\"logs:CreateLogGroup\",\"logs:CreateLogStream\",\"logs:PutLogEvents\",\"s3:GetObject\",\"s3:ListBucket\",\"s3:PutObject\",\"s3:DeleteObject\"],\"Effect\":\"Allow\",\"Resource\":\"*\"}]}",
            "role": "collision-data-pipeline-azrd-ds-cc-1-lambda-collisi-e65227f-role"
          },
          "sensitive_attributes": [],
          "private": "bnVsbA==",
          "dependencies": [
            "aws_iam_role.collision_data_pipeline_azrd_ds_cc_1_lambda_collision_processor_1_role"
          ]
        }
      ]
    },
    {
      "mode": "managed",
      "type": "aws_iam_role_policy",
      "name": "collision_data_pipeline_azrd_ds_cc_1_lambda_party_processor_2_policy",
      "provider": "provider[\"registry.terraform.io/hashicorp/aws\"]",
      "instances": [
        {
          "schema_version": 0,
          "attributes": {
            "id": "collision-data-pipeline-azrd-ds-cc-1-lambda-party-p-7f6035f-role:collision-data-pipeline-azrd-ds-cc-1-lambda-party-7f6035f-policy",
            "name": "collision-data-pipeline-azrd-ds-cc-1-lambda-party-7f6035f-policy",
            "name_prefix": "",
            "policy": "{\"Version\":\"2012-10-17\",\"Statement\":[{\"Action\":[\"logs:CreateLogGroup\",\"logs:CreateLogStream\",\"logs:PutLogEvents\",\"s3:GetObject\",\"s3:ListBucket\",\"s3:PutObject\",\"s3:DeleteObject\"],\"Effect\":\"Allow\",\"Resource\":\"*\"}]}",
            "role": "collision-data-pipeline-azrd-ds-cc-1-lambda-party-p-7f6035f-role"
          },
          "sensitive_attributes": [],
          "private": "bnVsbA==",
          "dependencies": [
            "aws_iam_role.collision_data_pipeline_azrd_ds_cc_1_lambda_party_processor_2_role"
          ]
        }
      ]
    },
    {
      "mode": "managed",
      "type": "aws_iam_role_policy",
      "name": "collision_data_pipeline_azrd_ds_cc_1_lambda_refine_data_5_policy",
      "provider": "provider[\"registry.terraform.io/hashicorp/aws\"]",
      "instances": [
        {
          "schema_version": 0,
          "attributes": {
            "id": "collision-data-pipeline-azrd-ds-cc-1-lambda-refine-data-5-role:collision-data-pipeline-azrd-ds-cc-1-lambda-refine-data-5-policy",
            "name": "collision-data-pipeline-azrd-ds-cc-1-lambda-refine-data-5-policy",
            "name_prefix": "",
            "policy": "{\"Version\":\"2012-10-17\",\"Statement\":[{\"Action\":[\"logs:CreateLogGroup\",\"logs:CreateLogStream\",\"logs:PutLogEvents\",\"s3:GetObject\",\"s3:ListBucket\",\"s3:PutObject\",\"s3:DeleteObject\"],\"Effect\":\"Allow\",\"Resource\":\"*\"}]}",
            "role": "collision-data-pipeline-azrd-ds-cc-1-lambda-refine-data-5-role"
          },
          "sensitive_attributes": [],
          "private": "bnVsbA==",
          "dependencies": [
            "aws_iam_role.collision_data_pipeline_azrd_ds_cc_1_lambda_refine_data_5_role"
          ]
        }
      ]
    },
    {
      "mode": "managed",
      "type": "aws_iam_role_policy",
      "name": "collision_data_pipeline_azrd_ds_cc_1_lambda_victim_processor_3_policy",
      "provider": "provider[\"registry.terraform.io/hashicorp/aws\"]",
      "instances": [
        {
          "schema_version": 0,
          "attributes": {
            "id": "collision-data-pipeline-azrd-ds-cc-1-lambda-victim-2e7f303-role:collision-data-pipeline-azrd-ds-cc-1-lambda-victi-2e7f303-policy",
            "name": "collision-data-pipeline-azrd-ds-cc-1-lambda-victi-2e7f303-policy",
            "name_prefix": "",
            "policy": "{\"Version\":\"2012-10-17\",\"Statement\":[{\"Action\":[\"logs:CreateLogGroup\",\"logs:CreateLogStream\",\"logs:PutLogEvents\",\"s3:GetObject\",\"s3:ListBucket\",\"s3:PutObject\",\"s3:DeleteObject\"],\"Effect\":\"Allow\",\"Resource\":\"*\"}]}",
            "role": "collision-data-pipeline-azrd-ds-cc-1-lambda-victim-2e7f303-role"
          },
          "sensitive_attributes": [],
          "private": "bnVsbA==",
          "dependencies": [
            "aws_iam_role.collision_data_pipeline_azrd_ds_cc_1_lambda_victim_processor_3_role"
          ]
        }
      ]
    },
    {
      "mode": "managed",
      "type": "aws_lambda_function",
      "name": "collision_data_pipeline_azrd_ds_cc_1_lambda_case_processor_4",
      "provider": "provider[\"registry.terraform.io/hashicorp/aws\"]",
      "instances": [
        {
          "schema_version": 0,
          "attributes": {
            "architectures": [
              "x86_64"
            ],
            "arn": "arn:aws:lambda:us-east-1:602963248309:function:collision-data-pipeline-azrd-ds-cc-1-lambda-case-processor-4",
            "code_sha256": "kg6AzLaELYA9EXETyAHoF0vDBAklVlY5NjPCD1KS9vg=",
            "code_signing_config_arn": "",
            "dead_letter_config": [],
            "description": "",
            "environment": [
              {
                "variables": {
                  "STAGING_BUCKET_BUCKET": "collision-data-pipeline-azrd-ds-cc-1-s3-staging-bucket-2"
                }
              }
            ],
            "ephemeral_storage": [
              {
                "size": 512
              }
            ],
            "file_system_config": [],
            "filename": "./collision_data_pipeline_azrd_ds_cc_1_lambda_case_processor_4_placeholder.zip",
            "function_name": "collision-data-pipeline-azrd-ds-cc-1-lambda-case-processor-4",
            "handler": "index.handler",
            "id": "collision-data-pipeline-azrd-ds-cc-1-lambda-case-processor-4",
            "image_config": [],
            "image_uri": "",
            "invoke_arn": "arn:aws:apigateway:us-east-1:lambda:path/2015-03-31/functions/arn:aws:lambda:us-east-1:602963248309:function:collision-data-pipeline-azrd-ds-cc-1-lambda-case-processor-4/invocations",
            "kms_key_arn": "",
            "last_modified": "2026-04-29T08:21:45.739+0000",
            "layers": null,
            "logging_config": [
              {
                "application_log_level": "",
                "log_format": "Text",
                "log_group": "/aws/lambda/collision-data-pipeline-azrd-ds-cc-1-lambda-case-processor-4",
                "system_log_level": ""
              }
            ],
            "memory_size": 256,
            "package_type": "Zip",
            "publish": false,
            "qualified_arn": "arn:aws:lambda:us-east-1:602963248309:function:collision-data-pipeline-azrd-ds-cc-1-lambda-case-processor-4:$LATEST",
            "qualified_invoke_arn": "arn:aws:apigateway:us-east-1:lambda:path/2015-03-31/functions/arn:aws:lambda:us-east-1:602963248309:function:collision-data-pipeline-azrd-ds-cc-1-lambda-case-processor-4:$LATEST/invocations",
            "replace_security_groups_on_destroy": null,
            "replacement_security_group_ids": null,
            "reserved_concurrent_executions": -1,
            "role": "arn:aws:iam::602963248309:role/collision-data-pipeline-azrd-ds-cc-1-lambda-case-pr-e8fb3a6-role",
            "runtime": "python3.12",
            "s3_bucket": null,
            "s3_key": null,
            "s3_object_version": null,
            "signing_job_arn": "",
            "signing_profile_version_arn": "",
            "skip_destroy": false,
            "snap_start": [],
            "source_code_hash": "kg6AzLaELYA9EXETyAHoF0vDBAklVlY5NjPCD1KS9vg=",
            "source_code_size": 527,
            "tags": {
              "BusinessUnit": "azrd_ds",
              "CostCenter": "cc_1",
              "ManagedBy": "aws-pipeline-engine",
              "Pipeline": "collision_data_pipeline"
            },
            "tags_all": {
              "BusinessUnit": "azrd_ds",
              "CostCenter": "cc_1",
              "ManagedBy": "aws-pipeline-engine",
              "Pipeline": "collision_data_pipeline"
            },
            "timeout": 60,
            "timeouts": null,
            "tracing_config": [
              {
                "mode": "PassThrough"
              }
            ],
            "version": "$LATEST",
            "vpc_config": []
          },
          "sensitive_attributes": [],
          "private": "eyJlMmJmYjczMC1lY2FhLTExZTYtOGY4OC0zNDM2M2JjN2M0YzAiOnsiY3JlYXRlIjo2MDAwMDAwMDAwMDAsImRlbGV0ZSI6NjAwMDAwMDAwMDAwLCJ1cGRhdGUiOjYwMDAwMDAwMDAwMH19",
          "dependencies": [
            "aws_cloudwatch_log_group.collision_data_pipeline_azrd_ds_cc_1_lambda_case_processor_4_lg",
            "aws_iam_role.collision_data_pipeline_azrd_ds_cc_1_lambda_case_processor_4_role",
            "aws_s3_bucket.collision_data_pipeline_azrd_ds_cc_1_s3_staging_bucket_2",
            "data.archive_file.collision_data_pipeline_azrd_ds_cc_1_lambda_case_processor_4_placeholder"
          ]
        }
      ]
    },
    {
      "mode": "managed",
      "type": "aws_lambda_function",
      "name": "collision_data_pipeline_azrd_ds_cc_1_lambda_collision_processor_1",
      "provider": "provider[\"registry.terraform.io/hashicorp/aws\"]",
      "instances": [
        {
          "schema_version": 0,
          "attributes": {
            "architectures": [
              "x86_64"
            ],
            "arn": "arn:aws:lambda:us-east-1:602963248309:function:collision-data-pipeline-azrd-ds-cc-1-lambda-collision-pr-278e32d",
            "code_sha256": "UCBIsoxxE26z37J8JuC1Tyq5ucBnpjiyug2sSgSvSGo=",
            "code_signing_config_arn": "",
            "dead_letter_config": [],
            "description": "",
            "environment": [
              {
                "variables": {
                  "STAGING_BUCKET_BUCKET": "collision-data-pipeline-azrd-ds-cc-1-s3-staging-bucket-2"
                }
              }
            ],
            "ephemeral_storage": [
              {
                "size": 512
              }
            ],
            "file_system_config": [],
            "filename": "./collision_data_pipeline_azrd_ds_cc_1_lambda_collision_processor_1_placeholder.zip",
            "function_name": "collision-data-pipeline-azrd-ds-cc-1-lambda-collision-pr-278e32d",
            "handler": "index.handler",
            "id": "collision-data-pipeline-azrd-ds-cc-1-lambda-collision-pr-278e32d",
            "image_config": [],
            "image_uri": "",
            "invoke_arn": "arn:aws:apigateway:us-east-1:lambda:path/2015-03-31/functions/arn:aws:lambda:us-east-1:602963248309:function:collision-data-pipeline-azrd-ds-cc-1-lambda-collision-pr-278e32d/invocations",
            "kms_key_arn": "",
            "last_modified": "2026-04-29T08:21:53.506+0000",
            "layers": null,
            "logging_config": [
              {
                "application_log_level": "",
                "log_format": "Text",
                "log_group": "/aws/lambda/collision-data-pipeline-azrd-ds-cc-1-lambda-collision-pr-278e32d",
                "system_log_level": ""
              }
            ],
            "memory_size": 256,
            "package_type": "Zip",
            "publish": false,
            "qualified_arn": "arn:aws:lambda:us-east-1:602963248309:function:collision-data-pipeline-azrd-ds-cc-1-lambda-collision-pr-278e32d:$LATEST",
            "qualified_invoke_arn": "arn:aws:apigateway:us-east-1:lambda:path/2015-03-31/functions/arn:aws:lambda:us-east-1:602963248309:function:collision-data-pipeline-azrd-ds-cc-1-lambda-collision-pr-278e32d:$LATEST/invocations",
            "replace_security_groups_on_destroy": null,
            "replacement_security_group_ids": null,
            "reserved_concurrent_executions": -1,
            "role": "arn:aws:iam::602963248309:role/collision-data-pipeline-azrd-ds-cc-1-lambda-collisi-e65227f-role",
            "runtime": "python3.12",
            "s3_bucket": null,
            "s3_key": null,
            "s3_object_version": null,
            "signing_job_arn": "",
            "signing_profile_version_arn": "",
            "skip_destroy": false,
            "snap_start": [],
            "source_code_hash": "UCBIsoxxE26z37J8JuC1Tyq5ucBnpjiyug2sSgSvSGo=",
            "source_code_size": 613,
            "tags": {
              "BusinessUnit": "azrd_ds",
              "CostCenter": "cc_1",
              "ManagedBy": "aws-pipeline-engine",
              "Pipeline": "collision_data_pipeline"
            },
            "tags_all": {
              "BusinessUnit": "azrd_ds",
              "CostCenter": "cc_1",
              "ManagedBy": "aws-pipeline-engine",
              "Pipeline": "collision_data_pipeline"
            },
            "timeout": 60,
            "timeouts": null,
            "tracing_config": [
              {
                "mode": "PassThrough"
              }
            ],
            "version": "$LATEST",
            "vpc_config": []
          },
          "sensitive_attributes": [],
          "private": "eyJlMmJmYjczMC1lY2FhLTExZTYtOGY4OC0zNDM2M2JjN2M0YzAiOnsiY3JlYXRlIjo2MDAwMDAwMDAwMDAsImRlbGV0ZSI6NjAwMDAwMDAwMDAwLCJ1cGRhdGUiOjYwMDAwMDAwMDAwMH19",
          "dependencies": [
            "aws_cloudwatch_log_group.collision_data_pipeline_azrd_ds_cc_1_lambda_collision_processor_1_lg",
            "aws_iam_role.collision_data_pipeline_azrd_ds_cc_1_lambda_collision_processor_1_role",
            "aws_s3_bucket.collision_data_pipeline_azrd_ds_cc_1_s3_staging_bucket_2",
            "data.archive_file.collision_data_pipeline_azrd_ds_cc_1_lambda_collision_processor_1_placeholder"
          ]
        }
      ]
    },
    {
      "mode": "managed",
      "type": "aws_lambda_function",
      "name": "collision_data_pipeline_azrd_ds_cc_1_lambda_party_processor_2",
      "provider": "provider[\"registry.terraform.io/hashicorp/aws\"]",
      "instances": [
        {
          "schema_version": 0,
          "attributes": {
            "architectures": [
              "x86_64"
            ],
            "arn": "arn:aws:lambda:us-east-1:602963248309:function:collision-data-pipeline-azrd-ds-cc-1-lambda-party-processor-2",
            "code_sha256": "VlKXOwDsMG4R78Q3mv/deO/DVy4cQgx/j/UqtrKjZFc=",
            "code_signing_config_arn": "",
            "dead_letter_config": [],
            "description": "",
            "environment": [
              {
                "variables": {
                  "STAGING_BUCKET_BUCKET": "collision-data-pipeline-azrd-ds-cc-1-s3-staging-bucket-2"
                }
              }
            ],
            "ephemeral_storage": [
              {
                "size": 512
              }
            ],
            "file_system_config": [],
            "filename": "./collision_data_pipeline_azrd_ds_cc_1_lambda_party_processor_2_placeholder.zip",
            "function_name": "collision-data-pipeline-azrd-ds-cc-1-lambda-party-processor-2",
            "handler": "index.handler",
            "id": "collision-data-pipeline-azrd-ds-cc-1-lambda-party-processor-2",
            "image_config": [],
            "image_uri": "",
            "invoke_arn": "arn:aws:apigateway:us-east-1:lambda:path/2015-03-31/functions/arn:aws:lambda:us-east-1:602963248309:function:collision-data-pipeline-azrd-ds-cc-1-lambda-party-processor-2/invocations",
            "kms_key_arn": "",
            "last_modified": "2026-04-29T08:21:37.843+0000",
            "layers": null,
            "logging_config": [
              {
                "application_log_level": "",
                "log_format": "Text",
                "log_group": "/aws/lambda/collision-data-pipeline-azrd-ds-cc-1-lambda-party-processor-2",
                "system_log_level": ""
              }
            ],
            "memory_size": 256,
            "package_type": "Zip",
            "publish": false,
            "qualified_arn": "arn:aws:lambda:us-east-1:602963248309:function:collision-data-pipeline-azrd-ds-cc-1-lambda-party-processor-2:$LATEST",
            "qualified_invoke_arn": "arn:aws:apigateway:us-east-1:lambda:path/2015-03-31/functions/arn:aws:lambda:us-east-1:602963248309:function:collision-data-pipeline-azrd-ds-cc-1-lambda-party-processor-2:$LATEST/invocations",
            "replace_security_groups_on_destroy": null,
            "replacement_security_group_ids": null,
            "reserved_concurrent_executions": -1,
            "role": "arn:aws:iam::602963248309:role/collision-data-pipeline-azrd-ds-cc-1-lambda-party-p-7f6035f-role",
            "runtime": "python3.12",
            "s3_bucket": null,
            "s3_key": null,
            "s3_object_version": null,
            "signing_job_arn": "",
            "signing_profile_version_arn": "",
            "skip_destroy": false,
            "snap_start": [],
            "source_code_hash": "VlKXOwDsMG4R78Q3mv/deO/DVy4cQgx/j/UqtrKjZFc=",
            "source_code_size": 529,
            "tags": {
              "BusinessUnit": "azrd_ds",
              "CostCenter": "cc_1",
              "ManagedBy": "aws-pipeline-engine",
              "Pipeline": "collision_data_pipeline"
            },
            "tags_all": {
              "BusinessUnit": "azrd_ds",
              "CostCenter": "cc_1",
              "ManagedBy": "aws-pipeline-engine",
              "Pipeline": "collision_data_pipeline"
            },
            "timeout": 60,
            "timeouts": null,
            "tracing_config": [
              {
                "mode": "PassThrough"
              }
            ],
            "version": "$LATEST",
            "vpc_config": []
          },
          "sensitive_attributes": [],
          "private": "eyJlMmJmYjczMC1lY2FhLTExZTYtOGY4OC0zNDM2M2JjN2M0YzAiOnsiY3JlYXRlIjo2MDAwMDAwMDAwMDAsImRlbGV0ZSI6NjAwMDAwMDAwMDAwLCJ1cGRhdGUiOjYwMDAwMDAwMDAwMH19",
          "dependencies": [
            "aws_cloudwatch_log_group.collision_data_pipeline_azrd_ds_cc_1_lambda_party_processor_2_lg",
            "aws_iam_role.collision_data_pipeline_azrd_ds_cc_1_lambda_party_processor_2_role",
            "aws_s3_bucket.collision_data_pipeline_azrd_ds_cc_1_s3_staging_bucket_2",
            "data.archive_file.collision_data_pipeline_azrd_ds_cc_1_lambda_party_processor_2_placeholder"
          ]
        }
      ]
    },
    {
      "mode": "managed",
      "type": "aws_lambda_function",
      "name": "collision_data_pipeline_azrd_ds_cc_1_lambda_refine_data_5",
      "provider": "provider[\"registry.terraform.io/hashicorp/aws\"]",
      "instances": [
        {
          "schema_version": 0,
          "attributes": {
            "architectures": [
              "x86_64"
            ],
            "arn": "arn:aws:lambda:us-east-1:602963248309:function:collision-data-pipeline-azrd-ds-cc-1-lambda-refine-data-5",
            "code_sha256": "BSfTDgDnM/rjs0N/7h6m9f33vukGF66B0uRAzxiXsHo=",
            "code_signing_config_arn": "",
            "dead_letter_config": [],
            "description": "",
            "environment": [
              {
                "variables": {
                  "MINILAKE_BUCKET_BUCKET": "collision-data-pipeline-azrd-ds-cc-1-s3-minilake-bucket-3"
                }
              }
            ],
            "ephemeral_storage": [
              {
                "size": 512
              }
            ],
            "file_system_config": [],
            "filename": "./collision_data_pipeline_azrd_ds_cc_1_lambda_refine_data_5_placeholder.zip",
            "function_name": "collision-data-pipeline-azrd-ds-cc-1-lambda-refine-data-5",
            "handler": "index.handler",
            "id": "collision-data-pipeline-azrd-ds-cc-1-lambda-refine-data-5",
            "image_config": [],
            "image_uri": "",
            "invoke_arn": "arn:aws:apigateway:us-east-1:lambda:path/2015-03-31/functions/arn:aws:lambda:us-east-1:602963248309:function:collision-data-pipeline-azrd-ds-cc-1-lambda-refine-data-5/invocations",
            "kms_key_arn": "",
            "last_modified": "2026-04-29T08:22:01.162+0000",
            "layers": null,
            "logging_config": [
              {
                "application_log_level": "",
                "log_format": "Text",
                "log_group": "/aws/lambda/collision-data-pipeline-azrd-ds-cc-1-lambda-refine-data-5",
                "system_log_level": ""
              }
            ],
            "memory_size": 512,
            "package_type": "Zip",
            "publish": false,
            "qualified_arn": "arn:aws:lambda:us-east-1:602963248309:function:collision-data-pipeline-azrd-ds-cc-1-lambda-refine-data-5:$LATEST",
            "qualified_invoke_arn": "arn:aws:apigateway:us-east-1:lambda:path/2015-03-31/functions/arn:aws:lambda:us-east-1:602963248309:function:collision-data-pipeline-azrd-ds-cc-1-lambda-refine-data-5:$LATEST/invocations",
            "replace_security_groups_on_destroy": null,
            "replacement_security_group_ids": null,
            "reserved_concurrent_executions": -1,
            "role": "arn:aws:iam::602963248309:role/collision-data-pipeline-azrd-ds-cc-1-lambda-refine-data-5-role",
            "runtime": "python3.12",
            "s3_bucket": null,
            "s3_key": null,
            "s3_object_version": null,
            "signing_job_arn": "",
            "signing_profile_version_arn": "",
            "skip_destroy": false,
            "snap_start": [],
            "source_code_hash": "BSfTDgDnM/rjs0N/7h6m9f33vukGF66B0uRAzxiXsHo=",
            "source_code_size": 684,
            "tags": {
              "BusinessUnit": "azrd_ds",
              "CostCenter": "cc_1",
              "ManagedBy": "aws-pipeline-engine",
              "Pipeline": "collision_data_pipeline"
            },
            "tags_all": {
              "BusinessUnit": "azrd_ds",
              "CostCenter": "cc_1",
              "ManagedBy": "aws-pipeline-engine",
              "Pipeline": "collision_data_pipeline"
            },
            "timeout": 300,
            "timeouts": null,
            "tracing_config": [
              {
                "mode": "PassThrough"
              }
            ],
            "version": "$LATEST",
            "vpc_config": []
          },
          "sensitive_attributes": [],
          "private": "eyJlMmJmYjczMC1lY2FhLTExZTYtOGY4OC0zNDM2M2JjN2M0YzAiOnsiY3JlYXRlIjo2MDAwMDAwMDAwMDAsImRlbGV0ZSI6NjAwMDAwMDAwMDAwLCJ1cGRhdGUiOjYwMDAwMDAwMDAwMH19",
          "dependencies": [
            "aws_cloudwatch_log_group.collision_data_pipeline_azrd_ds_cc_1_lambda_refine_data_5_lg",
            "aws_iam_role.collision_data_pipeline_azrd_ds_cc_1_lambda_refine_data_5_role",
            "aws_s3_bucket.collision_data_pipeline_azrd_ds_cc_1_s3_minilake_bucket_3",
            "data.archive_file.collision_data_pipeline_azrd_ds_cc_1_lambda_refine_data_5_placeholder"
          ]
        }
      ]
    },
    {
      "mode": "managed",
      "type": "aws_lambda_function",
      "name": "collision_data_pipeline_azrd_ds_cc_1_lambda_victim_processor_3",
      "provider": "provider[\"registry.terraform.io/hashicorp/aws\"]",
      "instances": [
        {
          "schema_version": 0,
          "attributes": {
            "architectures": [
              "x86_64"
            ],
            "arn": "arn:aws:lambda:us-east-1:602963248309:function:collision-data-pipeline-azrd-ds-cc-1-lambda-victim-processor-3",
            "code_sha256": "04ESgXaF9uybi4zv5BGplxzXxJ0oMCPCnF+R22A4Vgs=",
            "code_signing_config_arn": "",
            "dead_letter_config": [],
            "description": "",
            "environment": [
              {
                "variables": {
                  "STAGING_BUCKET_BUCKET": "collision-data-pipeline-azrd-ds-cc-1-s3-staging-bucket-2"
                }
              }
            ],
            "ephemeral_storage": [
              {
                "size": 512
              }
            ],
            "file_system_config": [],
            "filename": "./collision_data_pipeline_azrd_ds_cc_1_lambda_victim_processor_3_placeholder.zip",
            "function_name": "collision-data-pipeline-azrd-ds-cc-1-lambda-victim-processor-3",
            "handler": "index.handler",
            "id": "collision-data-pipeline-azrd-ds-cc-1-lambda-victim-processor-3",
            "image_config": [],
            "image_uri": "",
            "invoke_arn": "arn:aws:apigateway:us-east-1:lambda:path/2015-03-31/functions/arn:aws:lambda:us-east-1:602963248309:function:collision-data-pipeline-azrd-ds-cc-1-lambda-victim-processor-3/invocations",
            "kms_key_arn": "",
            "last_modified": "2026-04-29T08:21:29.967+0000",
            "layers": null,
            "logging_config": [
              {
                "application_log_level": "",
                "log_format": "Text",
                "log_group": "/aws/lambda/collision-data-pipeline-azrd-ds-cc-1-lambda-victim-processor-3",
                "system_log_level": ""
              }
            ],
            "memory_size": 256,
            "package_type": "Zip",
            "publish": false,
            "qualified_arn": "arn:aws:lambda:us-east-1:602963248309:function:collision-data-pipeline-azrd-ds-cc-1-lambda-victim-processor-3:$LATEST",
            "qualified_invoke_arn": "arn:aws:apigateway:us-east-1:lambda:path/2015-03-31/functions/arn:aws:lambda:us-east-1:602963248309:function:collision-data-pipeline-azrd-ds-cc-1-lambda-victim-processor-3:$LATEST/invocations",
            "replace_security_groups_on_destroy": null,
            "replacement_security_group_ids": null,
            "reserved_concurrent_executions": -1,
            "role": "arn:aws:iam::602963248309:role/collision-data-pipeline-azrd-ds-cc-1-lambda-victim-2e7f303-role",
            "runtime": "python3.12",
            "s3_bucket": null,
            "s3_key": null,
            "s3_object_version": null,
            "signing_job_arn": "",
            "signing_profile_version_arn": "",
            "skip_destroy": false,
            "snap_start": [],
            "source_code_hash": "04ESgXaF9uybi4zv5BGplxzXxJ0oMCPCnF+R22A4Vgs=",
            "source_code_size": 530,
            "tags": {
              "BusinessUnit": "azrd_ds",
              "CostCenter": "cc_1",
              "ManagedBy": "aws-pipeline-engine",
              "Pipeline": "collision_data_pipeline"
            },
            "tags_all": {
              "BusinessUnit": "azrd_ds",
              "CostCenter": "cc_1",
              "ManagedBy": "aws-pipeline-engine",
              "Pipeline": "collision_data_pipeline"
            },
            "timeout": 60,
            "timeouts": null,
            "tracing_config": [
              {
                "mode": "PassThrough"
              }
            ],
            "version": "$LATEST",
            "vpc_config": []
          },
          "sensitive_attributes": [],
          "private": "eyJlMmJmYjczMC1lY2FhLTExZTYtOGY4OC0zNDM2M2JjN2M0YzAiOnsiY3JlYXRlIjo2MDAwMDAwMDAwMDAsImRlbGV0ZSI6NjAwMDAwMDAwMDAwLCJ1cGRhdGUiOjYwMDAwMDAwMDAwMH19",
          "dependencies": [
            "aws_cloudwatch_log_group.collision_data_pipeline_azrd_ds_cc_1_lambda_victim_processor_3_lg",
            "aws_iam_role.collision_data_pipeline_azrd_ds_cc_1_lambda_victim_processor_3_role",
            "aws_s3_bucket.collision_data_pipeline_azrd_ds_cc_1_s3_staging_bucket_2",
            "data.archive_file.collision_data_pipeline_azrd_ds_cc_1_lambda_victim_processor_3_placeholder"
          ]
        }
      ]
    },
    {
      "mode": "managed",
      "type": "aws_lambda_permission",
      "name": "collision_data_pipeline_azrd_ds_cc_1_s3_raw_data_bucket_1_invoke_collision_data_pipeline_azrd_ds_cc_1_lambda_case_processor_4",
      "provider": "provider[\"registry.terraform.io/hashicorp/aws\"]",
      "instances": [
        {
          "schema_version": 0,
          "attributes": {
            "action": "lambda:InvokeFunction",
            "event_source_token": null,
            "function_name": "collision-data-pipeline-azrd-ds-cc-1-lambda-case-processor-4",
            "function_url_auth_type": null,
            "id": "AllowS3-collision_data_pipeline_azrd_ds_cc_1_s3_raw_data_bucket_1-collision_data_pipeline_a-298e3e27",
            "principal": "s3.amazonaws.com",
            "principal_org_id": null,
            "qualifier": "",
            "source_account": null,
            "source_arn": "arn:aws:s3:::collision-data-pipeline-azrd-ds-cc-1-s3-raw-data-bucket-1",
            "statement_id": "AllowS3-collision_data_pipeline_azrd_ds_cc_1_s3_raw_data_bucket_1-collision_data_pipeline_a-298e3e27",
            "statement_id_prefix": ""
          },
          "sensitive_attributes": [],
          "private": "bnVsbA==",
          "dependencies": [
            "aws_cloudwatch_log_group.collision_data_pipeline_azrd_ds_cc_1_lambda_case_processor_4_lg",
            "aws_iam_role.collision_data_pipeline_azrd_ds_cc_1_lambda_case_processor_4_role",
            "aws_lambda_function.collision_data_pipeline_azrd_ds_cc_1_lambda_case_processor_4",
            "aws_s3_bucket.collision_data_pipeline_azrd_ds_cc_1_s3_raw_data_bucket_1",
            "aws_s3_bucket.collision_data_pipeline_azrd_ds_cc_1_s3_staging_bucket_2",
            "data.archive_file.collision_data_pipeline_azrd_ds_cc_1_lambda_case_processor_4_placeholder"
          ]
        }
      ]
    },
    {
      "mode": "managed",
      "type": "aws_lambda_permission",
      "name": "collision_data_pipeline_azrd_ds_cc_1_s3_raw_data_bucket_1_invoke_collision_data_pipeline_azrd_ds_cc_1_lambda_collision_processor_1",
      "provider": "provider[\"registry.terraform.io/hashicorp/aws\"]",
      "instances": [
        {
          "schema_version": 0,
          "attributes": {
            "action": "lambda:InvokeFunction",
            "event_source_token": null,
            "function_name": "collision-data-pipeline-azrd-ds-cc-1-lambda-collision-pr-278e32d",
            "function_url_auth_type": null,
            "id": "AllowS3-collision_data_pipeline_azrd_ds_cc_1_s3_raw_data_bucket_1-collision_data_pipeline_a-234f1bef",
            "principal": "s3.amazonaws.com",
            "principal_org_id": null,
            "qualifier": "",
            "source_account": null,
            "source_arn": "arn:aws:s3:::collision-data-pipeline-azrd-ds-cc-1-s3-raw-data-bucket-1",
            "statement_id": "AllowS3-collision_data_pipeline_azrd_ds_cc_1_s3_raw_data_bucket_1-collision_data_pipeline_a-234f1bef",
            "statement_id_prefix": ""
          },
          "sensitive_attributes": [],
          "private": "bnVsbA==",
          "dependencies": [
            "aws_cloudwatch_log_group.collision_data_pipeline_azrd_ds_cc_1_lambda_collision_processor_1_lg",
            "aws_iam_role.collision_data_pipeline_azrd_ds_cc_1_lambda_collision_processor_1_role",
            "aws_lambda_function.collision_data_pipeline_azrd_ds_cc_1_lambda_collision_processor_1",
            "aws_s3_bucket.collision_data_pipeline_azrd_ds_cc_1_s3_raw_data_bucket_1",
            "aws_s3_bucket.collision_data_pipeline_azrd_ds_cc_1_s3_staging_bucket_2",
            "data.archive_file.collision_data_pipeline_azrd_ds_cc_1_lambda_collision_processor_1_placeholder"
          ]
        }
      ]
    },
    {
      "mode": "managed",
      "type": "aws_lambda_permission",
      "name": "collision_data_pipeline_azrd_ds_cc_1_s3_raw_data_bucket_1_invoke_collision_data_pipeline_azrd_ds_cc_1_lambda_party_processor_2",
      "provider": "provider[\"registry.terraform.io/hashicorp/aws\"]",
      "instances": [
        {
          "schema_version": 0,
          "attributes": {
            "action": "lambda:InvokeFunction",
            "event_source_token": null,
            "function_name": "collision-data-pipeline-azrd-ds-cc-1-lambda-party-processor-2",
            "function_url_auth_type": null,
            "id": "AllowS3-collision_data_pipeline_azrd_ds_cc_1_s3_raw_data_bucket_1-collision_data_pipeline_a-86ce6302",
            "principal": "s3.amazonaws.com",
            "principal_org_id": null,
            "qualifier": "",
            "source_account": null,
            "source_arn": "arn:aws:s3:::collision-data-pipeline-azrd-ds-cc-1-s3-raw-data-bucket-1",
            "statement_id": "AllowS3-collision_data_pipeline_azrd_ds_cc_1_s3_raw_data_bucket_1-collision_data_pipeline_a-86ce6302",
            "statement_id_prefix": ""
          },
          "sensitive_attributes": [],
          "private": "bnVsbA==",
          "dependencies": [
            "aws_cloudwatch_log_group.collision_data_pipeline_azrd_ds_cc_1_lambda_party_processor_2_lg",
            "aws_iam_role.collision_data_pipeline_azrd_ds_cc_1_lambda_party_processor_2_role",
            "aws_lambda_function.collision_data_pipeline_azrd_ds_cc_1_lambda_party_processor_2",
            "aws_s3_bucket.collision_data_pipeline_azrd_ds_cc_1_s3_raw_data_bucket_1",
            "aws_s3_bucket.collision_data_pipeline_azrd_ds_cc_1_s3_staging_bucket_2",
            "data.archive_file.collision_data_pipeline_azrd_ds_cc_1_lambda_party_processor_2_placeholder"
          ]
        }
      ]
    },
    {
      "mode": "managed",
      "type": "aws_lambda_permission",
      "name": "collision_data_pipeline_azrd_ds_cc_1_s3_raw_data_bucket_1_invoke_collision_data_pipeline_azrd_ds_cc_1_lambda_victim_processor_3",
      "provider": "provider[\"registry.terraform.io/hashicorp/aws\"]",
      "instances": [
        {
          "schema_version": 0,
          "attributes": {
            "action": "lambda:InvokeFunction",
            "event_source_token": null,
            "function_name": "collision-data-pipeline-azrd-ds-cc-1-lambda-victim-processor-3",
            "function_url_auth_type": null,
            "id": "AllowS3-collision_data_pipeline_azrd_ds_cc_1_s3_raw_data_bucket_1-collision_data_pipeline_a-72dfedd1",
            "principal": "s3.amazonaws.com",
            "principal_org_id": null,
            "qualifier": "",
            "source_account": null,
            "source_arn": "arn:aws:s3:::collision-data-pipeline-azrd-ds-cc-1-s3-raw-data-bucket-1",
            "statement_id": "AllowS3-collision_data_pipeline_azrd_ds_cc_1_s3_raw_data_bucket_1-collision_data_pipeline_a-72dfedd1",
            "statement_id_prefix": ""
          },
          "sensitive_attributes": [],
          "private": "bnVsbA==",
          "dependencies": [
            "aws_cloudwatch_log_group.collision_data_pipeline_azrd_ds_cc_1_lambda_victim_processor_3_lg",
            "aws_iam_role.collision_data_pipeline_azrd_ds_cc_1_lambda_victim_processor_3_role",
            "aws_lambda_function.collision_data_pipeline_azrd_ds_cc_1_lambda_victim_processor_3",
            "aws_s3_bucket.collision_data_pipeline_azrd_ds_cc_1_s3_raw_data_bucket_1",
            "aws_s3_bucket.collision_data_pipeline_azrd_ds_cc_1_s3_staging_bucket_2",
            "data.archive_file.collision_data_pipeline_azrd_ds_cc_1_lambda_victim_processor_3_placeholder"
          ]
        }
      ]
    },
    {
      "mode": "managed",
      "type": "aws_lambda_permission",
      "name": "collision_data_pipeline_azrd_ds_cc_1_s3_staging_bucket_2_invoke_collision_data_pipeline_azrd_ds_cc_1_lambda_refine_data_5",
      "provider": "provider[\"registry.terraform.io/hashicorp/aws\"]",
      "instances": [
        {
          "schema_version": 0,
          "attributes": {
            "action": "lambda:InvokeFunction",
            "event_source_token": null,
            "function_name": "collision-data-pipeline-azrd-ds-cc-1-lambda-refine-data-5",
            "function_url_auth_type": null,
            "id": "AllowS3-collision_data_pipeline_azrd_ds_cc_1_s3_staging_bucket_2-collision_data_pipeline_az-52fcdbf4",
            "principal": "s3.amazonaws.com",
            "principal_org_id": null,
            "qualifier": "",
            "source_account": null,
            "source_arn": "arn:aws:s3:::collision-data-pipeline-azrd-ds-cc-1-s3-staging-bucket-2",
            "statement_id": "AllowS3-collision_data_pipeline_azrd_ds_cc_1_s3_staging_bucket_2-collision_data_pipeline_az-52fcdbf4",
            "statement_id_prefix": ""
          },
          "sensitive_attributes": [],
          "private": "bnVsbA==",
          "dependencies": [
            "aws_cloudwatch_log_group.collision_data_pipeline_azrd_ds_cc_1_lambda_refine_data_5_lg",
            "aws_iam_role.collision_data_pipeline_azrd_ds_cc_1_lambda_refine_data_5_role",
            "aws_lambda_function.collision_data_pipeline_azrd_ds_cc_1_lambda_refine_data_5",
            "aws_s3_bucket.collision_data_pipeline_azrd_ds_cc_1_s3_minilake_bucket_3",
            "aws_s3_bucket.collision_data_pipeline_azrd_ds_cc_1_s3_staging_bucket_2",
            "data.archive_file.collision_data_pipeline_azrd_ds_cc_1_lambda_refine_data_5_placeholder"
          ]
        }
      ]
    },
    {
      "mode": "managed",
      "type": "aws_s3_bucket",
      "name": "collision_data_pipeline_azrd_ds_cc_1_s3_minilake_bucket_3",
      "provider": "provider[\"registry.terraform.io/hashicorp/aws\"]",
      "instances": [
        {
          "schema_version": 0,
          "attributes": {
            "acceleration_status": "",
            "acl": null,
            "arn": "arn:aws:s3:::collision-data-pipeline-azrd-ds-cc-1-s3-minilake-bucket-3",
            "bucket": "collision-data-pipeline-azrd-ds-cc-1-s3-minilake-bucket-3",
            "bucket_domain_name": "collision-data-pipeline-azrd-ds-cc-1-s3-minilake-bucket-3.s3.amazonaws.com",
            "bucket_prefix": "",
            "bucket_regional_domain_name": "collision-data-pipeline-azrd-ds-cc-1-s3-minilake-bucket-3.s3.us-east-1.amazonaws.com",
            "cors_rule": [],
            "force_destroy": true,
            "grant": [
              {
                "id": "6b988a1bfb1696d044a07b3f9fd2a2a715c57a1b22eb6076238db5417a49eab2",
                "permissions": [
                  "FULL_CONTROL"
                ],
                "type": "CanonicalUser",
                "uri": ""
              }
            ],
            "hosted_zone_id": "Z3AQBSTGFYJSTF",
            "id": "collision-data-pipeline-azrd-ds-cc-1-s3-minilake-bucket-3",
            "lifecycle_rule": [],
            "logging": [],
            "object_lock_configuration": [],
            "object_lock_enabled": false,
            "policy": "",
            "region": "us-east-1",
            "replication_configuration": [],
            "request_payer": "BucketOwner",
            "server_side_encryption_configuration": [
              {
                "rule": [
                  {
                    "apply_server_side_encryption_by_default": [
                      {
                        "kms_master_key_id": "",
                        "sse_algorithm": "AES256"
                      }
                    ],
                    "bucket_key_enabled": false
                  }
                ]
              }
            ],
            "tags": {
              "BusinessUnit": "azrd_ds",
              "CostCenter": "cc_1",
              "ManagedBy": "aws-pipeline-engine",
              "Pipeline": "collision_data_pipeline"
            },
            "tags_all": {
              "BusinessUnit": "azrd_ds",
              "CostCenter": "cc_1",
              "ManagedBy": "aws-pipeline-engine",
              "Pipeline": "collision_data_pipeline"
            },
            "timeouts": null,
            "versioning": [
              {
                "enabled": false,
                "mfa_delete": false
              }
            ],
            "website": [],
            "website_domain": null,
            "website_endpoint": null
          },
          "sensitive_attributes": [],
          "private": "eyJlMmJmYjczMC1lY2FhLTExZTYtOGY4OC0zNDM2M2JjN2M0YzAiOnsiY3JlYXRlIjoxMjAwMDAwMDAwMDAwLCJkZWxldGUiOjM2MDAwMDAwMDAwMDAsInJlYWQiOjEyMDAwMDAwMDAwMDAsInVwZGF0ZSI6MTIwMDAwMDAwMDAwMH19"
        }
      ]
    },
    {
      "mode": "managed",
      "type": "aws_s3_bucket",
      "name": "collision_data_pipeline_azrd_ds_cc_1_s3_raw_data_bucket_1",
      "provider": "provider[\"registry.terraform.io/hashicorp/aws\"]",
      "instances": [
        {
          "schema_version": 0,
          "attributes": {
            "acceleration_status": "",
            "acl": null,
            "arn": "arn:aws:s3:::collision-data-pipeline-azrd-ds-cc-1-s3-raw-data-bucket-1",
            "bucket": "collision-data-pipeline-azrd-ds-cc-1-s3-raw-data-bucket-1",
            "bucket_domain_name": "collision-data-pipeline-azrd-ds-cc-1-s3-raw-data-bucket-1.s3.amazonaws.com",
            "bucket_prefix": "",
            "bucket_regional_domain_name": "collision-data-pipeline-azrd-ds-cc-1-s3-raw-data-bucket-1.s3.us-east-1.amazonaws.com",
            "cors_rule": [],
            "force_destroy": true,
            "grant": [
              {
                "id": "6b988a1bfb1696d044a07b3f9fd2a2a715c57a1b22eb6076238db5417a49eab2",
                "permissions": [
                  "FULL_CONTROL"
                ],
                "type": "CanonicalUser",
                "uri": ""
              }
            ],
            "hosted_zone_id": "Z3AQBSTGFYJSTF",
            "id": "collision-data-pipeline-azrd-ds-cc-1-s3-raw-data-bucket-1",
            "lifecycle_rule": [],
            "logging": [],
            "object_lock_configuration": [],
            "object_lock_enabled": false,
            "policy": "",
            "region": "us-east-1",
            "replication_configuration": [],
            "request_payer": "BucketOwner",
            "server_side_encryption_configuration": [
              {
                "rule": [
                  {
                    "apply_server_side_encryption_by_default": [
                      {
                        "kms_master_key_id": "",
                        "sse_algorithm": "AES256"
                      }
                    ],
                    "bucket_key_enabled": false
                  }
                ]
              }
            ],
            "tags": {
              "BusinessUnit": "azrd_ds",
              "CostCenter": "cc_1",
              "ManagedBy": "aws-pipeline-engine",
              "Pipeline": "collision_data_pipeline"
            },
            "tags_all": {
              "BusinessUnit": "azrd_ds",
              "CostCenter": "cc_1",
              "ManagedBy": "aws-pipeline-engine",
              "Pipeline": "collision_data_pipeline"
            },
            "timeouts": null,
            "versioning": [
              {
                "enabled": false,
                "mfa_delete": false
              }
            ],
            "website": [],
            "website_domain": null,
            "website_endpoint": null
          },
          "sensitive_attributes": [],
          "private": "eyJlMmJmYjczMC1lY2FhLTExZTYtOGY4OC0zNDM2M2JjN2M0YzAiOnsiY3JlYXRlIjoxMjAwMDAwMDAwMDAwLCJkZWxldGUiOjM2MDAwMDAwMDAwMDAsInJlYWQiOjEyMDAwMDAwMDAwMDAsInVwZGF0ZSI6MTIwMDAwMDAwMDAwMH19"
        }
      ]
    },
    {
      "mode": "managed",
      "type": "aws_s3_bucket",
      "name": "collision_data_pipeline_azrd_ds_cc_1_s3_staging_bucket_2",
      "provider": "provider[\"registry.terraform.io/hashicorp/aws\"]",
      "instances": [
        {
          "schema_version": 0,
          "attributes": {
            "acceleration_status": "",
            "acl": null,
            "arn": "arn:aws:s3:::collision-data-pipeline-azrd-ds-cc-1-s3-staging-bucket-2",
            "bucket": "collision-data-pipeline-azrd-ds-cc-1-s3-staging-bucket-2",
            "bucket_domain_name": "collision-data-pipeline-azrd-ds-cc-1-s3-staging-bucket-2.s3.amazonaws.com",
            "bucket_prefix": "",
            "bucket_regional_domain_name": "collision-data-pipeline-azrd-ds-cc-1-s3-staging-bucket-2.s3.us-east-1.amazonaws.com",
            "cors_rule": [],
            "force_destroy": true,
            "grant": [
              {
                "id": "6b988a1bfb1696d044a07b3f9fd2a2a715c57a1b22eb6076238db5417a49eab2",
                "permissions": [
                  "FULL_CONTROL"
                ],
                "type": "CanonicalUser",
                "uri": ""
              }
            ],
            "hosted_zone_id": "Z3AQBSTGFYJSTF",
            "id": "collision-data-pipeline-azrd-ds-cc-1-s3-staging-bucket-2",
            "lifecycle_rule": [],
            "logging": [],
            "object_lock_configuration": [],
            "object_lock_enabled": false,
            "policy": "",
            "region": "us-east-1",
            "replication_configuration": [],
            "request_payer": "BucketOwner",
            "server_side_encryption_configuration": [
              {
                "rule": [
                  {
                    "apply_server_side_encryption_by_default": [
                      {
                        "kms_master_key_id": "",
                        "sse_algorithm": "AES256"
                      }
                    ],
                    "bucket_key_enabled": false
                  }
                ]
              }
            ],
            "tags": {
              "BusinessUnit": "azrd_ds",
              "CostCenter": "cc_1",
              "ManagedBy": "aws-pipeline-engine",
              "Pipeline": "collision_data_pipeline"
            },
            "tags_all": {
              "BusinessUnit": "azrd_ds",
              "CostCenter": "cc_1",
              "ManagedBy": "aws-pipeline-engine",
              "Pipeline": "collision_data_pipeline"
            },
            "timeouts": null,
            "versioning": [
              {
                "enabled": false,
                "mfa_delete": false
              }
            ],
            "website": [],
            "website_domain": null,
            "website_endpoint": null
          },
          "sensitive_attributes": [],
          "private": "eyJlMmJmYjczMC1lY2FhLTExZTYtOGY4OC0zNDM2M2JjN2M0YzAiOnsiY3JlYXRlIjoxMjAwMDAwMDAwMDAwLCJkZWxldGUiOjM2MDAwMDAwMDAwMDAsInJlYWQiOjEyMDAwMDAwMDAwMDAsInVwZGF0ZSI6MTIwMDAwMDAwMDAwMH19"
        }
      ]
    },
    {
      "mode": "managed",
      "type": "aws_s3_bucket_notification",
      "name": "collision_data_pipeline_azrd_ds_cc_1_s3_raw_data_bucket_1_notification",
      "provider": "provider[\"registry.terraform.io/hashicorp/aws\"]",
      "instances": [
        {
          "schema_version": 0,
          "attributes": {
            "bucket": "collision-data-pipeline-azrd-ds-cc-1-s3-raw-data-bucket-1",
            "eventbridge": false,
            "id": "collision-data-pipeline-azrd-ds-cc-1-s3-raw-data-bucket-1",
            "lambda_function": [
              {
                "events": [
                  "s3:ObjectCreated:*"
                ],
                "filter_prefix": "collision_raw/",
                "filter_suffix": "",
                "id": "collision_data_pipeline_azrd_ds_cc_1_s3_raw_data_bucket_1_collision_data_pipeline_azrd_ds_cc_1_lambda_collision_processor_1",
                "lambda_function_arn": "arn:aws:lambda:us-east-1:602963248309:function:collision-data-pipeline-azrd-ds-cc-1-lambda-collision-pr-278e32d"
              },
              {
                "events": [
                  "s3:ObjectCreated:*"
                ],
                "filter_prefix": "party_raw/",
                "filter_suffix": "",
                "id": "collision_data_pipeline_azrd_ds_cc_1_s3_raw_data_bucket_1_collision_data_pipeline_azrd_ds_cc_1_lambda_party_processor_2",
                "lambda_function_arn": "arn:aws:lambda:us-east-1:602963248309:function:collision-data-pipeline-azrd-ds-cc-1-lambda-party-processor-2"
              },
              {
                "events": [
                  "s3:ObjectCreated:*"
                ],
                "filter_prefix": "victim_raw/",
                "filter_suffix": "",
                "id": "collision_data_pipeline_azrd_ds_cc_1_s3_raw_data_bucket_1_collision_data_pipeline_azrd_ds_cc_1_lambda_victim_processor_3",
                "lambda_function_arn": "arn:aws:lambda:us-east-1:602963248309:function:collision-data-pipeline-azrd-ds-cc-1-lambda-victim-processor-3"
              },
              {
                "events": [
                  "s3:ObjectCreated:*"
                ],
                "filter_prefix": "case_raw/",
                "filter_suffix": "",
                "id": "collision_data_pipeline_azrd_ds_cc_1_s3_raw_data_bucket_1_collision_data_pipeline_azrd_ds_cc_1_lambda_case_processor_4",
                "lambda_function_arn": "arn:aws:lambda:us-east-1:602963248309:function:collision-data-pipeline-azrd-ds-cc-1-lambda-case-processor-4"
              }
            ],
            "queue": [],
            "topic": []
          },
          "sensitive_attributes": [],
          "private": "bnVsbA==",
          "dependencies": [
            "aws_cloudwatch_log_group.collision_data_pipeline_azrd_ds_cc_1_lambda_case_processor_4_lg",
            "aws_cloudwatch_log_group.collision_data_pipeline_azrd_ds_cc_1_lambda_collision_processor_1_lg",
            "aws_cloudwatch_log_group.collision_data_pipeline_azrd_ds_cc_1_lambda_party_processor_2_lg",
            "aws_cloudwatch_log_group.collision_data_pipeline_azrd_ds_cc_1_lambda_victim_processor_3_lg",
            "aws_iam_role.collision_data_pipeline_azrd_ds_cc_1_lambda_case_processor_4_role",
            "aws_iam_role.collision_data_pipeline_azrd_ds_cc_1_lambda_collision_processor_1_role",
            "aws_iam_role.collision_data_pipeline_azrd_ds_cc_1_lambda_party_processor_2_role",
            "aws_iam_role.collision_data_pipeline_azrd_ds_cc_1_lambda_victim_processor_3_role",
            "aws_lambda_function.collision_data_pipeline_azrd_ds_cc_1_lambda_case_processor_4",
            "aws_lambda_function.collision_data_pipeline_azrd_ds_cc_1_lambda_collision_processor_1",
            "aws_lambda_function.collision_data_pipeline_azrd_ds_cc_1_lambda_party_processor_2",
            "aws_lambda_function.collision_data_pipeline_azrd_ds_cc_1_lambda_victim_processor_3",
            "aws_lambda_permission.collision_data_pipeline_azrd_ds_cc_1_s3_raw_data_bucket_1_invoke_collision_data_pipeline_azrd_ds_cc_1_lambda_case_processor_4",
            "aws_lambda_permission.collision_data_pipeline_azrd_ds_cc_1_s3_raw_data_bucket_1_invoke_collision_data_pipeline_azrd_ds_cc_1_lambda_collision_processor_1",
            "aws_lambda_permission.collision_data_pipeline_azrd_ds_cc_1_s3_raw_data_bucket_1_invoke_collision_data_pipeline_azrd_ds_cc_1_lambda_party_processor_2",
            "aws_lambda_permission.collision_data_pipeline_azrd_ds_cc_1_s3_raw_data_bucket_1_invoke_collision_data_pipeline_azrd_ds_cc_1_lambda_victim_processor_3",
            "aws_s3_bucket.collision_data_pipeline_azrd_ds_cc_1_s3_raw_data_bucket_1",
            "aws_s3_bucket.collision_data_pipeline_azrd_ds_cc_1_s3_staging_bucket_2",
            "data.archive_file.collision_data_pipeline_azrd_ds_cc_1_lambda_case_processor_4_placeholder",
            "data.archive_file.collision_data_pipeline_azrd_ds_cc_1_lambda_collision_processor_1_placeholder",
            "data.archive_file.collision_data_pipeline_azrd_ds_cc_1_lambda_party_processor_2_placeholder",
            "data.archive_file.collision_data_pipeline_azrd_ds_cc_1_lambda_victim_processor_3_placeholder"
          ]
        }
      ]
    },
    {
      "mode": "managed",
      "type": "aws_s3_bucket_notification",
      "name": "collision_data_pipeline_azrd_ds_cc_1_s3_staging_bucket_2_notification",
      "provider": "provider[\"registry.terraform.io/hashicorp/aws\"]",
      "instances": [
        {
          "schema_version": 0,
          "attributes": {
            "bucket": "collision-data-pipeline-azrd-ds-cc-1-s3-staging-bucket-2",
            "eventbridge": false,
            "id": "collision-data-pipeline-azrd-ds-cc-1-s3-staging-bucket-2",
            "lambda_function": [
              {
                "events": [
                  "s3:ObjectCreated:*"
                ],
                "filter_prefix": "",
                "filter_suffix": "",
                "id": "collision_data_pipeline_azrd_ds_cc_1_s3_staging_bucket_2_collision_data_pipeline_azrd_ds_cc_1_lambda_refine_data_5",
                "lambda_function_arn": "arn:aws:lambda:us-east-1:602963248309:function:collision-data-pipeline-azrd-ds-cc-1-lambda-refine-data-5"
              }
            ],
            "queue": [],
            "topic": []
          },
          "sensitive_attributes": [],
          "private": "bnVsbA==",
          "dependencies": [
            "aws_cloudwatch_log_group.collision_data_pipeline_azrd_ds_cc_1_lambda_refine_data_5_lg",
            "aws_iam_role.collision_data_pipeline_azrd_ds_cc_1_lambda_refine_data_5_role",
            "aws_lambda_function.collision_data_pipeline_azrd_ds_cc_1_lambda_refine_data_5",
            "aws_lambda_permission.collision_data_pipeline_azrd_ds_cc_1_s3_staging_bucket_2_invoke_collision_data_pipeline_azrd_ds_cc_1_lambda_refine_data_5",
            "aws_s3_bucket.collision_data_pipeline_azrd_ds_cc_1_s3_minilake_bucket_3",
            "aws_s3_bucket.collision_data_pipeline_azrd_ds_cc_1_s3_staging_bucket_2",
            "data.archive_file.collision_data_pipeline_azrd_ds_cc_1_lambda_refine_data_5_placeholder"
          ]
        }
      ]
    },
    {
      "mode": "managed",
      "type": "aws_s3_bucket_server_side_encryption_configuration",
      "name": "collision_data_pipeline_azrd_ds_cc_1_s3_minilake_bucket_3_sse",
      "provider": "provider[\"registry.terraform.io/hashicorp/aws\"]",
      "instances": [
        {
          "schema_version": 0,
          "attributes": {
            "bucket": "collision-data-pipeline-azrd-ds-cc-1-s3-minilake-bucket-3",
            "expected_bucket_owner": "",
            "id": "collision-data-pipeline-azrd-ds-cc-1-s3-minilake-bucket-3",
            "rule": [
              {
                "apply_server_side_encryption_by_default": [
                  {
                    "kms_master_key_id": "",
                    "sse_algorithm": "AES256"
                  }
                ],
                "bucket_key_enabled": null
              }
            ]
          },
          "sensitive_attributes": [],
          "private": "bnVsbA==",
          "dependencies": [
            "aws_s3_bucket.collision_data_pipeline_azrd_ds_cc_1_s3_minilake_bucket_3"
          ]
        }
      ]
    },
    {
      "mode": "managed",
      "type": "aws_s3_bucket_server_side_encryption_configuration",
      "name": "collision_data_pipeline_azrd_ds_cc_1_s3_raw_data_bucket_1_sse",
      "provider": "provider[\"registry.terraform.io/hashicorp/aws\"]",
      "instances": [
        {
          "schema_version": 0,
          "attributes": {
            "bucket": "collision-data-pipeline-azrd-ds-cc-1-s3-raw-data-bucket-1",
            "expected_bucket_owner": "",
            "id": "collision-data-pipeline-azrd-ds-cc-1-s3-raw-data-bucket-1",
            "rule": [
              {
                "apply_server_side_encryption_by_default": [
                  {
                    "kms_master_key_id": "",
                    "sse_algorithm": "AES256"
                  }
                ],
                "bucket_key_enabled": null
              }
            ]
          },
          "sensitive_attributes": [],
          "private": "bnVsbA==",
          "dependencies": [
            "aws_s3_bucket.collision_data_pipeline_azrd_ds_cc_1_s3_raw_data_bucket_1"
          ]
        }
      ]
    },
    {
      "mode": "managed",
      "type": "aws_s3_bucket_server_side_encryption_configuration",
      "name": "collision_data_pipeline_azrd_ds_cc_1_s3_staging_bucket_2_sse",
      "provider": "provider[\"registry.terraform.io/hashicorp/aws\"]",
      "instances": [
        {
          "schema_version": 0,
          "attributes": {
            "bucket": "collision-data-pipeline-azrd-ds-cc-1-s3-staging-bucket-2",
            "expected_bucket_owner": "",
            "id": "collision-data-pipeline-azrd-ds-cc-1-s3-staging-bucket-2",
            "rule": [
              {
                "apply_server_side_encryption_by_default": [
                  {
                    "kms_master_key_id": "",
                    "sse_algorithm": "AES256"
                  }
                ],
                "bucket_key_enabled": null
              }
            ]
          },
          "sensitive_attributes": [],
          "private": "bnVsbA==",
          "dependencies": [
            "aws_s3_bucket.collision_data_pipeline_azrd_ds_cc_1_s3_staging_bucket_2"
          ]
        }
      ]
    },
    {
      "mode": "managed",
      "type": "aws_s3_bucket_versioning",
      "name": "collision_data_pipeline_azrd_ds_cc_1_s3_minilake_bucket_3_versioning",
      "provider": "provider[\"registry.terraform.io/hashicorp/aws\"]",
      "instances": [
        {
          "schema_version": 0,
          "attributes": {
            "bucket": "collision-data-pipeline-azrd-ds-cc-1-s3-minilake-bucket-3",
            "expected_bucket_owner": "",
            "id": "collision-data-pipeline-azrd-ds-cc-1-s3-minilake-bucket-3",
            "mfa": null,
            "versioning_configuration": [
              {
                "mfa_delete": "",
                "status": "Suspended"
              }
            ]
          },
          "sensitive_attributes": [],
          "private": "bnVsbA==",
          "dependencies": [
            "aws_s3_bucket.collision_data_pipeline_azrd_ds_cc_1_s3_minilake_bucket_3"
          ]
        }
      ]
    },
    {
      "mode": "managed",
      "type": "aws_s3_bucket_versioning",
      "name": "collision_data_pipeline_azrd_ds_cc_1_s3_raw_data_bucket_1_versioning",
      "provider": "provider[\"registry.terraform.io/hashicorp/aws\"]",
      "instances": [
        {
          "schema_version": 0,
          "attributes": {
            "bucket": "collision-data-pipeline-azrd-ds-cc-1-s3-raw-data-bucket-1",
            "expected_bucket_owner": "",
            "id": "collision-data-pipeline-azrd-ds-cc-1-s3-raw-data-bucket-1",
            "mfa": null,
            "versioning_configuration": [
              {
                "mfa_delete": "",
                "status": "Suspended"
              }
            ]
          },
          "sensitive_attributes": [],
          "private": "bnVsbA==",
          "dependencies": [
            "aws_s3_bucket.collision_data_pipeline_azrd_ds_cc_1_s3_raw_data_bucket_1"
          ]
        }
      ]
    },
    {
      "mode": "managed",
      "type": "aws_s3_bucket_versioning",
      "name": "collision_data_pipeline_azrd_ds_cc_1_s3_staging_bucket_2_versioning",
      "provider": "provider[\"registry.terraform.io/hashicorp/aws\"]",
      "instances": [
        {
          "schema_version": 0,
          "attributes": {
            "bucket": "collision-data-pipeline-azrd-ds-cc-1-s3-staging-bucket-2",
            "expected_bucket_owner": "",
            "id": "collision-data-pipeline-azrd-ds-cc-1-s3-staging-bucket-2",
            "mfa": null,
            "versioning_configuration": [
              {
                "mfa_delete": "",
                "status": "Suspended"
              }
            ]
          },
          "sensitive_attributes": [],
          "private": "bnVsbA==",
          "dependencies": [
            "aws_s3_bucket.collision_data_pipeline_azrd_ds_cc_1_s3_staging_bucket_2"
          ]
        }
      ]
    },
    {
      "mode": "managed",
      "type": "aws_s3_object",
      "name": "collision_data_pipeline_azrd_ds_cc_1_s3_minilake_bucket_3_case_prefix",
      "provider": "provider[\"registry.terraform.io/hashicorp/aws\"]",
      "instances": [
        {
          "schema_version": 0,
          "attributes": {
            "acl": null,
            "arn": "arn:aws:s3:::collision-data-pipeline-azrd-ds-cc-1-s3-minilake-bucket-3/case/",
            "bucket": "collision-data-pipeline-azrd-ds-cc-1-s3-minilake-bucket-3",
            "bucket_key_enabled": false,
            "cache_control": "",
            "checksum_algorithm": null,
            "checksum_crc32": "",
            "checksum_crc32c": "",
            "checksum_crc64nvme": "",
            "checksum_sha1": "",
            "checksum_sha256": "",
            "content": null,
            "content_base64": null,
            "content_disposition": "",
            "content_encoding": "",
            "content_language": "",
            "content_type": "application/x-directory",
            "etag": "d41d8cd98f00b204e9800998ecf8427e",
            "force_destroy": false,
            "id": "case/",
            "key": "case/",
            "kms_key_id": null,
            "metadata": null,
            "object_lock_legal_hold_status": "",
            "object_lock_mode": "",
            "object_lock_retain_until_date": "",
            "override_provider": [],
            "server_side_encryption": "AES256",
            "source": null,
            "source_hash": null,
            "storage_class": "STANDARD",
            "tags": null,
            "tags_all": {},
            "version_id": "null",
            "website_redirect": ""
          },
          "sensitive_attributes": [],
          "private": "bnVsbA==",
          "dependencies": [
            "aws_s3_bucket.collision_data_pipeline_azrd_ds_cc_1_s3_minilake_bucket_3"
          ]
        }
      ]
    },
    {
      "mode": "managed",
      "type": "aws_s3_object",
      "name": "collision_data_pipeline_azrd_ds_cc_1_s3_minilake_bucket_3_collision_prefix",
      "provider": "provider[\"registry.terraform.io/hashicorp/aws\"]",
      "instances": [
        {
          "schema_version": 0,
          "attributes": {
            "acl": null,
            "arn": "arn:aws:s3:::collision-data-pipeline-azrd-ds-cc-1-s3-minilake-bucket-3/collision/",
            "bucket": "collision-data-pipeline-azrd-ds-cc-1-s3-minilake-bucket-3",
            "bucket_key_enabled": false,
            "cache_control": "",
            "checksum_algorithm": null,
            "checksum_crc32": "",
            "checksum_crc32c": "",
            "checksum_crc64nvme": "",
            "checksum_sha1": "",
            "checksum_sha256": "",
            "content": null,
            "content_base64": null,
            "content_disposition": "",
            "content_encoding": "",
            "content_language": "",
            "content_type": "application/x-directory",
            "etag": "d41d8cd98f00b204e9800998ecf8427e",
            "force_destroy": false,
            "id": "collision/",
            "key": "collision/",
            "kms_key_id": null,
            "metadata": null,
            "object_lock_legal_hold_status": "",
            "object_lock_mode": "",
            "object_lock_retain_until_date": "",
            "override_provider": [],
            "server_side_encryption": "AES256",
            "source": null,
            "source_hash": null,
            "storage_class": "STANDARD",
            "tags": null,
            "tags_all": {},
            "version_id": "null",
            "website_redirect": ""
          },
          "sensitive_attributes": [],
          "private": "bnVsbA==",
          "dependencies": [
            "aws_s3_bucket.collision_data_pipeline_azrd_ds_cc_1_s3_minilake_bucket_3"
          ]
        }
      ]
    },
    {
      "mode": "managed",
      "type": "aws_s3_object",
      "name": "collision_data_pipeline_azrd_ds_cc_1_s3_minilake_bucket_3_party_prefix",
      "provider": "provider[\"registry.terraform.io/hashicorp/aws\"]",
      "instances": [
        {
          "schema_version": 0,
          "attributes": {
            "acl": null,
            "arn": "arn:aws:s3:::collision-data-pipeline-azrd-ds-cc-1-s3-minilake-bucket-3/party/",
            "bucket": "collision-data-pipeline-azrd-ds-cc-1-s3-minilake-bucket-3",
            "bucket_key_enabled": false,
            "cache_control": "",
            "checksum_algorithm": null,
            "checksum_crc32": "",
            "checksum_crc32c": "",
            "checksum_crc64nvme": "",
            "checksum_sha1": "",
            "checksum_sha256": "",
            "content": null,
            "content_base64": null,
            "content_disposition": "",
            "content_encoding": "",
            "content_language": "",
            "content_type": "application/x-directory",
            "etag": "d41d8cd98f00b204e9800998ecf8427e",
            "force_destroy": false,
            "id": "party/",
            "key": "party/",
            "kms_key_id": null,
            "metadata": null,
            "object_lock_legal_hold_status": "",
            "object_lock_mode": "",
            "object_lock_retain_until_date": "",
            "override_provider": [],
            "server_side_encryption": "AES256",
            "source": null,
            "source_hash": null,
            "storage_class": "STANDARD",
            "tags": null,
            "tags_all": {},
            "version_id": "null",
            "website_redirect": ""
          },
          "sensitive_attributes": [],
          "private": "bnVsbA==",
          "dependencies": [
            "aws_s3_bucket.collision_data_pipeline_azrd_ds_cc_1_s3_minilake_bucket_3"
          ]
        }
      ]
    },
    {
      "mode": "managed",
      "type": "aws_s3_object",
      "name": "collision_data_pipeline_azrd_ds_cc_1_s3_minilake_bucket_3_victim_prefix",
      "provider": "provider[\"registry.terraform.io/hashicorp/aws\"]",
      "instances": [
        {
          "schema_version": 0,
          "attributes": {
            "acl": null,
            "arn": "arn:aws:s3:::collision-data-pipeline-azrd-ds-cc-1-s3-minilake-bucket-3/victim/",
            "bucket": "collision-data-pipeline-azrd-ds-cc-1-s3-minilake-bucket-3",
            "bucket_key_enabled": false,
            "cache_control": "",
            "checksum_algorithm": null,
            "checksum_crc32": "",
            "checksum_crc32c": "",
            "checksum_crc64nvme": "",
            "checksum_sha1": "",
            "checksum_sha256": "",
            "content": null,
            "content_base64": null,
            "content_disposition": "",
            "content_encoding": "",
            "content_language": "",
            "content_type": "application/x-directory",
            "etag": "d41d8cd98f00b204e9800998ecf8427e",
            "force_destroy": false,
            "id": "victim/",
            "key": "victim/",
            "kms_key_id": null,
            "metadata": null,
            "object_lock_legal_hold_status": "",
            "object_lock_mode": "",
            "object_lock_retain_until_date": "",
            "override_provider": [],
            "server_side_encryption": "AES256",
            "source": null,
            "source_hash": null,
            "storage_class": "STANDARD",
            "tags": null,
            "tags_all": {},
            "version_id": "null",
            "website_redirect": ""
          },
          "sensitive_attributes": [],
          "private": "bnVsbA==",
          "dependencies": [
            "aws_s3_bucket.collision_data_pipeline_azrd_ds_cc_1_s3_minilake_bucket_3"
          ]
        }
      ]
    },
    {
      "mode": "managed",
      "type": "aws_s3_object",
      "name": "collision_data_pipeline_azrd_ds_cc_1_s3_raw_data_bucket_1_case_raw_prefix",
      "provider": "provider[\"registry.terraform.io/hashicorp/aws\"]",
      "instances": [
        {
          "schema_version": 0,
          "attributes": {
            "acl": null,
            "arn": "arn:aws:s3:::collision-data-pipeline-azrd-ds-cc-1-s3-raw-data-bucket-1/case_raw/",
            "bucket": "collision-data-pipeline-azrd-ds-cc-1-s3-raw-data-bucket-1",
            "bucket_key_enabled": false,
            "cache_control": "",
            "checksum_algorithm": null,
            "checksum_crc32": "",
            "checksum_crc32c": "",
            "checksum_crc64nvme": "",
            "checksum_sha1": "",
            "checksum_sha256": "",
            "content": null,
            "content_base64": null,
            "content_disposition": "",
            "content_encoding": "",
            "content_language": "",
            "content_type": "application/x-directory",
            "etag": "d41d8cd98f00b204e9800998ecf8427e",
            "force_destroy": false,
            "id": "case_raw/",
            "key": "case_raw/",
            "kms_key_id": null,
            "metadata": null,
            "object_lock_legal_hold_status": "",
            "object_lock_mode": "",
            "object_lock_retain_until_date": "",
            "override_provider": [],
            "server_side_encryption": "AES256",
            "source": null,
            "source_hash": null,
            "storage_class": "STANDARD",
            "tags": null,
            "tags_all": {},
            "version_id": "null",
            "website_redirect": ""
          },
          "sensitive_attributes": [],
          "private": "bnVsbA==",
          "dependencies": [
            "aws_s3_bucket.collision_data_pipeline_azrd_ds_cc_1_s3_raw_data_bucket_1"
          ]
        }
      ]
    },
    {
      "mode": "managed",
      "type": "aws_s3_object",
      "name": "collision_data_pipeline_azrd_ds_cc_1_s3_raw_data_bucket_1_collision_raw_prefix",
      "provider": "provider[\"registry.terraform.io/hashicorp/aws\"]",
      "instances": [
        {
          "schema_version": 0,
          "attributes": {
            "acl": null,
            "arn": "arn:aws:s3:::collision-data-pipeline-azrd-ds-cc-1-s3-raw-data-bucket-1/collision_raw/",
            "bucket": "collision-data-pipeline-azrd-ds-cc-1-s3-raw-data-bucket-1",
            "bucket_key_enabled": false,
            "cache_control": "",
            "checksum_algorithm": null,
            "checksum_crc32": "",
            "checksum_crc32c": "",
            "checksum_crc64nvme": "",
            "checksum_sha1": "",
            "checksum_sha256": "",
            "content": null,
            "content_base64": null,
            "content_disposition": "",
            "content_encoding": "",
            "content_language": "",
            "content_type": "application/x-directory",
            "etag": "d41d8cd98f00b204e9800998ecf8427e",
            "force_destroy": false,
            "id": "collision_raw/",
            "key": "collision_raw/",
            "kms_key_id": null,
            "metadata": null,
            "object_lock_legal_hold_status": "",
            "object_lock_mode": "",
            "object_lock_retain_until_date": "",
            "override_provider": [],
            "server_side_encryption": "AES256",
            "source": null,
            "source_hash": null,
            "storage_class": "STANDARD",
            "tags": null,
            "tags_all": {},
            "version_id": "null",
            "website_redirect": ""
          },
          "sensitive_attributes": [],
          "private": "bnVsbA==",
          "dependencies": [
            "aws_s3_bucket.collision_data_pipeline_azrd_ds_cc_1_s3_raw_data_bucket_1"
          ]
        }
      ]
    },
    {
      "mode": "managed",
      "type": "aws_s3_object",
      "name": "collision_data_pipeline_azrd_ds_cc_1_s3_raw_data_bucket_1_party_raw_prefix",
      "provider": "provider[\"registry.terraform.io/hashicorp/aws\"]",
      "instances": [
        {
          "schema_version": 0,
          "attributes": {
            "acl": null,
            "arn": "arn:aws:s3:::collision-data-pipeline-azrd-ds-cc-1-s3-raw-data-bucket-1/party_raw/",
            "bucket": "collision-data-pipeline-azrd-ds-cc-1-s3-raw-data-bucket-1",
            "bucket_key_enabled": false,
            "cache_control": "",
            "checksum_algorithm": null,
            "checksum_crc32": "",
            "checksum_crc32c": "",
            "checksum_crc64nvme": "",
            "checksum_sha1": "",
            "checksum_sha256": "",
            "content": null,
            "content_base64": null,
            "content_disposition": "",
            "content_encoding": "",
            "content_language": "",
            "content_type": "application/x-directory",
            "etag": "d41d8cd98f00b204e9800998ecf8427e",
            "force_destroy": false,
            "id": "party_raw/",
            "key": "party_raw/",
            "kms_key_id": null,
            "metadata": null,
            "object_lock_legal_hold_status": "",
            "object_lock_mode": "",
            "object_lock_retain_until_date": "",
            "override_provider": [],
            "server_side_encryption": "AES256",
            "source": null,
            "source_hash": null,
            "storage_class": "STANDARD",
            "tags": null,
            "tags_all": {},
            "version_id": "null",
            "website_redirect": ""
          },
          "sensitive_attributes": [],
          "private": "bnVsbA==",
          "dependencies": [
            "aws_s3_bucket.collision_data_pipeline_azrd_ds_cc_1_s3_raw_data_bucket_1"
          ]
        }
      ]
    },
    {
      "mode": "managed",
      "type": "aws_s3_object",
      "name": "collision_data_pipeline_azrd_ds_cc_1_s3_raw_data_bucket_1_victim_raw_prefix",
      "provider": "provider[\"registry.terraform.io/hashicorp/aws\"]",
      "instances": [
        {
          "schema_version": 0,
          "attributes": {
            "acl": null,
            "arn": "arn:aws:s3:::collision-data-pipeline-azrd-ds-cc-1-s3-raw-data-bucket-1/victim_raw/",
            "bucket": "collision-data-pipeline-azrd-ds-cc-1-s3-raw-data-bucket-1",
            "bucket_key_enabled": false,
            "cache_control": "",
            "checksum_algorithm": null,
            "checksum_crc32": "",
            "checksum_crc32c": "",
            "checksum_crc64nvme": "",
            "checksum_sha1": "",
            "checksum_sha256": "",
            "content": null,
            "content_base64": null,
            "content_disposition": "",
            "content_encoding": "",
            "content_language": "",
            "content_type": "application/x-directory",
            "etag": "d41d8cd98f00b204e9800998ecf8427e",
            "force_destroy": false,
            "id": "victim_raw/",
            "key": "victim_raw/",
            "kms_key_id": null,
            "metadata": null,
            "object_lock_legal_hold_status": "",
            "object_lock_mode": "",
            "object_lock_retain_until_date": "",
            "override_provider": [],
            "server_side_encryption": "AES256",
            "source": null,
            "source_hash": null,
            "storage_class": "STANDARD",
            "tags": null,
            "tags_all": {},
            "version_id": "null",
            "website_redirect": ""
          },
          "sensitive_attributes": [],
          "private": "bnVsbA==",
          "dependencies": [
            "aws_s3_bucket.collision_data_pipeline_azrd_ds_cc_1_s3_raw_data_bucket_1"
          ]
        }
      ]
    },
    {
      "mode": "managed",
      "type": "aws_s3_object",
      "name": "collision_data_pipeline_azrd_ds_cc_1_s3_staging_bucket_2_case_prefix",
      "provider": "provider[\"registry.terraform.io/hashicorp/aws\"]",
      "instances": [
        {
          "schema_version": 0,
          "attributes": {
            "acl": null,
            "arn": "arn:aws:s3:::collision-data-pipeline-azrd-ds-cc-1-s3-staging-bucket-2/case/",
            "bucket": "collision-data-pipeline-azrd-ds-cc-1-s3-staging-bucket-2",
            "bucket_key_enabled": false,
            "cache_control": "",
            "checksum_algorithm": null,
            "checksum_crc32": "",
            "checksum_crc32c": "",
            "checksum_crc64nvme": "",
            "checksum_sha1": "",
            "checksum_sha256": "",
            "content": null,
            "content_base64": null,
            "content_disposition": "",
            "content_encoding": "",
            "content_language": "",
            "content_type": "application/x-directory",
            "etag": "d41d8cd98f00b204e9800998ecf8427e",
            "force_destroy": false,
            "id": "case/",
            "key": "case/",
            "kms_key_id": null,
            "metadata": null,
            "object_lock_legal_hold_status": "",
            "object_lock_mode": "",
            "object_lock_retain_until_date": "",
            "override_provider": [],
            "server_side_encryption": "AES256",
            "source": null,
            "source_hash": null,
            "storage_class": "STANDARD",
            "tags": null,
            "tags_all": {},
            "version_id": "null",
            "website_redirect": ""
          },
          "sensitive_attributes": [],
          "private": "bnVsbA==",
          "dependencies": [
            "aws_s3_bucket.collision_data_pipeline_azrd_ds_cc_1_s3_staging_bucket_2"
          ]
        }
      ]
    },
    {
      "mode": "managed",
      "type": "aws_s3_object",
      "name": "collision_data_pipeline_azrd_ds_cc_1_s3_staging_bucket_2_collision_prefix",
      "provider": "provider[\"registry.terraform.io/hashicorp/aws\"]",
      "instances": [
        {
          "schema_version": 0,
          "attributes": {
            "acl": null,
            "arn": "arn:aws:s3:::collision-data-pipeline-azrd-ds-cc-1-s3-staging-bucket-2/collision/",
            "bucket": "collision-data-pipeline-azrd-ds-cc-1-s3-staging-bucket-2",
            "bucket_key_enabled": false,
            "cache_control": "",
            "checksum_algorithm": null,
            "checksum_crc32": "",
            "checksum_crc32c": "",
            "checksum_crc64nvme": "",
            "checksum_sha1": "",
            "checksum_sha256": "",
            "content": null,
            "content_base64": null,
            "content_disposition": "",
            "content_encoding": "",
            "content_language": "",
            "content_type": "application/x-directory",
            "etag": "d41d8cd98f00b204e9800998ecf8427e",
            "force_destroy": false,
            "id": "collision/",
            "key": "collision/",
            "kms_key_id": null,
            "metadata": null,
            "object_lock_legal_hold_status": "",
            "object_lock_mode": "",
            "object_lock_retain_until_date": "",
            "override_provider": [],
            "server_side_encryption": "AES256",
            "source": null,
            "source_hash": null,
            "storage_class": "STANDARD",
            "tags": null,
            "tags_all": {},
            "version_id": "",
            "website_redirect": ""
          },
          "sensitive_attributes": [],
          "private": "bnVsbA==",
          "dependencies": [
            "aws_s3_bucket.collision_data_pipeline_azrd_ds_cc_1_s3_staging_bucket_2"
          ]
        }
      ]
    },
    {
      "mode": "managed",
      "type": "aws_s3_object",
      "name": "collision_data_pipeline_azrd_ds_cc_1_s3_staging_bucket_2_party_prefix",
      "provider": "provider[\"registry.terraform.io/hashicorp/aws\"]",
      "instances": [
        {
          "schema_version": 0,
          "attributes": {
            "acl": null,
            "arn": "arn:aws:s3:::collision-data-pipeline-azrd-ds-cc-1-s3-staging-bucket-2/party/",
            "bucket": "collision-data-pipeline-azrd-ds-cc-1-s3-staging-bucket-2",
            "bucket_key_enabled": false,
            "cache_control": "",
            "checksum_algorithm": null,
            "checksum_crc32": "",
            "checksum_crc32c": "",
            "checksum_crc64nvme": "",
            "checksum_sha1": "",
            "checksum_sha256": "",
            "content": null,
            "content_base64": null,
            "content_disposition": "",
            "content_encoding": "",
            "content_language": "",
            "content_type": "application/x-directory",
            "etag": "d41d8cd98f00b204e9800998ecf8427e",
            "force_destroy": false,
            "id": "party/",
            "key": "party/",
            "kms_key_id": null,
            "metadata": null,
            "object_lock_legal_hold_status": "",
            "object_lock_mode": "",
            "object_lock_retain_until_date": "",
            "override_provider": [],
            "server_side_encryption": "AES256",
            "source": null,
            "source_hash": null,
            "storage_class": "STANDARD",
            "tags": null,
            "tags_all": {},
            "version_id": "",
            "website_redirect": ""
          },
          "sensitive_attributes": [],
          "private": "bnVsbA==",
          "dependencies": [
            "aws_s3_bucket.collision_data_pipeline_azrd_ds_cc_1_s3_staging_bucket_2"
          ]
        }
      ]
    },
    {
      "mode": "managed",
      "type": "aws_s3_object",
      "name": "collision_data_pipeline_azrd_ds_cc_1_s3_staging_bucket_2_victim_prefix",
      "provider": "provider[\"registry.terraform.io/hashicorp/aws\"]",
      "instances": [
        {
          "schema_version": 0,
          "attributes": {
            "acl": null,
            "arn": "arn:aws:s3:::collision-data-pipeline-azrd-ds-cc-1-s3-staging-bucket-2/victim/",
            "bucket": "collision-data-pipeline-azrd-ds-cc-1-s3-staging-bucket-2",
            "bucket_key_enabled": false,
            "cache_control": "",
            "checksum_algorithm": null,
            "checksum_crc32": "",
            "checksum_crc32c": "",
            "checksum_crc64nvme": "",
            "checksum_sha1": "",
            "checksum_sha256": "",
            "content": null,
            "content_base64": null,
            "content_disposition": "",
            "content_encoding": "",
            "content_language": "",
            "content_type": "application/x-directory",
            "etag": "d41d8cd98f00b204e9800998ecf8427e",
            "force_destroy": false,
            "id": "victim/",
            "key": "victim/",
            "kms_key_id": null,
            "metadata": null,
            "object_lock_legal_hold_status": "",
            "object_lock_mode": "",
            "object_lock_retain_until_date": "",
            "override_provider": [],
            "server_side_encryption": "AES256",
            "source": null,
            "source_hash": null,
            "storage_class": "STANDARD",
            "tags": null,
            "tags_all": {},
            "version_id": "null",
            "website_redirect": ""
          },
          "sensitive_attributes": [],
          "private": "bnVsbA==",
          "dependencies": [
            "aws_s3_bucket.collision_data_pipeline_azrd_ds_cc_1_s3_staging_bucket_2"
          ]
        }
      ]
    }
  ],
  "check_results": null
}
