{
  "version": 4,
  "terraform_version": "1.7.5",
  "serial": 40,
  "lineage": "0e1acad8-0dc2-ce12-c966-cd9563893674",
  "outputs": {},
  "resources": [
    {
      "mode": "data",
      "type": "archive_file",
      "name": "collision_data_processing_pipeline_engineering_cc001_lambda_case_processor_1_placeholder",
      "provider": "provider[\"registry.terraform.io/hashicorp/archive\"]",
      "instances": [
        {
          "schema_version": 0,
          "attributes": {
            "exclude_symlink_directories": null,
            "excludes": null,
            "id": "f59f3fd420ddaa451ce12fb440deb2aa076e6172",
            "output_base64sha256": "LmcgHcF2xlW0KH/h8do1eRPlc9I5gAA6/LTH/6iiCAM=",
            "output_base64sha512": "qEl4hschIDtZI/cxJuiutUlGG5PkLE253Ng5kS1rICHmzYbU7mS1WybzCNffsBdM+q5UiwHLo8/J2lXnSfZNnw==",
            "output_file_mode": null,
            "output_md5": "2890be29225d7ea7b0499f76bebd6c93",
            "output_path": "./collision_data_processing_pipeline_engineering_cc001_lambda_case_processor_1_placeholder.zip",
            "output_sha": "f59f3fd420ddaa451ce12fb440deb2aa076e6172",
            "output_sha256": "2e67201dc176c655b4287fe1f1da357913e573d23980003afcb4c7ffa8a20803",
            "output_sha512": "a8497886c721203b5923f73126e8aeb549461b93e42c4db9dcd839912d6b2021e6cd86d4ee64b55b26f308d7dfb0174cfaae548b01cba3cfc9da55e749f64d9f",
            "output_size": 195,
            "source": [
              {
                "content": "def handler(event, context):\n    return {\"statusCode\": 200}",
                "filename": "index.py"
              }
            ],
            "source_content": null,
            "source_content_filename": null,
            "source_dir": null,
            "source_file": null,
            "type": "zip"
          },
          "sensitive_attributes": []
        }
      ]
    },
    {
      "mode": "data",
      "type": "archive_file",
      "name": "collision_data_processing_pipeline_engineering_cc001_lambda_collision_processor_4_placeholder",
      "provider": "provider[\"registry.terraform.io/hashicorp/archive\"]",
      "instances": [
        {
          "schema_version": 0,
          "attributes": {
            "exclude_symlink_directories": null,
            "excludes": null,
            "id": "f59f3fd420ddaa451ce12fb440deb2aa076e6172",
            "output_base64sha256": "LmcgHcF2xlW0KH/h8do1eRPlc9I5gAA6/LTH/6iiCAM=",
            "output_base64sha512": "qEl4hschIDtZI/cxJuiutUlGG5PkLE253Ng5kS1rICHmzYbU7mS1WybzCNffsBdM+q5UiwHLo8/J2lXnSfZNnw==",
            "output_file_mode": null,
            "output_md5": "2890be29225d7ea7b0499f76bebd6c93",
            "output_path": "./collision_data_processing_pipeline_engineering_cc001_lambda_collision_processor_4_placeholder.zip",
            "output_sha": "f59f3fd420ddaa451ce12fb440deb2aa076e6172",
            "output_sha256": "2e67201dc176c655b4287fe1f1da357913e573d23980003afcb4c7ffa8a20803",
            "output_sha512": "a8497886c721203b5923f73126e8aeb549461b93e42c4db9dcd839912d6b2021e6cd86d4ee64b55b26f308d7dfb0174cfaae548b01cba3cfc9da55e749f64d9f",
            "output_size": 195,
            "source": [
              {
                "content": "def handler(event, context):\n    return {\"statusCode\": 200}",
                "filename": "index.py"
              }
            ],
            "source_content": null,
            "source_content_filename": null,
            "source_dir": null,
            "source_file": null,
            "type": "zip"
          },
          "sensitive_attributes": []
        }
      ]
    },
    {
      "mode": "data",
      "type": "archive_file",
      "name": "collision_data_processing_pipeline_engineering_cc001_lambda_party_processor_2_placeholder",
      "provider": "provider[\"registry.terraform.io/hashicorp/archive\"]",
      "instances": [
        {
          "schema_version": 0,
          "attributes": {
            "exclude_symlink_directories": null,
            "excludes": null,
            "id": "f59f3fd420ddaa451ce12fb440deb2aa076e6172",
            "output_base64sha256": "LmcgHcF2xlW0KH/h8do1eRPlc9I5gAA6/LTH/6iiCAM=",
            "output_base64sha512": "qEl4hschIDtZI/cxJuiutUlGG5PkLE253Ng5kS1rICHmzYbU7mS1WybzCNffsBdM+q5UiwHLo8/J2lXnSfZNnw==",
            "output_file_mode": null,
            "output_md5": "2890be29225d7ea7b0499f76bebd6c93",
            "output_path": "./collision_data_processing_pipeline_engineering_cc001_lambda_party_processor_2_placeholder.zip",
            "output_sha": "f59f3fd420ddaa451ce12fb440deb2aa076e6172",
            "output_sha256": "2e67201dc176c655b4287fe1f1da357913e573d23980003afcb4c7ffa8a20803",
            "output_sha512": "a8497886c721203b5923f73126e8aeb549461b93e42c4db9dcd839912d6b2021e6cd86d4ee64b55b26f308d7dfb0174cfaae548b01cba3cfc9da55e749f64d9f",
            "output_size": 195,
            "source": [
              {
                "content": "def handler(event, context):\n    return {\"statusCode\": 200}",
                "filename": "index.py"
              }
            ],
            "source_content": null,
            "source_content_filename": null,
            "source_dir": null,
            "source_file": null,
            "type": "zip"
          },
          "sensitive_attributes": []
        }
      ]
    },
    {
      "mode": "data",
      "type": "archive_file",
      "name": "collision_data_processing_pipeline_engineering_cc001_lambda_victim_processor_3_placeholder",
      "provider": "provider[\"registry.terraform.io/hashicorp/archive\"]",
      "instances": [
        {
          "schema_version": 0,
          "attributes": {
            "exclude_symlink_directories": null,
            "excludes": null,
            "id": "f59f3fd420ddaa451ce12fb440deb2aa076e6172",
            "output_base64sha256": "LmcgHcF2xlW0KH/h8do1eRPlc9I5gAA6/LTH/6iiCAM=",
            "output_base64sha512": "qEl4hschIDtZI/cxJuiutUlGG5PkLE253Ng5kS1rICHmzYbU7mS1WybzCNffsBdM+q5UiwHLo8/J2lXnSfZNnw==",
            "output_file_mode": null,
            "output_md5": "2890be29225d7ea7b0499f76bebd6c93",
            "output_path": "./collision_data_processing_pipeline_engineering_cc001_lambda_victim_processor_3_placeholder.zip",
            "output_sha": "f59f3fd420ddaa451ce12fb440deb2aa076e6172",
            "output_sha256": "2e67201dc176c655b4287fe1f1da357913e573d23980003afcb4c7ffa8a20803",
            "output_sha512": "a8497886c721203b5923f73126e8aeb549461b93e42c4db9dcd839912d6b2021e6cd86d4ee64b55b26f308d7dfb0174cfaae548b01cba3cfc9da55e749f64d9f",
            "output_size": 195,
            "source": [
              {
                "content": "def handler(event, context):\n    return {\"statusCode\": 200}",
                "filename": "index.py"
              }
            ],
            "source_content": null,
            "source_content_filename": null,
            "source_dir": null,
            "source_file": null,
            "type": "zip"
          },
          "sensitive_attributes": []
        }
      ]
    },
    {
      "mode": "managed",
      "type": "aws_athena_workgroup",
      "name": "collision_data_processing_pipeline_engineering_cc001_athena_athena_workgroup",
      "provider": "provider[\"registry.terraform.io/hashicorp/aws\"]",
      "instances": [
        {
          "schema_version": 0,
          "attributes": {
            "arn": "arn:aws:athena:us-east-1:602963248309:workgroup/collision-data-processing-pipeline-engineering-cc001-athena-athena-workgroup",
            "configuration": [
              {
                "bytes_scanned_cutoff_per_query": 0,
                "enforce_workgroup_configuration": true,
                "engine_version": [
                  {
                    "effective_engine_version": "Athena engine version 3",
                    "selected_engine_version": "AUTO"
                  }
                ],
                "execution_role": "",
                "publish_cloudwatch_metrics_enabled": false,
                "requester_pays_enabled": false,
                "result_configuration": [
                  {
                    "acl_configuration": [],
                    "encryption_configuration": [],
                    "expected_bucket_owner": "",
                    "output_location": "s3://collision-data-processing-pipeline-engineering-cc001-athena-athena-workgroup-results/query-results/"
                  }
                ]
              }
            ],
            "description": "",
            "force_destroy": false,
            "id": "collision-data-processing-pipeline-engineering-cc001-athena-athena-workgroup",
            "name": "collision-data-processing-pipeline-engineering-cc001-athena-athena-workgroup",
            "state": "ENABLED",
            "tags": {
              "BusinessUnit": "engineering",
              "CostCenter": "cc001",
              "ManagedBy": "aws-pipeline-engine",
              "Pipeline": "collision_data_processing_pipeline"
            },
            "tags_all": {
              "BusinessUnit": "engineering",
              "CostCenter": "cc001",
              "ManagedBy": "aws-pipeline-engine",
              "Pipeline": "collision_data_processing_pipeline"
            }
          },
          "sensitive_attributes": [],
          "private": "bnVsbA=="
        }
      ]
    },
    {
      "mode": "managed",
      "type": "aws_cloudwatch_log_group",
      "name": "collision_data_processing_pipeline_engineering_cc001_athena_athena_workgroup_lg",
      "provider": "provider[\"registry.terraform.io/hashicorp/aws\"]",
      "instances": [
        {
          "schema_version": 0,
          "attributes": {
            "arn": "arn:aws:logs:us-east-1:602963248309:log-group:/aws/athena/collision-data-processing-pipeline-engineering-cc001-athena-athena-workgroup",
            "id": "/aws/athena/collision-data-processing-pipeline-engineering-cc001-athena-athena-workgroup",
            "kms_key_id": "",
            "log_group_class": "STANDARD",
            "name": "/aws/athena/collision-data-processing-pipeline-engineering-cc001-athena-athena-workgroup",
            "name_prefix": "",
            "retention_in_days": 7,
            "skip_destroy": false,
            "tags": {
              "BusinessUnit": "engineering",
              "CostCenter": "cc001",
              "ManagedBy": "aws-pipeline-engine",
              "Pipeline": "collision_data_processing_pipeline"
            },
            "tags_all": {
              "BusinessUnit": "engineering",
              "CostCenter": "cc001",
              "ManagedBy": "aws-pipeline-engine",
              "Pipeline": "collision_data_processing_pipeline"
            }
          },
          "sensitive_attributes": [],
          "private": "bnVsbA=="
        }
      ]
    },
    {
      "mode": "managed",
      "type": "aws_cloudwatch_log_group",
      "name": "collision_data_processing_pipeline_engineering_cc001_lambda_case_processor_1_lg",
      "provider": "provider[\"registry.terraform.io/hashicorp/aws\"]",
      "instances": [
        {
          "schema_version": 0,
          "attributes": {
            "arn": "arn:aws:logs:us-east-1:602963248309:log-group:/aws/lambda/collision-data-processing-pipeline-engineering-cc001-lam-ad57451",
            "id": "/aws/lambda/collision-data-processing-pipeline-engineering-cc001-lam-ad57451",
            "kms_key_id": "",
            "log_group_class": "STANDARD",
            "name": "/aws/lambda/collision-data-processing-pipeline-engineering-cc001-lam-ad57451",
            "name_prefix": "",
            "retention_in_days": 7,
            "skip_destroy": false,
            "tags": {
              "BusinessUnit": "engineering",
              "CostCenter": "cc001",
              "ManagedBy": "aws-pipeline-engine",
              "Pipeline": "collision_data_processing_pipeline"
            },
            "tags_all": {
              "BusinessUnit": "engineering",
              "CostCenter": "cc001",
              "ManagedBy": "aws-pipeline-engine",
              "Pipeline": "collision_data_processing_pipeline"
            }
          },
          "sensitive_attributes": [],
          "private": "bnVsbA=="
        }
      ]
    },
    {
      "mode": "managed",
      "type": "aws_cloudwatch_log_group",
      "name": "collision_data_processing_pipeline_engineering_cc001_lambda_collision_processor_4_lg",
      "provider": "provider[\"registry.terraform.io/hashicorp/aws\"]",
      "instances": [
        {
          "schema_version": 0,
          "attributes": {
            "arn": "arn:aws:logs:us-east-1:602963248309:log-group:/aws/lambda/collision-data-processing-pipeline-engineering-cc001-lam-a3bf961",
            "id": "/aws/lambda/collision-data-processing-pipeline-engineering-cc001-lam-a3bf961",
            "kms_key_id": "",
            "log_group_class": "STANDARD",
            "name": "/aws/lambda/collision-data-processing-pipeline-engineering-cc001-lam-a3bf961",
            "name_prefix": "",
            "retention_in_days": 7,
            "skip_destroy": false,
            "tags": {
              "BusinessUnit": "engineering",
              "CostCenter": "cc001",
              "ManagedBy": "aws-pipeline-engine",
              "Pipeline": "collision_data_processing_pipeline"
            },
            "tags_all": {
              "BusinessUnit": "engineering",
              "CostCenter": "cc001",
              "ManagedBy": "aws-pipeline-engine",
              "Pipeline": "collision_data_processing_pipeline"
            }
          },
          "sensitive_attributes": [],
          "private": "bnVsbA=="
        }
      ]
    },
    {
      "mode": "managed",
      "type": "aws_cloudwatch_log_group",
      "name": "collision_data_processing_pipeline_engineering_cc001_lambda_party_processor_2_lg",
      "provider": "provider[\"registry.terraform.io/hashicorp/aws\"]",
      "instances": [
        {
          "schema_version": 0,
          "attributes": {
            "arn": "arn:aws:logs:us-east-1:602963248309:log-group:/aws/lambda/collision-data-processing-pipeline-engineering-cc001-lam-30625e9",
            "id": "/aws/lambda/collision-data-processing-pipeline-engineering-cc001-lam-30625e9",
            "kms_key_id": "",
            "log_group_class": "STANDARD",
            "name": "/aws/lambda/collision-data-processing-pipeline-engineering-cc001-lam-30625e9",
            "name_prefix": "",
            "retention_in_days": 7,
            "skip_destroy": false,
            "tags": {
              "BusinessUnit": "engineering",
              "CostCenter": "cc001",
              "ManagedBy": "aws-pipeline-engine",
              "Pipeline": "collision_data_processing_pipeline"
            },
            "tags_all": {
              "BusinessUnit": "engineering",
              "CostCenter": "cc001",
              "ManagedBy": "aws-pipeline-engine",
              "Pipeline": "collision_data_processing_pipeline"
            }
          },
          "sensitive_attributes": [],
          "private": "bnVsbA=="
        }
      ]
    },
    {
      "mode": "managed",
      "type": "aws_cloudwatch_log_group",
      "name": "collision_data_processing_pipeline_engineering_cc001_lambda_victim_processor_3_lg",
      "provider": "provider[\"registry.terraform.io/hashicorp/aws\"]",
      "instances": [
        {
          "schema_version": 0,
          "attributes": {
            "arn": "arn:aws:logs:us-east-1:602963248309:log-group:/aws/lambda/collision-data-processing-pipeline-engineering-cc001-lam-cdf1b1b",
            "id": "/aws/lambda/collision-data-processing-pipeline-engineering-cc001-lam-cdf1b1b",
            "kms_key_id": "",
            "log_group_class": "STANDARD",
            "name": "/aws/lambda/collision-data-processing-pipeline-engineering-cc001-lam-cdf1b1b",
            "name_prefix": "",
            "retention_in_days": 7,
            "skip_destroy": false,
            "tags": {
              "BusinessUnit": "engineering",
              "CostCenter": "cc001",
              "ManagedBy": "aws-pipeline-engine",
              "Pipeline": "collision_data_processing_pipeline"
            },
            "tags_all": {
              "BusinessUnit": "engineering",
              "CostCenter": "cc001",
              "ManagedBy": "aws-pipeline-engine",
              "Pipeline": "collision_data_processing_pipeline"
            }
          },
          "sensitive_attributes": [],
          "private": "bnVsbA=="
        }
      ]
    },
    {
      "mode": "managed",
      "type": "aws_glue_catalog_database",
      "name": "collision_data_processing_pipeline_engineering_cc001_glue_data_catalog_case_staging_table_7",
      "provider": "provider[\"registry.terraform.io/hashicorp/aws\"]",
      "instances": [
        {
          "schema_version": 0,
          "attributes": {
            "arn": "arn:aws:glue:us-east-1:602963248309:database/collision_data_processing_pipeline_engineering_cc001_gl_dbad692",
            "catalog_id": "602963248309",
            "create_table_default_permission": [
              {
                "permissions": [
                  "ALL"
                ],
                "principal": [
                  {
                    "data_lake_principal_identifier": "IAM_ALLOWED_PRINCIPALS"
                  }
                ]
              }
            ],
            "description": "Glue Data Catalog database",
            "federated_database": [],
            "id": "602963248309:collision_data_processing_pipeline_engineering_cc001_gl_dbad692",
            "location_uri": "",
            "name": "collision_data_processing_pipeline_engineering_cc001_gl_dbad692",
            "parameters": null,
            "tags": null,
            "tags_all": {},
            "target_database": []
          },
          "sensitive_attributes": [],
          "private": "bnVsbA=="
        }
      ]
    },
    {
      "mode": "managed",
      "type": "aws_glue_catalog_database",
      "name": "collision_data_processing_pipeline_engineering_cc001_glue_data_catalog_case_table_3",
      "provider": "provider[\"registry.terraform.io/hashicorp/aws\"]",
      "instances": [
        {
          "schema_version": 0,
          "attributes": {
            "arn": "arn:aws:glue:us-east-1:602963248309:database/collision_data_processing_pipeline_engineering_cc001_gl_719c299",
            "catalog_id": "602963248309",
            "create_table_default_permission": [
              {
                "permissions": [
                  "ALL"
                ],
                "principal": [
                  {
                    "data_lake_principal_identifier": "IAM_ALLOWED_PRINCIPALS"
                  }
                ]
              }
            ],
            "description": "Glue Data Catalog database",
            "federated_database": [],
            "id": "602963248309:collision_data_processing_pipeline_engineering_cc001_gl_719c299",
            "location_uri": "",
            "name": "collision_data_processing_pipeline_engineering_cc001_gl_719c299",
            "parameters": null,
            "tags": null,
            "tags_all": {},
            "target_database": []
          },
          "sensitive_attributes": [],
          "private": "bnVsbA=="
        }
      ]
    },
    {
      "mode": "managed",
      "type": "aws_glue_catalog_database",
      "name": "collision_data_processing_pipeline_engineering_cc001_glue_data_catalog_collision_analysis_database_1",
      "provider": "provider[\"registry.terraform.io/hashicorp/aws\"]",
      "instances": [
        {
          "schema_version": 0,
          "attributes": {
            "arn": "arn:aws:glue:us-east-1:602963248309:database/collision_data_processing_pipeline_engineering_cc001_gl_648200b",
            "catalog_id": "602963248309",
            "create_table_default_permission": [
              {
                "permissions": [
                  "ALL"
                ],
                "principal": [
                  {
                    "data_lake_principal_identifier": "IAM_ALLOWED_PRINCIPALS"
                  }
                ]
              }
            ],
            "description": "Glue Data Catalog database",
            "federated_database": [],
            "id": "602963248309:collision_data_processing_pipeline_engineering_cc001_gl_648200b",
            "location_uri": "",
            "name": "collision_data_processing_pipeline_engineering_cc001_gl_648200b",
            "parameters": null,
            "tags": null,
            "tags_all": {},
            "target_database": []
          },
          "sensitive_attributes": [],
          "private": "bnVsbA=="
        }
      ]
    },
    {
      "mode": "managed",
      "type": "aws_glue_catalog_database",
      "name": "collision_data_processing_pipeline_engineering_cc001_glue_data_catalog_collision_analysis_staging_database_2",
      "provider": "provider[\"registry.terraform.io/hashicorp/aws\"]",
      "instances": [
        {
          "schema_version": 0,
          "attributes": {
            "arn": "arn:aws:glue:us-east-1:602963248309:database/collision_data_processing_pipeline_engineering_cc001_gl_c1da729",
            "catalog_id": "602963248309",
            "create_table_default_permission": [
              {
                "permissions": [
                  "ALL"
                ],
                "principal": [
                  {
                    "data_lake_principal_identifier": "IAM_ALLOWED_PRINCIPALS"
                  }
                ]
              }
            ],
            "description": "Glue Data Catalog database",
            "federated_database": [],
            "id": "602963248309:collision_data_processing_pipeline_engineering_cc001_gl_c1da729",
            "location_uri": "",
            "name": "collision_data_processing_pipeline_engineering_cc001_gl_c1da729",
            "parameters": null,
            "tags": null,
            "tags_all": {},
            "target_database": []
          },
          "sensitive_attributes": [],
          "private": "bnVsbA=="
        }
      ]
    },
    {
      "mode": "managed",
      "type": "aws_glue_catalog_database",
      "name": "collision_data_processing_pipeline_engineering_cc001_glue_data_catalog_collision_staging_table_10",
      "provider": "provider[\"registry.terraform.io/hashicorp/aws\"]",
      "instances": [
        {
          "schema_version": 0,
          "attributes": {
            "arn": "arn:aws:glue:us-east-1:602963248309:database/collision_data_processing_pipeline_engineering_cc001_gl_26ff731",
            "catalog_id": "602963248309",
            "create_table_default_permission": [
              {
                "permissions": [
                  "ALL"
                ],
                "principal": [
                  {
                    "data_lake_principal_identifier": "IAM_ALLOWED_PRINCIPALS"
                  }
                ]
              }
            ],
            "description": "Glue Data Catalog database",
            "federated_database": [],
            "id": "602963248309:collision_data_processing_pipeline_engineering_cc001_gl_26ff731",
            "location_uri": "",
            "name": "collision_data_processing_pipeline_engineering_cc001_gl_26ff731",
            "parameters": null,
            "tags": null,
            "tags_all": {},
            "target_database": []
          },
          "sensitive_attributes": [],
          "private": "bnVsbA=="
        }
      ]
    },
    {
      "mode": "managed",
      "type": "aws_glue_catalog_database",
      "name": "collision_data_processing_pipeline_engineering_cc001_glue_data_catalog_collision_table_6",
      "provider": "provider[\"registry.terraform.io/hashicorp/aws\"]",
      "instances": [
        {
          "schema_version": 0,
          "attributes": {
            "arn": "arn:aws:glue:us-east-1:602963248309:database/collision_data_processing_pipeline_engineering_cc001_gl_998f77e",
            "catalog_id": "602963248309",
            "create_table_default_permission": [
              {
                "permissions": [
                  "ALL"
                ],
                "principal": [
                  {
                    "data_lake_principal_identifier": "IAM_ALLOWED_PRINCIPALS"
                  }
                ]
              }
            ],
            "description": "Glue Data Catalog database",
            "federated_database": [],
            "id": "602963248309:collision_data_processing_pipeline_engineering_cc001_gl_998f77e",
            "location_uri": "",
            "name": "collision_data_processing_pipeline_engineering_cc001_gl_998f77e",
            "parameters": null,
            "tags": null,
            "tags_all": {},
            "target_database": []
          },
          "sensitive_attributes": [],
          "private": "bnVsbA=="
        }
      ]
    },
    {
      "mode": "managed",
      "type": "aws_glue_catalog_database",
      "name": "collision_data_processing_pipeline_engineering_cc001_glue_data_catalog_party_staging_table_8",
      "provider": "provider[\"registry.terraform.io/hashicorp/aws\"]",
      "instances": [
        {
          "schema_version": 0,
          "attributes": {
            "arn": "arn:aws:glue:us-east-1:602963248309:database/collision_data_processing_pipeline_engineering_cc001_gl_14cd24a",
            "catalog_id": "602963248309",
            "create_table_default_permission": [
              {
                "permissions": [
                  "ALL"
                ],
                "principal": [
                  {
                    "data_lake_principal_identifier": "IAM_ALLOWED_PRINCIPALS"
                  }
                ]
              }
            ],
            "description": "Glue Data Catalog database",
            "federated_database": [],
            "id": "602963248309:collision_data_processing_pipeline_engineering_cc001_gl_14cd24a",
            "location_uri": "",
            "name": "collision_data_processing_pipeline_engineering_cc001_gl_14cd24a",
            "parameters": null,
            "tags": null,
            "tags_all": {},
            "target_database": []
          },
          "sensitive_attributes": [],
          "private": "bnVsbA=="
        }
      ]
    },
    {
      "mode": "managed",
      "type": "aws_glue_catalog_database",
      "name": "collision_data_processing_pipeline_engineering_cc001_glue_data_catalog_party_table_4",
      "provider": "provider[\"registry.terraform.io/hashicorp/aws\"]",
      "instances": [
        {
          "schema_version": 0,
          "attributes": {
            "arn": "arn:aws:glue:us-east-1:602963248309:database/collision_data_processing_pipeline_engineering_cc001_gl_2993f38",
            "catalog_id": "602963248309",
            "create_table_default_permission": [
              {
                "permissions": [
                  "ALL"
                ],
                "principal": [
                  {
                    "data_lake_principal_identifier": "IAM_ALLOWED_PRINCIPALS"
                  }
                ]
              }
            ],
            "description": "Glue Data Catalog database",
            "federated_database": [],
            "id": "602963248309:collision_data_processing_pipeline_engineering_cc001_gl_2993f38",
            "location_uri": "",
            "name": "collision_data_processing_pipeline_engineering_cc001_gl_2993f38",
            "parameters": null,
            "tags": null,
            "tags_all": {},
            "target_database": []
          },
          "sensitive_attributes": [],
          "private": "bnVsbA=="
        }
      ]
    },
    {
      "mode": "managed",
      "type": "aws_glue_catalog_database",
      "name": "collision_data_processing_pipeline_engineering_cc001_glue_data_catalog_victim_staging_table_9",
      "provider": "provider[\"registry.terraform.io/hashicorp/aws\"]",
      "instances": [
        {
          "schema_version": 0,
          "attributes": {
            "arn": "arn:aws:glue:us-east-1:602963248309:database/collision_data_processing_pipeline_engineering_cc001_gl_2c1e178",
            "catalog_id": "602963248309",
            "create_table_default_permission": [
              {
                "permissions": [
                  "ALL"
                ],
                "principal": [
                  {
                    "data_lake_principal_identifier": "IAM_ALLOWED_PRINCIPALS"
                  }
                ]
              }
            ],
            "description": "Glue Data Catalog database",
            "federated_database": [],
            "id": "602963248309:collision_data_processing_pipeline_engineering_cc001_gl_2c1e178",
            "location_uri": "",
            "name": "collision_data_processing_pipeline_engineering_cc001_gl_2c1e178",
            "parameters": null,
            "tags": null,
            "tags_all": {},
            "target_database": []
          },
          "sensitive_attributes": [],
          "private": "bnVsbA=="
        }
      ]
    },
    {
      "mode": "managed",
      "type": "aws_glue_catalog_database",
      "name": "collision_data_processing_pipeline_engineering_cc001_glue_data_catalog_victim_table_5",
      "provider": "provider[\"registry.terraform.io/hashicorp/aws\"]",
      "instances": [
        {
          "schema_version": 0,
          "attributes": {
            "arn": "arn:aws:glue:us-east-1:602963248309:database/collision_data_processing_pipeline_engineering_cc001_gl_1494986",
            "catalog_id": "602963248309",
            "create_table_default_permission": [
              {
                "permissions": [
                  "ALL"
                ],
                "principal": [
                  {
                    "data_lake_principal_identifier": "IAM_ALLOWED_PRINCIPALS"
                  }
                ]
              }
            ],
            "description": "Glue Data Catalog database",
            "federated_database": [],
            "id": "602963248309:collision_data_processing_pipeline_engineering_cc001_gl_1494986",
            "location_uri": "",
            "name": "collision_data_processing_pipeline_engineering_cc001_gl_1494986",
            "parameters": null,
            "tags": null,
            "tags_all": {},
            "target_database": []
          },
          "sensitive_attributes": [],
          "private": "bnVsbA=="
        }
      ]
    },
    {
      "mode": "managed",
      "type": "aws_iam_role",
      "name": "collision_data_processing_pipeline_engineering_cc001_lambda_case_processor_1_role",
      "provider": "provider[\"registry.terraform.io/hashicorp/aws\"]",
      "instances": [
        {
          "schema_version": 0,
          "attributes": {
            "arn": "arn:aws:iam::602963248309:role/collision-data-processing-pipeline-engineering-cc00-47738ba-role",
            "assume_role_policy": "{\"Statement\":[{\"Action\":\"sts:AssumeRole\",\"Effect\":\"Allow\",\"Principal\":{\"Service\":\"lambda.amazonaws.com\"}}],\"Version\":\"2012-10-17\"}",
            "create_date": "2026-04-22T05:58:59Z",
            "description": "",
            "force_detach_policies": false,
            "id": "collision-data-processing-pipeline-engineering-cc00-47738ba-role",
            "inline_policy": [],
            "managed_policy_arns": [],
            "max_session_duration": 3600,
            "name": "collision-data-processing-pipeline-engineering-cc00-47738ba-role",
            "name_prefix": "",
            "path": "/",
            "permissions_boundary": "",
            "tags": {
              "BusinessUnit": "engineering",
              "CostCenter": "cc001",
              "ManagedBy": "aws-pipeline-engine",
              "Pipeline": "collision_data_processing_pipeline"
            },
            "tags_all": {
              "BusinessUnit": "engineering",
              "CostCenter": "cc001",
              "ManagedBy": "aws-pipeline-engine",
              "Pipeline": "collision_data_processing_pipeline"
            },
            "unique_id": "AROAYYY3JAS23FPN6IJPK"
          },
          "sensitive_attributes": [],
          "private": "bnVsbA=="
        }
      ]
    },
    {
      "mode": "managed",
      "type": "aws_iam_role",
      "name": "collision_data_processing_pipeline_engineering_cc001_lambda_collision_processor_4_role",
      "provider": "provider[\"registry.terraform.io/hashicorp/aws\"]",
      "instances": [
        {
          "schema_version": 0,
          "attributes": {
            "arn": "arn:aws:iam::602963248309:role/collision-data-processing-pipeline-engineering-cc00-e51a3c7-role",
            "assume_role_policy": "{\"Statement\":[{\"Action\":\"sts:AssumeRole\",\"Effect\":\"Allow\",\"Principal\":{\"Service\":\"lambda.amazonaws.com\"}}],\"Version\":\"2012-10-17\"}",
            "create_date": "2026-04-22T05:59:00Z",
            "description": "",
            "force_detach_policies": false,
            "id": "collision-data-processing-pipeline-engineering-cc00-e51a3c7-role",
            "inline_policy": [],
            "managed_policy_arns": [],
            "max_session_duration": 3600,
            "name": "collision-data-processing-pipeline-engineering-cc00-e51a3c7-role",
            "name_prefix": "",
            "path": "/",
            "permissions_boundary": "",
            "tags": {
              "BusinessUnit": "engineering",
              "CostCenter": "cc001",
              "ManagedBy": "aws-pipeline-engine",
              "Pipeline": "collision_data_processing_pipeline"
            },
            "tags_all": {
              "BusinessUnit": "engineering",
              "CostCenter": "cc001",
              "ManagedBy": "aws-pipeline-engine",
              "Pipeline": "collision_data_processing_pipeline"
            },
            "unique_id": "AROAYYY3JAS23VMUTU7QE"
          },
          "sensitive_attributes": [],
          "private": "bnVsbA=="
        }
      ]
    },
    {
      "mode": "managed",
      "type": "aws_iam_role",
      "name": "collision_data_processing_pipeline_engineering_cc001_lambda_party_processor_2_role",
      "provider": "provider[\"registry.terraform.io/hashicorp/aws\"]",
      "instances": [
        {
          "schema_version": 0,
          "attributes": {
            "arn": "arn:aws:iam::602963248309:role/collision-data-processing-pipeline-engineering-cc00-8fb88bb-role",
            "assume_role_policy": "{\"Statement\":[{\"Action\":\"sts:AssumeRole\",\"Effect\":\"Allow\",\"Principal\":{\"Service\":\"lambda.amazonaws.com\"}}],\"Version\":\"2012-10-17\"}",
            "create_date": "2026-04-22T05:59:00Z",
            "description": "",
            "force_detach_policies": false,
            "id": "collision-data-processing-pipeline-engineering-cc00-8fb88bb-role",
            "inline_policy": [],
            "managed_policy_arns": [],
            "max_session_duration": 3600,
            "name": "collision-data-processing-pipeline-engineering-cc00-8fb88bb-role",
            "name_prefix": "",
            "path": "/",
            "permissions_boundary": "",
            "tags": {
              "BusinessUnit": "engineering",
              "CostCenter": "cc001",
              "ManagedBy": "aws-pipeline-engine",
              "Pipeline": "collision_data_processing_pipeline"
            },
            "tags_all": {
              "BusinessUnit": "engineering",
              "CostCenter": "cc001",
              "ManagedBy": "aws-pipeline-engine",
              "Pipeline": "collision_data_processing_pipeline"
            },
            "unique_id": "AROAYYY3JAS22BBW3FBAH"
          },
          "sensitive_attributes": [],
          "private": "bnVsbA=="
        }
      ]
    },
    {
      "mode": "managed",
      "type": "aws_iam_role",
      "name": "collision_data_processing_pipeline_engineering_cc001_lambda_victim_processor_3_role",
      "provider": "provider[\"registry.terraform.io/hashicorp/aws\"]",
      "instances": [
        {
          "schema_version": 0,
          "attributes": {
            "arn": "arn:aws:iam::602963248309:role/collision-data-processing-pipeline-engineering-cc00-f2badfd-role",
            "assume_role_policy": "{\"Statement\":[{\"Action\":\"sts:AssumeRole\",\"Effect\":\"Allow\",\"Principal\":{\"Service\":\"lambda.amazonaws.com\"}}],\"Version\":\"2012-10-17\"}",
            "create_date": "2026-04-22T05:59:00Z",
            "description": "",
            "force_detach_policies": false,
            "id": "collision-data-processing-pipeline-engineering-cc00-f2badfd-role",
            "inline_policy": [],
            "managed_policy_arns": [],
            "max_session_duration": 3600,
            "name": "collision-data-processing-pipeline-engineering-cc00-f2badfd-role",
            "name_prefix": "",
            "path": "/",
            "permissions_boundary": "",
            "tags": {
              "BusinessUnit": "engineering",
              "CostCenter": "cc001",
              "ManagedBy": "aws-pipeline-engine",
              "Pipeline": "collision_data_processing_pipeline"
            },
            "tags_all": {
              "BusinessUnit": "engineering",
              "CostCenter": "cc001",
              "ManagedBy": "aws-pipeline-engine",
              "Pipeline": "collision_data_processing_pipeline"
            },
            "unique_id": "AROAYYY3JAS23MLUZVTXP"
          },
          "sensitive_attributes": [],
          "private": "bnVsbA=="
        }
      ]
    },
    {
      "mode": "managed",
      "type": "aws_iam_role_policy",
      "name": "collision_data_processing_pipeline_engineering_cc001_lambda_case_processor_1_policy",
      "provider": "provider[\"registry.terraform.io/hashicorp/aws\"]",
      "instances": [
        {
          "schema_version": 0,
          "attributes": {
            "id": "collision-data-processing-pipeline-engineering-cc00-47738ba-role:collision-data-processing-pipeline-engineering-cc-47738ba-policy",
            "name": "collision-data-processing-pipeline-engineering-cc-47738ba-policy",
            "name_prefix": "",
            "policy": "{\"Version\":\"2012-10-17\",\"Statement\":[{\"Action\":[\"logs:CreateLogGroup\",\"logs:CreateLogStream\",\"logs:PutLogEvents\",\"s3:GetObject\",\"s3:ListBucket\",\"s3:PutObject\",\"s3:DeleteObject\"],\"Effect\":\"Allow\",\"Resource\":\"*\"}]}",
            "role": "collision-data-processing-pipeline-engineering-cc00-47738ba-role"
          },
          "sensitive_attributes": [],
          "private": "bnVsbA==",
          "dependencies": [
            "aws_iam_role.collision_data_processing_pipeline_engineering_cc001_lambda_case_processor_1_role"
          ]
        }
      ]
    },
    {
      "mode": "managed",
      "type": "aws_iam_role_policy",
      "name": "collision_data_processing_pipeline_engineering_cc001_lambda_collision_processor_4_policy",
      "provider": "provider[\"registry.terraform.io/hashicorp/aws\"]",
      "instances": [
        {
          "schema_version": 0,
          "attributes": {
            "id": "collision-data-processing-pipeline-engineering-cc00-e51a3c7-role:collision-data-processing-pipeline-engineering-cc-e51a3c7-policy",
            "name": "collision-data-processing-pipeline-engineering-cc-e51a3c7-policy",
            "name_prefix": "",
            "policy": "{\"Version\":\"2012-10-17\",\"Statement\":[{\"Action\":[\"logs:CreateLogGroup\",\"logs:CreateLogStream\",\"logs:PutLogEvents\",\"s3:GetObject\",\"s3:ListBucket\",\"s3:PutObject\",\"s3:DeleteObject\"],\"Effect\":\"Allow\",\"Resource\":\"*\"}]}",
            "role": "collision-data-processing-pipeline-engineering-cc00-e51a3c7-role"
          },
          "sensitive_attributes": [],
          "private": "bnVsbA==",
          "dependencies": [
            "aws_iam_role.collision_data_processing_pipeline_engineering_cc001_lambda_collision_processor_4_role"
          ]
        }
      ]
    },
    {
      "mode": "managed",
      "type": "aws_iam_role_policy",
      "name": "collision_data_processing_pipeline_engineering_cc001_lambda_party_processor_2_policy",
      "provider": "provider[\"registry.terraform.io/hashicorp/aws\"]",
      "instances": [
        {
          "schema_version": 0,
          "attributes": {
            "id": "collision-data-processing-pipeline-engineering-cc00-8fb88bb-role:collision-data-processing-pipeline-engineering-cc-8fb88bb-policy",
            "name": "collision-data-processing-pipeline-engineering-cc-8fb88bb-policy",
            "name_prefix": "",
            "policy": "{\"Version\":\"2012-10-17\",\"Statement\":[{\"Action\":[\"logs:CreateLogGroup\",\"logs:CreateLogStream\",\"logs:PutLogEvents\",\"s3:GetObject\",\"s3:ListBucket\",\"s3:PutObject\",\"s3:DeleteObject\"],\"Effect\":\"Allow\",\"Resource\":\"*\"}]}",
            "role": "collision-data-processing-pipeline-engineering-cc00-8fb88bb-role"
          },
          "sensitive_attributes": [],
          "private": "bnVsbA==",
          "dependencies": [
            "aws_iam_role.collision_data_processing_pipeline_engineering_cc001_lambda_party_processor_2_role"
          ]
        }
      ]
    },
    {
      "mode": "managed",
      "type": "aws_iam_role_policy",
      "name": "collision_data_processing_pipeline_engineering_cc001_lambda_victim_processor_3_policy",
      "provider": "provider[\"registry.terraform.io/hashicorp/aws\"]",
      "instances": [
        {
          "schema_version": 0,
          "attributes": {
            "id": "collision-data-processing-pipeline-engineering-cc00-f2badfd-role:collision-data-processing-pipeline-engineering-cc-f2badfd-policy",
            "name": "collision-data-processing-pipeline-engineering-cc-f2badfd-policy",
            "name_prefix": "",
            "policy": "{\"Version\":\"2012-10-17\",\"Statement\":[{\"Action\":[\"logs:CreateLogGroup\",\"logs:CreateLogStream\",\"logs:PutLogEvents\",\"s3:GetObject\",\"s3:ListBucket\",\"s3:PutObject\",\"s3:DeleteObject\"],\"Effect\":\"Allow\",\"Resource\":\"*\"}]}",
            "role": "collision-data-processing-pipeline-engineering-cc00-f2badfd-role"
          },
          "sensitive_attributes": [],
          "private": "bnVsbA==",
          "dependencies": [
            "aws_iam_role.collision_data_processing_pipeline_engineering_cc001_lambda_victim_processor_3_role"
          ]
        }
      ]
    },
    {
      "mode": "managed",
      "type": "aws_lambda_function",
      "name": "collision_data_processing_pipeline_engineering_cc001_lambda_case_processor_1",
      "provider": "provider[\"registry.terraform.io/hashicorp/aws\"]",
      "instances": [
        {
          "schema_version": 0,
          "attributes": {
            "architectures": [
              "x86_64"
            ],
            "arn": "arn:aws:lambda:us-east-1:602963248309:function:collision-data-processing-pipeline-engineering-cc001-lam-ad57451",
            "code_sha256": "LmcgHcF2xlW0KH/h8do1eRPlc9I5gAA6/LTH/6iiCAM=",
            "code_signing_config_arn": "",
            "dead_letter_config": [],
            "description": "",
            "environment": [
              {
                "variables": {
                  "TGT_BUCKET_BUCKET": "collision-data-processing-pipeline-engineering-cc001-s3-366ab24"
                }
              }
            ],
            "ephemeral_storage": [
              {
                "size": 512
              }
            ],
            "file_system_config": [],
            "filename": "./collision_data_processing_pipeline_engineering_cc001_lambda_case_processor_1_placeholder.zip",
            "function_name": "collision-data-processing-pipeline-engineering-cc001-lam-ad57451",
            "handler": "index.handler",
            "id": "collision-data-processing-pipeline-engineering-cc001-lam-ad57451",
            "image_config": [],
            "image_uri": "",
            "invoke_arn": "arn:aws:apigateway:us-east-1:lambda:path/2015-03-31/functions/arn:aws:lambda:us-east-1:602963248309:function:collision-data-processing-pipeline-engineering-cc001-lam-ad57451/invocations",
            "kms_key_arn": "",
            "last_modified": "2026-04-22T05:59:27.272+0000",
            "layers": null,
            "logging_config": [
              {
                "application_log_level": "",
                "log_format": "Text",
                "log_group": "/aws/lambda/collision-data-processing-pipeline-engineering-cc001-lam-ad57451",
                "system_log_level": ""
              }
            ],
            "memory_size": 512,
            "package_type": "Zip",
            "publish": false,
            "qualified_arn": "arn:aws:lambda:us-east-1:602963248309:function:collision-data-processing-pipeline-engineering-cc001-lam-ad57451:$LATEST",
            "qualified_invoke_arn": "arn:aws:apigateway:us-east-1:lambda:path/2015-03-31/functions/arn:aws:lambda:us-east-1:602963248309:function:collision-data-processing-pipeline-engineering-cc001-lam-ad57451:$LATEST/invocations",
            "replace_security_groups_on_destroy": null,
            "replacement_security_group_ids": null,
            "reserved_concurrent_executions": -1,
            "role": "arn:aws:iam::602963248309:role/collision-data-processing-pipeline-engineering-cc00-47738ba-role",
            "runtime": "python3.12",
            "s3_bucket": null,
            "s3_key": null,
            "s3_object_version": null,
            "signing_job_arn": "",
            "signing_profile_version_arn": "",
            "skip_destroy": false,
            "snap_start": [],
            "source_code_hash": "LmcgHcF2xlW0KH/h8do1eRPlc9I5gAA6/LTH/6iiCAM=",
            "source_code_size": 195,
            "tags": {
              "BusinessUnit": "engineering",
              "CostCenter": "cc001",
              "ManagedBy": "aws-pipeline-engine",
              "Pipeline": "collision_data_processing_pipeline"
            },
            "tags_all": {
              "BusinessUnit": "engineering",
              "CostCenter": "cc001",
              "ManagedBy": "aws-pipeline-engine",
              "Pipeline": "collision_data_processing_pipeline"
            },
            "timeout": 300,
            "timeouts": null,
            "tracing_config": [
              {
                "mode": "PassThrough"
              }
            ],
            "version": "$LATEST",
            "vpc_config": []
          },
          "sensitive_attributes": [],
          "private": "eyJlMmJmYjczMC1lY2FhLTExZTYtOGY4OC0zNDM2M2JjN2M0YzAiOnsiY3JlYXRlIjo2MDAwMDAwMDAwMDAsImRlbGV0ZSI6NjAwMDAwMDAwMDAwLCJ1cGRhdGUiOjYwMDAwMDAwMDAwMH19",
          "dependencies": [
            "aws_cloudwatch_log_group.collision_data_processing_pipeline_engineering_cc001_lambda_case_processor_1_lg",
            "aws_iam_role.collision_data_processing_pipeline_engineering_cc001_lambda_case_processor_1_role",
            "aws_s3_bucket.collision_data_processing_pipeline_engineering_cc001_s3_tgt_bucket_2",
            "data.archive_file.collision_data_processing_pipeline_engineering_cc001_lambda_case_processor_1_placeholder"
          ]
        }
      ]
    },
    {
      "mode": "managed",
      "type": "aws_lambda_function",
      "name": "collision_data_processing_pipeline_engineering_cc001_lambda_collision_processor_4",
      "provider": "provider[\"registry.terraform.io/hashicorp/aws\"]",
      "instances": [
        {
          "schema_version": 0,
          "attributes": {
            "architectures": [
              "x86_64"
            ],
            "arn": "arn:aws:lambda:us-east-1:602963248309:function:collision-data-processing-pipeline-engineering-cc001-lam-a3bf961",
            "code_sha256": "LmcgHcF2xlW0KH/h8do1eRPlc9I5gAA6/LTH/6iiCAM=",
            "code_signing_config_arn": "",
            "dead_letter_config": [],
            "description": "",
            "environment": [
              {
                "variables": {
                  "TGT_BUCKET_BUCKET": "collision-data-processing-pipeline-engineering-cc001-s3-366ab24"
                }
              }
            ],
            "ephemeral_storage": [
              {
                "size": 512
              }
            ],
            "file_system_config": [],
            "filename": "./collision_data_processing_pipeline_engineering_cc001_lambda_collision_processor_4_placeholder.zip",
            "function_name": "collision-data-processing-pipeline-engineering-cc001-lam-a3bf961",
            "handler": "index.handler",
            "id": "collision-data-processing-pipeline-engineering-cc001-lam-a3bf961",
            "image_config": [],
            "image_uri": "",
            "invoke_arn": "arn:aws:apigateway:us-east-1:lambda:path/2015-03-31/functions/arn:aws:lambda:us-east-1:602963248309:function:collision-data-processing-pipeline-engineering-cc001-lam-a3bf961/invocations",
            "kms_key_arn": "",
            "last_modified": "2026-04-22T05:59:35.205+0000",
            "layers": null,
            "logging_config": [
              {
                "application_log_level": "",
                "log_format": "Text",
                "log_group": "/aws/lambda/collision-data-processing-pipeline-engineering-cc001-lam-a3bf961",
                "system_log_level": ""
              }
            ],
            "memory_size": 512,
            "package_type": "Zip",
            "publish": false,
            "qualified_arn": "arn:aws:lambda:us-east-1:602963248309:function:collision-data-processing-pipeline-engineering-cc001-lam-a3bf961:$LATEST",
            "qualified_invoke_arn": "arn:aws:apigateway:us-east-1:lambda:path/2015-03-31/functions/arn:aws:lambda:us-east-1:602963248309:function:collision-data-processing-pipeline-engineering-cc001-lam-a3bf961:$LATEST/invocations",
            "replace_security_groups_on_destroy": null,
            "replacement_security_group_ids": null,
            "reserved_concurrent_executions": -1,
            "role": "arn:aws:iam::602963248309:role/collision-data-processing-pipeline-engineering-cc00-e51a3c7-role",
            "runtime": "python3.12",
            "s3_bucket": null,
            "s3_key": null,
            "s3_object_version": null,
            "signing_job_arn": "",
            "signing_profile_version_arn": "",
            "skip_destroy": false,
            "snap_start": [],
            "source_code_hash": "LmcgHcF2xlW0KH/h8do1eRPlc9I5gAA6/LTH/6iiCAM=",
            "source_code_size": 195,
            "tags": {
              "BusinessUnit": "engineering",
              "CostCenter": "cc001",
              "ManagedBy": "aws-pipeline-engine",
              "Pipeline": "collision_data_processing_pipeline"
            },
            "tags_all": {
              "BusinessUnit": "engineering",
              "CostCenter": "cc001",
              "ManagedBy": "aws-pipeline-engine",
              "Pipeline": "collision_data_processing_pipeline"
            },
            "timeout": 300,
            "timeouts": null,
            "tracing_config": [
              {
                "mode": "PassThrough"
              }
            ],
            "version": "$LATEST",
            "vpc_config": []
          },
          "sensitive_attributes": [],
          "private": "eyJlMmJmYjczMC1lY2FhLTExZTYtOGY4OC0zNDM2M2JjN2M0YzAiOnsiY3JlYXRlIjo2MDAwMDAwMDAwMDAsImRlbGV0ZSI6NjAwMDAwMDAwMDAwLCJ1cGRhdGUiOjYwMDAwMDAwMDAwMH19",
          "dependencies": [
            "aws_cloudwatch_log_group.collision_data_processing_pipeline_engineering_cc001_lambda_collision_processor_4_lg",
            "aws_iam_role.collision_data_processing_pipeline_engineering_cc001_lambda_collision_processor_4_role",
            "aws_s3_bucket.collision_data_processing_pipeline_engineering_cc001_s3_tgt_bucket_2",
            "data.archive_file.collision_data_processing_pipeline_engineering_cc001_lambda_collision_processor_4_placeholder"
          ]
        }
      ]
    },
    {
      "mode": "managed",
      "type": "aws_lambda_function",
      "name": "collision_data_processing_pipeline_engineering_cc001_lambda_party_processor_2",
      "provider": "provider[\"registry.terraform.io/hashicorp/aws\"]",
      "instances": [
        {
          "schema_version": 0,
          "attributes": {
            "architectures": [
              "x86_64"
            ],
            "arn": "arn:aws:lambda:us-east-1:602963248309:function:collision-data-processing-pipeline-engineering-cc001-lam-30625e9",
            "code_sha256": "LmcgHcF2xlW0KH/h8do1eRPlc9I5gAA6/LTH/6iiCAM=",
            "code_signing_config_arn": "",
            "dead_letter_config": [],
            "description": "",
            "environment": [
              {
                "variables": {
                  "TGT_BUCKET_BUCKET": "collision-data-processing-pipeline-engineering-cc001-s3-366ab24"
                }
              }
            ],
            "ephemeral_storage": [
              {
                "size": 512
              }
            ],
            "file_system_config": [],
            "filename": "./collision_data_processing_pipeline_engineering_cc001_lambda_party_processor_2_placeholder.zip",
            "function_name": "collision-data-processing-pipeline-engineering-cc001-lam-30625e9",
            "handler": "index.handler",
            "id": "collision-data-processing-pipeline-engineering-cc001-lam-30625e9",
            "image_config": [],
            "image_uri": "",
            "invoke_arn": "arn:aws:apigateway:us-east-1:lambda:path/2015-03-31/functions/arn:aws:lambda:us-east-1:602963248309:function:collision-data-processing-pipeline-engineering-cc001-lam-30625e9/invocations",
            "kms_key_arn": "",
            "last_modified": "2026-04-22T05:59:18.692+0000",
            "layers": null,
            "logging_config": [
              {
                "application_log_level": "",
                "log_format": "Text",
                "log_group": "/aws/lambda/collision-data-processing-pipeline-engineering-cc001-lam-30625e9",
                "system_log_level": ""
              }
            ],
            "memory_size": 512,
            "package_type": "Zip",
            "publish": false,
            "qualified_arn": "arn:aws:lambda:us-east-1:602963248309:function:collision-data-processing-pipeline-engineering-cc001-lam-30625e9:$LATEST",
            "qualified_invoke_arn": "arn:aws:apigateway:us-east-1:lambda:path/2015-03-31/functions/arn:aws:lambda:us-east-1:602963248309:function:collision-data-processing-pipeline-engineering-cc001-lam-30625e9:$LATEST/invocations",
            "replace_security_groups_on_destroy": null,
            "replacement_security_group_ids": null,
            "reserved_concurrent_executions": -1,
            "role": "arn:aws:iam::602963248309:role/collision-data-processing-pipeline-engineering-cc00-8fb88bb-role",
            "runtime": "python3.12",
            "s3_bucket": null,
            "s3_key": null,
            "s3_object_version": null,
            "signing_job_arn": "",
            "signing_profile_version_arn": "",
            "skip_destroy": false,
            "snap_start": [],
            "source_code_hash": "LmcgHcF2xlW0KH/h8do1eRPlc9I5gAA6/LTH/6iiCAM=",
            "source_code_size": 195,
            "tags": {
              "BusinessUnit": "engineering",
              "CostCenter": "cc001",
              "ManagedBy": "aws-pipeline-engine",
              "Pipeline": "collision_data_processing_pipeline"
            },
            "tags_all": {
              "BusinessUnit": "engineering",
              "CostCenter": "cc001",
              "ManagedBy": "aws-pipeline-engine",
              "Pipeline": "collision_data_processing_pipeline"
            },
            "timeout": 300,
            "timeouts": null,
            "tracing_config": [
              {
                "mode": "PassThrough"
              }
            ],
            "version": "$LATEST",
            "vpc_config": []
          },
          "sensitive_attributes": [],
          "private": "eyJlMmJmYjczMC1lY2FhLTExZTYtOGY4OC0zNDM2M2JjN2M0YzAiOnsiY3JlYXRlIjo2MDAwMDAwMDAwMDAsImRlbGV0ZSI6NjAwMDAwMDAwMDAwLCJ1cGRhdGUiOjYwMDAwMDAwMDAwMH19",
          "dependencies": [
            "aws_cloudwatch_log_group.collision_data_processing_pipeline_engineering_cc001_lambda_party_processor_2_lg",
            "aws_iam_role.collision_data_processing_pipeline_engineering_cc001_lambda_party_processor_2_role",
            "aws_s3_bucket.collision_data_processing_pipeline_engineering_cc001_s3_tgt_bucket_2",
            "data.archive_file.collision_data_processing_pipeline_engineering_cc001_lambda_party_processor_2_placeholder"
          ]
        }
      ]
    },
    {
      "mode": "managed",
      "type": "aws_lambda_function",
      "name": "collision_data_processing_pipeline_engineering_cc001_lambda_victim_processor_3",
      "provider": "provider[\"registry.terraform.io/hashicorp/aws\"]",
      "instances": [
        {
          "schema_version": 0,
          "attributes": {
            "architectures": [
              "x86_64"
            ],
            "arn": "arn:aws:lambda:us-east-1:602963248309:function:collision-data-processing-pipeline-engineering-cc001-lam-cdf1b1b",
            "code_sha256": "LmcgHcF2xlW0KH/h8do1eRPlc9I5gAA6/LTH/6iiCAM=",
            "code_signing_config_arn": "",
            "dead_letter_config": [],
            "description": "",
            "environment": [
              {
                "variables": {
                  "TGT_BUCKET_BUCKET": "collision-data-processing-pipeline-engineering-cc001-s3-366ab24"
                }
              }
            ],
            "ephemeral_storage": [
              {
                "size": 512
              }
            ],
            "file_system_config": [],
            "filename": "./collision_data_processing_pipeline_engineering_cc001_lambda_victim_processor_3_placeholder.zip",
            "function_name": "collision-data-processing-pipeline-engineering-cc001-lam-cdf1b1b",
            "handler": "index.handler",
            "id": "collision-data-processing-pipeline-engineering-cc001-lam-cdf1b1b",
            "image_config": [],
            "image_uri": "",
            "invoke_arn": "arn:aws:apigateway:us-east-1:lambda:path/2015-03-31/functions/arn:aws:lambda:us-east-1:602963248309:function:collision-data-processing-pipeline-engineering-cc001-lam-cdf1b1b/invocations",
            "kms_key_arn": "",
            "last_modified": "2026-04-22T05:59:43.074+0000",
            "layers": null,
            "logging_config": [
              {
                "application_log_level": "",
                "log_format": "Text",
                "log_group": "/aws/lambda/collision-data-processing-pipeline-engineering-cc001-lam-cdf1b1b",
                "system_log_level": ""
              }
            ],
            "memory_size": 512,
            "package_type": "Zip",
            "publish": false,
            "qualified_arn": "arn:aws:lambda:us-east-1:602963248309:function:collision-data-processing-pipeline-engineering-cc001-lam-cdf1b1b:$LATEST",
            "qualified_invoke_arn": "arn:aws:apigateway:us-east-1:lambda:path/2015-03-31/functions/arn:aws:lambda:us-east-1:602963248309:function:collision-data-processing-pipeline-engineering-cc001-lam-cdf1b1b:$LATEST/invocations",
            "replace_security_groups_on_destroy": null,
            "replacement_security_group_ids": null,
            "reserved_concurrent_executions": -1,
            "role": "arn:aws:iam::602963248309:role/collision-data-processing-pipeline-engineering-cc00-f2badfd-role",
            "runtime": "python3.12",
            "s3_bucket": null,
            "s3_key": null,
            "s3_object_version": null,
            "signing_job_arn": "",
            "signing_profile_version_arn": "",
            "skip_destroy": false,
            "snap_start": [],
            "source_code_hash": "LmcgHcF2xlW0KH/h8do1eRPlc9I5gAA6/LTH/6iiCAM=",
            "source_code_size": 195,
            "tags": {
              "BusinessUnit": "engineering",
              "CostCenter": "cc001",
              "ManagedBy": "aws-pipeline-engine",
              "Pipeline": "collision_data_processing_pipeline"
            },
            "tags_all": {
              "BusinessUnit": "engineering",
              "CostCenter": "cc001",
              "ManagedBy": "aws-pipeline-engine",
              "Pipeline": "collision_data_processing_pipeline"
            },
            "timeout": 300,
            "timeouts": null,
            "tracing_config": [
              {
                "mode": "PassThrough"
              }
            ],
            "version": "$LATEST",
            "vpc_config": []
          },
          "sensitive_attributes": [],
          "private": "eyJlMmJmYjczMC1lY2FhLTExZTYtOGY4OC0zNDM2M2JjN2M0YzAiOnsiY3JlYXRlIjo2MDAwMDAwMDAwMDAsImRlbGV0ZSI6NjAwMDAwMDAwMDAwLCJ1cGRhdGUiOjYwMDAwMDAwMDAwMH19",
          "dependencies": [
            "aws_cloudwatch_log_group.collision_data_processing_pipeline_engineering_cc001_lambda_victim_processor_3_lg",
            "aws_iam_role.collision_data_processing_pipeline_engineering_cc001_lambda_victim_processor_3_role",
            "aws_s3_bucket.collision_data_processing_pipeline_engineering_cc001_s3_tgt_bucket_2",
            "data.archive_file.collision_data_processing_pipeline_engineering_cc001_lambda_victim_processor_3_placeholder"
          ]
        }
      ]
    },
    {
      "mode": "managed",
      "type": "aws_lambda_permission",
      "name": "collision_data_processing_pipeline_engineering_cc001_s3_src_bucket_1_invoke_collision_data_processing_pipeline_engineering_cc001_lambda_case_processor_1",
      "provider": "provider[\"registry.terraform.io/hashicorp/aws\"]",
      "instances": [
        {
          "schema_version": 0,
          "attributes": {
            "action": "lambda:InvokeFunction",
            "event_source_token": null,
            "function_name": "collision-data-processing-pipeline-engineering-cc001-lam-ad57451",
            "function_url_auth_type": null,
            "id": "AllowS3-collision_data_processing_pipeline_engineering_cc001_s3_src_bucket_1-collision_data-9ec038cf",
            "principal": "s3.amazonaws.com",
            "principal_org_id": null,
            "qualifier": "",
            "source_account": null,
            "source_arn": "arn:aws:s3:::collision-data-processing-pipeline-engineering-cc001-s3-cbb8af3",
            "statement_id": "AllowS3-collision_data_processing_pipeline_engineering_cc001_s3_src_bucket_1-collision_data-9ec038cf",
            "statement_id_prefix": ""
          },
          "sensitive_attributes": [],
          "private": "bnVsbA==",
          "dependencies": [
            "aws_cloudwatch_log_group.collision_data_processing_pipeline_engineering_cc001_lambda_case_processor_1_lg",
            "aws_iam_role.collision_data_processing_pipeline_engineering_cc001_lambda_case_processor_1_role",
            "aws_lambda_function.collision_data_processing_pipeline_engineering_cc001_lambda_case_processor_1",
            "aws_s3_bucket.collision_data_processing_pipeline_engineering_cc001_s3_src_bucket_1",
            "aws_s3_bucket.collision_data_processing_pipeline_engineering_cc001_s3_tgt_bucket_2",
            "data.archive_file.collision_data_processing_pipeline_engineering_cc001_lambda_case_processor_1_placeholder"
          ]
        }
      ]
    },
    {
      "mode": "managed",
      "type": "aws_lambda_permission",
      "name": "collision_data_processing_pipeline_engineering_cc001_s3_src_bucket_1_invoke_collision_data_processing_pipeline_engineering_cc001_lambda_collision_processor_4",
      "provider": "provider[\"registry.terraform.io/hashicorp/aws\"]",
      "instances": [
        {
          "schema_version": 0,
          "attributes": {
            "action": "lambda:InvokeFunction",
            "event_source_token": null,
            "function_name": "collision-data-processing-pipeline-engineering-cc001-lam-a3bf961",
            "function_url_auth_type": null,
            "id": "AllowS3-collision_data_processing_pipeline_engineering_cc001_s3_src_bucket_1-collision_data-b1747511",
            "principal": "s3.amazonaws.com",
            "principal_org_id": null,
            "qualifier": "",
            "source_account": null,
            "source_arn": "arn:aws:s3:::collision-data-processing-pipeline-engineering-cc001-s3-cbb8af3",
            "statement_id": "AllowS3-collision_data_processing_pipeline_engineering_cc001_s3_src_bucket_1-collision_data-b1747511",
            "statement_id_prefix": ""
          },
          "sensitive_attributes": [],
          "private": "bnVsbA==",
          "dependencies": [
            "aws_cloudwatch_log_group.collision_data_processing_pipeline_engineering_cc001_lambda_collision_processor_4_lg",
            "aws_iam_role.collision_data_processing_pipeline_engineering_cc001_lambda_collision_processor_4_role",
            "aws_lambda_function.collision_data_processing_pipeline_engineering_cc001_lambda_collision_processor_4",
            "aws_s3_bucket.collision_data_processing_pipeline_engineering_cc001_s3_src_bucket_1",
            "aws_s3_bucket.collision_data_processing_pipeline_engineering_cc001_s3_tgt_bucket_2",
            "data.archive_file.collision_data_processing_pipeline_engineering_cc001_lambda_collision_processor_4_placeholder"
          ]
        }
      ]
    },
    {
      "mode": "managed",
      "type": "aws_lambda_permission",
      "name": "collision_data_processing_pipeline_engineering_cc001_s3_src_bucket_1_invoke_collision_data_processing_pipeline_engineering_cc001_lambda_party_processor_2",
      "provider": "provider[\"registry.terraform.io/hashicorp/aws\"]",
      "instances": [
        {
          "schema_version": 0,
          "attributes": {
            "action": "lambda:InvokeFunction",
            "event_source_token": null,
            "function_name": "collision-data-processing-pipeline-engineering-cc001-lam-30625e9",
            "function_url_auth_type": null,
            "id": "AllowS3-collision_data_processing_pipeline_engineering_cc001_s3_src_bucket_1-collision_data-f62daa65",
            "principal": "s3.amazonaws.com",
            "principal_org_id": null,
            "qualifier": "",
            "source_account": null,
            "source_arn": "arn:aws:s3:::collision-data-processing-pipeline-engineering-cc001-s3-cbb8af3",
            "statement_id": "AllowS3-collision_data_processing_pipeline_engineering_cc001_s3_src_bucket_1-collision_data-f62daa65",
            "statement_id_prefix": ""
          },
          "sensitive_attributes": [],
          "private": "bnVsbA==",
          "dependencies": [
            "aws_cloudwatch_log_group.collision_data_processing_pipeline_engineering_cc001_lambda_party_processor_2_lg",
            "aws_iam_role.collision_data_processing_pipeline_engineering_cc001_lambda_party_processor_2_role",
            "aws_lambda_function.collision_data_processing_pipeline_engineering_cc001_lambda_party_processor_2",
            "aws_s3_bucket.collision_data_processing_pipeline_engineering_cc001_s3_src_bucket_1",
            "aws_s3_bucket.collision_data_processing_pipeline_engineering_cc001_s3_tgt_bucket_2",
            "data.archive_file.collision_data_processing_pipeline_engineering_cc001_lambda_party_processor_2_placeholder"
          ]
        }
      ]
    },
    {
      "mode": "managed",
      "type": "aws_lambda_permission",
      "name": "collision_data_processing_pipeline_engineering_cc001_s3_src_bucket_1_invoke_collision_data_processing_pipeline_engineering_cc001_lambda_victim_processor_3",
      "provider": "provider[\"registry.terraform.io/hashicorp/aws\"]",
      "instances": [
        {
          "schema_version": 0,
          "attributes": {
            "action": "lambda:InvokeFunction",
            "event_source_token": null,
            "function_name": "collision-data-processing-pipeline-engineering-cc001-lam-cdf1b1b",
            "function_url_auth_type": null,
            "id": "AllowS3-collision_data_processing_pipeline_engineering_cc001_s3_src_bucket_1-collision_data-70e6f67a",
            "principal": "s3.amazonaws.com",
            "principal_org_id": null,
            "qualifier": "",
            "source_account": null,
            "source_arn": "arn:aws:s3:::collision-data-processing-pipeline-engineering-cc001-s3-cbb8af3",
            "statement_id": "AllowS3-collision_data_processing_pipeline_engineering_cc001_s3_src_bucket_1-collision_data-70e6f67a",
            "statement_id_prefix": ""
          },
          "sensitive_attributes": [],
          "private": "bnVsbA==",
          "dependencies": [
            "aws_cloudwatch_log_group.collision_data_processing_pipeline_engineering_cc001_lambda_victim_processor_3_lg",
            "aws_iam_role.collision_data_processing_pipeline_engineering_cc001_lambda_victim_processor_3_role",
            "aws_lambda_function.collision_data_processing_pipeline_engineering_cc001_lambda_victim_processor_3",
            "aws_s3_bucket.collision_data_processing_pipeline_engineering_cc001_s3_src_bucket_1",
            "aws_s3_bucket.collision_data_processing_pipeline_engineering_cc001_s3_tgt_bucket_2",
            "data.archive_file.collision_data_processing_pipeline_engineering_cc001_lambda_victim_processor_3_placeholder"
          ]
        }
      ]
    },
    {
      "mode": "managed",
      "type": "aws_s3_bucket",
      "name": "collision_data_processing_pipeline_engineering_cc001_s3_src_bucket_1",
      "provider": "provider[\"registry.terraform.io/hashicorp/aws\"]",
      "instances": [
        {
          "schema_version": 0,
          "attributes": {
            "acceleration_status": "",
            "acl": null,
            "arn": "arn:aws:s3:::collision-data-processing-pipeline-engineering-cc001-s3-cbb8af3",
            "bucket": "collision-data-processing-pipeline-engineering-cc001-s3-cbb8af3",
            "bucket_domain_name": "collision-data-processing-pipeline-engineering-cc001-s3-cbb8af3.s3.amazonaws.com",
            "bucket_prefix": "",
            "bucket_regional_domain_name": "collision-data-processing-pipeline-engineering-cc001-s3-cbb8af3.s3.us-east-1.amazonaws.com",
            "cors_rule": [],
            "force_destroy": true,
            "grant": [
              {
                "id": "6b988a1bfb1696d044a07b3f9fd2a2a715c57a1b22eb6076238db5417a49eab2",
                "permissions": [
                  "FULL_CONTROL"
                ],
                "type": "CanonicalUser",
                "uri": ""
              }
            ],
            "hosted_zone_id": "Z3AQBSTGFYJSTF",
            "id": "collision-data-processing-pipeline-engineering-cc001-s3-cbb8af3",
            "lifecycle_rule": [],
            "logging": [],
            "object_lock_configuration": [],
            "object_lock_enabled": false,
            "policy": "",
            "region": "us-east-1",
            "replication_configuration": [],
            "request_payer": "BucketOwner",
            "server_side_encryption_configuration": [
              {
                "rule": [
                  {
                    "apply_server_side_encryption_by_default": [
                      {
                        "kms_master_key_id": "",
                        "sse_algorithm": "AES256"
                      }
                    ],
                    "bucket_key_enabled": false
                  }
                ]
              }
            ],
            "tags": {
              "BusinessUnit": "engineering",
              "CostCenter": "cc001",
              "ManagedBy": "aws-pipeline-engine",
              "Pipeline": "collision_data_processing_pipeline"
            },
            "tags_all": {
              "BusinessUnit": "engineering",
              "CostCenter": "cc001",
              "ManagedBy": "aws-pipeline-engine",
              "Pipeline": "collision_data_processing_pipeline"
            },
            "timeouts": null,
            "versioning": [
              {
                "enabled": false,
                "mfa_delete": false
              }
            ],
            "website": [],
            "website_domain": null,
            "website_endpoint": null
          },
          "sensitive_attributes": [],
          "private": "eyJlMmJmYjczMC1lY2FhLTExZTYtOGY4OC0zNDM2M2JjN2M0YzAiOnsiY3JlYXRlIjoxMjAwMDAwMDAwMDAwLCJkZWxldGUiOjM2MDAwMDAwMDAwMDAsInJlYWQiOjEyMDAwMDAwMDAwMDAsInVwZGF0ZSI6MTIwMDAwMDAwMDAwMH19"
        }
      ]
    },
    {
      "mode": "managed",
      "type": "aws_s3_bucket",
      "name": "collision_data_processing_pipeline_engineering_cc001_s3_tgt_bucket_2",
      "provider": "provider[\"registry.terraform.io/hashicorp/aws\"]",
      "instances": [
        {
          "schema_version": 0,
          "attributes": {
            "acceleration_status": "",
            "acl": null,
            "arn": "arn:aws:s3:::collision-data-processing-pipeline-engineering-cc001-s3-366ab24",
            "bucket": "collision-data-processing-pipeline-engineering-cc001-s3-366ab24",
            "bucket_domain_name": "collision-data-processing-pipeline-engineering-cc001-s3-366ab24.s3.amazonaws.com",
            "bucket_prefix": "",
            "bucket_regional_domain_name": "collision-data-processing-pipeline-engineering-cc001-s3-366ab24.s3.us-east-1.amazonaws.com",
            "cors_rule": [],
            "force_destroy": true,
            "grant": [
              {
                "id": "6b988a1bfb1696d044a07b3f9fd2a2a715c57a1b22eb6076238db5417a49eab2",
                "permissions": [
                  "FULL_CONTROL"
                ],
                "type": "CanonicalUser",
                "uri": ""
              }
            ],
            "hosted_zone_id": "Z3AQBSTGFYJSTF",
            "id": "collision-data-processing-pipeline-engineering-cc001-s3-366ab24",
            "lifecycle_rule": [],
            "logging": [],
            "object_lock_configuration": [],
            "object_lock_enabled": false,
            "policy": "",
            "region": "us-east-1",
            "replication_configuration": [],
            "request_payer": "BucketOwner",
            "server_side_encryption_configuration": [
              {
                "rule": [
                  {
                    "apply_server_side_encryption_by_default": [
                      {
                        "kms_master_key_id": "",
                        "sse_algorithm": "AES256"
                      }
                    ],
                    "bucket_key_enabled": false
                  }
                ]
              }
            ],
            "tags": {
              "BusinessUnit": "engineering",
              "CostCenter": "cc001",
              "ManagedBy": "aws-pipeline-engine",
              "Pipeline": "collision_data_processing_pipeline"
            },
            "tags_all": {
              "BusinessUnit": "engineering",
              "CostCenter": "cc001",
              "ManagedBy": "aws-pipeline-engine",
              "Pipeline": "collision_data_processing_pipeline"
            },
            "timeouts": null,
            "versioning": [
              {
                "enabled": false,
                "mfa_delete": false
              }
            ],
            "website": [],
            "website_domain": null,
            "website_endpoint": null
          },
          "sensitive_attributes": [],
          "private": "eyJlMmJmYjczMC1lY2FhLTExZTYtOGY4OC0zNDM2M2JjN2M0YzAiOnsiY3JlYXRlIjoxMjAwMDAwMDAwMDAwLCJkZWxldGUiOjM2MDAwMDAwMDAwMDAsInJlYWQiOjEyMDAwMDAwMDAwMDAsInVwZGF0ZSI6MTIwMDAwMDAwMDAwMH19"
        }
      ]
    },
    {
      "mode": "managed",
      "type": "aws_s3_bucket_notification",
      "name": "collision_data_processing_pipeline_engineering_cc001_s3_src_bucket_1_notification",
      "provider": "provider[\"registry.terraform.io/hashicorp/aws\"]",
      "instances": [
        {
          "schema_version": 0,
          "attributes": {
            "bucket": "collision-data-processing-pipeline-engineering-cc001-s3-cbb8af3",
            "eventbridge": false,
            "id": "collision-data-processing-pipeline-engineering-cc001-s3-cbb8af3",
            "lambda_function": [
              {
                "events": [
                  "s3:ObjectCreated:*"
                ],
                "filter_prefix": "case/",
                "filter_suffix": "",
                "id": "collision_data_processing_pipeline_engineering_cc001_s3_src_bucket_1_collision_data_processing_pipeline_engineering_cc001_lambda_case_processor_1",
                "lambda_function_arn": "arn:aws:lambda:us-east-1:602963248309:function:collision-data-processing-pipeline-engineering-cc001-lam-ad57451"
              },
              {
                "events": [
                  "s3:ObjectCreated:*"
                ],
                "filter_prefix": "party/",
                "filter_suffix": "",
                "id": "collision_data_processing_pipeline_engineering_cc001_s3_src_bucket_1_collision_data_processing_pipeline_engineering_cc001_lambda_party_processor_2",
                "lambda_function_arn": "arn:aws:lambda:us-east-1:602963248309:function:collision-data-processing-pipeline-engineering-cc001-lam-30625e9"
              },
              {
                "events": [
                  "s3:ObjectCreated:*"
                ],
                "filter_prefix": "victim/",
                "filter_suffix": "",
                "id": "collision_data_processing_pipeline_engineering_cc001_s3_src_bucket_1_collision_data_processing_pipeline_engineering_cc001_lambda_victim_processor_3",
                "lambda_function_arn": "arn:aws:lambda:us-east-1:602963248309:function:collision-data-processing-pipeline-engineering-cc001-lam-cdf1b1b"
              },
              {
                "events": [
                  "s3:ObjectCreated:*"
                ],
                "filter_prefix": "collision/",
                "filter_suffix": "",
                "id": "collision_data_processing_pipeline_engineering_cc001_s3_src_bucket_1_collision_data_processing_pipeline_engineering_cc001_lambda_collision_processor_4",
                "lambda_function_arn": "arn:aws:lambda:us-east-1:602963248309:function:collision-data-processing-pipeline-engineering-cc001-lam-a3bf961"
              }
            ],
            "queue": [],
            "topic": []
          },
          "sensitive_attributes": [],
          "private": "bnVsbA==",
          "dependencies": [
            "aws_cloudwatch_log_group.collision_data_processing_pipeline_engineering_cc001_lambda_case_processor_1_lg",
            "aws_cloudwatch_log_group.collision_data_processing_pipeline_engineering_cc001_lambda_collision_processor_4_lg",
            "aws_cloudwatch_log_group.collision_data_processing_pipeline_engineering_cc001_lambda_party_processor_2_lg",
            "aws_cloudwatch_log_group.collision_data_processing_pipeline_engineering_cc001_lambda_victim_processor_3_lg",
            "aws_iam_role.collision_data_processing_pipeline_engineering_cc001_lambda_case_processor_1_role",
            "aws_iam_role.collision_data_processing_pipeline_engineering_cc001_lambda_collision_processor_4_role",
            "aws_iam_role.collision_data_processing_pipeline_engineering_cc001_lambda_party_processor_2_role",
            "aws_iam_role.collision_data_processing_pipeline_engineering_cc001_lambda_victim_processor_3_role",
            "aws_lambda_function.collision_data_processing_pipeline_engineering_cc001_lambda_case_processor_1",
            "aws_lambda_function.collision_data_processing_pipeline_engineering_cc001_lambda_collision_processor_4",
            "aws_lambda_function.collision_data_processing_pipeline_engineering_cc001_lambda_party_processor_2",
            "aws_lambda_function.collision_data_processing_pipeline_engineering_cc001_lambda_victim_processor_3",
            "aws_lambda_permission.collision_data_processing_pipeline_engineering_cc001_s3_src_bucket_1_invoke_collision_data_processing_pipeline_engineering_cc001_lambda_case_processor_1",
            "aws_lambda_permission.collision_data_processing_pipeline_engineering_cc001_s3_src_bucket_1_invoke_collision_data_processing_pipeline_engineering_cc001_lambda_collision_processor_4",
            "aws_lambda_permission.collision_data_processing_pipeline_engineering_cc001_s3_src_bucket_1_invoke_collision_data_processing_pipeline_engineering_cc001_lambda_party_processor_2",
            "aws_lambda_permission.collision_data_processing_pipeline_engineering_cc001_s3_src_bucket_1_invoke_collision_data_processing_pipeline_engineering_cc001_lambda_victim_processor_3",
            "aws_s3_bucket.collision_data_processing_pipeline_engineering_cc001_s3_src_bucket_1",
            "aws_s3_bucket.collision_data_processing_pipeline_engineering_cc001_s3_tgt_bucket_2",
            "data.archive_file.collision_data_processing_pipeline_engineering_cc001_lambda_case_processor_1_placeholder",
            "data.archive_file.collision_data_processing_pipeline_engineering_cc001_lambda_collision_processor_4_placeholder",
            "data.archive_file.collision_data_processing_pipeline_engineering_cc001_lambda_party_processor_2_placeholder",
            "data.archive_file.collision_data_processing_pipeline_engineering_cc001_lambda_victim_processor_3_placeholder"
          ]
        }
      ]
    },
    {
      "mode": "managed",
      "type": "aws_s3_bucket_server_side_encryption_configuration",
      "name": "collision_data_processing_pipeline_engineering_cc001_s3_src_bucket_1_sse",
      "provider": "provider[\"registry.terraform.io/hashicorp/aws\"]",
      "instances": [
        {
          "schema_version": 0,
          "attributes": {
            "bucket": "collision-data-processing-pipeline-engineering-cc001-s3-cbb8af3",
            "expected_bucket_owner": "",
            "id": "collision-data-processing-pipeline-engineering-cc001-s3-cbb8af3",
            "rule": [
              {
                "apply_server_side_encryption_by_default": [
                  {
                    "kms_master_key_id": "",
                    "sse_algorithm": "AES256"
                  }
                ],
                "bucket_key_enabled": null
              }
            ]
          },
          "sensitive_attributes": [],
          "private": "bnVsbA==",
          "dependencies": [
            "aws_s3_bucket.collision_data_processing_pipeline_engineering_cc001_s3_src_bucket_1"
          ]
        }
      ]
    },
    {
      "mode": "managed",
      "type": "aws_s3_bucket_server_side_encryption_configuration",
      "name": "collision_data_processing_pipeline_engineering_cc001_s3_tgt_bucket_2_sse",
      "provider": "provider[\"registry.terraform.io/hashicorp/aws\"]",
      "instances": [
        {
          "schema_version": 0,
          "attributes": {
            "bucket": "collision-data-processing-pipeline-engineering-cc001-s3-366ab24",
            "expected_bucket_owner": "",
            "id": "collision-data-processing-pipeline-engineering-cc001-s3-366ab24",
            "rule": [
              {
                "apply_server_side_encryption_by_default": [
                  {
                    "kms_master_key_id": "",
                    "sse_algorithm": "AES256"
                  }
                ],
                "bucket_key_enabled": null
              }
            ]
          },
          "sensitive_attributes": [],
          "private": "bnVsbA==",
          "dependencies": [
            "aws_s3_bucket.collision_data_processing_pipeline_engineering_cc001_s3_tgt_bucket_2"
          ]
        }
      ]
    },
    {
      "mode": "managed",
      "type": "aws_s3_bucket_versioning",
      "name": "collision_data_processing_pipeline_engineering_cc001_s3_src_bucket_1_versioning",
      "provider": "provider[\"registry.terraform.io/hashicorp/aws\"]",
      "instances": [
        {
          "schema_version": 0,
          "attributes": {
            "bucket": "collision-data-processing-pipeline-engineering-cc001-s3-cbb8af3",
            "expected_bucket_owner": "",
            "id": "collision-data-processing-pipeline-engineering-cc001-s3-cbb8af3",
            "mfa": null,
            "versioning_configuration": [
              {
                "mfa_delete": "",
                "status": "Suspended"
              }
            ]
          },
          "sensitive_attributes": [],
          "private": "bnVsbA==",
          "dependencies": [
            "aws_s3_bucket.collision_data_processing_pipeline_engineering_cc001_s3_src_bucket_1"
          ]
        }
      ]
    },
    {
      "mode": "managed",
      "type": "aws_s3_bucket_versioning",
      "name": "collision_data_processing_pipeline_engineering_cc001_s3_tgt_bucket_2_versioning",
      "provider": "provider[\"registry.terraform.io/hashicorp/aws\"]",
      "instances": [
        {
          "schema_version": 0,
          "attributes": {
            "bucket": "collision-data-processing-pipeline-engineering-cc001-s3-366ab24",
            "expected_bucket_owner": "",
            "id": "collision-data-processing-pipeline-engineering-cc001-s3-366ab24",
            "mfa": null,
            "versioning_configuration": [
              {
                "mfa_delete": "",
                "status": "Suspended"
              }
            ]
          },
          "sensitive_attributes": [],
          "private": "bnVsbA==",
          "dependencies": [
            "aws_s3_bucket.collision_data_processing_pipeline_engineering_cc001_s3_tgt_bucket_2"
          ]
        }
      ]
    }
  ],
  "check_results": null
}
