{
  "version": 4,
  "terraform_version": "1.7.5",
  "serial": 197,
  "lineage": "d5eadc11-0704-c280-0961-e1b2e5a533e8",
  "outputs": {},
  "resources": [
    {
      "mode": "data",
      "type": "archive_file",
      "name": "collision_data_minilake_c001_rd_lambda_case_processor_50a3_placeholder",
      "provider": "provider[\"registry.terraform.io/hashicorp/archive\"]",
      "instances": [
        {
          "schema_version": 0,
          "attributes": {
            "exclude_symlink_directories": null,
            "excludes": null,
            "id": "f59f3fd420ddaa451ce12fb440deb2aa076e6172",
            "output_base64sha256": "LmcgHcF2xlW0KH/h8do1eRPlc9I5gAA6/LTH/6iiCAM=",
            "output_base64sha512": "qEl4hschIDtZI/cxJuiutUlGG5PkLE253Ng5kS1rICHmzYbU7mS1WybzCNffsBdM+q5UiwHLo8/J2lXnSfZNnw==",
            "output_file_mode": null,
            "output_md5": "2890be29225d7ea7b0499f76bebd6c93",
            "output_path": "./collision_data_minilake_c001_rd_lambda_case_processor_50a3_placeholder.zip",
            "output_sha": "f59f3fd420ddaa451ce12fb440deb2aa076e6172",
            "output_sha256": "2e67201dc176c655b4287fe1f1da357913e573d23980003afcb4c7ffa8a20803",
            "output_sha512": "a8497886c721203b5923f73126e8aeb549461b93e42c4db9dcd839912d6b2021e6cd86d4ee64b55b26f308d7dfb0174cfaae548b01cba3cfc9da55e749f64d9f",
            "output_size": 195,
            "source": [
              {
                "content": "def handler(event, context):\n    return {\"statusCode\": 200}",
                "filename": "index.py"
              }
            ],
            "source_content": null,
            "source_content_filename": null,
            "source_dir": null,
            "source_file": null,
            "type": "zip"
          },
          "sensitive_attributes": []
        }
      ]
    },
    {
      "mode": "data",
      "type": "archive_file",
      "name": "collision_data_minilake_c001_rd_lambda_collision_processor_e79e_placeholder",
      "provider": "provider[\"registry.terraform.io/hashicorp/archive\"]",
      "instances": [
        {
          "schema_version": 0,
          "attributes": {
            "exclude_symlink_directories": null,
            "excludes": null,
            "id": "f59f3fd420ddaa451ce12fb440deb2aa076e6172",
            "output_base64sha256": "LmcgHcF2xlW0KH/h8do1eRPlc9I5gAA6/LTH/6iiCAM=",
            "output_base64sha512": "qEl4hschIDtZI/cxJuiutUlGG5PkLE253Ng5kS1rICHmzYbU7mS1WybzCNffsBdM+q5UiwHLo8/J2lXnSfZNnw==",
            "output_file_mode": null,
            "output_md5": "2890be29225d7ea7b0499f76bebd6c93",
            "output_path": "./collision_data_minilake_c001_rd_lambda_collision_processor_e79e_placeholder.zip",
            "output_sha": "f59f3fd420ddaa451ce12fb440deb2aa076e6172",
            "output_sha256": "2e67201dc176c655b4287fe1f1da357913e573d23980003afcb4c7ffa8a20803",
            "output_sha512": "a8497886c721203b5923f73126e8aeb549461b93e42c4db9dcd839912d6b2021e6cd86d4ee64b55b26f308d7dfb0174cfaae548b01cba3cfc9da55e749f64d9f",
            "output_size": 195,
            "source": [
              {
                "content": "def handler(event, context):\n    return {\"statusCode\": 200}",
                "filename": "index.py"
              }
            ],
            "source_content": null,
            "source_content_filename": null,
            "source_dir": null,
            "source_file": null,
            "type": "zip"
          },
          "sensitive_attributes": []
        }
      ]
    },
    {
      "mode": "data",
      "type": "archive_file",
      "name": "collision_data_minilake_c001_rd_lambda_party_processor_f8ca_placeholder",
      "provider": "provider[\"registry.terraform.io/hashicorp/archive\"]",
      "instances": [
        {
          "schema_version": 0,
          "attributes": {
            "exclude_symlink_directories": null,
            "excludes": null,
            "id": "f59f3fd420ddaa451ce12fb440deb2aa076e6172",
            "output_base64sha256": "LmcgHcF2xlW0KH/h8do1eRPlc9I5gAA6/LTH/6iiCAM=",
            "output_base64sha512": "qEl4hschIDtZI/cxJuiutUlGG5PkLE253Ng5kS1rICHmzYbU7mS1WybzCNffsBdM+q5UiwHLo8/J2lXnSfZNnw==",
            "output_file_mode": null,
            "output_md5": "2890be29225d7ea7b0499f76bebd6c93",
            "output_path": "./collision_data_minilake_c001_rd_lambda_party_processor_f8ca_placeholder.zip",
            "output_sha": "f59f3fd420ddaa451ce12fb440deb2aa076e6172",
            "output_sha256": "2e67201dc176c655b4287fe1f1da357913e573d23980003afcb4c7ffa8a20803",
            "output_sha512": "a8497886c721203b5923f73126e8aeb549461b93e42c4db9dcd839912d6b2021e6cd86d4ee64b55b26f308d7dfb0174cfaae548b01cba3cfc9da55e749f64d9f",
            "output_size": 195,
            "source": [
              {
                "content": "def handler(event, context):\n    return {\"statusCode\": 200}",
                "filename": "index.py"
              }
            ],
            "source_content": null,
            "source_content_filename": null,
            "source_dir": null,
            "source_file": null,
            "type": "zip"
          },
          "sensitive_attributes": []
        }
      ]
    },
    {
      "mode": "data",
      "type": "archive_file",
      "name": "collision_data_minilake_c001_rd_lambda_refine_data_c370_placeholder",
      "provider": "provider[\"registry.terraform.io/hashicorp/archive\"]",
      "instances": [
        {
          "schema_version": 0,
          "attributes": {
            "exclude_symlink_directories": null,
            "excludes": null,
            "id": "f59f3fd420ddaa451ce12fb440deb2aa076e6172",
            "output_base64sha256": "LmcgHcF2xlW0KH/h8do1eRPlc9I5gAA6/LTH/6iiCAM=",
            "output_base64sha512": "qEl4hschIDtZI/cxJuiutUlGG5PkLE253Ng5kS1rICHmzYbU7mS1WybzCNffsBdM+q5UiwHLo8/J2lXnSfZNnw==",
            "output_file_mode": null,
            "output_md5": "2890be29225d7ea7b0499f76bebd6c93",
            "output_path": "./collision_data_minilake_c001_rd_lambda_refine_data_c370_placeholder.zip",
            "output_sha": "f59f3fd420ddaa451ce12fb440deb2aa076e6172",
            "output_sha256": "2e67201dc176c655b4287fe1f1da357913e573d23980003afcb4c7ffa8a20803",
            "output_sha512": "a8497886c721203b5923f73126e8aeb549461b93e42c4db9dcd839912d6b2021e6cd86d4ee64b55b26f308d7dfb0174cfaae548b01cba3cfc9da55e749f64d9f",
            "output_size": 195,
            "source": [
              {
                "content": "def handler(event, context):\n    return {\"statusCode\": 200}",
                "filename": "index.py"
              }
            ],
            "source_content": null,
            "source_content_filename": null,
            "source_dir": null,
            "source_file": null,
            "type": "zip"
          },
          "sensitive_attributes": []
        }
      ]
    },
    {
      "mode": "data",
      "type": "archive_file",
      "name": "collision_data_minilake_c001_rd_lambda_victim_processor_7499_placeholder",
      "provider": "provider[\"registry.terraform.io/hashicorp/archive\"]",
      "instances": [
        {
          "schema_version": 0,
          "attributes": {
            "exclude_symlink_directories": null,
            "excludes": null,
            "id": "f59f3fd420ddaa451ce12fb440deb2aa076e6172",
            "output_base64sha256": "LmcgHcF2xlW0KH/h8do1eRPlc9I5gAA6/LTH/6iiCAM=",
            "output_base64sha512": "qEl4hschIDtZI/cxJuiutUlGG5PkLE253Ng5kS1rICHmzYbU7mS1WybzCNffsBdM+q5UiwHLo8/J2lXnSfZNnw==",
            "output_file_mode": null,
            "output_md5": "2890be29225d7ea7b0499f76bebd6c93",
            "output_path": "./collision_data_minilake_c001_rd_lambda_victim_processor_7499_placeholder.zip",
            "output_sha": "f59f3fd420ddaa451ce12fb440deb2aa076e6172",
            "output_sha256": "2e67201dc176c655b4287fe1f1da357913e573d23980003afcb4c7ffa8a20803",
            "output_sha512": "a8497886c721203b5923f73126e8aeb549461b93e42c4db9dcd839912d6b2021e6cd86d4ee64b55b26f308d7dfb0174cfaae548b01cba3cfc9da55e749f64d9f",
            "output_size": 195,
            "source": [
              {
                "content": "def handler(event, context):\n    return {\"statusCode\": 200}",
                "filename": "index.py"
              }
            ],
            "source_content": null,
            "source_content_filename": null,
            "source_dir": null,
            "source_file": null,
            "type": "zip"
          },
          "sensitive_attributes": []
        }
      ]
    },
    {
      "mode": "managed",
      "type": "aws_athena_workgroup",
      "name": "collision_data_minilake_c001_rd_athena_athena_query_engine_6497",
      "provider": "provider[\"registry.terraform.io/hashicorp/aws\"]",
      "instances": [
        {
          "schema_version": 0,
          "attributes": {
            "arn": "arn:aws:athena:us-east-1:602963248309:workgroup/collision-data-minilake-c001-rd-athena-athena-query-engine-7fee",
            "configuration": [
              {
                "bytes_scanned_cutoff_per_query": 0,
                "enforce_workgroup_configuration": true,
                "engine_version": [
                  {
                    "effective_engine_version": "Athena engine version 3",
                    "selected_engine_version": "AUTO"
                  }
                ],
                "execution_role": "",
                "publish_cloudwatch_metrics_enabled": false,
                "requester_pays_enabled": false,
                "result_configuration": [
                  {
                    "acl_configuration": [],
                    "encryption_configuration": [],
                    "expected_bucket_owner": "",
                    "output_location": "s3://collision-data-minilake-c001-rd-athena-athena-query-engine-7fee-results/query-results/"
                  }
                ]
              }
            ],
            "description": "",
            "force_destroy": false,
            "id": "collision-data-minilake-c001-rd-athena-athena-query-engine-7fee",
            "name": "collision-data-minilake-c001-rd-athena-athena-query-engine-7fee",
            "state": "ENABLED",
            "tags": {
              "BusinessUnit": "rd",
              "CostCenter": "c001",
              "ManagedBy": "aws-pipeline-engine",
              "Pipeline": "collision_data_minilake"
            },
            "tags_all": {
              "BusinessUnit": "rd",
              "CostCenter": "c001",
              "ManagedBy": "aws-pipeline-engine",
              "Pipeline": "collision_data_minilake"
            }
          },
          "sensitive_attributes": [],
          "private": "bnVsbA=="
        }
      ]
    },
    {
      "mode": "managed",
      "type": "aws_cloudwatch_log_group",
      "name": "collision_data_minilake_c001_rd_athena_athena_query_engine_6497_lg",
      "provider": "provider[\"registry.terraform.io/hashicorp/aws\"]",
      "instances": [
        {
          "schema_version": 0,
          "attributes": {
            "arn": "arn:aws:logs:us-east-1:602963248309:log-group:/aws/athena/collision-data-minilake-c001-rd-athena-athena-query-engine-7fee",
            "id": "/aws/athena/collision-data-minilake-c001-rd-athena-athena-query-engine-7fee",
            "kms_key_id": "",
            "log_group_class": "STANDARD",
            "name": "/aws/athena/collision-data-minilake-c001-rd-athena-athena-query-engine-7fee",
            "name_prefix": "",
            "retention_in_days": 7,
            "skip_destroy": false,
            "tags": {
              "BusinessUnit": "rd",
              "CostCenter": "c001",
              "ManagedBy": "aws-pipeline-engine",
              "Pipeline": "collision_data_minilake"
            },
            "tags_all": {
              "BusinessUnit": "rd",
              "CostCenter": "c001",
              "ManagedBy": "aws-pipeline-engine",
              "Pipeline": "collision_data_minilake"
            }
          },
          "sensitive_attributes": [],
          "private": "bnVsbA=="
        }
      ]
    },
    {
      "mode": "managed",
      "type": "aws_cloudwatch_log_group",
      "name": "collision_data_minilake_c001_rd_glue_minilake_crawler_e544_lg",
      "provider": "provider[\"registry.terraform.io/hashicorp/aws\"]",
      "instances": [
        {
          "schema_version": 0,
          "attributes": {
            "arn": "arn:aws:logs:us-east-1:602963248309:log-group:/aws-glue/jobs/collision-data-minilake-c001-rd-glue-minilake-crawler-9841",
            "id": "/aws-glue/jobs/collision-data-minilake-c001-rd-glue-minilake-crawler-9841",
            "kms_key_id": "",
            "log_group_class": "STANDARD",
            "name": "/aws-glue/jobs/collision-data-minilake-c001-rd-glue-minilake-crawler-9841",
            "name_prefix": "",
            "retention_in_days": 7,
            "skip_destroy": false,
            "tags": {
              "BusinessUnit": "rd",
              "CostCenter": "c001",
              "ManagedBy": "aws-pipeline-engine",
              "Pipeline": "collision_data_minilake"
            },
            "tags_all": {
              "BusinessUnit": "rd",
              "CostCenter": "c001",
              "ManagedBy": "aws-pipeline-engine",
              "Pipeline": "collision_data_minilake"
            }
          },
          "sensitive_attributes": [],
          "private": "bnVsbA=="
        }
      ]
    },
    {
      "mode": "managed",
      "type": "aws_cloudwatch_log_group",
      "name": "collision_data_minilake_c001_rd_lambda_case_processor_50a3_lg",
      "provider": "provider[\"registry.terraform.io/hashicorp/aws\"]",
      "instances": [
        {
          "schema_version": 0,
          "attributes": {
            "arn": "arn:aws:logs:us-east-1:602963248309:log-group:/aws/lambda/collision-data-minilake-c001-rd-lambda-case-processor-a528",
            "id": "/aws/lambda/collision-data-minilake-c001-rd-lambda-case-processor-a528",
            "kms_key_id": "",
            "log_group_class": "STANDARD",
            "name": "/aws/lambda/collision-data-minilake-c001-rd-lambda-case-processor-a528",
            "name_prefix": "",
            "retention_in_days": 7,
            "skip_destroy": false,
            "tags": {
              "BusinessUnit": "rd",
              "CostCenter": "c001",
              "ManagedBy": "aws-pipeline-engine",
              "Pipeline": "collision_data_minilake"
            },
            "tags_all": {
              "BusinessUnit": "rd",
              "CostCenter": "c001",
              "ManagedBy": "aws-pipeline-engine",
              "Pipeline": "collision_data_minilake"
            }
          },
          "sensitive_attributes": [],
          "private": "bnVsbA=="
        }
      ]
    },
    {
      "mode": "managed",
      "type": "aws_cloudwatch_log_group",
      "name": "collision_data_minilake_c001_rd_lambda_collision_processor_e79e_lg",
      "provider": "provider[\"registry.terraform.io/hashicorp/aws\"]",
      "instances": [
        {
          "schema_version": 0,
          "attributes": {
            "arn": "arn:aws:logs:us-east-1:602963248309:log-group:/aws/lambda/collision-data-minilake-c001-rd-lambda-collision-processor-cdf1",
            "id": "/aws/lambda/collision-data-minilake-c001-rd-lambda-collision-processor-cdf1",
            "kms_key_id": "",
            "log_group_class": "STANDARD",
            "name": "/aws/lambda/collision-data-minilake-c001-rd-lambda-collision-processor-cdf1",
            "name_prefix": "",
            "retention_in_days": 7,
            "skip_destroy": false,
            "tags": {
              "BusinessUnit": "rd",
              "CostCenter": "c001",
              "ManagedBy": "aws-pipeline-engine",
              "Pipeline": "collision_data_minilake"
            },
            "tags_all": {
              "BusinessUnit": "rd",
              "CostCenter": "c001",
              "ManagedBy": "aws-pipeline-engine",
              "Pipeline": "collision_data_minilake"
            }
          },
          "sensitive_attributes": [],
          "private": "bnVsbA=="
        }
      ]
    },
    {
      "mode": "managed",
      "type": "aws_cloudwatch_log_group",
      "name": "collision_data_minilake_c001_rd_lambda_party_processor_f8ca_lg",
      "provider": "provider[\"registry.terraform.io/hashicorp/aws\"]",
      "instances": [
        {
          "schema_version": 0,
          "attributes": {
            "arn": "arn:aws:logs:us-east-1:602963248309:log-group:/aws/lambda/collision-data-minilake-c001-rd-lambda-party-processor-b3e8",
            "id": "/aws/lambda/collision-data-minilake-c001-rd-lambda-party-processor-b3e8",
            "kms_key_id": "",
            "log_group_class": "STANDARD",
            "name": "/aws/lambda/collision-data-minilake-c001-rd-lambda-party-processor-b3e8",
            "name_prefix": "",
            "retention_in_days": 7,
            "skip_destroy": false,
            "tags": {
              "BusinessUnit": "rd",
              "CostCenter": "c001",
              "ManagedBy": "aws-pipeline-engine",
              "Pipeline": "collision_data_minilake"
            },
            "tags_all": {
              "BusinessUnit": "rd",
              "CostCenter": "c001",
              "ManagedBy": "aws-pipeline-engine",
              "Pipeline": "collision_data_minilake"
            }
          },
          "sensitive_attributes": [],
          "private": "bnVsbA=="
        }
      ]
    },
    {
      "mode": "managed",
      "type": "aws_cloudwatch_log_group",
      "name": "collision_data_minilake_c001_rd_lambda_refine_data_c370_lg",
      "provider": "provider[\"registry.terraform.io/hashicorp/aws\"]",
      "instances": [
        {
          "schema_version": 0,
          "attributes": {
            "arn": "arn:aws:logs:us-east-1:602963248309:log-group:/aws/lambda/collision-data-minilake-c001-rd-lambda-refine-data-749f",
            "id": "/aws/lambda/collision-data-minilake-c001-rd-lambda-refine-data-749f",
            "kms_key_id": "",
            "log_group_class": "STANDARD",
            "name": "/aws/lambda/collision-data-minilake-c001-rd-lambda-refine-data-749f",
            "name_prefix": "",
            "retention_in_days": 7,
            "skip_destroy": false,
            "tags": {
              "BusinessUnit": "rd",
              "CostCenter": "c001",
              "ManagedBy": "aws-pipeline-engine",
              "Pipeline": "collision_data_minilake"
            },
            "tags_all": {
              "BusinessUnit": "rd",
              "CostCenter": "c001",
              "ManagedBy": "aws-pipeline-engine",
              "Pipeline": "collision_data_minilake"
            }
          },
          "sensitive_attributes": [],
          "private": "bnVsbA=="
        }
      ]
    },
    {
      "mode": "managed",
      "type": "aws_cloudwatch_log_group",
      "name": "collision_data_minilake_c001_rd_lambda_victim_processor_7499_lg",
      "provider": "provider[\"registry.terraform.io/hashicorp/aws\"]",
      "instances": [
        {
          "schema_version": 0,
          "attributes": {
            "arn": "arn:aws:logs:us-east-1:602963248309:log-group:/aws/lambda/collision-data-minilake-c001-rd-lambda-victim-processor-1931",
            "id": "/aws/lambda/collision-data-minilake-c001-rd-lambda-victim-processor-1931",
            "kms_key_id": "",
            "log_group_class": "STANDARD",
            "name": "/aws/lambda/collision-data-minilake-c001-rd-lambda-victim-processor-1931",
            "name_prefix": "",
            "retention_in_days": 7,
            "skip_destroy": false,
            "tags": {
              "BusinessUnit": "rd",
              "CostCenter": "c001",
              "ManagedBy": "aws-pipeline-engine",
              "Pipeline": "collision_data_minilake"
            },
            "tags_all": {
              "BusinessUnit": "rd",
              "CostCenter": "c001",
              "ManagedBy": "aws-pipeline-engine",
              "Pipeline": "collision_data_minilake"
            }
          },
          "sensitive_attributes": [],
          "private": "bnVsbA=="
        }
      ]
    },
    {
      "mode": "managed",
      "type": "aws_glue_catalog_database",
      "name": "collision_data_minilake_c001_rd_glue_data_catalog_minilake_database_21f2",
      "provider": "provider[\"registry.terraform.io/hashicorp/aws\"]",
      "instances": [
        {
          "schema_version": 0,
          "attributes": {
            "arn": "arn:aws:glue:us-east-1:602963248309:database/collision_data_minilake_c001_rd_glue_data_catalog_minil_4df32f1",
            "catalog_id": "602963248309",
            "create_table_default_permission": [
              {
                "permissions": [
                  "ALL"
                ],
                "principal": [
                  {
                    "data_lake_principal_identifier": "IAM_ALLOWED_PRINCIPALS"
                  }
                ]
              }
            ],
            "description": "Glue Data Catalog database",
            "federated_database": [],
            "id": "602963248309:collision_data_minilake_c001_rd_glue_data_catalog_minil_4df32f1",
            "location_uri": "",
            "name": "collision_data_minilake_c001_rd_glue_data_catalog_minil_4df32f1",
            "parameters": null,
            "tags": null,
            "tags_all": {},
            "target_database": []
          },
          "sensitive_attributes": [],
          "private": "bnVsbA=="
        }
      ]
    },
    {
      "mode": "managed",
      "type": "aws_glue_catalog_database",
      "name": "collision_data_minilake_c001_rd_glue_minilake_crawler_e544_db",
      "provider": "provider[\"registry.terraform.io/hashicorp/aws\"]",
      "instances": [
        {
          "schema_version": 0,
          "attributes": {
            "arn": "arn:aws:glue:us-east-1:602963248309:database/collision_data_minilake_c001_rd_glue_minilake_crawler_9841_db",
            "catalog_id": "602963248309",
            "create_table_default_permission": [
              {
                "permissions": [
                  "ALL"
                ],
                "principal": [
                  {
                    "data_lake_principal_identifier": "IAM_ALLOWED_PRINCIPALS"
                  }
                ]
              }
            ],
            "description": "",
            "federated_database": [],
            "id": "602963248309:collision_data_minilake_c001_rd_glue_minilake_crawler_9841_db",
            "location_uri": "",
            "name": "collision_data_minilake_c001_rd_glue_minilake_crawler_9841_db",
            "parameters": null,
            "tags": {
              "BusinessUnit": "rd",
              "CostCenter": "c001",
              "ManagedBy": "aws-pipeline-engine",
              "Pipeline": "collision_data_minilake"
            },
            "tags_all": {
              "BusinessUnit": "rd",
              "CostCenter": "c001",
              "ManagedBy": "aws-pipeline-engine",
              "Pipeline": "collision_data_minilake"
            },
            "target_database": []
          },
          "sensitive_attributes": [],
          "private": "bnVsbA=="
        }
      ]
    },
    {
      "mode": "managed",
      "type": "aws_glue_crawler",
      "name": "collision_data_minilake_c001_rd_glue_minilake_crawler_e544",
      "provider": "provider[\"registry.terraform.io/hashicorp/aws\"]",
      "instances": [
        {
          "schema_version": 0,
          "attributes": {
            "arn": "arn:aws:glue:us-east-1:602963248309:crawler/collision-data-minilake-c001-rd-glue-minilake-crawler-9841",
            "catalog_target": [],
            "classifiers": null,
            "configuration": "",
            "database_name": "collision_data_minilake_c001_rd_glue_minilake_crawler_9841_db",
            "delta_target": [],
            "description": "",
            "dynamodb_target": [],
            "hudi_target": [],
            "iceberg_target": [],
            "id": "collision-data-minilake-c001-rd-glue-minilake-crawler-9841",
            "jdbc_target": [],
            "lake_formation_configuration": [
              {
                "account_id": "",
                "use_lake_formation_credentials": false
              }
            ],
            "lineage_configuration": [
              {
                "crawler_lineage_settings": "DISABLE"
              }
            ],
            "mongodb_target": [],
            "name": "collision-data-minilake-c001-rd-glue-minilake-crawler-9841",
            "recrawl_policy": [
              {
                "recrawl_behavior": "CRAWL_EVERYTHING"
              }
            ],
            "role": "collision-data-minilake-c001-rd-glue-minilake-crawler-9841-role",
            "s3_target": [
              {
                "connection_name": "",
                "dlq_event_queue_arn": "",
                "event_queue_arn": "",
                "exclusions": null,
                "path": "s3://collision-data-minilake-c001-rd-s3-collision-staging-bu-bc38198/",
                "sample_size": 0
              },
              {
                "connection_name": "",
                "dlq_event_queue_arn": "",
                "event_queue_arn": "",
                "exclusions": null,
                "path": "s3://collision-data-minilake-c001-rd-s3-party-staging-bucket-4e3d/",
                "sample_size": 0
              },
              {
                "connection_name": "",
                "dlq_event_queue_arn": "",
                "event_queue_arn": "",
                "exclusions": null,
                "path": "s3://collision-data-minilake-c001-rd-s3-victim-staging-bucket-c6fd/",
                "sample_size": 0
              },
              {
                "connection_name": "",
                "dlq_event_queue_arn": "",
                "event_queue_arn": "",
                "exclusions": null,
                "path": "s3://collision-data-minilake-c001-rd-s3-case-staging-bucket-facb/",
                "sample_size": 0
              }
            ],
            "schedule": "",
            "schema_change_policy": [
              {
                "delete_behavior": "LOG",
                "update_behavior": "UPDATE_IN_DATABASE"
              }
            ],
            "security_configuration": "",
            "table_prefix": "",
            "tags": {
              "BusinessUnit": "rd",
              "CostCenter": "c001",
              "ManagedBy": "aws-pipeline-engine",
              "Pipeline": "collision_data_minilake"
            },
            "tags_all": {
              "BusinessUnit": "rd",
              "CostCenter": "c001",
              "ManagedBy": "aws-pipeline-engine",
              "Pipeline": "collision_data_minilake"
            }
          },
          "sensitive_attributes": [],
          "private": "bnVsbA==",
          "dependencies": [
            "aws_glue_catalog_database.collision_data_minilake_c001_rd_glue_minilake_crawler_e544_db",
            "aws_iam_role.collision_data_minilake_c001_rd_glue_minilake_crawler_e544_role",
            "aws_s3_bucket.collision_data_minilake_c001_rd_s3_case_staging_bucket_ae11",
            "aws_s3_bucket.collision_data_minilake_c001_rd_s3_collision_staging_bucket_5371",
            "aws_s3_bucket.collision_data_minilake_c001_rd_s3_party_staging_bucket_b09a",
            "aws_s3_bucket.collision_data_minilake_c001_rd_s3_victim_staging_bucket_b2ff"
          ]
        }
      ]
    },
    {
      "mode": "managed",
      "type": "aws_iam_role",
      "name": "collision_data_minilake_c001_rd_glue_minilake_crawler_e544_role",
      "provider": "provider[\"registry.terraform.io/hashicorp/aws\"]",
      "instances": [
        {
          "schema_version": 0,
          "attributes": {
            "arn": "arn:aws:iam::602963248309:role/collision-data-minilake-c001-rd-glue-minilake-crawler-9841-role",
            "assume_role_policy": "{\"Statement\":[{\"Action\":\"sts:AssumeRole\",\"Effect\":\"Allow\",\"Principal\":{\"Service\":\"glue.amazonaws.com\"}}],\"Version\":\"2012-10-17\"}",
            "create_date": "2026-04-30T11:33:09Z",
            "description": "",
            "force_detach_policies": false,
            "id": "collision-data-minilake-c001-rd-glue-minilake-crawler-9841-role",
            "inline_policy": [],
            "managed_policy_arns": [],
            "max_session_duration": 3600,
            "name": "collision-data-minilake-c001-rd-glue-minilake-crawler-9841-role",
            "name_prefix": "",
            "path": "/",
            "permissions_boundary": "",
            "tags": {
              "BusinessUnit": "rd",
              "CostCenter": "c001",
              "ManagedBy": "aws-pipeline-engine",
              "Pipeline": "collision_data_minilake"
            },
            "tags_all": {
              "BusinessUnit": "rd",
              "CostCenter": "c001",
              "ManagedBy": "aws-pipeline-engine",
              "Pipeline": "collision_data_minilake"
            },
            "unique_id": "AROAYYY3JAS25STHTMDRB"
          },
          "sensitive_attributes": [],
          "private": "bnVsbA=="
        }
      ]
    },
    {
      "mode": "managed",
      "type": "aws_iam_role",
      "name": "collision_data_minilake_c001_rd_lambda_case_processor_50a3_role",
      "provider": "provider[\"registry.terraform.io/hashicorp/aws\"]",
      "instances": [
        {
          "schema_version": 0,
          "attributes": {
            "arn": "arn:aws:iam::602963248309:role/collision-data-minilake-c001-rd-lambda-case-processor-a528-role",
            "assume_role_policy": "{\"Statement\":[{\"Action\":\"sts:AssumeRole\",\"Effect\":\"Allow\",\"Principal\":{\"Service\":\"lambda.amazonaws.com\"}}],\"Version\":\"2012-10-17\"}",
            "create_date": "2026-04-30T11:33:10Z",
            "description": "",
            "force_detach_policies": false,
            "id": "collision-data-minilake-c001-rd-lambda-case-processor-a528-role",
            "inline_policy": [],
            "managed_policy_arns": [],
            "max_session_duration": 3600,
            "name": "collision-data-minilake-c001-rd-lambda-case-processor-a528-role",
            "name_prefix": "",
            "path": "/",
            "permissions_boundary": "",
            "tags": {
              "BusinessUnit": "rd",
              "CostCenter": "c001",
              "ManagedBy": "aws-pipeline-engine",
              "Pipeline": "collision_data_minilake"
            },
            "tags_all": {
              "BusinessUnit": "rd",
              "CostCenter": "c001",
              "ManagedBy": "aws-pipeline-engine",
              "Pipeline": "collision_data_minilake"
            },
            "unique_id": "AROAYYY3JAS2354S6OWTT"
          },
          "sensitive_attributes": [],
          "private": "bnVsbA=="
        }
      ]
    },
    {
      "mode": "managed",
      "type": "aws_iam_role",
      "name": "collision_data_minilake_c001_rd_lambda_collision_processor_e79e_role",
      "provider": "provider[\"registry.terraform.io/hashicorp/aws\"]",
      "instances": [
        {
          "schema_version": 0,
          "attributes": {
            "arn": "arn:aws:iam::602963248309:role/collision-data-minilake-c001-rd-lambda-collision-pr-540503d-role",
            "assume_role_policy": "{\"Statement\":[{\"Action\":\"sts:AssumeRole\",\"Effect\":\"Allow\",\"Principal\":{\"Service\":\"lambda.amazonaws.com\"}}],\"Version\":\"2012-10-17\"}",
            "create_date": "2026-04-30T11:33:10Z",
            "description": "",
            "force_detach_policies": false,
            "id": "collision-data-minilake-c001-rd-lambda-collision-pr-540503d-role",
            "inline_policy": [],
            "managed_policy_arns": [],
            "max_session_duration": 3600,
            "name": "collision-data-minilake-c001-rd-lambda-collision-pr-540503d-role",
            "name_prefix": "",
            "path": "/",
            "permissions_boundary": "",
            "tags": {
              "BusinessUnit": "rd",
              "CostCenter": "c001",
              "ManagedBy": "aws-pipeline-engine",
              "Pipeline": "collision_data_minilake"
            },
            "tags_all": {
              "BusinessUnit": "rd",
              "CostCenter": "c001",
              "ManagedBy": "aws-pipeline-engine",
              "Pipeline": "collision_data_minilake"
            },
            "unique_id": "AROAYYY3JAS24IBY6NBO2"
          },
          "sensitive_attributes": [],
          "private": "bnVsbA=="
        }
      ]
    },
    {
      "mode": "managed",
      "type": "aws_iam_role",
      "name": "collision_data_minilake_c001_rd_lambda_party_processor_f8ca_role",
      "provider": "provider[\"registry.terraform.io/hashicorp/aws\"]",
      "instances": [
        {
          "schema_version": 0,
          "attributes": {
            "arn": "arn:aws:iam::602963248309:role/collision-data-minilake-c001-rd-lambda-party-processor-b3e8-role",
            "assume_role_policy": "{\"Statement\":[{\"Action\":\"sts:AssumeRole\",\"Effect\":\"Allow\",\"Principal\":{\"Service\":\"lambda.amazonaws.com\"}}],\"Version\":\"2012-10-17\"}",
            "create_date": "2026-04-30T11:33:09Z",
            "description": "",
            "force_detach_policies": false,
            "id": "collision-data-minilake-c001-rd-lambda-party-processor-b3e8-role",
            "inline_policy": [],
            "managed_policy_arns": [],
            "max_session_duration": 3600,
            "name": "collision-data-minilake-c001-rd-lambda-party-processor-b3e8-role",
            "name_prefix": "",
            "path": "/",
            "permissions_boundary": "",
            "tags": {
              "BusinessUnit": "rd",
              "CostCenter": "c001",
              "ManagedBy": "aws-pipeline-engine",
              "Pipeline": "collision_data_minilake"
            },
            "tags_all": {
              "BusinessUnit": "rd",
              "CostCenter": "c001",
              "ManagedBy": "aws-pipeline-engine",
              "Pipeline": "collision_data_minilake"
            },
            "unique_id": "AROAYYY3JAS2ZNACXXE5D"
          },
          "sensitive_attributes": [],
          "private": "bnVsbA=="
        }
      ]
    },
    {
      "mode": "managed",
      "type": "aws_iam_role",
      "name": "collision_data_minilake_c001_rd_lambda_refine_data_c370_role",
      "provider": "provider[\"registry.terraform.io/hashicorp/aws\"]",
      "instances": [
        {
          "schema_version": 0,
          "attributes": {
            "arn": "arn:aws:iam::602963248309:role/collision-data-minilake-c001-rd-lambda-refine-data-749f-role",
            "assume_role_policy": "{\"Statement\":[{\"Action\":\"sts:AssumeRole\",\"Effect\":\"Allow\",\"Principal\":{\"Service\":\"lambda.amazonaws.com\"}}],\"Version\":\"2012-10-17\"}",
            "create_date": "2026-04-30T11:33:10Z",
            "description": "",
            "force_detach_policies": false,
            "id": "collision-data-minilake-c001-rd-lambda-refine-data-749f-role",
            "inline_policy": [],
            "managed_policy_arns": [],
            "max_session_duration": 3600,
            "name": "collision-data-minilake-c001-rd-lambda-refine-data-749f-role",
            "name_prefix": "",
            "path": "/",
            "permissions_boundary": "",
            "tags": {
              "BusinessUnit": "rd",
              "CostCenter": "c001",
              "ManagedBy": "aws-pipeline-engine",
              "Pipeline": "collision_data_minilake"
            },
            "tags_all": {
              "BusinessUnit": "rd",
              "CostCenter": "c001",
              "ManagedBy": "aws-pipeline-engine",
              "Pipeline": "collision_data_minilake"
            },
            "unique_id": "AROAYYY3JAS2XVKBWBCUX"
          },
          "sensitive_attributes": [],
          "private": "bnVsbA=="
        }
      ]
    },
    {
      "mode": "managed",
      "type": "aws_iam_role",
      "name": "collision_data_minilake_c001_rd_lambda_victim_processor_7499_role",
      "provider": "provider[\"registry.terraform.io/hashicorp/aws\"]",
      "instances": [
        {
          "schema_version": 0,
          "attributes": {
            "arn": "arn:aws:iam::602963248309:role/collision-data-minilake-c001-rd-lambda-victim-proce-aec29e2-role",
            "assume_role_policy": "{\"Statement\":[{\"Action\":\"sts:AssumeRole\",\"Effect\":\"Allow\",\"Principal\":{\"Service\":\"lambda.amazonaws.com\"}}],\"Version\":\"2012-10-17\"}",
            "create_date": "2026-04-30T11:33:10Z",
            "description": "",
            "force_detach_policies": false,
            "id": "collision-data-minilake-c001-rd-lambda-victim-proce-aec29e2-role",
            "inline_policy": [],
            "managed_policy_arns": [],
            "max_session_duration": 3600,
            "name": "collision-data-minilake-c001-rd-lambda-victim-proce-aec29e2-role",
            "name_prefix": "",
            "path": "/",
            "permissions_boundary": "",
            "tags": {
              "BusinessUnit": "rd",
              "CostCenter": "c001",
              "ManagedBy": "aws-pipeline-engine",
              "Pipeline": "collision_data_minilake"
            },
            "tags_all": {
              "BusinessUnit": "rd",
              "CostCenter": "c001",
              "ManagedBy": "aws-pipeline-engine",
              "Pipeline": "collision_data_minilake"
            },
            "unique_id": "AROAYYY3JAS27S2X6QW5M"
          },
          "sensitive_attributes": [],
          "private": "bnVsbA=="
        }
      ]
    },
    {
      "mode": "managed",
      "type": "aws_iam_role_policy",
      "name": "collision_data_minilake_c001_rd_glue_minilake_crawler_e544_policy",
      "provider": "provider[\"registry.terraform.io/hashicorp/aws\"]",
      "instances": [
        {
          "schema_version": 0,
          "attributes": {
            "id": "collision-data-minilake-c001-rd-glue-minilake-crawler-9841-role:collision-data-minilake-c001-rd-glue-minilake-cra-c990dca-policy",
            "name": "collision-data-minilake-c001-rd-glue-minilake-cra-c990dca-policy",
            "name_prefix": "",
            "policy": "{\"Version\":\"2012-10-17\",\"Statement\":[{\"Action\":[\"logs:CreateLogGroup\",\"logs:CreateLogStream\",\"logs:PutLogEvents\",\"glue:GetDatabase\",\"glue:GetTable\",\"glue:CreateTable\",\"glue:UpdateTable\",\"glue:DeleteTable\",\"glue:GetPartition\",\"glue:CreatePartition\",\"glue:UpdatePartition\",\"glue:BatchCreatePartition\",\"glue:BatchDeletePartition\",\"s3:GetObject\",\"s3:PutObject\",\"s3:ListBucket\",\"s3:DeleteObject\"],\"Effect\":\"Allow\",\"Resource\":\"*\"}]}",
            "role": "collision-data-minilake-c001-rd-glue-minilake-crawler-9841-role"
          },
          "sensitive_attributes": [],
          "private": "bnVsbA==",
          "dependencies": [
            "aws_iam_role.collision_data_minilake_c001_rd_glue_minilake_crawler_e544_role"
          ]
        }
      ]
    },
    {
      "mode": "managed",
      "type": "aws_iam_role_policy",
      "name": "collision_data_minilake_c001_rd_lambda_case_processor_50a3_policy",
      "provider": "provider[\"registry.terraform.io/hashicorp/aws\"]",
      "instances": [
        {
          "schema_version": 0,
          "attributes": {
            "id": "collision-data-minilake-c001-rd-lambda-case-processor-a528-role:collision-data-minilake-c001-rd-lambda-case-proce-205ca70-policy",
            "name": "collision-data-minilake-c001-rd-lambda-case-proce-205ca70-policy",
            "name_prefix": "",
            "policy": "{\"Version\":\"2012-10-17\",\"Statement\":[{\"Action\":[\"logs:CreateLogGroup\",\"logs:CreateLogStream\",\"logs:PutLogEvents\",\"s3:GetObject\",\"s3:ListBucket\",\"s3:PutObject\",\"s3:DeleteObject\"],\"Effect\":\"Allow\",\"Resource\":\"*\"}]}",
            "role": "collision-data-minilake-c001-rd-lambda-case-processor-a528-role"
          },
          "sensitive_attributes": [],
          "private": "bnVsbA==",
          "dependencies": [
            "aws_iam_role.collision_data_minilake_c001_rd_lambda_case_processor_50a3_role"
          ]
        }
      ]
    },
    {
      "mode": "managed",
      "type": "aws_iam_role_policy",
      "name": "collision_data_minilake_c001_rd_lambda_collision_processor_e79e_policy",
      "provider": "provider[\"registry.terraform.io/hashicorp/aws\"]",
      "instances": [
        {
          "schema_version": 0,
          "attributes": {
            "id": "collision-data-minilake-c001-rd-lambda-collision-pr-540503d-role:collision-data-minilake-c001-rd-lambda-collision-540503d-policy",
            "name": "collision-data-minilake-c001-rd-lambda-collision-540503d-policy",
            "name_prefix": "",
            "policy": "{\"Version\":\"2012-10-17\",\"Statement\":[{\"Action\":[\"logs:CreateLogGroup\",\"logs:CreateLogStream\",\"logs:PutLogEvents\",\"s3:GetObject\",\"s3:ListBucket\",\"s3:PutObject\",\"s3:DeleteObject\"],\"Effect\":\"Allow\",\"Resource\":\"*\"}]}",
            "role": "collision-data-minilake-c001-rd-lambda-collision-pr-540503d-role"
          },
          "sensitive_attributes": [],
          "private": "bnVsbA==",
          "dependencies": [
            "aws_iam_role.collision_data_minilake_c001_rd_lambda_collision_processor_e79e_role"
          ]
        }
      ]
    },
    {
      "mode": "managed",
      "type": "aws_iam_role_policy",
      "name": "collision_data_minilake_c001_rd_lambda_party_processor_f8ca_policy",
      "provider": "provider[\"registry.terraform.io/hashicorp/aws\"]",
      "instances": [
        {
          "schema_version": 0,
          "attributes": {
            "id": "collision-data-minilake-c001-rd-lambda-party-processor-b3e8-role:collision-data-minilake-c001-rd-lambda-party-proc-3615cfd-policy",
            "name": "collision-data-minilake-c001-rd-lambda-party-proc-3615cfd-policy",
            "name_prefix": "",
            "policy": "{\"Version\":\"2012-10-17\",\"Statement\":[{\"Action\":[\"logs:CreateLogGroup\",\"logs:CreateLogStream\",\"logs:PutLogEvents\",\"s3:GetObject\",\"s3:ListBucket\",\"s3:PutObject\",\"s3:DeleteObject\"],\"Effect\":\"Allow\",\"Resource\":\"*\"}]}",
            "role": "collision-data-minilake-c001-rd-lambda-party-processor-b3e8-role"
          },
          "sensitive_attributes": [],
          "private": "bnVsbA==",
          "dependencies": [
            "aws_iam_role.collision_data_minilake_c001_rd_lambda_party_processor_f8ca_role"
          ]
        }
      ]
    },
    {
      "mode": "managed",
      "type": "aws_iam_role_policy",
      "name": "collision_data_minilake_c001_rd_lambda_refine_data_c370_policy",
      "provider": "provider[\"registry.terraform.io/hashicorp/aws\"]",
      "instances": [
        {
          "schema_version": 0,
          "attributes": {
            "id": "collision-data-minilake-c001-rd-lambda-refine-data-749f-role:collision-data-minilake-c001-rd-lambda-refine-data-749f-policy",
            "name": "collision-data-minilake-c001-rd-lambda-refine-data-749f-policy",
            "name_prefix": "",
            "policy": "{\"Version\":\"2012-10-17\",\"Statement\":[{\"Action\":[\"logs:CreateLogGroup\",\"logs:CreateLogStream\",\"logs:PutLogEvents\",\"s3:GetObject\",\"s3:ListBucket\",\"s3:PutObject\",\"s3:DeleteObject\"],\"Effect\":\"Allow\",\"Resource\":\"*\"}]}",
            "role": "collision-data-minilake-c001-rd-lambda-refine-data-749f-role"
          },
          "sensitive_attributes": [],
          "private": "bnVsbA==",
          "dependencies": [
            "aws_iam_role.collision_data_minilake_c001_rd_lambda_refine_data_c370_role"
          ]
        }
      ]
    },
    {
      "mode": "managed",
      "type": "aws_iam_role_policy",
      "name": "collision_data_minilake_c001_rd_lambda_victim_processor_7499_policy",
      "provider": "provider[\"registry.terraform.io/hashicorp/aws\"]",
      "instances": [
        {
          "schema_version": 0,
          "attributes": {
            "id": "collision-data-minilake-c001-rd-lambda-victim-proce-aec29e2-role:collision-data-minilake-c001-rd-lambda-victim-pro-aec29e2-policy",
            "name": "collision-data-minilake-c001-rd-lambda-victim-pro-aec29e2-policy",
            "name_prefix": "",
            "policy": "{\"Version\":\"2012-10-17\",\"Statement\":[{\"Action\":[\"logs:CreateLogGroup\",\"logs:CreateLogStream\",\"logs:PutLogEvents\",\"s3:GetObject\",\"s3:ListBucket\",\"s3:PutObject\",\"s3:DeleteObject\"],\"Effect\":\"Allow\",\"Resource\":\"*\"}]}",
            "role": "collision-data-minilake-c001-rd-lambda-victim-proce-aec29e2-role"
          },
          "sensitive_attributes": [],
          "private": "bnVsbA==",
          "dependencies": [
            "aws_iam_role.collision_data_minilake_c001_rd_lambda_victim_processor_7499_role"
          ]
        }
      ]
    },
    {
      "mode": "managed",
      "type": "aws_lambda_function",
      "name": "collision_data_minilake_c001_rd_lambda_case_processor_50a3",
      "provider": "provider[\"registry.terraform.io/hashicorp/aws\"]",
      "instances": [
        {
          "schema_version": 0,
          "attributes": {
            "architectures": [
              "x86_64"
            ],
            "arn": "arn:aws:lambda:us-east-1:602963248309:function:collision-data-minilake-c001-rd-lambda-case-processor-a528",
            "code_sha256": "LmcgHcF2xlW0KH/h8do1eRPlc9I5gAA6/LTH/6iiCAM=",
            "code_signing_config_arn": "",
            "dead_letter_config": [],
            "description": "",
            "environment": [
              {
                "variables": {
                  "CASE_STAGING_BUCKET_BUCKET": "collision-data-minilake-c001-rd-s3-case-staging-bucket-facb"
                }
              }
            ],
            "ephemeral_storage": [
              {
                "size": 512
              }
            ],
            "file_system_config": [],
            "filename": "./collision_data_minilake_c001_rd_lambda_case_processor_50a3_placeholder.zip",
            "function_name": "collision-data-minilake-c001-rd-lambda-case-processor-a528",
            "handler": "index.handler",
            "id": "collision-data-minilake-c001-rd-lambda-case-processor-a528",
            "image_config": [],
            "image_uri": "",
            "invoke_arn": "arn:aws:apigateway:us-east-1:lambda:path/2015-03-31/functions/arn:aws:lambda:us-east-1:602963248309:function:collision-data-minilake-c001-rd-lambda-case-processor-a528/invocations",
            "kms_key_arn": "",
            "last_modified": "2026-04-30T11:33:48.785+0000",
            "layers": null,
            "logging_config": [
              {
                "application_log_level": "",
                "log_format": "Text",
                "log_group": "/aws/lambda/collision-data-minilake-c001-rd-lambda-case-processor-a528",
                "system_log_level": ""
              }
            ],
            "memory_size": 512,
            "package_type": "Zip",
            "publish": false,
            "qualified_arn": "arn:aws:lambda:us-east-1:602963248309:function:collision-data-minilake-c001-rd-lambda-case-processor-a528:$LATEST",
            "qualified_invoke_arn": "arn:aws:apigateway:us-east-1:lambda:path/2015-03-31/functions/arn:aws:lambda:us-east-1:602963248309:function:collision-data-minilake-c001-rd-lambda-case-processor-a528:$LATEST/invocations",
            "replace_security_groups_on_destroy": null,
            "replacement_security_group_ids": null,
            "reserved_concurrent_executions": -1,
            "role": "arn:aws:iam::602963248309:role/collision-data-minilake-c001-rd-lambda-case-processor-a528-role",
            "runtime": "python3.12",
            "s3_bucket": null,
            "s3_key": null,
            "s3_object_version": null,
            "signing_job_arn": "",
            "signing_profile_version_arn": "",
            "skip_destroy": false,
            "snap_start": [],
            "source_code_hash": "LmcgHcF2xlW0KH/h8do1eRPlc9I5gAA6/LTH/6iiCAM=",
            "source_code_size": 195,
            "tags": {
              "BusinessUnit": "rd",
              "CostCenter": "c001",
              "ManagedBy": "aws-pipeline-engine",
              "Pipeline": "collision_data_minilake"
            },
            "tags_all": {
              "BusinessUnit": "rd",
              "CostCenter": "c001",
              "ManagedBy": "aws-pipeline-engine",
              "Pipeline": "collision_data_minilake"
            },
            "timeout": 300,
            "timeouts": null,
            "tracing_config": [
              {
                "mode": "PassThrough"
              }
            ],
            "version": "$LATEST",
            "vpc_config": []
          },
          "sensitive_attributes": [],
          "private": "eyJlMmJmYjczMC1lY2FhLTExZTYtOGY4OC0zNDM2M2JjN2M0YzAiOnsiY3JlYXRlIjo2MDAwMDAwMDAwMDAsImRlbGV0ZSI6NjAwMDAwMDAwMDAwLCJ1cGRhdGUiOjYwMDAwMDAwMDAwMH19",
          "dependencies": [
            "aws_cloudwatch_log_group.collision_data_minilake_c001_rd_lambda_case_processor_50a3_lg",
            "aws_iam_role.collision_data_minilake_c001_rd_lambda_case_processor_50a3_role",
            "aws_s3_bucket.collision_data_minilake_c001_rd_s3_case_staging_bucket_ae11",
            "data.archive_file.collision_data_minilake_c001_rd_lambda_case_processor_50a3_placeholder"
          ]
        }
      ]
    },
    {
      "mode": "managed",
      "type": "aws_lambda_function",
      "name": "collision_data_minilake_c001_rd_lambda_collision_processor_e79e",
      "provider": "provider[\"registry.terraform.io/hashicorp/aws\"]",
      "instances": [
        {
          "schema_version": 0,
          "attributes": {
            "architectures": [
              "x86_64"
            ],
            "arn": "arn:aws:lambda:us-east-1:602963248309:function:collision-data-minilake-c001-rd-lambda-collision-processor-cdf1",
            "code_sha256": "LmcgHcF2xlW0KH/h8do1eRPlc9I5gAA6/LTH/6iiCAM=",
            "code_signing_config_arn": "",
            "dead_letter_config": [],
            "description": "",
            "environment": [
              {
                "variables": {
                  "COLLISION_STAGING_BUCKET_BUCKET": "collision-data-minilake-c001-rd-s3-collision-staging-bu-bc38198"
                }
              }
            ],
            "ephemeral_storage": [
              {
                "size": 512
              }
            ],
            "file_system_config": [],
            "filename": "./collision_data_minilake_c001_rd_lambda_collision_processor_e79e_placeholder.zip",
            "function_name": "collision-data-minilake-c001-rd-lambda-collision-processor-cdf1",
            "handler": "index.handler",
            "id": "collision-data-minilake-c001-rd-lambda-collision-processor-cdf1",
            "image_config": [],
            "image_uri": "",
            "invoke_arn": "arn:aws:apigateway:us-east-1:lambda:path/2015-03-31/functions/arn:aws:lambda:us-east-1:602963248309:function:collision-data-minilake-c001-rd-lambda-collision-processor-cdf1/invocations",
            "kms_key_arn": "",
            "last_modified": "2026-04-30T11:33:38.982+0000",
            "layers": null,
            "logging_config": [
              {
                "application_log_level": "",
                "log_format": "Text",
                "log_group": "/aws/lambda/collision-data-minilake-c001-rd-lambda-collision-processor-cdf1",
                "system_log_level": ""
              }
            ],
            "memory_size": 512,
            "package_type": "Zip",
            "publish": false,
            "qualified_arn": "arn:aws:lambda:us-east-1:602963248309:function:collision-data-minilake-c001-rd-lambda-collision-processor-cdf1:$LATEST",
            "qualified_invoke_arn": "arn:aws:apigateway:us-east-1:lambda:path/2015-03-31/functions/arn:aws:lambda:us-east-1:602963248309:function:collision-data-minilake-c001-rd-lambda-collision-processor-cdf1:$LATEST/invocations",
            "replace_security_groups_on_destroy": null,
            "replacement_security_group_ids": null,
            "reserved_concurrent_executions": -1,
            "role": "arn:aws:iam::602963248309:role/collision-data-minilake-c001-rd-lambda-collision-pr-540503d-role",
            "runtime": "python3.12",
            "s3_bucket": null,
            "s3_key": null,
            "s3_object_version": null,
            "signing_job_arn": "",
            "signing_profile_version_arn": "",
            "skip_destroy": false,
            "snap_start": [],
            "source_code_hash": "LmcgHcF2xlW0KH/h8do1eRPlc9I5gAA6/LTH/6iiCAM=",
            "source_code_size": 195,
            "tags": {
              "BusinessUnit": "rd",
              "CostCenter": "c001",
              "ManagedBy": "aws-pipeline-engine",
              "Pipeline": "collision_data_minilake"
            },
            "tags_all": {
              "BusinessUnit": "rd",
              "CostCenter": "c001",
              "ManagedBy": "aws-pipeline-engine",
              "Pipeline": "collision_data_minilake"
            },
            "timeout": 300,
            "timeouts": null,
            "tracing_config": [
              {
                "mode": "PassThrough"
              }
            ],
            "version": "$LATEST",
            "vpc_config": []
          },
          "sensitive_attributes": [],
          "private": "eyJlMmJmYjczMC1lY2FhLTExZTYtOGY4OC0zNDM2M2JjN2M0YzAiOnsiY3JlYXRlIjo2MDAwMDAwMDAwMDAsImRlbGV0ZSI6NjAwMDAwMDAwMDAwLCJ1cGRhdGUiOjYwMDAwMDAwMDAwMH19",
          "dependencies": [
            "aws_cloudwatch_log_group.collision_data_minilake_c001_rd_lambda_collision_processor_e79e_lg",
            "aws_iam_role.collision_data_minilake_c001_rd_lambda_collision_processor_e79e_role",
            "aws_s3_bucket.collision_data_minilake_c001_rd_s3_collision_staging_bucket_5371",
            "data.archive_file.collision_data_minilake_c001_rd_lambda_collision_processor_e79e_placeholder"
          ]
        }
      ]
    },
    {
      "mode": "managed",
      "type": "aws_lambda_function",
      "name": "collision_data_minilake_c001_rd_lambda_party_processor_f8ca",
      "provider": "provider[\"registry.terraform.io/hashicorp/aws\"]",
      "instances": [
        {
          "schema_version": 0,
          "attributes": {
            "architectures": [
              "x86_64"
            ],
            "arn": "arn:aws:lambda:us-east-1:602963248309:function:collision-data-minilake-c001-rd-lambda-party-processor-b3e8",
            "code_sha256": "LmcgHcF2xlW0KH/h8do1eRPlc9I5gAA6/LTH/6iiCAM=",
            "code_signing_config_arn": "",
            "dead_letter_config": [],
            "description": "",
            "environment": [
              {
                "variables": {
                  "PARTY_STAGING_BUCKET_BUCKET": "collision-data-minilake-c001-rd-s3-party-staging-bucket-4e3d"
                }
              }
            ],
            "ephemeral_storage": [
              {
                "size": 512
              }
            ],
            "file_system_config": [],
            "filename": "./collision_data_minilake_c001_rd_lambda_party_processor_f8ca_placeholder.zip",
            "function_name": "collision-data-minilake-c001-rd-lambda-party-processor-b3e8",
            "handler": "index.handler",
            "id": "collision-data-minilake-c001-rd-lambda-party-processor-b3e8",
            "image_config": [],
            "image_uri": "",
            "invoke_arn": "arn:aws:apigateway:us-east-1:lambda:path/2015-03-31/functions/arn:aws:lambda:us-east-1:602963248309:function:collision-data-minilake-c001-rd-lambda-party-processor-b3e8/invocations",
            "kms_key_arn": "",
            "last_modified": "2026-04-30T11:33:29.460+0000",
            "layers": null,
            "logging_config": [
              {
                "application_log_level": "",
                "log_format": "Text",
                "log_group": "/aws/lambda/collision-data-minilake-c001-rd-lambda-party-processor-b3e8",
                "system_log_level": ""
              }
            ],
            "memory_size": 512,
            "package_type": "Zip",
            "publish": false,
            "qualified_arn": "arn:aws:lambda:us-east-1:602963248309:function:collision-data-minilake-c001-rd-lambda-party-processor-b3e8:$LATEST",
            "qualified_invoke_arn": "arn:aws:apigateway:us-east-1:lambda:path/2015-03-31/functions/arn:aws:lambda:us-east-1:602963248309:function:collision-data-minilake-c001-rd-lambda-party-processor-b3e8:$LATEST/invocations",
            "replace_security_groups_on_destroy": null,
            "replacement_security_group_ids": null,
            "reserved_concurrent_executions": -1,
            "role": "arn:aws:iam::602963248309:role/collision-data-minilake-c001-rd-lambda-party-processor-b3e8-role",
            "runtime": "python3.12",
            "s3_bucket": null,
            "s3_key": null,
            "s3_object_version": null,
            "signing_job_arn": "",
            "signing_profile_version_arn": "",
            "skip_destroy": false,
            "snap_start": [],
            "source_code_hash": "LmcgHcF2xlW0KH/h8do1eRPlc9I5gAA6/LTH/6iiCAM=",
            "source_code_size": 195,
            "tags": {
              "BusinessUnit": "rd",
              "CostCenter": "c001",
              "ManagedBy": "aws-pipeline-engine",
              "Pipeline": "collision_data_minilake"
            },
            "tags_all": {
              "BusinessUnit": "rd",
              "CostCenter": "c001",
              "ManagedBy": "aws-pipeline-engine",
              "Pipeline": "collision_data_minilake"
            },
            "timeout": 300,
            "timeouts": null,
            "tracing_config": [
              {
                "mode": "PassThrough"
              }
            ],
            "version": "$LATEST",
            "vpc_config": []
          },
          "sensitive_attributes": [],
          "private": "eyJlMmJmYjczMC1lY2FhLTExZTYtOGY4OC0zNDM2M2JjN2M0YzAiOnsiY3JlYXRlIjo2MDAwMDAwMDAwMDAsImRlbGV0ZSI6NjAwMDAwMDAwMDAwLCJ1cGRhdGUiOjYwMDAwMDAwMDAwMH19",
          "dependencies": [
            "aws_cloudwatch_log_group.collision_data_minilake_c001_rd_lambda_party_processor_f8ca_lg",
            "aws_iam_role.collision_data_minilake_c001_rd_lambda_party_processor_f8ca_role",
            "aws_s3_bucket.collision_data_minilake_c001_rd_s3_party_staging_bucket_b09a",
            "data.archive_file.collision_data_minilake_c001_rd_lambda_party_processor_f8ca_placeholder"
          ]
        }
      ]
    },
    {
      "mode": "managed",
      "type": "aws_lambda_function",
      "name": "collision_data_minilake_c001_rd_lambda_refine_data_c370",
      "provider": "provider[\"registry.terraform.io/hashicorp/aws\"]",
      "instances": [
        {
          "schema_version": 0,
          "attributes": {
            "architectures": [
              "x86_64"
            ],
            "arn": "arn:aws:lambda:us-east-1:602963248309:function:collision-data-minilake-c001-rd-lambda-refine-data-749f",
            "code_sha256": "LmcgHcF2xlW0KH/h8do1eRPlc9I5gAA6/LTH/6iiCAM=",
            "code_signing_config_arn": "",
            "dead_letter_config": [],
            "description": "",
            "environment": [
              {
                "variables": {
                  "MINILAKE_BUCKET_BUCKET": "collision-data-minilake-c001-rd-s3-minilake-bucket-ad8c"
                }
              }
            ],
            "ephemeral_storage": [
              {
                "size": 512
              }
            ],
            "file_system_config": [],
            "filename": "./collision_data_minilake_c001_rd_lambda_refine_data_c370_placeholder.zip",
            "function_name": "collision-data-minilake-c001-rd-lambda-refine-data-749f",
            "handler": "index.handler",
            "id": "collision-data-minilake-c001-rd-lambda-refine-data-749f",
            "image_config": [],
            "image_uri": "",
            "invoke_arn": "arn:aws:apigateway:us-east-1:lambda:path/2015-03-31/functions/arn:aws:lambda:us-east-1:602963248309:function:collision-data-minilake-c001-rd-lambda-refine-data-749f/invocations",
            "kms_key_arn": "",
            "last_modified": "2026-04-30T11:33:58.033+0000",
            "layers": null,
            "logging_config": [
              {
                "application_log_level": "",
                "log_format": "Text",
                "log_group": "/aws/lambda/collision-data-minilake-c001-rd-lambda-refine-data-749f",
                "system_log_level": ""
              }
            ],
            "memory_size": 1024,
            "package_type": "Zip",
            "publish": false,
            "qualified_arn": "arn:aws:lambda:us-east-1:602963248309:function:collision-data-minilake-c001-rd-lambda-refine-data-749f:$LATEST",
            "qualified_invoke_arn": "arn:aws:apigateway:us-east-1:lambda:path/2015-03-31/functions/arn:aws:lambda:us-east-1:602963248309:function:collision-data-minilake-c001-rd-lambda-refine-data-749f:$LATEST/invocations",
            "replace_security_groups_on_destroy": null,
            "replacement_security_group_ids": null,
            "reserved_concurrent_executions": -1,
            "role": "arn:aws:iam::602963248309:role/collision-data-minilake-c001-rd-lambda-refine-data-749f-role",
            "runtime": "python3.12",
            "s3_bucket": null,
            "s3_key": null,
            "s3_object_version": null,
            "signing_job_arn": "",
            "signing_profile_version_arn": "",
            "skip_destroy": false,
            "snap_start": [],
            "source_code_hash": "LmcgHcF2xlW0KH/h8do1eRPlc9I5gAA6/LTH/6iiCAM=",
            "source_code_size": 195,
            "tags": {
              "BusinessUnit": "rd",
              "CostCenter": "c001",
              "ManagedBy": "aws-pipeline-engine",
              "Pipeline": "collision_data_minilake"
            },
            "tags_all": {
              "BusinessUnit": "rd",
              "CostCenter": "c001",
              "ManagedBy": "aws-pipeline-engine",
              "Pipeline": "collision_data_minilake"
            },
            "timeout": 600,
            "timeouts": null,
            "tracing_config": [
              {
                "mode": "PassThrough"
              }
            ],
            "version": "$LATEST",
            "vpc_config": []
          },
          "sensitive_attributes": [],
          "private": "eyJlMmJmYjczMC1lY2FhLTExZTYtOGY4OC0zNDM2M2JjN2M0YzAiOnsiY3JlYXRlIjo2MDAwMDAwMDAwMDAsImRlbGV0ZSI6NjAwMDAwMDAwMDAwLCJ1cGRhdGUiOjYwMDAwMDAwMDAwMH19",
          "dependencies": [
            "aws_cloudwatch_log_group.collision_data_minilake_c001_rd_lambda_refine_data_c370_lg",
            "aws_iam_role.collision_data_minilake_c001_rd_lambda_refine_data_c370_role",
            "aws_s3_bucket.collision_data_minilake_c001_rd_s3_minilake_bucket_8632",
            "data.archive_file.collision_data_minilake_c001_rd_lambda_refine_data_c370_placeholder"
          ]
        }
      ]
    },
    {
      "mode": "managed",
      "type": "aws_lambda_function",
      "name": "collision_data_minilake_c001_rd_lambda_victim_processor_7499",
      "provider": "provider[\"registry.terraform.io/hashicorp/aws\"]",
      "instances": [
        {
          "schema_version": 0,
          "attributes": {
            "architectures": [
              "x86_64"
            ],
            "arn": "arn:aws:lambda:us-east-1:602963248309:function:collision-data-minilake-c001-rd-lambda-victim-processor-1931",
            "code_sha256": "LmcgHcF2xlW0KH/h8do1eRPlc9I5gAA6/LTH/6iiCAM=",
            "code_signing_config_arn": "",
            "dead_letter_config": [],
            "description": "",
            "environment": [
              {
                "variables": {
                  "VICTIM_STAGING_BUCKET_BUCKET": "collision-data-minilake-c001-rd-s3-victim-staging-bucket-c6fd"
                }
              }
            ],
            "ephemeral_storage": [
              {
                "size": 512
              }
            ],
            "file_system_config": [],
            "filename": "./collision_data_minilake_c001_rd_lambda_victim_processor_7499_placeholder.zip",
            "function_name": "collision-data-minilake-c001-rd-lambda-victim-processor-1931",
            "handler": "index.handler",
            "id": "collision-data-minilake-c001-rd-lambda-victim-processor-1931",
            "image_config": [],
            "image_uri": "",
            "invoke_arn": "arn:aws:apigateway:us-east-1:lambda:path/2015-03-31/functions/arn:aws:lambda:us-east-1:602963248309:function:collision-data-minilake-c001-rd-lambda-victim-processor-1931/invocations",
            "kms_key_arn": "",
            "last_modified": "2026-04-30T11:33:19.731+0000",
            "layers": null,
            "logging_config": [
              {
                "application_log_level": "",
                "log_format": "Text",
                "log_group": "/aws/lambda/collision-data-minilake-c001-rd-lambda-victim-processor-1931",
                "system_log_level": ""
              }
            ],
            "memory_size": 512,
            "package_type": "Zip",
            "publish": false,
            "qualified_arn": "arn:aws:lambda:us-east-1:602963248309:function:collision-data-minilake-c001-rd-lambda-victim-processor-1931:$LATEST",
            "qualified_invoke_arn": "arn:aws:apigateway:us-east-1:lambda:path/2015-03-31/functions/arn:aws:lambda:us-east-1:602963248309:function:collision-data-minilake-c001-rd-lambda-victim-processor-1931:$LATEST/invocations",
            "replace_security_groups_on_destroy": null,
            "replacement_security_group_ids": null,
            "reserved_concurrent_executions": -1,
            "role": "arn:aws:iam::602963248309:role/collision-data-minilake-c001-rd-lambda-victim-proce-aec29e2-role",
            "runtime": "python3.12",
            "s3_bucket": null,
            "s3_key": null,
            "s3_object_version": null,
            "signing_job_arn": "",
            "signing_profile_version_arn": "",
            "skip_destroy": false,
            "snap_start": [],
            "source_code_hash": "LmcgHcF2xlW0KH/h8do1eRPlc9I5gAA6/LTH/6iiCAM=",
            "source_code_size": 195,
            "tags": {
              "BusinessUnit": "rd",
              "CostCenter": "c001",
              "ManagedBy": "aws-pipeline-engine",
              "Pipeline": "collision_data_minilake"
            },
            "tags_all": {
              "BusinessUnit": "rd",
              "CostCenter": "c001",
              "ManagedBy": "aws-pipeline-engine",
              "Pipeline": "collision_data_minilake"
            },
            "timeout": 300,
            "timeouts": null,
            "tracing_config": [
              {
                "mode": "PassThrough"
              }
            ],
            "version": "$LATEST",
            "vpc_config": []
          },
          "sensitive_attributes": [],
          "private": "eyJlMmJmYjczMC1lY2FhLTExZTYtOGY4OC0zNDM2M2JjN2M0YzAiOnsiY3JlYXRlIjo2MDAwMDAwMDAwMDAsImRlbGV0ZSI6NjAwMDAwMDAwMDAwLCJ1cGRhdGUiOjYwMDAwMDAwMDAwMH19",
          "dependencies": [
            "aws_cloudwatch_log_group.collision_data_minilake_c001_rd_lambda_victim_processor_7499_lg",
            "aws_iam_role.collision_data_minilake_c001_rd_lambda_victim_processor_7499_role",
            "aws_s3_bucket.collision_data_minilake_c001_rd_s3_victim_staging_bucket_b2ff",
            "data.archive_file.collision_data_minilake_c001_rd_lambda_victim_processor_7499_placeholder"
          ]
        }
      ]
    },
    {
      "mode": "managed",
      "type": "aws_lambda_permission",
      "name": "collision_data_minilake_c001_rd_s3_case_bucket_cb98_invoke_collision_data_minilake_c001_rd_lambda_case_processor_50a3",
      "provider": "provider[\"registry.terraform.io/hashicorp/aws\"]",
      "instances": [
        {
          "schema_version": 0,
          "attributes": {
            "action": "lambda:InvokeFunction",
            "event_source_token": null,
            "function_name": "collision-data-minilake-c001-rd-lambda-case-processor-a528",
            "function_url_auth_type": null,
            "id": "AllowS3-collision_data_minilake_c001_rd_s3_case_bucket_cb98-collision_data_minilake_c001_rd-f79a94d7",
            "principal": "s3.amazonaws.com",
            "principal_org_id": null,
            "qualifier": "",
            "source_account": null,
            "source_arn": "arn:aws:s3:::collision-data-minilake-c001-rd-s3-case-bucket-a7aa",
            "statement_id": "AllowS3-collision_data_minilake_c001_rd_s3_case_bucket_cb98-collision_data_minilake_c001_rd-f79a94d7",
            "statement_id_prefix": ""
          },
          "sensitive_attributes": [],
          "private": "bnVsbA==",
          "dependencies": [
            "aws_cloudwatch_log_group.collision_data_minilake_c001_rd_lambda_case_processor_50a3_lg",
            "aws_iam_role.collision_data_minilake_c001_rd_lambda_case_processor_50a3_role",
            "aws_lambda_function.collision_data_minilake_c001_rd_lambda_case_processor_50a3",
            "aws_s3_bucket.collision_data_minilake_c001_rd_s3_case_bucket_cb98",
            "aws_s3_bucket.collision_data_minilake_c001_rd_s3_case_staging_bucket_ae11",
            "data.archive_file.collision_data_minilake_c001_rd_lambda_case_processor_50a3_placeholder"
          ]
        }
      ]
    },
    {
      "mode": "managed",
      "type": "aws_lambda_permission",
      "name": "collision_data_minilake_c001_rd_s3_case_staging_bucket_ae11_invoke_collision_data_minilake_c001_rd_lambda_refine_data_c370",
      "provider": "provider[\"registry.terraform.io/hashicorp/aws\"]",
      "instances": [
        {
          "schema_version": 0,
          "attributes": {
            "action": "lambda:InvokeFunction",
            "event_source_token": null,
            "function_name": "collision-data-minilake-c001-rd-lambda-refine-data-749f",
            "function_url_auth_type": null,
            "id": "AllowS3-collision_data_minilake_c001_rd_s3_case_staging_bucket_ae11-collision_data_minilake-bb957fec",
            "principal": "s3.amazonaws.com",
            "principal_org_id": null,
            "qualifier": "",
            "source_account": null,
            "source_arn": "arn:aws:s3:::collision-data-minilake-c001-rd-s3-case-staging-bucket-facb",
            "statement_id": "AllowS3-collision_data_minilake_c001_rd_s3_case_staging_bucket_ae11-collision_data_minilake-bb957fec",
            "statement_id_prefix": ""
          },
          "sensitive_attributes": [],
          "private": "bnVsbA==",
          "dependencies": [
            "aws_cloudwatch_log_group.collision_data_minilake_c001_rd_lambda_refine_data_c370_lg",
            "aws_iam_role.collision_data_minilake_c001_rd_lambda_refine_data_c370_role",
            "aws_lambda_function.collision_data_minilake_c001_rd_lambda_refine_data_c370",
            "aws_s3_bucket.collision_data_minilake_c001_rd_s3_case_staging_bucket_ae11",
            "aws_s3_bucket.collision_data_minilake_c001_rd_s3_minilake_bucket_8632",
            "data.archive_file.collision_data_minilake_c001_rd_lambda_refine_data_c370_placeholder"
          ]
        }
      ]
    },
    {
      "mode": "managed",
      "type": "aws_lambda_permission",
      "name": "collision_data_minilake_c001_rd_s3_collision_bucket_bd75_invoke_collision_data_minilake_c001_rd_lambda_collision_processor_e79e",
      "provider": "provider[\"registry.terraform.io/hashicorp/aws\"]",
      "instances": [
        {
          "schema_version": 0,
          "attributes": {
            "action": "lambda:InvokeFunction",
            "event_source_token": null,
            "function_name": "collision-data-minilake-c001-rd-lambda-collision-processor-cdf1",
            "function_url_auth_type": null,
            "id": "AllowS3-collision_data_minilake_c001_rd_s3_collision_bucket_bd75-collision_data_minilake_c0-4a41be39",
            "principal": "s3.amazonaws.com",
            "principal_org_id": null,
            "qualifier": "",
            "source_account": null,
            "source_arn": "arn:aws:s3:::collision-data-minilake-c001-rd-s3-collision-bucket-cdb9",
            "statement_id": "AllowS3-collision_data_minilake_c001_rd_s3_collision_bucket_bd75-collision_data_minilake_c0-4a41be39",
            "statement_id_prefix": ""
          },
          "sensitive_attributes": [],
          "private": "bnVsbA==",
          "dependencies": [
            "aws_cloudwatch_log_group.collision_data_minilake_c001_rd_lambda_collision_processor_e79e_lg",
            "aws_iam_role.collision_data_minilake_c001_rd_lambda_collision_processor_e79e_role",
            "aws_lambda_function.collision_data_minilake_c001_rd_lambda_collision_processor_e79e",
            "aws_s3_bucket.collision_data_minilake_c001_rd_s3_collision_bucket_bd75",
            "aws_s3_bucket.collision_data_minilake_c001_rd_s3_collision_staging_bucket_5371",
            "data.archive_file.collision_data_minilake_c001_rd_lambda_collision_processor_e79e_placeholder"
          ]
        }
      ]
    },
    {
      "mode": "managed",
      "type": "aws_lambda_permission",
      "name": "collision_data_minilake_c001_rd_s3_collision_staging_bucket_5371_invoke_collision_data_minilake_c001_rd_lambda_refine_data_c370",
      "provider": "provider[\"registry.terraform.io/hashicorp/aws\"]",
      "instances": [
        {
          "schema_version": 0,
          "attributes": {
            "action": "lambda:InvokeFunction",
            "event_source_token": null,
            "function_name": "collision-data-minilake-c001-rd-lambda-refine-data-749f",
            "function_url_auth_type": null,
            "id": "AllowS3-collision_data_minilake_c001_rd_s3_collision_staging_bucket_5371-collision_data_min-32348320",
            "principal": "s3.amazonaws.com",
            "principal_org_id": null,
            "qualifier": "",
            "source_account": null,
            "source_arn": "arn:aws:s3:::collision-data-minilake-c001-rd-s3-collision-staging-bu-bc38198",
            "statement_id": "AllowS3-collision_data_minilake_c001_rd_s3_collision_staging_bucket_5371-collision_data_min-32348320",
            "statement_id_prefix": ""
          },
          "sensitive_attributes": [],
          "private": "bnVsbA==",
          "dependencies": [
            "aws_cloudwatch_log_group.collision_data_minilake_c001_rd_lambda_refine_data_c370_lg",
            "aws_iam_role.collision_data_minilake_c001_rd_lambda_refine_data_c370_role",
            "aws_lambda_function.collision_data_minilake_c001_rd_lambda_refine_data_c370",
            "aws_s3_bucket.collision_data_minilake_c001_rd_s3_collision_staging_bucket_5371",
            "aws_s3_bucket.collision_data_minilake_c001_rd_s3_minilake_bucket_8632",
            "data.archive_file.collision_data_minilake_c001_rd_lambda_refine_data_c370_placeholder"
          ]
        }
      ]
    },
    {
      "mode": "managed",
      "type": "aws_lambda_permission",
      "name": "collision_data_minilake_c001_rd_s3_party_bucket_f971_invoke_collision_data_minilake_c001_rd_lambda_party_processor_f8ca",
      "provider": "provider[\"registry.terraform.io/hashicorp/aws\"]",
      "instances": [
        {
          "schema_version": 0,
          "attributes": {
            "action": "lambda:InvokeFunction",
            "event_source_token": null,
            "function_name": "collision-data-minilake-c001-rd-lambda-party-processor-b3e8",
            "function_url_auth_type": null,
            "id": "AllowS3-collision_data_minilake_c001_rd_s3_party_bucket_f971-collision_data_minilake_c001_r-91c1cbe2",
            "principal": "s3.amazonaws.com",
            "principal_org_id": null,
            "qualifier": "",
            "source_account": null,
            "source_arn": "arn:aws:s3:::collision-data-minilake-c001-rd-s3-party-bucket-6366",
            "statement_id": "AllowS3-collision_data_minilake_c001_rd_s3_party_bucket_f971-collision_data_minilake_c001_r-91c1cbe2",
            "statement_id_prefix": ""
          },
          "sensitive_attributes": [],
          "private": "bnVsbA==",
          "dependencies": [
            "aws_cloudwatch_log_group.collision_data_minilake_c001_rd_lambda_party_processor_f8ca_lg",
            "aws_iam_role.collision_data_minilake_c001_rd_lambda_party_processor_f8ca_role",
            "aws_lambda_function.collision_data_minilake_c001_rd_lambda_party_processor_f8ca",
            "aws_s3_bucket.collision_data_minilake_c001_rd_s3_party_bucket_f971",
            "aws_s3_bucket.collision_data_minilake_c001_rd_s3_party_staging_bucket_b09a",
            "data.archive_file.collision_data_minilake_c001_rd_lambda_party_processor_f8ca_placeholder"
          ]
        }
      ]
    },
    {
      "mode": "managed",
      "type": "aws_lambda_permission",
      "name": "collision_data_minilake_c001_rd_s3_party_staging_bucket_b09a_invoke_collision_data_minilake_c001_rd_lambda_refine_data_c370",
      "provider": "provider[\"registry.terraform.io/hashicorp/aws\"]",
      "instances": [
        {
          "schema_version": 0,
          "attributes": {
            "action": "lambda:InvokeFunction",
            "event_source_token": null,
            "function_name": "collision-data-minilake-c001-rd-lambda-refine-data-749f",
            "function_url_auth_type": null,
            "id": "AllowS3-collision_data_minilake_c001_rd_s3_party_staging_bucket_b09a-collision_data_minilak-73e15bad",
            "principal": "s3.amazonaws.com",
            "principal_org_id": null,
            "qualifier": "",
            "source_account": null,
            "source_arn": "arn:aws:s3:::collision-data-minilake-c001-rd-s3-party-staging-bucket-4e3d",
            "statement_id": "AllowS3-collision_data_minilake_c001_rd_s3_party_staging_bucket_b09a-collision_data_minilak-73e15bad",
            "statement_id_prefix": ""
          },
          "sensitive_attributes": [],
          "private": "bnVsbA==",
          "dependencies": [
            "aws_cloudwatch_log_group.collision_data_minilake_c001_rd_lambda_refine_data_c370_lg",
            "aws_iam_role.collision_data_minilake_c001_rd_lambda_refine_data_c370_role",
            "aws_lambda_function.collision_data_minilake_c001_rd_lambda_refine_data_c370",
            "aws_s3_bucket.collision_data_minilake_c001_rd_s3_minilake_bucket_8632",
            "aws_s3_bucket.collision_data_minilake_c001_rd_s3_party_staging_bucket_b09a",
            "data.archive_file.collision_data_minilake_c001_rd_lambda_refine_data_c370_placeholder"
          ]
        }
      ]
    },
    {
      "mode": "managed",
      "type": "aws_lambda_permission",
      "name": "collision_data_minilake_c001_rd_s3_victim_bucket_c97f_invoke_collision_data_minilake_c001_rd_lambda_victim_processor_7499",
      "provider": "provider[\"registry.terraform.io/hashicorp/aws\"]",
      "instances": [
        {
          "schema_version": 0,
          "attributes": {
            "action": "lambda:InvokeFunction",
            "event_source_token": null,
            "function_name": "collision-data-minilake-c001-rd-lambda-victim-processor-1931",
            "function_url_auth_type": null,
            "id": "AllowS3-collision_data_minilake_c001_rd_s3_victim_bucket_c97f-collision_data_minilake_c001_-2cd5ce5e",
            "principal": "s3.amazonaws.com",
            "principal_org_id": null,
            "qualifier": "",
            "source_account": null,
            "source_arn": "arn:aws:s3:::collision-data-minilake-c001-rd-s3-victim-bucket-1a7a",
            "statement_id": "AllowS3-collision_data_minilake_c001_rd_s3_victim_bucket_c97f-collision_data_minilake_c001_-2cd5ce5e",
            "statement_id_prefix": ""
          },
          "sensitive_attributes": [],
          "private": "bnVsbA==",
          "dependencies": [
            "aws_cloudwatch_log_group.collision_data_minilake_c001_rd_lambda_victim_processor_7499_lg",
            "aws_iam_role.collision_data_minilake_c001_rd_lambda_victim_processor_7499_role",
            "aws_lambda_function.collision_data_minilake_c001_rd_lambda_victim_processor_7499",
            "aws_s3_bucket.collision_data_minilake_c001_rd_s3_victim_bucket_c97f",
            "aws_s3_bucket.collision_data_minilake_c001_rd_s3_victim_staging_bucket_b2ff",
            "data.archive_file.collision_data_minilake_c001_rd_lambda_victim_processor_7499_placeholder"
          ]
        }
      ]
    },
    {
      "mode": "managed",
      "type": "aws_lambda_permission",
      "name": "collision_data_minilake_c001_rd_s3_victim_staging_bucket_b2ff_invoke_collision_data_minilake_c001_rd_lambda_refine_data_c370",
      "provider": "provider[\"registry.terraform.io/hashicorp/aws\"]",
      "instances": [
        {
          "schema_version": 0,
          "attributes": {
            "action": "lambda:InvokeFunction",
            "event_source_token": null,
            "function_name": "collision-data-minilake-c001-rd-lambda-refine-data-749f",
            "function_url_auth_type": null,
            "id": "AllowS3-collision_data_minilake_c001_rd_s3_victim_staging_bucket_b2ff-collision_data_minila-004e3c2d",
            "principal": "s3.amazonaws.com",
            "principal_org_id": null,
            "qualifier": "",
            "source_account": null,
            "source_arn": "arn:aws:s3:::collision-data-minilake-c001-rd-s3-victim-staging-bucket-c6fd",
            "statement_id": "AllowS3-collision_data_minilake_c001_rd_s3_victim_staging_bucket_b2ff-collision_data_minila-004e3c2d",
            "statement_id_prefix": ""
          },
          "sensitive_attributes": [],
          "private": "bnVsbA==",
          "dependencies": [
            "aws_cloudwatch_log_group.collision_data_minilake_c001_rd_lambda_refine_data_c370_lg",
            "aws_iam_role.collision_data_minilake_c001_rd_lambda_refine_data_c370_role",
            "aws_lambda_function.collision_data_minilake_c001_rd_lambda_refine_data_c370",
            "aws_s3_bucket.collision_data_minilake_c001_rd_s3_minilake_bucket_8632",
            "aws_s3_bucket.collision_data_minilake_c001_rd_s3_victim_staging_bucket_b2ff",
            "data.archive_file.collision_data_minilake_c001_rd_lambda_refine_data_c370_placeholder"
          ]
        }
      ]
    },
    {
      "mode": "managed",
      "type": "aws_s3_bucket",
      "name": "collision_data_minilake_c001_rd_s3_case_bucket_cb98",
      "provider": "provider[\"registry.terraform.io/hashicorp/aws\"]",
      "instances": [
        {
          "schema_version": 0,
          "attributes": {
            "acceleration_status": "",
            "acl": null,
            "arn": "arn:aws:s3:::collision-data-minilake-c001-rd-s3-case-bucket-a7aa",
            "bucket": "collision-data-minilake-c001-rd-s3-case-bucket-a7aa",
            "bucket_domain_name": "collision-data-minilake-c001-rd-s3-case-bucket-a7aa.s3.amazonaws.com",
            "bucket_prefix": "",
            "bucket_regional_domain_name": "collision-data-minilake-c001-rd-s3-case-bucket-a7aa.s3.us-east-1.amazonaws.com",
            "cors_rule": [],
            "force_destroy": true,
            "grant": [
              {
                "id": "6b988a1bfb1696d044a07b3f9fd2a2a715c57a1b22eb6076238db5417a49eab2",
                "permissions": [
                  "FULL_CONTROL"
                ],
                "type": "CanonicalUser",
                "uri": ""
              }
            ],
            "hosted_zone_id": "Z3AQBSTGFYJSTF",
            "id": "collision-data-minilake-c001-rd-s3-case-bucket-a7aa",
            "lifecycle_rule": [],
            "logging": [],
            "object_lock_configuration": [],
            "object_lock_enabled": false,
            "policy": "",
            "region": "us-east-1",
            "replication_configuration": [],
            "request_payer": "BucketOwner",
            "server_side_encryption_configuration": [
              {
                "rule": [
                  {
                    "apply_server_side_encryption_by_default": [
                      {
                        "kms_master_key_id": "",
                        "sse_algorithm": "AES256"
                      }
                    ],
                    "bucket_key_enabled": false
                  }
                ]
              }
            ],
            "tags": {
              "BusinessUnit": "rd",
              "CostCenter": "c001",
              "ManagedBy": "aws-pipeline-engine",
              "Pipeline": "collision_data_minilake"
            },
            "tags_all": {
              "BusinessUnit": "rd",
              "CostCenter": "c001",
              "ManagedBy": "aws-pipeline-engine",
              "Pipeline": "collision_data_minilake"
            },
            "timeouts": null,
            "versioning": [
              {
                "enabled": false,
                "mfa_delete": false
              }
            ],
            "website": [],
            "website_domain": null,
            "website_endpoint": null
          },
          "sensitive_attributes": [],
          "private": "eyJlMmJmYjczMC1lY2FhLTExZTYtOGY4OC0zNDM2M2JjN2M0YzAiOnsiY3JlYXRlIjoxMjAwMDAwMDAwMDAwLCJkZWxldGUiOjM2MDAwMDAwMDAwMDAsInJlYWQiOjEyMDAwMDAwMDAwMDAsInVwZGF0ZSI6MTIwMDAwMDAwMDAwMH19"
        }
      ]
    },
    {
      "mode": "managed",
      "type": "aws_s3_bucket",
      "name": "collision_data_minilake_c001_rd_s3_case_staging_bucket_ae11",
      "provider": "provider[\"registry.terraform.io/hashicorp/aws\"]",
      "instances": [
        {
          "schema_version": 0,
          "attributes": {
            "acceleration_status": "",
            "acl": null,
            "arn": "arn:aws:s3:::collision-data-minilake-c001-rd-s3-case-staging-bucket-facb",
            "bucket": "collision-data-minilake-c001-rd-s3-case-staging-bucket-facb",
            "bucket_domain_name": "collision-data-minilake-c001-rd-s3-case-staging-bucket-facb.s3.amazonaws.com",
            "bucket_prefix": "",
            "bucket_regional_domain_name": "collision-data-minilake-c001-rd-s3-case-staging-bucket-facb.s3.us-east-1.amazonaws.com",
            "cors_rule": [],
            "force_destroy": true,
            "grant": [
              {
                "id": "6b988a1bfb1696d044a07b3f9fd2a2a715c57a1b22eb6076238db5417a49eab2",
                "permissions": [
                  "FULL_CONTROL"
                ],
                "type": "CanonicalUser",
                "uri": ""
              }
            ],
            "hosted_zone_id": "Z3AQBSTGFYJSTF",
            "id": "collision-data-minilake-c001-rd-s3-case-staging-bucket-facb",
            "lifecycle_rule": [],
            "logging": [],
            "object_lock_configuration": [],
            "object_lock_enabled": false,
            "policy": "",
            "region": "us-east-1",
            "replication_configuration": [],
            "request_payer": "BucketOwner",
            "server_side_encryption_configuration": [
              {
                "rule": [
                  {
                    "apply_server_side_encryption_by_default": [
                      {
                        "kms_master_key_id": "",
                        "sse_algorithm": "AES256"
                      }
                    ],
                    "bucket_key_enabled": false
                  }
                ]
              }
            ],
            "tags": {
              "BusinessUnit": "rd",
              "CostCenter": "c001",
              "ManagedBy": "aws-pipeline-engine",
              "Pipeline": "collision_data_minilake"
            },
            "tags_all": {
              "BusinessUnit": "rd",
              "CostCenter": "c001",
              "ManagedBy": "aws-pipeline-engine",
              "Pipeline": "collision_data_minilake"
            },
            "timeouts": null,
            "versioning": [
              {
                "enabled": false,
                "mfa_delete": false
              }
            ],
            "website": [],
            "website_domain": null,
            "website_endpoint": null
          },
          "sensitive_attributes": [],
          "private": "eyJlMmJmYjczMC1lY2FhLTExZTYtOGY4OC0zNDM2M2JjN2M0YzAiOnsiY3JlYXRlIjoxMjAwMDAwMDAwMDAwLCJkZWxldGUiOjM2MDAwMDAwMDAwMDAsInJlYWQiOjEyMDAwMDAwMDAwMDAsInVwZGF0ZSI6MTIwMDAwMDAwMDAwMH19"
        }
      ]
    },
    {
      "mode": "managed",
      "type": "aws_s3_bucket",
      "name": "collision_data_minilake_c001_rd_s3_collision_bucket_bd75",
      "provider": "provider[\"registry.terraform.io/hashicorp/aws\"]",
      "instances": [
        {
          "schema_version": 0,
          "attributes": {
            "acceleration_status": "",
            "acl": null,
            "arn": "arn:aws:s3:::collision-data-minilake-c001-rd-s3-collision-bucket-cdb9",
            "bucket": "collision-data-minilake-c001-rd-s3-collision-bucket-cdb9",
            "bucket_domain_name": "collision-data-minilake-c001-rd-s3-collision-bucket-cdb9.s3.amazonaws.com",
            "bucket_prefix": "",
            "bucket_regional_domain_name": "collision-data-minilake-c001-rd-s3-collision-bucket-cdb9.s3.us-east-1.amazonaws.com",
            "cors_rule": [],
            "force_destroy": true,
            "grant": [
              {
                "id": "6b988a1bfb1696d044a07b3f9fd2a2a715c57a1b22eb6076238db5417a49eab2",
                "permissions": [
                  "FULL_CONTROL"
                ],
                "type": "CanonicalUser",
                "uri": ""
              }
            ],
            "hosted_zone_id": "Z3AQBSTGFYJSTF",
            "id": "collision-data-minilake-c001-rd-s3-collision-bucket-cdb9",
            "lifecycle_rule": [],
            "logging": [],
            "object_lock_configuration": [],
            "object_lock_enabled": false,
            "policy": "",
            "region": "us-east-1",
            "replication_configuration": [],
            "request_payer": "BucketOwner",
            "server_side_encryption_configuration": [
              {
                "rule": [
                  {
                    "apply_server_side_encryption_by_default": [
                      {
                        "kms_master_key_id": "",
                        "sse_algorithm": "AES256"
                      }
                    ],
                    "bucket_key_enabled": false
                  }
                ]
              }
            ],
            "tags": {
              "BusinessUnit": "rd",
              "CostCenter": "c001",
              "ManagedBy": "aws-pipeline-engine",
              "Pipeline": "collision_data_minilake"
            },
            "tags_all": {
              "BusinessUnit": "rd",
              "CostCenter": "c001",
              "ManagedBy": "aws-pipeline-engine",
              "Pipeline": "collision_data_minilake"
            },
            "timeouts": null,
            "versioning": [
              {
                "enabled": false,
                "mfa_delete": false
              }
            ],
            "website": [],
            "website_domain": null,
            "website_endpoint": null
          },
          "sensitive_attributes": [],
          "private": "eyJlMmJmYjczMC1lY2FhLTExZTYtOGY4OC0zNDM2M2JjN2M0YzAiOnsiY3JlYXRlIjoxMjAwMDAwMDAwMDAwLCJkZWxldGUiOjM2MDAwMDAwMDAwMDAsInJlYWQiOjEyMDAwMDAwMDAwMDAsInVwZGF0ZSI6MTIwMDAwMDAwMDAwMH19"
        }
      ]
    },
    {
      "mode": "managed",
      "type": "aws_s3_bucket",
      "name": "collision_data_minilake_c001_rd_s3_collision_staging_bucket_5371",
      "provider": "provider[\"registry.terraform.io/hashicorp/aws\"]",
      "instances": [
        {
          "schema_version": 0,
          "attributes": {
            "acceleration_status": "",
            "acl": null,
            "arn": "arn:aws:s3:::collision-data-minilake-c001-rd-s3-collision-staging-bu-bc38198",
            "bucket": "collision-data-minilake-c001-rd-s3-collision-staging-bu-bc38198",
            "bucket_domain_name": "collision-data-minilake-c001-rd-s3-collision-staging-bu-bc38198.s3.amazonaws.com",
            "bucket_prefix": "",
            "bucket_regional_domain_name": "collision-data-minilake-c001-rd-s3-collision-staging-bu-bc38198.s3.us-east-1.amazonaws.com",
            "cors_rule": [],
            "force_destroy": true,
            "grant": [
              {
                "id": "6b988a1bfb1696d044a07b3f9fd2a2a715c57a1b22eb6076238db5417a49eab2",
                "permissions": [
                  "FULL_CONTROL"
                ],
                "type": "CanonicalUser",
                "uri": ""
              }
            ],
            "hosted_zone_id": "Z3AQBSTGFYJSTF",
            "id": "collision-data-minilake-c001-rd-s3-collision-staging-bu-bc38198",
            "lifecycle_rule": [],
            "logging": [],
            "object_lock_configuration": [],
            "object_lock_enabled": false,
            "policy": "",
            "region": "us-east-1",
            "replication_configuration": [],
            "request_payer": "BucketOwner",
            "server_side_encryption_configuration": [
              {
                "rule": [
                  {
                    "apply_server_side_encryption_by_default": [
                      {
                        "kms_master_key_id": "",
                        "sse_algorithm": "AES256"
                      }
                    ],
                    "bucket_key_enabled": false
                  }
                ]
              }
            ],
            "tags": {
              "BusinessUnit": "rd",
              "CostCenter": "c001",
              "ManagedBy": "aws-pipeline-engine",
              "Pipeline": "collision_data_minilake"
            },
            "tags_all": {
              "BusinessUnit": "rd",
              "CostCenter": "c001",
              "ManagedBy": "aws-pipeline-engine",
              "Pipeline": "collision_data_minilake"
            },
            "timeouts": null,
            "versioning": [
              {
                "enabled": false,
                "mfa_delete": false
              }
            ],
            "website": [],
            "website_domain": null,
            "website_endpoint": null
          },
          "sensitive_attributes": [],
          "private": "eyJlMmJmYjczMC1lY2FhLTExZTYtOGY4OC0zNDM2M2JjN2M0YzAiOnsiY3JlYXRlIjoxMjAwMDAwMDAwMDAwLCJkZWxldGUiOjM2MDAwMDAwMDAwMDAsInJlYWQiOjEyMDAwMDAwMDAwMDAsInVwZGF0ZSI6MTIwMDAwMDAwMDAwMH19"
        }
      ]
    },
    {
      "mode": "managed",
      "type": "aws_s3_bucket",
      "name": "collision_data_minilake_c001_rd_s3_minilake_bucket_8632",
      "provider": "provider[\"registry.terraform.io/hashicorp/aws\"]",
      "instances": [
        {
          "schema_version": 0,
          "attributes": {
            "acceleration_status": "",
            "acl": null,
            "arn": "arn:aws:s3:::collision-data-minilake-c001-rd-s3-minilake-bucket-ad8c",
            "bucket": "collision-data-minilake-c001-rd-s3-minilake-bucket-ad8c",
            "bucket_domain_name": "collision-data-minilake-c001-rd-s3-minilake-bucket-ad8c.s3.amazonaws.com",
            "bucket_prefix": "",
            "bucket_regional_domain_name": "collision-data-minilake-c001-rd-s3-minilake-bucket-ad8c.s3.us-east-1.amazonaws.com",
            "cors_rule": [],
            "force_destroy": true,
            "grant": [
              {
                "id": "6b988a1bfb1696d044a07b3f9fd2a2a715c57a1b22eb6076238db5417a49eab2",
                "permissions": [
                  "FULL_CONTROL"
                ],
                "type": "CanonicalUser",
                "uri": ""
              }
            ],
            "hosted_zone_id": "Z3AQBSTGFYJSTF",
            "id": "collision-data-minilake-c001-rd-s3-minilake-bucket-ad8c",
            "lifecycle_rule": [],
            "logging": [],
            "object_lock_configuration": [],
            "object_lock_enabled": false,
            "policy": "",
            "region": "us-east-1",
            "replication_configuration": [],
            "request_payer": "BucketOwner",
            "server_side_encryption_configuration": [
              {
                "rule": [
                  {
                    "apply_server_side_encryption_by_default": [
                      {
                        "kms_master_key_id": "",
                        "sse_algorithm": "AES256"
                      }
                    ],
                    "bucket_key_enabled": false
                  }
                ]
              }
            ],
            "tags": {
              "BusinessUnit": "rd",
              "CostCenter": "c001",
              "ManagedBy": "aws-pipeline-engine",
              "Pipeline": "collision_data_minilake"
            },
            "tags_all": {
              "BusinessUnit": "rd",
              "CostCenter": "c001",
              "ManagedBy": "aws-pipeline-engine",
              "Pipeline": "collision_data_minilake"
            },
            "timeouts": null,
            "versioning": [
              {
                "enabled": false,
                "mfa_delete": false
              }
            ],
            "website": [],
            "website_domain": null,
            "website_endpoint": null
          },
          "sensitive_attributes": [],
          "private": "eyJlMmJmYjczMC1lY2FhLTExZTYtOGY4OC0zNDM2M2JjN2M0YzAiOnsiY3JlYXRlIjoxMjAwMDAwMDAwMDAwLCJkZWxldGUiOjM2MDAwMDAwMDAwMDAsInJlYWQiOjEyMDAwMDAwMDAwMDAsInVwZGF0ZSI6MTIwMDAwMDAwMDAwMH19"
        }
      ]
    },
    {
      "mode": "managed",
      "type": "aws_s3_bucket",
      "name": "collision_data_minilake_c001_rd_s3_party_bucket_f971",
      "provider": "provider[\"registry.terraform.io/hashicorp/aws\"]",
      "instances": [
        {
          "schema_version": 0,
          "attributes": {
            "acceleration_status": "",
            "acl": null,
            "arn": "arn:aws:s3:::collision-data-minilake-c001-rd-s3-party-bucket-6366",
            "bucket": "collision-data-minilake-c001-rd-s3-party-bucket-6366",
            "bucket_domain_name": "collision-data-minilake-c001-rd-s3-party-bucket-6366.s3.amazonaws.com",
            "bucket_prefix": "",
            "bucket_regional_domain_name": "collision-data-minilake-c001-rd-s3-party-bucket-6366.s3.us-east-1.amazonaws.com",
            "cors_rule": [],
            "force_destroy": true,
            "grant": [
              {
                "id": "6b988a1bfb1696d044a07b3f9fd2a2a715c57a1b22eb6076238db5417a49eab2",
                "permissions": [
                  "FULL_CONTROL"
                ],
                "type": "CanonicalUser",
                "uri": ""
              }
            ],
            "hosted_zone_id": "Z3AQBSTGFYJSTF",
            "id": "collision-data-minilake-c001-rd-s3-party-bucket-6366",
            "lifecycle_rule": [],
            "logging": [],
            "object_lock_configuration": [],
            "object_lock_enabled": false,
            "policy": "",
            "region": "us-east-1",
            "replication_configuration": [],
            "request_payer": "BucketOwner",
            "server_side_encryption_configuration": [
              {
                "rule": [
                  {
                    "apply_server_side_encryption_by_default": [
                      {
                        "kms_master_key_id": "",
                        "sse_algorithm": "AES256"
                      }
                    ],
                    "bucket_key_enabled": false
                  }
                ]
              }
            ],
            "tags": {
              "BusinessUnit": "rd",
              "CostCenter": "c001",
              "ManagedBy": "aws-pipeline-engine",
              "Pipeline": "collision_data_minilake"
            },
            "tags_all": {
              "BusinessUnit": "rd",
              "CostCenter": "c001",
              "ManagedBy": "aws-pipeline-engine",
              "Pipeline": "collision_data_minilake"
            },
            "timeouts": null,
            "versioning": [
              {
                "enabled": false,
                "mfa_delete": false
              }
            ],
            "website": [],
            "website_domain": null,
            "website_endpoint": null
          },
          "sensitive_attributes": [],
          "private": "eyJlMmJmYjczMC1lY2FhLTExZTYtOGY4OC0zNDM2M2JjN2M0YzAiOnsiY3JlYXRlIjoxMjAwMDAwMDAwMDAwLCJkZWxldGUiOjM2MDAwMDAwMDAwMDAsInJlYWQiOjEyMDAwMDAwMDAwMDAsInVwZGF0ZSI6MTIwMDAwMDAwMDAwMH19"
        }
      ]
    },
    {
      "mode": "managed",
      "type": "aws_s3_bucket",
      "name": "collision_data_minilake_c001_rd_s3_party_staging_bucket_b09a",
      "provider": "provider[\"registry.terraform.io/hashicorp/aws\"]",
      "instances": [
        {
          "schema_version": 0,
          "attributes": {
            "acceleration_status": "",
            "acl": null,
            "arn": "arn:aws:s3:::collision-data-minilake-c001-rd-s3-party-staging-bucket-4e3d",
            "bucket": "collision-data-minilake-c001-rd-s3-party-staging-bucket-4e3d",
            "bucket_domain_name": "collision-data-minilake-c001-rd-s3-party-staging-bucket-4e3d.s3.amazonaws.com",
            "bucket_prefix": "",
            "bucket_regional_domain_name": "collision-data-minilake-c001-rd-s3-party-staging-bucket-4e3d.s3.us-east-1.amazonaws.com",
            "cors_rule": [],
            "force_destroy": true,
            "grant": [
              {
                "id": "6b988a1bfb1696d044a07b3f9fd2a2a715c57a1b22eb6076238db5417a49eab2",
                "permissions": [
                  "FULL_CONTROL"
                ],
                "type": "CanonicalUser",
                "uri": ""
              }
            ],
            "hosted_zone_id": "Z3AQBSTGFYJSTF",
            "id": "collision-data-minilake-c001-rd-s3-party-staging-bucket-4e3d",
            "lifecycle_rule": [],
            "logging": [],
            "object_lock_configuration": [],
            "object_lock_enabled": false,
            "policy": "",
            "region": "us-east-1",
            "replication_configuration": [],
            "request_payer": "BucketOwner",
            "server_side_encryption_configuration": [
              {
                "rule": [
                  {
                    "apply_server_side_encryption_by_default": [
                      {
                        "kms_master_key_id": "",
                        "sse_algorithm": "AES256"
                      }
                    ],
                    "bucket_key_enabled": false
                  }
                ]
              }
            ],
            "tags": {
              "BusinessUnit": "rd",
              "CostCenter": "c001",
              "ManagedBy": "aws-pipeline-engine",
              "Pipeline": "collision_data_minilake"
            },
            "tags_all": {
              "BusinessUnit": "rd",
              "CostCenter": "c001",
              "ManagedBy": "aws-pipeline-engine",
              "Pipeline": "collision_data_minilake"
            },
            "timeouts": null,
            "versioning": [
              {
                "enabled": false,
                "mfa_delete": false
              }
            ],
            "website": [],
            "website_domain": null,
            "website_endpoint": null
          },
          "sensitive_attributes": [],
          "private": "eyJlMmJmYjczMC1lY2FhLTExZTYtOGY4OC0zNDM2M2JjN2M0YzAiOnsiY3JlYXRlIjoxMjAwMDAwMDAwMDAwLCJkZWxldGUiOjM2MDAwMDAwMDAwMDAsInJlYWQiOjEyMDAwMDAwMDAwMDAsInVwZGF0ZSI6MTIwMDAwMDAwMDAwMH19"
        }
      ]
    },
    {
      "mode": "managed",
      "type": "aws_s3_bucket",
      "name": "collision_data_minilake_c001_rd_s3_victim_bucket_c97f",
      "provider": "provider[\"registry.terraform.io/hashicorp/aws\"]",
      "instances": [
        {
          "schema_version": 0,
          "attributes": {
            "acceleration_status": "",
            "acl": null,
            "arn": "arn:aws:s3:::collision-data-minilake-c001-rd-s3-victim-bucket-1a7a",
            "bucket": "collision-data-minilake-c001-rd-s3-victim-bucket-1a7a",
            "bucket_domain_name": "collision-data-minilake-c001-rd-s3-victim-bucket-1a7a.s3.amazonaws.com",
            "bucket_prefix": "",
            "bucket_regional_domain_name": "collision-data-minilake-c001-rd-s3-victim-bucket-1a7a.s3.us-east-1.amazonaws.com",
            "cors_rule": [],
            "force_destroy": true,
            "grant": [
              {
                "id": "6b988a1bfb1696d044a07b3f9fd2a2a715c57a1b22eb6076238db5417a49eab2",
                "permissions": [
                  "FULL_CONTROL"
                ],
                "type": "CanonicalUser",
                "uri": ""
              }
            ],
            "hosted_zone_id": "Z3AQBSTGFYJSTF",
            "id": "collision-data-minilake-c001-rd-s3-victim-bucket-1a7a",
            "lifecycle_rule": [],
            "logging": [],
            "object_lock_configuration": [],
            "object_lock_enabled": false,
            "policy": "",
            "region": "us-east-1",
            "replication_configuration": [],
            "request_payer": "BucketOwner",
            "server_side_encryption_configuration": [
              {
                "rule": [
                  {
                    "apply_server_side_encryption_by_default": [
                      {
                        "kms_master_key_id": "",
                        "sse_algorithm": "AES256"
                      }
                    ],
                    "bucket_key_enabled": false
                  }
                ]
              }
            ],
            "tags": {
              "BusinessUnit": "rd",
              "CostCenter": "c001",
              "ManagedBy": "aws-pipeline-engine",
              "Pipeline": "collision_data_minilake"
            },
            "tags_all": {
              "BusinessUnit": "rd",
              "CostCenter": "c001",
              "ManagedBy": "aws-pipeline-engine",
              "Pipeline": "collision_data_minilake"
            },
            "timeouts": null,
            "versioning": [
              {
                "enabled": false,
                "mfa_delete": false
              }
            ],
            "website": [],
            "website_domain": null,
            "website_endpoint": null
          },
          "sensitive_attributes": [],
          "private": "eyJlMmJmYjczMC1lY2FhLTExZTYtOGY4OC0zNDM2M2JjN2M0YzAiOnsiY3JlYXRlIjoxMjAwMDAwMDAwMDAwLCJkZWxldGUiOjM2MDAwMDAwMDAwMDAsInJlYWQiOjEyMDAwMDAwMDAwMDAsInVwZGF0ZSI6MTIwMDAwMDAwMDAwMH19"
        }
      ]
    },
    {
      "mode": "managed",
      "type": "aws_s3_bucket",
      "name": "collision_data_minilake_c001_rd_s3_victim_staging_bucket_b2ff",
      "provider": "provider[\"registry.terraform.io/hashicorp/aws\"]",
      "instances": [
        {
          "schema_version": 0,
          "attributes": {
            "acceleration_status": "",
            "acl": null,
            "arn": "arn:aws:s3:::collision-data-minilake-c001-rd-s3-victim-staging-bucket-c6fd",
            "bucket": "collision-data-minilake-c001-rd-s3-victim-staging-bucket-c6fd",
            "bucket_domain_name": "collision-data-minilake-c001-rd-s3-victim-staging-bucket-c6fd.s3.amazonaws.com",
            "bucket_prefix": "",
            "bucket_regional_domain_name": "collision-data-minilake-c001-rd-s3-victim-staging-bucket-c6fd.s3.us-east-1.amazonaws.com",
            "cors_rule": [],
            "force_destroy": true,
            "grant": [
              {
                "id": "6b988a1bfb1696d044a07b3f9fd2a2a715c57a1b22eb6076238db5417a49eab2",
                "permissions": [
                  "FULL_CONTROL"
                ],
                "type": "CanonicalUser",
                "uri": ""
              }
            ],
            "hosted_zone_id": "Z3AQBSTGFYJSTF",
            "id": "collision-data-minilake-c001-rd-s3-victim-staging-bucket-c6fd",
            "lifecycle_rule": [],
            "logging": [],
            "object_lock_configuration": [],
            "object_lock_enabled": false,
            "policy": "",
            "region": "us-east-1",
            "replication_configuration": [],
            "request_payer": "BucketOwner",
            "server_side_encryption_configuration": [
              {
                "rule": [
                  {
                    "apply_server_side_encryption_by_default": [
                      {
                        "kms_master_key_id": "",
                        "sse_algorithm": "AES256"
                      }
                    ],
                    "bucket_key_enabled": false
                  }
                ]
              }
            ],
            "tags": {
              "BusinessUnit": "rd",
              "CostCenter": "c001",
              "ManagedBy": "aws-pipeline-engine",
              "Pipeline": "collision_data_minilake"
            },
            "tags_all": {
              "BusinessUnit": "rd",
              "CostCenter": "c001",
              "ManagedBy": "aws-pipeline-engine",
              "Pipeline": "collision_data_minilake"
            },
            "timeouts": null,
            "versioning": [
              {
                "enabled": false,
                "mfa_delete": false
              }
            ],
            "website": [],
            "website_domain": null,
            "website_endpoint": null
          },
          "sensitive_attributes": [],
          "private": "eyJlMmJmYjczMC1lY2FhLTExZTYtOGY4OC0zNDM2M2JjN2M0YzAiOnsiY3JlYXRlIjoxMjAwMDAwMDAwMDAwLCJkZWxldGUiOjM2MDAwMDAwMDAwMDAsInJlYWQiOjEyMDAwMDAwMDAwMDAsInVwZGF0ZSI6MTIwMDAwMDAwMDAwMH19"
        }
      ]
    },
    {
      "mode": "managed",
      "type": "aws_s3_bucket_notification",
      "name": "collision_data_minilake_c001_rd_s3_case_bucket_cb98_notification",
      "provider": "provider[\"registry.terraform.io/hashicorp/aws\"]",
      "instances": [
        {
          "schema_version": 0,
          "attributes": {
            "bucket": "collision-data-minilake-c001-rd-s3-case-bucket-a7aa",
            "eventbridge": false,
            "id": "collision-data-minilake-c001-rd-s3-case-bucket-a7aa",
            "lambda_function": [
              {
                "events": [
                  "s3:ObjectCreated:*"
                ],
                "filter_prefix": "case_raw/",
                "filter_suffix": "",
                "id": "collision_data_minilake_c001_rd_s3_case_bucket_cb98_collision_data_minilake_c001_rd_lambda_case_processor_50a3",
                "lambda_function_arn": "arn:aws:lambda:us-east-1:602963248309:function:collision-data-minilake-c001-rd-lambda-case-processor-a528"
              }
            ],
            "queue": [],
            "topic": []
          },
          "sensitive_attributes": [],
          "private": "bnVsbA==",
          "dependencies": [
            "aws_cloudwatch_log_group.collision_data_minilake_c001_rd_lambda_case_processor_50a3_lg",
            "aws_iam_role.collision_data_minilake_c001_rd_lambda_case_processor_50a3_role",
            "aws_lambda_function.collision_data_minilake_c001_rd_lambda_case_processor_50a3",
            "aws_lambda_permission.collision_data_minilake_c001_rd_s3_case_bucket_cb98_invoke_collision_data_minilake_c001_rd_lambda_case_processor_50a3",
            "aws_s3_bucket.collision_data_minilake_c001_rd_s3_case_bucket_cb98",
            "aws_s3_bucket.collision_data_minilake_c001_rd_s3_case_staging_bucket_ae11",
            "data.archive_file.collision_data_minilake_c001_rd_lambda_case_processor_50a3_placeholder",
            "time_sleep.collision_data_minilake_c001_rd_s3_case_bucket_cb98_iam_sleep"
          ]
        }
      ]
    },
    {
      "mode": "managed",
      "type": "aws_s3_bucket_notification",
      "name": "collision_data_minilake_c001_rd_s3_case_staging_bucket_ae11_notification",
      "provider": "provider[\"registry.terraform.io/hashicorp/aws\"]",
      "instances": [
        {
          "schema_version": 0,
          "attributes": {
            "bucket": "collision-data-minilake-c001-rd-s3-case-staging-bucket-facb",
            "eventbridge": false,
            "id": "collision-data-minilake-c001-rd-s3-case-staging-bucket-facb",
            "lambda_function": [
              {
                "events": [
                  "s3:ObjectCreated:*"
                ],
                "filter_prefix": "case/",
                "filter_suffix": "",
                "id": "collision_data_minilake_c001_rd_s3_case_staging_bucket_ae11_collision_data_minilake_c001_rd_lambda_refine_data_c370",
                "lambda_function_arn": "arn:aws:lambda:us-east-1:602963248309:function:collision-data-minilake-c001-rd-lambda-refine-data-749f"
              }
            ],
            "queue": [],
            "topic": []
          },
          "sensitive_attributes": [],
          "private": "bnVsbA==",
          "dependencies": [
            "aws_cloudwatch_log_group.collision_data_minilake_c001_rd_lambda_refine_data_c370_lg",
            "aws_iam_role.collision_data_minilake_c001_rd_lambda_refine_data_c370_role",
            "aws_lambda_function.collision_data_minilake_c001_rd_lambda_refine_data_c370",
            "aws_lambda_permission.collision_data_minilake_c001_rd_s3_case_staging_bucket_ae11_invoke_collision_data_minilake_c001_rd_lambda_refine_data_c370",
            "aws_s3_bucket.collision_data_minilake_c001_rd_s3_case_staging_bucket_ae11",
            "aws_s3_bucket.collision_data_minilake_c001_rd_s3_minilake_bucket_8632",
            "data.archive_file.collision_data_minilake_c001_rd_lambda_refine_data_c370_placeholder",
            "time_sleep.collision_data_minilake_c001_rd_s3_case_staging_bucket_ae11_iam_sleep"
          ]
        }
      ]
    },
    {
      "mode": "managed",
      "type": "aws_s3_bucket_notification",
      "name": "collision_data_minilake_c001_rd_s3_collision_bucket_bd75_notification",
      "provider": "provider[\"registry.terraform.io/hashicorp/aws\"]",
      "instances": [
        {
          "schema_version": 0,
          "attributes": {
            "bucket": "collision-data-minilake-c001-rd-s3-collision-bucket-cdb9",
            "eventbridge": false,
            "id": "collision-data-minilake-c001-rd-s3-collision-bucket-cdb9",
            "lambda_function": [
              {
                "events": [
                  "s3:ObjectCreated:*"
                ],
                "filter_prefix": "collision_raw/",
                "filter_suffix": "",
                "id": "collision_data_minilake_c001_rd_s3_collision_bucket_bd75_collision_data_minilake_c001_rd_lambda_collision_processor_e79e",
                "lambda_function_arn": "arn:aws:lambda:us-east-1:602963248309:function:collision-data-minilake-c001-rd-lambda-collision-processor-cdf1"
              }
            ],
            "queue": [],
            "topic": []
          },
          "sensitive_attributes": [],
          "private": "bnVsbA==",
          "dependencies": [
            "aws_cloudwatch_log_group.collision_data_minilake_c001_rd_lambda_collision_processor_e79e_lg",
            "aws_iam_role.collision_data_minilake_c001_rd_lambda_collision_processor_e79e_role",
            "aws_lambda_function.collision_data_minilake_c001_rd_lambda_collision_processor_e79e",
            "aws_lambda_permission.collision_data_minilake_c001_rd_s3_collision_bucket_bd75_invoke_collision_data_minilake_c001_rd_lambda_collision_processor_e79e",
            "aws_s3_bucket.collision_data_minilake_c001_rd_s3_collision_bucket_bd75",
            "aws_s3_bucket.collision_data_minilake_c001_rd_s3_collision_staging_bucket_5371",
            "data.archive_file.collision_data_minilake_c001_rd_lambda_collision_processor_e79e_placeholder",
            "time_sleep.collision_data_minilake_c001_rd_s3_collision_bucket_bd75_iam_sleep"
          ]
        }
      ]
    },
    {
      "mode": "managed",
      "type": "aws_s3_bucket_notification",
      "name": "collision_data_minilake_c001_rd_s3_collision_staging_bucket_5371_notification",
      "provider": "provider[\"registry.terraform.io/hashicorp/aws\"]",
      "instances": [
        {
          "schema_version": 0,
          "attributes": {
            "bucket": "collision-data-minilake-c001-rd-s3-collision-staging-bu-bc38198",
            "eventbridge": false,
            "id": "collision-data-minilake-c001-rd-s3-collision-staging-bu-bc38198",
            "lambda_function": [
              {
                "events": [
                  "s3:ObjectCreated:*"
                ],
                "filter_prefix": "collision/",
                "filter_suffix": "",
                "id": "collision_data_minilake_c001_rd_s3_collision_staging_bucket_5371_collision_data_minilake_c001_rd_lambda_refine_data_c370",
                "lambda_function_arn": "arn:aws:lambda:us-east-1:602963248309:function:collision-data-minilake-c001-rd-lambda-refine-data-749f"
              }
            ],
            "queue": [],
            "topic": []
          },
          "sensitive_attributes": [],
          "private": "bnVsbA==",
          "dependencies": [
            "aws_cloudwatch_log_group.collision_data_minilake_c001_rd_lambda_refine_data_c370_lg",
            "aws_iam_role.collision_data_minilake_c001_rd_lambda_refine_data_c370_role",
            "aws_lambda_function.collision_data_minilake_c001_rd_lambda_refine_data_c370",
            "aws_lambda_permission.collision_data_minilake_c001_rd_s3_collision_staging_bucket_5371_invoke_collision_data_minilake_c001_rd_lambda_refine_data_c370",
            "aws_s3_bucket.collision_data_minilake_c001_rd_s3_collision_staging_bucket_5371",
            "aws_s3_bucket.collision_data_minilake_c001_rd_s3_minilake_bucket_8632",
            "data.archive_file.collision_data_minilake_c001_rd_lambda_refine_data_c370_placeholder",
            "time_sleep.collision_data_minilake_c001_rd_s3_collision_staging_bucket_5371_iam_sleep"
          ]
        }
      ]
    },
    {
      "mode": "managed",
      "type": "aws_s3_bucket_notification",
      "name": "collision_data_minilake_c001_rd_s3_party_bucket_f971_notification",
      "provider": "provider[\"registry.terraform.io/hashicorp/aws\"]",
      "instances": [
        {
          "schema_version": 0,
          "attributes": {
            "bucket": "collision-data-minilake-c001-rd-s3-party-bucket-6366",
            "eventbridge": false,
            "id": "collision-data-minilake-c001-rd-s3-party-bucket-6366",
            "lambda_function": [
              {
                "events": [
                  "s3:ObjectCreated:*"
                ],
                "filter_prefix": "party_raw/",
                "filter_suffix": "",
                "id": "collision_data_minilake_c001_rd_s3_party_bucket_f971_collision_data_minilake_c001_rd_lambda_party_processor_f8ca",
                "lambda_function_arn": "arn:aws:lambda:us-east-1:602963248309:function:collision-data-minilake-c001-rd-lambda-party-processor-b3e8"
              }
            ],
            "queue": [],
            "topic": []
          },
          "sensitive_attributes": [],
          "private": "bnVsbA==",
          "dependencies": [
            "aws_cloudwatch_log_group.collision_data_minilake_c001_rd_lambda_party_processor_f8ca_lg",
            "aws_iam_role.collision_data_minilake_c001_rd_lambda_party_processor_f8ca_role",
            "aws_lambda_function.collision_data_minilake_c001_rd_lambda_party_processor_f8ca",
            "aws_lambda_permission.collision_data_minilake_c001_rd_s3_party_bucket_f971_invoke_collision_data_minilake_c001_rd_lambda_party_processor_f8ca",
            "aws_s3_bucket.collision_data_minilake_c001_rd_s3_party_bucket_f971",
            "aws_s3_bucket.collision_data_minilake_c001_rd_s3_party_staging_bucket_b09a",
            "data.archive_file.collision_data_minilake_c001_rd_lambda_party_processor_f8ca_placeholder",
            "time_sleep.collision_data_minilake_c001_rd_s3_party_bucket_f971_iam_sleep"
          ]
        }
      ]
    },
    {
      "mode": "managed",
      "type": "aws_s3_bucket_notification",
      "name": "collision_data_minilake_c001_rd_s3_party_staging_bucket_b09a_notification",
      "provider": "provider[\"registry.terraform.io/hashicorp/aws\"]",
      "instances": [
        {
          "schema_version": 0,
          "attributes": {
            "bucket": "collision-data-minilake-c001-rd-s3-party-staging-bucket-4e3d",
            "eventbridge": false,
            "id": "collision-data-minilake-c001-rd-s3-party-staging-bucket-4e3d",
            "lambda_function": [
              {
                "events": [
                  "s3:ObjectCreated:*"
                ],
                "filter_prefix": "party/",
                "filter_suffix": "",
                "id": "collision_data_minilake_c001_rd_s3_party_staging_bucket_b09a_collision_data_minilake_c001_rd_lambda_refine_data_c370",
                "lambda_function_arn": "arn:aws:lambda:us-east-1:602963248309:function:collision-data-minilake-c001-rd-lambda-refine-data-749f"
              }
            ],
            "queue": [],
            "topic": []
          },
          "sensitive_attributes": [],
          "private": "bnVsbA==",
          "dependencies": [
            "aws_cloudwatch_log_group.collision_data_minilake_c001_rd_lambda_refine_data_c370_lg",
            "aws_iam_role.collision_data_minilake_c001_rd_lambda_refine_data_c370_role",
            "aws_lambda_function.collision_data_minilake_c001_rd_lambda_refine_data_c370",
            "aws_lambda_permission.collision_data_minilake_c001_rd_s3_party_staging_bucket_b09a_invoke_collision_data_minilake_c001_rd_lambda_refine_data_c370",
            "aws_s3_bucket.collision_data_minilake_c001_rd_s3_minilake_bucket_8632",
            "aws_s3_bucket.collision_data_minilake_c001_rd_s3_party_staging_bucket_b09a",
            "data.archive_file.collision_data_minilake_c001_rd_lambda_refine_data_c370_placeholder",
            "time_sleep.collision_data_minilake_c001_rd_s3_party_staging_bucket_b09a_iam_sleep"
          ]
        }
      ]
    },
    {
      "mode": "managed",
      "type": "aws_s3_bucket_notification",
      "name": "collision_data_minilake_c001_rd_s3_victim_bucket_c97f_notification",
      "provider": "provider[\"registry.terraform.io/hashicorp/aws\"]",
      "instances": [
        {
          "schema_version": 0,
          "attributes": {
            "bucket": "collision-data-minilake-c001-rd-s3-victim-bucket-1a7a",
            "eventbridge": false,
            "id": "collision-data-minilake-c001-rd-s3-victim-bucket-1a7a",
            "lambda_function": [
              {
                "events": [
                  "s3:ObjectCreated:*"
                ],
                "filter_prefix": "victim_raw/",
                "filter_suffix": "",
                "id": "collision_data_minilake_c001_rd_s3_victim_bucket_c97f_collision_data_minilake_c001_rd_lambda_victim_processor_7499",
                "lambda_function_arn": "arn:aws:lambda:us-east-1:602963248309:function:collision-data-minilake-c001-rd-lambda-victim-processor-1931"
              }
            ],
            "queue": [],
            "topic": []
          },
          "sensitive_attributes": [],
          "private": "bnVsbA==",
          "dependencies": [
            "aws_cloudwatch_log_group.collision_data_minilake_c001_rd_lambda_victim_processor_7499_lg",
            "aws_iam_role.collision_data_minilake_c001_rd_lambda_victim_processor_7499_role",
            "aws_lambda_function.collision_data_minilake_c001_rd_lambda_victim_processor_7499",
            "aws_lambda_permission.collision_data_minilake_c001_rd_s3_victim_bucket_c97f_invoke_collision_data_minilake_c001_rd_lambda_victim_processor_7499",
            "aws_s3_bucket.collision_data_minilake_c001_rd_s3_victim_bucket_c97f",
            "aws_s3_bucket.collision_data_minilake_c001_rd_s3_victim_staging_bucket_b2ff",
            "data.archive_file.collision_data_minilake_c001_rd_lambda_victim_processor_7499_placeholder",
            "time_sleep.collision_data_minilake_c001_rd_s3_victim_bucket_c97f_iam_sleep"
          ]
        }
      ]
    },
    {
      "mode": "managed",
      "type": "aws_s3_bucket_notification",
      "name": "collision_data_minilake_c001_rd_s3_victim_staging_bucket_b2ff_notification",
      "provider": "provider[\"registry.terraform.io/hashicorp/aws\"]",
      "instances": [
        {
          "schema_version": 0,
          "attributes": {
            "bucket": "collision-data-minilake-c001-rd-s3-victim-staging-bucket-c6fd",
            "eventbridge": false,
            "id": "collision-data-minilake-c001-rd-s3-victim-staging-bucket-c6fd",
            "lambda_function": [
              {
                "events": [
                  "s3:ObjectCreated:*"
                ],
                "filter_prefix": "victim/",
                "filter_suffix": "",
                "id": "collision_data_minilake_c001_rd_s3_victim_staging_bucket_b2ff_collision_data_minilake_c001_rd_lambda_refine_data_c370",
                "lambda_function_arn": "arn:aws:lambda:us-east-1:602963248309:function:collision-data-minilake-c001-rd-lambda-refine-data-749f"
              }
            ],
            "queue": [],
            "topic": []
          },
          "sensitive_attributes": [],
          "private": "bnVsbA==",
          "dependencies": [
            "aws_cloudwatch_log_group.collision_data_minilake_c001_rd_lambda_refine_data_c370_lg",
            "aws_iam_role.collision_data_minilake_c001_rd_lambda_refine_data_c370_role",
            "aws_lambda_function.collision_data_minilake_c001_rd_lambda_refine_data_c370",
            "aws_lambda_permission.collision_data_minilake_c001_rd_s3_victim_staging_bucket_b2ff_invoke_collision_data_minilake_c001_rd_lambda_refine_data_c370",
            "aws_s3_bucket.collision_data_minilake_c001_rd_s3_minilake_bucket_8632",
            "aws_s3_bucket.collision_data_minilake_c001_rd_s3_victim_staging_bucket_b2ff",
            "data.archive_file.collision_data_minilake_c001_rd_lambda_refine_data_c370_placeholder",
            "time_sleep.collision_data_minilake_c001_rd_s3_victim_staging_bucket_b2ff_iam_sleep"
          ]
        }
      ]
    },
    {
      "mode": "managed",
      "type": "aws_s3_bucket_server_side_encryption_configuration",
      "name": "collision_data_minilake_c001_rd_s3_case_bucket_cb98_sse",
      "provider": "provider[\"registry.terraform.io/hashicorp/aws\"]",
      "instances": [
        {
          "schema_version": 0,
          "attributes": {
            "bucket": "collision-data-minilake-c001-rd-s3-case-bucket-a7aa",
            "expected_bucket_owner": "",
            "id": "collision-data-minilake-c001-rd-s3-case-bucket-a7aa",
            "rule": [
              {
                "apply_server_side_encryption_by_default": [
                  {
                    "kms_master_key_id": "",
                    "sse_algorithm": "AES256"
                  }
                ],
                "bucket_key_enabled": null
              }
            ]
          },
          "sensitive_attributes": [],
          "private": "bnVsbA==",
          "dependencies": [
            "aws_s3_bucket.collision_data_minilake_c001_rd_s3_case_bucket_cb98"
          ]
        }
      ]
    },
    {
      "mode": "managed",
      "type": "aws_s3_bucket_server_side_encryption_configuration",
      "name": "collision_data_minilake_c001_rd_s3_case_staging_bucket_ae11_sse",
      "provider": "provider[\"registry.terraform.io/hashicorp/aws\"]",
      "instances": [
        {
          "schema_version": 0,
          "attributes": {
            "bucket": "collision-data-minilake-c001-rd-s3-case-staging-bucket-facb",
            "expected_bucket_owner": "",
            "id": "collision-data-minilake-c001-rd-s3-case-staging-bucket-facb",
            "rule": [
              {
                "apply_server_side_encryption_by_default": [
                  {
                    "kms_master_key_id": "",
                    "sse_algorithm": "AES256"
                  }
                ],
                "bucket_key_enabled": null
              }
            ]
          },
          "sensitive_attributes": [],
          "private": "bnVsbA==",
          "dependencies": [
            "aws_s3_bucket.collision_data_minilake_c001_rd_s3_case_staging_bucket_ae11"
          ]
        }
      ]
    },
    {
      "mode": "managed",
      "type": "aws_s3_bucket_server_side_encryption_configuration",
      "name": "collision_data_minilake_c001_rd_s3_collision_bucket_bd75_sse",
      "provider": "provider[\"registry.terraform.io/hashicorp/aws\"]",
      "instances": [
        {
          "schema_version": 0,
          "attributes": {
            "bucket": "collision-data-minilake-c001-rd-s3-collision-bucket-cdb9",
            "expected_bucket_owner": "",
            "id": "collision-data-minilake-c001-rd-s3-collision-bucket-cdb9",
            "rule": [
              {
                "apply_server_side_encryption_by_default": [
                  {
                    "kms_master_key_id": "",
                    "sse_algorithm": "AES256"
                  }
                ],
                "bucket_key_enabled": null
              }
            ]
          },
          "sensitive_attributes": [],
          "private": "bnVsbA==",
          "dependencies": [
            "aws_s3_bucket.collision_data_minilake_c001_rd_s3_collision_bucket_bd75"
          ]
        }
      ]
    },
    {
      "mode": "managed",
      "type": "aws_s3_bucket_server_side_encryption_configuration",
      "name": "collision_data_minilake_c001_rd_s3_collision_staging_bucket_5371_sse",
      "provider": "provider[\"registry.terraform.io/hashicorp/aws\"]",
      "instances": [
        {
          "schema_version": 0,
          "attributes": {
            "bucket": "collision-data-minilake-c001-rd-s3-collision-staging-bu-bc38198",
            "expected_bucket_owner": "",
            "id": "collision-data-minilake-c001-rd-s3-collision-staging-bu-bc38198",
            "rule": [
              {
                "apply_server_side_encryption_by_default": [
                  {
                    "kms_master_key_id": "",
                    "sse_algorithm": "AES256"
                  }
                ],
                "bucket_key_enabled": null
              }
            ]
          },
          "sensitive_attributes": [],
          "private": "bnVsbA==",
          "dependencies": [
            "aws_s3_bucket.collision_data_minilake_c001_rd_s3_collision_staging_bucket_5371"
          ]
        }
      ]
    },
    {
      "mode": "managed",
      "type": "aws_s3_bucket_server_side_encryption_configuration",
      "name": "collision_data_minilake_c001_rd_s3_minilake_bucket_8632_sse",
      "provider": "provider[\"registry.terraform.io/hashicorp/aws\"]",
      "instances": [
        {
          "schema_version": 0,
          "attributes": {
            "bucket": "collision-data-minilake-c001-rd-s3-minilake-bucket-ad8c",
            "expected_bucket_owner": "",
            "id": "collision-data-minilake-c001-rd-s3-minilake-bucket-ad8c",
            "rule": [
              {
                "apply_server_side_encryption_by_default": [
                  {
                    "kms_master_key_id": "",
                    "sse_algorithm": "AES256"
                  }
                ],
                "bucket_key_enabled": null
              }
            ]
          },
          "sensitive_attributes": [],
          "private": "bnVsbA==",
          "dependencies": [
            "aws_s3_bucket.collision_data_minilake_c001_rd_s3_minilake_bucket_8632"
          ]
        }
      ]
    },
    {
      "mode": "managed",
      "type": "aws_s3_bucket_server_side_encryption_configuration",
      "name": "collision_data_minilake_c001_rd_s3_party_bucket_f971_sse",
      "provider": "provider[\"registry.terraform.io/hashicorp/aws\"]",
      "instances": [
        {
          "schema_version": 0,
          "attributes": {
            "bucket": "collision-data-minilake-c001-rd-s3-party-bucket-6366",
            "expected_bucket_owner": "",
            "id": "collision-data-minilake-c001-rd-s3-party-bucket-6366",
            "rule": [
              {
                "apply_server_side_encryption_by_default": [
                  {
                    "kms_master_key_id": "",
                    "sse_algorithm": "AES256"
                  }
                ],
                "bucket_key_enabled": null
              }
            ]
          },
          "sensitive_attributes": [],
          "private": "bnVsbA==",
          "dependencies": [
            "aws_s3_bucket.collision_data_minilake_c001_rd_s3_party_bucket_f971"
          ]
        }
      ]
    },
    {
      "mode": "managed",
      "type": "aws_s3_bucket_server_side_encryption_configuration",
      "name": "collision_data_minilake_c001_rd_s3_party_staging_bucket_b09a_sse",
      "provider": "provider[\"registry.terraform.io/hashicorp/aws\"]",
      "instances": [
        {
          "schema_version": 0,
          "attributes": {
            "bucket": "collision-data-minilake-c001-rd-s3-party-staging-bucket-4e3d",
            "expected_bucket_owner": "",
            "id": "collision-data-minilake-c001-rd-s3-party-staging-bucket-4e3d",
            "rule": [
              {
                "apply_server_side_encryption_by_default": [
                  {
                    "kms_master_key_id": "",
                    "sse_algorithm": "AES256"
                  }
                ],
                "bucket_key_enabled": null
              }
            ]
          },
          "sensitive_attributes": [],
          "private": "bnVsbA==",
          "dependencies": [
            "aws_s3_bucket.collision_data_minilake_c001_rd_s3_party_staging_bucket_b09a"
          ]
        }
      ]
    },
    {
      "mode": "managed",
      "type": "aws_s3_bucket_server_side_encryption_configuration",
      "name": "collision_data_minilake_c001_rd_s3_victim_bucket_c97f_sse",
      "provider": "provider[\"registry.terraform.io/hashicorp/aws\"]",
      "instances": [
        {
          "schema_version": 0,
          "attributes": {
            "bucket": "collision-data-minilake-c001-rd-s3-victim-bucket-1a7a",
            "expected_bucket_owner": "",
            "id": "collision-data-minilake-c001-rd-s3-victim-bucket-1a7a",
            "rule": [
              {
                "apply_server_side_encryption_by_default": [
                  {
                    "kms_master_key_id": "",
                    "sse_algorithm": "AES256"
                  }
                ],
                "bucket_key_enabled": null
              }
            ]
          },
          "sensitive_attributes": [],
          "private": "bnVsbA==",
          "dependencies": [
            "aws_s3_bucket.collision_data_minilake_c001_rd_s3_victim_bucket_c97f"
          ]
        }
      ]
    },
    {
      "mode": "managed",
      "type": "aws_s3_bucket_server_side_encryption_configuration",
      "name": "collision_data_minilake_c001_rd_s3_victim_staging_bucket_b2ff_sse",
      "provider": "provider[\"registry.terraform.io/hashicorp/aws\"]",
      "instances": [
        {
          "schema_version": 0,
          "attributes": {
            "bucket": "collision-data-minilake-c001-rd-s3-victim-staging-bucket-c6fd",
            "expected_bucket_owner": "",
            "id": "collision-data-minilake-c001-rd-s3-victim-staging-bucket-c6fd",
            "rule": [
              {
                "apply_server_side_encryption_by_default": [
                  {
                    "kms_master_key_id": "",
                    "sse_algorithm": "AES256"
                  }
                ],
                "bucket_key_enabled": null
              }
            ]
          },
          "sensitive_attributes": [],
          "private": "bnVsbA==",
          "dependencies": [
            "aws_s3_bucket.collision_data_minilake_c001_rd_s3_victim_staging_bucket_b2ff"
          ]
        }
      ]
    },
    {
      "mode": "managed",
      "type": "aws_s3_bucket_versioning",
      "name": "collision_data_minilake_c001_rd_s3_case_bucket_cb98_versioning",
      "provider": "provider[\"registry.terraform.io/hashicorp/aws\"]",
      "instances": [
        {
          "schema_version": 0,
          "attributes": {
            "bucket": "collision-data-minilake-c001-rd-s3-case-bucket-a7aa",
            "expected_bucket_owner": "",
            "id": "collision-data-minilake-c001-rd-s3-case-bucket-a7aa",
            "mfa": null,
            "versioning_configuration": [
              {
                "mfa_delete": "",
                "status": "Suspended"
              }
            ]
          },
          "sensitive_attributes": [],
          "private": "bnVsbA==",
          "dependencies": [
            "aws_s3_bucket.collision_data_minilake_c001_rd_s3_case_bucket_cb98"
          ]
        }
      ]
    },
    {
      "mode": "managed",
      "type": "aws_s3_bucket_versioning",
      "name": "collision_data_minilake_c001_rd_s3_case_staging_bucket_ae11_versioning",
      "provider": "provider[\"registry.terraform.io/hashicorp/aws\"]",
      "instances": [
        {
          "schema_version": 0,
          "attributes": {
            "bucket": "collision-data-minilake-c001-rd-s3-case-staging-bucket-facb",
            "expected_bucket_owner": "",
            "id": "collision-data-minilake-c001-rd-s3-case-staging-bucket-facb",
            "mfa": null,
            "versioning_configuration": [
              {
                "mfa_delete": "",
                "status": "Suspended"
              }
            ]
          },
          "sensitive_attributes": [],
          "private": "bnVsbA==",
          "dependencies": [
            "aws_s3_bucket.collision_data_minilake_c001_rd_s3_case_staging_bucket_ae11"
          ]
        }
      ]
    },
    {
      "mode": "managed",
      "type": "aws_s3_bucket_versioning",
      "name": "collision_data_minilake_c001_rd_s3_collision_bucket_bd75_versioning",
      "provider": "provider[\"registry.terraform.io/hashicorp/aws\"]",
      "instances": [
        {
          "schema_version": 0,
          "attributes": {
            "bucket": "collision-data-minilake-c001-rd-s3-collision-bucket-cdb9",
            "expected_bucket_owner": "",
            "id": "collision-data-minilake-c001-rd-s3-collision-bucket-cdb9",
            "mfa": null,
            "versioning_configuration": [
              {
                "mfa_delete": "",
                "status": "Suspended"
              }
            ]
          },
          "sensitive_attributes": [],
          "private": "bnVsbA==",
          "dependencies": [
            "aws_s3_bucket.collision_data_minilake_c001_rd_s3_collision_bucket_bd75"
          ]
        }
      ]
    },
    {
      "mode": "managed",
      "type": "aws_s3_bucket_versioning",
      "name": "collision_data_minilake_c001_rd_s3_collision_staging_bucket_5371_versioning",
      "provider": "provider[\"registry.terraform.io/hashicorp/aws\"]",
      "instances": [
        {
          "schema_version": 0,
          "attributes": {
            "bucket": "collision-data-minilake-c001-rd-s3-collision-staging-bu-bc38198",
            "expected_bucket_owner": "",
            "id": "collision-data-minilake-c001-rd-s3-collision-staging-bu-bc38198",
            "mfa": null,
            "versioning_configuration": [
              {
                "mfa_delete": "",
                "status": "Suspended"
              }
            ]
          },
          "sensitive_attributes": [],
          "private": "bnVsbA==",
          "dependencies": [
            "aws_s3_bucket.collision_data_minilake_c001_rd_s3_collision_staging_bucket_5371"
          ]
        }
      ]
    },
    {
      "mode": "managed",
      "type": "aws_s3_bucket_versioning",
      "name": "collision_data_minilake_c001_rd_s3_minilake_bucket_8632_versioning",
      "provider": "provider[\"registry.terraform.io/hashicorp/aws\"]",
      "instances": [
        {
          "schema_version": 0,
          "attributes": {
            "bucket": "collision-data-minilake-c001-rd-s3-minilake-bucket-ad8c",
            "expected_bucket_owner": "",
            "id": "collision-data-minilake-c001-rd-s3-minilake-bucket-ad8c",
            "mfa": null,
            "versioning_configuration": [
              {
                "mfa_delete": "",
                "status": "Suspended"
              }
            ]
          },
          "sensitive_attributes": [],
          "private": "bnVsbA==",
          "dependencies": [
            "aws_s3_bucket.collision_data_minilake_c001_rd_s3_minilake_bucket_8632"
          ]
        }
      ]
    },
    {
      "mode": "managed",
      "type": "aws_s3_bucket_versioning",
      "name": "collision_data_minilake_c001_rd_s3_party_bucket_f971_versioning",
      "provider": "provider[\"registry.terraform.io/hashicorp/aws\"]",
      "instances": [
        {
          "schema_version": 0,
          "attributes": {
            "bucket": "collision-data-minilake-c001-rd-s3-party-bucket-6366",
            "expected_bucket_owner": "",
            "id": "collision-data-minilake-c001-rd-s3-party-bucket-6366",
            "mfa": null,
            "versioning_configuration": [
              {
                "mfa_delete": "",
                "status": "Suspended"
              }
            ]
          },
          "sensitive_attributes": [],
          "private": "bnVsbA==",
          "dependencies": [
            "aws_s3_bucket.collision_data_minilake_c001_rd_s3_party_bucket_f971"
          ]
        }
      ]
    },
    {
      "mode": "managed",
      "type": "aws_s3_bucket_versioning",
      "name": "collision_data_minilake_c001_rd_s3_party_staging_bucket_b09a_versioning",
      "provider": "provider[\"registry.terraform.io/hashicorp/aws\"]",
      "instances": [
        {
          "schema_version": 0,
          "attributes": {
            "bucket": "collision-data-minilake-c001-rd-s3-party-staging-bucket-4e3d",
            "expected_bucket_owner": "",
            "id": "collision-data-minilake-c001-rd-s3-party-staging-bucket-4e3d",
            "mfa": null,
            "versioning_configuration": [
              {
                "mfa_delete": "",
                "status": "Suspended"
              }
            ]
          },
          "sensitive_attributes": [],
          "private": "bnVsbA==",
          "dependencies": [
            "aws_s3_bucket.collision_data_minilake_c001_rd_s3_party_staging_bucket_b09a"
          ]
        }
      ]
    },
    {
      "mode": "managed",
      "type": "aws_s3_bucket_versioning",
      "name": "collision_data_minilake_c001_rd_s3_victim_bucket_c97f_versioning",
      "provider": "provider[\"registry.terraform.io/hashicorp/aws\"]",
      "instances": [
        {
          "schema_version": 0,
          "attributes": {
            "bucket": "collision-data-minilake-c001-rd-s3-victim-bucket-1a7a",
            "expected_bucket_owner": "",
            "id": "collision-data-minilake-c001-rd-s3-victim-bucket-1a7a",
            "mfa": null,
            "versioning_configuration": [
              {
                "mfa_delete": "",
                "status": "Suspended"
              }
            ]
          },
          "sensitive_attributes": [],
          "private": "bnVsbA==",
          "dependencies": [
            "aws_s3_bucket.collision_data_minilake_c001_rd_s3_victim_bucket_c97f"
          ]
        }
      ]
    },
    {
      "mode": "managed",
      "type": "aws_s3_bucket_versioning",
      "name": "collision_data_minilake_c001_rd_s3_victim_staging_bucket_b2ff_versioning",
      "provider": "provider[\"registry.terraform.io/hashicorp/aws\"]",
      "instances": [
        {
          "schema_version": 0,
          "attributes": {
            "bucket": "collision-data-minilake-c001-rd-s3-victim-staging-bucket-c6fd",
            "expected_bucket_owner": "",
            "id": "collision-data-minilake-c001-rd-s3-victim-staging-bucket-c6fd",
            "mfa": null,
            "versioning_configuration": [
              {
                "mfa_delete": "",
                "status": "Suspended"
              }
            ]
          },
          "sensitive_attributes": [],
          "private": "bnVsbA==",
          "dependencies": [
            "aws_s3_bucket.collision_data_minilake_c001_rd_s3_victim_staging_bucket_b2ff"
          ]
        }
      ]
    },
    {
      "mode": "managed",
      "type": "time_sleep",
      "name": "collision_data_minilake_c001_rd_s3_case_bucket_cb98_iam_sleep",
      "provider": "provider[\"registry.terraform.io/hashicorp/time\"]",
      "instances": [
        {
          "schema_version": 0,
          "attributes": {
            "create_duration": "15s",
            "destroy_duration": null,
            "id": "2026-04-30T11:34:14Z",
            "triggers": null
          },
          "sensitive_attributes": [],
          "dependencies": [
            "aws_cloudwatch_log_group.collision_data_minilake_c001_rd_lambda_case_processor_50a3_lg",
            "aws_iam_role.collision_data_minilake_c001_rd_lambda_case_processor_50a3_role",
            "aws_lambda_function.collision_data_minilake_c001_rd_lambda_case_processor_50a3",
            "aws_lambda_permission.collision_data_minilake_c001_rd_s3_case_bucket_cb98_invoke_collision_data_minilake_c001_rd_lambda_case_processor_50a3",
            "aws_s3_bucket.collision_data_minilake_c001_rd_s3_case_bucket_cb98",
            "aws_s3_bucket.collision_data_minilake_c001_rd_s3_case_staging_bucket_ae11",
            "data.archive_file.collision_data_minilake_c001_rd_lambda_case_processor_50a3_placeholder"
          ]
        }
      ]
    },
    {
      "mode": "managed",
      "type": "time_sleep",
      "name": "collision_data_minilake_c001_rd_s3_case_staging_bucket_ae11_iam_sleep",
      "provider": "provider[\"registry.terraform.io/hashicorp/time\"]",
      "instances": [
        {
          "schema_version": 0,
          "attributes": {
            "create_duration": "15s",
            "destroy_duration": null,
            "id": "2026-04-30T11:34:33Z",
            "triggers": null
          },
          "sensitive_attributes": [],
          "dependencies": [
            "aws_cloudwatch_log_group.collision_data_minilake_c001_rd_lambda_refine_data_c370_lg",
            "aws_iam_role.collision_data_minilake_c001_rd_lambda_refine_data_c370_role",
            "aws_lambda_function.collision_data_minilake_c001_rd_lambda_refine_data_c370",
            "aws_lambda_permission.collision_data_minilake_c001_rd_s3_case_staging_bucket_ae11_invoke_collision_data_minilake_c001_rd_lambda_refine_data_c370",
            "aws_s3_bucket.collision_data_minilake_c001_rd_s3_case_staging_bucket_ae11",
            "aws_s3_bucket.collision_data_minilake_c001_rd_s3_minilake_bucket_8632",
            "data.archive_file.collision_data_minilake_c001_rd_lambda_refine_data_c370_placeholder"
          ]
        }
      ]
    },
    {
      "mode": "managed",
      "type": "time_sleep",
      "name": "collision_data_minilake_c001_rd_s3_collision_bucket_bd75_iam_sleep",
      "provider": "provider[\"registry.terraform.io/hashicorp/time\"]",
      "instances": [
        {
          "schema_version": 0,
          "attributes": {
            "create_duration": "15s",
            "destroy_duration": null,
            "id": "2026-04-30T11:34:05Z",
            "triggers": null
          },
          "sensitive_attributes": [],
          "dependencies": [
            "aws_cloudwatch_log_group.collision_data_minilake_c001_rd_lambda_collision_processor_e79e_lg",
            "aws_iam_role.collision_data_minilake_c001_rd_lambda_collision_processor_e79e_role",
            "aws_lambda_function.collision_data_minilake_c001_rd_lambda_collision_processor_e79e",
            "aws_lambda_permission.collision_data_minilake_c001_rd_s3_collision_bucket_bd75_invoke_collision_data_minilake_c001_rd_lambda_collision_processor_e79e",
            "aws_s3_bucket.collision_data_minilake_c001_rd_s3_collision_bucket_bd75",
            "aws_s3_bucket.collision_data_minilake_c001_rd_s3_collision_staging_bucket_5371",
            "data.archive_file.collision_data_minilake_c001_rd_lambda_collision_processor_e79e_placeholder"
          ]
        }
      ]
    },
    {
      "mode": "managed",
      "type": "time_sleep",
      "name": "collision_data_minilake_c001_rd_s3_collision_staging_bucket_5371_iam_sleep",
      "provider": "provider[\"registry.terraform.io/hashicorp/time\"]",
      "instances": [
        {
          "schema_version": 0,
          "attributes": {
            "create_duration": "15s",
            "destroy_duration": null,
            "id": "2026-04-30T11:34:34Z",
            "triggers": null
          },
          "sensitive_attributes": [],
          "dependencies": [
            "aws_cloudwatch_log_group.collision_data_minilake_c001_rd_lambda_refine_data_c370_lg",
            "aws_iam_role.collision_data_minilake_c001_rd_lambda_refine_data_c370_role",
            "aws_lambda_function.collision_data_minilake_c001_rd_lambda_refine_data_c370",
            "aws_lambda_permission.collision_data_minilake_c001_rd_s3_collision_staging_bucket_5371_invoke_collision_data_minilake_c001_rd_lambda_refine_data_c370",
            "aws_s3_bucket.collision_data_minilake_c001_rd_s3_collision_staging_bucket_5371",
            "aws_s3_bucket.collision_data_minilake_c001_rd_s3_minilake_bucket_8632",
            "data.archive_file.collision_data_minilake_c001_rd_lambda_refine_data_c370_placeholder"
          ]
        }
      ]
    },
    {
      "mode": "managed",
      "type": "time_sleep",
      "name": "collision_data_minilake_c001_rd_s3_party_bucket_f971_iam_sleep",
      "provider": "provider[\"registry.terraform.io/hashicorp/time\"]",
      "instances": [
        {
          "schema_version": 0,
          "attributes": {
            "create_duration": "15s",
            "destroy_duration": null,
            "id": "2026-04-30T11:33:59Z",
            "triggers": null
          },
          "sensitive_attributes": [],
          "dependencies": [
            "aws_cloudwatch_log_group.collision_data_minilake_c001_rd_lambda_party_processor_f8ca_lg",
            "aws_iam_role.collision_data_minilake_c001_rd_lambda_party_processor_f8ca_role",
            "aws_lambda_function.collision_data_minilake_c001_rd_lambda_party_processor_f8ca",
            "aws_lambda_permission.collision_data_minilake_c001_rd_s3_party_bucket_f971_invoke_collision_data_minilake_c001_rd_lambda_party_processor_f8ca",
            "aws_s3_bucket.collision_data_minilake_c001_rd_s3_party_bucket_f971",
            "aws_s3_bucket.collision_data_minilake_c001_rd_s3_party_staging_bucket_b09a",
            "data.archive_file.collision_data_minilake_c001_rd_lambda_party_processor_f8ca_placeholder"
          ]
        }
      ]
    },
    {
      "mode": "managed",
      "type": "time_sleep",
      "name": "collision_data_minilake_c001_rd_s3_party_staging_bucket_b09a_iam_sleep",
      "provider": "provider[\"registry.terraform.io/hashicorp/time\"]",
      "instances": [
        {
          "schema_version": 0,
          "attributes": {
            "create_duration": "15s",
            "destroy_duration": null,
            "id": "2026-04-30T11:34:29Z",
            "triggers": null
          },
          "sensitive_attributes": [],
          "dependencies": [
            "aws_cloudwatch_log_group.collision_data_minilake_c001_rd_lambda_refine_data_c370_lg",
            "aws_iam_role.collision_data_minilake_c001_rd_lambda_refine_data_c370_role",
            "aws_lambda_function.collision_data_minilake_c001_rd_lambda_refine_data_c370",
            "aws_lambda_permission.collision_data_minilake_c001_rd_s3_party_staging_bucket_b09a_invoke_collision_data_minilake_c001_rd_lambda_refine_data_c370",
            "aws_s3_bucket.collision_data_minilake_c001_rd_s3_minilake_bucket_8632",
            "aws_s3_bucket.collision_data_minilake_c001_rd_s3_party_staging_bucket_b09a",
            "data.archive_file.collision_data_minilake_c001_rd_lambda_refine_data_c370_placeholder"
          ]
        }
      ]
    },
    {
      "mode": "managed",
      "type": "time_sleep",
      "name": "collision_data_minilake_c001_rd_s3_victim_bucket_c97f_iam_sleep",
      "provider": "provider[\"registry.terraform.io/hashicorp/time\"]",
      "instances": [
        {
          "schema_version": 0,
          "attributes": {
            "create_duration": "15s",
            "destroy_duration": null,
            "id": "2026-04-30T11:33:45Z",
            "triggers": null
          },
          "sensitive_attributes": [],
          "dependencies": [
            "aws_cloudwatch_log_group.collision_data_minilake_c001_rd_lambda_victim_processor_7499_lg",
            "aws_iam_role.collision_data_minilake_c001_rd_lambda_victim_processor_7499_role",
            "aws_lambda_function.collision_data_minilake_c001_rd_lambda_victim_processor_7499",
            "aws_lambda_permission.collision_data_minilake_c001_rd_s3_victim_bucket_c97f_invoke_collision_data_minilake_c001_rd_lambda_victim_processor_7499",
            "aws_s3_bucket.collision_data_minilake_c001_rd_s3_victim_bucket_c97f",
            "aws_s3_bucket.collision_data_minilake_c001_rd_s3_victim_staging_bucket_b2ff",
            "data.archive_file.collision_data_minilake_c001_rd_lambda_victim_processor_7499_placeholder"
          ]
        }
      ]
    },
    {
      "mode": "managed",
      "type": "time_sleep",
      "name": "collision_data_minilake_c001_rd_s3_victim_staging_bucket_b2ff_iam_sleep",
      "provider": "provider[\"registry.terraform.io/hashicorp/time\"]",
      "instances": [
        {
          "schema_version": 0,
          "attributes": {
            "create_duration": "15s",
            "destroy_duration": null,
            "id": "2026-04-30T11:34:31Z",
            "triggers": null
          },
          "sensitive_attributes": [],
          "dependencies": [
            "aws_cloudwatch_log_group.collision_data_minilake_c001_rd_lambda_refine_data_c370_lg",
            "aws_iam_role.collision_data_minilake_c001_rd_lambda_refine_data_c370_role",
            "aws_lambda_function.collision_data_minilake_c001_rd_lambda_refine_data_c370",
            "aws_lambda_permission.collision_data_minilake_c001_rd_s3_victim_staging_bucket_b2ff_invoke_collision_data_minilake_c001_rd_lambda_refine_data_c370",
            "aws_s3_bucket.collision_data_minilake_c001_rd_s3_minilake_bucket_8632",
            "aws_s3_bucket.collision_data_minilake_c001_rd_s3_victim_staging_bucket_b2ff",
            "data.archive_file.collision_data_minilake_c001_rd_lambda_refine_data_c370_placeholder"
          ]
        }
      ]
    }
  ],
  "check_results": null
}
