{
  "version": 4,
  "terraform_version": "1.7.5",
  "serial": 20,
  "lineage": "26564de6-4b7d-24a8-4f8e-543cf88602f7",
  "outputs": {},
  "resources": [
    {
      "mode": "data",
      "type": "archive_file",
      "name": "aws_builder_agent_demo_engineering_cc001_lambda_lambda_1_placeholder",
      "provider": "provider[\"registry.terraform.io/hashicorp/archive\"]",
      "instances": [
        {
          "schema_version": 0,
          "attributes": {
            "exclude_symlink_directories": null,
            "excludes": null,
            "id": "f59f3fd420ddaa451ce12fb440deb2aa076e6172",
            "output_base64sha256": "LmcgHcF2xlW0KH/h8do1eRPlc9I5gAA6/LTH/6iiCAM=",
            "output_base64sha512": "qEl4hschIDtZI/cxJuiutUlGG5PkLE253Ng5kS1rICHmzYbU7mS1WybzCNffsBdM+q5UiwHLo8/J2lXnSfZNnw==",
            "output_file_mode": null,
            "output_md5": "2890be29225d7ea7b0499f76bebd6c93",
            "output_path": "./aws_builder_agent_demo_engineering_cc001_lambda_lambda_1_placeholder.zip",
            "output_sha": "f59f3fd420ddaa451ce12fb440deb2aa076e6172",
            "output_sha256": "2e67201dc176c655b4287fe1f1da357913e573d23980003afcb4c7ffa8a20803",
            "output_sha512": "a8497886c721203b5923f73126e8aeb549461b93e42c4db9dcd839912d6b2021e6cd86d4ee64b55b26f308d7dfb0174cfaae548b01cba3cfc9da55e749f64d9f",
            "output_size": 195,
            "source": [
              {
                "content": "def handler(event, context):\n    return {\"statusCode\": 200}",
                "filename": "index.py"
              }
            ],
            "source_content": null,
            "source_content_filename": null,
            "source_dir": null,
            "source_file": null,
            "type": "zip"
          },
          "sensitive_attributes": []
        }
      ]
    },
    {
      "mode": "managed",
      "type": "aws_athena_workgroup",
      "name": "aws_builder_agent_demo_engineering_cc001_athena_athena_1",
      "provider": "provider[\"registry.terraform.io/hashicorp/aws\"]",
      "instances": [
        {
          "schema_version": 0,
          "attributes": {
            "arn": "arn:aws:athena:us-east-1:602963248309:workgroup/aws-builder-agent-demo-engineering-cc001-athena-athena-1",
            "configuration": [
              {
                "bytes_scanned_cutoff_per_query": 0,
                "enforce_workgroup_configuration": true,
                "engine_version": [
                  {
                    "effective_engine_version": "Athena engine version 3",
                    "selected_engine_version": "AUTO"
                  }
                ],
                "execution_role": "",
                "publish_cloudwatch_metrics_enabled": false,
                "requester_pays_enabled": false,
                "result_configuration": [
                  {
                    "acl_configuration": [],
                    "encryption_configuration": [],
                    "expected_bucket_owner": "",
                    "output_location": "s3://aws-builder-agent-demo-engineering-cc001-s3-s3-2-2/query-results/"
                  }
                ]
              }
            ],
            "description": "",
            "force_destroy": false,
            "id": "aws-builder-agent-demo-engineering-cc001-athena-athena-1",
            "name": "aws-builder-agent-demo-engineering-cc001-athena-athena-1",
            "state": "ENABLED",
            "tags": {
              "BusinessUnit": "engineering",
              "CostCenter": "cc001",
              "ManagedBy": "aws-pipeline-engine",
              "Pipeline": "aws_builder_agent_demo"
            },
            "tags_all": {
              "BusinessUnit": "engineering",
              "CostCenter": "cc001",
              "ManagedBy": "aws-pipeline-engine",
              "Pipeline": "aws_builder_agent_demo"
            }
          },
          "sensitive_attributes": [],
          "private": "bnVsbA=="
        }
      ]
    },
    {
      "mode": "managed",
      "type": "aws_cloudwatch_log_group",
      "name": "aws_builder_agent_demo_engineering_cc001_athena_athena_1_lg",
      "provider": "provider[\"registry.terraform.io/hashicorp/aws\"]",
      "instances": [
        {
          "schema_version": 0,
          "attributes": {
            "arn": "arn:aws:logs:us-east-1:602963248309:log-group:/aws/athena/aws-builder-agent-demo-engineering-cc001-athena-athena-1",
            "id": "/aws/athena/aws-builder-agent-demo-engineering-cc001-athena-athena-1",
            "kms_key_id": "",
            "log_group_class": "STANDARD",
            "name": "/aws/athena/aws-builder-agent-demo-engineering-cc001-athena-athena-1",
            "name_prefix": "",
            "retention_in_days": 7,
            "skip_destroy": false,
            "tags": {
              "BusinessUnit": "engineering",
              "CostCenter": "cc001",
              "ManagedBy": "aws-pipeline-engine",
              "Pipeline": "aws_builder_agent_demo"
            },
            "tags_all": {
              "BusinessUnit": "engineering",
              "CostCenter": "cc001",
              "ManagedBy": "aws-pipeline-engine",
              "Pipeline": "aws_builder_agent_demo"
            }
          },
          "sensitive_attributes": [],
          "private": "bnVsbA=="
        }
      ]
    },
    {
      "mode": "managed",
      "type": "aws_cloudwatch_log_group",
      "name": "aws_builder_agent_demo_engineering_cc001_glue_glue_1_lg",
      "provider": "provider[\"registry.terraform.io/hashicorp/aws\"]",
      "instances": [
        {
          "schema_version": 0,
          "attributes": {
            "arn": "arn:aws:logs:us-east-1:602963248309:log-group:/aws-glue/jobs/aws-builder-agent-demo-engineering-cc001-glue-glue-1",
            "id": "/aws-glue/jobs/aws-builder-agent-demo-engineering-cc001-glue-glue-1",
            "kms_key_id": "",
            "log_group_class": "STANDARD",
            "name": "/aws-glue/jobs/aws-builder-agent-demo-engineering-cc001-glue-glue-1",
            "name_prefix": "",
            "retention_in_days": 7,
            "skip_destroy": false,
            "tags": {
              "BusinessUnit": "engineering",
              "CostCenter": "cc001",
              "ManagedBy": "aws-pipeline-engine",
              "Pipeline": "aws_builder_agent_demo"
            },
            "tags_all": {
              "BusinessUnit": "engineering",
              "CostCenter": "cc001",
              "ManagedBy": "aws-pipeline-engine",
              "Pipeline": "aws_builder_agent_demo"
            }
          },
          "sensitive_attributes": [],
          "private": "bnVsbA=="
        }
      ]
    },
    {
      "mode": "managed",
      "type": "aws_cloudwatch_log_group",
      "name": "aws_builder_agent_demo_engineering_cc001_lambda_lambda_1_lg",
      "provider": "provider[\"registry.terraform.io/hashicorp/aws\"]",
      "instances": [
        {
          "schema_version": 0,
          "attributes": {
            "arn": "arn:aws:logs:us-east-1:602963248309:log-group:/aws/lambda/aws-builder-agent-demo-engineering-cc001-lambda-lambda-1",
            "id": "/aws/lambda/aws-builder-agent-demo-engineering-cc001-lambda-lambda-1",
            "kms_key_id": "",
            "log_group_class": "STANDARD",
            "name": "/aws/lambda/aws-builder-agent-demo-engineering-cc001-lambda-lambda-1",
            "name_prefix": "",
            "retention_in_days": 7,
            "skip_destroy": false,
            "tags": {
              "BusinessUnit": "engineering",
              "CostCenter": "cc001",
              "ManagedBy": "aws-pipeline-engine",
              "Pipeline": "aws_builder_agent_demo"
            },
            "tags_all": {
              "BusinessUnit": "engineering",
              "CostCenter": "cc001",
              "ManagedBy": "aws-pipeline-engine",
              "Pipeline": "aws_builder_agent_demo"
            }
          },
          "sensitive_attributes": [],
          "private": "bnVsbA=="
        }
      ]
    },
    {
      "mode": "managed",
      "type": "aws_glue_catalog_database",
      "name": "aws_builder_agent_demo_engineering_cc001_glue_glue_1_db",
      "provider": "provider[\"registry.terraform.io/hashicorp/aws\"]",
      "instances": [
        {
          "schema_version": 0,
          "attributes": {
            "arn": "arn:aws:glue:us-east-1:602963248309:database/aws_builder_agent_demo_engineering_cc001_glue_glue_1_db",
            "catalog_id": "602963248309",
            "create_table_default_permission": [
              {
                "permissions": [
                  "ALL"
                ],
                "principal": [
                  {
                    "data_lake_principal_identifier": "IAM_ALLOWED_PRINCIPALS"
                  }
                ]
              }
            ],
            "description": "",
            "federated_database": [],
            "id": "602963248309:aws_builder_agent_demo_engineering_cc001_glue_glue_1_db",
            "location_uri": "",
            "name": "aws_builder_agent_demo_engineering_cc001_glue_glue_1_db",
            "parameters": null,
            "tags": {
              "BusinessUnit": "engineering",
              "CostCenter": "cc001",
              "ManagedBy": "aws-pipeline-engine",
              "Pipeline": "aws_builder_agent_demo"
            },
            "tags_all": {
              "BusinessUnit": "engineering",
              "CostCenter": "cc001",
              "ManagedBy": "aws-pipeline-engine",
              "Pipeline": "aws_builder_agent_demo"
            },
            "target_database": []
          },
          "sensitive_attributes": [],
          "private": "bnVsbA=="
        }
      ]
    },
    {
      "mode": "managed",
      "type": "aws_glue_crawler",
      "name": "aws_builder_agent_demo_engineering_cc001_glue_glue_1",
      "provider": "provider[\"registry.terraform.io/hashicorp/aws\"]",
      "instances": [
        {
          "schema_version": 0,
          "attributes": {
            "arn": "arn:aws:glue:us-east-1:602963248309:crawler/aws-builder-agent-demo-engineering-cc001-glue-glue-1",
            "catalog_target": [],
            "classifiers": null,
            "configuration": "",
            "database_name": "aws_builder_agent_demo_engineering_cc001_glue_glue_1_db",
            "delta_target": [],
            "description": "",
            "dynamodb_target": [],
            "hudi_target": [],
            "iceberg_target": [],
            "id": "aws-builder-agent-demo-engineering-cc001-glue-glue-1",
            "jdbc_target": [],
            "lake_formation_configuration": [
              {
                "account_id": "",
                "use_lake_formation_credentials": false
              }
            ],
            "lineage_configuration": [
              {
                "crawler_lineage_settings": "DISABLE"
              }
            ],
            "mongodb_target": [],
            "name": "aws-builder-agent-demo-engineering-cc001-glue-glue-1",
            "recrawl_policy": [
              {
                "recrawl_behavior": "CRAWL_EVERYTHING"
              }
            ],
            "role": "aws-builder-agent-demo-engineering-cc001-glue-glue-1-role",
            "s3_target": [
              {
                "connection_name": "",
                "dlq_event_queue_arn": "",
                "event_queue_arn": "",
                "exclusions": null,
                "path": "s3://aws-builder-agent-demo-engineering-cc001-s3-s3-2-2/",
                "sample_size": 0
              }
            ],
            "schedule": "",
            "schema_change_policy": [
              {
                "delete_behavior": "LOG",
                "update_behavior": "UPDATE_IN_DATABASE"
              }
            ],
            "security_configuration": "",
            "table_prefix": "",
            "tags": {
              "BusinessUnit": "engineering",
              "CostCenter": "cc001",
              "ManagedBy": "aws-pipeline-engine",
              "Pipeline": "aws_builder_agent_demo"
            },
            "tags_all": {
              "BusinessUnit": "engineering",
              "CostCenter": "cc001",
              "ManagedBy": "aws-pipeline-engine",
              "Pipeline": "aws_builder_agent_demo"
            }
          },
          "sensitive_attributes": [],
          "private": "bnVsbA==",
          "dependencies": [
            "aws_glue_catalog_database.aws_builder_agent_demo_engineering_cc001_glue_glue_1_db",
            "aws_iam_role.aws_builder_agent_demo_engineering_cc001_glue_glue_1_role",
            "aws_s3_bucket.aws_builder_agent_demo_engineering_cc001_s3_s3_2_2"
          ]
        }
      ]
    },
    {
      "mode": "managed",
      "type": "aws_iam_role",
      "name": "aws_builder_agent_demo_engineering_cc001_glue_glue_1_role",
      "provider": "provider[\"registry.terraform.io/hashicorp/aws\"]",
      "instances": [
        {
          "schema_version": 0,
          "attributes": {
            "arn": "arn:aws:iam::602963248309:role/aws-builder-agent-demo-engineering-cc001-glue-glue-1-role",
            "assume_role_policy": "{\"Statement\":[{\"Action\":\"sts:AssumeRole\",\"Effect\":\"Allow\",\"Principal\":{\"Service\":\"glue.amazonaws.com\"}}],\"Version\":\"2012-10-17\"}",
            "create_date": "2026-04-20T17:08:44Z",
            "description": "",
            "force_detach_policies": false,
            "id": "aws-builder-agent-demo-engineering-cc001-glue-glue-1-role",
            "inline_policy": [],
            "managed_policy_arns": [],
            "max_session_duration": 3600,
            "name": "aws-builder-agent-demo-engineering-cc001-glue-glue-1-role",
            "name_prefix": "",
            "path": "/",
            "permissions_boundary": "",
            "tags": {
              "BusinessUnit": "engineering",
              "CostCenter": "cc001",
              "ManagedBy": "aws-pipeline-engine",
              "Pipeline": "aws_builder_agent_demo"
            },
            "tags_all": {
              "BusinessUnit": "engineering",
              "CostCenter": "cc001",
              "ManagedBy": "aws-pipeline-engine",
              "Pipeline": "aws_builder_agent_demo"
            },
            "unique_id": "AROAYYY3JAS2XECOQ6CCT"
          },
          "sensitive_attributes": [],
          "private": "bnVsbA=="
        }
      ]
    },
    {
      "mode": "managed",
      "type": "aws_iam_role",
      "name": "aws_builder_agent_demo_engineering_cc001_lambda_lambda_1_role",
      "provider": "provider[\"registry.terraform.io/hashicorp/aws\"]",
      "instances": [
        {
          "schema_version": 0,
          "attributes": {
            "arn": "arn:aws:iam::602963248309:role/aws-builder-agent-demo-engineering-cc001-lambda-lambda-1-role",
            "assume_role_policy": "{\"Statement\":[{\"Action\":\"sts:AssumeRole\",\"Effect\":\"Allow\",\"Principal\":{\"Service\":\"lambda.amazonaws.com\"}}],\"Version\":\"2012-10-17\"}",
            "create_date": "2026-04-20T17:08:44Z",
            "description": "",
            "force_detach_policies": false,
            "id": "aws-builder-agent-demo-engineering-cc001-lambda-lambda-1-role",
            "inline_policy": [],
            "managed_policy_arns": [],
            "max_session_duration": 3600,
            "name": "aws-builder-agent-demo-engineering-cc001-lambda-lambda-1-role",
            "name_prefix": "",
            "path": "/",
            "permissions_boundary": "",
            "tags": {
              "BusinessUnit": "engineering",
              "CostCenter": "cc001",
              "ManagedBy": "aws-pipeline-engine",
              "Pipeline": "aws_builder_agent_demo"
            },
            "tags_all": {
              "BusinessUnit": "engineering",
              "CostCenter": "cc001",
              "ManagedBy": "aws-pipeline-engine",
              "Pipeline": "aws_builder_agent_demo"
            },
            "unique_id": "AROAYYY3JAS235IYCO2JP"
          },
          "sensitive_attributes": [],
          "private": "bnVsbA=="
        }
      ]
    },
    {
      "mode": "managed",
      "type": "aws_iam_role_policy",
      "name": "aws_builder_agent_demo_engineering_cc001_glue_glue_1_policy",
      "provider": "provider[\"registry.terraform.io/hashicorp/aws\"]",
      "instances": [
        {
          "schema_version": 0,
          "attributes": {
            "id": "aws-builder-agent-demo-engineering-cc001-glue-glue-1-role:aws-builder-agent-demo-engineering-cc001-glue-glue-1-policy",
            "name": "aws-builder-agent-demo-engineering-cc001-glue-glue-1-policy",
            "name_prefix": "",
            "policy": "{\"Version\":\"2012-10-17\",\"Statement\":[{\"Action\":[\"logs:CreateLogGroup\",\"logs:CreateLogStream\",\"logs:PutLogEvents\",\"glue:GetDatabase\",\"glue:GetTable\",\"glue:CreateTable\",\"glue:UpdateTable\",\"glue:DeleteTable\",\"glue:GetPartition\",\"glue:CreatePartition\",\"glue:UpdatePartition\",\"glue:BatchCreatePartition\",\"glue:BatchDeletePartition\",\"s3:GetObject\",\"s3:PutObject\",\"s3:ListBucket\",\"s3:DeleteObject\"],\"Effect\":\"Allow\",\"Resource\":\"*\"}]}",
            "role": "aws-builder-agent-demo-engineering-cc001-glue-glue-1-role"
          },
          "sensitive_attributes": [],
          "private": "bnVsbA==",
          "dependencies": [
            "aws_iam_role.aws_builder_agent_demo_engineering_cc001_glue_glue_1_role"
          ]
        }
      ]
    },
    {
      "mode": "managed",
      "type": "aws_iam_role_policy",
      "name": "aws_builder_agent_demo_engineering_cc001_lambda_lambda_1_policy",
      "provider": "provider[\"registry.terraform.io/hashicorp/aws\"]",
      "instances": [
        {
          "schema_version": 0,
          "attributes": {
            "id": "aws-builder-agent-demo-engineering-cc001-lambda-lambda-1-role:aws-builder-agent-demo-engineering-cc001-lambda-lambda-1-policy",
            "name": "aws-builder-agent-demo-engineering-cc001-lambda-lambda-1-policy",
            "name_prefix": "",
            "policy": "{\"Version\":\"2012-10-17\",\"Statement\":[{\"Action\":[\"logs:CreateLogGroup\",\"logs:CreateLogStream\",\"logs:PutLogEvents\",\"s3:GetObject\",\"s3:ListBucket\",\"s3:PutObject\",\"s3:DeleteObject\"],\"Effect\":\"Allow\",\"Resource\":\"*\"}]}",
            "role": "aws-builder-agent-demo-engineering-cc001-lambda-lambda-1-role"
          },
          "sensitive_attributes": [],
          "private": "bnVsbA==",
          "dependencies": [
            "aws_iam_role.aws_builder_agent_demo_engineering_cc001_lambda_lambda_1_role"
          ]
        }
      ]
    },
    {
      "mode": "managed",
      "type": "aws_lambda_function",
      "name": "aws_builder_agent_demo_engineering_cc001_lambda_lambda_1",
      "provider": "provider[\"registry.terraform.io/hashicorp/aws\"]",
      "instances": [
        {
          "schema_version": 0,
          "attributes": {
            "architectures": [
              "x86_64"
            ],
            "arn": "arn:aws:lambda:us-east-1:602963248309:function:aws-builder-agent-demo-engineering-cc001-lambda-lambda-1",
            "code_sha256": "LmcgHcF2xlW0KH/h8do1eRPlc9I5gAA6/LTH/6iiCAM=",
            "code_signing_config_arn": "",
            "dead_letter_config": [],
            "description": "",
            "environment": [
              {
                "variables": {
                  "S3_2_BUCKET": "aws-builder-agent-demo-engineering-cc001-s3-s3-2-2"
                }
              }
            ],
            "ephemeral_storage": [
              {
                "size": 512
              }
            ],
            "file_system_config": [],
            "filename": "./aws_builder_agent_demo_engineering_cc001_lambda_lambda_1_placeholder.zip",
            "function_name": "aws-builder-agent-demo-engineering-cc001-lambda-lambda-1",
            "handler": "index.handler",
            "id": "aws-builder-agent-demo-engineering-cc001-lambda-lambda-1",
            "image_config": [],
            "image_uri": "",
            "invoke_arn": "arn:aws:apigateway:us-east-1:lambda:path/2015-03-31/functions/arn:aws:lambda:us-east-1:602963248309:function:aws-builder-agent-demo-engineering-cc001-lambda-lambda-1/invocations",
            "kms_key_arn": "",
            "last_modified": "2026-04-20T17:08:54.630+0000",
            "layers": null,
            "logging_config": [
              {
                "application_log_level": "",
                "log_format": "Text",
                "log_group": "/aws/lambda/aws-builder-agent-demo-engineering-cc001-lambda-lambda-1",
                "system_log_level": ""
              }
            ],
            "memory_size": 128,
            "package_type": "Zip",
            "publish": false,
            "qualified_arn": "arn:aws:lambda:us-east-1:602963248309:function:aws-builder-agent-demo-engineering-cc001-lambda-lambda-1:$LATEST",
            "qualified_invoke_arn": "arn:aws:apigateway:us-east-1:lambda:path/2015-03-31/functions/arn:aws:lambda:us-east-1:602963248309:function:aws-builder-agent-demo-engineering-cc001-lambda-lambda-1:$LATEST/invocations",
            "replace_security_groups_on_destroy": null,
            "replacement_security_group_ids": null,
            "reserved_concurrent_executions": -1,
            "role": "arn:aws:iam::602963248309:role/aws-builder-agent-demo-engineering-cc001-lambda-lambda-1-role",
            "runtime": "python3.12",
            "s3_bucket": null,
            "s3_key": null,
            "s3_object_version": null,
            "signing_job_arn": "",
            "signing_profile_version_arn": "",
            "skip_destroy": false,
            "snap_start": [],
            "source_code_hash": "LmcgHcF2xlW0KH/h8do1eRPlc9I5gAA6/LTH/6iiCAM=",
            "source_code_size": 195,
            "tags": {
              "BusinessUnit": "engineering",
              "CostCenter": "cc001",
              "ManagedBy": "aws-pipeline-engine",
              "Pipeline": "aws_builder_agent_demo"
            },
            "tags_all": {
              "BusinessUnit": "engineering",
              "CostCenter": "cc001",
              "ManagedBy": "aws-pipeline-engine",
              "Pipeline": "aws_builder_agent_demo"
            },
            "timeout": 30,
            "timeouts": null,
            "tracing_config": [
              {
                "mode": "PassThrough"
              }
            ],
            "version": "$LATEST",
            "vpc_config": []
          },
          "sensitive_attributes": [],
          "private": "eyJlMmJmYjczMC1lY2FhLTExZTYtOGY4OC0zNDM2M2JjN2M0YzAiOnsiY3JlYXRlIjo2MDAwMDAwMDAwMDAsImRlbGV0ZSI6NjAwMDAwMDAwMDAwLCJ1cGRhdGUiOjYwMDAwMDAwMDAwMH19",
          "dependencies": [
            "aws_cloudwatch_log_group.aws_builder_agent_demo_engineering_cc001_lambda_lambda_1_lg",
            "aws_iam_role.aws_builder_agent_demo_engineering_cc001_lambda_lambda_1_role",
            "aws_s3_bucket.aws_builder_agent_demo_engineering_cc001_s3_s3_2_2",
            "data.archive_file.aws_builder_agent_demo_engineering_cc001_lambda_lambda_1_placeholder"
          ]
        }
      ]
    },
    {
      "mode": "managed",
      "type": "aws_lambda_permission",
      "name": "aws_builder_agent_demo_engineering_cc001_s3_s3_1_1_invoke_aws_builder_agent_demo_engineering_cc001_lambda_lambda_1",
      "provider": "provider[\"registry.terraform.io/hashicorp/aws\"]",
      "instances": [
        {
          "schema_version": 0,
          "attributes": {
            "action": "lambda:InvokeFunction",
            "event_source_token": null,
            "function_name": "aws-builder-agent-demo-engineering-cc001-lambda-lambda-1",
            "function_url_auth_type": null,
            "id": "AllowS3-aws_builder_agent_demo_engineering_cc001_s3_s3_1_1-aws_builder_agent_demo_engineeri-3e827bcd",
            "principal": "s3.amazonaws.com",
            "principal_org_id": null,
            "qualifier": "",
            "source_account": null,
            "source_arn": "arn:aws:s3:::aws-builder-agent-demo-engineering-cc001-s3-s3-1-1",
            "statement_id": "AllowS3-aws_builder_agent_demo_engineering_cc001_s3_s3_1_1-aws_builder_agent_demo_engineeri-3e827bcd",
            "statement_id_prefix": ""
          },
          "sensitive_attributes": [],
          "private": "bnVsbA==",
          "dependencies": [
            "aws_cloudwatch_log_group.aws_builder_agent_demo_engineering_cc001_lambda_lambda_1_lg",
            "aws_iam_role.aws_builder_agent_demo_engineering_cc001_lambda_lambda_1_role",
            "aws_lambda_function.aws_builder_agent_demo_engineering_cc001_lambda_lambda_1",
            "aws_s3_bucket.aws_builder_agent_demo_engineering_cc001_s3_s3_1_1",
            "aws_s3_bucket.aws_builder_agent_demo_engineering_cc001_s3_s3_2_2",
            "data.archive_file.aws_builder_agent_demo_engineering_cc001_lambda_lambda_1_placeholder"
          ]
        }
      ]
    },
    {
      "mode": "managed",
      "type": "aws_s3_bucket",
      "name": "aws_builder_agent_demo_engineering_cc001_s3_s3_1_1",
      "provider": "provider[\"registry.terraform.io/hashicorp/aws\"]",
      "instances": [
        {
          "schema_version": 0,
          "attributes": {
            "acceleration_status": "",
            "acl": null,
            "arn": "arn:aws:s3:::aws-builder-agent-demo-engineering-cc001-s3-s3-1-1",
            "bucket": "aws-builder-agent-demo-engineering-cc001-s3-s3-1-1",
            "bucket_domain_name": "aws-builder-agent-demo-engineering-cc001-s3-s3-1-1.s3.amazonaws.com",
            "bucket_prefix": "",
            "bucket_regional_domain_name": "aws-builder-agent-demo-engineering-cc001-s3-s3-1-1.s3.us-east-1.amazonaws.com",
            "cors_rule": [],
            "force_destroy": true,
            "grant": [
              {
                "id": "6b988a1bfb1696d044a07b3f9fd2a2a715c57a1b22eb6076238db5417a49eab2",
                "permissions": [
                  "FULL_CONTROL"
                ],
                "type": "CanonicalUser",
                "uri": ""
              }
            ],
            "hosted_zone_id": "Z3AQBSTGFYJSTF",
            "id": "aws-builder-agent-demo-engineering-cc001-s3-s3-1-1",
            "lifecycle_rule": [],
            "logging": [],
            "object_lock_configuration": [],
            "object_lock_enabled": false,
            "policy": "",
            "region": "us-east-1",
            "replication_configuration": [],
            "request_payer": "BucketOwner",
            "server_side_encryption_configuration": [
              {
                "rule": [
                  {
                    "apply_server_side_encryption_by_default": [
                      {
                        "kms_master_key_id": "",
                        "sse_algorithm": "AES256"
                      }
                    ],
                    "bucket_key_enabled": false
                  }
                ]
              }
            ],
            "tags": {
              "BusinessUnit": "engineering",
              "CostCenter": "cc001",
              "ManagedBy": "aws-pipeline-engine",
              "Pipeline": "aws_builder_agent_demo"
            },
            "tags_all": {
              "BusinessUnit": "engineering",
              "CostCenter": "cc001",
              "ManagedBy": "aws-pipeline-engine",
              "Pipeline": "aws_builder_agent_demo"
            },
            "timeouts": null,
            "versioning": [
              {
                "enabled": false,
                "mfa_delete": false
              }
            ],
            "website": [],
            "website_domain": null,
            "website_endpoint": null
          },
          "sensitive_attributes": [],
          "private": "eyJlMmJmYjczMC1lY2FhLTExZTYtOGY4OC0zNDM2M2JjN2M0YzAiOnsiY3JlYXRlIjoxMjAwMDAwMDAwMDAwLCJkZWxldGUiOjM2MDAwMDAwMDAwMDAsInJlYWQiOjEyMDAwMDAwMDAwMDAsInVwZGF0ZSI6MTIwMDAwMDAwMDAwMH19"
        }
      ]
    },
    {
      "mode": "managed",
      "type": "aws_s3_bucket",
      "name": "aws_builder_agent_demo_engineering_cc001_s3_s3_2_2",
      "provider": "provider[\"registry.terraform.io/hashicorp/aws\"]",
      "instances": [
        {
          "schema_version": 0,
          "attributes": {
            "acceleration_status": "",
            "acl": null,
            "arn": "arn:aws:s3:::aws-builder-agent-demo-engineering-cc001-s3-s3-2-2",
            "bucket": "aws-builder-agent-demo-engineering-cc001-s3-s3-2-2",
            "bucket_domain_name": "aws-builder-agent-demo-engineering-cc001-s3-s3-2-2.s3.amazonaws.com",
            "bucket_prefix": "",
            "bucket_regional_domain_name": "aws-builder-agent-demo-engineering-cc001-s3-s3-2-2.s3.us-east-1.amazonaws.com",
            "cors_rule": [],
            "force_destroy": true,
            "grant": [
              {
                "id": "6b988a1bfb1696d044a07b3f9fd2a2a715c57a1b22eb6076238db5417a49eab2",
                "permissions": [
                  "FULL_CONTROL"
                ],
                "type": "CanonicalUser",
                "uri": ""
              }
            ],
            "hosted_zone_id": "Z3AQBSTGFYJSTF",
            "id": "aws-builder-agent-demo-engineering-cc001-s3-s3-2-2",
            "lifecycle_rule": [],
            "logging": [],
            "object_lock_configuration": [],
            "object_lock_enabled": false,
            "policy": "",
            "region": "us-east-1",
            "replication_configuration": [],
            "request_payer": "BucketOwner",
            "server_side_encryption_configuration": [
              {
                "rule": [
                  {
                    "apply_server_side_encryption_by_default": [
                      {
                        "kms_master_key_id": "",
                        "sse_algorithm": "AES256"
                      }
                    ],
                    "bucket_key_enabled": false
                  }
                ]
              }
            ],
            "tags": {
              "BusinessUnit": "engineering",
              "CostCenter": "cc001",
              "ManagedBy": "aws-pipeline-engine",
              "Pipeline": "aws_builder_agent_demo"
            },
            "tags_all": {
              "BusinessUnit": "engineering",
              "CostCenter": "cc001",
              "ManagedBy": "aws-pipeline-engine",
              "Pipeline": "aws_builder_agent_demo"
            },
            "timeouts": null,
            "versioning": [
              {
                "enabled": false,
                "mfa_delete": false
              }
            ],
            "website": [],
            "website_domain": null,
            "website_endpoint": null
          },
          "sensitive_attributes": [],
          "private": "eyJlMmJmYjczMC1lY2FhLTExZTYtOGY4OC0zNDM2M2JjN2M0YzAiOnsiY3JlYXRlIjoxMjAwMDAwMDAwMDAwLCJkZWxldGUiOjM2MDAwMDAwMDAwMDAsInJlYWQiOjEyMDAwMDAwMDAwMDAsInVwZGF0ZSI6MTIwMDAwMDAwMDAwMH19"
        }
      ]
    },
    {
      "mode": "managed",
      "type": "aws_s3_bucket_notification",
      "name": "aws_builder_agent_demo_engineering_cc001_s3_s3_1_1_notification",
      "provider": "provider[\"registry.terraform.io/hashicorp/aws\"]",
      "instances": [
        {
          "schema_version": 0,
          "attributes": {
            "bucket": "aws-builder-agent-demo-engineering-cc001-s3-s3-1-1",
            "eventbridge": false,
            "id": "aws-builder-agent-demo-engineering-cc001-s3-s3-1-1",
            "lambda_function": [
              {
                "events": [
                  "s3:ObjectCreated:*"
                ],
                "filter_prefix": "",
                "filter_suffix": "",
                "id": "aws_builder_agent_demo_engineering_cc001_s3_s3_1_1_aws_builder_agent_demo_engineering_cc001_lambda_lambda_1",
                "lambda_function_arn": "arn:aws:lambda:us-east-1:602963248309:function:aws-builder-agent-demo-engineering-cc001-lambda-lambda-1"
              }
            ],
            "queue": [],
            "topic": []
          },
          "sensitive_attributes": [],
          "private": "bnVsbA==",
          "dependencies": [
            "aws_cloudwatch_log_group.aws_builder_agent_demo_engineering_cc001_lambda_lambda_1_lg",
            "aws_iam_role.aws_builder_agent_demo_engineering_cc001_lambda_lambda_1_role",
            "aws_lambda_function.aws_builder_agent_demo_engineering_cc001_lambda_lambda_1",
            "aws_lambda_permission.aws_builder_agent_demo_engineering_cc001_s3_s3_1_1_invoke_aws_builder_agent_demo_engineering_cc001_lambda_lambda_1",
            "aws_s3_bucket.aws_builder_agent_demo_engineering_cc001_s3_s3_1_1",
            "aws_s3_bucket.aws_builder_agent_demo_engineering_cc001_s3_s3_2_2",
            "data.archive_file.aws_builder_agent_demo_engineering_cc001_lambda_lambda_1_placeholder"
          ]
        }
      ]
    },
    {
      "mode": "managed",
      "type": "aws_s3_bucket_server_side_encryption_configuration",
      "name": "aws_builder_agent_demo_engineering_cc001_s3_s3_1_1_sse",
      "provider": "provider[\"registry.terraform.io/hashicorp/aws\"]",
      "instances": [
        {
          "schema_version": 0,
          "attributes": {
            "bucket": "aws-builder-agent-demo-engineering-cc001-s3-s3-1-1",
            "expected_bucket_owner": "",
            "id": "aws-builder-agent-demo-engineering-cc001-s3-s3-1-1",
            "rule": [
              {
                "apply_server_side_encryption_by_default": [
                  {
                    "kms_master_key_id": "",
                    "sse_algorithm": "AES256"
                  }
                ],
                "bucket_key_enabled": null
              }
            ]
          },
          "sensitive_attributes": [],
          "private": "bnVsbA==",
          "dependencies": [
            "aws_s3_bucket.aws_builder_agent_demo_engineering_cc001_s3_s3_1_1"
          ]
        }
      ]
    },
    {
      "mode": "managed",
      "type": "aws_s3_bucket_server_side_encryption_configuration",
      "name": "aws_builder_agent_demo_engineering_cc001_s3_s3_2_2_sse",
      "provider": "provider[\"registry.terraform.io/hashicorp/aws\"]",
      "instances": [
        {
          "schema_version": 0,
          "attributes": {
            "bucket": "aws-builder-agent-demo-engineering-cc001-s3-s3-2-2",
            "expected_bucket_owner": "",
            "id": "aws-builder-agent-demo-engineering-cc001-s3-s3-2-2",
            "rule": [
              {
                "apply_server_side_encryption_by_default": [
                  {
                    "kms_master_key_id": "",
                    "sse_algorithm": "AES256"
                  }
                ],
                "bucket_key_enabled": null
              }
            ]
          },
          "sensitive_attributes": [],
          "private": "bnVsbA==",
          "dependencies": [
            "aws_s3_bucket.aws_builder_agent_demo_engineering_cc001_s3_s3_2_2"
          ]
        }
      ]
    },
    {
      "mode": "managed",
      "type": "aws_s3_bucket_versioning",
      "name": "aws_builder_agent_demo_engineering_cc001_s3_s3_1_1_versioning",
      "provider": "provider[\"registry.terraform.io/hashicorp/aws\"]",
      "instances": [
        {
          "schema_version": 0,
          "attributes": {
            "bucket": "aws-builder-agent-demo-engineering-cc001-s3-s3-1-1",
            "expected_bucket_owner": "",
            "id": "aws-builder-agent-demo-engineering-cc001-s3-s3-1-1",
            "mfa": null,
            "versioning_configuration": [
              {
                "mfa_delete": "",
                "status": "Suspended"
              }
            ]
          },
          "sensitive_attributes": [],
          "private": "bnVsbA==",
          "dependencies": [
            "aws_s3_bucket.aws_builder_agent_demo_engineering_cc001_s3_s3_1_1"
          ]
        }
      ]
    },
    {
      "mode": "managed",
      "type": "aws_s3_bucket_versioning",
      "name": "aws_builder_agent_demo_engineering_cc001_s3_s3_2_2_versioning",
      "provider": "provider[\"registry.terraform.io/hashicorp/aws\"]",
      "instances": [
        {
          "schema_version": 0,
          "attributes": {
            "bucket": "aws-builder-agent-demo-engineering-cc001-s3-s3-2-2",
            "expected_bucket_owner": "",
            "id": "aws-builder-agent-demo-engineering-cc001-s3-s3-2-2",
            "mfa": null,
            "versioning_configuration": [
              {
                "mfa_delete": "",
                "status": "Suspended"
              }
            ]
          },
          "sensitive_attributes": [],
          "private": "bnVsbA==",
          "dependencies": [
            "aws_s3_bucket.aws_builder_agent_demo_engineering_cc001_s3_s3_2_2"
          ]
        }
      ]
    }
  ],
  "check_results": null
}
