{
  "version": 4,
  "terraform_version": "1.7.5",
  "serial": 32,
  "lineage": "f1424a45-7173-e32e-8170-ff9d636fe16a",
  "outputs": {},
  "resources": [
    {
      "mode": "data",
      "type": "archive_file",
      "name": "s3_prefix_triggered_processing_engineering_cc001_lambda_case_processor_1_placeholder",
      "provider": "provider[\"registry.terraform.io/hashicorp/archive\"]",
      "instances": [
        {
          "schema_version": 0,
          "attributes": {
            "exclude_symlink_directories": null,
            "excludes": null,
            "id": "36ff1040e2d70a61e79c01515195f12de0f3f308",
            "output_base64sha256": "Irz8jtVgj3uO9Cq9yH6oVPoJ00an1bh9c/42+UG+a04=",
            "output_base64sha512": "dQ3lHxqRYitlNOdcW7Pr69lAuEmKByio8LAm0orfH+lFEoWy2ma79x8zMj/G8KWwYvBNyCTgB9nZoD+y8YGc4w==",
            "output_file_mode": null,
            "output_md5": "fd771c0f3c92de60e5fcf72c93428de9",
            "output_path": "./s3_prefix_triggered_processing_engineering_cc001_lambda_case_processor_1_placeholder.zip",
            "output_sha": "36ff1040e2d70a61e79c01515195f12de0f3f308",
            "output_sha256": "22bcfc8ed5608f7b8ef42abdc87ea854fa09d346a7d5b87d73fe36f941be6b4e",
            "output_sha512": "750de51f1a91622b6534e75c5bb3ebebd940b8498a0728a8f0b026d28adf1fe9451285b2da66bbf71f33323fc6f0a5b062f04dc824e007d9d9a03fb2f1819ce3",
            "output_size": 426,
            "source": [
              {
                "content": "import json\nimport boto3\nimport os\n\ns3 = boto3.client('s3')\n\ndef handler(event, context):\n    target_bucket = os.environ.get('TARGET_BUCKET')\n    \n    for record in event['Records']:\n        source_bucket = record['s3']['bucket']['name']\n        key = record['s3']['object']['key']\n        \n        copy_source = {'Bucket': source_bucket, 'Key': key}\n        s3.copy_object(CopySource=copy_source, Bucket=target_bucket, Key=key)\n        \n    return {'statusCode': 200, 'body': json.dumps('Processing complete')}\n",
                "filename": "index.py"
              }
            ],
            "source_content": null,
            "source_content_filename": null,
            "source_dir": null,
            "source_file": null,
            "type": "zip"
          },
          "sensitive_attributes": []
        }
      ]
    },
    {
      "mode": "data",
      "type": "archive_file",
      "name": "s3_prefix_triggered_processing_engineering_cc001_lambda_collision_processor_3_placeholder",
      "provider": "provider[\"registry.terraform.io/hashicorp/archive\"]",
      "instances": [
        {
          "schema_version": 0,
          "attributes": {
            "exclude_symlink_directories": null,
            "excludes": null,
            "id": "36ff1040e2d70a61e79c01515195f12de0f3f308",
            "output_base64sha256": "Irz8jtVgj3uO9Cq9yH6oVPoJ00an1bh9c/42+UG+a04=",
            "output_base64sha512": "dQ3lHxqRYitlNOdcW7Pr69lAuEmKByio8LAm0orfH+lFEoWy2ma79x8zMj/G8KWwYvBNyCTgB9nZoD+y8YGc4w==",
            "output_file_mode": null,
            "output_md5": "fd771c0f3c92de60e5fcf72c93428de9",
            "output_path": "./s3_prefix_triggered_processing_engineering_cc001_lambda_collision_processor_3_placeholder.zip",
            "output_sha": "36ff1040e2d70a61e79c01515195f12de0f3f308",
            "output_sha256": "22bcfc8ed5608f7b8ef42abdc87ea854fa09d346a7d5b87d73fe36f941be6b4e",
            "output_sha512": "750de51f1a91622b6534e75c5bb3ebebd940b8498a0728a8f0b026d28adf1fe9451285b2da66bbf71f33323fc6f0a5b062f04dc824e007d9d9a03fb2f1819ce3",
            "output_size": 426,
            "source": [
              {
                "content": "import json\nimport boto3\nimport os\n\ns3 = boto3.client('s3')\n\ndef handler(event, context):\n    target_bucket = os.environ.get('TARGET_BUCKET')\n    \n    for record in event['Records']:\n        source_bucket = record['s3']['bucket']['name']\n        key = record['s3']['object']['key']\n        \n        copy_source = {'Bucket': source_bucket, 'Key': key}\n        s3.copy_object(CopySource=copy_source, Bucket=target_bucket, Key=key)\n        \n    return {'statusCode': 200, 'body': json.dumps('Processing complete')}\n",
                "filename": "index.py"
              }
            ],
            "source_content": null,
            "source_content_filename": null,
            "source_dir": null,
            "source_file": null,
            "type": "zip"
          },
          "sensitive_attributes": []
        }
      ]
    },
    {
      "mode": "data",
      "type": "archive_file",
      "name": "s3_prefix_triggered_processing_engineering_cc001_lambda_party_processor_2_placeholder",
      "provider": "provider[\"registry.terraform.io/hashicorp/archive\"]",
      "instances": [
        {
          "schema_version": 0,
          "attributes": {
            "exclude_symlink_directories": null,
            "excludes": null,
            "id": "36ff1040e2d70a61e79c01515195f12de0f3f308",
            "output_base64sha256": "Irz8jtVgj3uO9Cq9yH6oVPoJ00an1bh9c/42+UG+a04=",
            "output_base64sha512": "dQ3lHxqRYitlNOdcW7Pr69lAuEmKByio8LAm0orfH+lFEoWy2ma79x8zMj/G8KWwYvBNyCTgB9nZoD+y8YGc4w==",
            "output_file_mode": null,
            "output_md5": "fd771c0f3c92de60e5fcf72c93428de9",
            "output_path": "./s3_prefix_triggered_processing_engineering_cc001_lambda_party_processor_2_placeholder.zip",
            "output_sha": "36ff1040e2d70a61e79c01515195f12de0f3f308",
            "output_sha256": "22bcfc8ed5608f7b8ef42abdc87ea854fa09d346a7d5b87d73fe36f941be6b4e",
            "output_sha512": "750de51f1a91622b6534e75c5bb3ebebd940b8498a0728a8f0b026d28adf1fe9451285b2da66bbf71f33323fc6f0a5b062f04dc824e007d9d9a03fb2f1819ce3",
            "output_size": 426,
            "source": [
              {
                "content": "import json\nimport boto3\nimport os\n\ns3 = boto3.client('s3')\n\ndef handler(event, context):\n    target_bucket = os.environ.get('TARGET_BUCKET')\n    \n    for record in event['Records']:\n        source_bucket = record['s3']['bucket']['name']\n        key = record['s3']['object']['key']\n        \n        copy_source = {'Bucket': source_bucket, 'Key': key}\n        s3.copy_object(CopySource=copy_source, Bucket=target_bucket, Key=key)\n        \n    return {'statusCode': 200, 'body': json.dumps('Processing complete')}\n",
                "filename": "index.py"
              }
            ],
            "source_content": null,
            "source_content_filename": null,
            "source_dir": null,
            "source_file": null,
            "type": "zip"
          },
          "sensitive_attributes": []
        }
      ]
    },
    {
      "mode": "data",
      "type": "archive_file",
      "name": "s3_prefix_triggered_processing_engineering_cc001_lambda_victim_processor_4_placeholder",
      "provider": "provider[\"registry.terraform.io/hashicorp/archive\"]",
      "instances": [
        {
          "schema_version": 0,
          "attributes": {
            "exclude_symlink_directories": null,
            "excludes": null,
            "id": "36ff1040e2d70a61e79c01515195f12de0f3f308",
            "output_base64sha256": "Irz8jtVgj3uO9Cq9yH6oVPoJ00an1bh9c/42+UG+a04=",
            "output_base64sha512": "dQ3lHxqRYitlNOdcW7Pr69lAuEmKByio8LAm0orfH+lFEoWy2ma79x8zMj/G8KWwYvBNyCTgB9nZoD+y8YGc4w==",
            "output_file_mode": null,
            "output_md5": "fd771c0f3c92de60e5fcf72c93428de9",
            "output_path": "./s3_prefix_triggered_processing_engineering_cc001_lambda_victim_processor_4_placeholder.zip",
            "output_sha": "36ff1040e2d70a61e79c01515195f12de0f3f308",
            "output_sha256": "22bcfc8ed5608f7b8ef42abdc87ea854fa09d346a7d5b87d73fe36f941be6b4e",
            "output_sha512": "750de51f1a91622b6534e75c5bb3ebebd940b8498a0728a8f0b026d28adf1fe9451285b2da66bbf71f33323fc6f0a5b062f04dc824e007d9d9a03fb2f1819ce3",
            "output_size": 426,
            "source": [
              {
                "content": "import json\nimport boto3\nimport os\n\ns3 = boto3.client('s3')\n\ndef handler(event, context):\n    target_bucket = os.environ.get('TARGET_BUCKET')\n    \n    for record in event['Records']:\n        source_bucket = record['s3']['bucket']['name']\n        key = record['s3']['object']['key']\n        \n        copy_source = {'Bucket': source_bucket, 'Key': key}\n        s3.copy_object(CopySource=copy_source, Bucket=target_bucket, Key=key)\n        \n    return {'statusCode': 200, 'body': json.dumps('Processing complete')}\n",
                "filename": "index.py"
              }
            ],
            "source_content": null,
            "source_content_filename": null,
            "source_dir": null,
            "source_file": null,
            "type": "zip"
          },
          "sensitive_attributes": []
        }
      ]
    },
    {
      "mode": "managed",
      "type": "aws_cloudwatch_log_group",
      "name": "s3_prefix_triggered_processing_engineering_cc001_lambda_case_processor_1_lg",
      "provider": "provider[\"registry.terraform.io/hashicorp/aws\"]",
      "instances": [
        {
          "schema_version": 0,
          "attributes": {
            "arn": "arn:aws:logs:us-east-1:602963248309:log-group:/aws/lambda/s3-prefix-triggered-processing-engineering-cc001-lambda-663798d",
            "id": "/aws/lambda/s3-prefix-triggered-processing-engineering-cc001-lambda-663798d",
            "kms_key_id": "",
            "log_group_class": "STANDARD",
            "name": "/aws/lambda/s3-prefix-triggered-processing-engineering-cc001-lambda-663798d",
            "name_prefix": "",
            "retention_in_days": 7,
            "skip_destroy": false,
            "tags": {
              "BusinessUnit": "engineering",
              "CostCenter": "cc001",
              "ManagedBy": "aws-pipeline-engine",
              "Pipeline": "s3_prefix_triggered_processing"
            },
            "tags_all": {
              "BusinessUnit": "engineering",
              "CostCenter": "cc001",
              "ManagedBy": "aws-pipeline-engine",
              "Pipeline": "s3_prefix_triggered_processing"
            }
          },
          "sensitive_attributes": [],
          "private": "bnVsbA=="
        }
      ]
    },
    {
      "mode": "managed",
      "type": "aws_cloudwatch_log_group",
      "name": "s3_prefix_triggered_processing_engineering_cc001_lambda_collision_processor_3_lg",
      "provider": "provider[\"registry.terraform.io/hashicorp/aws\"]",
      "instances": [
        {
          "schema_version": 0,
          "attributes": {
            "arn": "arn:aws:logs:us-east-1:602963248309:log-group:/aws/lambda/s3-prefix-triggered-processing-engineering-cc001-lambda-dbcf1bb",
            "id": "/aws/lambda/s3-prefix-triggered-processing-engineering-cc001-lambda-dbcf1bb",
            "kms_key_id": "",
            "log_group_class": "STANDARD",
            "name": "/aws/lambda/s3-prefix-triggered-processing-engineering-cc001-lambda-dbcf1bb",
            "name_prefix": "",
            "retention_in_days": 7,
            "skip_destroy": false,
            "tags": {
              "BusinessUnit": "engineering",
              "CostCenter": "cc001",
              "ManagedBy": "aws-pipeline-engine",
              "Pipeline": "s3_prefix_triggered_processing"
            },
            "tags_all": {
              "BusinessUnit": "engineering",
              "CostCenter": "cc001",
              "ManagedBy": "aws-pipeline-engine",
              "Pipeline": "s3_prefix_triggered_processing"
            }
          },
          "sensitive_attributes": [],
          "private": "bnVsbA=="
        }
      ]
    },
    {
      "mode": "managed",
      "type": "aws_cloudwatch_log_group",
      "name": "s3_prefix_triggered_processing_engineering_cc001_lambda_party_processor_2_lg",
      "provider": "provider[\"registry.terraform.io/hashicorp/aws\"]",
      "instances": [
        {
          "schema_version": 0,
          "attributes": {
            "arn": "arn:aws:logs:us-east-1:602963248309:log-group:/aws/lambda/s3-prefix-triggered-processing-engineering-cc001-lambda-2a1cddb",
            "id": "/aws/lambda/s3-prefix-triggered-processing-engineering-cc001-lambda-2a1cddb",
            "kms_key_id": "",
            "log_group_class": "STANDARD",
            "name": "/aws/lambda/s3-prefix-triggered-processing-engineering-cc001-lambda-2a1cddb",
            "name_prefix": "",
            "retention_in_days": 7,
            "skip_destroy": false,
            "tags": {
              "BusinessUnit": "engineering",
              "CostCenter": "cc001",
              "ManagedBy": "aws-pipeline-engine",
              "Pipeline": "s3_prefix_triggered_processing"
            },
            "tags_all": {
              "BusinessUnit": "engineering",
              "CostCenter": "cc001",
              "ManagedBy": "aws-pipeline-engine",
              "Pipeline": "s3_prefix_triggered_processing"
            }
          },
          "sensitive_attributes": [],
          "private": "bnVsbA=="
        }
      ]
    },
    {
      "mode": "managed",
      "type": "aws_cloudwatch_log_group",
      "name": "s3_prefix_triggered_processing_engineering_cc001_lambda_victim_processor_4_lg",
      "provider": "provider[\"registry.terraform.io/hashicorp/aws\"]",
      "instances": [
        {
          "schema_version": 0,
          "attributes": {
            "arn": "arn:aws:logs:us-east-1:602963248309:log-group:/aws/lambda/s3-prefix-triggered-processing-engineering-cc001-lambda-4ed5aa5",
            "id": "/aws/lambda/s3-prefix-triggered-processing-engineering-cc001-lambda-4ed5aa5",
            "kms_key_id": "",
            "log_group_class": "STANDARD",
            "name": "/aws/lambda/s3-prefix-triggered-processing-engineering-cc001-lambda-4ed5aa5",
            "name_prefix": "",
            "retention_in_days": 7,
            "skip_destroy": false,
            "tags": {
              "BusinessUnit": "engineering",
              "CostCenter": "cc001",
              "ManagedBy": "aws-pipeline-engine",
              "Pipeline": "s3_prefix_triggered_processing"
            },
            "tags_all": {
              "BusinessUnit": "engineering",
              "CostCenter": "cc001",
              "ManagedBy": "aws-pipeline-engine",
              "Pipeline": "s3_prefix_triggered_processing"
            }
          },
          "sensitive_attributes": [],
          "private": "bnVsbA=="
        }
      ]
    },
    {
      "mode": "managed",
      "type": "aws_iam_role",
      "name": "s3_prefix_triggered_processing_engineering_cc001_lambda_case_processor_1_role",
      "provider": "provider[\"registry.terraform.io/hashicorp/aws\"]",
      "instances": [
        {
          "schema_version": 0,
          "attributes": {
            "arn": "arn:aws:iam::602963248309:role/s3-prefix-triggered-processing-engineering-cc001-la-3bc3314-role",
            "assume_role_policy": "{\"Statement\":[{\"Action\":\"sts:AssumeRole\",\"Effect\":\"Allow\",\"Principal\":{\"Service\":\"lambda.amazonaws.com\"}}],\"Version\":\"2012-10-17\"}",
            "create_date": "2026-04-28T11:53:18Z",
            "description": "",
            "force_detach_policies": false,
            "id": "s3-prefix-triggered-processing-engineering-cc001-la-3bc3314-role",
            "inline_policy": [],
            "managed_policy_arns": [],
            "max_session_duration": 3600,
            "name": "s3-prefix-triggered-processing-engineering-cc001-la-3bc3314-role",
            "name_prefix": "",
            "path": "/",
            "permissions_boundary": "",
            "tags": {
              "BusinessUnit": "engineering",
              "CostCenter": "cc001",
              "ManagedBy": "aws-pipeline-engine",
              "Pipeline": "s3_prefix_triggered_processing"
            },
            "tags_all": {
              "BusinessUnit": "engineering",
              "CostCenter": "cc001",
              "ManagedBy": "aws-pipeline-engine",
              "Pipeline": "s3_prefix_triggered_processing"
            },
            "unique_id": "AROAYYY3JAS2U2FOOXCO7"
          },
          "sensitive_attributes": [],
          "private": "bnVsbA=="
        }
      ]
    },
    {
      "mode": "managed",
      "type": "aws_iam_role",
      "name": "s3_prefix_triggered_processing_engineering_cc001_lambda_collision_processor_3_role",
      "provider": "provider[\"registry.terraform.io/hashicorp/aws\"]",
      "instances": [
        {
          "schema_version": 0,
          "attributes": {
            "arn": "arn:aws:iam::602963248309:role/s3-prefix-triggered-processing-engineering-cc001-la-1941b9b-role",
            "assume_role_policy": "{\"Statement\":[{\"Action\":\"sts:AssumeRole\",\"Effect\":\"Allow\",\"Principal\":{\"Service\":\"lambda.amazonaws.com\"}}],\"Version\":\"2012-10-17\"}",
            "create_date": "2026-04-28T11:53:18Z",
            "description": "",
            "force_detach_policies": false,
            "id": "s3-prefix-triggered-processing-engineering-cc001-la-1941b9b-role",
            "inline_policy": [],
            "managed_policy_arns": [],
            "max_session_duration": 3600,
            "name": "s3-prefix-triggered-processing-engineering-cc001-la-1941b9b-role",
            "name_prefix": "",
            "path": "/",
            "permissions_boundary": "",
            "tags": {
              "BusinessUnit": "engineering",
              "CostCenter": "cc001",
              "ManagedBy": "aws-pipeline-engine",
              "Pipeline": "s3_prefix_triggered_processing"
            },
            "tags_all": {
              "BusinessUnit": "engineering",
              "CostCenter": "cc001",
              "ManagedBy": "aws-pipeline-engine",
              "Pipeline": "s3_prefix_triggered_processing"
            },
            "unique_id": "AROAYYY3JAS2XU4LRKCX4"
          },
          "sensitive_attributes": [],
          "private": "bnVsbA=="
        }
      ]
    },
    {
      "mode": "managed",
      "type": "aws_iam_role",
      "name": "s3_prefix_triggered_processing_engineering_cc001_lambda_party_processor_2_role",
      "provider": "provider[\"registry.terraform.io/hashicorp/aws\"]",
      "instances": [
        {
          "schema_version": 0,
          "attributes": {
            "arn": "arn:aws:iam::602963248309:role/s3-prefix-triggered-processing-engineering-cc001-la-f23ffd0-role",
            "assume_role_policy": "{\"Statement\":[{\"Action\":\"sts:AssumeRole\",\"Effect\":\"Allow\",\"Principal\":{\"Service\":\"lambda.amazonaws.com\"}}],\"Version\":\"2012-10-17\"}",
            "create_date": "2026-04-28T11:53:18Z",
            "description": "",
            "force_detach_policies": false,
            "id": "s3-prefix-triggered-processing-engineering-cc001-la-f23ffd0-role",
            "inline_policy": [],
            "managed_policy_arns": [],
            "max_session_duration": 3600,
            "name": "s3-prefix-triggered-processing-engineering-cc001-la-f23ffd0-role",
            "name_prefix": "",
            "path": "/",
            "permissions_boundary": "",
            "tags": {
              "BusinessUnit": "engineering",
              "CostCenter": "cc001",
              "ManagedBy": "aws-pipeline-engine",
              "Pipeline": "s3_prefix_triggered_processing"
            },
            "tags_all": {
              "BusinessUnit": "engineering",
              "CostCenter": "cc001",
              "ManagedBy": "aws-pipeline-engine",
              "Pipeline": "s3_prefix_triggered_processing"
            },
            "unique_id": "AROAYYY3JAS22SFB4DMTK"
          },
          "sensitive_attributes": [],
          "private": "bnVsbA=="
        }
      ]
    },
    {
      "mode": "managed",
      "type": "aws_iam_role",
      "name": "s3_prefix_triggered_processing_engineering_cc001_lambda_victim_processor_4_role",
      "provider": "provider[\"registry.terraform.io/hashicorp/aws\"]",
      "instances": [
        {
          "schema_version": 0,
          "attributes": {
            "arn": "arn:aws:iam::602963248309:role/s3-prefix-triggered-processing-engineering-cc001-la-9dcd6de-role",
            "assume_role_policy": "{\"Statement\":[{\"Action\":\"sts:AssumeRole\",\"Effect\":\"Allow\",\"Principal\":{\"Service\":\"lambda.amazonaws.com\"}}],\"Version\":\"2012-10-17\"}",
            "create_date": "2026-04-28T11:53:18Z",
            "description": "",
            "force_detach_policies": false,
            "id": "s3-prefix-triggered-processing-engineering-cc001-la-9dcd6de-role",
            "inline_policy": [],
            "managed_policy_arns": [],
            "max_session_duration": 3600,
            "name": "s3-prefix-triggered-processing-engineering-cc001-la-9dcd6de-role",
            "name_prefix": "",
            "path": "/",
            "permissions_boundary": "",
            "tags": {
              "BusinessUnit": "engineering",
              "CostCenter": "cc001",
              "ManagedBy": "aws-pipeline-engine",
              "Pipeline": "s3_prefix_triggered_processing"
            },
            "tags_all": {
              "BusinessUnit": "engineering",
              "CostCenter": "cc001",
              "ManagedBy": "aws-pipeline-engine",
              "Pipeline": "s3_prefix_triggered_processing"
            },
            "unique_id": "AROAYYY3JAS276QBEEPRT"
          },
          "sensitive_attributes": [],
          "private": "bnVsbA=="
        }
      ]
    },
    {
      "mode": "managed",
      "type": "aws_iam_role_policy",
      "name": "s3_prefix_triggered_processing_engineering_cc001_lambda_case_processor_1_policy",
      "provider": "provider[\"registry.terraform.io/hashicorp/aws\"]",
      "instances": [
        {
          "schema_version": 0,
          "attributes": {
            "id": "s3-prefix-triggered-processing-engineering-cc001-la-3bc3314-role:s3-prefix-triggered-processing-engineering-cc001-3bc3314-policy",
            "name": "s3-prefix-triggered-processing-engineering-cc001-3bc3314-policy",
            "name_prefix": "",
            "policy": "{\"Version\":\"2012-10-17\",\"Statement\":[{\"Action\":[\"logs:CreateLogGroup\",\"logs:CreateLogStream\",\"logs:PutLogEvents\",\"s3:GetObject\",\"s3:ListBucket\",\"s3:PutObject\",\"s3:DeleteObject\"],\"Effect\":\"Allow\",\"Resource\":\"*\"}]}",
            "role": "s3-prefix-triggered-processing-engineering-cc001-la-3bc3314-role"
          },
          "sensitive_attributes": [],
          "private": "bnVsbA==",
          "dependencies": [
            "aws_iam_role.s3_prefix_triggered_processing_engineering_cc001_lambda_case_processor_1_role"
          ]
        }
      ]
    },
    {
      "mode": "managed",
      "type": "aws_iam_role_policy",
      "name": "s3_prefix_triggered_processing_engineering_cc001_lambda_collision_processor_3_policy",
      "provider": "provider[\"registry.terraform.io/hashicorp/aws\"]",
      "instances": [
        {
          "schema_version": 0,
          "attributes": {
            "id": "s3-prefix-triggered-processing-engineering-cc001-la-1941b9b-role:s3-prefix-triggered-processing-engineering-cc001-1941b9b-policy",
            "name": "s3-prefix-triggered-processing-engineering-cc001-1941b9b-policy",
            "name_prefix": "",
            "policy": "{\"Version\":\"2012-10-17\",\"Statement\":[{\"Action\":[\"logs:CreateLogGroup\",\"logs:CreateLogStream\",\"logs:PutLogEvents\",\"s3:GetObject\",\"s3:ListBucket\",\"s3:PutObject\",\"s3:DeleteObject\"],\"Effect\":\"Allow\",\"Resource\":\"*\"}]}",
            "role": "s3-prefix-triggered-processing-engineering-cc001-la-1941b9b-role"
          },
          "sensitive_attributes": [],
          "private": "bnVsbA==",
          "dependencies": [
            "aws_iam_role.s3_prefix_triggered_processing_engineering_cc001_lambda_collision_processor_3_role"
          ]
        }
      ]
    },
    {
      "mode": "managed",
      "type": "aws_iam_role_policy",
      "name": "s3_prefix_triggered_processing_engineering_cc001_lambda_party_processor_2_policy",
      "provider": "provider[\"registry.terraform.io/hashicorp/aws\"]",
      "instances": [
        {
          "schema_version": 0,
          "attributes": {
            "id": "s3-prefix-triggered-processing-engineering-cc001-la-f23ffd0-role:s3-prefix-triggered-processing-engineering-cc001-f23ffd0-policy",
            "name": "s3-prefix-triggered-processing-engineering-cc001-f23ffd0-policy",
            "name_prefix": "",
            "policy": "{\"Version\":\"2012-10-17\",\"Statement\":[{\"Action\":[\"logs:CreateLogGroup\",\"logs:CreateLogStream\",\"logs:PutLogEvents\",\"s3:GetObject\",\"s3:ListBucket\",\"s3:PutObject\",\"s3:DeleteObject\"],\"Effect\":\"Allow\",\"Resource\":\"*\"}]}",
            "role": "s3-prefix-triggered-processing-engineering-cc001-la-f23ffd0-role"
          },
          "sensitive_attributes": [],
          "private": "bnVsbA==",
          "dependencies": [
            "aws_iam_role.s3_prefix_triggered_processing_engineering_cc001_lambda_party_processor_2_role"
          ]
        }
      ]
    },
    {
      "mode": "managed",
      "type": "aws_iam_role_policy",
      "name": "s3_prefix_triggered_processing_engineering_cc001_lambda_victim_processor_4_policy",
      "provider": "provider[\"registry.terraform.io/hashicorp/aws\"]",
      "instances": [
        {
          "schema_version": 0,
          "attributes": {
            "id": "s3-prefix-triggered-processing-engineering-cc001-la-9dcd6de-role:s3-prefix-triggered-processing-engineering-cc001-9dcd6de-policy",
            "name": "s3-prefix-triggered-processing-engineering-cc001-9dcd6de-policy",
            "name_prefix": "",
            "policy": "{\"Version\":\"2012-10-17\",\"Statement\":[{\"Action\":[\"logs:CreateLogGroup\",\"logs:CreateLogStream\",\"logs:PutLogEvents\",\"s3:GetObject\",\"s3:ListBucket\",\"s3:PutObject\",\"s3:DeleteObject\"],\"Effect\":\"Allow\",\"Resource\":\"*\"}]}",
            "role": "s3-prefix-triggered-processing-engineering-cc001-la-9dcd6de-role"
          },
          "sensitive_attributes": [],
          "private": "bnVsbA==",
          "dependencies": [
            "aws_iam_role.s3_prefix_triggered_processing_engineering_cc001_lambda_victim_processor_4_role"
          ]
        }
      ]
    },
    {
      "mode": "managed",
      "type": "aws_lambda_function",
      "name": "s3_prefix_triggered_processing_engineering_cc001_lambda_case_processor_1",
      "provider": "provider[\"registry.terraform.io/hashicorp/aws\"]",
      "instances": [
        {
          "schema_version": 0,
          "attributes": {
            "architectures": [
              "x86_64"
            ],
            "arn": "arn:aws:lambda:us-east-1:602963248309:function:s3-prefix-triggered-processing-engineering-cc001-lambda-663798d",
            "code_sha256": "Irz8jtVgj3uO9Cq9yH6oVPoJ00an1bh9c/42+UG+a04=",
            "code_signing_config_arn": "",
            "dead_letter_config": [],
            "description": "",
            "environment": [
              {
                "variables": {
                  "TARGET_BUCKET_BUCKET": "s3-prefix-triggered-processing-engineering-cc001-s3-tar-ef50529"
                }
              }
            ],
            "ephemeral_storage": [
              {
                "size": 512
              }
            ],
            "file_system_config": [],
            "filename": "./s3_prefix_triggered_processing_engineering_cc001_lambda_case_processor_1_placeholder.zip",
            "function_name": "s3-prefix-triggered-processing-engineering-cc001-lambda-663798d",
            "handler": "index.handler",
            "id": "s3-prefix-triggered-processing-engineering-cc001-lambda-663798d",
            "image_config": [],
            "image_uri": "",
            "invoke_arn": "arn:aws:apigateway:us-east-1:lambda:path/2015-03-31/functions/arn:aws:lambda:us-east-1:602963248309:function:s3-prefix-triggered-processing-engineering-cc001-lambda-663798d/invocations",
            "kms_key_arn": "",
            "last_modified": "2026-04-28T11:53:37.034+0000",
            "layers": null,
            "logging_config": [
              {
                "application_log_level": "",
                "log_format": "Text",
                "log_group": "/aws/lambda/s3-prefix-triggered-processing-engineering-cc001-lambda-663798d",
                "system_log_level": ""
              }
            ],
            "memory_size": 128,
            "package_type": "Zip",
            "publish": false,
            "qualified_arn": "arn:aws:lambda:us-east-1:602963248309:function:s3-prefix-triggered-processing-engineering-cc001-lambda-663798d:$LATEST",
            "qualified_invoke_arn": "arn:aws:apigateway:us-east-1:lambda:path/2015-03-31/functions/arn:aws:lambda:us-east-1:602963248309:function:s3-prefix-triggered-processing-engineering-cc001-lambda-663798d:$LATEST/invocations",
            "replace_security_groups_on_destroy": null,
            "replacement_security_group_ids": null,
            "reserved_concurrent_executions": -1,
            "role": "arn:aws:iam::602963248309:role/s3-prefix-triggered-processing-engineering-cc001-la-3bc3314-role",
            "runtime": "python3.12",
            "s3_bucket": null,
            "s3_key": null,
            "s3_object_version": null,
            "signing_job_arn": "",
            "signing_profile_version_arn": "",
            "skip_destroy": false,
            "snap_start": [],
            "source_code_hash": "Irz8jtVgj3uO9Cq9yH6oVPoJ00an1bh9c/42+UG+a04=",
            "source_code_size": 426,
            "tags": {
              "BusinessUnit": "engineering",
              "CostCenter": "cc001",
              "ManagedBy": "aws-pipeline-engine",
              "Pipeline": "s3_prefix_triggered_processing"
            },
            "tags_all": {
              "BusinessUnit": "engineering",
              "CostCenter": "cc001",
              "ManagedBy": "aws-pipeline-engine",
              "Pipeline": "s3_prefix_triggered_processing"
            },
            "timeout": 30,
            "timeouts": null,
            "tracing_config": [
              {
                "mode": "PassThrough"
              }
            ],
            "version": "$LATEST",
            "vpc_config": []
          },
          "sensitive_attributes": [],
          "private": "eyJlMmJmYjczMC1lY2FhLTExZTYtOGY4OC0zNDM2M2JjN2M0YzAiOnsiY3JlYXRlIjo2MDAwMDAwMDAwMDAsImRlbGV0ZSI6NjAwMDAwMDAwMDAwLCJ1cGRhdGUiOjYwMDAwMDAwMDAwMH19",
          "dependencies": [
            "aws_cloudwatch_log_group.s3_prefix_triggered_processing_engineering_cc001_lambda_case_processor_1_lg",
            "aws_iam_role.s3_prefix_triggered_processing_engineering_cc001_lambda_case_processor_1_role",
            "aws_s3_bucket.s3_prefix_triggered_processing_engineering_cc001_s3_target_bucket_2",
            "data.archive_file.s3_prefix_triggered_processing_engineering_cc001_lambda_case_processor_1_placeholder"
          ]
        }
      ]
    },
    {
      "mode": "managed",
      "type": "aws_lambda_function",
      "name": "s3_prefix_triggered_processing_engineering_cc001_lambda_collision_processor_3",
      "provider": "provider[\"registry.terraform.io/hashicorp/aws\"]",
      "instances": [
        {
          "schema_version": 0,
          "attributes": {
            "architectures": [
              "x86_64"
            ],
            "arn": "arn:aws:lambda:us-east-1:602963248309:function:s3-prefix-triggered-processing-engineering-cc001-lambda-dbcf1bb",
            "code_sha256": "Irz8jtVgj3uO9Cq9yH6oVPoJ00an1bh9c/42+UG+a04=",
            "code_signing_config_arn": "",
            "dead_letter_config": [],
            "description": "",
            "environment": [
              {
                "variables": {
                  "TARGET_BUCKET_BUCKET": "s3-prefix-triggered-processing-engineering-cc001-s3-tar-ef50529"
                }
              }
            ],
            "ephemeral_storage": [
              {
                "size": 512
              }
            ],
            "file_system_config": [],
            "filename": "./s3_prefix_triggered_processing_engineering_cc001_lambda_collision_processor_3_placeholder.zip",
            "function_name": "s3-prefix-triggered-processing-engineering-cc001-lambda-dbcf1bb",
            "handler": "index.handler",
            "id": "s3-prefix-triggered-processing-engineering-cc001-lambda-dbcf1bb",
            "image_config": [],
            "image_uri": "",
            "invoke_arn": "arn:aws:apigateway:us-east-1:lambda:path/2015-03-31/functions/arn:aws:lambda:us-east-1:602963248309:function:s3-prefix-triggered-processing-engineering-cc001-lambda-dbcf1bb/invocations",
            "kms_key_arn": "",
            "last_modified": "2026-04-28T11:53:29.308+0000",
            "layers": null,
            "logging_config": [
              {
                "application_log_level": "",
                "log_format": "Text",
                "log_group": "/aws/lambda/s3-prefix-triggered-processing-engineering-cc001-lambda-dbcf1bb",
                "system_log_level": ""
              }
            ],
            "memory_size": 128,
            "package_type": "Zip",
            "publish": false,
            "qualified_arn": "arn:aws:lambda:us-east-1:602963248309:function:s3-prefix-triggered-processing-engineering-cc001-lambda-dbcf1bb:$LATEST",
            "qualified_invoke_arn": "arn:aws:apigateway:us-east-1:lambda:path/2015-03-31/functions/arn:aws:lambda:us-east-1:602963248309:function:s3-prefix-triggered-processing-engineering-cc001-lambda-dbcf1bb:$LATEST/invocations",
            "replace_security_groups_on_destroy": null,
            "replacement_security_group_ids": null,
            "reserved_concurrent_executions": -1,
            "role": "arn:aws:iam::602963248309:role/s3-prefix-triggered-processing-engineering-cc001-la-1941b9b-role",
            "runtime": "python3.12",
            "s3_bucket": null,
            "s3_key": null,
            "s3_object_version": null,
            "signing_job_arn": "",
            "signing_profile_version_arn": "",
            "skip_destroy": false,
            "snap_start": [],
            "source_code_hash": "Irz8jtVgj3uO9Cq9yH6oVPoJ00an1bh9c/42+UG+a04=",
            "source_code_size": 426,
            "tags": {
              "BusinessUnit": "engineering",
              "CostCenter": "cc001",
              "ManagedBy": "aws-pipeline-engine",
              "Pipeline": "s3_prefix_triggered_processing"
            },
            "tags_all": {
              "BusinessUnit": "engineering",
              "CostCenter": "cc001",
              "ManagedBy": "aws-pipeline-engine",
              "Pipeline": "s3_prefix_triggered_processing"
            },
            "timeout": 30,
            "timeouts": null,
            "tracing_config": [
              {
                "mode": "PassThrough"
              }
            ],
            "version": "$LATEST",
            "vpc_config": []
          },
          "sensitive_attributes": [],
          "private": "eyJlMmJmYjczMC1lY2FhLTExZTYtOGY4OC0zNDM2M2JjN2M0YzAiOnsiY3JlYXRlIjo2MDAwMDAwMDAwMDAsImRlbGV0ZSI6NjAwMDAwMDAwMDAwLCJ1cGRhdGUiOjYwMDAwMDAwMDAwMH19",
          "dependencies": [
            "aws_cloudwatch_log_group.s3_prefix_triggered_processing_engineering_cc001_lambda_collision_processor_3_lg",
            "aws_iam_role.s3_prefix_triggered_processing_engineering_cc001_lambda_collision_processor_3_role",
            "aws_s3_bucket.s3_prefix_triggered_processing_engineering_cc001_s3_target_bucket_2",
            "data.archive_file.s3_prefix_triggered_processing_engineering_cc001_lambda_collision_processor_3_placeholder"
          ]
        }
      ]
    },
    {
      "mode": "managed",
      "type": "aws_lambda_function",
      "name": "s3_prefix_triggered_processing_engineering_cc001_lambda_party_processor_2",
      "provider": "provider[\"registry.terraform.io/hashicorp/aws\"]",
      "instances": [
        {
          "schema_version": 0,
          "attributes": {
            "architectures": [
              "x86_64"
            ],
            "arn": "arn:aws:lambda:us-east-1:602963248309:function:s3-prefix-triggered-processing-engineering-cc001-lambda-2a1cddb",
            "code_sha256": "Irz8jtVgj3uO9Cq9yH6oVPoJ00an1bh9c/42+UG+a04=",
            "code_signing_config_arn": "",
            "dead_letter_config": [],
            "description": "",
            "environment": [
              {
                "variables": {
                  "TARGET_BUCKET_BUCKET": "s3-prefix-triggered-processing-engineering-cc001-s3-tar-ef50529"
                }
              }
            ],
            "ephemeral_storage": [
              {
                "size": 512
              }
            ],
            "file_system_config": [],
            "filename": "./s3_prefix_triggered_processing_engineering_cc001_lambda_party_processor_2_placeholder.zip",
            "function_name": "s3-prefix-triggered-processing-engineering-cc001-lambda-2a1cddb",
            "handler": "index.handler",
            "id": "s3-prefix-triggered-processing-engineering-cc001-lambda-2a1cddb",
            "image_config": [],
            "image_uri": "",
            "invoke_arn": "arn:aws:apigateway:us-east-1:lambda:path/2015-03-31/functions/arn:aws:lambda:us-east-1:602963248309:function:s3-prefix-triggered-processing-engineering-cc001-lambda-2a1cddb/invocations",
            "kms_key_arn": "",
            "last_modified": "2026-04-28T11:53:54.480+0000",
            "layers": null,
            "logging_config": [
              {
                "application_log_level": "",
                "log_format": "Text",
                "log_group": "/aws/lambda/s3-prefix-triggered-processing-engineering-cc001-lambda-2a1cddb",
                "system_log_level": ""
              }
            ],
            "memory_size": 128,
            "package_type": "Zip",
            "publish": false,
            "qualified_arn": "arn:aws:lambda:us-east-1:602963248309:function:s3-prefix-triggered-processing-engineering-cc001-lambda-2a1cddb:$LATEST",
            "qualified_invoke_arn": "arn:aws:apigateway:us-east-1:lambda:path/2015-03-31/functions/arn:aws:lambda:us-east-1:602963248309:function:s3-prefix-triggered-processing-engineering-cc001-lambda-2a1cddb:$LATEST/invocations",
            "replace_security_groups_on_destroy": null,
            "replacement_security_group_ids": null,
            "reserved_concurrent_executions": -1,
            "role": "arn:aws:iam::602963248309:role/s3-prefix-triggered-processing-engineering-cc001-la-f23ffd0-role",
            "runtime": "python3.12",
            "s3_bucket": null,
            "s3_key": null,
            "s3_object_version": null,
            "signing_job_arn": "",
            "signing_profile_version_arn": "",
            "skip_destroy": false,
            "snap_start": [],
            "source_code_hash": "Irz8jtVgj3uO9Cq9yH6oVPoJ00an1bh9c/42+UG+a04=",
            "source_code_size": 426,
            "tags": {
              "BusinessUnit": "engineering",
              "CostCenter": "cc001",
              "ManagedBy": "aws-pipeline-engine",
              "Pipeline": "s3_prefix_triggered_processing"
            },
            "tags_all": {
              "BusinessUnit": "engineering",
              "CostCenter": "cc001",
              "ManagedBy": "aws-pipeline-engine",
              "Pipeline": "s3_prefix_triggered_processing"
            },
            "timeout": 30,
            "timeouts": null,
            "tracing_config": [
              {
                "mode": "PassThrough"
              }
            ],
            "version": "$LATEST",
            "vpc_config": []
          },
          "sensitive_attributes": [],
          "private": "eyJlMmJmYjczMC1lY2FhLTExZTYtOGY4OC0zNDM2M2JjN2M0YzAiOnsiY3JlYXRlIjo2MDAwMDAwMDAwMDAsImRlbGV0ZSI6NjAwMDAwMDAwMDAwLCJ1cGRhdGUiOjYwMDAwMDAwMDAwMH19",
          "dependencies": [
            "aws_cloudwatch_log_group.s3_prefix_triggered_processing_engineering_cc001_lambda_party_processor_2_lg",
            "aws_iam_role.s3_prefix_triggered_processing_engineering_cc001_lambda_party_processor_2_role",
            "aws_s3_bucket.s3_prefix_triggered_processing_engineering_cc001_s3_target_bucket_2",
            "data.archive_file.s3_prefix_triggered_processing_engineering_cc001_lambda_party_processor_2_placeholder"
          ]
        }
      ]
    },
    {
      "mode": "managed",
      "type": "aws_lambda_function",
      "name": "s3_prefix_triggered_processing_engineering_cc001_lambda_victim_processor_4",
      "provider": "provider[\"registry.terraform.io/hashicorp/aws\"]",
      "instances": [
        {
          "schema_version": 0,
          "attributes": {
            "architectures": [
              "x86_64"
            ],
            "arn": "arn:aws:lambda:us-east-1:602963248309:function:s3-prefix-triggered-processing-engineering-cc001-lambda-4ed5aa5",
            "code_sha256": "Irz8jtVgj3uO9Cq9yH6oVPoJ00an1bh9c/42+UG+a04=",
            "code_signing_config_arn": "",
            "dead_letter_config": [],
            "description": "",
            "environment": [
              {
                "variables": {
                  "TARGET_BUCKET_BUCKET": "s3-prefix-triggered-processing-engineering-cc001-s3-tar-ef50529"
                }
              }
            ],
            "ephemeral_storage": [
              {
                "size": 512
              }
            ],
            "file_system_config": [],
            "filename": "./s3_prefix_triggered_processing_engineering_cc001_lambda_victim_processor_4_placeholder.zip",
            "function_name": "s3-prefix-triggered-processing-engineering-cc001-lambda-4ed5aa5",
            "handler": "index.handler",
            "id": "s3-prefix-triggered-processing-engineering-cc001-lambda-4ed5aa5",
            "image_config": [],
            "image_uri": "",
            "invoke_arn": "arn:aws:apigateway:us-east-1:lambda:path/2015-03-31/functions/arn:aws:lambda:us-east-1:602963248309:function:s3-prefix-triggered-processing-engineering-cc001-lambda-4ed5aa5/invocations",
            "kms_key_arn": "",
            "last_modified": "2026-04-28T11:53:44.839+0000",
            "layers": null,
            "logging_config": [
              {
                "application_log_level": "",
                "log_format": "Text",
                "log_group": "/aws/lambda/s3-prefix-triggered-processing-engineering-cc001-lambda-4ed5aa5",
                "system_log_level": ""
              }
            ],
            "memory_size": 128,
            "package_type": "Zip",
            "publish": false,
            "qualified_arn": "arn:aws:lambda:us-east-1:602963248309:function:s3-prefix-triggered-processing-engineering-cc001-lambda-4ed5aa5:$LATEST",
            "qualified_invoke_arn": "arn:aws:apigateway:us-east-1:lambda:path/2015-03-31/functions/arn:aws:lambda:us-east-1:602963248309:function:s3-prefix-triggered-processing-engineering-cc001-lambda-4ed5aa5:$LATEST/invocations",
            "replace_security_groups_on_destroy": null,
            "replacement_security_group_ids": null,
            "reserved_concurrent_executions": -1,
            "role": "arn:aws:iam::602963248309:role/s3-prefix-triggered-processing-engineering-cc001-la-9dcd6de-role",
            "runtime": "python3.12",
            "s3_bucket": null,
            "s3_key": null,
            "s3_object_version": null,
            "signing_job_arn": "",
            "signing_profile_version_arn": "",
            "skip_destroy": false,
            "snap_start": [],
            "source_code_hash": "Irz8jtVgj3uO9Cq9yH6oVPoJ00an1bh9c/42+UG+a04=",
            "source_code_size": 426,
            "tags": {
              "BusinessUnit": "engineering",
              "CostCenter": "cc001",
              "ManagedBy": "aws-pipeline-engine",
              "Pipeline": "s3_prefix_triggered_processing"
            },
            "tags_all": {
              "BusinessUnit": "engineering",
              "CostCenter": "cc001",
              "ManagedBy": "aws-pipeline-engine",
              "Pipeline": "s3_prefix_triggered_processing"
            },
            "timeout": 30,
            "timeouts": null,
            "tracing_config": [
              {
                "mode": "PassThrough"
              }
            ],
            "version": "$LATEST",
            "vpc_config": []
          },
          "sensitive_attributes": [],
          "private": "eyJlMmJmYjczMC1lY2FhLTExZTYtOGY4OC0zNDM2M2JjN2M0YzAiOnsiY3JlYXRlIjo2MDAwMDAwMDAwMDAsImRlbGV0ZSI6NjAwMDAwMDAwMDAwLCJ1cGRhdGUiOjYwMDAwMDAwMDAwMH19",
          "dependencies": [
            "aws_cloudwatch_log_group.s3_prefix_triggered_processing_engineering_cc001_lambda_victim_processor_4_lg",
            "aws_iam_role.s3_prefix_triggered_processing_engineering_cc001_lambda_victim_processor_4_role",
            "aws_s3_bucket.s3_prefix_triggered_processing_engineering_cc001_s3_target_bucket_2",
            "data.archive_file.s3_prefix_triggered_processing_engineering_cc001_lambda_victim_processor_4_placeholder"
          ]
        }
      ]
    },
    {
      "mode": "managed",
      "type": "aws_lambda_permission",
      "name": "s3_prefix_triggered_processing_engineering_cc001_s3_source_bucket_1_invoke_s3_prefix_triggered_processing_engineering_cc001_lambda_case_processor_1",
      "provider": "provider[\"registry.terraform.io/hashicorp/aws\"]",
      "instances": [
        {
          "schema_version": 0,
          "attributes": {
            "action": "lambda:InvokeFunction",
            "event_source_token": null,
            "function_name": "s3-prefix-triggered-processing-engineering-cc001-lambda-663798d",
            "function_url_auth_type": null,
            "id": "AllowS3-s3_prefix_triggered_processing_engineering_cc001_s3_source_bucket_1-s3_prefix_trigg-aab0d5d8",
            "principal": "s3.amazonaws.com",
            "principal_org_id": null,
            "qualifier": "",
            "source_account": null,
            "source_arn": "arn:aws:s3:::s3-prefix-triggered-processing-engineering-cc001-s3-sou-9e1e137",
            "statement_id": "AllowS3-s3_prefix_triggered_processing_engineering_cc001_s3_source_bucket_1-s3_prefix_trigg-aab0d5d8",
            "statement_id_prefix": ""
          },
          "sensitive_attributes": [],
          "private": "bnVsbA==",
          "dependencies": [
            "aws_cloudwatch_log_group.s3_prefix_triggered_processing_engineering_cc001_lambda_case_processor_1_lg",
            "aws_iam_role.s3_prefix_triggered_processing_engineering_cc001_lambda_case_processor_1_role",
            "aws_lambda_function.s3_prefix_triggered_processing_engineering_cc001_lambda_case_processor_1",
            "aws_s3_bucket.s3_prefix_triggered_processing_engineering_cc001_s3_source_bucket_1",
            "aws_s3_bucket.s3_prefix_triggered_processing_engineering_cc001_s3_target_bucket_2",
            "data.archive_file.s3_prefix_triggered_processing_engineering_cc001_lambda_case_processor_1_placeholder"
          ]
        }
      ]
    },
    {
      "mode": "managed",
      "type": "aws_lambda_permission",
      "name": "s3_prefix_triggered_processing_engineering_cc001_s3_source_bucket_1_invoke_s3_prefix_triggered_processing_engineering_cc001_lambda_collision_processor_3",
      "provider": "provider[\"registry.terraform.io/hashicorp/aws\"]",
      "instances": [
        {
          "schema_version": 0,
          "attributes": {
            "action": "lambda:InvokeFunction",
            "event_source_token": null,
            "function_name": "s3-prefix-triggered-processing-engineering-cc001-lambda-dbcf1bb",
            "function_url_auth_type": null,
            "id": "AllowS3-s3_prefix_triggered_processing_engineering_cc001_s3_source_bucket_1-s3_prefix_trigg-4b3ae078",
            "principal": "s3.amazonaws.com",
            "principal_org_id": null,
            "qualifier": "",
            "source_account": null,
            "source_arn": "arn:aws:s3:::s3-prefix-triggered-processing-engineering-cc001-s3-sou-9e1e137",
            "statement_id": "AllowS3-s3_prefix_triggered_processing_engineering_cc001_s3_source_bucket_1-s3_prefix_trigg-4b3ae078",
            "statement_id_prefix": ""
          },
          "sensitive_attributes": [],
          "private": "bnVsbA==",
          "dependencies": [
            "aws_cloudwatch_log_group.s3_prefix_triggered_processing_engineering_cc001_lambda_collision_processor_3_lg",
            "aws_iam_role.s3_prefix_triggered_processing_engineering_cc001_lambda_collision_processor_3_role",
            "aws_lambda_function.s3_prefix_triggered_processing_engineering_cc001_lambda_collision_processor_3",
            "aws_s3_bucket.s3_prefix_triggered_processing_engineering_cc001_s3_source_bucket_1",
            "aws_s3_bucket.s3_prefix_triggered_processing_engineering_cc001_s3_target_bucket_2",
            "data.archive_file.s3_prefix_triggered_processing_engineering_cc001_lambda_collision_processor_3_placeholder"
          ]
        }
      ]
    },
    {
      "mode": "managed",
      "type": "aws_lambda_permission",
      "name": "s3_prefix_triggered_processing_engineering_cc001_s3_source_bucket_1_invoke_s3_prefix_triggered_processing_engineering_cc001_lambda_party_processor_2",
      "provider": "provider[\"registry.terraform.io/hashicorp/aws\"]",
      "instances": [
        {
          "schema_version": 0,
          "attributes": {
            "action": "lambda:InvokeFunction",
            "event_source_token": null,
            "function_name": "s3-prefix-triggered-processing-engineering-cc001-lambda-2a1cddb",
            "function_url_auth_type": null,
            "id": "AllowS3-s3_prefix_triggered_processing_engineering_cc001_s3_source_bucket_1-s3_prefix_trigg-04eb9be9",
            "principal": "s3.amazonaws.com",
            "principal_org_id": null,
            "qualifier": "",
            "source_account": null,
            "source_arn": "arn:aws:s3:::s3-prefix-triggered-processing-engineering-cc001-s3-sou-9e1e137",
            "statement_id": "AllowS3-s3_prefix_triggered_processing_engineering_cc001_s3_source_bucket_1-s3_prefix_trigg-04eb9be9",
            "statement_id_prefix": ""
          },
          "sensitive_attributes": [],
          "private": "bnVsbA==",
          "dependencies": [
            "aws_cloudwatch_log_group.s3_prefix_triggered_processing_engineering_cc001_lambda_party_processor_2_lg",
            "aws_iam_role.s3_prefix_triggered_processing_engineering_cc001_lambda_party_processor_2_role",
            "aws_lambda_function.s3_prefix_triggered_processing_engineering_cc001_lambda_party_processor_2",
            "aws_s3_bucket.s3_prefix_triggered_processing_engineering_cc001_s3_source_bucket_1",
            "aws_s3_bucket.s3_prefix_triggered_processing_engineering_cc001_s3_target_bucket_2",
            "data.archive_file.s3_prefix_triggered_processing_engineering_cc001_lambda_party_processor_2_placeholder"
          ]
        }
      ]
    },
    {
      "mode": "managed",
      "type": "aws_lambda_permission",
      "name": "s3_prefix_triggered_processing_engineering_cc001_s3_source_bucket_1_invoke_s3_prefix_triggered_processing_engineering_cc001_lambda_victim_processor_4",
      "provider": "provider[\"registry.terraform.io/hashicorp/aws\"]",
      "instances": [
        {
          "schema_version": 0,
          "attributes": {
            "action": "lambda:InvokeFunction",
            "event_source_token": null,
            "function_name": "s3-prefix-triggered-processing-engineering-cc001-lambda-4ed5aa5",
            "function_url_auth_type": null,
            "id": "AllowS3-s3_prefix_triggered_processing_engineering_cc001_s3_source_bucket_1-s3_prefix_trigg-68c1db09",
            "principal": "s3.amazonaws.com",
            "principal_org_id": null,
            "qualifier": "",
            "source_account": null,
            "source_arn": "arn:aws:s3:::s3-prefix-triggered-processing-engineering-cc001-s3-sou-9e1e137",
            "statement_id": "AllowS3-s3_prefix_triggered_processing_engineering_cc001_s3_source_bucket_1-s3_prefix_trigg-68c1db09",
            "statement_id_prefix": ""
          },
          "sensitive_attributes": [],
          "private": "bnVsbA==",
          "dependencies": [
            "aws_cloudwatch_log_group.s3_prefix_triggered_processing_engineering_cc001_lambda_victim_processor_4_lg",
            "aws_iam_role.s3_prefix_triggered_processing_engineering_cc001_lambda_victim_processor_4_role",
            "aws_lambda_function.s3_prefix_triggered_processing_engineering_cc001_lambda_victim_processor_4",
            "aws_s3_bucket.s3_prefix_triggered_processing_engineering_cc001_s3_source_bucket_1",
            "aws_s3_bucket.s3_prefix_triggered_processing_engineering_cc001_s3_target_bucket_2",
            "data.archive_file.s3_prefix_triggered_processing_engineering_cc001_lambda_victim_processor_4_placeholder"
          ]
        }
      ]
    },
    {
      "mode": "managed",
      "type": "aws_s3_bucket",
      "name": "s3_prefix_triggered_processing_engineering_cc001_s3_source_bucket_1",
      "provider": "provider[\"registry.terraform.io/hashicorp/aws\"]",
      "instances": [
        {
          "schema_version": 0,
          "attributes": {
            "acceleration_status": "",
            "acl": null,
            "arn": "arn:aws:s3:::s3-prefix-triggered-processing-engineering-cc001-s3-sou-9e1e137",
            "bucket": "s3-prefix-triggered-processing-engineering-cc001-s3-sou-9e1e137",
            "bucket_domain_name": "s3-prefix-triggered-processing-engineering-cc001-s3-sou-9e1e137.s3.amazonaws.com",
            "bucket_prefix": "",
            "bucket_regional_domain_name": "s3-prefix-triggered-processing-engineering-cc001-s3-sou-9e1e137.s3.us-east-1.amazonaws.com",
            "cors_rule": [],
            "force_destroy": true,
            "grant": [
              {
                "id": "6b988a1bfb1696d044a07b3f9fd2a2a715c57a1b22eb6076238db5417a49eab2",
                "permissions": [
                  "FULL_CONTROL"
                ],
                "type": "CanonicalUser",
                "uri": ""
              }
            ],
            "hosted_zone_id": "Z3AQBSTGFYJSTF",
            "id": "s3-prefix-triggered-processing-engineering-cc001-s3-sou-9e1e137",
            "lifecycle_rule": [],
            "logging": [],
            "object_lock_configuration": [],
            "object_lock_enabled": false,
            "policy": "",
            "region": "us-east-1",
            "replication_configuration": [],
            "request_payer": "BucketOwner",
            "server_side_encryption_configuration": [
              {
                "rule": [
                  {
                    "apply_server_side_encryption_by_default": [
                      {
                        "kms_master_key_id": "",
                        "sse_algorithm": "AES256"
                      }
                    ],
                    "bucket_key_enabled": false
                  }
                ]
              }
            ],
            "tags": {
              "BusinessUnit": "engineering",
              "CostCenter": "cc001",
              "ManagedBy": "aws-pipeline-engine",
              "Pipeline": "s3_prefix_triggered_processing"
            },
            "tags_all": {
              "BusinessUnit": "engineering",
              "CostCenter": "cc001",
              "ManagedBy": "aws-pipeline-engine",
              "Pipeline": "s3_prefix_triggered_processing"
            },
            "timeouts": null,
            "versioning": [
              {
                "enabled": false,
                "mfa_delete": false
              }
            ],
            "website": [],
            "website_domain": null,
            "website_endpoint": null
          },
          "sensitive_attributes": [],
          "private": "eyJlMmJmYjczMC1lY2FhLTExZTYtOGY4OC0zNDM2M2JjN2M0YzAiOnsiY3JlYXRlIjoxMjAwMDAwMDAwMDAwLCJkZWxldGUiOjM2MDAwMDAwMDAwMDAsInJlYWQiOjEyMDAwMDAwMDAwMDAsInVwZGF0ZSI6MTIwMDAwMDAwMDAwMH19"
        }
      ]
    },
    {
      "mode": "managed",
      "type": "aws_s3_bucket",
      "name": "s3_prefix_triggered_processing_engineering_cc001_s3_target_bucket_2",
      "provider": "provider[\"registry.terraform.io/hashicorp/aws\"]",
      "instances": [
        {
          "schema_version": 0,
          "attributes": {
            "acceleration_status": "",
            "acl": null,
            "arn": "arn:aws:s3:::s3-prefix-triggered-processing-engineering-cc001-s3-tar-ef50529",
            "bucket": "s3-prefix-triggered-processing-engineering-cc001-s3-tar-ef50529",
            "bucket_domain_name": "s3-prefix-triggered-processing-engineering-cc001-s3-tar-ef50529.s3.amazonaws.com",
            "bucket_prefix": "",
            "bucket_regional_domain_name": "s3-prefix-triggered-processing-engineering-cc001-s3-tar-ef50529.s3.us-east-1.amazonaws.com",
            "cors_rule": [],
            "force_destroy": true,
            "grant": [
              {
                "id": "6b988a1bfb1696d044a07b3f9fd2a2a715c57a1b22eb6076238db5417a49eab2",
                "permissions": [
                  "FULL_CONTROL"
                ],
                "type": "CanonicalUser",
                "uri": ""
              }
            ],
            "hosted_zone_id": "Z3AQBSTGFYJSTF",
            "id": "s3-prefix-triggered-processing-engineering-cc001-s3-tar-ef50529",
            "lifecycle_rule": [],
            "logging": [],
            "object_lock_configuration": [],
            "object_lock_enabled": false,
            "policy": "",
            "region": "us-east-1",
            "replication_configuration": [],
            "request_payer": "BucketOwner",
            "server_side_encryption_configuration": [
              {
                "rule": [
                  {
                    "apply_server_side_encryption_by_default": [
                      {
                        "kms_master_key_id": "",
                        "sse_algorithm": "AES256"
                      }
                    ],
                    "bucket_key_enabled": false
                  }
                ]
              }
            ],
            "tags": {
              "BusinessUnit": "engineering",
              "CostCenter": "cc001",
              "ManagedBy": "aws-pipeline-engine",
              "Pipeline": "s3_prefix_triggered_processing"
            },
            "tags_all": {
              "BusinessUnit": "engineering",
              "CostCenter": "cc001",
              "ManagedBy": "aws-pipeline-engine",
              "Pipeline": "s3_prefix_triggered_processing"
            },
            "timeouts": null,
            "versioning": [
              {
                "enabled": false,
                "mfa_delete": false
              }
            ],
            "website": [],
            "website_domain": null,
            "website_endpoint": null
          },
          "sensitive_attributes": [],
          "private": "eyJlMmJmYjczMC1lY2FhLTExZTYtOGY4OC0zNDM2M2JjN2M0YzAiOnsiY3JlYXRlIjoxMjAwMDAwMDAwMDAwLCJkZWxldGUiOjM2MDAwMDAwMDAwMDAsInJlYWQiOjEyMDAwMDAwMDAwMDAsInVwZGF0ZSI6MTIwMDAwMDAwMDAwMH19"
        }
      ]
    },
    {
      "mode": "managed",
      "type": "aws_s3_bucket_notification",
      "name": "s3_prefix_triggered_processing_engineering_cc001_s3_source_bucket_1_notification",
      "provider": "provider[\"registry.terraform.io/hashicorp/aws\"]",
      "instances": [
        {
          "schema_version": 0,
          "attributes": {
            "bucket": "s3-prefix-triggered-processing-engineering-cc001-s3-sou-9e1e137",
            "eventbridge": false,
            "id": "s3-prefix-triggered-processing-engineering-cc001-s3-sou-9e1e137",
            "lambda_function": [
              {
                "events": [
                  "s3:ObjectCreated:*"
                ],
                "filter_prefix": "case/",
                "filter_suffix": "",
                "id": "s3_prefix_triggered_processing_engineering_cc001_s3_source_bucket_1_s3_prefix_triggered_processing_engineering_cc001_lambda_case_processor_1",
                "lambda_function_arn": "arn:aws:lambda:us-east-1:602963248309:function:s3-prefix-triggered-processing-engineering-cc001-lambda-663798d"
              },
              {
                "events": [
                  "s3:ObjectCreated:*"
                ],
                "filter_prefix": "party/",
                "filter_suffix": "",
                "id": "s3_prefix_triggered_processing_engineering_cc001_s3_source_bucket_1_s3_prefix_triggered_processing_engineering_cc001_lambda_party_processor_2",
                "lambda_function_arn": "arn:aws:lambda:us-east-1:602963248309:function:s3-prefix-triggered-processing-engineering-cc001-lambda-2a1cddb"
              },
              {
                "events": [
                  "s3:ObjectCreated:*"
                ],
                "filter_prefix": "collision/",
                "filter_suffix": "",
                "id": "s3_prefix_triggered_processing_engineering_cc001_s3_source_bucket_1_s3_prefix_triggered_processing_engineering_cc001_lambda_collision_processor_3",
                "lambda_function_arn": "arn:aws:lambda:us-east-1:602963248309:function:s3-prefix-triggered-processing-engineering-cc001-lambda-dbcf1bb"
              },
              {
                "events": [
                  "s3:ObjectCreated:*"
                ],
                "filter_prefix": "victim/",
                "filter_suffix": "",
                "id": "s3_prefix_triggered_processing_engineering_cc001_s3_source_bucket_1_s3_prefix_triggered_processing_engineering_cc001_lambda_victim_processor_4",
                "lambda_function_arn": "arn:aws:lambda:us-east-1:602963248309:function:s3-prefix-triggered-processing-engineering-cc001-lambda-4ed5aa5"
              }
            ],
            "queue": [],
            "topic": []
          },
          "sensitive_attributes": [],
          "private": "bnVsbA==",
          "dependencies": [
            "aws_cloudwatch_log_group.s3_prefix_triggered_processing_engineering_cc001_lambda_case_processor_1_lg",
            "aws_cloudwatch_log_group.s3_prefix_triggered_processing_engineering_cc001_lambda_collision_processor_3_lg",
            "aws_cloudwatch_log_group.s3_prefix_triggered_processing_engineering_cc001_lambda_party_processor_2_lg",
            "aws_cloudwatch_log_group.s3_prefix_triggered_processing_engineering_cc001_lambda_victim_processor_4_lg",
            "aws_iam_role.s3_prefix_triggered_processing_engineering_cc001_lambda_case_processor_1_role",
            "aws_iam_role.s3_prefix_triggered_processing_engineering_cc001_lambda_collision_processor_3_role",
            "aws_iam_role.s3_prefix_triggered_processing_engineering_cc001_lambda_party_processor_2_role",
            "aws_iam_role.s3_prefix_triggered_processing_engineering_cc001_lambda_victim_processor_4_role",
            "aws_lambda_function.s3_prefix_triggered_processing_engineering_cc001_lambda_case_processor_1",
            "aws_lambda_function.s3_prefix_triggered_processing_engineering_cc001_lambda_collision_processor_3",
            "aws_lambda_function.s3_prefix_triggered_processing_engineering_cc001_lambda_party_processor_2",
            "aws_lambda_function.s3_prefix_triggered_processing_engineering_cc001_lambda_victim_processor_4",
            "aws_lambda_permission.s3_prefix_triggered_processing_engineering_cc001_s3_source_bucket_1_invoke_s3_prefix_triggered_processing_engineering_cc001_lambda_case_processor_1",
            "aws_lambda_permission.s3_prefix_triggered_processing_engineering_cc001_s3_source_bucket_1_invoke_s3_prefix_triggered_processing_engineering_cc001_lambda_collision_processor_3",
            "aws_lambda_permission.s3_prefix_triggered_processing_engineering_cc001_s3_source_bucket_1_invoke_s3_prefix_triggered_processing_engineering_cc001_lambda_party_processor_2",
            "aws_lambda_permission.s3_prefix_triggered_processing_engineering_cc001_s3_source_bucket_1_invoke_s3_prefix_triggered_processing_engineering_cc001_lambda_victim_processor_4",
            "aws_s3_bucket.s3_prefix_triggered_processing_engineering_cc001_s3_source_bucket_1",
            "aws_s3_bucket.s3_prefix_triggered_processing_engineering_cc001_s3_target_bucket_2",
            "data.archive_file.s3_prefix_triggered_processing_engineering_cc001_lambda_case_processor_1_placeholder",
            "data.archive_file.s3_prefix_triggered_processing_engineering_cc001_lambda_collision_processor_3_placeholder",
            "data.archive_file.s3_prefix_triggered_processing_engineering_cc001_lambda_party_processor_2_placeholder",
            "data.archive_file.s3_prefix_triggered_processing_engineering_cc001_lambda_victim_processor_4_placeholder"
          ]
        }
      ]
    },
    {
      "mode": "managed",
      "type": "aws_s3_bucket_server_side_encryption_configuration",
      "name": "s3_prefix_triggered_processing_engineering_cc001_s3_source_bucket_1_sse",
      "provider": "provider[\"registry.terraform.io/hashicorp/aws\"]",
      "instances": [
        {
          "schema_version": 0,
          "attributes": {
            "bucket": "s3-prefix-triggered-processing-engineering-cc001-s3-sou-9e1e137",
            "expected_bucket_owner": "",
            "id": "s3-prefix-triggered-processing-engineering-cc001-s3-sou-9e1e137",
            "rule": [
              {
                "apply_server_side_encryption_by_default": [
                  {
                    "kms_master_key_id": "",
                    "sse_algorithm": "AES256"
                  }
                ],
                "bucket_key_enabled": null
              }
            ]
          },
          "sensitive_attributes": [],
          "private": "bnVsbA==",
          "dependencies": [
            "aws_s3_bucket.s3_prefix_triggered_processing_engineering_cc001_s3_source_bucket_1"
          ]
        }
      ]
    },
    {
      "mode": "managed",
      "type": "aws_s3_bucket_server_side_encryption_configuration",
      "name": "s3_prefix_triggered_processing_engineering_cc001_s3_target_bucket_2_sse",
      "provider": "provider[\"registry.terraform.io/hashicorp/aws\"]",
      "instances": [
        {
          "schema_version": 0,
          "attributes": {
            "bucket": "s3-prefix-triggered-processing-engineering-cc001-s3-tar-ef50529",
            "expected_bucket_owner": "",
            "id": "s3-prefix-triggered-processing-engineering-cc001-s3-tar-ef50529",
            "rule": [
              {
                "apply_server_side_encryption_by_default": [
                  {
                    "kms_master_key_id": "",
                    "sse_algorithm": "AES256"
                  }
                ],
                "bucket_key_enabled": null
              }
            ]
          },
          "sensitive_attributes": [],
          "private": "bnVsbA==",
          "dependencies": [
            "aws_s3_bucket.s3_prefix_triggered_processing_engineering_cc001_s3_target_bucket_2"
          ]
        }
      ]
    },
    {
      "mode": "managed",
      "type": "aws_s3_bucket_versioning",
      "name": "s3_prefix_triggered_processing_engineering_cc001_s3_source_bucket_1_versioning",
      "provider": "provider[\"registry.terraform.io/hashicorp/aws\"]",
      "instances": [
        {
          "schema_version": 0,
          "attributes": {
            "bucket": "s3-prefix-triggered-processing-engineering-cc001-s3-sou-9e1e137",
            "expected_bucket_owner": "",
            "id": "s3-prefix-triggered-processing-engineering-cc001-s3-sou-9e1e137",
            "mfa": null,
            "versioning_configuration": [
              {
                "mfa_delete": "",
                "status": "Suspended"
              }
            ]
          },
          "sensitive_attributes": [],
          "private": "bnVsbA==",
          "dependencies": [
            "aws_s3_bucket.s3_prefix_triggered_processing_engineering_cc001_s3_source_bucket_1"
          ]
        }
      ]
    },
    {
      "mode": "managed",
      "type": "aws_s3_bucket_versioning",
      "name": "s3_prefix_triggered_processing_engineering_cc001_s3_target_bucket_2_versioning",
      "provider": "provider[\"registry.terraform.io/hashicorp/aws\"]",
      "instances": [
        {
          "schema_version": 0,
          "attributes": {
            "bucket": "s3-prefix-triggered-processing-engineering-cc001-s3-tar-ef50529",
            "expected_bucket_owner": "",
            "id": "s3-prefix-triggered-processing-engineering-cc001-s3-tar-ef50529",
            "mfa": null,
            "versioning_configuration": [
              {
                "mfa_delete": "",
                "status": "Suspended"
              }
            ]
          },
          "sensitive_attributes": [],
          "private": "bnVsbA==",
          "dependencies": [
            "aws_s3_bucket.s3_prefix_triggered_processing_engineering_cc001_s3_target_bucket_2"
          ]
        }
      ]
    },
    {
      "mode": "managed",
      "type": "aws_s3_object",
      "name": "s3_prefix_triggered_processing_engineering_cc001_s3_source_bucket_1_case_prefix",
      "provider": "provider[\"registry.terraform.io/hashicorp/aws\"]",
      "instances": [
        {
          "schema_version": 0,
          "attributes": {
            "acl": null,
            "arn": "arn:aws:s3:::s3-prefix-triggered-processing-engineering-cc001-s3-sou-9e1e137/case/",
            "bucket": "s3-prefix-triggered-processing-engineering-cc001-s3-sou-9e1e137",
            "bucket_key_enabled": false,
            "cache_control": "",
            "checksum_algorithm": null,
            "checksum_crc32": "",
            "checksum_crc32c": "",
            "checksum_crc64nvme": "",
            "checksum_sha1": "",
            "checksum_sha256": "",
            "content": null,
            "content_base64": null,
            "content_disposition": "",
            "content_encoding": "",
            "content_language": "",
            "content_type": "application/x-directory",
            "etag": "d41d8cd98f00b204e9800998ecf8427e",
            "force_destroy": false,
            "id": "case/",
            "key": "case/",
            "kms_key_id": null,
            "metadata": null,
            "object_lock_legal_hold_status": "",
            "object_lock_mode": "",
            "object_lock_retain_until_date": "",
            "override_provider": [],
            "server_side_encryption": "AES256",
            "source": null,
            "source_hash": null,
            "storage_class": "STANDARD",
            "tags": null,
            "tags_all": {},
            "version_id": "",
            "website_redirect": ""
          },
          "sensitive_attributes": [],
          "private": "bnVsbA==",
          "dependencies": [
            "aws_s3_bucket.s3_prefix_triggered_processing_engineering_cc001_s3_source_bucket_1"
          ]
        }
      ]
    },
    {
      "mode": "managed",
      "type": "aws_s3_object",
      "name": "s3_prefix_triggered_processing_engineering_cc001_s3_source_bucket_1_collision_prefix",
      "provider": "provider[\"registry.terraform.io/hashicorp/aws\"]",
      "instances": [
        {
          "schema_version": 0,
          "attributes": {
            "acl": null,
            "arn": "arn:aws:s3:::s3-prefix-triggered-processing-engineering-cc001-s3-sou-9e1e137/collision/",
            "bucket": "s3-prefix-triggered-processing-engineering-cc001-s3-sou-9e1e137",
            "bucket_key_enabled": false,
            "cache_control": "",
            "checksum_algorithm": null,
            "checksum_crc32": "",
            "checksum_crc32c": "",
            "checksum_crc64nvme": "",
            "checksum_sha1": "",
            "checksum_sha256": "",
            "content": null,
            "content_base64": null,
            "content_disposition": "",
            "content_encoding": "",
            "content_language": "",
            "content_type": "application/x-directory",
            "etag": "d41d8cd98f00b204e9800998ecf8427e",
            "force_destroy": false,
            "id": "collision/",
            "key": "collision/",
            "kms_key_id": null,
            "metadata": null,
            "object_lock_legal_hold_status": "",
            "object_lock_mode": "",
            "object_lock_retain_until_date": "",
            "override_provider": [],
            "server_side_encryption": "AES256",
            "source": null,
            "source_hash": null,
            "storage_class": "STANDARD",
            "tags": null,
            "tags_all": {},
            "version_id": "",
            "website_redirect": ""
          },
          "sensitive_attributes": [],
          "private": "bnVsbA==",
          "dependencies": [
            "aws_s3_bucket.s3_prefix_triggered_processing_engineering_cc001_s3_source_bucket_1"
          ]
        }
      ]
    },
    {
      "mode": "managed",
      "type": "aws_s3_object",
      "name": "s3_prefix_triggered_processing_engineering_cc001_s3_source_bucket_1_party_prefix",
      "provider": "provider[\"registry.terraform.io/hashicorp/aws\"]",
      "instances": [
        {
          "schema_version": 0,
          "attributes": {
            "acl": null,
            "arn": "arn:aws:s3:::s3-prefix-triggered-processing-engineering-cc001-s3-sou-9e1e137/party/",
            "bucket": "s3-prefix-triggered-processing-engineering-cc001-s3-sou-9e1e137",
            "bucket_key_enabled": false,
            "cache_control": "",
            "checksum_algorithm": null,
            "checksum_crc32": "",
            "checksum_crc32c": "",
            "checksum_crc64nvme": "",
            "checksum_sha1": "",
            "checksum_sha256": "",
            "content": null,
            "content_base64": null,
            "content_disposition": "",
            "content_encoding": "",
            "content_language": "",
            "content_type": "application/x-directory",
            "etag": "d41d8cd98f00b204e9800998ecf8427e",
            "force_destroy": false,
            "id": "party/",
            "key": "party/",
            "kms_key_id": null,
            "metadata": null,
            "object_lock_legal_hold_status": "",
            "object_lock_mode": "",
            "object_lock_retain_until_date": "",
            "override_provider": [],
            "server_side_encryption": "AES256",
            "source": null,
            "source_hash": null,
            "storage_class": "STANDARD",
            "tags": null,
            "tags_all": {},
            "version_id": "",
            "website_redirect": ""
          },
          "sensitive_attributes": [],
          "private": "bnVsbA==",
          "dependencies": [
            "aws_s3_bucket.s3_prefix_triggered_processing_engineering_cc001_s3_source_bucket_1"
          ]
        }
      ]
    },
    {
      "mode": "managed",
      "type": "aws_s3_object",
      "name": "s3_prefix_triggered_processing_engineering_cc001_s3_source_bucket_1_victim_prefix",
      "provider": "provider[\"registry.terraform.io/hashicorp/aws\"]",
      "instances": [
        {
          "schema_version": 0,
          "attributes": {
            "acl": null,
            "arn": "arn:aws:s3:::s3-prefix-triggered-processing-engineering-cc001-s3-sou-9e1e137/victim/",
            "bucket": "s3-prefix-triggered-processing-engineering-cc001-s3-sou-9e1e137",
            "bucket_key_enabled": false,
            "cache_control": "",
            "checksum_algorithm": null,
            "checksum_crc32": "",
            "checksum_crc32c": "",
            "checksum_crc64nvme": "",
            "checksum_sha1": "",
            "checksum_sha256": "",
            "content": null,
            "content_base64": null,
            "content_disposition": "",
            "content_encoding": "",
            "content_language": "",
            "content_type": "application/x-directory",
            "etag": "d41d8cd98f00b204e9800998ecf8427e",
            "force_destroy": false,
            "id": "victim/",
            "key": "victim/",
            "kms_key_id": null,
            "metadata": null,
            "object_lock_legal_hold_status": "",
            "object_lock_mode": "",
            "object_lock_retain_until_date": "",
            "override_provider": [],
            "server_side_encryption": "AES256",
            "source": null,
            "source_hash": null,
            "storage_class": "STANDARD",
            "tags": null,
            "tags_all": {},
            "version_id": "",
            "website_redirect": ""
          },
          "sensitive_attributes": [],
          "private": "bnVsbA==",
          "dependencies": [
            "aws_s3_bucket.s3_prefix_triggered_processing_engineering_cc001_s3_source_bucket_1"
          ]
        }
      ]
    }
  ],
  "check_results": null
}
