{
  "version": 4,
  "terraform_version": "1.7.5",
  "serial": 52,
  "lineage": "edd610fd-b58a-6c5a-21d1-8c6e2d7f94c1",
  "outputs": {},
  "resources": [
    {
      "mode": "data",
      "type": "archive_file",
      "name": "traffic_collision_data_pipeline_analytics_d01_lambda_case_processor_4_placeholder",
      "provider": "provider[\"registry.terraform.io/hashicorp/archive\"]",
      "instances": [
        {
          "schema_version": 0,
          "attributes": {
            "exclude_symlink_directories": null,
            "excludes": null,
            "id": "f60e2427e316e7864d6cf0b2fea7bef89e07c31a",
            "output_base64sha256": "nhXVH2ylOEKealAnLUHd7QjEdc/ziEtKCiZTxRMyhuc=",
            "output_base64sha512": "MPLsIR+iIy29J6aBkbaMUwbHXyzBYx/ZZU/Z1ZPNPqr2gXf+fTVGzjlAljB7NPIqjGBByCDXhI6IZHtcQ02zSA==",
            "output_file_mode": null,
            "output_md5": "4e85918b28b64e8b1323c1ee91f0abbf",
            "output_path": "./traffic_collision_data_pipeline_analytics_d01_lambda_case_processor_4_placeholder.zip",
            "output_sha": "f60e2427e316e7864d6cf0b2fea7bef89e07c31a",
            "output_sha256": "9e15d51f6ca538429e6a50272d41dded08c475cff3884b4a0a2653c5133286e7",
            "output_sha512": "30f2ec211fa2232dbd27a68191b68c5306c75f2cc1631fd9654fd9d593cd3eaaf68177fe7d3546ce394096307b34f22a8c6041c820d7848e88647b5c434db348",
            "output_size": 556,
            "source": [
              {
                "content": "import json\nimport boto3\nimport os\nfrom urllib.parse import unquote_plus\n\ns3_client = boto3.client('s3')\n\ndef handler(event, context):\n    staging_bucket = os.environ['STAGING_BUCKET_BUCKET']\n    \n    for record in event['Records']:\n        source_bucket = record['s3']['bucket']['name']\n        source_key = unquote_plus(record['s3']['object']['key'])\n        \n        # Copy to staging with case prefix\n        destination_key = f\"case/{source_key.split('/')[-1]}\"\n        \n        s3_client.copy_object(\n            CopySource={'Bucket': source_bucket, 'Key': source_key},\n            Bucket=staging_bucket,\n            Key=destination_key\n        )\n        \n        print(f\"Copied {source_key} to staging: {destination_key}\")\n    \n    return {\n        'statusCode': 200,\n        'body': json.dumps('Case data processed successfully')\n    }\n",
                "filename": "index.py"
              }
            ],
            "source_content": null,
            "source_content_filename": null,
            "source_dir": null,
            "source_file": null,
            "type": "zip"
          },
          "sensitive_attributes": []
        }
      ]
    },
    {
      "mode": "data",
      "type": "archive_file",
      "name": "traffic_collision_data_pipeline_analytics_d01_lambda_collision_processor_1_placeholder",
      "provider": "provider[\"registry.terraform.io/hashicorp/archive\"]",
      "instances": [
        {
          "schema_version": 0,
          "attributes": {
            "exclude_symlink_directories": null,
            "excludes": null,
            "id": "645ba696ce472c7c5ed55eb46a5005cbfafcea0c",
            "output_base64sha256": "9DeyN95hDn/gDe9DPnNCOP5iBjlRe8LlnkkkcRuKNBE=",
            "output_base64sha512": "a7siEdJHPqmRXuZyu/vfZP3pFQ4JI/nCEZ41NMCCBcI2RCl10BDbZESIv1yESqBSUQB1e0aGBVXZCiqGHY1T9A==",
            "output_file_mode": null,
            "output_md5": "1227b66dbac3a3c47a2327958754860e",
            "output_path": "./traffic_collision_data_pipeline_analytics_d01_lambda_collision_processor_1_placeholder.zip",
            "output_sha": "645ba696ce472c7c5ed55eb46a5005cbfafcea0c",
            "output_sha256": "f437b237de610e7fe00def433e734238fe620639517bc2e59e4924711b8a3411",
            "output_sha512": "6bbb2211d2473ea9915ee672bbfbdf64fde9150e0923f9c2119e3534c08205c236442975d010db644488bf5c844aa0525100757b46860555d90a2a861d8d53f4",
            "output_size": 559,
            "source": [
              {
                "content": "import json\nimport boto3\nimport os\nfrom urllib.parse import unquote_plus\n\ns3_client = boto3.client('s3')\n\ndef handler(event, context):\n    staging_bucket = os.environ['STAGING_BUCKET_BUCKET']\n    \n    for record in event['Records']:\n        source_bucket = record['s3']['bucket']['name']\n        source_key = unquote_plus(record['s3']['object']['key'])\n        \n        # Copy to staging with collision prefix\n        destination_key = f\"collision/{source_key.split('/')[-1]}\"\n        \n        s3_client.copy_object(\n            CopySource={'Bucket': source_bucket, 'Key': source_key},\n            Bucket=staging_bucket,\n            Key=destination_key\n        )\n        \n        print(f\"Copied {source_key} to staging: {destination_key}\")\n    \n    return {\n        'statusCode': 200,\n        'body': json.dumps('Collision data processed successfully')\n    }\n",
                "filename": "index.py"
              }
            ],
            "source_content": null,
            "source_content_filename": null,
            "source_dir": null,
            "source_file": null,
            "type": "zip"
          },
          "sensitive_attributes": []
        }
      ]
    },
    {
      "mode": "data",
      "type": "archive_file",
      "name": "traffic_collision_data_pipeline_analytics_d01_lambda_party_processor_2_placeholder",
      "provider": "provider[\"registry.terraform.io/hashicorp/archive\"]",
      "instances": [
        {
          "schema_version": 0,
          "attributes": {
            "exclude_symlink_directories": null,
            "excludes": null,
            "id": "431a202aa83a728fd0d02d2d871b309352278653",
            "output_base64sha256": "YtsMiS1fDfYxiDiXNXqpP0Hoz/CZhhYF+xBl52QNQK8=",
            "output_base64sha512": "2kB/8TtIbf6SUZcsry65iIsLMVtEnxfeLarAu5fXPFunwi60FYsxRbbsqSy+q1q7pWavYXpHM4At/wUmPfIE8w==",
            "output_file_mode": null,
            "output_md5": "832c59feb8aa6e0da3e9497725614844",
            "output_path": "./traffic_collision_data_pipeline_analytics_d01_lambda_party_processor_2_placeholder.zip",
            "output_sha": "431a202aa83a728fd0d02d2d871b309352278653",
            "output_sha256": "62db0c892d5f0df631883897357aa93f41e8cff099861605fb1065e7640d40af",
            "output_sha512": "da407ff13b486dfe9251972caf2eb9888b0b315b449f17de2daac0bb97d73c5ba7c22eb4158b3145b6eca92cbeab5abba566af617a4733802dff05263df204f3",
            "output_size": 557,
            "source": [
              {
                "content": "import json\nimport boto3\nimport os\nfrom urllib.parse import unquote_plus\n\ns3_client = boto3.client('s3')\n\ndef handler(event, context):\n    staging_bucket = os.environ['STAGING_BUCKET_BUCKET']\n    \n    for record in event['Records']:\n        source_bucket = record['s3']['bucket']['name']\n        source_key = unquote_plus(record['s3']['object']['key'])\n        \n        # Copy to staging with party prefix\n        destination_key = f\"party/{source_key.split('/')[-1]}\"\n        \n        s3_client.copy_object(\n            CopySource={'Bucket': source_bucket, 'Key': source_key},\n            Bucket=staging_bucket,\n            Key=destination_key\n        )\n        \n        print(f\"Copied {source_key} to staging: {destination_key}\")\n    \n    return {\n        'statusCode': 200,\n        'body': json.dumps('Party data processed successfully')\n    }\n",
                "filename": "index.py"
              }
            ],
            "source_content": null,
            "source_content_filename": null,
            "source_dir": null,
            "source_file": null,
            "type": "zip"
          },
          "sensitive_attributes": []
        }
      ]
    },
    {
      "mode": "data",
      "type": "archive_file",
      "name": "traffic_collision_data_pipeline_analytics_d01_lambda_refine_data_5_placeholder",
      "provider": "provider[\"registry.terraform.io/hashicorp/archive\"]",
      "instances": [
        {
          "schema_version": 0,
          "attributes": {
            "exclude_symlink_directories": null,
            "excludes": null,
            "id": "91ddcf56a1403b25d82a8a81627d571c36ecdd64",
            "output_base64sha256": "KzsFxaIbQ1XKA0ETTVioDMo8HCxmuhn6CyitgrDZyks=",
            "output_base64sha512": "mEIkjxMZnbR9Xn6BmCrnPxpaF+W2lyPnJnL2wfqDQwWYQRBZURWCnTlo1Lw9mIQ/wVR8KhnpP7K+6md0XdCR7A==",
            "output_file_mode": null,
            "output_md5": "7794848b576b0a298294420763ccc4a9",
            "output_path": "./traffic_collision_data_pipeline_analytics_d01_lambda_refine_data_5_placeholder.zip",
            "output_sha": "91ddcf56a1403b25d82a8a81627d571c36ecdd64",
            "output_sha256": "2b3b05c5a21b4355ca0341134d58a80cca3c1c2c66ba19fa0b28ad82b0d9ca4b",
            "output_sha512": "9842248f13199db47d5e7e81982ae73f1a5a17e5b69723e72672f6c1fa834305984110595115829d3968d4bc3d98843fc1547c2a19e93fb2beea67745dd091ec",
            "output_size": 681,
            "source": [
              {
                "content": "import json\nimport boto3\nimport os\nfrom urllib.parse import unquote_plus\n\ns3_client = boto3.client('s3')\n\ndef handler(event, context):\n    staging_bucket = os.environ['STAGING_BUCKET_BUCKET']\n    minilake_bucket = os.environ['MINILAKE_BUCKET']\n    \n    for record in event['Records']:\n        source_key = unquote_plus(record['s3']['object']['key'])\n        \n        # Determine dataset type from prefix\n        if source_key.startswith('collision/'):\n            dataset_type = 'collision'\n        elif source_key.startswith('party/'):\n            dataset_type = 'party'\n        elif source_key.startswith('victim/'):\n            dataset_type = 'victim'\n        elif source_key.startswith('case/'):\n            dataset_type = 'case'\n        else:\n            print(f\"Unknown prefix for {source_key}\")\n            continue\n        \n        # Copy refined data to minilake with same structure\n        destination_key = f\"{dataset_type}/{source_key.split('/')[-1]}\"\n        \n        s3_client.copy_object(\n            CopySource={'Bucket': staging_bucket, 'Key': source_key},\n            Bucket=minilake_bucket,\n            Key=destination_key\n        )\n        \n        print(f\"Refined {source_key} to minilake: {destination_key}\")\n    \n    return {\n        'statusCode': 200,\n        'body': json.dumps('Data refinement completed')\n    }\n",
                "filename": "index.py"
              }
            ],
            "source_content": null,
            "source_content_filename": null,
            "source_dir": null,
            "source_file": null,
            "type": "zip"
          },
          "sensitive_attributes": []
        }
      ]
    },
    {
      "mode": "data",
      "type": "archive_file",
      "name": "traffic_collision_data_pipeline_analytics_d01_lambda_victim_processor_3_placeholder",
      "provider": "provider[\"registry.terraform.io/hashicorp/archive\"]",
      "instances": [
        {
          "schema_version": 0,
          "attributes": {
            "exclude_symlink_directories": null,
            "excludes": null,
            "id": "9e79aeb210c9b4ad2333c75b4289845dd50ae2ce",
            "output_base64sha256": "p8vOIpo0I1y1/DKD8UxvBkVnvpXMbDNYxB11R+g1z7s=",
            "output_base64sha512": "IzR7uj/LMD+DKXfVV2y4bt/1J/XnfSp3Jm2SW+EHM+nreTt5gTOx5EFq7YFgqxqgpvGtH3HTWSrpyqZqdGYxzg==",
            "output_file_mode": null,
            "output_md5": "caf8bf7d841dea5a7df11e2e088562de",
            "output_path": "./traffic_collision_data_pipeline_analytics_d01_lambda_victim_processor_3_placeholder.zip",
            "output_sha": "9e79aeb210c9b4ad2333c75b4289845dd50ae2ce",
            "output_sha256": "a7cbce229a34235cb5fc3283f14c6f064567be95cc6c3358c41d7547e835cfbb",
            "output_sha512": "23347bba3fcb303f832977d5576cb86edff527f5e77d2a77266d925be10733e9eb793b798133b1e4416aed8160ab1aa0a6f1ad1f71d3592ae9caa66a746631ce",
            "output_size": 557,
            "source": [
              {
                "content": "import json\nimport boto3\nimport os\nfrom urllib.parse import unquote_plus\n\ns3_client = boto3.client('s3')\n\ndef handler(event, context):\n    staging_bucket = os.environ['STAGING_BUCKET_BUCKET']\n    \n    for record in event['Records']:\n        source_bucket = record['s3']['bucket']['name']\n        source_key = unquote_plus(record['s3']['object']['key'])\n        \n        # Copy to staging with victim prefix\n        destination_key = f\"victim/{source_key.split('/')[-1]}\"\n        \n        s3_client.copy_object(\n            CopySource={'Bucket': source_bucket, 'Key': source_key},\n            Bucket=staging_bucket,\n            Key=destination_key\n        )\n        \n        print(f\"Copied {source_key} to staging: {destination_key}\")\n    \n    return {\n        'statusCode': 200,\n        'body': json.dumps('Victim data processed successfully')\n    }\n",
                "filename": "index.py"
              }
            ],
            "source_content": null,
            "source_content_filename": null,
            "source_dir": null,
            "source_file": null,
            "type": "zip"
          },
          "sensitive_attributes": []
        }
      ]
    },
    {
      "mode": "managed",
      "type": "aws_athena_workgroup",
      "name": "traffic_collision_data_pipeline_analytics_d01_athena_query_layer",
      "provider": "provider[\"registry.terraform.io/hashicorp/aws\"]",
      "instances": [
        {
          "schema_version": 0,
          "attributes": {
            "arn": "arn:aws:athena:us-east-1:602963248309:workgroup/traffic-collision-data-pipeline-analytics-d01-athena-query-layer",
            "configuration": [
              {
                "bytes_scanned_cutoff_per_query": 0,
                "enforce_workgroup_configuration": true,
                "engine_version": [
                  {
                    "effective_engine_version": "Athena engine version 3",
                    "selected_engine_version": "AUTO"
                  }
                ],
                "execution_role": "",
                "publish_cloudwatch_metrics_enabled": false,
                "requester_pays_enabled": false,
                "result_configuration": [
                  {
                    "acl_configuration": [],
                    "encryption_configuration": [],
                    "expected_bucket_owner": "",
                    "output_location": "s3://traffic-collision-data-pipeline-analytics-d01-athena-query-layer-results/query-results/"
                  }
                ]
              }
            ],
            "description": "",
            "force_destroy": false,
            "id": "traffic-collision-data-pipeline-analytics-d01-athena-query-layer",
            "name": "traffic-collision-data-pipeline-analytics-d01-athena-query-layer",
            "state": "ENABLED",
            "tags": {
              "BusinessUnit": "ANALYTICS",
              "CostCenter": "D01",
              "ManagedBy": "aws-pipeline-engine",
              "Pipeline": "traffic_collision_data_pipeline"
            },
            "tags_all": {
              "BusinessUnit": "ANALYTICS",
              "CostCenter": "D01",
              "ManagedBy": "aws-pipeline-engine",
              "Pipeline": "traffic_collision_data_pipeline"
            }
          },
          "sensitive_attributes": [],
          "private": "bnVsbA=="
        }
      ]
    },
    {
      "mode": "managed",
      "type": "aws_cloudwatch_log_group",
      "name": "traffic_collision_data_pipeline_analytics_d01_athena_query_layer_lg",
      "provider": "provider[\"registry.terraform.io/hashicorp/aws\"]",
      "instances": [
        {
          "schema_version": 0,
          "attributes": {
            "arn": "arn:aws:logs:us-east-1:602963248309:log-group:/aws/athena/traffic-collision-data-pipeline-analytics-d01-athena-query-layer",
            "id": "/aws/athena/traffic-collision-data-pipeline-analytics-d01-athena-query-layer",
            "kms_key_id": "",
            "log_group_class": "STANDARD",
            "name": "/aws/athena/traffic-collision-data-pipeline-analytics-d01-athena-query-layer",
            "name_prefix": "",
            "retention_in_days": 7,
            "skip_destroy": false,
            "tags": {
              "BusinessUnit": "ANALYTICS",
              "CostCenter": "D01",
              "ManagedBy": "aws-pipeline-engine",
              "Pipeline": "traffic_collision_data_pipeline"
            },
            "tags_all": {
              "BusinessUnit": "ANALYTICS",
              "CostCenter": "D01",
              "ManagedBy": "aws-pipeline-engine",
              "Pipeline": "traffic_collision_data_pipeline"
            }
          },
          "sensitive_attributes": [],
          "private": "bnVsbA=="
        }
      ]
    },
    {
      "mode": "managed",
      "type": "aws_cloudwatch_log_group",
      "name": "traffic_collision_data_pipeline_analytics_d01_lambda_case_processor_4_lg",
      "provider": "provider[\"registry.terraform.io/hashicorp/aws\"]",
      "instances": [
        {
          "schema_version": 0,
          "attributes": {
            "arn": "arn:aws:logs:us-east-1:602963248309:log-group:/aws/lambda/traffic-collision-data-pipeline-analytics-d01-lambda-cas-df02056",
            "id": "/aws/lambda/traffic-collision-data-pipeline-analytics-d01-lambda-cas-df02056",
            "kms_key_id": "",
            "log_group_class": "STANDARD",
            "name": "/aws/lambda/traffic-collision-data-pipeline-analytics-d01-lambda-cas-df02056",
            "name_prefix": "",
            "retention_in_days": 7,
            "skip_destroy": false,
            "tags": {
              "BusinessUnit": "ANALYTICS",
              "CostCenter": "D01",
              "ManagedBy": "aws-pipeline-engine",
              "Pipeline": "traffic_collision_data_pipeline"
            },
            "tags_all": {
              "BusinessUnit": "ANALYTICS",
              "CostCenter": "D01",
              "ManagedBy": "aws-pipeline-engine",
              "Pipeline": "traffic_collision_data_pipeline"
            }
          },
          "sensitive_attributes": [],
          "private": "bnVsbA=="
        }
      ]
    },
    {
      "mode": "managed",
      "type": "aws_cloudwatch_log_group",
      "name": "traffic_collision_data_pipeline_analytics_d01_lambda_collision_processor_1_lg",
      "provider": "provider[\"registry.terraform.io/hashicorp/aws\"]",
      "instances": [
        {
          "schema_version": 0,
          "attributes": {
            "arn": "arn:aws:logs:us-east-1:602963248309:log-group:/aws/lambda/traffic-collision-data-pipeline-analytics-d01-lambda-col-1d1dbb5",
            "id": "/aws/lambda/traffic-collision-data-pipeline-analytics-d01-lambda-col-1d1dbb5",
            "kms_key_id": "",
            "log_group_class": "STANDARD",
            "name": "/aws/lambda/traffic-collision-data-pipeline-analytics-d01-lambda-col-1d1dbb5",
            "name_prefix": "",
            "retention_in_days": 7,
            "skip_destroy": false,
            "tags": {
              "BusinessUnit": "ANALYTICS",
              "CostCenter": "D01",
              "ManagedBy": "aws-pipeline-engine",
              "Pipeline": "traffic_collision_data_pipeline"
            },
            "tags_all": {
              "BusinessUnit": "ANALYTICS",
              "CostCenter": "D01",
              "ManagedBy": "aws-pipeline-engine",
              "Pipeline": "traffic_collision_data_pipeline"
            }
          },
          "sensitive_attributes": [],
          "private": "bnVsbA=="
        }
      ]
    },
    {
      "mode": "managed",
      "type": "aws_cloudwatch_log_group",
      "name": "traffic_collision_data_pipeline_analytics_d01_lambda_party_processor_2_lg",
      "provider": "provider[\"registry.terraform.io/hashicorp/aws\"]",
      "instances": [
        {
          "schema_version": 0,
          "attributes": {
            "arn": "arn:aws:logs:us-east-1:602963248309:log-group:/aws/lambda/traffic-collision-data-pipeline-analytics-d01-lambda-par-47fc142",
            "id": "/aws/lambda/traffic-collision-data-pipeline-analytics-d01-lambda-par-47fc142",
            "kms_key_id": "",
            "log_group_class": "STANDARD",
            "name": "/aws/lambda/traffic-collision-data-pipeline-analytics-d01-lambda-par-47fc142",
            "name_prefix": "",
            "retention_in_days": 7,
            "skip_destroy": false,
            "tags": {
              "BusinessUnit": "ANALYTICS",
              "CostCenter": "D01",
              "ManagedBy": "aws-pipeline-engine",
              "Pipeline": "traffic_collision_data_pipeline"
            },
            "tags_all": {
              "BusinessUnit": "ANALYTICS",
              "CostCenter": "D01",
              "ManagedBy": "aws-pipeline-engine",
              "Pipeline": "traffic_collision_data_pipeline"
            }
          },
          "sensitive_attributes": [],
          "private": "bnVsbA=="
        }
      ]
    },
    {
      "mode": "managed",
      "type": "aws_cloudwatch_log_group",
      "name": "traffic_collision_data_pipeline_analytics_d01_lambda_refine_data_5_lg",
      "provider": "provider[\"registry.terraform.io/hashicorp/aws\"]",
      "instances": [
        {
          "schema_version": 0,
          "attributes": {
            "arn": "arn:aws:logs:us-east-1:602963248309:log-group:/aws/lambda/traffic-collision-data-pipeline-analytics-d01-lambda-ref-d8a0478",
            "id": "/aws/lambda/traffic-collision-data-pipeline-analytics-d01-lambda-ref-d8a0478",
            "kms_key_id": "",
            "log_group_class": "STANDARD",
            "name": "/aws/lambda/traffic-collision-data-pipeline-analytics-d01-lambda-ref-d8a0478",
            "name_prefix": "",
            "retention_in_days": 7,
            "skip_destroy": false,
            "tags": {
              "BusinessUnit": "ANALYTICS",
              "CostCenter": "D01",
              "ManagedBy": "aws-pipeline-engine",
              "Pipeline": "traffic_collision_data_pipeline"
            },
            "tags_all": {
              "BusinessUnit": "ANALYTICS",
              "CostCenter": "D01",
              "ManagedBy": "aws-pipeline-engine",
              "Pipeline": "traffic_collision_data_pipeline"
            }
          },
          "sensitive_attributes": [],
          "private": "bnVsbA=="
        }
      ]
    },
    {
      "mode": "managed",
      "type": "aws_cloudwatch_log_group",
      "name": "traffic_collision_data_pipeline_analytics_d01_lambda_victim_processor_3_lg",
      "provider": "provider[\"registry.terraform.io/hashicorp/aws\"]",
      "instances": [
        {
          "schema_version": 0,
          "attributes": {
            "arn": "arn:aws:logs:us-east-1:602963248309:log-group:/aws/lambda/traffic-collision-data-pipeline-analytics-d01-lambda-vic-b1366a4",
            "id": "/aws/lambda/traffic-collision-data-pipeline-analytics-d01-lambda-vic-b1366a4",
            "kms_key_id": "",
            "log_group_class": "STANDARD",
            "name": "/aws/lambda/traffic-collision-data-pipeline-analytics-d01-lambda-vic-b1366a4",
            "name_prefix": "",
            "retention_in_days": 7,
            "skip_destroy": false,
            "tags": {
              "BusinessUnit": "ANALYTICS",
              "CostCenter": "D01",
              "ManagedBy": "aws-pipeline-engine",
              "Pipeline": "traffic_collision_data_pipeline"
            },
            "tags_all": {
              "BusinessUnit": "ANALYTICS",
              "CostCenter": "D01",
              "ManagedBy": "aws-pipeline-engine",
              "Pipeline": "traffic_collision_data_pipeline"
            }
          },
          "sensitive_attributes": [],
          "private": "bnVsbA=="
        }
      ]
    },
    {
      "mode": "managed",
      "type": "aws_glue_catalog_database",
      "name": "traffic_collision_data_pipeline_analytics_d01_glue_data_catalog_minilake_catalog",
      "provider": "provider[\"registry.terraform.io/hashicorp/aws\"]",
      "instances": [
        {
          "schema_version": 0,
          "attributes": {
            "arn": "arn:aws:glue:us-east-1:602963248309:database/traffic_collision_data_pipeline_analytics_d01_glue_data_34b5f3d",
            "catalog_id": "602963248309",
            "create_table_default_permission": [
              {
                "permissions": [
                  "ALL"
                ],
                "principal": [
                  {
                    "data_lake_principal_identifier": "IAM_ALLOWED_PRINCIPALS"
                  }
                ]
              }
            ],
            "description": "Glue Data Catalog database",
            "federated_database": [],
            "id": "602963248309:traffic_collision_data_pipeline_analytics_d01_glue_data_34b5f3d",
            "location_uri": "",
            "name": "traffic_collision_data_pipeline_analytics_d01_glue_data_34b5f3d",
            "parameters": null,
            "tags": null,
            "tags_all": {},
            "target_database": []
          },
          "sensitive_attributes": [],
          "private": "bnVsbA=="
        }
      ]
    },
    {
      "mode": "managed",
      "type": "aws_glue_catalog_table",
      "name": "traffic_collision_data_pipeline_analytics_d01_glue_data_catalog_minilake_catalog_case_table",
      "provider": "provider[\"registry.terraform.io/hashicorp/aws\"]",
      "instances": [
        {
          "schema_version": 0,
          "attributes": {
            "arn": "arn:aws:glue:us-east-1:602963248309:table/traffic_collision_data_pipeline_analytics_d01_glue_data_34b5f3d/case",
            "catalog_id": "602963248309",
            "database_name": "traffic_collision_data_pipeline_analytics_d01_glue_data_34b5f3d",
            "description": "",
            "id": "602963248309:traffic_collision_data_pipeline_analytics_d01_glue_data_34b5f3d:case",
            "name": "case",
            "open_table_format_input": [],
            "owner": "",
            "parameters": {
              "EXTERNAL": "TRUE"
            },
            "partition_index": null,
            "partition_keys": [],
            "retention": 0,
            "storage_descriptor": [
              {
                "additional_locations": null,
                "bucket_columns": null,
                "columns": [
                  {
                    "comment": "",
                    "name": "case_id",
                    "parameters": null,
                    "type": "string"
                  },
                  {
                    "comment": "",
                    "name": "collision_id",
                    "parameters": null,
                    "type": "string"
                  },
                  {
                    "comment": "",
                    "name": "case_status",
                    "parameters": null,
                    "type": "string"
                  },
                  {
                    "comment": "",
                    "name": "filing_date",
                    "parameters": null,
                    "type": "date"
                  }
                ],
                "compressed": false,
                "input_format": "org.apache.hadoop.mapred.TextInputFormat",
                "location": "s3://traffic-collision-data-pipeline-analytics-d01-s3-minilake-3/case/",
                "number_of_buckets": 0,
                "output_format": "org.apache.hadoop.hive.ql.io.HiveIgnoreKeyTextOutputFormat",
                "parameters": null,
                "schema_reference": [],
                "ser_de_info": [
                  {
                    "name": "",
                    "parameters": null,
                    "serialization_library": "org.apache.hadoop.hive.serde2.lazy.LazySimpleSerDe"
                  }
                ],
                "skewed_info": [],
                "sort_columns": [],
                "stored_as_sub_directories": false
              }
            ],
            "table_type": "EXTERNAL_TABLE",
            "target_table": [],
            "view_expanded_text": "",
            "view_original_text": ""
          },
          "sensitive_attributes": [],
          "private": "bnVsbA==",
          "dependencies": [
            "aws_glue_catalog_database.traffic_collision_data_pipeline_analytics_d01_glue_data_catalog_minilake_catalog",
            "aws_s3_bucket.traffic_collision_data_pipeline_analytics_d01_s3_minilake_3"
          ]
        }
      ]
    },
    {
      "mode": "managed",
      "type": "aws_glue_catalog_table",
      "name": "traffic_collision_data_pipeline_analytics_d01_glue_data_catalog_minilake_catalog_collision_table",
      "provider": "provider[\"registry.terraform.io/hashicorp/aws\"]",
      "instances": [
        {
          "schema_version": 0,
          "attributes": {
            "arn": "arn:aws:glue:us-east-1:602963248309:table/traffic_collision_data_pipeline_analytics_d01_glue_data_34b5f3d/collision",
            "catalog_id": "602963248309",
            "database_name": "traffic_collision_data_pipeline_analytics_d01_glue_data_34b5f3d",
            "description": "",
            "id": "602963248309:traffic_collision_data_pipeline_analytics_d01_glue_data_34b5f3d:collision",
            "name": "collision",
            "open_table_format_input": [],
            "owner": "",
            "parameters": {
              "EXTERNAL": "TRUE"
            },
            "partition_index": null,
            "partition_keys": [],
            "retention": 0,
            "storage_descriptor": [
              {
                "additional_locations": null,
                "bucket_columns": null,
                "columns": [
                  {
                    "comment": "",
                    "name": "collision_id",
                    "parameters": null,
                    "type": "string"
                  },
                  {
                    "comment": "",
                    "name": "collision_date",
                    "parameters": null,
                    "type": "timestamp"
                  },
                  {
                    "comment": "",
                    "name": "location",
                    "parameters": null,
                    "type": "string"
                  },
                  {
                    "comment": "",
                    "name": "severity",
                    "parameters": null,
                    "type": "string"
                  }
                ],
                "compressed": false,
                "input_format": "org.apache.hadoop.mapred.TextInputFormat",
                "location": "s3://traffic-collision-data-pipeline-analytics-d01-s3-minilake-3/collision/",
                "number_of_buckets": 0,
                "output_format": "org.apache.hadoop.hive.ql.io.HiveIgnoreKeyTextOutputFormat",
                "parameters": null,
                "schema_reference": [],
                "ser_de_info": [
                  {
                    "name": "",
                    "parameters": null,
                    "serialization_library": "org.apache.hadoop.hive.serde2.lazy.LazySimpleSerDe"
                  }
                ],
                "skewed_info": [],
                "sort_columns": [],
                "stored_as_sub_directories": false
              }
            ],
            "table_type": "EXTERNAL_TABLE",
            "target_table": [],
            "view_expanded_text": "",
            "view_original_text": ""
          },
          "sensitive_attributes": [],
          "private": "bnVsbA==",
          "dependencies": [
            "aws_glue_catalog_database.traffic_collision_data_pipeline_analytics_d01_glue_data_catalog_minilake_catalog",
            "aws_s3_bucket.traffic_collision_data_pipeline_analytics_d01_s3_minilake_3"
          ]
        }
      ]
    },
    {
      "mode": "managed",
      "type": "aws_glue_catalog_table",
      "name": "traffic_collision_data_pipeline_analytics_d01_glue_data_catalog_minilake_catalog_party_table",
      "provider": "provider[\"registry.terraform.io/hashicorp/aws\"]",
      "instances": [
        {
          "schema_version": 0,
          "attributes": {
            "arn": "arn:aws:glue:us-east-1:602963248309:table/traffic_collision_data_pipeline_analytics_d01_glue_data_34b5f3d/party",
            "catalog_id": "602963248309",
            "database_name": "traffic_collision_data_pipeline_analytics_d01_glue_data_34b5f3d",
            "description": "",
            "id": "602963248309:traffic_collision_data_pipeline_analytics_d01_glue_data_34b5f3d:party",
            "name": "party",
            "open_table_format_input": [],
            "owner": "",
            "parameters": {
              "EXTERNAL": "TRUE"
            },
            "partition_index": null,
            "partition_keys": [],
            "retention": 0,
            "storage_descriptor": [
              {
                "additional_locations": null,
                "bucket_columns": null,
                "columns": [
                  {
                    "comment": "",
                    "name": "party_id",
                    "parameters": null,
                    "type": "string"
                  },
                  {
                    "comment": "",
                    "name": "collision_id",
                    "parameters": null,
                    "type": "string"
                  },
                  {
                    "comment": "",
                    "name": "party_type",
                    "parameters": null,
                    "type": "string"
                  },
                  {
                    "comment": "",
                    "name": "vehicle_year",
                    "parameters": null,
                    "type": "int"
                  }
                ],
                "compressed": false,
                "input_format": "org.apache.hadoop.mapred.TextInputFormat",
                "location": "s3://traffic-collision-data-pipeline-analytics-d01-s3-minilake-3/party/",
                "number_of_buckets": 0,
                "output_format": "org.apache.hadoop.hive.ql.io.HiveIgnoreKeyTextOutputFormat",
                "parameters": null,
                "schema_reference": [],
                "ser_de_info": [
                  {
                    "name": "",
                    "parameters": null,
                    "serialization_library": "org.apache.hadoop.hive.serde2.lazy.LazySimpleSerDe"
                  }
                ],
                "skewed_info": [],
                "sort_columns": [],
                "stored_as_sub_directories": false
              }
            ],
            "table_type": "EXTERNAL_TABLE",
            "target_table": [],
            "view_expanded_text": "",
            "view_original_text": ""
          },
          "sensitive_attributes": [],
          "private": "bnVsbA==",
          "dependencies": [
            "aws_glue_catalog_database.traffic_collision_data_pipeline_analytics_d01_glue_data_catalog_minilake_catalog",
            "aws_s3_bucket.traffic_collision_data_pipeline_analytics_d01_s3_minilake_3"
          ]
        }
      ]
    },
    {
      "mode": "managed",
      "type": "aws_glue_catalog_table",
      "name": "traffic_collision_data_pipeline_analytics_d01_glue_data_catalog_minilake_catalog_victim_table",
      "provider": "provider[\"registry.terraform.io/hashicorp/aws\"]",
      "instances": [
        {
          "schema_version": 0,
          "attributes": {
            "arn": "arn:aws:glue:us-east-1:602963248309:table/traffic_collision_data_pipeline_analytics_d01_glue_data_34b5f3d/victim",
            "catalog_id": "602963248309",
            "database_name": "traffic_collision_data_pipeline_analytics_d01_glue_data_34b5f3d",
            "description": "",
            "id": "602963248309:traffic_collision_data_pipeline_analytics_d01_glue_data_34b5f3d:victim",
            "name": "victim",
            "open_table_format_input": [],
            "owner": "",
            "parameters": {
              "EXTERNAL": "TRUE"
            },
            "partition_index": null,
            "partition_keys": [],
            "retention": 0,
            "storage_descriptor": [
              {
                "additional_locations": null,
                "bucket_columns": null,
                "columns": [
                  {
                    "comment": "",
                    "name": "victim_id",
                    "parameters": null,
                    "type": "string"
                  },
                  {
                    "comment": "",
                    "name": "collision_id",
                    "parameters": null,
                    "type": "string"
                  },
                  {
                    "comment": "",
                    "name": "victim_role",
                    "parameters": null,
                    "type": "string"
                  },
                  {
                    "comment": "",
                    "name": "injury_severity",
                    "parameters": null,
                    "type": "string"
                  }
                ],
                "compressed": false,
                "input_format": "org.apache.hadoop.mapred.TextInputFormat",
                "location": "s3://traffic-collision-data-pipeline-analytics-d01-s3-minilake-3/victim/",
                "number_of_buckets": 0,
                "output_format": "org.apache.hadoop.hive.ql.io.HiveIgnoreKeyTextOutputFormat",
                "parameters": null,
                "schema_reference": [],
                "ser_de_info": [
                  {
                    "name": "",
                    "parameters": null,
                    "serialization_library": "org.apache.hadoop.hive.serde2.lazy.LazySimpleSerDe"
                  }
                ],
                "skewed_info": [],
                "sort_columns": [],
                "stored_as_sub_directories": false
              }
            ],
            "table_type": "EXTERNAL_TABLE",
            "target_table": [],
            "view_expanded_text": "",
            "view_original_text": ""
          },
          "sensitive_attributes": [],
          "private": "bnVsbA==",
          "dependencies": [
            "aws_glue_catalog_database.traffic_collision_data_pipeline_analytics_d01_glue_data_catalog_minilake_catalog",
            "aws_s3_bucket.traffic_collision_data_pipeline_analytics_d01_s3_minilake_3"
          ]
        }
      ]
    },
    {
      "mode": "managed",
      "type": "aws_iam_role",
      "name": "traffic_collision_data_pipeline_analytics_d01_lambda_case_processor_4_role",
      "provider": "provider[\"registry.terraform.io/hashicorp/aws\"]",
      "instances": [
        {
          "schema_version": 0,
          "attributes": {
            "arn": "arn:aws:iam::602963248309:role/traffic-collision-data-pipeline-analytics-d01-lambd-eda9558-role",
            "assume_role_policy": "{\"Statement\":[{\"Action\":\"sts:AssumeRole\",\"Effect\":\"Allow\",\"Principal\":{\"Service\":\"lambda.amazonaws.com\"}}],\"Version\":\"2012-10-17\"}",
            "create_date": "2026-04-29T10:40:40Z",
            "description": "",
            "force_detach_policies": false,
            "id": "traffic-collision-data-pipeline-analytics-d01-lambd-eda9558-role",
            "inline_policy": [],
            "managed_policy_arns": [],
            "max_session_duration": 3600,
            "name": "traffic-collision-data-pipeline-analytics-d01-lambd-eda9558-role",
            "name_prefix": "",
            "path": "/",
            "permissions_boundary": "",
            "tags": {
              "BusinessUnit": "ANALYTICS",
              "CostCenter": "D01",
              "ManagedBy": "aws-pipeline-engine",
              "Pipeline": "traffic_collision_data_pipeline"
            },
            "tags_all": {
              "BusinessUnit": "ANALYTICS",
              "CostCenter": "D01",
              "ManagedBy": "aws-pipeline-engine",
              "Pipeline": "traffic_collision_data_pipeline"
            },
            "unique_id": "AROAYYY3JAS24MR4EYHWZ"
          },
          "sensitive_attributes": [],
          "private": "bnVsbA=="
        }
      ]
    },
    {
      "mode": "managed",
      "type": "aws_iam_role",
      "name": "traffic_collision_data_pipeline_analytics_d01_lambda_collision_processor_1_role",
      "provider": "provider[\"registry.terraform.io/hashicorp/aws\"]",
      "instances": [
        {
          "schema_version": 0,
          "attributes": {
            "arn": "arn:aws:iam::602963248309:role/traffic-collision-data-pipeline-analytics-d01-lambd-4f597f2-role",
            "assume_role_policy": "{\"Statement\":[{\"Action\":\"sts:AssumeRole\",\"Effect\":\"Allow\",\"Principal\":{\"Service\":\"lambda.amazonaws.com\"}}],\"Version\":\"2012-10-17\"}",
            "create_date": "2026-04-29T10:40:40Z",
            "description": "",
            "force_detach_policies": false,
            "id": "traffic-collision-data-pipeline-analytics-d01-lambd-4f597f2-role",
            "inline_policy": [],
            "managed_policy_arns": [],
            "max_session_duration": 3600,
            "name": "traffic-collision-data-pipeline-analytics-d01-lambd-4f597f2-role",
            "name_prefix": "",
            "path": "/",
            "permissions_boundary": "",
            "tags": {
              "BusinessUnit": "ANALYTICS",
              "CostCenter": "D01",
              "ManagedBy": "aws-pipeline-engine",
              "Pipeline": "traffic_collision_data_pipeline"
            },
            "tags_all": {
              "BusinessUnit": "ANALYTICS",
              "CostCenter": "D01",
              "ManagedBy": "aws-pipeline-engine",
              "Pipeline": "traffic_collision_data_pipeline"
            },
            "unique_id": "AROAYYY3JAS23WWWIWYFK"
          },
          "sensitive_attributes": [],
          "private": "bnVsbA=="
        }
      ]
    },
    {
      "mode": "managed",
      "type": "aws_iam_role",
      "name": "traffic_collision_data_pipeline_analytics_d01_lambda_party_processor_2_role",
      "provider": "provider[\"registry.terraform.io/hashicorp/aws\"]",
      "instances": [
        {
          "schema_version": 0,
          "attributes": {
            "arn": "arn:aws:iam::602963248309:role/traffic-collision-data-pipeline-analytics-d01-lambd-0576b85-role",
            "assume_role_policy": "{\"Statement\":[{\"Action\":\"sts:AssumeRole\",\"Effect\":\"Allow\",\"Principal\":{\"Service\":\"lambda.amazonaws.com\"}}],\"Version\":\"2012-10-17\"}",
            "create_date": "2026-04-29T10:40:40Z",
            "description": "",
            "force_detach_policies": false,
            "id": "traffic-collision-data-pipeline-analytics-d01-lambd-0576b85-role",
            "inline_policy": [],
            "managed_policy_arns": [],
            "max_session_duration": 3600,
            "name": "traffic-collision-data-pipeline-analytics-d01-lambd-0576b85-role",
            "name_prefix": "",
            "path": "/",
            "permissions_boundary": "",
            "tags": {
              "BusinessUnit": "ANALYTICS",
              "CostCenter": "D01",
              "ManagedBy": "aws-pipeline-engine",
              "Pipeline": "traffic_collision_data_pipeline"
            },
            "tags_all": {
              "BusinessUnit": "ANALYTICS",
              "CostCenter": "D01",
              "ManagedBy": "aws-pipeline-engine",
              "Pipeline": "traffic_collision_data_pipeline"
            },
            "unique_id": "AROAYYY3JAS27QQDGNCMC"
          },
          "sensitive_attributes": [],
          "private": "bnVsbA=="
        }
      ]
    },
    {
      "mode": "managed",
      "type": "aws_iam_role",
      "name": "traffic_collision_data_pipeline_analytics_d01_lambda_refine_data_5_role",
      "provider": "provider[\"registry.terraform.io/hashicorp/aws\"]",
      "instances": [
        {
          "schema_version": 0,
          "attributes": {
            "arn": "arn:aws:iam::602963248309:role/traffic-collision-data-pipeline-analytics-d01-lambd-dc24000-role",
            "assume_role_policy": "{\"Statement\":[{\"Action\":\"sts:AssumeRole\",\"Effect\":\"Allow\",\"Principal\":{\"Service\":\"lambda.amazonaws.com\"}}],\"Version\":\"2012-10-17\"}",
            "create_date": "2026-04-29T10:40:40Z",
            "description": "",
            "force_detach_policies": false,
            "id": "traffic-collision-data-pipeline-analytics-d01-lambd-dc24000-role",
            "inline_policy": [],
            "managed_policy_arns": [],
            "max_session_duration": 3600,
            "name": "traffic-collision-data-pipeline-analytics-d01-lambd-dc24000-role",
            "name_prefix": "",
            "path": "/",
            "permissions_boundary": "",
            "tags": {
              "BusinessUnit": "ANALYTICS",
              "CostCenter": "D01",
              "ManagedBy": "aws-pipeline-engine",
              "Pipeline": "traffic_collision_data_pipeline"
            },
            "tags_all": {
              "BusinessUnit": "ANALYTICS",
              "CostCenter": "D01",
              "ManagedBy": "aws-pipeline-engine",
              "Pipeline": "traffic_collision_data_pipeline"
            },
            "unique_id": "AROAYYY3JAS2UIJWR4V4E"
          },
          "sensitive_attributes": [],
          "private": "bnVsbA=="
        }
      ]
    },
    {
      "mode": "managed",
      "type": "aws_iam_role",
      "name": "traffic_collision_data_pipeline_analytics_d01_lambda_victim_processor_3_role",
      "provider": "provider[\"registry.terraform.io/hashicorp/aws\"]",
      "instances": [
        {
          "schema_version": 0,
          "attributes": {
            "arn": "arn:aws:iam::602963248309:role/traffic-collision-data-pipeline-analytics-d01-lambd-af5f795-role",
            "assume_role_policy": "{\"Statement\":[{\"Action\":\"sts:AssumeRole\",\"Effect\":\"Allow\",\"Principal\":{\"Service\":\"lambda.amazonaws.com\"}}],\"Version\":\"2012-10-17\"}",
            "create_date": "2026-04-29T10:40:40Z",
            "description": "",
            "force_detach_policies": false,
            "id": "traffic-collision-data-pipeline-analytics-d01-lambd-af5f795-role",
            "inline_policy": [],
            "managed_policy_arns": [],
            "max_session_duration": 3600,
            "name": "traffic-collision-data-pipeline-analytics-d01-lambd-af5f795-role",
            "name_prefix": "",
            "path": "/",
            "permissions_boundary": "",
            "tags": {
              "BusinessUnit": "ANALYTICS",
              "CostCenter": "D01",
              "ManagedBy": "aws-pipeline-engine",
              "Pipeline": "traffic_collision_data_pipeline"
            },
            "tags_all": {
              "BusinessUnit": "ANALYTICS",
              "CostCenter": "D01",
              "ManagedBy": "aws-pipeline-engine",
              "Pipeline": "traffic_collision_data_pipeline"
            },
            "unique_id": "AROAYYY3JAS2QECLSYXM2"
          },
          "sensitive_attributes": [],
          "private": "bnVsbA=="
        }
      ]
    },
    {
      "mode": "managed",
      "type": "aws_iam_role_policy",
      "name": "traffic_collision_data_pipeline_analytics_d01_lambda_case_processor_4_policy",
      "provider": "provider[\"registry.terraform.io/hashicorp/aws\"]",
      "instances": [
        {
          "schema_version": 0,
          "attributes": {
            "id": "traffic-collision-data-pipeline-analytics-d01-lambd-eda9558-role:traffic-collision-data-pipeline-analytics-d01-lam-eda9558-policy",
            "name": "traffic-collision-data-pipeline-analytics-d01-lam-eda9558-policy",
            "name_prefix": "",
            "policy": "{\"Version\":\"2012-10-17\",\"Statement\":[{\"Action\":[\"logs:CreateLogGroup\",\"logs:CreateLogStream\",\"logs:PutLogEvents\",\"s3:GetObject\",\"s3:ListBucket\",\"s3:PutObject\",\"s3:DeleteObject\"],\"Effect\":\"Allow\",\"Resource\":\"*\"}]}",
            "role": "traffic-collision-data-pipeline-analytics-d01-lambd-eda9558-role"
          },
          "sensitive_attributes": [],
          "private": "bnVsbA==",
          "dependencies": [
            "aws_iam_role.traffic_collision_data_pipeline_analytics_d01_lambda_case_processor_4_role"
          ]
        }
      ]
    },
    {
      "mode": "managed",
      "type": "aws_iam_role_policy",
      "name": "traffic_collision_data_pipeline_analytics_d01_lambda_collision_processor_1_policy",
      "provider": "provider[\"registry.terraform.io/hashicorp/aws\"]",
      "instances": [
        {
          "schema_version": 0,
          "attributes": {
            "id": "traffic-collision-data-pipeline-analytics-d01-lambd-4f597f2-role:traffic-collision-data-pipeline-analytics-d01-lam-4f597f2-policy",
            "name": "traffic-collision-data-pipeline-analytics-d01-lam-4f597f2-policy",
            "name_prefix": "",
            "policy": "{\"Version\":\"2012-10-17\",\"Statement\":[{\"Action\":[\"logs:CreateLogGroup\",\"logs:CreateLogStream\",\"logs:PutLogEvents\",\"s3:GetObject\",\"s3:ListBucket\",\"s3:PutObject\",\"s3:DeleteObject\"],\"Effect\":\"Allow\",\"Resource\":\"*\"}]}",
            "role": "traffic-collision-data-pipeline-analytics-d01-lambd-4f597f2-role"
          },
          "sensitive_attributes": [],
          "private": "bnVsbA==",
          "dependencies": [
            "aws_iam_role.traffic_collision_data_pipeline_analytics_d01_lambda_collision_processor_1_role"
          ]
        }
      ]
    },
    {
      "mode": "managed",
      "type": "aws_iam_role_policy",
      "name": "traffic_collision_data_pipeline_analytics_d01_lambda_party_processor_2_policy",
      "provider": "provider[\"registry.terraform.io/hashicorp/aws\"]",
      "instances": [
        {
          "schema_version": 0,
          "attributes": {
            "id": "traffic-collision-data-pipeline-analytics-d01-lambd-0576b85-role:traffic-collision-data-pipeline-analytics-d01-lam-0576b85-policy",
            "name": "traffic-collision-data-pipeline-analytics-d01-lam-0576b85-policy",
            "name_prefix": "",
            "policy": "{\"Version\":\"2012-10-17\",\"Statement\":[{\"Action\":[\"logs:CreateLogGroup\",\"logs:CreateLogStream\",\"logs:PutLogEvents\",\"s3:GetObject\",\"s3:ListBucket\",\"s3:PutObject\",\"s3:DeleteObject\"],\"Effect\":\"Allow\",\"Resource\":\"*\"}]}",
            "role": "traffic-collision-data-pipeline-analytics-d01-lambd-0576b85-role"
          },
          "sensitive_attributes": [],
          "private": "bnVsbA==",
          "dependencies": [
            "aws_iam_role.traffic_collision_data_pipeline_analytics_d01_lambda_party_processor_2_role"
          ]
        }
      ]
    },
    {
      "mode": "managed",
      "type": "aws_iam_role_policy",
      "name": "traffic_collision_data_pipeline_analytics_d01_lambda_refine_data_5_policy",
      "provider": "provider[\"registry.terraform.io/hashicorp/aws\"]",
      "instances": [
        {
          "schema_version": 0,
          "attributes": {
            "id": "traffic-collision-data-pipeline-analytics-d01-lambd-dc24000-role:traffic-collision-data-pipeline-analytics-d01-lam-dc24000-policy",
            "name": "traffic-collision-data-pipeline-analytics-d01-lam-dc24000-policy",
            "name_prefix": "",
            "policy": "{\"Version\":\"2012-10-17\",\"Statement\":[{\"Action\":[\"logs:CreateLogGroup\",\"logs:CreateLogStream\",\"logs:PutLogEvents\",\"s3:GetObject\",\"s3:ListBucket\",\"s3:PutObject\",\"s3:DeleteObject\"],\"Effect\":\"Allow\",\"Resource\":\"*\"}]}",
            "role": "traffic-collision-data-pipeline-analytics-d01-lambd-dc24000-role"
          },
          "sensitive_attributes": [],
          "private": "bnVsbA==",
          "dependencies": [
            "aws_iam_role.traffic_collision_data_pipeline_analytics_d01_lambda_refine_data_5_role"
          ]
        }
      ]
    },
    {
      "mode": "managed",
      "type": "aws_iam_role_policy",
      "name": "traffic_collision_data_pipeline_analytics_d01_lambda_victim_processor_3_policy",
      "provider": "provider[\"registry.terraform.io/hashicorp/aws\"]",
      "instances": [
        {
          "schema_version": 0,
          "attributes": {
            "id": "traffic-collision-data-pipeline-analytics-d01-lambd-af5f795-role:traffic-collision-data-pipeline-analytics-d01-lam-af5f795-policy",
            "name": "traffic-collision-data-pipeline-analytics-d01-lam-af5f795-policy",
            "name_prefix": "",
            "policy": "{\"Version\":\"2012-10-17\",\"Statement\":[{\"Action\":[\"logs:CreateLogGroup\",\"logs:CreateLogStream\",\"logs:PutLogEvents\",\"s3:GetObject\",\"s3:ListBucket\",\"s3:PutObject\",\"s3:DeleteObject\"],\"Effect\":\"Allow\",\"Resource\":\"*\"}]}",
            "role": "traffic-collision-data-pipeline-analytics-d01-lambd-af5f795-role"
          },
          "sensitive_attributes": [],
          "private": "bnVsbA==",
          "dependencies": [
            "aws_iam_role.traffic_collision_data_pipeline_analytics_d01_lambda_victim_processor_3_role"
          ]
        }
      ]
    },
    {
      "mode": "managed",
      "type": "aws_lambda_function",
      "name": "traffic_collision_data_pipeline_analytics_d01_lambda_case_processor_4",
      "provider": "provider[\"registry.terraform.io/hashicorp/aws\"]",
      "instances": [
        {
          "schema_version": 0,
          "attributes": {
            "architectures": [
              "x86_64"
            ],
            "arn": "arn:aws:lambda:us-east-1:602963248309:function:traffic-collision-data-pipeline-analytics-d01-lambda-cas-df02056",
            "code_sha256": "nhXVH2ylOEKealAnLUHd7QjEdc/ziEtKCiZTxRMyhuc=",
            "code_signing_config_arn": "",
            "dead_letter_config": [],
            "description": "",
            "environment": [
              {
                "variables": {
                  "STAGING_BUCKET_BUCKET": "traffic-collision-data-pipeline-analytics-d01-s3-stagin-ca1d341"
                }
              }
            ],
            "ephemeral_storage": [
              {
                "size": 512
              }
            ],
            "file_system_config": [],
            "filename": "./traffic_collision_data_pipeline_analytics_d01_lambda_case_processor_4_placeholder.zip",
            "function_name": "traffic-collision-data-pipeline-analytics-d01-lambda-cas-df02056",
            "handler": "index.handler",
            "id": "traffic-collision-data-pipeline-analytics-d01-lambda-cas-df02056",
            "image_config": [],
            "image_uri": "",
            "invoke_arn": "arn:aws:apigateway:us-east-1:lambda:path/2015-03-31/functions/arn:aws:lambda:us-east-1:602963248309:function:traffic-collision-data-pipeline-analytics-d01-lambda-cas-df02056/invocations",
            "kms_key_arn": "",
            "last_modified": "2026-04-29T10:40:55.690+0000",
            "layers": null,
            "logging_config": [
              {
                "application_log_level": "",
                "log_format": "Text",
                "log_group": "/aws/lambda/traffic-collision-data-pipeline-analytics-d01-lambda-cas-df02056",
                "system_log_level": ""
              }
            ],
            "memory_size": 256,
            "package_type": "Zip",
            "publish": false,
            "qualified_arn": "arn:aws:lambda:us-east-1:602963248309:function:traffic-collision-data-pipeline-analytics-d01-lambda-cas-df02056:$LATEST",
            "qualified_invoke_arn": "arn:aws:apigateway:us-east-1:lambda:path/2015-03-31/functions/arn:aws:lambda:us-east-1:602963248309:function:traffic-collision-data-pipeline-analytics-d01-lambda-cas-df02056:$LATEST/invocations",
            "replace_security_groups_on_destroy": null,
            "replacement_security_group_ids": null,
            "reserved_concurrent_executions": -1,
            "role": "arn:aws:iam::602963248309:role/traffic-collision-data-pipeline-analytics-d01-lambd-eda9558-role",
            "runtime": "python3.12",
            "s3_bucket": null,
            "s3_key": null,
            "s3_object_version": null,
            "signing_job_arn": "",
            "signing_profile_version_arn": "",
            "skip_destroy": false,
            "snap_start": [],
            "source_code_hash": "nhXVH2ylOEKealAnLUHd7QjEdc/ziEtKCiZTxRMyhuc=",
            "source_code_size": 556,
            "tags": {
              "BusinessUnit": "ANALYTICS",
              "CostCenter": "D01",
              "ManagedBy": "aws-pipeline-engine",
              "Pipeline": "traffic_collision_data_pipeline"
            },
            "tags_all": {
              "BusinessUnit": "ANALYTICS",
              "CostCenter": "D01",
              "ManagedBy": "aws-pipeline-engine",
              "Pipeline": "traffic_collision_data_pipeline"
            },
            "timeout": 60,
            "timeouts": null,
            "tracing_config": [
              {
                "mode": "PassThrough"
              }
            ],
            "version": "$LATEST",
            "vpc_config": []
          },
          "sensitive_attributes": [],
          "private": "eyJlMmJmYjczMC1lY2FhLTExZTYtOGY4OC0zNDM2M2JjN2M0YzAiOnsiY3JlYXRlIjo2MDAwMDAwMDAwMDAsImRlbGV0ZSI6NjAwMDAwMDAwMDAwLCJ1cGRhdGUiOjYwMDAwMDAwMDAwMH19",
          "dependencies": [
            "aws_cloudwatch_log_group.traffic_collision_data_pipeline_analytics_d01_lambda_case_processor_4_lg",
            "aws_iam_role.traffic_collision_data_pipeline_analytics_d01_lambda_case_processor_4_role",
            "aws_s3_bucket.traffic_collision_data_pipeline_analytics_d01_s3_staging_bucket_2",
            "data.archive_file.traffic_collision_data_pipeline_analytics_d01_lambda_case_processor_4_placeholder"
          ]
        }
      ]
    },
    {
      "mode": "managed",
      "type": "aws_lambda_function",
      "name": "traffic_collision_data_pipeline_analytics_d01_lambda_collision_processor_1",
      "provider": "provider[\"registry.terraform.io/hashicorp/aws\"]",
      "instances": [
        {
          "schema_version": 0,
          "attributes": {
            "architectures": [
              "x86_64"
            ],
            "arn": "arn:aws:lambda:us-east-1:602963248309:function:traffic-collision-data-pipeline-analytics-d01-lambda-col-1d1dbb5",
            "code_sha256": "9DeyN95hDn/gDe9DPnNCOP5iBjlRe8LlnkkkcRuKNBE=",
            "code_signing_config_arn": "",
            "dead_letter_config": [],
            "description": "",
            "environment": [
              {
                "variables": {
                  "STAGING_BUCKET_BUCKET": "traffic-collision-data-pipeline-analytics-d01-s3-stagin-ca1d341"
                }
              }
            ],
            "ephemeral_storage": [
              {
                "size": 512
              }
            ],
            "file_system_config": [],
            "filename": "./traffic_collision_data_pipeline_analytics_d01_lambda_collision_processor_1_placeholder.zip",
            "function_name": "traffic-collision-data-pipeline-analytics-d01-lambda-col-1d1dbb5",
            "handler": "index.handler",
            "id": "traffic-collision-data-pipeline-analytics-d01-lambda-col-1d1dbb5",
            "image_config": [],
            "image_uri": "",
            "invoke_arn": "arn:aws:apigateway:us-east-1:lambda:path/2015-03-31/functions/arn:aws:lambda:us-east-1:602963248309:function:traffic-collision-data-pipeline-analytics-d01-lambda-col-1d1dbb5/invocations",
            "kms_key_arn": "",
            "last_modified": "2026-04-29T10:41:26.819+0000",
            "layers": null,
            "logging_config": [
              {
                "application_log_level": "",
                "log_format": "Text",
                "log_group": "/aws/lambda/traffic-collision-data-pipeline-analytics-d01-lambda-col-1d1dbb5",
                "system_log_level": ""
              }
            ],
            "memory_size": 256,
            "package_type": "Zip",
            "publish": false,
            "qualified_arn": "arn:aws:lambda:us-east-1:602963248309:function:traffic-collision-data-pipeline-analytics-d01-lambda-col-1d1dbb5:$LATEST",
            "qualified_invoke_arn": "arn:aws:apigateway:us-east-1:lambda:path/2015-03-31/functions/arn:aws:lambda:us-east-1:602963248309:function:traffic-collision-data-pipeline-analytics-d01-lambda-col-1d1dbb5:$LATEST/invocations",
            "replace_security_groups_on_destroy": null,
            "replacement_security_group_ids": null,
            "reserved_concurrent_executions": -1,
            "role": "arn:aws:iam::602963248309:role/traffic-collision-data-pipeline-analytics-d01-lambd-4f597f2-role",
            "runtime": "python3.12",
            "s3_bucket": null,
            "s3_key": null,
            "s3_object_version": null,
            "signing_job_arn": "",
            "signing_profile_version_arn": "",
            "skip_destroy": false,
            "snap_start": [],
            "source_code_hash": "9DeyN95hDn/gDe9DPnNCOP5iBjlRe8LlnkkkcRuKNBE=",
            "source_code_size": 559,
            "tags": {
              "BusinessUnit": "ANALYTICS",
              "CostCenter": "D01",
              "ManagedBy": "aws-pipeline-engine",
              "Pipeline": "traffic_collision_data_pipeline"
            },
            "tags_all": {
              "BusinessUnit": "ANALYTICS",
              "CostCenter": "D01",
              "ManagedBy": "aws-pipeline-engine",
              "Pipeline": "traffic_collision_data_pipeline"
            },
            "timeout": 60,
            "timeouts": null,
            "tracing_config": [
              {
                "mode": "PassThrough"
              }
            ],
            "version": "$LATEST",
            "vpc_config": []
          },
          "sensitive_attributes": [],
          "private": "eyJlMmJmYjczMC1lY2FhLTExZTYtOGY4OC0zNDM2M2JjN2M0YzAiOnsiY3JlYXRlIjo2MDAwMDAwMDAwMDAsImRlbGV0ZSI6NjAwMDAwMDAwMDAwLCJ1cGRhdGUiOjYwMDAwMDAwMDAwMH19",
          "dependencies": [
            "aws_cloudwatch_log_group.traffic_collision_data_pipeline_analytics_d01_lambda_collision_processor_1_lg",
            "aws_iam_role.traffic_collision_data_pipeline_analytics_d01_lambda_collision_processor_1_role",
            "aws_s3_bucket.traffic_collision_data_pipeline_analytics_d01_s3_staging_bucket_2",
            "data.archive_file.traffic_collision_data_pipeline_analytics_d01_lambda_collision_processor_1_placeholder"
          ]
        }
      ]
    },
    {
      "mode": "managed",
      "type": "aws_lambda_function",
      "name": "traffic_collision_data_pipeline_analytics_d01_lambda_party_processor_2",
      "provider": "provider[\"registry.terraform.io/hashicorp/aws\"]",
      "instances": [
        {
          "schema_version": 0,
          "attributes": {
            "architectures": [
              "x86_64"
            ],
            "arn": "arn:aws:lambda:us-east-1:602963248309:function:traffic-collision-data-pipeline-analytics-d01-lambda-par-47fc142",
            "code_sha256": "YtsMiS1fDfYxiDiXNXqpP0Hoz/CZhhYF+xBl52QNQK8=",
            "code_signing_config_arn": "",
            "dead_letter_config": [],
            "description": "",
            "environment": [
              {
                "variables": {
                  "STAGING_BUCKET_BUCKET": "traffic-collision-data-pipeline-analytics-d01-s3-stagin-ca1d341"
                }
              }
            ],
            "ephemeral_storage": [
              {
                "size": 512
              }
            ],
            "file_system_config": [],
            "filename": "./traffic_collision_data_pipeline_analytics_d01_lambda_party_processor_2_placeholder.zip",
            "function_name": "traffic-collision-data-pipeline-analytics-d01-lambda-par-47fc142",
            "handler": "index.handler",
            "id": "traffic-collision-data-pipeline-analytics-d01-lambda-par-47fc142",
            "image_config": [],
            "image_uri": "",
            "invoke_arn": "arn:aws:apigateway:us-east-1:lambda:path/2015-03-31/functions/arn:aws:lambda:us-east-1:602963248309:function:traffic-collision-data-pipeline-analytics-d01-lambda-par-47fc142/invocations",
            "kms_key_arn": "",
            "last_modified": "2026-04-29T10:41:11.144+0000",
            "layers": null,
            "logging_config": [
              {
                "application_log_level": "",
                "log_format": "Text",
                "log_group": "/aws/lambda/traffic-collision-data-pipeline-analytics-d01-lambda-par-47fc142",
                "system_log_level": ""
              }
            ],
            "memory_size": 256,
            "package_type": "Zip",
            "publish": false,
            "qualified_arn": "arn:aws:lambda:us-east-1:602963248309:function:traffic-collision-data-pipeline-analytics-d01-lambda-par-47fc142:$LATEST",
            "qualified_invoke_arn": "arn:aws:apigateway:us-east-1:lambda:path/2015-03-31/functions/arn:aws:lambda:us-east-1:602963248309:function:traffic-collision-data-pipeline-analytics-d01-lambda-par-47fc142:$LATEST/invocations",
            "replace_security_groups_on_destroy": null,
            "replacement_security_group_ids": null,
            "reserved_concurrent_executions": -1,
            "role": "arn:aws:iam::602963248309:role/traffic-collision-data-pipeline-analytics-d01-lambd-0576b85-role",
            "runtime": "python3.12",
            "s3_bucket": null,
            "s3_key": null,
            "s3_object_version": null,
            "signing_job_arn": "",
            "signing_profile_version_arn": "",
            "skip_destroy": false,
            "snap_start": [],
            "source_code_hash": "YtsMiS1fDfYxiDiXNXqpP0Hoz/CZhhYF+xBl52QNQK8=",
            "source_code_size": 557,
            "tags": {
              "BusinessUnit": "ANALYTICS",
              "CostCenter": "D01",
              "ManagedBy": "aws-pipeline-engine",
              "Pipeline": "traffic_collision_data_pipeline"
            },
            "tags_all": {
              "BusinessUnit": "ANALYTICS",
              "CostCenter": "D01",
              "ManagedBy": "aws-pipeline-engine",
              "Pipeline": "traffic_collision_data_pipeline"
            },
            "timeout": 60,
            "timeouts": null,
            "tracing_config": [
              {
                "mode": "PassThrough"
              }
            ],
            "version": "$LATEST",
            "vpc_config": []
          },
          "sensitive_attributes": [],
          "private": "eyJlMmJmYjczMC1lY2FhLTExZTYtOGY4OC0zNDM2M2JjN2M0YzAiOnsiY3JlYXRlIjo2MDAwMDAwMDAwMDAsImRlbGV0ZSI6NjAwMDAwMDAwMDAwLCJ1cGRhdGUiOjYwMDAwMDAwMDAwMH19",
          "dependencies": [
            "aws_cloudwatch_log_group.traffic_collision_data_pipeline_analytics_d01_lambda_party_processor_2_lg",
            "aws_iam_role.traffic_collision_data_pipeline_analytics_d01_lambda_party_processor_2_role",
            "aws_s3_bucket.traffic_collision_data_pipeline_analytics_d01_s3_staging_bucket_2",
            "data.archive_file.traffic_collision_data_pipeline_analytics_d01_lambda_party_processor_2_placeholder"
          ]
        }
      ]
    },
    {
      "mode": "managed",
      "type": "aws_lambda_function",
      "name": "traffic_collision_data_pipeline_analytics_d01_lambda_refine_data_5",
      "provider": "provider[\"registry.terraform.io/hashicorp/aws\"]",
      "instances": [
        {
          "schema_version": 0,
          "attributes": {
            "architectures": [
              "x86_64"
            ],
            "arn": "arn:aws:lambda:us-east-1:602963248309:function:traffic-collision-data-pipeline-analytics-d01-lambda-ref-d8a0478",
            "code_sha256": "KzsFxaIbQ1XKA0ETTVioDMo8HCxmuhn6CyitgrDZyks=",
            "code_signing_config_arn": "",
            "dead_letter_config": [],
            "description": "",
            "environment": [
              {
                "variables": {
                  "MINILAKE_BUCKET": "traffic-collision-data-pipeline-analytics-d01-s3-minilake-3"
                }
              }
            ],
            "ephemeral_storage": [
              {
                "size": 512
              }
            ],
            "file_system_config": [],
            "filename": "./traffic_collision_data_pipeline_analytics_d01_lambda_refine_data_5_placeholder.zip",
            "function_name": "traffic-collision-data-pipeline-analytics-d01-lambda-ref-d8a0478",
            "handler": "index.handler",
            "id": "traffic-collision-data-pipeline-analytics-d01-lambda-ref-d8a0478",
            "image_config": [],
            "image_uri": "",
            "invoke_arn": "arn:aws:apigateway:us-east-1:lambda:path/2015-03-31/functions/arn:aws:lambda:us-east-1:602963248309:function:traffic-collision-data-pipeline-analytics-d01-lambda-ref-d8a0478/invocations",
            "kms_key_arn": "",
            "last_modified": "2026-04-29T10:41:03.350+0000",
            "layers": null,
            "logging_config": [
              {
                "application_log_level": "",
                "log_format": "Text",
                "log_group": "/aws/lambda/traffic-collision-data-pipeline-analytics-d01-lambda-ref-d8a0478",
                "system_log_level": ""
              }
            ],
            "memory_size": 512,
            "package_type": "Zip",
            "publish": false,
            "qualified_arn": "arn:aws:lambda:us-east-1:602963248309:function:traffic-collision-data-pipeline-analytics-d01-lambda-ref-d8a0478:$LATEST",
            "qualified_invoke_arn": "arn:aws:apigateway:us-east-1:lambda:path/2015-03-31/functions/arn:aws:lambda:us-east-1:602963248309:function:traffic-collision-data-pipeline-analytics-d01-lambda-ref-d8a0478:$LATEST/invocations",
            "replace_security_groups_on_destroy": null,
            "replacement_security_group_ids": null,
            "reserved_concurrent_executions": -1,
            "role": "arn:aws:iam::602963248309:role/traffic-collision-data-pipeline-analytics-d01-lambd-dc24000-role",
            "runtime": "python3.12",
            "s3_bucket": null,
            "s3_key": null,
            "s3_object_version": null,
            "signing_job_arn": "",
            "signing_profile_version_arn": "",
            "skip_destroy": false,
            "snap_start": [],
            "source_code_hash": "KzsFxaIbQ1XKA0ETTVioDMo8HCxmuhn6CyitgrDZyks=",
            "source_code_size": 681,
            "tags": {
              "BusinessUnit": "ANALYTICS",
              "CostCenter": "D01",
              "ManagedBy": "aws-pipeline-engine",
              "Pipeline": "traffic_collision_data_pipeline"
            },
            "tags_all": {
              "BusinessUnit": "ANALYTICS",
              "CostCenter": "D01",
              "ManagedBy": "aws-pipeline-engine",
              "Pipeline": "traffic_collision_data_pipeline"
            },
            "timeout": 300,
            "timeouts": null,
            "tracing_config": [
              {
                "mode": "PassThrough"
              }
            ],
            "version": "$LATEST",
            "vpc_config": []
          },
          "sensitive_attributes": [],
          "private": "eyJlMmJmYjczMC1lY2FhLTExZTYtOGY4OC0zNDM2M2JjN2M0YzAiOnsiY3JlYXRlIjo2MDAwMDAwMDAwMDAsImRlbGV0ZSI6NjAwMDAwMDAwMDAwLCJ1cGRhdGUiOjYwMDAwMDAwMDAwMH19",
          "dependencies": [
            "aws_cloudwatch_log_group.traffic_collision_data_pipeline_analytics_d01_lambda_refine_data_5_lg",
            "aws_iam_role.traffic_collision_data_pipeline_analytics_d01_lambda_refine_data_5_role",
            "aws_s3_bucket.traffic_collision_data_pipeline_analytics_d01_s3_minilake_3",
            "data.archive_file.traffic_collision_data_pipeline_analytics_d01_lambda_refine_data_5_placeholder"
          ]
        }
      ]
    },
    {
      "mode": "managed",
      "type": "aws_lambda_function",
      "name": "traffic_collision_data_pipeline_analytics_d01_lambda_victim_processor_3",
      "provider": "provider[\"registry.terraform.io/hashicorp/aws\"]",
      "instances": [
        {
          "schema_version": 0,
          "attributes": {
            "architectures": [
              "x86_64"
            ],
            "arn": "arn:aws:lambda:us-east-1:602963248309:function:traffic-collision-data-pipeline-analytics-d01-lambda-vic-b1366a4",
            "code_sha256": "p8vOIpo0I1y1/DKD8UxvBkVnvpXMbDNYxB11R+g1z7s=",
            "code_signing_config_arn": "",
            "dead_letter_config": [],
            "description": "",
            "environment": [
              {
                "variables": {
                  "STAGING_BUCKET_BUCKET": "traffic-collision-data-pipeline-analytics-d01-s3-stagin-ca1d341"
                }
              }
            ],
            "ephemeral_storage": [
              {
                "size": 512
              }
            ],
            "file_system_config": [],
            "filename": "./traffic_collision_data_pipeline_analytics_d01_lambda_victim_processor_3_placeholder.zip",
            "function_name": "traffic-collision-data-pipeline-analytics-d01-lambda-vic-b1366a4",
            "handler": "index.handler",
            "id": "traffic-collision-data-pipeline-analytics-d01-lambda-vic-b1366a4",
            "image_config": [],
            "image_uri": "",
            "invoke_arn": "arn:aws:apigateway:us-east-1:lambda:path/2015-03-31/functions/arn:aws:lambda:us-east-1:602963248309:function:traffic-collision-data-pipeline-analytics-d01-lambda-vic-b1366a4/invocations",
            "kms_key_arn": "",
            "last_modified": "2026-04-29T10:41:18.990+0000",
            "layers": null,
            "logging_config": [
              {
                "application_log_level": "",
                "log_format": "Text",
                "log_group": "/aws/lambda/traffic-collision-data-pipeline-analytics-d01-lambda-vic-b1366a4",
                "system_log_level": ""
              }
            ],
            "memory_size": 256,
            "package_type": "Zip",
            "publish": false,
            "qualified_arn": "arn:aws:lambda:us-east-1:602963248309:function:traffic-collision-data-pipeline-analytics-d01-lambda-vic-b1366a4:$LATEST",
            "qualified_invoke_arn": "arn:aws:apigateway:us-east-1:lambda:path/2015-03-31/functions/arn:aws:lambda:us-east-1:602963248309:function:traffic-collision-data-pipeline-analytics-d01-lambda-vic-b1366a4:$LATEST/invocations",
            "replace_security_groups_on_destroy": null,
            "replacement_security_group_ids": null,
            "reserved_concurrent_executions": -1,
            "role": "arn:aws:iam::602963248309:role/traffic-collision-data-pipeline-analytics-d01-lambd-af5f795-role",
            "runtime": "python3.12",
            "s3_bucket": null,
            "s3_key": null,
            "s3_object_version": null,
            "signing_job_arn": "",
            "signing_profile_version_arn": "",
            "skip_destroy": false,
            "snap_start": [],
            "source_code_hash": "p8vOIpo0I1y1/DKD8UxvBkVnvpXMbDNYxB11R+g1z7s=",
            "source_code_size": 557,
            "tags": {
              "BusinessUnit": "ANALYTICS",
              "CostCenter": "D01",
              "ManagedBy": "aws-pipeline-engine",
              "Pipeline": "traffic_collision_data_pipeline"
            },
            "tags_all": {
              "BusinessUnit": "ANALYTICS",
              "CostCenter": "D01",
              "ManagedBy": "aws-pipeline-engine",
              "Pipeline": "traffic_collision_data_pipeline"
            },
            "timeout": 60,
            "timeouts": null,
            "tracing_config": [
              {
                "mode": "PassThrough"
              }
            ],
            "version": "$LATEST",
            "vpc_config": []
          },
          "sensitive_attributes": [],
          "private": "eyJlMmJmYjczMC1lY2FhLTExZTYtOGY4OC0zNDM2M2JjN2M0YzAiOnsiY3JlYXRlIjo2MDAwMDAwMDAwMDAsImRlbGV0ZSI6NjAwMDAwMDAwMDAwLCJ1cGRhdGUiOjYwMDAwMDAwMDAwMH19",
          "dependencies": [
            "aws_cloudwatch_log_group.traffic_collision_data_pipeline_analytics_d01_lambda_victim_processor_3_lg",
            "aws_iam_role.traffic_collision_data_pipeline_analytics_d01_lambda_victim_processor_3_role",
            "aws_s3_bucket.traffic_collision_data_pipeline_analytics_d01_s3_staging_bucket_2",
            "data.archive_file.traffic_collision_data_pipeline_analytics_d01_lambda_victim_processor_3_placeholder"
          ]
        }
      ]
    },
    {
      "mode": "managed",
      "type": "aws_lambda_permission",
      "name": "traffic_collision_data_pipeline_analytics_d01_s3_raw_data_bucket_1_invoke_traffic_collision_data_pipeline_analytics_d01_lambda_case_processor_4",
      "provider": "provider[\"registry.terraform.io/hashicorp/aws\"]",
      "instances": [
        {
          "schema_version": 0,
          "attributes": {
            "action": "lambda:InvokeFunction",
            "event_source_token": null,
            "function_name": "traffic-collision-data-pipeline-analytics-d01-lambda-cas-df02056",
            "function_url_auth_type": null,
            "id": "AllowS3-traffic_collision_data_pipeline_analytics_d01_s3_raw_data_bucket_1-traffic_collisio-f4d6d679",
            "principal": "s3.amazonaws.com",
            "principal_org_id": null,
            "qualifier": "",
            "source_account": null,
            "source_arn": "arn:aws:s3:::traffic-collision-data-pipeline-analytics-d01-s3-raw-da-4f5e3ed",
            "statement_id": "AllowS3-traffic_collision_data_pipeline_analytics_d01_s3_raw_data_bucket_1-traffic_collisio-f4d6d679",
            "statement_id_prefix": ""
          },
          "sensitive_attributes": [],
          "private": "bnVsbA==",
          "dependencies": [
            "aws_cloudwatch_log_group.traffic_collision_data_pipeline_analytics_d01_lambda_case_processor_4_lg",
            "aws_iam_role.traffic_collision_data_pipeline_analytics_d01_lambda_case_processor_4_role",
            "aws_lambda_function.traffic_collision_data_pipeline_analytics_d01_lambda_case_processor_4",
            "aws_s3_bucket.traffic_collision_data_pipeline_analytics_d01_s3_raw_data_bucket_1",
            "aws_s3_bucket.traffic_collision_data_pipeline_analytics_d01_s3_staging_bucket_2",
            "data.archive_file.traffic_collision_data_pipeline_analytics_d01_lambda_case_processor_4_placeholder"
          ]
        }
      ]
    },
    {
      "mode": "managed",
      "type": "aws_lambda_permission",
      "name": "traffic_collision_data_pipeline_analytics_d01_s3_raw_data_bucket_1_invoke_traffic_collision_data_pipeline_analytics_d01_lambda_collision_processor_1",
      "provider": "provider[\"registry.terraform.io/hashicorp/aws\"]",
      "instances": [
        {
          "schema_version": 0,
          "attributes": {
            "action": "lambda:InvokeFunction",
            "event_source_token": null,
            "function_name": "traffic-collision-data-pipeline-analytics-d01-lambda-col-1d1dbb5",
            "function_url_auth_type": null,
            "id": "AllowS3-traffic_collision_data_pipeline_analytics_d01_s3_raw_data_bucket_1-traffic_collisio-5dc3857b",
            "principal": "s3.amazonaws.com",
            "principal_org_id": null,
            "qualifier": "",
            "source_account": null,
            "source_arn": "arn:aws:s3:::traffic-collision-data-pipeline-analytics-d01-s3-raw-da-4f5e3ed",
            "statement_id": "AllowS3-traffic_collision_data_pipeline_analytics_d01_s3_raw_data_bucket_1-traffic_collisio-5dc3857b",
            "statement_id_prefix": ""
          },
          "sensitive_attributes": [],
          "private": "bnVsbA==",
          "dependencies": [
            "aws_cloudwatch_log_group.traffic_collision_data_pipeline_analytics_d01_lambda_collision_processor_1_lg",
            "aws_iam_role.traffic_collision_data_pipeline_analytics_d01_lambda_collision_processor_1_role",
            "aws_lambda_function.traffic_collision_data_pipeline_analytics_d01_lambda_collision_processor_1",
            "aws_s3_bucket.traffic_collision_data_pipeline_analytics_d01_s3_raw_data_bucket_1",
            "aws_s3_bucket.traffic_collision_data_pipeline_analytics_d01_s3_staging_bucket_2",
            "data.archive_file.traffic_collision_data_pipeline_analytics_d01_lambda_collision_processor_1_placeholder"
          ]
        }
      ]
    },
    {
      "mode": "managed",
      "type": "aws_lambda_permission",
      "name": "traffic_collision_data_pipeline_analytics_d01_s3_raw_data_bucket_1_invoke_traffic_collision_data_pipeline_analytics_d01_lambda_party_processor_2",
      "provider": "provider[\"registry.terraform.io/hashicorp/aws\"]",
      "instances": [
        {
          "schema_version": 0,
          "attributes": {
            "action": "lambda:InvokeFunction",
            "event_source_token": null,
            "function_name": "traffic-collision-data-pipeline-analytics-d01-lambda-par-47fc142",
            "function_url_auth_type": null,
            "id": "AllowS3-traffic_collision_data_pipeline_analytics_d01_s3_raw_data_bucket_1-traffic_collisio-383ea227",
            "principal": "s3.amazonaws.com",
            "principal_org_id": null,
            "qualifier": "",
            "source_account": null,
            "source_arn": "arn:aws:s3:::traffic-collision-data-pipeline-analytics-d01-s3-raw-da-4f5e3ed",
            "statement_id": "AllowS3-traffic_collision_data_pipeline_analytics_d01_s3_raw_data_bucket_1-traffic_collisio-383ea227",
            "statement_id_prefix": ""
          },
          "sensitive_attributes": [],
          "private": "bnVsbA==",
          "dependencies": [
            "aws_cloudwatch_log_group.traffic_collision_data_pipeline_analytics_d01_lambda_party_processor_2_lg",
            "aws_iam_role.traffic_collision_data_pipeline_analytics_d01_lambda_party_processor_2_role",
            "aws_lambda_function.traffic_collision_data_pipeline_analytics_d01_lambda_party_processor_2",
            "aws_s3_bucket.traffic_collision_data_pipeline_analytics_d01_s3_raw_data_bucket_1",
            "aws_s3_bucket.traffic_collision_data_pipeline_analytics_d01_s3_staging_bucket_2",
            "data.archive_file.traffic_collision_data_pipeline_analytics_d01_lambda_party_processor_2_placeholder"
          ]
        }
      ]
    },
    {
      "mode": "managed",
      "type": "aws_lambda_permission",
      "name": "traffic_collision_data_pipeline_analytics_d01_s3_raw_data_bucket_1_invoke_traffic_collision_data_pipeline_analytics_d01_lambda_victim_processor_3",
      "provider": "provider[\"registry.terraform.io/hashicorp/aws\"]",
      "instances": [
        {
          "schema_version": 0,
          "attributes": {
            "action": "lambda:InvokeFunction",
            "event_source_token": null,
            "function_name": "traffic-collision-data-pipeline-analytics-d01-lambda-vic-b1366a4",
            "function_url_auth_type": null,
            "id": "AllowS3-traffic_collision_data_pipeline_analytics_d01_s3_raw_data_bucket_1-traffic_collisio-63b5d933",
            "principal": "s3.amazonaws.com",
            "principal_org_id": null,
            "qualifier": "",
            "source_account": null,
            "source_arn": "arn:aws:s3:::traffic-collision-data-pipeline-analytics-d01-s3-raw-da-4f5e3ed",
            "statement_id": "AllowS3-traffic_collision_data_pipeline_analytics_d01_s3_raw_data_bucket_1-traffic_collisio-63b5d933",
            "statement_id_prefix": ""
          },
          "sensitive_attributes": [],
          "private": "bnVsbA==",
          "dependencies": [
            "aws_cloudwatch_log_group.traffic_collision_data_pipeline_analytics_d01_lambda_victim_processor_3_lg",
            "aws_iam_role.traffic_collision_data_pipeline_analytics_d01_lambda_victim_processor_3_role",
            "aws_lambda_function.traffic_collision_data_pipeline_analytics_d01_lambda_victim_processor_3",
            "aws_s3_bucket.traffic_collision_data_pipeline_analytics_d01_s3_raw_data_bucket_1",
            "aws_s3_bucket.traffic_collision_data_pipeline_analytics_d01_s3_staging_bucket_2",
            "data.archive_file.traffic_collision_data_pipeline_analytics_d01_lambda_victim_processor_3_placeholder"
          ]
        }
      ]
    },
    {
      "mode": "managed",
      "type": "aws_lambda_permission",
      "name": "traffic_collision_data_pipeline_analytics_d01_s3_staging_bucket_2_invoke_traffic_collision_data_pipeline_analytics_d01_lambda_refine_data_5",
      "provider": "provider[\"registry.terraform.io/hashicorp/aws\"]",
      "instances": [
        {
          "schema_version": 0,
          "attributes": {
            "action": "lambda:InvokeFunction",
            "event_source_token": null,
            "function_name": "traffic-collision-data-pipeline-analytics-d01-lambda-ref-d8a0478",
            "function_url_auth_type": null,
            "id": "AllowS3-traffic_collision_data_pipeline_analytics_d01_s3_staging_bucket_2-traffic_collision-03631428",
            "principal": "s3.amazonaws.com",
            "principal_org_id": null,
            "qualifier": "",
            "source_account": null,
            "source_arn": "arn:aws:s3:::traffic-collision-data-pipeline-analytics-d01-s3-stagin-ca1d341",
            "statement_id": "AllowS3-traffic_collision_data_pipeline_analytics_d01_s3_staging_bucket_2-traffic_collision-03631428",
            "statement_id_prefix": ""
          },
          "sensitive_attributes": [],
          "private": "bnVsbA==",
          "dependencies": [
            "aws_cloudwatch_log_group.traffic_collision_data_pipeline_analytics_d01_lambda_refine_data_5_lg",
            "aws_iam_role.traffic_collision_data_pipeline_analytics_d01_lambda_refine_data_5_role",
            "aws_lambda_function.traffic_collision_data_pipeline_analytics_d01_lambda_refine_data_5",
            "aws_s3_bucket.traffic_collision_data_pipeline_analytics_d01_s3_minilake_3",
            "aws_s3_bucket.traffic_collision_data_pipeline_analytics_d01_s3_staging_bucket_2",
            "data.archive_file.traffic_collision_data_pipeline_analytics_d01_lambda_refine_data_5_placeholder"
          ]
        }
      ]
    },
    {
      "mode": "managed",
      "type": "aws_s3_bucket",
      "name": "traffic_collision_data_pipeline_analytics_d01_s3_minilake_3",
      "provider": "provider[\"registry.terraform.io/hashicorp/aws\"]",
      "instances": [
        {
          "schema_version": 0,
          "attributes": {
            "acceleration_status": "",
            "acl": null,
            "arn": "arn:aws:s3:::traffic-collision-data-pipeline-analytics-d01-s3-minilake-3",
            "bucket": "traffic-collision-data-pipeline-analytics-d01-s3-minilake-3",
            "bucket_domain_name": "traffic-collision-data-pipeline-analytics-d01-s3-minilake-3.s3.amazonaws.com",
            "bucket_prefix": "",
            "bucket_regional_domain_name": "traffic-collision-data-pipeline-analytics-d01-s3-minilake-3.s3.us-east-1.amazonaws.com",
            "cors_rule": [],
            "force_destroy": true,
            "grant": [
              {
                "id": "6b988a1bfb1696d044a07b3f9fd2a2a715c57a1b22eb6076238db5417a49eab2",
                "permissions": [
                  "FULL_CONTROL"
                ],
                "type": "CanonicalUser",
                "uri": ""
              }
            ],
            "hosted_zone_id": "Z3AQBSTGFYJSTF",
            "id": "traffic-collision-data-pipeline-analytics-d01-s3-minilake-3",
            "lifecycle_rule": [],
            "logging": [],
            "object_lock_configuration": [],
            "object_lock_enabled": false,
            "policy": "",
            "region": "us-east-1",
            "replication_configuration": [],
            "request_payer": "BucketOwner",
            "server_side_encryption_configuration": [
              {
                "rule": [
                  {
                    "apply_server_side_encryption_by_default": [
                      {
                        "kms_master_key_id": "",
                        "sse_algorithm": "AES256"
                      }
                    ],
                    "bucket_key_enabled": false
                  }
                ]
              }
            ],
            "tags": {
              "BusinessUnit": "ANALYTICS",
              "CostCenter": "D01",
              "ManagedBy": "aws-pipeline-engine",
              "Pipeline": "traffic_collision_data_pipeline"
            },
            "tags_all": {
              "BusinessUnit": "ANALYTICS",
              "CostCenter": "D01",
              "ManagedBy": "aws-pipeline-engine",
              "Pipeline": "traffic_collision_data_pipeline"
            },
            "timeouts": null,
            "versioning": [
              {
                "enabled": false,
                "mfa_delete": false
              }
            ],
            "website": [],
            "website_domain": null,
            "website_endpoint": null
          },
          "sensitive_attributes": [],
          "private": "eyJlMmJmYjczMC1lY2FhLTExZTYtOGY4OC0zNDM2M2JjN2M0YzAiOnsiY3JlYXRlIjoxMjAwMDAwMDAwMDAwLCJkZWxldGUiOjM2MDAwMDAwMDAwMDAsInJlYWQiOjEyMDAwMDAwMDAwMDAsInVwZGF0ZSI6MTIwMDAwMDAwMDAwMH19"
        }
      ]
    },
    {
      "mode": "managed",
      "type": "aws_s3_bucket",
      "name": "traffic_collision_data_pipeline_analytics_d01_s3_raw_data_bucket_1",
      "provider": "provider[\"registry.terraform.io/hashicorp/aws\"]",
      "instances": [
        {
          "schema_version": 0,
          "attributes": {
            "acceleration_status": "",
            "acl": null,
            "arn": "arn:aws:s3:::traffic-collision-data-pipeline-analytics-d01-s3-raw-da-4f5e3ed",
            "bucket": "traffic-collision-data-pipeline-analytics-d01-s3-raw-da-4f5e3ed",
            "bucket_domain_name": "traffic-collision-data-pipeline-analytics-d01-s3-raw-da-4f5e3ed.s3.amazonaws.com",
            "bucket_prefix": "",
            "bucket_regional_domain_name": "traffic-collision-data-pipeline-analytics-d01-s3-raw-da-4f5e3ed.s3.us-east-1.amazonaws.com",
            "cors_rule": [],
            "force_destroy": true,
            "grant": [
              {
                "id": "6b988a1bfb1696d044a07b3f9fd2a2a715c57a1b22eb6076238db5417a49eab2",
                "permissions": [
                  "FULL_CONTROL"
                ],
                "type": "CanonicalUser",
                "uri": ""
              }
            ],
            "hosted_zone_id": "Z3AQBSTGFYJSTF",
            "id": "traffic-collision-data-pipeline-analytics-d01-s3-raw-da-4f5e3ed",
            "lifecycle_rule": [],
            "logging": [],
            "object_lock_configuration": [],
            "object_lock_enabled": false,
            "policy": "",
            "region": "us-east-1",
            "replication_configuration": [],
            "request_payer": "BucketOwner",
            "server_side_encryption_configuration": [
              {
                "rule": [
                  {
                    "apply_server_side_encryption_by_default": [
                      {
                        "kms_master_key_id": "",
                        "sse_algorithm": "AES256"
                      }
                    ],
                    "bucket_key_enabled": false
                  }
                ]
              }
            ],
            "tags": {
              "BusinessUnit": "ANALYTICS",
              "CostCenter": "D01",
              "ManagedBy": "aws-pipeline-engine",
              "Pipeline": "traffic_collision_data_pipeline"
            },
            "tags_all": {
              "BusinessUnit": "ANALYTICS",
              "CostCenter": "D01",
              "ManagedBy": "aws-pipeline-engine",
              "Pipeline": "traffic_collision_data_pipeline"
            },
            "timeouts": null,
            "versioning": [
              {
                "enabled": false,
                "mfa_delete": false
              }
            ],
            "website": [],
            "website_domain": null,
            "website_endpoint": null
          },
          "sensitive_attributes": [],
          "private": "eyJlMmJmYjczMC1lY2FhLTExZTYtOGY4OC0zNDM2M2JjN2M0YzAiOnsiY3JlYXRlIjoxMjAwMDAwMDAwMDAwLCJkZWxldGUiOjM2MDAwMDAwMDAwMDAsInJlYWQiOjEyMDAwMDAwMDAwMDAsInVwZGF0ZSI6MTIwMDAwMDAwMDAwMH19"
        }
      ]
    },
    {
      "mode": "managed",
      "type": "aws_s3_bucket",
      "name": "traffic_collision_data_pipeline_analytics_d01_s3_staging_bucket_2",
      "provider": "provider[\"registry.terraform.io/hashicorp/aws\"]",
      "instances": [
        {
          "schema_version": 0,
          "attributes": {
            "acceleration_status": "",
            "acl": null,
            "arn": "arn:aws:s3:::traffic-collision-data-pipeline-analytics-d01-s3-stagin-ca1d341",
            "bucket": "traffic-collision-data-pipeline-analytics-d01-s3-stagin-ca1d341",
            "bucket_domain_name": "traffic-collision-data-pipeline-analytics-d01-s3-stagin-ca1d341.s3.amazonaws.com",
            "bucket_prefix": "",
            "bucket_regional_domain_name": "traffic-collision-data-pipeline-analytics-d01-s3-stagin-ca1d341.s3.us-east-1.amazonaws.com",
            "cors_rule": [],
            "force_destroy": true,
            "grant": [
              {
                "id": "6b988a1bfb1696d044a07b3f9fd2a2a715c57a1b22eb6076238db5417a49eab2",
                "permissions": [
                  "FULL_CONTROL"
                ],
                "type": "CanonicalUser",
                "uri": ""
              }
            ],
            "hosted_zone_id": "Z3AQBSTGFYJSTF",
            "id": "traffic-collision-data-pipeline-analytics-d01-s3-stagin-ca1d341",
            "lifecycle_rule": [],
            "logging": [],
            "object_lock_configuration": [],
            "object_lock_enabled": false,
            "policy": "",
            "region": "us-east-1",
            "replication_configuration": [],
            "request_payer": "BucketOwner",
            "server_side_encryption_configuration": [
              {
                "rule": [
                  {
                    "apply_server_side_encryption_by_default": [
                      {
                        "kms_master_key_id": "",
                        "sse_algorithm": "AES256"
                      }
                    ],
                    "bucket_key_enabled": false
                  }
                ]
              }
            ],
            "tags": {
              "BusinessUnit": "ANALYTICS",
              "CostCenter": "D01",
              "ManagedBy": "aws-pipeline-engine",
              "Pipeline": "traffic_collision_data_pipeline"
            },
            "tags_all": {
              "BusinessUnit": "ANALYTICS",
              "CostCenter": "D01",
              "ManagedBy": "aws-pipeline-engine",
              "Pipeline": "traffic_collision_data_pipeline"
            },
            "timeouts": null,
            "versioning": [
              {
                "enabled": false,
                "mfa_delete": false
              }
            ],
            "website": [],
            "website_domain": null,
            "website_endpoint": null
          },
          "sensitive_attributes": [],
          "private": "eyJlMmJmYjczMC1lY2FhLTExZTYtOGY4OC0zNDM2M2JjN2M0YzAiOnsiY3JlYXRlIjoxMjAwMDAwMDAwMDAwLCJkZWxldGUiOjM2MDAwMDAwMDAwMDAsInJlYWQiOjEyMDAwMDAwMDAwMDAsInVwZGF0ZSI6MTIwMDAwMDAwMDAwMH19"
        }
      ]
    },
    {
      "mode": "managed",
      "type": "aws_s3_bucket_notification",
      "name": "traffic_collision_data_pipeline_analytics_d01_s3_raw_data_bucket_1_notification",
      "provider": "provider[\"registry.terraform.io/hashicorp/aws\"]",
      "instances": [
        {
          "schema_version": 0,
          "attributes": {
            "bucket": "traffic-collision-data-pipeline-analytics-d01-s3-raw-da-4f5e3ed",
            "eventbridge": false,
            "id": "traffic-collision-data-pipeline-analytics-d01-s3-raw-da-4f5e3ed",
            "lambda_function": [
              {
                "events": [
                  "s3:ObjectCreated:*"
                ],
                "filter_prefix": "collision_raw/",
                "filter_suffix": "",
                "id": "traffic_collision_data_pipeline_analytics_d01_s3_raw_data_bucket_1_traffic_collision_data_pipeline_analytics_d01_lambda_collision_processor_1",
                "lambda_function_arn": "arn:aws:lambda:us-east-1:602963248309:function:traffic-collision-data-pipeline-analytics-d01-lambda-col-1d1dbb5"
              },
              {
                "events": [
                  "s3:ObjectCreated:*"
                ],
                "filter_prefix": "party_raw/",
                "filter_suffix": "",
                "id": "traffic_collision_data_pipeline_analytics_d01_s3_raw_data_bucket_1_traffic_collision_data_pipeline_analytics_d01_lambda_party_processor_2",
                "lambda_function_arn": "arn:aws:lambda:us-east-1:602963248309:function:traffic-collision-data-pipeline-analytics-d01-lambda-par-47fc142"
              },
              {
                "events": [
                  "s3:ObjectCreated:*"
                ],
                "filter_prefix": "victim_raw/",
                "filter_suffix": "",
                "id": "traffic_collision_data_pipeline_analytics_d01_s3_raw_data_bucket_1_traffic_collision_data_pipeline_analytics_d01_lambda_victim_processor_3",
                "lambda_function_arn": "arn:aws:lambda:us-east-1:602963248309:function:traffic-collision-data-pipeline-analytics-d01-lambda-vic-b1366a4"
              },
              {
                "events": [
                  "s3:ObjectCreated:*"
                ],
                "filter_prefix": "case_raw/",
                "filter_suffix": "",
                "id": "traffic_collision_data_pipeline_analytics_d01_s3_raw_data_bucket_1_traffic_collision_data_pipeline_analytics_d01_lambda_case_processor_4",
                "lambda_function_arn": "arn:aws:lambda:us-east-1:602963248309:function:traffic-collision-data-pipeline-analytics-d01-lambda-cas-df02056"
              }
            ],
            "queue": [],
            "topic": []
          },
          "sensitive_attributes": [],
          "private": "bnVsbA==",
          "dependencies": [
            "aws_cloudwatch_log_group.traffic_collision_data_pipeline_analytics_d01_lambda_case_processor_4_lg",
            "aws_cloudwatch_log_group.traffic_collision_data_pipeline_analytics_d01_lambda_collision_processor_1_lg",
            "aws_cloudwatch_log_group.traffic_collision_data_pipeline_analytics_d01_lambda_party_processor_2_lg",
            "aws_cloudwatch_log_group.traffic_collision_data_pipeline_analytics_d01_lambda_victim_processor_3_lg",
            "aws_iam_role.traffic_collision_data_pipeline_analytics_d01_lambda_case_processor_4_role",
            "aws_iam_role.traffic_collision_data_pipeline_analytics_d01_lambda_collision_processor_1_role",
            "aws_iam_role.traffic_collision_data_pipeline_analytics_d01_lambda_party_processor_2_role",
            "aws_iam_role.traffic_collision_data_pipeline_analytics_d01_lambda_victim_processor_3_role",
            "aws_lambda_function.traffic_collision_data_pipeline_analytics_d01_lambda_case_processor_4",
            "aws_lambda_function.traffic_collision_data_pipeline_analytics_d01_lambda_collision_processor_1",
            "aws_lambda_function.traffic_collision_data_pipeline_analytics_d01_lambda_party_processor_2",
            "aws_lambda_function.traffic_collision_data_pipeline_analytics_d01_lambda_victim_processor_3",
            "aws_lambda_permission.traffic_collision_data_pipeline_analytics_d01_s3_raw_data_bucket_1_invoke_traffic_collision_data_pipeline_analytics_d01_lambda_case_processor_4",
            "aws_lambda_permission.traffic_collision_data_pipeline_analytics_d01_s3_raw_data_bucket_1_invoke_traffic_collision_data_pipeline_analytics_d01_lambda_collision_processor_1",
            "aws_lambda_permission.traffic_collision_data_pipeline_analytics_d01_s3_raw_data_bucket_1_invoke_traffic_collision_data_pipeline_analytics_d01_lambda_party_processor_2",
            "aws_lambda_permission.traffic_collision_data_pipeline_analytics_d01_s3_raw_data_bucket_1_invoke_traffic_collision_data_pipeline_analytics_d01_lambda_victim_processor_3",
            "aws_s3_bucket.traffic_collision_data_pipeline_analytics_d01_s3_raw_data_bucket_1",
            "aws_s3_bucket.traffic_collision_data_pipeline_analytics_d01_s3_staging_bucket_2",
            "data.archive_file.traffic_collision_data_pipeline_analytics_d01_lambda_case_processor_4_placeholder",
            "data.archive_file.traffic_collision_data_pipeline_analytics_d01_lambda_collision_processor_1_placeholder",
            "data.archive_file.traffic_collision_data_pipeline_analytics_d01_lambda_party_processor_2_placeholder",
            "data.archive_file.traffic_collision_data_pipeline_analytics_d01_lambda_victim_processor_3_placeholder"
          ]
        }
      ]
    },
    {
      "mode": "managed",
      "type": "aws_s3_bucket_notification",
      "name": "traffic_collision_data_pipeline_analytics_d01_s3_staging_bucket_2_notification",
      "provider": "provider[\"registry.terraform.io/hashicorp/aws\"]",
      "instances": [
        {
          "schema_version": 0,
          "attributes": {
            "bucket": "traffic-collision-data-pipeline-analytics-d01-s3-stagin-ca1d341",
            "eventbridge": false,
            "id": "traffic-collision-data-pipeline-analytics-d01-s3-stagin-ca1d341",
            "lambda_function": [
              {
                "events": [
                  "s3:ObjectCreated:*"
                ],
                "filter_prefix": "",
                "filter_suffix": "",
                "id": "traffic_collision_data_pipeline_analytics_d01_s3_staging_bucket_2_traffic_collision_data_pipeline_analytics_d01_lambda_refine_data_5",
                "lambda_function_arn": "arn:aws:lambda:us-east-1:602963248309:function:traffic-collision-data-pipeline-analytics-d01-lambda-ref-d8a0478"
              }
            ],
            "queue": [],
            "topic": []
          },
          "sensitive_attributes": [],
          "private": "bnVsbA==",
          "dependencies": [
            "aws_cloudwatch_log_group.traffic_collision_data_pipeline_analytics_d01_lambda_refine_data_5_lg",
            "aws_iam_role.traffic_collision_data_pipeline_analytics_d01_lambda_refine_data_5_role",
            "aws_lambda_function.traffic_collision_data_pipeline_analytics_d01_lambda_refine_data_5",
            "aws_lambda_permission.traffic_collision_data_pipeline_analytics_d01_s3_staging_bucket_2_invoke_traffic_collision_data_pipeline_analytics_d01_lambda_refine_data_5",
            "aws_s3_bucket.traffic_collision_data_pipeline_analytics_d01_s3_minilake_3",
            "aws_s3_bucket.traffic_collision_data_pipeline_analytics_d01_s3_staging_bucket_2",
            "data.archive_file.traffic_collision_data_pipeline_analytics_d01_lambda_refine_data_5_placeholder"
          ]
        }
      ]
    },
    {
      "mode": "managed",
      "type": "aws_s3_bucket_server_side_encryption_configuration",
      "name": "traffic_collision_data_pipeline_analytics_d01_s3_minilake_3_sse",
      "provider": "provider[\"registry.terraform.io/hashicorp/aws\"]",
      "instances": [
        {
          "schema_version": 0,
          "attributes": {
            "bucket": "traffic-collision-data-pipeline-analytics-d01-s3-minilake-3",
            "expected_bucket_owner": "",
            "id": "traffic-collision-data-pipeline-analytics-d01-s3-minilake-3",
            "rule": [
              {
                "apply_server_side_encryption_by_default": [
                  {
                    "kms_master_key_id": "",
                    "sse_algorithm": "AES256"
                  }
                ],
                "bucket_key_enabled": null
              }
            ]
          },
          "sensitive_attributes": [],
          "private": "bnVsbA==",
          "dependencies": [
            "aws_s3_bucket.traffic_collision_data_pipeline_analytics_d01_s3_minilake_3"
          ]
        }
      ]
    },
    {
      "mode": "managed",
      "type": "aws_s3_bucket_server_side_encryption_configuration",
      "name": "traffic_collision_data_pipeline_analytics_d01_s3_raw_data_bucket_1_sse",
      "provider": "provider[\"registry.terraform.io/hashicorp/aws\"]",
      "instances": [
        {
          "schema_version": 0,
          "attributes": {
            "bucket": "traffic-collision-data-pipeline-analytics-d01-s3-raw-da-4f5e3ed",
            "expected_bucket_owner": "",
            "id": "traffic-collision-data-pipeline-analytics-d01-s3-raw-da-4f5e3ed",
            "rule": [
              {
                "apply_server_side_encryption_by_default": [
                  {
                    "kms_master_key_id": "",
                    "sse_algorithm": "AES256"
                  }
                ],
                "bucket_key_enabled": null
              }
            ]
          },
          "sensitive_attributes": [],
          "private": "bnVsbA==",
          "dependencies": [
            "aws_s3_bucket.traffic_collision_data_pipeline_analytics_d01_s3_raw_data_bucket_1"
          ]
        }
      ]
    },
    {
      "mode": "managed",
      "type": "aws_s3_bucket_server_side_encryption_configuration",
      "name": "traffic_collision_data_pipeline_analytics_d01_s3_staging_bucket_2_sse",
      "provider": "provider[\"registry.terraform.io/hashicorp/aws\"]",
      "instances": [
        {
          "schema_version": 0,
          "attributes": {
            "bucket": "traffic-collision-data-pipeline-analytics-d01-s3-stagin-ca1d341",
            "expected_bucket_owner": "",
            "id": "traffic-collision-data-pipeline-analytics-d01-s3-stagin-ca1d341",
            "rule": [
              {
                "apply_server_side_encryption_by_default": [
                  {
                    "kms_master_key_id": "",
                    "sse_algorithm": "AES256"
                  }
                ],
                "bucket_key_enabled": null
              }
            ]
          },
          "sensitive_attributes": [],
          "private": "bnVsbA==",
          "dependencies": [
            "aws_s3_bucket.traffic_collision_data_pipeline_analytics_d01_s3_staging_bucket_2"
          ]
        }
      ]
    },
    {
      "mode": "managed",
      "type": "aws_s3_bucket_versioning",
      "name": "traffic_collision_data_pipeline_analytics_d01_s3_minilake_3_versioning",
      "provider": "provider[\"registry.terraform.io/hashicorp/aws\"]",
      "instances": [
        {
          "schema_version": 0,
          "attributes": {
            "bucket": "traffic-collision-data-pipeline-analytics-d01-s3-minilake-3",
            "expected_bucket_owner": "",
            "id": "traffic-collision-data-pipeline-analytics-d01-s3-minilake-3",
            "mfa": null,
            "versioning_configuration": [
              {
                "mfa_delete": "",
                "status": "Suspended"
              }
            ]
          },
          "sensitive_attributes": [],
          "private": "bnVsbA==",
          "dependencies": [
            "aws_s3_bucket.traffic_collision_data_pipeline_analytics_d01_s3_minilake_3"
          ]
        }
      ]
    },
    {
      "mode": "managed",
      "type": "aws_s3_bucket_versioning",
      "name": "traffic_collision_data_pipeline_analytics_d01_s3_raw_data_bucket_1_versioning",
      "provider": "provider[\"registry.terraform.io/hashicorp/aws\"]",
      "instances": [
        {
          "schema_version": 0,
          "attributes": {
            "bucket": "traffic-collision-data-pipeline-analytics-d01-s3-raw-da-4f5e3ed",
            "expected_bucket_owner": "",
            "id": "traffic-collision-data-pipeline-analytics-d01-s3-raw-da-4f5e3ed",
            "mfa": null,
            "versioning_configuration": [
              {
                "mfa_delete": "",
                "status": "Suspended"
              }
            ]
          },
          "sensitive_attributes": [],
          "private": "bnVsbA==",
          "dependencies": [
            "aws_s3_bucket.traffic_collision_data_pipeline_analytics_d01_s3_raw_data_bucket_1"
          ]
        }
      ]
    },
    {
      "mode": "managed",
      "type": "aws_s3_bucket_versioning",
      "name": "traffic_collision_data_pipeline_analytics_d01_s3_staging_bucket_2_versioning",
      "provider": "provider[\"registry.terraform.io/hashicorp/aws\"]",
      "instances": [
        {
          "schema_version": 0,
          "attributes": {
            "bucket": "traffic-collision-data-pipeline-analytics-d01-s3-stagin-ca1d341",
            "expected_bucket_owner": "",
            "id": "traffic-collision-data-pipeline-analytics-d01-s3-stagin-ca1d341",
            "mfa": null,
            "versioning_configuration": [
              {
                "mfa_delete": "",
                "status": "Suspended"
              }
            ]
          },
          "sensitive_attributes": [],
          "private": "bnVsbA==",
          "dependencies": [
            "aws_s3_bucket.traffic_collision_data_pipeline_analytics_d01_s3_staging_bucket_2"
          ]
        }
      ]
    },
    {
      "mode": "managed",
      "type": "aws_s3_object",
      "name": "traffic_collision_data_pipeline_analytics_d01_s3_raw_data_bucket_1_case_raw_prefix",
      "provider": "provider[\"registry.terraform.io/hashicorp/aws\"]",
      "instances": [
        {
          "schema_version": 0,
          "attributes": {
            "acl": null,
            "arn": "arn:aws:s3:::traffic-collision-data-pipeline-analytics-d01-s3-raw-da-4f5e3ed/case_raw/",
            "bucket": "traffic-collision-data-pipeline-analytics-d01-s3-raw-da-4f5e3ed",
            "bucket_key_enabled": false,
            "cache_control": "",
            "checksum_algorithm": null,
            "checksum_crc32": "",
            "checksum_crc32c": "",
            "checksum_crc64nvme": "",
            "checksum_sha1": "",
            "checksum_sha256": "",
            "content": null,
            "content_base64": null,
            "content_disposition": "",
            "content_encoding": "",
            "content_language": "",
            "content_type": "application/x-directory",
            "etag": "d41d8cd98f00b204e9800998ecf8427e",
            "force_destroy": false,
            "id": "case_raw/",
            "key": "case_raw/",
            "kms_key_id": null,
            "metadata": null,
            "object_lock_legal_hold_status": "",
            "object_lock_mode": "",
            "object_lock_retain_until_date": "",
            "override_provider": [],
            "server_side_encryption": "AES256",
            "source": null,
            "source_hash": null,
            "storage_class": "STANDARD",
            "tags": null,
            "tags_all": {},
            "version_id": "",
            "website_redirect": ""
          },
          "sensitive_attributes": [],
          "private": "bnVsbA==",
          "dependencies": [
            "aws_s3_bucket.traffic_collision_data_pipeline_analytics_d01_s3_raw_data_bucket_1"
          ]
        }
      ]
    },
    {
      "mode": "managed",
      "type": "aws_s3_object",
      "name": "traffic_collision_data_pipeline_analytics_d01_s3_raw_data_bucket_1_collision_raw_prefix",
      "provider": "provider[\"registry.terraform.io/hashicorp/aws\"]",
      "instances": [
        {
          "schema_version": 0,
          "attributes": {
            "acl": null,
            "arn": "arn:aws:s3:::traffic-collision-data-pipeline-analytics-d01-s3-raw-da-4f5e3ed/collision_raw/",
            "bucket": "traffic-collision-data-pipeline-analytics-d01-s3-raw-da-4f5e3ed",
            "bucket_key_enabled": false,
            "cache_control": "",
            "checksum_algorithm": null,
            "checksum_crc32": "",
            "checksum_crc32c": "",
            "checksum_crc64nvme": "",
            "checksum_sha1": "",
            "checksum_sha256": "",
            "content": null,
            "content_base64": null,
            "content_disposition": "",
            "content_encoding": "",
            "content_language": "",
            "content_type": "application/x-directory",
            "etag": "d41d8cd98f00b204e9800998ecf8427e",
            "force_destroy": false,
            "id": "collision_raw/",
            "key": "collision_raw/",
            "kms_key_id": null,
            "metadata": null,
            "object_lock_legal_hold_status": "",
            "object_lock_mode": "",
            "object_lock_retain_until_date": "",
            "override_provider": [],
            "server_side_encryption": "AES256",
            "source": null,
            "source_hash": null,
            "storage_class": "STANDARD",
            "tags": null,
            "tags_all": {},
            "version_id": "",
            "website_redirect": ""
          },
          "sensitive_attributes": [],
          "private": "bnVsbA==",
          "dependencies": [
            "aws_s3_bucket.traffic_collision_data_pipeline_analytics_d01_s3_raw_data_bucket_1"
          ]
        }
      ]
    },
    {
      "mode": "managed",
      "type": "aws_s3_object",
      "name": "traffic_collision_data_pipeline_analytics_d01_s3_raw_data_bucket_1_party_raw_prefix",
      "provider": "provider[\"registry.terraform.io/hashicorp/aws\"]",
      "instances": [
        {
          "schema_version": 0,
          "attributes": {
            "acl": null,
            "arn": "arn:aws:s3:::traffic-collision-data-pipeline-analytics-d01-s3-raw-da-4f5e3ed/party_raw/",
            "bucket": "traffic-collision-data-pipeline-analytics-d01-s3-raw-da-4f5e3ed",
            "bucket_key_enabled": false,
            "cache_control": "",
            "checksum_algorithm": null,
            "checksum_crc32": "",
            "checksum_crc32c": "",
            "checksum_crc64nvme": "",
            "checksum_sha1": "",
            "checksum_sha256": "",
            "content": null,
            "content_base64": null,
            "content_disposition": "",
            "content_encoding": "",
            "content_language": "",
            "content_type": "application/x-directory",
            "etag": "d41d8cd98f00b204e9800998ecf8427e",
            "force_destroy": false,
            "id": "party_raw/",
            "key": "party_raw/",
            "kms_key_id": null,
            "metadata": null,
            "object_lock_legal_hold_status": "",
            "object_lock_mode": "",
            "object_lock_retain_until_date": "",
            "override_provider": [],
            "server_side_encryption": "AES256",
            "source": null,
            "source_hash": null,
            "storage_class": "STANDARD",
            "tags": null,
            "tags_all": {},
            "version_id": "",
            "website_redirect": ""
          },
          "sensitive_attributes": [],
          "private": "bnVsbA==",
          "dependencies": [
            "aws_s3_bucket.traffic_collision_data_pipeline_analytics_d01_s3_raw_data_bucket_1"
          ]
        }
      ]
    },
    {
      "mode": "managed",
      "type": "aws_s3_object",
      "name": "traffic_collision_data_pipeline_analytics_d01_s3_raw_data_bucket_1_victim_raw_prefix",
      "provider": "provider[\"registry.terraform.io/hashicorp/aws\"]",
      "instances": [
        {
          "schema_version": 0,
          "attributes": {
            "acl": null,
            "arn": "arn:aws:s3:::traffic-collision-data-pipeline-analytics-d01-s3-raw-da-4f5e3ed/victim_raw/",
            "bucket": "traffic-collision-data-pipeline-analytics-d01-s3-raw-da-4f5e3ed",
            "bucket_key_enabled": false,
            "cache_control": "",
            "checksum_algorithm": null,
            "checksum_crc32": "",
            "checksum_crc32c": "",
            "checksum_crc64nvme": "",
            "checksum_sha1": "",
            "checksum_sha256": "",
            "content": null,
            "content_base64": null,
            "content_disposition": "",
            "content_encoding": "",
            "content_language": "",
            "content_type": "application/x-directory",
            "etag": "d41d8cd98f00b204e9800998ecf8427e",
            "force_destroy": false,
            "id": "victim_raw/",
            "key": "victim_raw/",
            "kms_key_id": null,
            "metadata": null,
            "object_lock_legal_hold_status": "",
            "object_lock_mode": "",
            "object_lock_retain_until_date": "",
            "override_provider": [],
            "server_side_encryption": "AES256",
            "source": null,
            "source_hash": null,
            "storage_class": "STANDARD",
            "tags": null,
            "tags_all": {},
            "version_id": "",
            "website_redirect": ""
          },
          "sensitive_attributes": [],
          "private": "bnVsbA==",
          "dependencies": [
            "aws_s3_bucket.traffic_collision_data_pipeline_analytics_d01_s3_raw_data_bucket_1"
          ]
        }
      ]
    },
    {
      "mode": "managed",
      "type": "aws_s3_object",
      "name": "traffic_collision_data_pipeline_analytics_d01_s3_staging_bucket_2_case_prefix",
      "provider": "provider[\"registry.terraform.io/hashicorp/aws\"]",
      "instances": [
        {
          "schema_version": 0,
          "attributes": {
            "acl": null,
            "arn": "arn:aws:s3:::traffic-collision-data-pipeline-analytics-d01-s3-stagin-ca1d341/case/",
            "bucket": "traffic-collision-data-pipeline-analytics-d01-s3-stagin-ca1d341",
            "bucket_key_enabled": false,
            "cache_control": "",
            "checksum_algorithm": null,
            "checksum_crc32": "",
            "checksum_crc32c": "",
            "checksum_crc64nvme": "",
            "checksum_sha1": "",
            "checksum_sha256": "",
            "content": null,
            "content_base64": null,
            "content_disposition": "",
            "content_encoding": "",
            "content_language": "",
            "content_type": "application/x-directory",
            "etag": "d41d8cd98f00b204e9800998ecf8427e",
            "force_destroy": false,
            "id": "case/",
            "key": "case/",
            "kms_key_id": null,
            "metadata": null,
            "object_lock_legal_hold_status": "",
            "object_lock_mode": "",
            "object_lock_retain_until_date": "",
            "override_provider": [],
            "server_side_encryption": "AES256",
            "source": null,
            "source_hash": null,
            "storage_class": "STANDARD",
            "tags": null,
            "tags_all": {},
            "version_id": "",
            "website_redirect": ""
          },
          "sensitive_attributes": [],
          "private": "bnVsbA==",
          "dependencies": [
            "aws_s3_bucket.traffic_collision_data_pipeline_analytics_d01_s3_staging_bucket_2"
          ]
        }
      ]
    },
    {
      "mode": "managed",
      "type": "aws_s3_object",
      "name": "traffic_collision_data_pipeline_analytics_d01_s3_staging_bucket_2_collision_prefix",
      "provider": "provider[\"registry.terraform.io/hashicorp/aws\"]",
      "instances": [
        {
          "schema_version": 0,
          "attributes": {
            "acl": null,
            "arn": "arn:aws:s3:::traffic-collision-data-pipeline-analytics-d01-s3-stagin-ca1d341/collision/",
            "bucket": "traffic-collision-data-pipeline-analytics-d01-s3-stagin-ca1d341",
            "bucket_key_enabled": false,
            "cache_control": "",
            "checksum_algorithm": null,
            "checksum_crc32": "",
            "checksum_crc32c": "",
            "checksum_crc64nvme": "",
            "checksum_sha1": "",
            "checksum_sha256": "",
            "content": null,
            "content_base64": null,
            "content_disposition": "",
            "content_encoding": "",
            "content_language": "",
            "content_type": "application/x-directory",
            "etag": "d41d8cd98f00b204e9800998ecf8427e",
            "force_destroy": false,
            "id": "collision/",
            "key": "collision/",
            "kms_key_id": null,
            "metadata": null,
            "object_lock_legal_hold_status": "",
            "object_lock_mode": "",
            "object_lock_retain_until_date": "",
            "override_provider": [],
            "server_side_encryption": "AES256",
            "source": null,
            "source_hash": null,
            "storage_class": "STANDARD",
            "tags": null,
            "tags_all": {},
            "version_id": "",
            "website_redirect": ""
          },
          "sensitive_attributes": [],
          "private": "bnVsbA==",
          "dependencies": [
            "aws_s3_bucket.traffic_collision_data_pipeline_analytics_d01_s3_staging_bucket_2"
          ]
        }
      ]
    },
    {
      "mode": "managed",
      "type": "aws_s3_object",
      "name": "traffic_collision_data_pipeline_analytics_d01_s3_staging_bucket_2_party_prefix",
      "provider": "provider[\"registry.terraform.io/hashicorp/aws\"]",
      "instances": [
        {
          "schema_version": 0,
          "attributes": {
            "acl": null,
            "arn": "arn:aws:s3:::traffic-collision-data-pipeline-analytics-d01-s3-stagin-ca1d341/party/",
            "bucket": "traffic-collision-data-pipeline-analytics-d01-s3-stagin-ca1d341",
            "bucket_key_enabled": false,
            "cache_control": "",
            "checksum_algorithm": null,
            "checksum_crc32": "",
            "checksum_crc32c": "",
            "checksum_crc64nvme": "",
            "checksum_sha1": "",
            "checksum_sha256": "",
            "content": null,
            "content_base64": null,
            "content_disposition": "",
            "content_encoding": "",
            "content_language": "",
            "content_type": "application/x-directory",
            "etag": "d41d8cd98f00b204e9800998ecf8427e",
            "force_destroy": false,
            "id": "party/",
            "key": "party/",
            "kms_key_id": null,
            "metadata": null,
            "object_lock_legal_hold_status": "",
            "object_lock_mode": "",
            "object_lock_retain_until_date": "",
            "override_provider": [],
            "server_side_encryption": "AES256",
            "source": null,
            "source_hash": null,
            "storage_class": "STANDARD",
            "tags": null,
            "tags_all": {},
            "version_id": "",
            "website_redirect": ""
          },
          "sensitive_attributes": [],
          "private": "bnVsbA==",
          "dependencies": [
            "aws_s3_bucket.traffic_collision_data_pipeline_analytics_d01_s3_staging_bucket_2"
          ]
        }
      ]
    },
    {
      "mode": "managed",
      "type": "aws_s3_object",
      "name": "traffic_collision_data_pipeline_analytics_d01_s3_staging_bucket_2_victim_prefix",
      "provider": "provider[\"registry.terraform.io/hashicorp/aws\"]",
      "instances": [
        {
          "schema_version": 0,
          "attributes": {
            "acl": null,
            "arn": "arn:aws:s3:::traffic-collision-data-pipeline-analytics-d01-s3-stagin-ca1d341/victim/",
            "bucket": "traffic-collision-data-pipeline-analytics-d01-s3-stagin-ca1d341",
            "bucket_key_enabled": false,
            "cache_control": "",
            "checksum_algorithm": null,
            "checksum_crc32": "",
            "checksum_crc32c": "",
            "checksum_crc64nvme": "",
            "checksum_sha1": "",
            "checksum_sha256": "",
            "content": null,
            "content_base64": null,
            "content_disposition": "",
            "content_encoding": "",
            "content_language": "",
            "content_type": "application/x-directory",
            "etag": "d41d8cd98f00b204e9800998ecf8427e",
            "force_destroy": false,
            "id": "victim/",
            "key": "victim/",
            "kms_key_id": null,
            "metadata": null,
            "object_lock_legal_hold_status": "",
            "object_lock_mode": "",
            "object_lock_retain_until_date": "",
            "override_provider": [],
            "server_side_encryption": "AES256",
            "source": null,
            "source_hash": null,
            "storage_class": "STANDARD",
            "tags": null,
            "tags_all": {},
            "version_id": "",
            "website_redirect": ""
          },
          "sensitive_attributes": [],
          "private": "bnVsbA==",
          "dependencies": [
            "aws_s3_bucket.traffic_collision_data_pipeline_analytics_d01_s3_staging_bucket_2"
          ]
        }
      ]
    }
  ],
  "check_results": null
}
