{
  "version": 4,
  "terraform_version": "1.7.5",
  "serial": 83,
  "lineage": "bc233efd-a384-04ff-a9d8-d997c51d625f",
  "outputs": {},
  "resources": [
    {
      "mode": "data",
      "type": "archive_file",
      "name": "batch_data_processing_pipeline_engineering_cc001_lambda_case_processor_4_placeholder",
      "provider": "provider[\"registry.terraform.io/hashicorp/archive\"]",
      "instances": [
        {
          "schema_version": 0,
          "attributes": {
            "exclude_symlink_directories": null,
            "excludes": null,
            "id": "ced0f306fd22c1fe399861a5de64317ae2b748e8",
            "output_base64sha256": "YMb7Z7DbiLcQKRQF9rjSclPO8e0DZWJ4zhJJfaJXWw8=",
            "output_base64sha512": "xtWpK2bqvtXYv9wwAbFtUa9zwLfhA3290kESV2dwer4WcjUrv1MDXebncl/sMO/rbnK2u+Vzqpc0b3eLsx4ZUw==",
            "output_file_mode": null,
            "output_md5": "05875d057059e5ec249e43b261b53f18",
            "output_path": "./batch_data_processing_pipeline_engineering_cc001_lambda_case_processor_4_placeholder.zip",
            "output_sha": "ced0f306fd22c1fe399861a5de64317ae2b748e8",
            "output_sha256": "60c6fb67b0db88b710291405f6b8d27253cef1ed03656278ce12497da2575b0f",
            "output_sha512": "c6d5a92b66eabed5d8bfdc3001b16d51af73c0b7e1037dbdd241125767707abe1672352bbf53035de6e7725fec30efeb6e72b6bbe573aa97346f778bb31e1953",
            "output_size": 547,
            "source": [
              {
                "content": "import json\nimport os\nimport boto3\n\ndef handler(event, context):\n    s3_client = boto3.client('s3')\n    staging_bucket = os.environ.get('CASE_STAGING_BUCKET_NAME')\n    \n    for record in event['Records']:\n        bucket = record['s3']['bucket']['name']\n        key = record['s3']['object']['key']\n        print(f'Processing case data: s3://{bucket}/{key}')\n        \n        # Read source data\n        response = s3_client.get_object(Bucket=bucket, Key=key)\n        data = response['Body'].read().decode('utf-8')\n        \n        # Process and write to staging\n        processed_key = key.replace('case_raw/', 'case_staging/')\n        s3_client.put_object(\n            Bucket=staging_bucket,\n            Key=processed_key,\n            Body=data\n        )\n    \n    return {'statusCode': 200, 'body': 'Case data processed'}",
                "filename": "index.py"
              }
            ],
            "source_content": null,
            "source_content_filename": null,
            "source_dir": null,
            "source_file": null,
            "type": "zip"
          },
          "sensitive_attributes": []
        }
      ]
    },
    {
      "mode": "data",
      "type": "archive_file",
      "name": "batch_data_processing_pipeline_engineering_cc001_lambda_collision_processor_1_placeholder",
      "provider": "provider[\"registry.terraform.io/hashicorp/archive\"]",
      "instances": [
        {
          "schema_version": 0,
          "attributes": {
            "exclude_symlink_directories": null,
            "excludes": null,
            "id": "71a1dedaaaaf021c9b9fa88c408164dc20a007e0",
            "output_base64sha256": "UJBxIJNdLdm4mCyiOjgW1T3Tkjfb0FgAwvhXXLtMLbI=",
            "output_base64sha512": "LJOfMg+7Qyp3Wod7lrIyNAdgH4EkY+0uYfFub7+y34apc05O6qT3pd2+c/IgTrMfOJLy9gwksdeCT+BEIfST7g==",
            "output_file_mode": null,
            "output_md5": "76fc0baea9a2e649723d659730db1798",
            "output_path": "./batch_data_processing_pipeline_engineering_cc001_lambda_collision_processor_1_placeholder.zip",
            "output_sha": "71a1dedaaaaf021c9b9fa88c408164dc20a007e0",
            "output_sha256": "50907120935d2dd9b8982ca23a3816d53dd39237dbd05800c2f8575cbb4c2db2",
            "output_sha512": "2c939f320fbb432a775a877b96b2323407601f812463ed2e61f16e6fbfb2df86a9734e4eeaa4f7a5ddbe73f2204eb31f3892f2f60c24b1d7824fe04421f493ee",
            "output_size": 558,
            "source": [
              {
                "content": "import json\nimport os\nimport boto3\n\ndef handler(event, context):\n    s3_client = boto3.client('s3')\n    staging_bucket = os.environ.get('COLLISION_STAGING_BUCKET_NAME')\n    \n    for record in event['Records']:\n        bucket = record['s3']['bucket']['name']\n        key = record['s3']['object']['key']\n        print(f'Processing collision data: s3://{bucket}/{key}')\n        \n        # Read source data\n        response = s3_client.get_object(Bucket=bucket, Key=key)\n        data = response['Body'].read().decode('utf-8')\n        \n        # Process and write to staging\n        processed_key = key.replace('collision_raw/', 'collision_staging/')\n        s3_client.put_object(\n            Bucket=staging_bucket,\n            Key=processed_key,\n            Body=data\n        )\n    \n    return {'statusCode': 200, 'body': 'Collision data processed'}",
                "filename": "index.py"
              }
            ],
            "source_content": null,
            "source_content_filename": null,
            "source_dir": null,
            "source_file": null,
            "type": "zip"
          },
          "sensitive_attributes": []
        }
      ]
    },
    {
      "mode": "data",
      "type": "archive_file",
      "name": "batch_data_processing_pipeline_engineering_cc001_lambda_party_processor_2_placeholder",
      "provider": "provider[\"registry.terraform.io/hashicorp/archive\"]",
      "instances": [
        {
          "schema_version": 0,
          "attributes": {
            "exclude_symlink_directories": null,
            "excludes": null,
            "id": "713b3048c3f71cc23b0a7746de71b1524e5be058",
            "output_base64sha256": "5ih6JcnnInn4Fo1HRWSgUBPqrwsOQt+8YT5cFcG1o2U=",
            "output_base64sha512": "+nhXs6gppR/L+yY55GXMEvTqF5KkP5NI9kbBZdtk1Gp6UTxsnvm2K6Tmzbu9UY74AWSnyCV9gidnhUzxOgBfuw==",
            "output_file_mode": null,
            "output_md5": "e111667302789897808fc0e8639790d1",
            "output_path": "./batch_data_processing_pipeline_engineering_cc001_lambda_party_processor_2_placeholder.zip",
            "output_sha": "713b3048c3f71cc23b0a7746de71b1524e5be058",
            "output_sha256": "e6287a25c9e72279f8168d474564a05013eaaf0b0e42dfbc613e5c15c1b5a365",
            "output_sha512": "fa7857b3a829a51fcbfb2639e465cc12f4ea1792a43f9348f646c165db64d46a7a513c6c9ef9b62ba4e6cdbbbd518ef80164a7c8257d822767854cf13a005fbb",
            "output_size": 551,
            "source": [
              {
                "content": "import json\nimport os\nimport boto3\n\ndef handler(event, context):\n    s3_client = boto3.client('s3')\n    staging_bucket = os.environ.get('PARTY_STAGING_BUCKET_NAME')\n    \n    for record in event['Records']:\n        bucket = record['s3']['bucket']['name']\n        key = record['s3']['object']['key']\n        print(f'Processing party data: s3://{bucket}/{key}')\n        \n        # Read source data\n        response = s3_client.get_object(Bucket=bucket, Key=key)\n        data = response['Body'].read().decode('utf-8')\n        \n        # Process and write to staging\n        processed_key = key.replace('party_raw/', 'party_staging/')\n        s3_client.put_object(\n            Bucket=staging_bucket,\n            Key=processed_key,\n            Body=data\n        )\n    \n    return {'statusCode': 200, 'body': 'Party data processed'}",
                "filename": "index.py"
              }
            ],
            "source_content": null,
            "source_content_filename": null,
            "source_dir": null,
            "source_file": null,
            "type": "zip"
          },
          "sensitive_attributes": []
        }
      ]
    },
    {
      "mode": "data",
      "type": "archive_file",
      "name": "batch_data_processing_pipeline_engineering_cc001_lambda_refine_data_5_placeholder",
      "provider": "provider[\"registry.terraform.io/hashicorp/archive\"]",
      "instances": [
        {
          "schema_version": 0,
          "attributes": {
            "exclude_symlink_directories": null,
            "excludes": null,
            "id": "15cde28e394db1c3e1081153b952508ad3a7e38c",
            "output_base64sha256": "hG5ExWcE7AG4uh2IfhRF7B5EPYdJWS5X8GTO2vqar3M=",
            "output_base64sha512": "MwETRNrPsTyq5sF5yercfsgL1E8BsEvCtlj1kTfsGx/GERaFTluGWOJMIeW3Mgqnc7nCEizdZ1RocTliVOtdMQ==",
            "output_file_mode": null,
            "output_md5": "dac860549879190f3cde77cfc22f6cde",
            "output_path": "./batch_data_processing_pipeline_engineering_cc001_lambda_refine_data_5_placeholder.zip",
            "output_sha": "15cde28e394db1c3e1081153b952508ad3a7e38c",
            "output_sha256": "846e44c56704ec01b8ba1d887e1445ec1e443d8749592e57f064cedafa9aaf73",
            "output_sha512": "33011344dacfb13caae6c179c9eadc7ec80bd44f01b04bc2b658f59137ec1b1fc61116854e5b8658e24c21e5b7320aa773b9c2122cdd67546871396254eb5d31",
            "output_size": 633,
            "source": [
              {
                "content": "import json\nimport os\nimport boto3\n\ndef handler(event, context):\n    s3_client = boto3.client('s3')\n    minilake_bucket = os.environ.get('MINILAKE_BUCKET_NAME')\n    \n    for record in event['Records']:\n        bucket = record['s3']['bucket']['name']\n        key = record['s3']['object']['key']\n        print(f'Refining data: s3://{bucket}/{key}')\n        \n        # Read staging data\n        response = s3_client.get_object(Bucket=bucket, Key=key)\n        data = response['Body'].read().decode('utf-8')\n        \n        # Determine target path in minilake\n        if 'collision_staging' in key:\n            target_key = key.replace('collision_staging/', 'collision/')\n        elif 'party_staging' in key:\n            target_key = key.replace('party_staging/', 'party/')\n        elif 'victim_staging' in key:\n            target_key = key.replace('victim_staging/', 'victim/')\n        elif 'case_staging' in key:\n            target_key = key.replace('case_staging/', 'case/')\n        else:\n            target_key = key\n        \n        # Write refined data to minilake\n        s3_client.put_object(\n            Bucket=minilake_bucket,\n            Key=target_key,\n            Body=data\n        )\n    \n    return {'statusCode': 200, 'body': 'Data refined and loaded to minilake'}",
                "filename": "index.py"
              }
            ],
            "source_content": null,
            "source_content_filename": null,
            "source_dir": null,
            "source_file": null,
            "type": "zip"
          },
          "sensitive_attributes": []
        }
      ]
    },
    {
      "mode": "data",
      "type": "archive_file",
      "name": "batch_data_processing_pipeline_engineering_cc001_lambda_victim_processor_3_placeholder",
      "provider": "provider[\"registry.terraform.io/hashicorp/archive\"]",
      "instances": [
        {
          "schema_version": 0,
          "attributes": {
            "exclude_symlink_directories": null,
            "excludes": null,
            "id": "35996668f5ebf83dbd14a4df8977a0722cde14b4",
            "output_base64sha256": "UnPOLDH912ohCLlVTxU3G2lJCiw3GnuDp378jNgIShk=",
            "output_base64sha512": "49U9Cj0rMBPdYABNOoKGmkU/KuxJUkxh1I2ZWb9+Bz4wk8TA4oJJtQIA0mLUVSKgCLSNI018KxAdMalStiXh+g==",
            "output_file_mode": null,
            "output_md5": "7c5f4e75cd60f3ee6296105b87d53041",
            "output_path": "./batch_data_processing_pipeline_engineering_cc001_lambda_victim_processor_3_placeholder.zip",
            "output_sha": "35996668f5ebf83dbd14a4df8977a0722cde14b4",
            "output_sha256": "5273ce2c31fdd76a2108b9554f15371b69490a2c371a7b83a77efc8cd8084a19",
            "output_sha512": "e3d53d0a3d2b3013dd60004d3a82869a453f2aec49524c61d48d9959bf7e073e3093c4c0e28249b50200d262d45522a008b48d234d7c2b101d31a952b625e1fa",
            "output_size": 553,
            "source": [
              {
                "content": "import json\nimport os\nimport boto3\n\ndef handler(event, context):\n    s3_client = boto3.client('s3')\n    staging_bucket = os.environ.get('VICTIM_STAGING_BUCKET_NAME')\n    \n    for record in event['Records']:\n        bucket = record['s3']['bucket']['name']\n        key = record['s3']['object']['key']\n        print(f'Processing victim data: s3://{bucket}/{key}')\n        \n        # Read source data\n        response = s3_client.get_object(Bucket=bucket, Key=key)\n        data = response['Body'].read().decode('utf-8')\n        \n        # Process and write to staging\n        processed_key = key.replace('victim_raw/', 'victim_staging/')\n        s3_client.put_object(\n            Bucket=staging_bucket,\n            Key=processed_key,\n            Body=data\n        )\n    \n    return {'statusCode': 200, 'body': 'Victim data processed'}",
                "filename": "index.py"
              }
            ],
            "source_content": null,
            "source_content_filename": null,
            "source_dir": null,
            "source_file": null,
            "type": "zip"
          },
          "sensitive_attributes": []
        }
      ]
    },
    {
      "mode": "managed",
      "type": "aws_athena_workgroup",
      "name": "batch_data_processing_pipeline_engineering_cc001_athena_athena_workgroup",
      "provider": "provider[\"registry.terraform.io/hashicorp/aws\"]",
      "instances": [
        {
          "schema_version": 0,
          "attributes": {
            "arn": "arn:aws:athena:us-east-1:602963248309:workgroup/batch-data-processing-pipeline-engineering-cc001-athena-athena-workgroup",
            "configuration": [
              {
                "bytes_scanned_cutoff_per_query": 0,
                "enforce_workgroup_configuration": true,
                "engine_version": [
                  {
                    "effective_engine_version": "Athena engine version 3",
                    "selected_engine_version": "AUTO"
                  }
                ],
                "execution_role": "",
                "publish_cloudwatch_metrics_enabled": false,
                "requester_pays_enabled": false,
                "result_configuration": [
                  {
                    "acl_configuration": [],
                    "encryption_configuration": [],
                    "expected_bucket_owner": "",
                    "output_location": "s3://batch-data-processing-pipeline-engineering-cc001-s3-min-432f547/query-results/"
                  }
                ]
              }
            ],
            "description": "",
            "force_destroy": false,
            "id": "batch-data-processing-pipeline-engineering-cc001-athena-athena-workgroup",
            "name": "batch-data-processing-pipeline-engineering-cc001-athena-athena-workgroup",
            "state": "ENABLED",
            "tags": {
              "BusinessUnit": "engineering",
              "CostCenter": "cc001",
              "ManagedBy": "aws-pipeline-engine",
              "Pipeline": "batch_data_processing_pipeline"
            },
            "tags_all": {
              "BusinessUnit": "engineering",
              "CostCenter": "cc001",
              "ManagedBy": "aws-pipeline-engine",
              "Pipeline": "batch_data_processing_pipeline"
            }
          },
          "sensitive_attributes": [],
          "private": "bnVsbA=="
        }
      ]
    },
    {
      "mode": "managed",
      "type": "aws_cloudwatch_log_group",
      "name": "batch_data_processing_pipeline_engineering_cc001_athena_athena_workgroup_lg",
      "provider": "provider[\"registry.terraform.io/hashicorp/aws\"]",
      "instances": [
        {
          "schema_version": 0,
          "attributes": {
            "arn": "arn:aws:logs:us-east-1:602963248309:log-group:/aws/athena/batch-data-processing-pipeline-engineering-cc001-athena-athena-workgroup",
            "id": "/aws/athena/batch-data-processing-pipeline-engineering-cc001-athena-athena-workgroup",
            "kms_key_id": "",
            "log_group_class": "STANDARD",
            "name": "/aws/athena/batch-data-processing-pipeline-engineering-cc001-athena-athena-workgroup",
            "name_prefix": "",
            "retention_in_days": 7,
            "skip_destroy": false,
            "tags": {
              "BusinessUnit": "engineering",
              "CostCenter": "cc001",
              "ManagedBy": "aws-pipeline-engine",
              "Pipeline": "batch_data_processing_pipeline"
            },
            "tags_all": {
              "BusinessUnit": "engineering",
              "CostCenter": "cc001",
              "ManagedBy": "aws-pipeline-engine",
              "Pipeline": "batch_data_processing_pipeline"
            }
          },
          "sensitive_attributes": [],
          "private": "bnVsbA=="
        }
      ]
    },
    {
      "mode": "managed",
      "type": "aws_cloudwatch_log_group",
      "name": "batch_data_processing_pipeline_engineering_cc001_lambda_case_processor_4_lg",
      "provider": "provider[\"registry.terraform.io/hashicorp/aws\"]",
      "instances": [
        {
          "schema_version": 0,
          "attributes": {
            "arn": "arn:aws:logs:us-east-1:602963248309:log-group:/aws/lambda/batch-data-processing-pipeline-engineering-cc001-lambda-2295c69",
            "id": "/aws/lambda/batch-data-processing-pipeline-engineering-cc001-lambda-2295c69",
            "kms_key_id": "",
            "log_group_class": "STANDARD",
            "name": "/aws/lambda/batch-data-processing-pipeline-engineering-cc001-lambda-2295c69",
            "name_prefix": "",
            "retention_in_days": 7,
            "skip_destroy": false,
            "tags": {
              "BusinessUnit": "engineering",
              "CostCenter": "cc001",
              "ManagedBy": "aws-pipeline-engine",
              "Pipeline": "batch_data_processing_pipeline"
            },
            "tags_all": {
              "BusinessUnit": "engineering",
              "CostCenter": "cc001",
              "ManagedBy": "aws-pipeline-engine",
              "Pipeline": "batch_data_processing_pipeline"
            }
          },
          "sensitive_attributes": [],
          "private": "bnVsbA=="
        }
      ]
    },
    {
      "mode": "managed",
      "type": "aws_cloudwatch_log_group",
      "name": "batch_data_processing_pipeline_engineering_cc001_lambda_collision_processor_1_lg",
      "provider": "provider[\"registry.terraform.io/hashicorp/aws\"]",
      "instances": [
        {
          "schema_version": 0,
          "attributes": {
            "arn": "arn:aws:logs:us-east-1:602963248309:log-group:/aws/lambda/batch-data-processing-pipeline-engineering-cc001-lambda-6a1a0a0",
            "id": "/aws/lambda/batch-data-processing-pipeline-engineering-cc001-lambda-6a1a0a0",
            "kms_key_id": "",
            "log_group_class": "STANDARD",
            "name": "/aws/lambda/batch-data-processing-pipeline-engineering-cc001-lambda-6a1a0a0",
            "name_prefix": "",
            "retention_in_days": 7,
            "skip_destroy": false,
            "tags": {
              "BusinessUnit": "engineering",
              "CostCenter": "cc001",
              "ManagedBy": "aws-pipeline-engine",
              "Pipeline": "batch_data_processing_pipeline"
            },
            "tags_all": {
              "BusinessUnit": "engineering",
              "CostCenter": "cc001",
              "ManagedBy": "aws-pipeline-engine",
              "Pipeline": "batch_data_processing_pipeline"
            }
          },
          "sensitive_attributes": [],
          "private": "bnVsbA=="
        }
      ]
    },
    {
      "mode": "managed",
      "type": "aws_cloudwatch_log_group",
      "name": "batch_data_processing_pipeline_engineering_cc001_lambda_party_processor_2_lg",
      "provider": "provider[\"registry.terraform.io/hashicorp/aws\"]",
      "instances": [
        {
          "schema_version": 0,
          "attributes": {
            "arn": "arn:aws:logs:us-east-1:602963248309:log-group:/aws/lambda/batch-data-processing-pipeline-engineering-cc001-lambda-c347a52",
            "id": "/aws/lambda/batch-data-processing-pipeline-engineering-cc001-lambda-c347a52",
            "kms_key_id": "",
            "log_group_class": "STANDARD",
            "name": "/aws/lambda/batch-data-processing-pipeline-engineering-cc001-lambda-c347a52",
            "name_prefix": "",
            "retention_in_days": 7,
            "skip_destroy": false,
            "tags": {
              "BusinessUnit": "engineering",
              "CostCenter": "cc001",
              "ManagedBy": "aws-pipeline-engine",
              "Pipeline": "batch_data_processing_pipeline"
            },
            "tags_all": {
              "BusinessUnit": "engineering",
              "CostCenter": "cc001",
              "ManagedBy": "aws-pipeline-engine",
              "Pipeline": "batch_data_processing_pipeline"
            }
          },
          "sensitive_attributes": [],
          "private": "bnVsbA=="
        }
      ]
    },
    {
      "mode": "managed",
      "type": "aws_cloudwatch_log_group",
      "name": "batch_data_processing_pipeline_engineering_cc001_lambda_refine_data_5_lg",
      "provider": "provider[\"registry.terraform.io/hashicorp/aws\"]",
      "instances": [
        {
          "schema_version": 0,
          "attributes": {
            "arn": "arn:aws:logs:us-east-1:602963248309:log-group:/aws/lambda/batch-data-processing-pipeline-engineering-cc001-lambda-6b52a3e",
            "id": "/aws/lambda/batch-data-processing-pipeline-engineering-cc001-lambda-6b52a3e",
            "kms_key_id": "",
            "log_group_class": "STANDARD",
            "name": "/aws/lambda/batch-data-processing-pipeline-engineering-cc001-lambda-6b52a3e",
            "name_prefix": "",
            "retention_in_days": 7,
            "skip_destroy": false,
            "tags": {
              "BusinessUnit": "engineering",
              "CostCenter": "cc001",
              "ManagedBy": "aws-pipeline-engine",
              "Pipeline": "batch_data_processing_pipeline"
            },
            "tags_all": {
              "BusinessUnit": "engineering",
              "CostCenter": "cc001",
              "ManagedBy": "aws-pipeline-engine",
              "Pipeline": "batch_data_processing_pipeline"
            }
          },
          "sensitive_attributes": [],
          "private": "bnVsbA=="
        }
      ]
    },
    {
      "mode": "managed",
      "type": "aws_cloudwatch_log_group",
      "name": "batch_data_processing_pipeline_engineering_cc001_lambda_victim_processor_3_lg",
      "provider": "provider[\"registry.terraform.io/hashicorp/aws\"]",
      "instances": [
        {
          "schema_version": 0,
          "attributes": {
            "arn": "arn:aws:logs:us-east-1:602963248309:log-group:/aws/lambda/batch-data-processing-pipeline-engineering-cc001-lambda-3ff0c6a",
            "id": "/aws/lambda/batch-data-processing-pipeline-engineering-cc001-lambda-3ff0c6a",
            "kms_key_id": "",
            "log_group_class": "STANDARD",
            "name": "/aws/lambda/batch-data-processing-pipeline-engineering-cc001-lambda-3ff0c6a",
            "name_prefix": "",
            "retention_in_days": 7,
            "skip_destroy": false,
            "tags": {
              "BusinessUnit": "engineering",
              "CostCenter": "cc001",
              "ManagedBy": "aws-pipeline-engine",
              "Pipeline": "batch_data_processing_pipeline"
            },
            "tags_all": {
              "BusinessUnit": "engineering",
              "CostCenter": "cc001",
              "ManagedBy": "aws-pipeline-engine",
              "Pipeline": "batch_data_processing_pipeline"
            }
          },
          "sensitive_attributes": [],
          "private": "bnVsbA=="
        }
      ]
    },
    {
      "mode": "managed",
      "type": "aws_glue_catalog_database",
      "name": "batch_data_processing_pipeline_engineering_cc001_glue_data_catalog_minilake_database",
      "provider": "provider[\"registry.terraform.io/hashicorp/aws\"]",
      "instances": [
        {
          "schema_version": 0,
          "attributes": {
            "arn": "arn:aws:glue:us-east-1:602963248309:database/batch_data_processing_pipeline_engineering_cc001_glue_d_4a52de3",
            "catalog_id": "602963248309",
            "create_table_default_permission": [
              {
                "permissions": [
                  "ALL"
                ],
                "principal": [
                  {
                    "data_lake_principal_identifier": "IAM_ALLOWED_PRINCIPALS"
                  }
                ]
              }
            ],
            "description": "Glue Data Catalog database",
            "federated_database": [],
            "id": "602963248309:batch_data_processing_pipeline_engineering_cc001_glue_d_4a52de3",
            "location_uri": "",
            "name": "batch_data_processing_pipeline_engineering_cc001_glue_d_4a52de3",
            "parameters": null,
            "tags": null,
            "tags_all": {},
            "target_database": []
          },
          "sensitive_attributes": [],
          "private": "bnVsbA=="
        }
      ]
    },
    {
      "mode": "managed",
      "type": "aws_glue_catalog_table",
      "name": "batch_data_processing_pipeline_engineering_cc001_glue_data_catalog_minilake_database_case_table",
      "provider": "provider[\"registry.terraform.io/hashicorp/aws\"]",
      "instances": [
        {
          "schema_version": 0,
          "attributes": {
            "arn": "arn:aws:glue:us-east-1:602963248309:table/batch_data_processing_pipeline_engineering_cc001_glue_d_4a52de3/case",
            "catalog_id": "602963248309",
            "database_name": "batch_data_processing_pipeline_engineering_cc001_glue_d_4a52de3",
            "description": "",
            "id": "602963248309:batch_data_processing_pipeline_engineering_cc001_glue_d_4a52de3:case",
            "name": "case",
            "open_table_format_input": [],
            "owner": "",
            "parameters": {
              "EXTERNAL": "TRUE"
            },
            "partition_index": null,
            "partition_keys": [],
            "retention": 0,
            "storage_descriptor": [
              {
                "additional_locations": null,
                "bucket_columns": null,
                "columns": [
                  {
                    "comment": "",
                    "name": "case_id",
                    "parameters": null,
                    "type": "string"
                  },
                  {
                    "comment": "",
                    "name": "status",
                    "parameters": null,
                    "type": "string"
                  },
                  {
                    "comment": "",
                    "name": "date",
                    "parameters": null,
                    "type": "date"
                  }
                ],
                "compressed": false,
                "input_format": "org.apache.hadoop.mapred.TextInputFormat",
                "location": "s3://minilake_bucket/case/",
                "number_of_buckets": 0,
                "output_format": "org.apache.hadoop.hive.ql.io.HiveIgnoreKeyTextOutputFormat",
                "parameters": null,
                "schema_reference": [],
                "ser_de_info": [
                  {
                    "name": "",
                    "parameters": null,
                    "serialization_library": "org.apache.hadoop.hive.serde2.lazy.LazySimpleSerDe"
                  }
                ],
                "skewed_info": [],
                "sort_columns": [],
                "stored_as_sub_directories": false
              }
            ],
            "table_type": "EXTERNAL_TABLE",
            "target_table": [],
            "view_expanded_text": "",
            "view_original_text": ""
          },
          "sensitive_attributes": [],
          "private": "bnVsbA==",
          "dependencies": [
            "aws_glue_catalog_database.batch_data_processing_pipeline_engineering_cc001_glue_data_catalog_minilake_database"
          ]
        }
      ]
    },
    {
      "mode": "managed",
      "type": "aws_glue_catalog_table",
      "name": "batch_data_processing_pipeline_engineering_cc001_glue_data_catalog_minilake_database_collision_table",
      "provider": "provider[\"registry.terraform.io/hashicorp/aws\"]",
      "instances": [
        {
          "schema_version": 0,
          "attributes": {
            "arn": "arn:aws:glue:us-east-1:602963248309:table/batch_data_processing_pipeline_engineering_cc001_glue_d_4a52de3/collision",
            "catalog_id": "602963248309",
            "database_name": "batch_data_processing_pipeline_engineering_cc001_glue_d_4a52de3",
            "description": "",
            "id": "602963248309:batch_data_processing_pipeline_engineering_cc001_glue_d_4a52de3:collision",
            "name": "collision",
            "open_table_format_input": [],
            "owner": "",
            "parameters": {
              "EXTERNAL": "TRUE"
            },
            "partition_index": null,
            "partition_keys": [],
            "retention": 0,
            "storage_descriptor": [
              {
                "additional_locations": null,
                "bucket_columns": null,
                "columns": [
                  {
                    "comment": "",
                    "name": "collision_id",
                    "parameters": null,
                    "type": "string"
                  },
                  {
                    "comment": "",
                    "name": "timestamp",
                    "parameters": null,
                    "type": "timestamp"
                  },
                  {
                    "comment": "",
                    "name": "location",
                    "parameters": null,
                    "type": "string"
                  }
                ],
                "compressed": false,
                "input_format": "org.apache.hadoop.mapred.TextInputFormat",
                "location": "s3://minilake_bucket/collision/",
                "number_of_buckets": 0,
                "output_format": "org.apache.hadoop.hive.ql.io.HiveIgnoreKeyTextOutputFormat",
                "parameters": null,
                "schema_reference": [],
                "ser_de_info": [
                  {
                    "name": "",
                    "parameters": null,
                    "serialization_library": "org.apache.hadoop.hive.serde2.lazy.LazySimpleSerDe"
                  }
                ],
                "skewed_info": [],
                "sort_columns": [],
                "stored_as_sub_directories": false
              }
            ],
            "table_type": "EXTERNAL_TABLE",
            "target_table": [],
            "view_expanded_text": "",
            "view_original_text": ""
          },
          "sensitive_attributes": [],
          "private": "bnVsbA==",
          "dependencies": [
            "aws_glue_catalog_database.batch_data_processing_pipeline_engineering_cc001_glue_data_catalog_minilake_database"
          ]
        }
      ]
    },
    {
      "mode": "managed",
      "type": "aws_glue_catalog_table",
      "name": "batch_data_processing_pipeline_engineering_cc001_glue_data_catalog_minilake_database_party_table",
      "provider": "provider[\"registry.terraform.io/hashicorp/aws\"]",
      "instances": [
        {
          "schema_version": 0,
          "attributes": {
            "arn": "arn:aws:glue:us-east-1:602963248309:table/batch_data_processing_pipeline_engineering_cc001_glue_d_4a52de3/party",
            "catalog_id": "602963248309",
            "database_name": "batch_data_processing_pipeline_engineering_cc001_glue_d_4a52de3",
            "description": "",
            "id": "602963248309:batch_data_processing_pipeline_engineering_cc001_glue_d_4a52de3:party",
            "name": "party",
            "open_table_format_input": [],
            "owner": "",
            "parameters": {
              "EXTERNAL": "TRUE"
            },
            "partition_index": null,
            "partition_keys": [],
            "retention": 0,
            "storage_descriptor": [
              {
                "additional_locations": null,
                "bucket_columns": null,
                "columns": [
                  {
                    "comment": "",
                    "name": "party_id",
                    "parameters": null,
                    "type": "string"
                  },
                  {
                    "comment": "",
                    "name": "name",
                    "parameters": null,
                    "type": "string"
                  },
                  {
                    "comment": "",
                    "name": "type",
                    "parameters": null,
                    "type": "string"
                  }
                ],
                "compressed": false,
                "input_format": "org.apache.hadoop.mapred.TextInputFormat",
                "location": "s3://minilake_bucket/party/",
                "number_of_buckets": 0,
                "output_format": "org.apache.hadoop.hive.ql.io.HiveIgnoreKeyTextOutputFormat",
                "parameters": null,
                "schema_reference": [],
                "ser_de_info": [
                  {
                    "name": "",
                    "parameters": null,
                    "serialization_library": "org.apache.hadoop.hive.serde2.lazy.LazySimpleSerDe"
                  }
                ],
                "skewed_info": [],
                "sort_columns": [],
                "stored_as_sub_directories": false
              }
            ],
            "table_type": "EXTERNAL_TABLE",
            "target_table": [],
            "view_expanded_text": "",
            "view_original_text": ""
          },
          "sensitive_attributes": [],
          "private": "bnVsbA==",
          "dependencies": [
            "aws_glue_catalog_database.batch_data_processing_pipeline_engineering_cc001_glue_data_catalog_minilake_database"
          ]
        }
      ]
    },
    {
      "mode": "managed",
      "type": "aws_glue_catalog_table",
      "name": "batch_data_processing_pipeline_engineering_cc001_glue_data_catalog_minilake_database_victim_table",
      "provider": "provider[\"registry.terraform.io/hashicorp/aws\"]",
      "instances": [
        {
          "schema_version": 0,
          "attributes": {
            "arn": "arn:aws:glue:us-east-1:602963248309:table/batch_data_processing_pipeline_engineering_cc001_glue_d_4a52de3/victim",
            "catalog_id": "602963248309",
            "database_name": "batch_data_processing_pipeline_engineering_cc001_glue_d_4a52de3",
            "description": "",
            "id": "602963248309:batch_data_processing_pipeline_engineering_cc001_glue_d_4a52de3:victim",
            "name": "victim",
            "open_table_format_input": [],
            "owner": "",
            "parameters": {
              "EXTERNAL": "TRUE"
            },
            "partition_index": null,
            "partition_keys": [],
            "retention": 0,
            "storage_descriptor": [
              {
                "additional_locations": null,
                "bucket_columns": null,
                "columns": [
                  {
                    "comment": "",
                    "name": "victim_id",
                    "parameters": null,
                    "type": "string"
                  },
                  {
                    "comment": "",
                    "name": "name",
                    "parameters": null,
                    "type": "string"
                  },
                  {
                    "comment": "",
                    "name": "age",
                    "parameters": null,
                    "type": "int"
                  }
                ],
                "compressed": false,
                "input_format": "org.apache.hadoop.mapred.TextInputFormat",
                "location": "s3://minilake_bucket/victim/",
                "number_of_buckets": 0,
                "output_format": "org.apache.hadoop.hive.ql.io.HiveIgnoreKeyTextOutputFormat",
                "parameters": null,
                "schema_reference": [],
                "ser_de_info": [
                  {
                    "name": "",
                    "parameters": null,
                    "serialization_library": "org.apache.hadoop.hive.serde2.lazy.LazySimpleSerDe"
                  }
                ],
                "skewed_info": [],
                "sort_columns": [],
                "stored_as_sub_directories": false
              }
            ],
            "table_type": "EXTERNAL_TABLE",
            "target_table": [],
            "view_expanded_text": "",
            "view_original_text": ""
          },
          "sensitive_attributes": [],
          "private": "bnVsbA==",
          "dependencies": [
            "aws_glue_catalog_database.batch_data_processing_pipeline_engineering_cc001_glue_data_catalog_minilake_database"
          ]
        }
      ]
    },
    {
      "mode": "managed",
      "type": "aws_iam_role",
      "name": "batch_data_processing_pipeline_engineering_cc001_lambda_case_processor_4_role",
      "provider": "provider[\"registry.terraform.io/hashicorp/aws\"]",
      "instances": [
        {
          "schema_version": 0,
          "attributes": {
            "arn": "arn:aws:iam::602963248309:role/batch-data-processing-pipeline-engineering-cc001-la-be18dfe-role",
            "assume_role_policy": "{\"Statement\":[{\"Action\":\"sts:AssumeRole\",\"Effect\":\"Allow\",\"Principal\":{\"Service\":\"lambda.amazonaws.com\"}}],\"Version\":\"2012-10-17\"}",
            "create_date": "2026-04-28T12:52:54Z",
            "description": "",
            "force_detach_policies": false,
            "id": "batch-data-processing-pipeline-engineering-cc001-la-be18dfe-role",
            "inline_policy": [],
            "managed_policy_arns": [],
            "max_session_duration": 3600,
            "name": "batch-data-processing-pipeline-engineering-cc001-la-be18dfe-role",
            "name_prefix": "",
            "path": "/",
            "permissions_boundary": "",
            "tags": {
              "BusinessUnit": "engineering",
              "CostCenter": "cc001",
              "ManagedBy": "aws-pipeline-engine",
              "Pipeline": "batch_data_processing_pipeline"
            },
            "tags_all": {
              "BusinessUnit": "engineering",
              "CostCenter": "cc001",
              "ManagedBy": "aws-pipeline-engine",
              "Pipeline": "batch_data_processing_pipeline"
            },
            "unique_id": "AROAYYY3JAS2UJ4BHWR2P"
          },
          "sensitive_attributes": [],
          "private": "bnVsbA=="
        }
      ]
    },
    {
      "mode": "managed",
      "type": "aws_iam_role",
      "name": "batch_data_processing_pipeline_engineering_cc001_lambda_collision_processor_1_role",
      "provider": "provider[\"registry.terraform.io/hashicorp/aws\"]",
      "instances": [
        {
          "schema_version": 0,
          "attributes": {
            "arn": "arn:aws:iam::602963248309:role/batch-data-processing-pipeline-engineering-cc001-la-5a21032-role",
            "assume_role_policy": "{\"Statement\":[{\"Action\":\"sts:AssumeRole\",\"Effect\":\"Allow\",\"Principal\":{\"Service\":\"lambda.amazonaws.com\"}}],\"Version\":\"2012-10-17\"}",
            "create_date": "2026-04-28T12:52:53Z",
            "description": "",
            "force_detach_policies": false,
            "id": "batch-data-processing-pipeline-engineering-cc001-la-5a21032-role",
            "inline_policy": [],
            "managed_policy_arns": [],
            "max_session_duration": 3600,
            "name": "batch-data-processing-pipeline-engineering-cc001-la-5a21032-role",
            "name_prefix": "",
            "path": "/",
            "permissions_boundary": "",
            "tags": {
              "BusinessUnit": "engineering",
              "CostCenter": "cc001",
              "ManagedBy": "aws-pipeline-engine",
              "Pipeline": "batch_data_processing_pipeline"
            },
            "tags_all": {
              "BusinessUnit": "engineering",
              "CostCenter": "cc001",
              "ManagedBy": "aws-pipeline-engine",
              "Pipeline": "batch_data_processing_pipeline"
            },
            "unique_id": "AROAYYY3JAS252Z7ZYXXG"
          },
          "sensitive_attributes": [],
          "private": "bnVsbA=="
        }
      ]
    },
    {
      "mode": "managed",
      "type": "aws_iam_role",
      "name": "batch_data_processing_pipeline_engineering_cc001_lambda_party_processor_2_role",
      "provider": "provider[\"registry.terraform.io/hashicorp/aws\"]",
      "instances": [
        {
          "schema_version": 0,
          "attributes": {
            "arn": "arn:aws:iam::602963248309:role/batch-data-processing-pipeline-engineering-cc001-la-92aff1f-role",
            "assume_role_policy": "{\"Statement\":[{\"Action\":\"sts:AssumeRole\",\"Effect\":\"Allow\",\"Principal\":{\"Service\":\"lambda.amazonaws.com\"}}],\"Version\":\"2012-10-17\"}",
            "create_date": "2026-04-28T12:52:54Z",
            "description": "",
            "force_detach_policies": false,
            "id": "batch-data-processing-pipeline-engineering-cc001-la-92aff1f-role",
            "inline_policy": [],
            "managed_policy_arns": [],
            "max_session_duration": 3600,
            "name": "batch-data-processing-pipeline-engineering-cc001-la-92aff1f-role",
            "name_prefix": "",
            "path": "/",
            "permissions_boundary": "",
            "tags": {
              "BusinessUnit": "engineering",
              "CostCenter": "cc001",
              "ManagedBy": "aws-pipeline-engine",
              "Pipeline": "batch_data_processing_pipeline"
            },
            "tags_all": {
              "BusinessUnit": "engineering",
              "CostCenter": "cc001",
              "ManagedBy": "aws-pipeline-engine",
              "Pipeline": "batch_data_processing_pipeline"
            },
            "unique_id": "AROAYYY3JAS25XQSG6DMF"
          },
          "sensitive_attributes": [],
          "private": "bnVsbA=="
        }
      ]
    },
    {
      "mode": "managed",
      "type": "aws_iam_role",
      "name": "batch_data_processing_pipeline_engineering_cc001_lambda_refine_data_5_role",
      "provider": "provider[\"registry.terraform.io/hashicorp/aws\"]",
      "instances": [
        {
          "schema_version": 0,
          "attributes": {
            "arn": "arn:aws:iam::602963248309:role/batch-data-processing-pipeline-engineering-cc001-la-bb00827-role",
            "assume_role_policy": "{\"Statement\":[{\"Action\":\"sts:AssumeRole\",\"Effect\":\"Allow\",\"Principal\":{\"Service\":\"lambda.amazonaws.com\"}}],\"Version\":\"2012-10-17\"}",
            "create_date": "2026-04-28T12:52:54Z",
            "description": "",
            "force_detach_policies": false,
            "id": "batch-data-processing-pipeline-engineering-cc001-la-bb00827-role",
            "inline_policy": [],
            "managed_policy_arns": [],
            "max_session_duration": 3600,
            "name": "batch-data-processing-pipeline-engineering-cc001-la-bb00827-role",
            "name_prefix": "",
            "path": "/",
            "permissions_boundary": "",
            "tags": {
              "BusinessUnit": "engineering",
              "CostCenter": "cc001",
              "ManagedBy": "aws-pipeline-engine",
              "Pipeline": "batch_data_processing_pipeline"
            },
            "tags_all": {
              "BusinessUnit": "engineering",
              "CostCenter": "cc001",
              "ManagedBy": "aws-pipeline-engine",
              "Pipeline": "batch_data_processing_pipeline"
            },
            "unique_id": "AROAYYY3JAS23DWGIULLS"
          },
          "sensitive_attributes": [],
          "private": "bnVsbA=="
        }
      ]
    },
    {
      "mode": "managed",
      "type": "aws_iam_role",
      "name": "batch_data_processing_pipeline_engineering_cc001_lambda_victim_processor_3_role",
      "provider": "provider[\"registry.terraform.io/hashicorp/aws\"]",
      "instances": [
        {
          "schema_version": 0,
          "attributes": {
            "arn": "arn:aws:iam::602963248309:role/batch-data-processing-pipeline-engineering-cc001-la-dcd94b6-role",
            "assume_role_policy": "{\"Statement\":[{\"Action\":\"sts:AssumeRole\",\"Effect\":\"Allow\",\"Principal\":{\"Service\":\"lambda.amazonaws.com\"}}],\"Version\":\"2012-10-17\"}",
            "create_date": "2026-04-28T12:52:54Z",
            "description": "",
            "force_detach_policies": false,
            "id": "batch-data-processing-pipeline-engineering-cc001-la-dcd94b6-role",
            "inline_policy": [],
            "managed_policy_arns": [],
            "max_session_duration": 3600,
            "name": "batch-data-processing-pipeline-engineering-cc001-la-dcd94b6-role",
            "name_prefix": "",
            "path": "/",
            "permissions_boundary": "",
            "tags": {
              "BusinessUnit": "engineering",
              "CostCenter": "cc001",
              "ManagedBy": "aws-pipeline-engine",
              "Pipeline": "batch_data_processing_pipeline"
            },
            "tags_all": {
              "BusinessUnit": "engineering",
              "CostCenter": "cc001",
              "ManagedBy": "aws-pipeline-engine",
              "Pipeline": "batch_data_processing_pipeline"
            },
            "unique_id": "AROAYYY3JAS24OU3VB7DA"
          },
          "sensitive_attributes": [],
          "private": "bnVsbA=="
        }
      ]
    },
    {
      "mode": "managed",
      "type": "aws_iam_role_policy",
      "name": "batch_data_processing_pipeline_engineering_cc001_lambda_case_processor_4_policy",
      "provider": "provider[\"registry.terraform.io/hashicorp/aws\"]",
      "instances": [
        {
          "schema_version": 0,
          "attributes": {
            "id": "batch-data-processing-pipeline-engineering-cc001-la-be18dfe-role:batch-data-processing-pipeline-engineering-cc001-be18dfe-policy",
            "name": "batch-data-processing-pipeline-engineering-cc001-be18dfe-policy",
            "name_prefix": "",
            "policy": "{\"Version\":\"2012-10-17\",\"Statement\":[{\"Action\":[\"logs:CreateLogGroup\",\"logs:CreateLogStream\",\"logs:PutLogEvents\",\"s3:GetObject\",\"s3:ListBucket\",\"s3:PutObject\",\"s3:DeleteObject\"],\"Effect\":\"Allow\",\"Resource\":\"*\"}]}",
            "role": "batch-data-processing-pipeline-engineering-cc001-la-be18dfe-role"
          },
          "sensitive_attributes": [],
          "private": "bnVsbA==",
          "dependencies": [
            "aws_iam_role.batch_data_processing_pipeline_engineering_cc001_lambda_case_processor_4_role"
          ]
        }
      ]
    },
    {
      "mode": "managed",
      "type": "aws_iam_role_policy",
      "name": "batch_data_processing_pipeline_engineering_cc001_lambda_collision_processor_1_policy",
      "provider": "provider[\"registry.terraform.io/hashicorp/aws\"]",
      "instances": [
        {
          "schema_version": 0,
          "attributes": {
            "id": "batch-data-processing-pipeline-engineering-cc001-la-5a21032-role:batch-data-processing-pipeline-engineering-cc001-5a21032-policy",
            "name": "batch-data-processing-pipeline-engineering-cc001-5a21032-policy",
            "name_prefix": "",
            "policy": "{\"Version\":\"2012-10-17\",\"Statement\":[{\"Action\":[\"logs:CreateLogGroup\",\"logs:CreateLogStream\",\"logs:PutLogEvents\",\"s3:GetObject\",\"s3:ListBucket\",\"s3:PutObject\",\"s3:DeleteObject\"],\"Effect\":\"Allow\",\"Resource\":\"*\"}]}",
            "role": "batch-data-processing-pipeline-engineering-cc001-la-5a21032-role"
          },
          "sensitive_attributes": [],
          "private": "bnVsbA==",
          "dependencies": [
            "aws_iam_role.batch_data_processing_pipeline_engineering_cc001_lambda_collision_processor_1_role"
          ]
        }
      ]
    },
    {
      "mode": "managed",
      "type": "aws_iam_role_policy",
      "name": "batch_data_processing_pipeline_engineering_cc001_lambda_party_processor_2_policy",
      "provider": "provider[\"registry.terraform.io/hashicorp/aws\"]",
      "instances": [
        {
          "schema_version": 0,
          "attributes": {
            "id": "batch-data-processing-pipeline-engineering-cc001-la-92aff1f-role:batch-data-processing-pipeline-engineering-cc001-92aff1f-policy",
            "name": "batch-data-processing-pipeline-engineering-cc001-92aff1f-policy",
            "name_prefix": "",
            "policy": "{\"Version\":\"2012-10-17\",\"Statement\":[{\"Action\":[\"logs:CreateLogGroup\",\"logs:CreateLogStream\",\"logs:PutLogEvents\",\"s3:GetObject\",\"s3:ListBucket\",\"s3:PutObject\",\"s3:DeleteObject\"],\"Effect\":\"Allow\",\"Resource\":\"*\"}]}",
            "role": "batch-data-processing-pipeline-engineering-cc001-la-92aff1f-role"
          },
          "sensitive_attributes": [],
          "private": "bnVsbA==",
          "dependencies": [
            "aws_iam_role.batch_data_processing_pipeline_engineering_cc001_lambda_party_processor_2_role"
          ]
        }
      ]
    },
    {
      "mode": "managed",
      "type": "aws_iam_role_policy",
      "name": "batch_data_processing_pipeline_engineering_cc001_lambda_refine_data_5_policy",
      "provider": "provider[\"registry.terraform.io/hashicorp/aws\"]",
      "instances": [
        {
          "schema_version": 0,
          "attributes": {
            "id": "batch-data-processing-pipeline-engineering-cc001-la-bb00827-role:batch-data-processing-pipeline-engineering-cc001-bb00827-policy",
            "name": "batch-data-processing-pipeline-engineering-cc001-bb00827-policy",
            "name_prefix": "",
            "policy": "{\"Version\":\"2012-10-17\",\"Statement\":[{\"Action\":[\"logs:CreateLogGroup\",\"logs:CreateLogStream\",\"logs:PutLogEvents\",\"s3:GetObject\",\"s3:ListBucket\",\"s3:PutObject\",\"s3:DeleteObject\"],\"Effect\":\"Allow\",\"Resource\":\"*\"}]}",
            "role": "batch-data-processing-pipeline-engineering-cc001-la-bb00827-role"
          },
          "sensitive_attributes": [],
          "private": "bnVsbA==",
          "dependencies": [
            "aws_iam_role.batch_data_processing_pipeline_engineering_cc001_lambda_refine_data_5_role"
          ]
        }
      ]
    },
    {
      "mode": "managed",
      "type": "aws_iam_role_policy",
      "name": "batch_data_processing_pipeline_engineering_cc001_lambda_victim_processor_3_policy",
      "provider": "provider[\"registry.terraform.io/hashicorp/aws\"]",
      "instances": [
        {
          "schema_version": 0,
          "attributes": {
            "id": "batch-data-processing-pipeline-engineering-cc001-la-dcd94b6-role:batch-data-processing-pipeline-engineering-cc001-dcd94b6-policy",
            "name": "batch-data-processing-pipeline-engineering-cc001-dcd94b6-policy",
            "name_prefix": "",
            "policy": "{\"Version\":\"2012-10-17\",\"Statement\":[{\"Action\":[\"logs:CreateLogGroup\",\"logs:CreateLogStream\",\"logs:PutLogEvents\",\"s3:GetObject\",\"s3:ListBucket\",\"s3:PutObject\",\"s3:DeleteObject\"],\"Effect\":\"Allow\",\"Resource\":\"*\"}]}",
            "role": "batch-data-processing-pipeline-engineering-cc001-la-dcd94b6-role"
          },
          "sensitive_attributes": [],
          "private": "bnVsbA==",
          "dependencies": [
            "aws_iam_role.batch_data_processing_pipeline_engineering_cc001_lambda_victim_processor_3_role"
          ]
        }
      ]
    },
    {
      "mode": "managed",
      "type": "aws_lambda_function",
      "name": "batch_data_processing_pipeline_engineering_cc001_lambda_case_processor_4",
      "provider": "provider[\"registry.terraform.io/hashicorp/aws\"]",
      "instances": [
        {
          "schema_version": 0,
          "attributes": {
            "architectures": [
              "x86_64"
            ],
            "arn": "arn:aws:lambda:us-east-1:602963248309:function:batch-data-processing-pipeline-engineering-cc001-lambda-2295c69",
            "code_sha256": "YMb7Z7DbiLcQKRQF9rjSclPO8e0DZWJ4zhJJfaJXWw8=",
            "code_signing_config_arn": "",
            "dead_letter_config": [],
            "description": "",
            "environment": [
              {
                "variables": {
                  "CASE_BUCKET_BUCKET": "batch-data-processing-pipeline-engineering-cc001-s3-cas-fd19152",
                  "CASE_STAGING_BUCKET_BUCKET": "batch-data-processing-pipeline-engineering-cc001-s3-cas-b1d29e8"
                }
              }
            ],
            "ephemeral_storage": [
              {
                "size": 512
              }
            ],
            "file_system_config": [],
            "filename": "./batch_data_processing_pipeline_engineering_cc001_lambda_case_processor_4_placeholder.zip",
            "function_name": "batch-data-processing-pipeline-engineering-cc001-lambda-2295c69",
            "handler": "index.handler",
            "id": "batch-data-processing-pipeline-engineering-cc001-lambda-2295c69",
            "image_config": [],
            "image_uri": "",
            "invoke_arn": "arn:aws:apigateway:us-east-1:lambda:path/2015-03-31/functions/arn:aws:lambda:us-east-1:602963248309:function:batch-data-processing-pipeline-engineering-cc001-lambda-2295c69/invocations",
            "kms_key_arn": "",
            "last_modified": "2026-04-28T12:53:18.072+0000",
            "layers": null,
            "logging_config": [
              {
                "application_log_level": "",
                "log_format": "Text",
                "log_group": "/aws/lambda/batch-data-processing-pipeline-engineering-cc001-lambda-2295c69",
                "system_log_level": ""
              }
            ],
            "memory_size": 128,
            "package_type": "Zip",
            "publish": false,
            "qualified_arn": "arn:aws:lambda:us-east-1:602963248309:function:batch-data-processing-pipeline-engineering-cc001-lambda-2295c69:$LATEST",
            "qualified_invoke_arn": "arn:aws:apigateway:us-east-1:lambda:path/2015-03-31/functions/arn:aws:lambda:us-east-1:602963248309:function:batch-data-processing-pipeline-engineering-cc001-lambda-2295c69:$LATEST/invocations",
            "replace_security_groups_on_destroy": null,
            "replacement_security_group_ids": null,
            "reserved_concurrent_executions": -1,
            "role": "arn:aws:iam::602963248309:role/batch-data-processing-pipeline-engineering-cc001-la-be18dfe-role",
            "runtime": "python3.12",
            "s3_bucket": null,
            "s3_key": null,
            "s3_object_version": null,
            "signing_job_arn": "",
            "signing_profile_version_arn": "",
            "skip_destroy": false,
            "snap_start": [],
            "source_code_hash": "YMb7Z7DbiLcQKRQF9rjSclPO8e0DZWJ4zhJJfaJXWw8=",
            "source_code_size": 547,
            "tags": {
              "BusinessUnit": "engineering",
              "CostCenter": "cc001",
              "ManagedBy": "aws-pipeline-engine",
              "Pipeline": "batch_data_processing_pipeline"
            },
            "tags_all": {
              "BusinessUnit": "engineering",
              "CostCenter": "cc001",
              "ManagedBy": "aws-pipeline-engine",
              "Pipeline": "batch_data_processing_pipeline"
            },
            "timeout": 300,
            "timeouts": null,
            "tracing_config": [
              {
                "mode": "PassThrough"
              }
            ],
            "version": "$LATEST",
            "vpc_config": []
          },
          "sensitive_attributes": [],
          "private": "eyJlMmJmYjczMC1lY2FhLTExZTYtOGY4OC0zNDM2M2JjN2M0YzAiOnsiY3JlYXRlIjo2MDAwMDAwMDAwMDAsImRlbGV0ZSI6NjAwMDAwMDAwMDAwLCJ1cGRhdGUiOjYwMDAwMDAwMDAwMH19",
          "dependencies": [
            "aws_cloudwatch_log_group.batch_data_processing_pipeline_engineering_cc001_lambda_case_processor_4_lg",
            "aws_iam_role.batch_data_processing_pipeline_engineering_cc001_lambda_case_processor_4_role",
            "aws_s3_bucket.batch_data_processing_pipeline_engineering_cc001_s3_case_bucket_4",
            "aws_s3_bucket.batch_data_processing_pipeline_engineering_cc001_s3_case_staging_bucket_8",
            "data.archive_file.batch_data_processing_pipeline_engineering_cc001_lambda_case_processor_4_placeholder"
          ]
        }
      ]
    },
    {
      "mode": "managed",
      "type": "aws_lambda_function",
      "name": "batch_data_processing_pipeline_engineering_cc001_lambda_collision_processor_1",
      "provider": "provider[\"registry.terraform.io/hashicorp/aws\"]",
      "instances": [
        {
          "schema_version": 0,
          "attributes": {
            "architectures": [
              "x86_64"
            ],
            "arn": "arn:aws:lambda:us-east-1:602963248309:function:batch-data-processing-pipeline-engineering-cc001-lambda-6a1a0a0",
            "code_sha256": "UJBxIJNdLdm4mCyiOjgW1T3Tkjfb0FgAwvhXXLtMLbI=",
            "code_signing_config_arn": "",
            "dead_letter_config": [],
            "description": "",
            "environment": [
              {
                "variables": {
                  "COLLISION_BUCKET_BUCKET": "batch-data-processing-pipeline-engineering-cc001-s3-col-aac5eda",
                  "COLLISION_STAGING_BUCKET_BUCKET": "batch-data-processing-pipeline-engineering-cc001-s3-col-04d532d"
                }
              }
            ],
            "ephemeral_storage": [
              {
                "size": 512
              }
            ],
            "file_system_config": [],
            "filename": "./batch_data_processing_pipeline_engineering_cc001_lambda_collision_processor_1_placeholder.zip",
            "function_name": "batch-data-processing-pipeline-engineering-cc001-lambda-6a1a0a0",
            "handler": "index.handler",
            "id": "batch-data-processing-pipeline-engineering-cc001-lambda-6a1a0a0",
            "image_config": [],
            "image_uri": "",
            "invoke_arn": "arn:aws:apigateway:us-east-1:lambda:path/2015-03-31/functions/arn:aws:lambda:us-east-1:602963248309:function:batch-data-processing-pipeline-engineering-cc001-lambda-6a1a0a0/invocations",
            "kms_key_arn": "",
            "last_modified": "2026-04-28T12:53:02.554+0000",
            "layers": null,
            "logging_config": [
              {
                "application_log_level": "",
                "log_format": "Text",
                "log_group": "/aws/lambda/batch-data-processing-pipeline-engineering-cc001-lambda-6a1a0a0",
                "system_log_level": ""
              }
            ],
            "memory_size": 128,
            "package_type": "Zip",
            "publish": false,
            "qualified_arn": "arn:aws:lambda:us-east-1:602963248309:function:batch-data-processing-pipeline-engineering-cc001-lambda-6a1a0a0:$LATEST",
            "qualified_invoke_arn": "arn:aws:apigateway:us-east-1:lambda:path/2015-03-31/functions/arn:aws:lambda:us-east-1:602963248309:function:batch-data-processing-pipeline-engineering-cc001-lambda-6a1a0a0:$LATEST/invocations",
            "replace_security_groups_on_destroy": null,
            "replacement_security_group_ids": null,
            "reserved_concurrent_executions": -1,
            "role": "arn:aws:iam::602963248309:role/batch-data-processing-pipeline-engineering-cc001-la-5a21032-role",
            "runtime": "python3.12",
            "s3_bucket": null,
            "s3_key": null,
            "s3_object_version": null,
            "signing_job_arn": "",
            "signing_profile_version_arn": "",
            "skip_destroy": false,
            "snap_start": [],
            "source_code_hash": "UJBxIJNdLdm4mCyiOjgW1T3Tkjfb0FgAwvhXXLtMLbI=",
            "source_code_size": 558,
            "tags": {
              "BusinessUnit": "engineering",
              "CostCenter": "cc001",
              "ManagedBy": "aws-pipeline-engine",
              "Pipeline": "batch_data_processing_pipeline"
            },
            "tags_all": {
              "BusinessUnit": "engineering",
              "CostCenter": "cc001",
              "ManagedBy": "aws-pipeline-engine",
              "Pipeline": "batch_data_processing_pipeline"
            },
            "timeout": 300,
            "timeouts": null,
            "tracing_config": [
              {
                "mode": "PassThrough"
              }
            ],
            "version": "$LATEST",
            "vpc_config": []
          },
          "sensitive_attributes": [],
          "private": "eyJlMmJmYjczMC1lY2FhLTExZTYtOGY4OC0zNDM2M2JjN2M0YzAiOnsiY3JlYXRlIjo2MDAwMDAwMDAwMDAsImRlbGV0ZSI6NjAwMDAwMDAwMDAwLCJ1cGRhdGUiOjYwMDAwMDAwMDAwMH19",
          "dependencies": [
            "aws_cloudwatch_log_group.batch_data_processing_pipeline_engineering_cc001_lambda_collision_processor_1_lg",
            "aws_iam_role.batch_data_processing_pipeline_engineering_cc001_lambda_collision_processor_1_role",
            "aws_s3_bucket.batch_data_processing_pipeline_engineering_cc001_s3_collision_bucket_1",
            "aws_s3_bucket.batch_data_processing_pipeline_engineering_cc001_s3_collision_staging_bucket_5",
            "data.archive_file.batch_data_processing_pipeline_engineering_cc001_lambda_collision_processor_1_placeholder"
          ]
        }
      ]
    },
    {
      "mode": "managed",
      "type": "aws_lambda_function",
      "name": "batch_data_processing_pipeline_engineering_cc001_lambda_party_processor_2",
      "provider": "provider[\"registry.terraform.io/hashicorp/aws\"]",
      "instances": [
        {
          "schema_version": 0,
          "attributes": {
            "architectures": [
              "x86_64"
            ],
            "arn": "arn:aws:lambda:us-east-1:602963248309:function:batch-data-processing-pipeline-engineering-cc001-lambda-c347a52",
            "code_sha256": "5ih6JcnnInn4Fo1HRWSgUBPqrwsOQt+8YT5cFcG1o2U=",
            "code_signing_config_arn": "",
            "dead_letter_config": [],
            "description": "",
            "environment": [
              {
                "variables": {
                  "PARTY_BUCKET_BUCKET": "batch-data-processing-pipeline-engineering-cc001-s3-par-e1c0801",
                  "PARTY_STAGING_BUCKET_BUCKET": "batch-data-processing-pipeline-engineering-cc001-s3-par-be215f8"
                }
              }
            ],
            "ephemeral_storage": [
              {
                "size": 512
              }
            ],
            "file_system_config": [],
            "filename": "./batch_data_processing_pipeline_engineering_cc001_lambda_party_processor_2_placeholder.zip",
            "function_name": "batch-data-processing-pipeline-engineering-cc001-lambda-c347a52",
            "handler": "index.handler",
            "id": "batch-data-processing-pipeline-engineering-cc001-lambda-c347a52",
            "image_config": [],
            "image_uri": "",
            "invoke_arn": "arn:aws:apigateway:us-east-1:lambda:path/2015-03-31/functions/arn:aws:lambda:us-east-1:602963248309:function:batch-data-processing-pipeline-engineering-cc001-lambda-c347a52/invocations",
            "kms_key_arn": "",
            "last_modified": "2026-04-28T12:53:10.271+0000",
            "layers": null,
            "logging_config": [
              {
                "application_log_level": "",
                "log_format": "Text",
                "log_group": "/aws/lambda/batch-data-processing-pipeline-engineering-cc001-lambda-c347a52",
                "system_log_level": ""
              }
            ],
            "memory_size": 128,
            "package_type": "Zip",
            "publish": false,
            "qualified_arn": "arn:aws:lambda:us-east-1:602963248309:function:batch-data-processing-pipeline-engineering-cc001-lambda-c347a52:$LATEST",
            "qualified_invoke_arn": "arn:aws:apigateway:us-east-1:lambda:path/2015-03-31/functions/arn:aws:lambda:us-east-1:602963248309:function:batch-data-processing-pipeline-engineering-cc001-lambda-c347a52:$LATEST/invocations",
            "replace_security_groups_on_destroy": null,
            "replacement_security_group_ids": null,
            "reserved_concurrent_executions": -1,
            "role": "arn:aws:iam::602963248309:role/batch-data-processing-pipeline-engineering-cc001-la-92aff1f-role",
            "runtime": "python3.12",
            "s3_bucket": null,
            "s3_key": null,
            "s3_object_version": null,
            "signing_job_arn": "",
            "signing_profile_version_arn": "",
            "skip_destroy": false,
            "snap_start": [],
            "source_code_hash": "5ih6JcnnInn4Fo1HRWSgUBPqrwsOQt+8YT5cFcG1o2U=",
            "source_code_size": 551,
            "tags": {
              "BusinessUnit": "engineering",
              "CostCenter": "cc001",
              "ManagedBy": "aws-pipeline-engine",
              "Pipeline": "batch_data_processing_pipeline"
            },
            "tags_all": {
              "BusinessUnit": "engineering",
              "CostCenter": "cc001",
              "ManagedBy": "aws-pipeline-engine",
              "Pipeline": "batch_data_processing_pipeline"
            },
            "timeout": 300,
            "timeouts": null,
            "tracing_config": [
              {
                "mode": "PassThrough"
              }
            ],
            "version": "$LATEST",
            "vpc_config": []
          },
          "sensitive_attributes": [],
          "private": "eyJlMmJmYjczMC1lY2FhLTExZTYtOGY4OC0zNDM2M2JjN2M0YzAiOnsiY3JlYXRlIjo2MDAwMDAwMDAwMDAsImRlbGV0ZSI6NjAwMDAwMDAwMDAwLCJ1cGRhdGUiOjYwMDAwMDAwMDAwMH19",
          "dependencies": [
            "aws_cloudwatch_log_group.batch_data_processing_pipeline_engineering_cc001_lambda_party_processor_2_lg",
            "aws_iam_role.batch_data_processing_pipeline_engineering_cc001_lambda_party_processor_2_role",
            "aws_s3_bucket.batch_data_processing_pipeline_engineering_cc001_s3_party_bucket_2",
            "aws_s3_bucket.batch_data_processing_pipeline_engineering_cc001_s3_party_staging_bucket_6",
            "data.archive_file.batch_data_processing_pipeline_engineering_cc001_lambda_party_processor_2_placeholder"
          ]
        }
      ]
    },
    {
      "mode": "managed",
      "type": "aws_lambda_function",
      "name": "batch_data_processing_pipeline_engineering_cc001_lambda_refine_data_5",
      "provider": "provider[\"registry.terraform.io/hashicorp/aws\"]",
      "instances": [
        {
          "schema_version": 0,
          "attributes": {
            "architectures": [
              "x86_64"
            ],
            "arn": "arn:aws:lambda:us-east-1:602963248309:function:batch-data-processing-pipeline-engineering-cc001-lambda-6b52a3e",
            "code_sha256": "hG5ExWcE7AG4uh2IfhRF7B5EPYdJWS5X8GTO2vqar3M=",
            "code_signing_config_arn": "",
            "dead_letter_config": [],
            "description": "",
            "environment": [
              {
                "variables": {
                  "CASE_STAGING_BUCKET_BUCKET": "batch-data-processing-pipeline-engineering-cc001-s3-cas-b1d29e8",
                  "COLLISION_STAGING_BUCKET_BUCKET": "batch-data-processing-pipeline-engineering-cc001-s3-col-04d532d",
                  "MINILAKE_BUCKET_BUCKET": "batch-data-processing-pipeline-engineering-cc001-s3-min-432f547",
                  "PARTY_STAGING_BUCKET_BUCKET": "batch-data-processing-pipeline-engineering-cc001-s3-par-be215f8",
                  "VICTIM_STAGING_BUCKET_BUCKET": "batch-data-processing-pipeline-engineering-cc001-s3-vic-d91ab14"
                }
              }
            ],
            "ephemeral_storage": [
              {
                "size": 512
              }
            ],
            "file_system_config": [],
            "filename": "./batch_data_processing_pipeline_engineering_cc001_lambda_refine_data_5_placeholder.zip",
            "function_name": "batch-data-processing-pipeline-engineering-cc001-lambda-6b52a3e",
            "handler": "index.handler",
            "id": "batch-data-processing-pipeline-engineering-cc001-lambda-6b52a3e",
            "image_config": [],
            "image_uri": "",
            "invoke_arn": "arn:aws:apigateway:us-east-1:lambda:path/2015-03-31/functions/arn:aws:lambda:us-east-1:602963248309:function:batch-data-processing-pipeline-engineering-cc001-lambda-6b52a3e/invocations",
            "kms_key_arn": "",
            "last_modified": "2026-04-28T12:53:33.619+0000",
            "layers": null,
            "logging_config": [
              {
                "application_log_level": "",
                "log_format": "Text",
                "log_group": "/aws/lambda/batch-data-processing-pipeline-engineering-cc001-lambda-6b52a3e",
                "system_log_level": ""
              }
            ],
            "memory_size": 256,
            "package_type": "Zip",
            "publish": false,
            "qualified_arn": "arn:aws:lambda:us-east-1:602963248309:function:batch-data-processing-pipeline-engineering-cc001-lambda-6b52a3e:$LATEST",
            "qualified_invoke_arn": "arn:aws:apigateway:us-east-1:lambda:path/2015-03-31/functions/arn:aws:lambda:us-east-1:602963248309:function:batch-data-processing-pipeline-engineering-cc001-lambda-6b52a3e:$LATEST/invocations",
            "replace_security_groups_on_destroy": null,
            "replacement_security_group_ids": null,
            "reserved_concurrent_executions": -1,
            "role": "arn:aws:iam::602963248309:role/batch-data-processing-pipeline-engineering-cc001-la-bb00827-role",
            "runtime": "python3.12",
            "s3_bucket": null,
            "s3_key": null,
            "s3_object_version": null,
            "signing_job_arn": "",
            "signing_profile_version_arn": "",
            "skip_destroy": false,
            "snap_start": [],
            "source_code_hash": "hG5ExWcE7AG4uh2IfhRF7B5EPYdJWS5X8GTO2vqar3M=",
            "source_code_size": 633,
            "tags": {
              "BusinessUnit": "engineering",
              "CostCenter": "cc001",
              "ManagedBy": "aws-pipeline-engine",
              "Pipeline": "batch_data_processing_pipeline"
            },
            "tags_all": {
              "BusinessUnit": "engineering",
              "CostCenter": "cc001",
              "ManagedBy": "aws-pipeline-engine",
              "Pipeline": "batch_data_processing_pipeline"
            },
            "timeout": 600,
            "timeouts": null,
            "tracing_config": [
              {
                "mode": "PassThrough"
              }
            ],
            "version": "$LATEST",
            "vpc_config": []
          },
          "sensitive_attributes": [],
          "private": "eyJlMmJmYjczMC1lY2FhLTExZTYtOGY4OC0zNDM2M2JjN2M0YzAiOnsiY3JlYXRlIjo2MDAwMDAwMDAwMDAsImRlbGV0ZSI6NjAwMDAwMDAwMDAwLCJ1cGRhdGUiOjYwMDAwMDAwMDAwMH19",
          "dependencies": [
            "aws_cloudwatch_log_group.batch_data_processing_pipeline_engineering_cc001_lambda_refine_data_5_lg",
            "aws_iam_role.batch_data_processing_pipeline_engineering_cc001_lambda_refine_data_5_role",
            "aws_s3_bucket.batch_data_processing_pipeline_engineering_cc001_s3_case_staging_bucket_8",
            "aws_s3_bucket.batch_data_processing_pipeline_engineering_cc001_s3_collision_staging_bucket_5",
            "aws_s3_bucket.batch_data_processing_pipeline_engineering_cc001_s3_minilake_bucket_9",
            "aws_s3_bucket.batch_data_processing_pipeline_engineering_cc001_s3_party_staging_bucket_6",
            "aws_s3_bucket.batch_data_processing_pipeline_engineering_cc001_s3_victim_staging_bucket_7",
            "data.archive_file.batch_data_processing_pipeline_engineering_cc001_lambda_refine_data_5_placeholder"
          ]
        }
      ]
    },
    {
      "mode": "managed",
      "type": "aws_lambda_function",
      "name": "batch_data_processing_pipeline_engineering_cc001_lambda_victim_processor_3",
      "provider": "provider[\"registry.terraform.io/hashicorp/aws\"]",
      "instances": [
        {
          "schema_version": 0,
          "attributes": {
            "architectures": [
              "x86_64"
            ],
            "arn": "arn:aws:lambda:us-east-1:602963248309:function:batch-data-processing-pipeline-engineering-cc001-lambda-3ff0c6a",
            "code_sha256": "UnPOLDH912ohCLlVTxU3G2lJCiw3GnuDp378jNgIShk=",
            "code_signing_config_arn": "",
            "dead_letter_config": [],
            "description": "",
            "environment": [
              {
                "variables": {
                  "VICTIM_BUCKET_BUCKET": "batch-data-processing-pipeline-engineering-cc001-s3-vic-ebfcfb5",
                  "VICTIM_STAGING_BUCKET_BUCKET": "batch-data-processing-pipeline-engineering-cc001-s3-vic-d91ab14"
                }
              }
            ],
            "ephemeral_storage": [
              {
                "size": 512
              }
            ],
            "file_system_config": [],
            "filename": "./batch_data_processing_pipeline_engineering_cc001_lambda_victim_processor_3_placeholder.zip",
            "function_name": "batch-data-processing-pipeline-engineering-cc001-lambda-3ff0c6a",
            "handler": "index.handler",
            "id": "batch-data-processing-pipeline-engineering-cc001-lambda-3ff0c6a",
            "image_config": [],
            "image_uri": "",
            "invoke_arn": "arn:aws:apigateway:us-east-1:lambda:path/2015-03-31/functions/arn:aws:lambda:us-east-1:602963248309:function:batch-data-processing-pipeline-engineering-cc001-lambda-3ff0c6a/invocations",
            "kms_key_arn": "",
            "last_modified": "2026-04-28T12:53:25.851+0000",
            "layers": null,
            "logging_config": [
              {
                "application_log_level": "",
                "log_format": "Text",
                "log_group": "/aws/lambda/batch-data-processing-pipeline-engineering-cc001-lambda-3ff0c6a",
                "system_log_level": ""
              }
            ],
            "memory_size": 128,
            "package_type": "Zip",
            "publish": false,
            "qualified_arn": "arn:aws:lambda:us-east-1:602963248309:function:batch-data-processing-pipeline-engineering-cc001-lambda-3ff0c6a:$LATEST",
            "qualified_invoke_arn": "arn:aws:apigateway:us-east-1:lambda:path/2015-03-31/functions/arn:aws:lambda:us-east-1:602963248309:function:batch-data-processing-pipeline-engineering-cc001-lambda-3ff0c6a:$LATEST/invocations",
            "replace_security_groups_on_destroy": null,
            "replacement_security_group_ids": null,
            "reserved_concurrent_executions": -1,
            "role": "arn:aws:iam::602963248309:role/batch-data-processing-pipeline-engineering-cc001-la-dcd94b6-role",
            "runtime": "python3.12",
            "s3_bucket": null,
            "s3_key": null,
            "s3_object_version": null,
            "signing_job_arn": "",
            "signing_profile_version_arn": "",
            "skip_destroy": false,
            "snap_start": [],
            "source_code_hash": "UnPOLDH912ohCLlVTxU3G2lJCiw3GnuDp378jNgIShk=",
            "source_code_size": 553,
            "tags": {
              "BusinessUnit": "engineering",
              "CostCenter": "cc001",
              "ManagedBy": "aws-pipeline-engine",
              "Pipeline": "batch_data_processing_pipeline"
            },
            "tags_all": {
              "BusinessUnit": "engineering",
              "CostCenter": "cc001",
              "ManagedBy": "aws-pipeline-engine",
              "Pipeline": "batch_data_processing_pipeline"
            },
            "timeout": 300,
            "timeouts": null,
            "tracing_config": [
              {
                "mode": "PassThrough"
              }
            ],
            "version": "$LATEST",
            "vpc_config": []
          },
          "sensitive_attributes": [],
          "private": "eyJlMmJmYjczMC1lY2FhLTExZTYtOGY4OC0zNDM2M2JjN2M0YzAiOnsiY3JlYXRlIjo2MDAwMDAwMDAwMDAsImRlbGV0ZSI6NjAwMDAwMDAwMDAwLCJ1cGRhdGUiOjYwMDAwMDAwMDAwMH19",
          "dependencies": [
            "aws_cloudwatch_log_group.batch_data_processing_pipeline_engineering_cc001_lambda_victim_processor_3_lg",
            "aws_iam_role.batch_data_processing_pipeline_engineering_cc001_lambda_victim_processor_3_role",
            "aws_s3_bucket.batch_data_processing_pipeline_engineering_cc001_s3_victim_bucket_3",
            "aws_s3_bucket.batch_data_processing_pipeline_engineering_cc001_s3_victim_staging_bucket_7",
            "data.archive_file.batch_data_processing_pipeline_engineering_cc001_lambda_victim_processor_3_placeholder"
          ]
        }
      ]
    },
    {
      "mode": "managed",
      "type": "aws_lambda_permission",
      "name": "batch_data_processing_pipeline_engineering_cc001_s3_case_bucket_4_invoke_batch_data_processing_pipeline_engineering_cc001_lambda_case_processor_4",
      "provider": "provider[\"registry.terraform.io/hashicorp/aws\"]",
      "instances": [
        {
          "schema_version": 0,
          "attributes": {
            "action": "lambda:InvokeFunction",
            "event_source_token": null,
            "function_name": "batch-data-processing-pipeline-engineering-cc001-lambda-2295c69",
            "function_url_auth_type": null,
            "id": "AllowS3-batch_data_processing_pipeline_engineering_cc001_s3_case_bucket_4-batch_data_proces-c2c7a60a",
            "principal": "s3.amazonaws.com",
            "principal_org_id": null,
            "qualifier": "",
            "source_account": null,
            "source_arn": "arn:aws:s3:::batch-data-processing-pipeline-engineering-cc001-s3-cas-fd19152",
            "statement_id": "AllowS3-batch_data_processing_pipeline_engineering_cc001_s3_case_bucket_4-batch_data_proces-c2c7a60a",
            "statement_id_prefix": ""
          },
          "sensitive_attributes": [],
          "private": "bnVsbA==",
          "dependencies": [
            "aws_cloudwatch_log_group.batch_data_processing_pipeline_engineering_cc001_lambda_case_processor_4_lg",
            "aws_iam_role.batch_data_processing_pipeline_engineering_cc001_lambda_case_processor_4_role",
            "aws_lambda_function.batch_data_processing_pipeline_engineering_cc001_lambda_case_processor_4",
            "aws_s3_bucket.batch_data_processing_pipeline_engineering_cc001_s3_case_bucket_4",
            "aws_s3_bucket.batch_data_processing_pipeline_engineering_cc001_s3_case_staging_bucket_8",
            "data.archive_file.batch_data_processing_pipeline_engineering_cc001_lambda_case_processor_4_placeholder"
          ]
        }
      ]
    },
    {
      "mode": "managed",
      "type": "aws_lambda_permission",
      "name": "batch_data_processing_pipeline_engineering_cc001_s3_case_staging_bucket_8_invoke_batch_data_processing_pipeline_engineering_cc001_lambda_refine_data_5",
      "provider": "provider[\"registry.terraform.io/hashicorp/aws\"]",
      "instances": [
        {
          "schema_version": 0,
          "attributes": {
            "action": "lambda:InvokeFunction",
            "event_source_token": null,
            "function_name": "batch-data-processing-pipeline-engineering-cc001-lambda-6b52a3e",
            "function_url_auth_type": null,
            "id": "AllowS3-batch_data_processing_pipeline_engineering_cc001_s3_case_staging_bucket_8-batch_dat-b33c8aa6",
            "principal": "s3.amazonaws.com",
            "principal_org_id": null,
            "qualifier": "",
            "source_account": null,
            "source_arn": "arn:aws:s3:::batch-data-processing-pipeline-engineering-cc001-s3-cas-b1d29e8",
            "statement_id": "AllowS3-batch_data_processing_pipeline_engineering_cc001_s3_case_staging_bucket_8-batch_dat-b33c8aa6",
            "statement_id_prefix": ""
          },
          "sensitive_attributes": [],
          "private": "bnVsbA==",
          "dependencies": [
            "aws_cloudwatch_log_group.batch_data_processing_pipeline_engineering_cc001_lambda_refine_data_5_lg",
            "aws_iam_role.batch_data_processing_pipeline_engineering_cc001_lambda_refine_data_5_role",
            "aws_lambda_function.batch_data_processing_pipeline_engineering_cc001_lambda_refine_data_5",
            "aws_s3_bucket.batch_data_processing_pipeline_engineering_cc001_s3_case_staging_bucket_8",
            "aws_s3_bucket.batch_data_processing_pipeline_engineering_cc001_s3_collision_staging_bucket_5",
            "aws_s3_bucket.batch_data_processing_pipeline_engineering_cc001_s3_minilake_bucket_9",
            "aws_s3_bucket.batch_data_processing_pipeline_engineering_cc001_s3_party_staging_bucket_6",
            "aws_s3_bucket.batch_data_processing_pipeline_engineering_cc001_s3_victim_staging_bucket_7",
            "data.archive_file.batch_data_processing_pipeline_engineering_cc001_lambda_refine_data_5_placeholder"
          ]
        }
      ]
    },
    {
      "mode": "managed",
      "type": "aws_lambda_permission",
      "name": "batch_data_processing_pipeline_engineering_cc001_s3_collision_bucket_1_invoke_batch_data_processing_pipeline_engineering_cc001_lambda_collision_processor_1",
      "provider": "provider[\"registry.terraform.io/hashicorp/aws\"]",
      "instances": [
        {
          "schema_version": 0,
          "attributes": {
            "action": "lambda:InvokeFunction",
            "event_source_token": null,
            "function_name": "batch-data-processing-pipeline-engineering-cc001-lambda-6a1a0a0",
            "function_url_auth_type": null,
            "id": "AllowS3-batch_data_processing_pipeline_engineering_cc001_s3_collision_bucket_1-batch_data_p-600bdd49",
            "principal": "s3.amazonaws.com",
            "principal_org_id": null,
            "qualifier": "",
            "source_account": null,
            "source_arn": "arn:aws:s3:::batch-data-processing-pipeline-engineering-cc001-s3-col-aac5eda",
            "statement_id": "AllowS3-batch_data_processing_pipeline_engineering_cc001_s3_collision_bucket_1-batch_data_p-600bdd49",
            "statement_id_prefix": ""
          },
          "sensitive_attributes": [],
          "private": "bnVsbA==",
          "dependencies": [
            "aws_cloudwatch_log_group.batch_data_processing_pipeline_engineering_cc001_lambda_collision_processor_1_lg",
            "aws_iam_role.batch_data_processing_pipeline_engineering_cc001_lambda_collision_processor_1_role",
            "aws_lambda_function.batch_data_processing_pipeline_engineering_cc001_lambda_collision_processor_1",
            "aws_s3_bucket.batch_data_processing_pipeline_engineering_cc001_s3_collision_bucket_1",
            "aws_s3_bucket.batch_data_processing_pipeline_engineering_cc001_s3_collision_staging_bucket_5",
            "data.archive_file.batch_data_processing_pipeline_engineering_cc001_lambda_collision_processor_1_placeholder"
          ]
        }
      ]
    },
    {
      "mode": "managed",
      "type": "aws_lambda_permission",
      "name": "batch_data_processing_pipeline_engineering_cc001_s3_collision_staging_bucket_5_invoke_batch_data_processing_pipeline_engineering_cc001_lambda_refine_data_5",
      "provider": "provider[\"registry.terraform.io/hashicorp/aws\"]",
      "instances": [
        {
          "schema_version": 0,
          "attributes": {
            "action": "lambda:InvokeFunction",
            "event_source_token": null,
            "function_name": "batch-data-processing-pipeline-engineering-cc001-lambda-6b52a3e",
            "function_url_auth_type": null,
            "id": "AllowS3-batch_data_processing_pipeline_engineering_cc001_s3_collision_staging_bucket_5-batc-31dc2bb3",
            "principal": "s3.amazonaws.com",
            "principal_org_id": null,
            "qualifier": "",
            "source_account": null,
            "source_arn": "arn:aws:s3:::batch-data-processing-pipeline-engineering-cc001-s3-col-04d532d",
            "statement_id": "AllowS3-batch_data_processing_pipeline_engineering_cc001_s3_collision_staging_bucket_5-batc-31dc2bb3",
            "statement_id_prefix": ""
          },
          "sensitive_attributes": [],
          "private": "bnVsbA==",
          "dependencies": [
            "aws_cloudwatch_log_group.batch_data_processing_pipeline_engineering_cc001_lambda_refine_data_5_lg",
            "aws_iam_role.batch_data_processing_pipeline_engineering_cc001_lambda_refine_data_5_role",
            "aws_lambda_function.batch_data_processing_pipeline_engineering_cc001_lambda_refine_data_5",
            "aws_s3_bucket.batch_data_processing_pipeline_engineering_cc001_s3_case_staging_bucket_8",
            "aws_s3_bucket.batch_data_processing_pipeline_engineering_cc001_s3_collision_staging_bucket_5",
            "aws_s3_bucket.batch_data_processing_pipeline_engineering_cc001_s3_minilake_bucket_9",
            "aws_s3_bucket.batch_data_processing_pipeline_engineering_cc001_s3_party_staging_bucket_6",
            "aws_s3_bucket.batch_data_processing_pipeline_engineering_cc001_s3_victim_staging_bucket_7",
            "data.archive_file.batch_data_processing_pipeline_engineering_cc001_lambda_refine_data_5_placeholder"
          ]
        }
      ]
    },
    {
      "mode": "managed",
      "type": "aws_lambda_permission",
      "name": "batch_data_processing_pipeline_engineering_cc001_s3_party_bucket_2_invoke_batch_data_processing_pipeline_engineering_cc001_lambda_party_processor_2",
      "provider": "provider[\"registry.terraform.io/hashicorp/aws\"]",
      "instances": [
        {
          "schema_version": 0,
          "attributes": {
            "action": "lambda:InvokeFunction",
            "event_source_token": null,
            "function_name": "batch-data-processing-pipeline-engineering-cc001-lambda-c347a52",
            "function_url_auth_type": null,
            "id": "AllowS3-batch_data_processing_pipeline_engineering_cc001_s3_party_bucket_2-batch_data_proce-0660cd46",
            "principal": "s3.amazonaws.com",
            "principal_org_id": null,
            "qualifier": "",
            "source_account": null,
            "source_arn": "arn:aws:s3:::batch-data-processing-pipeline-engineering-cc001-s3-par-e1c0801",
            "statement_id": "AllowS3-batch_data_processing_pipeline_engineering_cc001_s3_party_bucket_2-batch_data_proce-0660cd46",
            "statement_id_prefix": ""
          },
          "sensitive_attributes": [],
          "private": "bnVsbA==",
          "dependencies": [
            "aws_cloudwatch_log_group.batch_data_processing_pipeline_engineering_cc001_lambda_party_processor_2_lg",
            "aws_iam_role.batch_data_processing_pipeline_engineering_cc001_lambda_party_processor_2_role",
            "aws_lambda_function.batch_data_processing_pipeline_engineering_cc001_lambda_party_processor_2",
            "aws_s3_bucket.batch_data_processing_pipeline_engineering_cc001_s3_party_bucket_2",
            "aws_s3_bucket.batch_data_processing_pipeline_engineering_cc001_s3_party_staging_bucket_6",
            "data.archive_file.batch_data_processing_pipeline_engineering_cc001_lambda_party_processor_2_placeholder"
          ]
        }
      ]
    },
    {
      "mode": "managed",
      "type": "aws_lambda_permission",
      "name": "batch_data_processing_pipeline_engineering_cc001_s3_party_staging_bucket_6_invoke_batch_data_processing_pipeline_engineering_cc001_lambda_refine_data_5",
      "provider": "provider[\"registry.terraform.io/hashicorp/aws\"]",
      "instances": [
        {
          "schema_version": 0,
          "attributes": {
            "action": "lambda:InvokeFunction",
            "event_source_token": null,
            "function_name": "batch-data-processing-pipeline-engineering-cc001-lambda-6b52a3e",
            "function_url_auth_type": null,
            "id": "AllowS3-batch_data_processing_pipeline_engineering_cc001_s3_party_staging_bucket_6-batch_da-5737baf0",
            "principal": "s3.amazonaws.com",
            "principal_org_id": null,
            "qualifier": "",
            "source_account": null,
            "source_arn": "arn:aws:s3:::batch-data-processing-pipeline-engineering-cc001-s3-par-be215f8",
            "statement_id": "AllowS3-batch_data_processing_pipeline_engineering_cc001_s3_party_staging_bucket_6-batch_da-5737baf0",
            "statement_id_prefix": ""
          },
          "sensitive_attributes": [],
          "private": "bnVsbA==",
          "dependencies": [
            "aws_cloudwatch_log_group.batch_data_processing_pipeline_engineering_cc001_lambda_refine_data_5_lg",
            "aws_iam_role.batch_data_processing_pipeline_engineering_cc001_lambda_refine_data_5_role",
            "aws_lambda_function.batch_data_processing_pipeline_engineering_cc001_lambda_refine_data_5",
            "aws_s3_bucket.batch_data_processing_pipeline_engineering_cc001_s3_case_staging_bucket_8",
            "aws_s3_bucket.batch_data_processing_pipeline_engineering_cc001_s3_collision_staging_bucket_5",
            "aws_s3_bucket.batch_data_processing_pipeline_engineering_cc001_s3_minilake_bucket_9",
            "aws_s3_bucket.batch_data_processing_pipeline_engineering_cc001_s3_party_staging_bucket_6",
            "aws_s3_bucket.batch_data_processing_pipeline_engineering_cc001_s3_victim_staging_bucket_7",
            "data.archive_file.batch_data_processing_pipeline_engineering_cc001_lambda_refine_data_5_placeholder"
          ]
        }
      ]
    },
    {
      "mode": "managed",
      "type": "aws_lambda_permission",
      "name": "batch_data_processing_pipeline_engineering_cc001_s3_victim_bucket_3_invoke_batch_data_processing_pipeline_engineering_cc001_lambda_victim_processor_3",
      "provider": "provider[\"registry.terraform.io/hashicorp/aws\"]",
      "instances": [
        {
          "schema_version": 0,
          "attributes": {
            "action": "lambda:InvokeFunction",
            "event_source_token": null,
            "function_name": "batch-data-processing-pipeline-engineering-cc001-lambda-3ff0c6a",
            "function_url_auth_type": null,
            "id": "AllowS3-batch_data_processing_pipeline_engineering_cc001_s3_victim_bucket_3-batch_data_proc-5d7bb0c7",
            "principal": "s3.amazonaws.com",
            "principal_org_id": null,
            "qualifier": "",
            "source_account": null,
            "source_arn": "arn:aws:s3:::batch-data-processing-pipeline-engineering-cc001-s3-vic-ebfcfb5",
            "statement_id": "AllowS3-batch_data_processing_pipeline_engineering_cc001_s3_victim_bucket_3-batch_data_proc-5d7bb0c7",
            "statement_id_prefix": ""
          },
          "sensitive_attributes": [],
          "private": "bnVsbA==",
          "dependencies": [
            "aws_cloudwatch_log_group.batch_data_processing_pipeline_engineering_cc001_lambda_victim_processor_3_lg",
            "aws_iam_role.batch_data_processing_pipeline_engineering_cc001_lambda_victim_processor_3_role",
            "aws_lambda_function.batch_data_processing_pipeline_engineering_cc001_lambda_victim_processor_3",
            "aws_s3_bucket.batch_data_processing_pipeline_engineering_cc001_s3_victim_bucket_3",
            "aws_s3_bucket.batch_data_processing_pipeline_engineering_cc001_s3_victim_staging_bucket_7",
            "data.archive_file.batch_data_processing_pipeline_engineering_cc001_lambda_victim_processor_3_placeholder"
          ]
        }
      ]
    },
    {
      "mode": "managed",
      "type": "aws_lambda_permission",
      "name": "batch_data_processing_pipeline_engineering_cc001_s3_victim_staging_bucket_7_invoke_batch_data_processing_pipeline_engineering_cc001_lambda_refine_data_5",
      "provider": "provider[\"registry.terraform.io/hashicorp/aws\"]",
      "instances": [
        {
          "schema_version": 0,
          "attributes": {
            "action": "lambda:InvokeFunction",
            "event_source_token": null,
            "function_name": "batch-data-processing-pipeline-engineering-cc001-lambda-6b52a3e",
            "function_url_auth_type": null,
            "id": "AllowS3-batch_data_processing_pipeline_engineering_cc001_s3_victim_staging_bucket_7-batch_d-597fd336",
            "principal": "s3.amazonaws.com",
            "principal_org_id": null,
            "qualifier": "",
            "source_account": null,
            "source_arn": "arn:aws:s3:::batch-data-processing-pipeline-engineering-cc001-s3-vic-d91ab14",
            "statement_id": "AllowS3-batch_data_processing_pipeline_engineering_cc001_s3_victim_staging_bucket_7-batch_d-597fd336",
            "statement_id_prefix": ""
          },
          "sensitive_attributes": [],
          "private": "bnVsbA==",
          "dependencies": [
            "aws_cloudwatch_log_group.batch_data_processing_pipeline_engineering_cc001_lambda_refine_data_5_lg",
            "aws_iam_role.batch_data_processing_pipeline_engineering_cc001_lambda_refine_data_5_role",
            "aws_lambda_function.batch_data_processing_pipeline_engineering_cc001_lambda_refine_data_5",
            "aws_s3_bucket.batch_data_processing_pipeline_engineering_cc001_s3_case_staging_bucket_8",
            "aws_s3_bucket.batch_data_processing_pipeline_engineering_cc001_s3_collision_staging_bucket_5",
            "aws_s3_bucket.batch_data_processing_pipeline_engineering_cc001_s3_minilake_bucket_9",
            "aws_s3_bucket.batch_data_processing_pipeline_engineering_cc001_s3_party_staging_bucket_6",
            "aws_s3_bucket.batch_data_processing_pipeline_engineering_cc001_s3_victim_staging_bucket_7",
            "data.archive_file.batch_data_processing_pipeline_engineering_cc001_lambda_refine_data_5_placeholder"
          ]
        }
      ]
    },
    {
      "mode": "managed",
      "type": "aws_s3_bucket",
      "name": "batch_data_processing_pipeline_engineering_cc001_s3_case_bucket_4",
      "provider": "provider[\"registry.terraform.io/hashicorp/aws\"]",
      "instances": [
        {
          "schema_version": 0,
          "attributes": {
            "acceleration_status": "",
            "acl": null,
            "arn": "arn:aws:s3:::batch-data-processing-pipeline-engineering-cc001-s3-cas-fd19152",
            "bucket": "batch-data-processing-pipeline-engineering-cc001-s3-cas-fd19152",
            "bucket_domain_name": "batch-data-processing-pipeline-engineering-cc001-s3-cas-fd19152.s3.amazonaws.com",
            "bucket_prefix": "",
            "bucket_regional_domain_name": "batch-data-processing-pipeline-engineering-cc001-s3-cas-fd19152.s3.us-east-1.amazonaws.com",
            "cors_rule": [],
            "force_destroy": true,
            "grant": [
              {
                "id": "6b988a1bfb1696d044a07b3f9fd2a2a715c57a1b22eb6076238db5417a49eab2",
                "permissions": [
                  "FULL_CONTROL"
                ],
                "type": "CanonicalUser",
                "uri": ""
              }
            ],
            "hosted_zone_id": "Z3AQBSTGFYJSTF",
            "id": "batch-data-processing-pipeline-engineering-cc001-s3-cas-fd19152",
            "lifecycle_rule": [],
            "logging": [],
            "object_lock_configuration": [],
            "object_lock_enabled": false,
            "policy": "",
            "region": "us-east-1",
            "replication_configuration": [],
            "request_payer": "BucketOwner",
            "server_side_encryption_configuration": [
              {
                "rule": [
                  {
                    "apply_server_side_encryption_by_default": [
                      {
                        "kms_master_key_id": "",
                        "sse_algorithm": "AES256"
                      }
                    ],
                    "bucket_key_enabled": false
                  }
                ]
              }
            ],
            "tags": {
              "BusinessUnit": "engineering",
              "CostCenter": "cc001",
              "ManagedBy": "aws-pipeline-engine",
              "Pipeline": "batch_data_processing_pipeline"
            },
            "tags_all": {
              "BusinessUnit": "engineering",
              "CostCenter": "cc001",
              "ManagedBy": "aws-pipeline-engine",
              "Pipeline": "batch_data_processing_pipeline"
            },
            "timeouts": null,
            "versioning": [
              {
                "enabled": false,
                "mfa_delete": false
              }
            ],
            "website": [],
            "website_domain": null,
            "website_endpoint": null
          },
          "sensitive_attributes": [],
          "private": "eyJlMmJmYjczMC1lY2FhLTExZTYtOGY4OC0zNDM2M2JjN2M0YzAiOnsiY3JlYXRlIjoxMjAwMDAwMDAwMDAwLCJkZWxldGUiOjM2MDAwMDAwMDAwMDAsInJlYWQiOjEyMDAwMDAwMDAwMDAsInVwZGF0ZSI6MTIwMDAwMDAwMDAwMH19"
        }
      ]
    },
    {
      "mode": "managed",
      "type": "aws_s3_bucket",
      "name": "batch_data_processing_pipeline_engineering_cc001_s3_case_staging_bucket_8",
      "provider": "provider[\"registry.terraform.io/hashicorp/aws\"]",
      "instances": [
        {
          "schema_version": 0,
          "attributes": {
            "acceleration_status": "",
            "acl": null,
            "arn": "arn:aws:s3:::batch-data-processing-pipeline-engineering-cc001-s3-cas-b1d29e8",
            "bucket": "batch-data-processing-pipeline-engineering-cc001-s3-cas-b1d29e8",
            "bucket_domain_name": "batch-data-processing-pipeline-engineering-cc001-s3-cas-b1d29e8.s3.amazonaws.com",
            "bucket_prefix": "",
            "bucket_regional_domain_name": "batch-data-processing-pipeline-engineering-cc001-s3-cas-b1d29e8.s3.us-east-1.amazonaws.com",
            "cors_rule": [],
            "force_destroy": true,
            "grant": [
              {
                "id": "6b988a1bfb1696d044a07b3f9fd2a2a715c57a1b22eb6076238db5417a49eab2",
                "permissions": [
                  "FULL_CONTROL"
                ],
                "type": "CanonicalUser",
                "uri": ""
              }
            ],
            "hosted_zone_id": "Z3AQBSTGFYJSTF",
            "id": "batch-data-processing-pipeline-engineering-cc001-s3-cas-b1d29e8",
            "lifecycle_rule": [],
            "logging": [],
            "object_lock_configuration": [],
            "object_lock_enabled": false,
            "policy": "",
            "region": "us-east-1",
            "replication_configuration": [],
            "request_payer": "BucketOwner",
            "server_side_encryption_configuration": [
              {
                "rule": [
                  {
                    "apply_server_side_encryption_by_default": [
                      {
                        "kms_master_key_id": "",
                        "sse_algorithm": "AES256"
                      }
                    ],
                    "bucket_key_enabled": false
                  }
                ]
              }
            ],
            "tags": {
              "BusinessUnit": "engineering",
              "CostCenter": "cc001",
              "ManagedBy": "aws-pipeline-engine",
              "Pipeline": "batch_data_processing_pipeline"
            },
            "tags_all": {
              "BusinessUnit": "engineering",
              "CostCenter": "cc001",
              "ManagedBy": "aws-pipeline-engine",
              "Pipeline": "batch_data_processing_pipeline"
            },
            "timeouts": null,
            "versioning": [
              {
                "enabled": false,
                "mfa_delete": false
              }
            ],
            "website": [],
            "website_domain": null,
            "website_endpoint": null
          },
          "sensitive_attributes": [],
          "private": "eyJlMmJmYjczMC1lY2FhLTExZTYtOGY4OC0zNDM2M2JjN2M0YzAiOnsiY3JlYXRlIjoxMjAwMDAwMDAwMDAwLCJkZWxldGUiOjM2MDAwMDAwMDAwMDAsInJlYWQiOjEyMDAwMDAwMDAwMDAsInVwZGF0ZSI6MTIwMDAwMDAwMDAwMH19"
        }
      ]
    },
    {
      "mode": "managed",
      "type": "aws_s3_bucket",
      "name": "batch_data_processing_pipeline_engineering_cc001_s3_collision_bucket_1",
      "provider": "provider[\"registry.terraform.io/hashicorp/aws\"]",
      "instances": [
        {
          "schema_version": 0,
          "attributes": {
            "acceleration_status": "",
            "acl": null,
            "arn": "arn:aws:s3:::batch-data-processing-pipeline-engineering-cc001-s3-col-aac5eda",
            "bucket": "batch-data-processing-pipeline-engineering-cc001-s3-col-aac5eda",
            "bucket_domain_name": "batch-data-processing-pipeline-engineering-cc001-s3-col-aac5eda.s3.amazonaws.com",
            "bucket_prefix": "",
            "bucket_regional_domain_name": "batch-data-processing-pipeline-engineering-cc001-s3-col-aac5eda.s3.us-east-1.amazonaws.com",
            "cors_rule": [],
            "force_destroy": true,
            "grant": [
              {
                "id": "6b988a1bfb1696d044a07b3f9fd2a2a715c57a1b22eb6076238db5417a49eab2",
                "permissions": [
                  "FULL_CONTROL"
                ],
                "type": "CanonicalUser",
                "uri": ""
              }
            ],
            "hosted_zone_id": "Z3AQBSTGFYJSTF",
            "id": "batch-data-processing-pipeline-engineering-cc001-s3-col-aac5eda",
            "lifecycle_rule": [],
            "logging": [],
            "object_lock_configuration": [],
            "object_lock_enabled": false,
            "policy": "",
            "region": "us-east-1",
            "replication_configuration": [],
            "request_payer": "BucketOwner",
            "server_side_encryption_configuration": [
              {
                "rule": [
                  {
                    "apply_server_side_encryption_by_default": [
                      {
                        "kms_master_key_id": "",
                        "sse_algorithm": "AES256"
                      }
                    ],
                    "bucket_key_enabled": false
                  }
                ]
              }
            ],
            "tags": {
              "BusinessUnit": "engineering",
              "CostCenter": "cc001",
              "ManagedBy": "aws-pipeline-engine",
              "Pipeline": "batch_data_processing_pipeline"
            },
            "tags_all": {
              "BusinessUnit": "engineering",
              "CostCenter": "cc001",
              "ManagedBy": "aws-pipeline-engine",
              "Pipeline": "batch_data_processing_pipeline"
            },
            "timeouts": null,
            "versioning": [
              {
                "enabled": false,
                "mfa_delete": false
              }
            ],
            "website": [],
            "website_domain": null,
            "website_endpoint": null
          },
          "sensitive_attributes": [],
          "private": "eyJlMmJmYjczMC1lY2FhLTExZTYtOGY4OC0zNDM2M2JjN2M0YzAiOnsiY3JlYXRlIjoxMjAwMDAwMDAwMDAwLCJkZWxldGUiOjM2MDAwMDAwMDAwMDAsInJlYWQiOjEyMDAwMDAwMDAwMDAsInVwZGF0ZSI6MTIwMDAwMDAwMDAwMH19"
        }
      ]
    },
    {
      "mode": "managed",
      "type": "aws_s3_bucket",
      "name": "batch_data_processing_pipeline_engineering_cc001_s3_collision_staging_bucket_5",
      "provider": "provider[\"registry.terraform.io/hashicorp/aws\"]",
      "instances": [
        {
          "schema_version": 0,
          "attributes": {
            "acceleration_status": "",
            "acl": null,
            "arn": "arn:aws:s3:::batch-data-processing-pipeline-engineering-cc001-s3-col-04d532d",
            "bucket": "batch-data-processing-pipeline-engineering-cc001-s3-col-04d532d",
            "bucket_domain_name": "batch-data-processing-pipeline-engineering-cc001-s3-col-04d532d.s3.amazonaws.com",
            "bucket_prefix": "",
            "bucket_regional_domain_name": "batch-data-processing-pipeline-engineering-cc001-s3-col-04d532d.s3.us-east-1.amazonaws.com",
            "cors_rule": [],
            "force_destroy": true,
            "grant": [
              {
                "id": "6b988a1bfb1696d044a07b3f9fd2a2a715c57a1b22eb6076238db5417a49eab2",
                "permissions": [
                  "FULL_CONTROL"
                ],
                "type": "CanonicalUser",
                "uri": ""
              }
            ],
            "hosted_zone_id": "Z3AQBSTGFYJSTF",
            "id": "batch-data-processing-pipeline-engineering-cc001-s3-col-04d532d",
            "lifecycle_rule": [],
            "logging": [],
            "object_lock_configuration": [],
            "object_lock_enabled": false,
            "policy": "",
            "region": "us-east-1",
            "replication_configuration": [],
            "request_payer": "BucketOwner",
            "server_side_encryption_configuration": [
              {
                "rule": [
                  {
                    "apply_server_side_encryption_by_default": [
                      {
                        "kms_master_key_id": "",
                        "sse_algorithm": "AES256"
                      }
                    ],
                    "bucket_key_enabled": false
                  }
                ]
              }
            ],
            "tags": {
              "BusinessUnit": "engineering",
              "CostCenter": "cc001",
              "ManagedBy": "aws-pipeline-engine",
              "Pipeline": "batch_data_processing_pipeline"
            },
            "tags_all": {
              "BusinessUnit": "engineering",
              "CostCenter": "cc001",
              "ManagedBy": "aws-pipeline-engine",
              "Pipeline": "batch_data_processing_pipeline"
            },
            "timeouts": null,
            "versioning": [
              {
                "enabled": false,
                "mfa_delete": false
              }
            ],
            "website": [],
            "website_domain": null,
            "website_endpoint": null
          },
          "sensitive_attributes": [],
          "private": "eyJlMmJmYjczMC1lY2FhLTExZTYtOGY4OC0zNDM2M2JjN2M0YzAiOnsiY3JlYXRlIjoxMjAwMDAwMDAwMDAwLCJkZWxldGUiOjM2MDAwMDAwMDAwMDAsInJlYWQiOjEyMDAwMDAwMDAwMDAsInVwZGF0ZSI6MTIwMDAwMDAwMDAwMH19"
        }
      ]
    },
    {
      "mode": "managed",
      "type": "aws_s3_bucket",
      "name": "batch_data_processing_pipeline_engineering_cc001_s3_minilake_bucket_9",
      "provider": "provider[\"registry.terraform.io/hashicorp/aws\"]",
      "instances": [
        {
          "schema_version": 0,
          "attributes": {
            "acceleration_status": "",
            "acl": null,
            "arn": "arn:aws:s3:::batch-data-processing-pipeline-engineering-cc001-s3-min-432f547",
            "bucket": "batch-data-processing-pipeline-engineering-cc001-s3-min-432f547",
            "bucket_domain_name": "batch-data-processing-pipeline-engineering-cc001-s3-min-432f547.s3.amazonaws.com",
            "bucket_prefix": "",
            "bucket_regional_domain_name": "batch-data-processing-pipeline-engineering-cc001-s3-min-432f547.s3.us-east-1.amazonaws.com",
            "cors_rule": [],
            "force_destroy": true,
            "grant": [
              {
                "id": "6b988a1bfb1696d044a07b3f9fd2a2a715c57a1b22eb6076238db5417a49eab2",
                "permissions": [
                  "FULL_CONTROL"
                ],
                "type": "CanonicalUser",
                "uri": ""
              }
            ],
            "hosted_zone_id": "Z3AQBSTGFYJSTF",
            "id": "batch-data-processing-pipeline-engineering-cc001-s3-min-432f547",
            "lifecycle_rule": [],
            "logging": [],
            "object_lock_configuration": [],
            "object_lock_enabled": false,
            "policy": "",
            "region": "us-east-1",
            "replication_configuration": [],
            "request_payer": "BucketOwner",
            "server_side_encryption_configuration": [
              {
                "rule": [
                  {
                    "apply_server_side_encryption_by_default": [
                      {
                        "kms_master_key_id": "",
                        "sse_algorithm": "AES256"
                      }
                    ],
                    "bucket_key_enabled": false
                  }
                ]
              }
            ],
            "tags": {
              "BusinessUnit": "engineering",
              "CostCenter": "cc001",
              "ManagedBy": "aws-pipeline-engine",
              "Pipeline": "batch_data_processing_pipeline"
            },
            "tags_all": {
              "BusinessUnit": "engineering",
              "CostCenter": "cc001",
              "ManagedBy": "aws-pipeline-engine",
              "Pipeline": "batch_data_processing_pipeline"
            },
            "timeouts": null,
            "versioning": [
              {
                "enabled": false,
                "mfa_delete": false
              }
            ],
            "website": [],
            "website_domain": null,
            "website_endpoint": null
          },
          "sensitive_attributes": [],
          "private": "eyJlMmJmYjczMC1lY2FhLTExZTYtOGY4OC0zNDM2M2JjN2M0YzAiOnsiY3JlYXRlIjoxMjAwMDAwMDAwMDAwLCJkZWxldGUiOjM2MDAwMDAwMDAwMDAsInJlYWQiOjEyMDAwMDAwMDAwMDAsInVwZGF0ZSI6MTIwMDAwMDAwMDAwMH19"
        }
      ]
    },
    {
      "mode": "managed",
      "type": "aws_s3_bucket",
      "name": "batch_data_processing_pipeline_engineering_cc001_s3_party_bucket_2",
      "provider": "provider[\"registry.terraform.io/hashicorp/aws\"]",
      "instances": [
        {
          "schema_version": 0,
          "attributes": {
            "acceleration_status": "",
            "acl": null,
            "arn": "arn:aws:s3:::batch-data-processing-pipeline-engineering-cc001-s3-par-e1c0801",
            "bucket": "batch-data-processing-pipeline-engineering-cc001-s3-par-e1c0801",
            "bucket_domain_name": "batch-data-processing-pipeline-engineering-cc001-s3-par-e1c0801.s3.amazonaws.com",
            "bucket_prefix": "",
            "bucket_regional_domain_name": "batch-data-processing-pipeline-engineering-cc001-s3-par-e1c0801.s3.us-east-1.amazonaws.com",
            "cors_rule": [],
            "force_destroy": true,
            "grant": [
              {
                "id": "6b988a1bfb1696d044a07b3f9fd2a2a715c57a1b22eb6076238db5417a49eab2",
                "permissions": [
                  "FULL_CONTROL"
                ],
                "type": "CanonicalUser",
                "uri": ""
              }
            ],
            "hosted_zone_id": "Z3AQBSTGFYJSTF",
            "id": "batch-data-processing-pipeline-engineering-cc001-s3-par-e1c0801",
            "lifecycle_rule": [],
            "logging": [],
            "object_lock_configuration": [],
            "object_lock_enabled": false,
            "policy": "",
            "region": "us-east-1",
            "replication_configuration": [],
            "request_payer": "BucketOwner",
            "server_side_encryption_configuration": [
              {
                "rule": [
                  {
                    "apply_server_side_encryption_by_default": [
                      {
                        "kms_master_key_id": "",
                        "sse_algorithm": "AES256"
                      }
                    ],
                    "bucket_key_enabled": false
                  }
                ]
              }
            ],
            "tags": {
              "BusinessUnit": "engineering",
              "CostCenter": "cc001",
              "ManagedBy": "aws-pipeline-engine",
              "Pipeline": "batch_data_processing_pipeline"
            },
            "tags_all": {
              "BusinessUnit": "engineering",
              "CostCenter": "cc001",
              "ManagedBy": "aws-pipeline-engine",
              "Pipeline": "batch_data_processing_pipeline"
            },
            "timeouts": null,
            "versioning": [
              {
                "enabled": false,
                "mfa_delete": false
              }
            ],
            "website": [],
            "website_domain": null,
            "website_endpoint": null
          },
          "sensitive_attributes": [],
          "private": "eyJlMmJmYjczMC1lY2FhLTExZTYtOGY4OC0zNDM2M2JjN2M0YzAiOnsiY3JlYXRlIjoxMjAwMDAwMDAwMDAwLCJkZWxldGUiOjM2MDAwMDAwMDAwMDAsInJlYWQiOjEyMDAwMDAwMDAwMDAsInVwZGF0ZSI6MTIwMDAwMDAwMDAwMH19"
        }
      ]
    },
    {
      "mode": "managed",
      "type": "aws_s3_bucket",
      "name": "batch_data_processing_pipeline_engineering_cc001_s3_party_staging_bucket_6",
      "provider": "provider[\"registry.terraform.io/hashicorp/aws\"]",
      "instances": [
        {
          "schema_version": 0,
          "attributes": {
            "acceleration_status": "",
            "acl": null,
            "arn": "arn:aws:s3:::batch-data-processing-pipeline-engineering-cc001-s3-par-be215f8",
            "bucket": "batch-data-processing-pipeline-engineering-cc001-s3-par-be215f8",
            "bucket_domain_name": "batch-data-processing-pipeline-engineering-cc001-s3-par-be215f8.s3.amazonaws.com",
            "bucket_prefix": "",
            "bucket_regional_domain_name": "batch-data-processing-pipeline-engineering-cc001-s3-par-be215f8.s3.us-east-1.amazonaws.com",
            "cors_rule": [],
            "force_destroy": true,
            "grant": [
              {
                "id": "6b988a1bfb1696d044a07b3f9fd2a2a715c57a1b22eb6076238db5417a49eab2",
                "permissions": [
                  "FULL_CONTROL"
                ],
                "type": "CanonicalUser",
                "uri": ""
              }
            ],
            "hosted_zone_id": "Z3AQBSTGFYJSTF",
            "id": "batch-data-processing-pipeline-engineering-cc001-s3-par-be215f8",
            "lifecycle_rule": [],
            "logging": [],
            "object_lock_configuration": [],
            "object_lock_enabled": false,
            "policy": "",
            "region": "us-east-1",
            "replication_configuration": [],
            "request_payer": "BucketOwner",
            "server_side_encryption_configuration": [
              {
                "rule": [
                  {
                    "apply_server_side_encryption_by_default": [
                      {
                        "kms_master_key_id": "",
                        "sse_algorithm": "AES256"
                      }
                    ],
                    "bucket_key_enabled": false
                  }
                ]
              }
            ],
            "tags": {
              "BusinessUnit": "engineering",
              "CostCenter": "cc001",
              "ManagedBy": "aws-pipeline-engine",
              "Pipeline": "batch_data_processing_pipeline"
            },
            "tags_all": {
              "BusinessUnit": "engineering",
              "CostCenter": "cc001",
              "ManagedBy": "aws-pipeline-engine",
              "Pipeline": "batch_data_processing_pipeline"
            },
            "timeouts": null,
            "versioning": [
              {
                "enabled": false,
                "mfa_delete": false
              }
            ],
            "website": [],
            "website_domain": null,
            "website_endpoint": null
          },
          "sensitive_attributes": [],
          "private": "eyJlMmJmYjczMC1lY2FhLTExZTYtOGY4OC0zNDM2M2JjN2M0YzAiOnsiY3JlYXRlIjoxMjAwMDAwMDAwMDAwLCJkZWxldGUiOjM2MDAwMDAwMDAwMDAsInJlYWQiOjEyMDAwMDAwMDAwMDAsInVwZGF0ZSI6MTIwMDAwMDAwMDAwMH19"
        }
      ]
    },
    {
      "mode": "managed",
      "type": "aws_s3_bucket",
      "name": "batch_data_processing_pipeline_engineering_cc001_s3_victim_bucket_3",
      "provider": "provider[\"registry.terraform.io/hashicorp/aws\"]",
      "instances": [
        {
          "schema_version": 0,
          "attributes": {
            "acceleration_status": "",
            "acl": null,
            "arn": "arn:aws:s3:::batch-data-processing-pipeline-engineering-cc001-s3-vic-ebfcfb5",
            "bucket": "batch-data-processing-pipeline-engineering-cc001-s3-vic-ebfcfb5",
            "bucket_domain_name": "batch-data-processing-pipeline-engineering-cc001-s3-vic-ebfcfb5.s3.amazonaws.com",
            "bucket_prefix": "",
            "bucket_regional_domain_name": "batch-data-processing-pipeline-engineering-cc001-s3-vic-ebfcfb5.s3.us-east-1.amazonaws.com",
            "cors_rule": [],
            "force_destroy": true,
            "grant": [
              {
                "id": "6b988a1bfb1696d044a07b3f9fd2a2a715c57a1b22eb6076238db5417a49eab2",
                "permissions": [
                  "FULL_CONTROL"
                ],
                "type": "CanonicalUser",
                "uri": ""
              }
            ],
            "hosted_zone_id": "Z3AQBSTGFYJSTF",
            "id": "batch-data-processing-pipeline-engineering-cc001-s3-vic-ebfcfb5",
            "lifecycle_rule": [],
            "logging": [],
            "object_lock_configuration": [],
            "object_lock_enabled": false,
            "policy": "",
            "region": "us-east-1",
            "replication_configuration": [],
            "request_payer": "BucketOwner",
            "server_side_encryption_configuration": [
              {
                "rule": [
                  {
                    "apply_server_side_encryption_by_default": [
                      {
                        "kms_master_key_id": "",
                        "sse_algorithm": "AES256"
                      }
                    ],
                    "bucket_key_enabled": false
                  }
                ]
              }
            ],
            "tags": {
              "BusinessUnit": "engineering",
              "CostCenter": "cc001",
              "ManagedBy": "aws-pipeline-engine",
              "Pipeline": "batch_data_processing_pipeline"
            },
            "tags_all": {
              "BusinessUnit": "engineering",
              "CostCenter": "cc001",
              "ManagedBy": "aws-pipeline-engine",
              "Pipeline": "batch_data_processing_pipeline"
            },
            "timeouts": null,
            "versioning": [
              {
                "enabled": false,
                "mfa_delete": false
              }
            ],
            "website": [],
            "website_domain": null,
            "website_endpoint": null
          },
          "sensitive_attributes": [],
          "private": "eyJlMmJmYjczMC1lY2FhLTExZTYtOGY4OC0zNDM2M2JjN2M0YzAiOnsiY3JlYXRlIjoxMjAwMDAwMDAwMDAwLCJkZWxldGUiOjM2MDAwMDAwMDAwMDAsInJlYWQiOjEyMDAwMDAwMDAwMDAsInVwZGF0ZSI6MTIwMDAwMDAwMDAwMH19"
        }
      ]
    },
    {
      "mode": "managed",
      "type": "aws_s3_bucket",
      "name": "batch_data_processing_pipeline_engineering_cc001_s3_victim_staging_bucket_7",
      "provider": "provider[\"registry.terraform.io/hashicorp/aws\"]",
      "instances": [
        {
          "schema_version": 0,
          "attributes": {
            "acceleration_status": "",
            "acl": null,
            "arn": "arn:aws:s3:::batch-data-processing-pipeline-engineering-cc001-s3-vic-d91ab14",
            "bucket": "batch-data-processing-pipeline-engineering-cc001-s3-vic-d91ab14",
            "bucket_domain_name": "batch-data-processing-pipeline-engineering-cc001-s3-vic-d91ab14.s3.amazonaws.com",
            "bucket_prefix": "",
            "bucket_regional_domain_name": "batch-data-processing-pipeline-engineering-cc001-s3-vic-d91ab14.s3.us-east-1.amazonaws.com",
            "cors_rule": [],
            "force_destroy": true,
            "grant": [
              {
                "id": "6b988a1bfb1696d044a07b3f9fd2a2a715c57a1b22eb6076238db5417a49eab2",
                "permissions": [
                  "FULL_CONTROL"
                ],
                "type": "CanonicalUser",
                "uri": ""
              }
            ],
            "hosted_zone_id": "Z3AQBSTGFYJSTF",
            "id": "batch-data-processing-pipeline-engineering-cc001-s3-vic-d91ab14",
            "lifecycle_rule": [],
            "logging": [],
            "object_lock_configuration": [],
            "object_lock_enabled": false,
            "policy": "",
            "region": "us-east-1",
            "replication_configuration": [],
            "request_payer": "BucketOwner",
            "server_side_encryption_configuration": [
              {
                "rule": [
                  {
                    "apply_server_side_encryption_by_default": [
                      {
                        "kms_master_key_id": "",
                        "sse_algorithm": "AES256"
                      }
                    ],
                    "bucket_key_enabled": false
                  }
                ]
              }
            ],
            "tags": {
              "BusinessUnit": "engineering",
              "CostCenter": "cc001",
              "ManagedBy": "aws-pipeline-engine",
              "Pipeline": "batch_data_processing_pipeline"
            },
            "tags_all": {
              "BusinessUnit": "engineering",
              "CostCenter": "cc001",
              "ManagedBy": "aws-pipeline-engine",
              "Pipeline": "batch_data_processing_pipeline"
            },
            "timeouts": null,
            "versioning": [
              {
                "enabled": false,
                "mfa_delete": false
              }
            ],
            "website": [],
            "website_domain": null,
            "website_endpoint": null
          },
          "sensitive_attributes": [],
          "private": "eyJlMmJmYjczMC1lY2FhLTExZTYtOGY4OC0zNDM2M2JjN2M0YzAiOnsiY3JlYXRlIjoxMjAwMDAwMDAwMDAwLCJkZWxldGUiOjM2MDAwMDAwMDAwMDAsInJlYWQiOjEyMDAwMDAwMDAwMDAsInVwZGF0ZSI6MTIwMDAwMDAwMDAwMH19"
        }
      ]
    },
    {
      "mode": "managed",
      "type": "aws_s3_bucket_notification",
      "name": "batch_data_processing_pipeline_engineering_cc001_s3_case_bucket_4_notification",
      "provider": "provider[\"registry.terraform.io/hashicorp/aws\"]",
      "instances": [
        {
          "schema_version": 0,
          "attributes": {
            "bucket": "batch-data-processing-pipeline-engineering-cc001-s3-cas-fd19152",
            "eventbridge": false,
            "id": "batch-data-processing-pipeline-engineering-cc001-s3-cas-fd19152",
            "lambda_function": [
              {
                "events": [
                  "s3:ObjectCreated:*"
                ],
                "filter_prefix": "case_raw/",
                "filter_suffix": "",
                "id": "batch_data_processing_pipeline_engineering_cc001_s3_case_bucket_4_batch_data_processing_pipeline_engineering_cc001_lambda_case_processor_4",
                "lambda_function_arn": "arn:aws:lambda:us-east-1:602963248309:function:batch-data-processing-pipeline-engineering-cc001-lambda-2295c69"
              }
            ],
            "queue": [],
            "topic": []
          },
          "sensitive_attributes": [],
          "private": "bnVsbA==",
          "dependencies": [
            "aws_cloudwatch_log_group.batch_data_processing_pipeline_engineering_cc001_lambda_case_processor_4_lg",
            "aws_iam_role.batch_data_processing_pipeline_engineering_cc001_lambda_case_processor_4_role",
            "aws_lambda_function.batch_data_processing_pipeline_engineering_cc001_lambda_case_processor_4",
            "aws_lambda_permission.batch_data_processing_pipeline_engineering_cc001_s3_case_bucket_4_invoke_batch_data_processing_pipeline_engineering_cc001_lambda_case_processor_4",
            "aws_s3_bucket.batch_data_processing_pipeline_engineering_cc001_s3_case_bucket_4",
            "aws_s3_bucket.batch_data_processing_pipeline_engineering_cc001_s3_case_staging_bucket_8",
            "data.archive_file.batch_data_processing_pipeline_engineering_cc001_lambda_case_processor_4_placeholder"
          ]
        }
      ]
    },
    {
      "mode": "managed",
      "type": "aws_s3_bucket_notification",
      "name": "batch_data_processing_pipeline_engineering_cc001_s3_case_staging_bucket_8_notification",
      "provider": "provider[\"registry.terraform.io/hashicorp/aws\"]",
      "instances": [
        {
          "schema_version": 0,
          "attributes": {
            "bucket": "batch-data-processing-pipeline-engineering-cc001-s3-cas-b1d29e8",
            "eventbridge": false,
            "id": "batch-data-processing-pipeline-engineering-cc001-s3-cas-b1d29e8",
            "lambda_function": [
              {
                "events": [
                  "s3:ObjectCreated:*"
                ],
                "filter_prefix": "case_staging/",
                "filter_suffix": "",
                "id": "batch_data_processing_pipeline_engineering_cc001_s3_case_staging_bucket_8_batch_data_processing_pipeline_engineering_cc001_lambda_refine_data_5",
                "lambda_function_arn": "arn:aws:lambda:us-east-1:602963248309:function:batch-data-processing-pipeline-engineering-cc001-lambda-6b52a3e"
              }
            ],
            "queue": [],
            "topic": []
          },
          "sensitive_attributes": [],
          "private": "bnVsbA==",
          "dependencies": [
            "aws_cloudwatch_log_group.batch_data_processing_pipeline_engineering_cc001_lambda_refine_data_5_lg",
            "aws_iam_role.batch_data_processing_pipeline_engineering_cc001_lambda_refine_data_5_role",
            "aws_lambda_function.batch_data_processing_pipeline_engineering_cc001_lambda_refine_data_5",
            "aws_lambda_permission.batch_data_processing_pipeline_engineering_cc001_s3_case_staging_bucket_8_invoke_batch_data_processing_pipeline_engineering_cc001_lambda_refine_data_5",
            "aws_s3_bucket.batch_data_processing_pipeline_engineering_cc001_s3_case_staging_bucket_8",
            "aws_s3_bucket.batch_data_processing_pipeline_engineering_cc001_s3_collision_staging_bucket_5",
            "aws_s3_bucket.batch_data_processing_pipeline_engineering_cc001_s3_minilake_bucket_9",
            "aws_s3_bucket.batch_data_processing_pipeline_engineering_cc001_s3_party_staging_bucket_6",
            "aws_s3_bucket.batch_data_processing_pipeline_engineering_cc001_s3_victim_staging_bucket_7",
            "data.archive_file.batch_data_processing_pipeline_engineering_cc001_lambda_refine_data_5_placeholder"
          ]
        }
      ]
    },
    {
      "mode": "managed",
      "type": "aws_s3_bucket_notification",
      "name": "batch_data_processing_pipeline_engineering_cc001_s3_collision_bucket_1_notification",
      "provider": "provider[\"registry.terraform.io/hashicorp/aws\"]",
      "instances": [
        {
          "schema_version": 0,
          "attributes": {
            "bucket": "batch-data-processing-pipeline-engineering-cc001-s3-col-aac5eda",
            "eventbridge": false,
            "id": "batch-data-processing-pipeline-engineering-cc001-s3-col-aac5eda",
            "lambda_function": [
              {
                "events": [
                  "s3:ObjectCreated:*"
                ],
                "filter_prefix": "collision_raw/",
                "filter_suffix": "",
                "id": "batch_data_processing_pipeline_engineering_cc001_s3_collision_bucket_1_batch_data_processing_pipeline_engineering_cc001_lambda_collision_processor_1",
                "lambda_function_arn": "arn:aws:lambda:us-east-1:602963248309:function:batch-data-processing-pipeline-engineering-cc001-lambda-6a1a0a0"
              }
            ],
            "queue": [],
            "topic": []
          },
          "sensitive_attributes": [],
          "private": "bnVsbA==",
          "dependencies": [
            "aws_cloudwatch_log_group.batch_data_processing_pipeline_engineering_cc001_lambda_collision_processor_1_lg",
            "aws_iam_role.batch_data_processing_pipeline_engineering_cc001_lambda_collision_processor_1_role",
            "aws_lambda_function.batch_data_processing_pipeline_engineering_cc001_lambda_collision_processor_1",
            "aws_lambda_permission.batch_data_processing_pipeline_engineering_cc001_s3_collision_bucket_1_invoke_batch_data_processing_pipeline_engineering_cc001_lambda_collision_processor_1",
            "aws_s3_bucket.batch_data_processing_pipeline_engineering_cc001_s3_collision_bucket_1",
            "aws_s3_bucket.batch_data_processing_pipeline_engineering_cc001_s3_collision_staging_bucket_5",
            "data.archive_file.batch_data_processing_pipeline_engineering_cc001_lambda_collision_processor_1_placeholder"
          ]
        }
      ]
    },
    {
      "mode": "managed",
      "type": "aws_s3_bucket_notification",
      "name": "batch_data_processing_pipeline_engineering_cc001_s3_collision_staging_bucket_5_notification",
      "provider": "provider[\"registry.terraform.io/hashicorp/aws\"]",
      "instances": [
        {
          "schema_version": 0,
          "attributes": {
            "bucket": "batch-data-processing-pipeline-engineering-cc001-s3-col-04d532d",
            "eventbridge": false,
            "id": "batch-data-processing-pipeline-engineering-cc001-s3-col-04d532d",
            "lambda_function": [
              {
                "events": [
                  "s3:ObjectCreated:*"
                ],
                "filter_prefix": "collision_staging/",
                "filter_suffix": "",
                "id": "batch_data_processing_pipeline_engineering_cc001_s3_collision_staging_bucket_5_batch_data_processing_pipeline_engineering_cc001_lambda_refine_data_5",
                "lambda_function_arn": "arn:aws:lambda:us-east-1:602963248309:function:batch-data-processing-pipeline-engineering-cc001-lambda-6b52a3e"
              }
            ],
            "queue": [],
            "topic": []
          },
          "sensitive_attributes": [],
          "private": "bnVsbA==",
          "dependencies": [
            "aws_cloudwatch_log_group.batch_data_processing_pipeline_engineering_cc001_lambda_refine_data_5_lg",
            "aws_iam_role.batch_data_processing_pipeline_engineering_cc001_lambda_refine_data_5_role",
            "aws_lambda_function.batch_data_processing_pipeline_engineering_cc001_lambda_refine_data_5",
            "aws_lambda_permission.batch_data_processing_pipeline_engineering_cc001_s3_collision_staging_bucket_5_invoke_batch_data_processing_pipeline_engineering_cc001_lambda_refine_data_5",
            "aws_s3_bucket.batch_data_processing_pipeline_engineering_cc001_s3_case_staging_bucket_8",
            "aws_s3_bucket.batch_data_processing_pipeline_engineering_cc001_s3_collision_staging_bucket_5",
            "aws_s3_bucket.batch_data_processing_pipeline_engineering_cc001_s3_minilake_bucket_9",
            "aws_s3_bucket.batch_data_processing_pipeline_engineering_cc001_s3_party_staging_bucket_6",
            "aws_s3_bucket.batch_data_processing_pipeline_engineering_cc001_s3_victim_staging_bucket_7",
            "data.archive_file.batch_data_processing_pipeline_engineering_cc001_lambda_refine_data_5_placeholder"
          ]
        }
      ]
    },
    {
      "mode": "managed",
      "type": "aws_s3_bucket_notification",
      "name": "batch_data_processing_pipeline_engineering_cc001_s3_party_bucket_2_notification",
      "provider": "provider[\"registry.terraform.io/hashicorp/aws\"]",
      "instances": [
        {
          "schema_version": 0,
          "attributes": {
            "bucket": "batch-data-processing-pipeline-engineering-cc001-s3-par-e1c0801",
            "eventbridge": false,
            "id": "batch-data-processing-pipeline-engineering-cc001-s3-par-e1c0801",
            "lambda_function": [
              {
                "events": [
                  "s3:ObjectCreated:*"
                ],
                "filter_prefix": "party_raw/",
                "filter_suffix": "",
                "id": "batch_data_processing_pipeline_engineering_cc001_s3_party_bucket_2_batch_data_processing_pipeline_engineering_cc001_lambda_party_processor_2",
                "lambda_function_arn": "arn:aws:lambda:us-east-1:602963248309:function:batch-data-processing-pipeline-engineering-cc001-lambda-c347a52"
              }
            ],
            "queue": [],
            "topic": []
          },
          "sensitive_attributes": [],
          "private": "bnVsbA==",
          "dependencies": [
            "aws_cloudwatch_log_group.batch_data_processing_pipeline_engineering_cc001_lambda_party_processor_2_lg",
            "aws_iam_role.batch_data_processing_pipeline_engineering_cc001_lambda_party_processor_2_role",
            "aws_lambda_function.batch_data_processing_pipeline_engineering_cc001_lambda_party_processor_2",
            "aws_lambda_permission.batch_data_processing_pipeline_engineering_cc001_s3_party_bucket_2_invoke_batch_data_processing_pipeline_engineering_cc001_lambda_party_processor_2",
            "aws_s3_bucket.batch_data_processing_pipeline_engineering_cc001_s3_party_bucket_2",
            "aws_s3_bucket.batch_data_processing_pipeline_engineering_cc001_s3_party_staging_bucket_6",
            "data.archive_file.batch_data_processing_pipeline_engineering_cc001_lambda_party_processor_2_placeholder"
          ]
        }
      ]
    },
    {
      "mode": "managed",
      "type": "aws_s3_bucket_notification",
      "name": "batch_data_processing_pipeline_engineering_cc001_s3_party_staging_bucket_6_notification",
      "provider": "provider[\"registry.terraform.io/hashicorp/aws\"]",
      "instances": [
        {
          "schema_version": 0,
          "attributes": {
            "bucket": "batch-data-processing-pipeline-engineering-cc001-s3-par-be215f8",
            "eventbridge": false,
            "id": "batch-data-processing-pipeline-engineering-cc001-s3-par-be215f8",
            "lambda_function": [
              {
                "events": [
                  "s3:ObjectCreated:*"
                ],
                "filter_prefix": "party_staging/",
                "filter_suffix": "",
                "id": "batch_data_processing_pipeline_engineering_cc001_s3_party_staging_bucket_6_batch_data_processing_pipeline_engineering_cc001_lambda_refine_data_5",
                "lambda_function_arn": "arn:aws:lambda:us-east-1:602963248309:function:batch-data-processing-pipeline-engineering-cc001-lambda-6b52a3e"
              }
            ],
            "queue": [],
            "topic": []
          },
          "sensitive_attributes": [],
          "private": "bnVsbA==",
          "dependencies": [
            "aws_cloudwatch_log_group.batch_data_processing_pipeline_engineering_cc001_lambda_refine_data_5_lg",
            "aws_iam_role.batch_data_processing_pipeline_engineering_cc001_lambda_refine_data_5_role",
            "aws_lambda_function.batch_data_processing_pipeline_engineering_cc001_lambda_refine_data_5",
            "aws_lambda_permission.batch_data_processing_pipeline_engineering_cc001_s3_party_staging_bucket_6_invoke_batch_data_processing_pipeline_engineering_cc001_lambda_refine_data_5",
            "aws_s3_bucket.batch_data_processing_pipeline_engineering_cc001_s3_case_staging_bucket_8",
            "aws_s3_bucket.batch_data_processing_pipeline_engineering_cc001_s3_collision_staging_bucket_5",
            "aws_s3_bucket.batch_data_processing_pipeline_engineering_cc001_s3_minilake_bucket_9",
            "aws_s3_bucket.batch_data_processing_pipeline_engineering_cc001_s3_party_staging_bucket_6",
            "aws_s3_bucket.batch_data_processing_pipeline_engineering_cc001_s3_victim_staging_bucket_7",
            "data.archive_file.batch_data_processing_pipeline_engineering_cc001_lambda_refine_data_5_placeholder"
          ]
        }
      ]
    },
    {
      "mode": "managed",
      "type": "aws_s3_bucket_notification",
      "name": "batch_data_processing_pipeline_engineering_cc001_s3_victim_bucket_3_notification",
      "provider": "provider[\"registry.terraform.io/hashicorp/aws\"]",
      "instances": [
        {
          "schema_version": 0,
          "attributes": {
            "bucket": "batch-data-processing-pipeline-engineering-cc001-s3-vic-ebfcfb5",
            "eventbridge": false,
            "id": "batch-data-processing-pipeline-engineering-cc001-s3-vic-ebfcfb5",
            "lambda_function": [
              {
                "events": [
                  "s3:ObjectCreated:*"
                ],
                "filter_prefix": "victim_raw/",
                "filter_suffix": "",
                "id": "batch_data_processing_pipeline_engineering_cc001_s3_victim_bucket_3_batch_data_processing_pipeline_engineering_cc001_lambda_victim_processor_3",
                "lambda_function_arn": "arn:aws:lambda:us-east-1:602963248309:function:batch-data-processing-pipeline-engineering-cc001-lambda-3ff0c6a"
              }
            ],
            "queue": [],
            "topic": []
          },
          "sensitive_attributes": [],
          "private": "bnVsbA==",
          "dependencies": [
            "aws_cloudwatch_log_group.batch_data_processing_pipeline_engineering_cc001_lambda_victim_processor_3_lg",
            "aws_iam_role.batch_data_processing_pipeline_engineering_cc001_lambda_victim_processor_3_role",
            "aws_lambda_function.batch_data_processing_pipeline_engineering_cc001_lambda_victim_processor_3",
            "aws_lambda_permission.batch_data_processing_pipeline_engineering_cc001_s3_victim_bucket_3_invoke_batch_data_processing_pipeline_engineering_cc001_lambda_victim_processor_3",
            "aws_s3_bucket.batch_data_processing_pipeline_engineering_cc001_s3_victim_bucket_3",
            "aws_s3_bucket.batch_data_processing_pipeline_engineering_cc001_s3_victim_staging_bucket_7",
            "data.archive_file.batch_data_processing_pipeline_engineering_cc001_lambda_victim_processor_3_placeholder"
          ]
        }
      ]
    },
    {
      "mode": "managed",
      "type": "aws_s3_bucket_notification",
      "name": "batch_data_processing_pipeline_engineering_cc001_s3_victim_staging_bucket_7_notification",
      "provider": "provider[\"registry.terraform.io/hashicorp/aws\"]",
      "instances": [
        {
          "schema_version": 0,
          "attributes": {
            "bucket": "batch-data-processing-pipeline-engineering-cc001-s3-vic-d91ab14",
            "eventbridge": false,
            "id": "batch-data-processing-pipeline-engineering-cc001-s3-vic-d91ab14",
            "lambda_function": [
              {
                "events": [
                  "s3:ObjectCreated:*"
                ],
                "filter_prefix": "victim_staging/",
                "filter_suffix": "",
                "id": "batch_data_processing_pipeline_engineering_cc001_s3_victim_staging_bucket_7_batch_data_processing_pipeline_engineering_cc001_lambda_refine_data_5",
                "lambda_function_arn": "arn:aws:lambda:us-east-1:602963248309:function:batch-data-processing-pipeline-engineering-cc001-lambda-6b52a3e"
              }
            ],
            "queue": [],
            "topic": []
          },
          "sensitive_attributes": [],
          "private": "bnVsbA==",
          "dependencies": [
            "aws_cloudwatch_log_group.batch_data_processing_pipeline_engineering_cc001_lambda_refine_data_5_lg",
            "aws_iam_role.batch_data_processing_pipeline_engineering_cc001_lambda_refine_data_5_role",
            "aws_lambda_function.batch_data_processing_pipeline_engineering_cc001_lambda_refine_data_5",
            "aws_lambda_permission.batch_data_processing_pipeline_engineering_cc001_s3_victim_staging_bucket_7_invoke_batch_data_processing_pipeline_engineering_cc001_lambda_refine_data_5",
            "aws_s3_bucket.batch_data_processing_pipeline_engineering_cc001_s3_case_staging_bucket_8",
            "aws_s3_bucket.batch_data_processing_pipeline_engineering_cc001_s3_collision_staging_bucket_5",
            "aws_s3_bucket.batch_data_processing_pipeline_engineering_cc001_s3_minilake_bucket_9",
            "aws_s3_bucket.batch_data_processing_pipeline_engineering_cc001_s3_party_staging_bucket_6",
            "aws_s3_bucket.batch_data_processing_pipeline_engineering_cc001_s3_victim_staging_bucket_7",
            "data.archive_file.batch_data_processing_pipeline_engineering_cc001_lambda_refine_data_5_placeholder"
          ]
        }
      ]
    },
    {
      "mode": "managed",
      "type": "aws_s3_bucket_server_side_encryption_configuration",
      "name": "batch_data_processing_pipeline_engineering_cc001_s3_case_bucket_4_sse",
      "provider": "provider[\"registry.terraform.io/hashicorp/aws\"]",
      "instances": [
        {
          "schema_version": 0,
          "attributes": {
            "bucket": "batch-data-processing-pipeline-engineering-cc001-s3-cas-fd19152",
            "expected_bucket_owner": "",
            "id": "batch-data-processing-pipeline-engineering-cc001-s3-cas-fd19152",
            "rule": [
              {
                "apply_server_side_encryption_by_default": [
                  {
                    "kms_master_key_id": "",
                    "sse_algorithm": "AES256"
                  }
                ],
                "bucket_key_enabled": null
              }
            ]
          },
          "sensitive_attributes": [],
          "private": "bnVsbA==",
          "dependencies": [
            "aws_s3_bucket.batch_data_processing_pipeline_engineering_cc001_s3_case_bucket_4"
          ]
        }
      ]
    },
    {
      "mode": "managed",
      "type": "aws_s3_bucket_server_side_encryption_configuration",
      "name": "batch_data_processing_pipeline_engineering_cc001_s3_case_staging_bucket_8_sse",
      "provider": "provider[\"registry.terraform.io/hashicorp/aws\"]",
      "instances": [
        {
          "schema_version": 0,
          "attributes": {
            "bucket": "batch-data-processing-pipeline-engineering-cc001-s3-cas-b1d29e8",
            "expected_bucket_owner": "",
            "id": "batch-data-processing-pipeline-engineering-cc001-s3-cas-b1d29e8",
            "rule": [
              {
                "apply_server_side_encryption_by_default": [
                  {
                    "kms_master_key_id": "",
                    "sse_algorithm": "AES256"
                  }
                ],
                "bucket_key_enabled": null
              }
            ]
          },
          "sensitive_attributes": [],
          "private": "bnVsbA==",
          "dependencies": [
            "aws_s3_bucket.batch_data_processing_pipeline_engineering_cc001_s3_case_staging_bucket_8"
          ]
        }
      ]
    },
    {
      "mode": "managed",
      "type": "aws_s3_bucket_server_side_encryption_configuration",
      "name": "batch_data_processing_pipeline_engineering_cc001_s3_collision_bucket_1_sse",
      "provider": "provider[\"registry.terraform.io/hashicorp/aws\"]",
      "instances": [
        {
          "schema_version": 0,
          "attributes": {
            "bucket": "batch-data-processing-pipeline-engineering-cc001-s3-col-aac5eda",
            "expected_bucket_owner": "",
            "id": "batch-data-processing-pipeline-engineering-cc001-s3-col-aac5eda",
            "rule": [
              {
                "apply_server_side_encryption_by_default": [
                  {
                    "kms_master_key_id": "",
                    "sse_algorithm": "AES256"
                  }
                ],
                "bucket_key_enabled": null
              }
            ]
          },
          "sensitive_attributes": [],
          "private": "bnVsbA==",
          "dependencies": [
            "aws_s3_bucket.batch_data_processing_pipeline_engineering_cc001_s3_collision_bucket_1"
          ]
        }
      ]
    },
    {
      "mode": "managed",
      "type": "aws_s3_bucket_server_side_encryption_configuration",
      "name": "batch_data_processing_pipeline_engineering_cc001_s3_collision_staging_bucket_5_sse",
      "provider": "provider[\"registry.terraform.io/hashicorp/aws\"]",
      "instances": [
        {
          "schema_version": 0,
          "attributes": {
            "bucket": "batch-data-processing-pipeline-engineering-cc001-s3-col-04d532d",
            "expected_bucket_owner": "",
            "id": "batch-data-processing-pipeline-engineering-cc001-s3-col-04d532d",
            "rule": [
              {
                "apply_server_side_encryption_by_default": [
                  {
                    "kms_master_key_id": "",
                    "sse_algorithm": "AES256"
                  }
                ],
                "bucket_key_enabled": null
              }
            ]
          },
          "sensitive_attributes": [],
          "private": "bnVsbA==",
          "dependencies": [
            "aws_s3_bucket.batch_data_processing_pipeline_engineering_cc001_s3_collision_staging_bucket_5"
          ]
        }
      ]
    },
    {
      "mode": "managed",
      "type": "aws_s3_bucket_server_side_encryption_configuration",
      "name": "batch_data_processing_pipeline_engineering_cc001_s3_minilake_bucket_9_sse",
      "provider": "provider[\"registry.terraform.io/hashicorp/aws\"]",
      "instances": [
        {
          "schema_version": 0,
          "attributes": {
            "bucket": "batch-data-processing-pipeline-engineering-cc001-s3-min-432f547",
            "expected_bucket_owner": "",
            "id": "batch-data-processing-pipeline-engineering-cc001-s3-min-432f547",
            "rule": [
              {
                "apply_server_side_encryption_by_default": [
                  {
                    "kms_master_key_id": "",
                    "sse_algorithm": "AES256"
                  }
                ],
                "bucket_key_enabled": null
              }
            ]
          },
          "sensitive_attributes": [],
          "private": "bnVsbA==",
          "dependencies": [
            "aws_s3_bucket.batch_data_processing_pipeline_engineering_cc001_s3_minilake_bucket_9"
          ]
        }
      ]
    },
    {
      "mode": "managed",
      "type": "aws_s3_bucket_server_side_encryption_configuration",
      "name": "batch_data_processing_pipeline_engineering_cc001_s3_party_bucket_2_sse",
      "provider": "provider[\"registry.terraform.io/hashicorp/aws\"]",
      "instances": [
        {
          "schema_version": 0,
          "attributes": {
            "bucket": "batch-data-processing-pipeline-engineering-cc001-s3-par-e1c0801",
            "expected_bucket_owner": "",
            "id": "batch-data-processing-pipeline-engineering-cc001-s3-par-e1c0801",
            "rule": [
              {
                "apply_server_side_encryption_by_default": [
                  {
                    "kms_master_key_id": "",
                    "sse_algorithm": "AES256"
                  }
                ],
                "bucket_key_enabled": null
              }
            ]
          },
          "sensitive_attributes": [],
          "private": "bnVsbA==",
          "dependencies": [
            "aws_s3_bucket.batch_data_processing_pipeline_engineering_cc001_s3_party_bucket_2"
          ]
        }
      ]
    },
    {
      "mode": "managed",
      "type": "aws_s3_bucket_server_side_encryption_configuration",
      "name": "batch_data_processing_pipeline_engineering_cc001_s3_party_staging_bucket_6_sse",
      "provider": "provider[\"registry.terraform.io/hashicorp/aws\"]",
      "instances": [
        {
          "schema_version": 0,
          "attributes": {
            "bucket": "batch-data-processing-pipeline-engineering-cc001-s3-par-be215f8",
            "expected_bucket_owner": "",
            "id": "batch-data-processing-pipeline-engineering-cc001-s3-par-be215f8",
            "rule": [
              {
                "apply_server_side_encryption_by_default": [
                  {
                    "kms_master_key_id": "",
                    "sse_algorithm": "AES256"
                  }
                ],
                "bucket_key_enabled": null
              }
            ]
          },
          "sensitive_attributes": [],
          "private": "bnVsbA==",
          "dependencies": [
            "aws_s3_bucket.batch_data_processing_pipeline_engineering_cc001_s3_party_staging_bucket_6"
          ]
        }
      ]
    },
    {
      "mode": "managed",
      "type": "aws_s3_bucket_server_side_encryption_configuration",
      "name": "batch_data_processing_pipeline_engineering_cc001_s3_victim_bucket_3_sse",
      "provider": "provider[\"registry.terraform.io/hashicorp/aws\"]",
      "instances": [
        {
          "schema_version": 0,
          "attributes": {
            "bucket": "batch-data-processing-pipeline-engineering-cc001-s3-vic-ebfcfb5",
            "expected_bucket_owner": "",
            "id": "batch-data-processing-pipeline-engineering-cc001-s3-vic-ebfcfb5",
            "rule": [
              {
                "apply_server_side_encryption_by_default": [
                  {
                    "kms_master_key_id": "",
                    "sse_algorithm": "AES256"
                  }
                ],
                "bucket_key_enabled": null
              }
            ]
          },
          "sensitive_attributes": [],
          "private": "bnVsbA==",
          "dependencies": [
            "aws_s3_bucket.batch_data_processing_pipeline_engineering_cc001_s3_victim_bucket_3"
          ]
        }
      ]
    },
    {
      "mode": "managed",
      "type": "aws_s3_bucket_server_side_encryption_configuration",
      "name": "batch_data_processing_pipeline_engineering_cc001_s3_victim_staging_bucket_7_sse",
      "provider": "provider[\"registry.terraform.io/hashicorp/aws\"]",
      "instances": [
        {
          "schema_version": 0,
          "attributes": {
            "bucket": "batch-data-processing-pipeline-engineering-cc001-s3-vic-d91ab14",
            "expected_bucket_owner": "",
            "id": "batch-data-processing-pipeline-engineering-cc001-s3-vic-d91ab14",
            "rule": [
              {
                "apply_server_side_encryption_by_default": [
                  {
                    "kms_master_key_id": "",
                    "sse_algorithm": "AES256"
                  }
                ],
                "bucket_key_enabled": null
              }
            ]
          },
          "sensitive_attributes": [],
          "private": "bnVsbA==",
          "dependencies": [
            "aws_s3_bucket.batch_data_processing_pipeline_engineering_cc001_s3_victim_staging_bucket_7"
          ]
        }
      ]
    },
    {
      "mode": "managed",
      "type": "aws_s3_bucket_versioning",
      "name": "batch_data_processing_pipeline_engineering_cc001_s3_case_bucket_4_versioning",
      "provider": "provider[\"registry.terraform.io/hashicorp/aws\"]",
      "instances": [
        {
          "schema_version": 0,
          "attributes": {
            "bucket": "batch-data-processing-pipeline-engineering-cc001-s3-cas-fd19152",
            "expected_bucket_owner": "",
            "id": "batch-data-processing-pipeline-engineering-cc001-s3-cas-fd19152",
            "mfa": null,
            "versioning_configuration": [
              {
                "mfa_delete": "",
                "status": "Suspended"
              }
            ]
          },
          "sensitive_attributes": [],
          "private": "bnVsbA==",
          "dependencies": [
            "aws_s3_bucket.batch_data_processing_pipeline_engineering_cc001_s3_case_bucket_4"
          ]
        }
      ]
    },
    {
      "mode": "managed",
      "type": "aws_s3_bucket_versioning",
      "name": "batch_data_processing_pipeline_engineering_cc001_s3_case_staging_bucket_8_versioning",
      "provider": "provider[\"registry.terraform.io/hashicorp/aws\"]",
      "instances": [
        {
          "schema_version": 0,
          "attributes": {
            "bucket": "batch-data-processing-pipeline-engineering-cc001-s3-cas-b1d29e8",
            "expected_bucket_owner": "",
            "id": "batch-data-processing-pipeline-engineering-cc001-s3-cas-b1d29e8",
            "mfa": null,
            "versioning_configuration": [
              {
                "mfa_delete": "",
                "status": "Suspended"
              }
            ]
          },
          "sensitive_attributes": [],
          "private": "bnVsbA==",
          "dependencies": [
            "aws_s3_bucket.batch_data_processing_pipeline_engineering_cc001_s3_case_staging_bucket_8"
          ]
        }
      ]
    },
    {
      "mode": "managed",
      "type": "aws_s3_bucket_versioning",
      "name": "batch_data_processing_pipeline_engineering_cc001_s3_collision_bucket_1_versioning",
      "provider": "provider[\"registry.terraform.io/hashicorp/aws\"]",
      "instances": [
        {
          "schema_version": 0,
          "attributes": {
            "bucket": "batch-data-processing-pipeline-engineering-cc001-s3-col-aac5eda",
            "expected_bucket_owner": "",
            "id": "batch-data-processing-pipeline-engineering-cc001-s3-col-aac5eda",
            "mfa": null,
            "versioning_configuration": [
              {
                "mfa_delete": "",
                "status": "Suspended"
              }
            ]
          },
          "sensitive_attributes": [],
          "private": "bnVsbA==",
          "dependencies": [
            "aws_s3_bucket.batch_data_processing_pipeline_engineering_cc001_s3_collision_bucket_1"
          ]
        }
      ]
    },
    {
      "mode": "managed",
      "type": "aws_s3_bucket_versioning",
      "name": "batch_data_processing_pipeline_engineering_cc001_s3_collision_staging_bucket_5_versioning",
      "provider": "provider[\"registry.terraform.io/hashicorp/aws\"]",
      "instances": [
        {
          "schema_version": 0,
          "attributes": {
            "bucket": "batch-data-processing-pipeline-engineering-cc001-s3-col-04d532d",
            "expected_bucket_owner": "",
            "id": "batch-data-processing-pipeline-engineering-cc001-s3-col-04d532d",
            "mfa": null,
            "versioning_configuration": [
              {
                "mfa_delete": "",
                "status": "Suspended"
              }
            ]
          },
          "sensitive_attributes": [],
          "private": "bnVsbA==",
          "dependencies": [
            "aws_s3_bucket.batch_data_processing_pipeline_engineering_cc001_s3_collision_staging_bucket_5"
          ]
        }
      ]
    },
    {
      "mode": "managed",
      "type": "aws_s3_bucket_versioning",
      "name": "batch_data_processing_pipeline_engineering_cc001_s3_minilake_bucket_9_versioning",
      "provider": "provider[\"registry.terraform.io/hashicorp/aws\"]",
      "instances": [
        {
          "schema_version": 0,
          "attributes": {
            "bucket": "batch-data-processing-pipeline-engineering-cc001-s3-min-432f547",
            "expected_bucket_owner": "",
            "id": "batch-data-processing-pipeline-engineering-cc001-s3-min-432f547",
            "mfa": null,
            "versioning_configuration": [
              {
                "mfa_delete": "",
                "status": "Suspended"
              }
            ]
          },
          "sensitive_attributes": [],
          "private": "bnVsbA==",
          "dependencies": [
            "aws_s3_bucket.batch_data_processing_pipeline_engineering_cc001_s3_minilake_bucket_9"
          ]
        }
      ]
    },
    {
      "mode": "managed",
      "type": "aws_s3_bucket_versioning",
      "name": "batch_data_processing_pipeline_engineering_cc001_s3_party_bucket_2_versioning",
      "provider": "provider[\"registry.terraform.io/hashicorp/aws\"]",
      "instances": [
        {
          "schema_version": 0,
          "attributes": {
            "bucket": "batch-data-processing-pipeline-engineering-cc001-s3-par-e1c0801",
            "expected_bucket_owner": "",
            "id": "batch-data-processing-pipeline-engineering-cc001-s3-par-e1c0801",
            "mfa": null,
            "versioning_configuration": [
              {
                "mfa_delete": "",
                "status": "Suspended"
              }
            ]
          },
          "sensitive_attributes": [],
          "private": "bnVsbA==",
          "dependencies": [
            "aws_s3_bucket.batch_data_processing_pipeline_engineering_cc001_s3_party_bucket_2"
          ]
        }
      ]
    },
    {
      "mode": "managed",
      "type": "aws_s3_bucket_versioning",
      "name": "batch_data_processing_pipeline_engineering_cc001_s3_party_staging_bucket_6_versioning",
      "provider": "provider[\"registry.terraform.io/hashicorp/aws\"]",
      "instances": [
        {
          "schema_version": 0,
          "attributes": {
            "bucket": "batch-data-processing-pipeline-engineering-cc001-s3-par-be215f8",
            "expected_bucket_owner": "",
            "id": "batch-data-processing-pipeline-engineering-cc001-s3-par-be215f8",
            "mfa": null,
            "versioning_configuration": [
              {
                "mfa_delete": "",
                "status": "Suspended"
              }
            ]
          },
          "sensitive_attributes": [],
          "private": "bnVsbA==",
          "dependencies": [
            "aws_s3_bucket.batch_data_processing_pipeline_engineering_cc001_s3_party_staging_bucket_6"
          ]
        }
      ]
    },
    {
      "mode": "managed",
      "type": "aws_s3_bucket_versioning",
      "name": "batch_data_processing_pipeline_engineering_cc001_s3_victim_bucket_3_versioning",
      "provider": "provider[\"registry.terraform.io/hashicorp/aws\"]",
      "instances": [
        {
          "schema_version": 0,
          "attributes": {
            "bucket": "batch-data-processing-pipeline-engineering-cc001-s3-vic-ebfcfb5",
            "expected_bucket_owner": "",
            "id": "batch-data-processing-pipeline-engineering-cc001-s3-vic-ebfcfb5",
            "mfa": null,
            "versioning_configuration": [
              {
                "mfa_delete": "",
                "status": "Suspended"
              }
            ]
          },
          "sensitive_attributes": [],
          "private": "bnVsbA==",
          "dependencies": [
            "aws_s3_bucket.batch_data_processing_pipeline_engineering_cc001_s3_victim_bucket_3"
          ]
        }
      ]
    },
    {
      "mode": "managed",
      "type": "aws_s3_bucket_versioning",
      "name": "batch_data_processing_pipeline_engineering_cc001_s3_victim_staging_bucket_7_versioning",
      "provider": "provider[\"registry.terraform.io/hashicorp/aws\"]",
      "instances": [
        {
          "schema_version": 0,
          "attributes": {
            "bucket": "batch-data-processing-pipeline-engineering-cc001-s3-vic-d91ab14",
            "expected_bucket_owner": "",
            "id": "batch-data-processing-pipeline-engineering-cc001-s3-vic-d91ab14",
            "mfa": null,
            "versioning_configuration": [
              {
                "mfa_delete": "",
                "status": "Suspended"
              }
            ]
          },
          "sensitive_attributes": [],
          "private": "bnVsbA==",
          "dependencies": [
            "aws_s3_bucket.batch_data_processing_pipeline_engineering_cc001_s3_victim_staging_bucket_7"
          ]
        }
      ]
    },
    {
      "mode": "managed",
      "type": "aws_s3_object",
      "name": "batch_data_processing_pipeline_engineering_cc001_s3_case_bucket_4_case_raw_prefix",
      "provider": "provider[\"registry.terraform.io/hashicorp/aws\"]",
      "instances": [
        {
          "schema_version": 0,
          "attributes": {
            "acl": null,
            "arn": "arn:aws:s3:::batch-data-processing-pipeline-engineering-cc001-s3-cas-fd19152/case_raw/",
            "bucket": "batch-data-processing-pipeline-engineering-cc001-s3-cas-fd19152",
            "bucket_key_enabled": false,
            "cache_control": "",
            "checksum_algorithm": null,
            "checksum_crc32": "",
            "checksum_crc32c": "",
            "checksum_crc64nvme": "",
            "checksum_sha1": "",
            "checksum_sha256": "",
            "content": null,
            "content_base64": null,
            "content_disposition": "",
            "content_encoding": "",
            "content_language": "",
            "content_type": "application/x-directory",
            "etag": "d41d8cd98f00b204e9800998ecf8427e",
            "force_destroy": false,
            "id": "case_raw/",
            "key": "case_raw/",
            "kms_key_id": null,
            "metadata": null,
            "object_lock_legal_hold_status": "",
            "object_lock_mode": "",
            "object_lock_retain_until_date": "",
            "override_provider": [],
            "server_side_encryption": "AES256",
            "source": null,
            "source_hash": null,
            "storage_class": "STANDARD",
            "tags": null,
            "tags_all": {},
            "version_id": "null",
            "website_redirect": ""
          },
          "sensitive_attributes": [],
          "private": "bnVsbA==",
          "dependencies": [
            "aws_s3_bucket.batch_data_processing_pipeline_engineering_cc001_s3_case_bucket_4"
          ]
        }
      ]
    },
    {
      "mode": "managed",
      "type": "aws_s3_object",
      "name": "batch_data_processing_pipeline_engineering_cc001_s3_case_staging_bucket_8_case_staging_prefix",
      "provider": "provider[\"registry.terraform.io/hashicorp/aws\"]",
      "instances": [
        {
          "schema_version": 0,
          "attributes": {
            "acl": null,
            "arn": "arn:aws:s3:::batch-data-processing-pipeline-engineering-cc001-s3-cas-b1d29e8/case_staging/",
            "bucket": "batch-data-processing-pipeline-engineering-cc001-s3-cas-b1d29e8",
            "bucket_key_enabled": false,
            "cache_control": "",
            "checksum_algorithm": null,
            "checksum_crc32": "",
            "checksum_crc32c": "",
            "checksum_crc64nvme": "",
            "checksum_sha1": "",
            "checksum_sha256": "",
            "content": null,
            "content_base64": null,
            "content_disposition": "",
            "content_encoding": "",
            "content_language": "",
            "content_type": "application/x-directory",
            "etag": "d41d8cd98f00b204e9800998ecf8427e",
            "force_destroy": false,
            "id": "case_staging/",
            "key": "case_staging/",
            "kms_key_id": null,
            "metadata": null,
            "object_lock_legal_hold_status": "",
            "object_lock_mode": "",
            "object_lock_retain_until_date": "",
            "override_provider": [],
            "server_side_encryption": "AES256",
            "source": null,
            "source_hash": null,
            "storage_class": "STANDARD",
            "tags": null,
            "tags_all": {},
            "version_id": "null",
            "website_redirect": ""
          },
          "sensitive_attributes": [],
          "private": "bnVsbA==",
          "dependencies": [
            "aws_s3_bucket.batch_data_processing_pipeline_engineering_cc001_s3_case_staging_bucket_8"
          ]
        }
      ]
    },
    {
      "mode": "managed",
      "type": "aws_s3_object",
      "name": "batch_data_processing_pipeline_engineering_cc001_s3_collision_bucket_1_collision_raw_prefix",
      "provider": "provider[\"registry.terraform.io/hashicorp/aws\"]",
      "instances": [
        {
          "schema_version": 0,
          "attributes": {
            "acl": null,
            "arn": "arn:aws:s3:::batch-data-processing-pipeline-engineering-cc001-s3-col-aac5eda/collision_raw/",
            "bucket": "batch-data-processing-pipeline-engineering-cc001-s3-col-aac5eda",
            "bucket_key_enabled": false,
            "cache_control": "",
            "checksum_algorithm": null,
            "checksum_crc32": "",
            "checksum_crc32c": "",
            "checksum_crc64nvme": "",
            "checksum_sha1": "",
            "checksum_sha256": "",
            "content": null,
            "content_base64": null,
            "content_disposition": "",
            "content_encoding": "",
            "content_language": "",
            "content_type": "application/x-directory",
            "etag": "d41d8cd98f00b204e9800998ecf8427e",
            "force_destroy": false,
            "id": "collision_raw/",
            "key": "collision_raw/",
            "kms_key_id": null,
            "metadata": null,
            "object_lock_legal_hold_status": "",
            "object_lock_mode": "",
            "object_lock_retain_until_date": "",
            "override_provider": [],
            "server_side_encryption": "AES256",
            "source": null,
            "source_hash": null,
            "storage_class": "STANDARD",
            "tags": null,
            "tags_all": {},
            "version_id": "",
            "website_redirect": ""
          },
          "sensitive_attributes": [],
          "private": "bnVsbA==",
          "dependencies": [
            "aws_s3_bucket.batch_data_processing_pipeline_engineering_cc001_s3_collision_bucket_1"
          ]
        }
      ]
    },
    {
      "mode": "managed",
      "type": "aws_s3_object",
      "name": "batch_data_processing_pipeline_engineering_cc001_s3_collision_staging_bucket_5_collision_staging_prefix",
      "provider": "provider[\"registry.terraform.io/hashicorp/aws\"]",
      "instances": [
        {
          "schema_version": 0,
          "attributes": {
            "acl": null,
            "arn": "arn:aws:s3:::batch-data-processing-pipeline-engineering-cc001-s3-col-04d532d/collision_staging/",
            "bucket": "batch-data-processing-pipeline-engineering-cc001-s3-col-04d532d",
            "bucket_key_enabled": false,
            "cache_control": "",
            "checksum_algorithm": null,
            "checksum_crc32": "",
            "checksum_crc32c": "",
            "checksum_crc64nvme": "",
            "checksum_sha1": "",
            "checksum_sha256": "",
            "content": null,
            "content_base64": null,
            "content_disposition": "",
            "content_encoding": "",
            "content_language": "",
            "content_type": "application/x-directory",
            "etag": "d41d8cd98f00b204e9800998ecf8427e",
            "force_destroy": false,
            "id": "collision_staging/",
            "key": "collision_staging/",
            "kms_key_id": null,
            "metadata": null,
            "object_lock_legal_hold_status": "",
            "object_lock_mode": "",
            "object_lock_retain_until_date": "",
            "override_provider": [],
            "server_side_encryption": "AES256",
            "source": null,
            "source_hash": null,
            "storage_class": "STANDARD",
            "tags": null,
            "tags_all": {},
            "version_id": "null",
            "website_redirect": ""
          },
          "sensitive_attributes": [],
          "private": "bnVsbA==",
          "dependencies": [
            "aws_s3_bucket.batch_data_processing_pipeline_engineering_cc001_s3_collision_staging_bucket_5"
          ]
        }
      ]
    },
    {
      "mode": "managed",
      "type": "aws_s3_object",
      "name": "batch_data_processing_pipeline_engineering_cc001_s3_minilake_bucket_9_case_prefix",
      "provider": "provider[\"registry.terraform.io/hashicorp/aws\"]",
      "instances": [
        {
          "schema_version": 0,
          "attributes": {
            "acl": null,
            "arn": "arn:aws:s3:::batch-data-processing-pipeline-engineering-cc001-s3-min-432f547/case/",
            "bucket": "batch-data-processing-pipeline-engineering-cc001-s3-min-432f547",
            "bucket_key_enabled": false,
            "cache_control": "",
            "checksum_algorithm": null,
            "checksum_crc32": "",
            "checksum_crc32c": "",
            "checksum_crc64nvme": "",
            "checksum_sha1": "",
            "checksum_sha256": "",
            "content": null,
            "content_base64": null,
            "content_disposition": "",
            "content_encoding": "",
            "content_language": "",
            "content_type": "application/x-directory",
            "etag": "d41d8cd98f00b204e9800998ecf8427e",
            "force_destroy": false,
            "id": "case/",
            "key": "case/",
            "kms_key_id": null,
            "metadata": null,
            "object_lock_legal_hold_status": "",
            "object_lock_mode": "",
            "object_lock_retain_until_date": "",
            "override_provider": [],
            "server_side_encryption": "AES256",
            "source": null,
            "source_hash": null,
            "storage_class": "STANDARD",
            "tags": null,
            "tags_all": {},
            "version_id": "",
            "website_redirect": ""
          },
          "sensitive_attributes": [],
          "private": "bnVsbA==",
          "dependencies": [
            "aws_s3_bucket.batch_data_processing_pipeline_engineering_cc001_s3_minilake_bucket_9"
          ]
        }
      ]
    },
    {
      "mode": "managed",
      "type": "aws_s3_object",
      "name": "batch_data_processing_pipeline_engineering_cc001_s3_minilake_bucket_9_collision_prefix",
      "provider": "provider[\"registry.terraform.io/hashicorp/aws\"]",
      "instances": [
        {
          "schema_version": 0,
          "attributes": {
            "acl": null,
            "arn": "arn:aws:s3:::batch-data-processing-pipeline-engineering-cc001-s3-min-432f547/collision/",
            "bucket": "batch-data-processing-pipeline-engineering-cc001-s3-min-432f547",
            "bucket_key_enabled": false,
            "cache_control": "",
            "checksum_algorithm": null,
            "checksum_crc32": "",
            "checksum_crc32c": "",
            "checksum_crc64nvme": "",
            "checksum_sha1": "",
            "checksum_sha256": "",
            "content": null,
            "content_base64": null,
            "content_disposition": "",
            "content_encoding": "",
            "content_language": "",
            "content_type": "application/x-directory",
            "etag": "d41d8cd98f00b204e9800998ecf8427e",
            "force_destroy": false,
            "id": "collision/",
            "key": "collision/",
            "kms_key_id": null,
            "metadata": null,
            "object_lock_legal_hold_status": "",
            "object_lock_mode": "",
            "object_lock_retain_until_date": "",
            "override_provider": [],
            "server_side_encryption": "AES256",
            "source": null,
            "source_hash": null,
            "storage_class": "STANDARD",
            "tags": null,
            "tags_all": {},
            "version_id": "",
            "website_redirect": ""
          },
          "sensitive_attributes": [],
          "private": "bnVsbA==",
          "dependencies": [
            "aws_s3_bucket.batch_data_processing_pipeline_engineering_cc001_s3_minilake_bucket_9"
          ]
        }
      ]
    },
    {
      "mode": "managed",
      "type": "aws_s3_object",
      "name": "batch_data_processing_pipeline_engineering_cc001_s3_minilake_bucket_9_party_prefix",
      "provider": "provider[\"registry.terraform.io/hashicorp/aws\"]",
      "instances": [
        {
          "schema_version": 0,
          "attributes": {
            "acl": null,
            "arn": "arn:aws:s3:::batch-data-processing-pipeline-engineering-cc001-s3-min-432f547/party/",
            "bucket": "batch-data-processing-pipeline-engineering-cc001-s3-min-432f547",
            "bucket_key_enabled": false,
            "cache_control": "",
            "checksum_algorithm": null,
            "checksum_crc32": "",
            "checksum_crc32c": "",
            "checksum_crc64nvme": "",
            "checksum_sha1": "",
            "checksum_sha256": "",
            "content": null,
            "content_base64": null,
            "content_disposition": "",
            "content_encoding": "",
            "content_language": "",
            "content_type": "application/x-directory",
            "etag": "d41d8cd98f00b204e9800998ecf8427e",
            "force_destroy": false,
            "id": "party/",
            "key": "party/",
            "kms_key_id": null,
            "metadata": null,
            "object_lock_legal_hold_status": "",
            "object_lock_mode": "",
            "object_lock_retain_until_date": "",
            "override_provider": [],
            "server_side_encryption": "AES256",
            "source": null,
            "source_hash": null,
            "storage_class": "STANDARD",
            "tags": null,
            "tags_all": {},
            "version_id": "",
            "website_redirect": ""
          },
          "sensitive_attributes": [],
          "private": "bnVsbA==",
          "dependencies": [
            "aws_s3_bucket.batch_data_processing_pipeline_engineering_cc001_s3_minilake_bucket_9"
          ]
        }
      ]
    },
    {
      "mode": "managed",
      "type": "aws_s3_object",
      "name": "batch_data_processing_pipeline_engineering_cc001_s3_minilake_bucket_9_victim_prefix",
      "provider": "provider[\"registry.terraform.io/hashicorp/aws\"]",
      "instances": [
        {
          "schema_version": 0,
          "attributes": {
            "acl": null,
            "arn": "arn:aws:s3:::batch-data-processing-pipeline-engineering-cc001-s3-min-432f547/victim/",
            "bucket": "batch-data-processing-pipeline-engineering-cc001-s3-min-432f547",
            "bucket_key_enabled": false,
            "cache_control": "",
            "checksum_algorithm": null,
            "checksum_crc32": "",
            "checksum_crc32c": "",
            "checksum_crc64nvme": "",
            "checksum_sha1": "",
            "checksum_sha256": "",
            "content": null,
            "content_base64": null,
            "content_disposition": "",
            "content_encoding": "",
            "content_language": "",
            "content_type": "application/x-directory",
            "etag": "d41d8cd98f00b204e9800998ecf8427e",
            "force_destroy": false,
            "id": "victim/",
            "key": "victim/",
            "kms_key_id": null,
            "metadata": null,
            "object_lock_legal_hold_status": "",
            "object_lock_mode": "",
            "object_lock_retain_until_date": "",
            "override_provider": [],
            "server_side_encryption": "AES256",
            "source": null,
            "source_hash": null,
            "storage_class": "STANDARD",
            "tags": null,
            "tags_all": {},
            "version_id": "",
            "website_redirect": ""
          },
          "sensitive_attributes": [],
          "private": "bnVsbA==",
          "dependencies": [
            "aws_s3_bucket.batch_data_processing_pipeline_engineering_cc001_s3_minilake_bucket_9"
          ]
        }
      ]
    },
    {
      "mode": "managed",
      "type": "aws_s3_object",
      "name": "batch_data_processing_pipeline_engineering_cc001_s3_party_bucket_2_party_raw_prefix",
      "provider": "provider[\"registry.terraform.io/hashicorp/aws\"]",
      "instances": [
        {
          "schema_version": 0,
          "attributes": {
            "acl": null,
            "arn": "arn:aws:s3:::batch-data-processing-pipeline-engineering-cc001-s3-par-e1c0801/party_raw/",
            "bucket": "batch-data-processing-pipeline-engineering-cc001-s3-par-e1c0801",
            "bucket_key_enabled": false,
            "cache_control": "",
            "checksum_algorithm": null,
            "checksum_crc32": "",
            "checksum_crc32c": "",
            "checksum_crc64nvme": "",
            "checksum_sha1": "",
            "checksum_sha256": "",
            "content": null,
            "content_base64": null,
            "content_disposition": "",
            "content_encoding": "",
            "content_language": "",
            "content_type": "application/x-directory",
            "etag": "d41d8cd98f00b204e9800998ecf8427e",
            "force_destroy": false,
            "id": "party_raw/",
            "key": "party_raw/",
            "kms_key_id": null,
            "metadata": null,
            "object_lock_legal_hold_status": "",
            "object_lock_mode": "",
            "object_lock_retain_until_date": "",
            "override_provider": [],
            "server_side_encryption": "AES256",
            "source": null,
            "source_hash": null,
            "storage_class": "STANDARD",
            "tags": null,
            "tags_all": {},
            "version_id": "null",
            "website_redirect": ""
          },
          "sensitive_attributes": [],
          "private": "bnVsbA==",
          "dependencies": [
            "aws_s3_bucket.batch_data_processing_pipeline_engineering_cc001_s3_party_bucket_2"
          ]
        }
      ]
    },
    {
      "mode": "managed",
      "type": "aws_s3_object",
      "name": "batch_data_processing_pipeline_engineering_cc001_s3_party_staging_bucket_6_party_staging_prefix",
      "provider": "provider[\"registry.terraform.io/hashicorp/aws\"]",
      "instances": [
        {
          "schema_version": 0,
          "attributes": {
            "acl": null,
            "arn": "arn:aws:s3:::batch-data-processing-pipeline-engineering-cc001-s3-par-be215f8/party_staging/",
            "bucket": "batch-data-processing-pipeline-engineering-cc001-s3-par-be215f8",
            "bucket_key_enabled": false,
            "cache_control": "",
            "checksum_algorithm": null,
            "checksum_crc32": "",
            "checksum_crc32c": "",
            "checksum_crc64nvme": "",
            "checksum_sha1": "",
            "checksum_sha256": "",
            "content": null,
            "content_base64": null,
            "content_disposition": "",
            "content_encoding": "",
            "content_language": "",
            "content_type": "application/x-directory",
            "etag": "d41d8cd98f00b204e9800998ecf8427e",
            "force_destroy": false,
            "id": "party_staging/",
            "key": "party_staging/",
            "kms_key_id": null,
            "metadata": null,
            "object_lock_legal_hold_status": "",
            "object_lock_mode": "",
            "object_lock_retain_until_date": "",
            "override_provider": [],
            "server_side_encryption": "AES256",
            "source": null,
            "source_hash": null,
            "storage_class": "STANDARD",
            "tags": null,
            "tags_all": {},
            "version_id": "null",
            "website_redirect": ""
          },
          "sensitive_attributes": [],
          "private": "bnVsbA==",
          "dependencies": [
            "aws_s3_bucket.batch_data_processing_pipeline_engineering_cc001_s3_party_staging_bucket_6"
          ]
        }
      ]
    },
    {
      "mode": "managed",
      "type": "aws_s3_object",
      "name": "batch_data_processing_pipeline_engineering_cc001_s3_victim_bucket_3_victim_raw_prefix",
      "provider": "provider[\"registry.terraform.io/hashicorp/aws\"]",
      "instances": [
        {
          "schema_version": 0,
          "attributes": {
            "acl": null,
            "arn": "arn:aws:s3:::batch-data-processing-pipeline-engineering-cc001-s3-vic-ebfcfb5/victim_raw/",
            "bucket": "batch-data-processing-pipeline-engineering-cc001-s3-vic-ebfcfb5",
            "bucket_key_enabled": false,
            "cache_control": "",
            "checksum_algorithm": null,
            "checksum_crc32": "",
            "checksum_crc32c": "",
            "checksum_crc64nvme": "",
            "checksum_sha1": "",
            "checksum_sha256": "",
            "content": null,
            "content_base64": null,
            "content_disposition": "",
            "content_encoding": "",
            "content_language": "",
            "content_type": "application/x-directory",
            "etag": "d41d8cd98f00b204e9800998ecf8427e",
            "force_destroy": false,
            "id": "victim_raw/",
            "key": "victim_raw/",
            "kms_key_id": null,
            "metadata": null,
            "object_lock_legal_hold_status": "",
            "object_lock_mode": "",
            "object_lock_retain_until_date": "",
            "override_provider": [],
            "server_side_encryption": "AES256",
            "source": null,
            "source_hash": null,
            "storage_class": "STANDARD",
            "tags": null,
            "tags_all": {},
            "version_id": "null",
            "website_redirect": ""
          },
          "sensitive_attributes": [],
          "private": "bnVsbA==",
          "dependencies": [
            "aws_s3_bucket.batch_data_processing_pipeline_engineering_cc001_s3_victim_bucket_3"
          ]
        }
      ]
    },
    {
      "mode": "managed",
      "type": "aws_s3_object",
      "name": "batch_data_processing_pipeline_engineering_cc001_s3_victim_staging_bucket_7_victim_staging_prefix",
      "provider": "provider[\"registry.terraform.io/hashicorp/aws\"]",
      "instances": [
        {
          "schema_version": 0,
          "attributes": {
            "acl": null,
            "arn": "arn:aws:s3:::batch-data-processing-pipeline-engineering-cc001-s3-vic-d91ab14/victim_staging/",
            "bucket": "batch-data-processing-pipeline-engineering-cc001-s3-vic-d91ab14",
            "bucket_key_enabled": false,
            "cache_control": "",
            "checksum_algorithm": null,
            "checksum_crc32": "",
            "checksum_crc32c": "",
            "checksum_crc64nvme": "",
            "checksum_sha1": "",
            "checksum_sha256": "",
            "content": null,
            "content_base64": null,
            "content_disposition": "",
            "content_encoding": "",
            "content_language": "",
            "content_type": "application/x-directory",
            "etag": "d41d8cd98f00b204e9800998ecf8427e",
            "force_destroy": false,
            "id": "victim_staging/",
            "key": "victim_staging/",
            "kms_key_id": null,
            "metadata": null,
            "object_lock_legal_hold_status": "",
            "object_lock_mode": "",
            "object_lock_retain_until_date": "",
            "override_provider": [],
            "server_side_encryption": "AES256",
            "source": null,
            "source_hash": null,
            "storage_class": "STANDARD",
            "tags": null,
            "tags_all": {},
            "version_id": "null",
            "website_redirect": ""
          },
          "sensitive_attributes": [],
          "private": "bnVsbA==",
          "dependencies": [
            "aws_s3_bucket.batch_data_processing_pipeline_engineering_cc001_s3_victim_staging_bucket_7"
          ]
        }
      ]
    }
  ],
  "check_results": null
}
