{
  "version": 4,
  "terraform_version": "1.7.5",
  "serial": 25,
  "lineage": "8d11988f-9084-b69b-a5e9-0a7d6f808bca",
  "outputs": {},
  "resources": [
    {
      "mode": "data",
      "type": "archive_file",
      "name": "s3_prefix_processor_engineering_cc001_lambda_case_processor_1_placeholder",
      "provider": "provider[\"registry.terraform.io/hashicorp/archive\"]",
      "instances": [
        {
          "schema_version": 0,
          "attributes": {
            "exclude_symlink_directories": null,
            "excludes": null,
            "id": "f59f3fd420ddaa451ce12fb440deb2aa076e6172",
            "output_base64sha256": "LmcgHcF2xlW0KH/h8do1eRPlc9I5gAA6/LTH/6iiCAM=",
            "output_base64sha512": "qEl4hschIDtZI/cxJuiutUlGG5PkLE253Ng5kS1rICHmzYbU7mS1WybzCNffsBdM+q5UiwHLo8/J2lXnSfZNnw==",
            "output_file_mode": null,
            "output_md5": "2890be29225d7ea7b0499f76bebd6c93",
            "output_path": "./s3_prefix_processor_engineering_cc001_lambda_case_processor_1_placeholder.zip",
            "output_sha": "f59f3fd420ddaa451ce12fb440deb2aa076e6172",
            "output_sha256": "2e67201dc176c655b4287fe1f1da357913e573d23980003afcb4c7ffa8a20803",
            "output_sha512": "a8497886c721203b5923f73126e8aeb549461b93e42c4db9dcd839912d6b2021e6cd86d4ee64b55b26f308d7dfb0174cfaae548b01cba3cfc9da55e749f64d9f",
            "output_size": 195,
            "source": [
              {
                "content": "def handler(event, context):\n    return {\"statusCode\": 200}",
                "filename": "index.py"
              }
            ],
            "source_content": null,
            "source_content_filename": null,
            "source_dir": null,
            "source_file": null,
            "type": "zip"
          },
          "sensitive_attributes": []
        }
      ]
    },
    {
      "mode": "data",
      "type": "archive_file",
      "name": "s3_prefix_processor_engineering_cc001_lambda_collision_processor_3_placeholder",
      "provider": "provider[\"registry.terraform.io/hashicorp/archive\"]",
      "instances": [
        {
          "schema_version": 0,
          "attributes": {
            "exclude_symlink_directories": null,
            "excludes": null,
            "id": "f59f3fd420ddaa451ce12fb440deb2aa076e6172",
            "output_base64sha256": "LmcgHcF2xlW0KH/h8do1eRPlc9I5gAA6/LTH/6iiCAM=",
            "output_base64sha512": "qEl4hschIDtZI/cxJuiutUlGG5PkLE253Ng5kS1rICHmzYbU7mS1WybzCNffsBdM+q5UiwHLo8/J2lXnSfZNnw==",
            "output_file_mode": null,
            "output_md5": "2890be29225d7ea7b0499f76bebd6c93",
            "output_path": "./s3_prefix_processor_engineering_cc001_lambda_collision_processor_3_placeholder.zip",
            "output_sha": "f59f3fd420ddaa451ce12fb440deb2aa076e6172",
            "output_sha256": "2e67201dc176c655b4287fe1f1da357913e573d23980003afcb4c7ffa8a20803",
            "output_sha512": "a8497886c721203b5923f73126e8aeb549461b93e42c4db9dcd839912d6b2021e6cd86d4ee64b55b26f308d7dfb0174cfaae548b01cba3cfc9da55e749f64d9f",
            "output_size": 195,
            "source": [
              {
                "content": "def handler(event, context):\n    return {\"statusCode\": 200}",
                "filename": "index.py"
              }
            ],
            "source_content": null,
            "source_content_filename": null,
            "source_dir": null,
            "source_file": null,
            "type": "zip"
          },
          "sensitive_attributes": []
        }
      ]
    },
    {
      "mode": "data",
      "type": "archive_file",
      "name": "s3_prefix_processor_engineering_cc001_lambda_party_processor_2_placeholder",
      "provider": "provider[\"registry.terraform.io/hashicorp/archive\"]",
      "instances": [
        {
          "schema_version": 0,
          "attributes": {
            "exclude_symlink_directories": null,
            "excludes": null,
            "id": "f59f3fd420ddaa451ce12fb440deb2aa076e6172",
            "output_base64sha256": "LmcgHcF2xlW0KH/h8do1eRPlc9I5gAA6/LTH/6iiCAM=",
            "output_base64sha512": "qEl4hschIDtZI/cxJuiutUlGG5PkLE253Ng5kS1rICHmzYbU7mS1WybzCNffsBdM+q5UiwHLo8/J2lXnSfZNnw==",
            "output_file_mode": null,
            "output_md5": "2890be29225d7ea7b0499f76bebd6c93",
            "output_path": "./s3_prefix_processor_engineering_cc001_lambda_party_processor_2_placeholder.zip",
            "output_sha": "f59f3fd420ddaa451ce12fb440deb2aa076e6172",
            "output_sha256": "2e67201dc176c655b4287fe1f1da357913e573d23980003afcb4c7ffa8a20803",
            "output_sha512": "a8497886c721203b5923f73126e8aeb549461b93e42c4db9dcd839912d6b2021e6cd86d4ee64b55b26f308d7dfb0174cfaae548b01cba3cfc9da55e749f64d9f",
            "output_size": 195,
            "source": [
              {
                "content": "def handler(event, context):\n    return {\"statusCode\": 200}",
                "filename": "index.py"
              }
            ],
            "source_content": null,
            "source_content_filename": null,
            "source_dir": null,
            "source_file": null,
            "type": "zip"
          },
          "sensitive_attributes": []
        }
      ]
    },
    {
      "mode": "data",
      "type": "archive_file",
      "name": "s3_prefix_processor_engineering_cc001_lambda_victim_processor_4_placeholder",
      "provider": "provider[\"registry.terraform.io/hashicorp/archive\"]",
      "instances": [
        {
          "schema_version": 0,
          "attributes": {
            "exclude_symlink_directories": null,
            "excludes": null,
            "id": "f59f3fd420ddaa451ce12fb440deb2aa076e6172",
            "output_base64sha256": "LmcgHcF2xlW0KH/h8do1eRPlc9I5gAA6/LTH/6iiCAM=",
            "output_base64sha512": "qEl4hschIDtZI/cxJuiutUlGG5PkLE253Ng5kS1rICHmzYbU7mS1WybzCNffsBdM+q5UiwHLo8/J2lXnSfZNnw==",
            "output_file_mode": null,
            "output_md5": "2890be29225d7ea7b0499f76bebd6c93",
            "output_path": "./s3_prefix_processor_engineering_cc001_lambda_victim_processor_4_placeholder.zip",
            "output_sha": "f59f3fd420ddaa451ce12fb440deb2aa076e6172",
            "output_sha256": "2e67201dc176c655b4287fe1f1da357913e573d23980003afcb4c7ffa8a20803",
            "output_sha512": "a8497886c721203b5923f73126e8aeb549461b93e42c4db9dcd839912d6b2021e6cd86d4ee64b55b26f308d7dfb0174cfaae548b01cba3cfc9da55e749f64d9f",
            "output_size": 195,
            "source": [
              {
                "content": "def handler(event, context):\n    return {\"statusCode\": 200}",
                "filename": "index.py"
              }
            ],
            "source_content": null,
            "source_content_filename": null,
            "source_dir": null,
            "source_file": null,
            "type": "zip"
          },
          "sensitive_attributes": []
        }
      ]
    },
    {
      "mode": "managed",
      "type": "aws_cloudwatch_log_group",
      "name": "s3_prefix_processor_engineering_cc001_lambda_case_processor_1_lg",
      "provider": "provider[\"registry.terraform.io/hashicorp/aws\"]",
      "instances": [
        {
          "schema_version": 0,
          "attributes": {
            "arn": "arn:aws:logs:us-east-1:602963248309:log-group:/aws/lambda/s3-prefix-processor-engineering-cc001-lambda-case-processor-1",
            "id": "/aws/lambda/s3-prefix-processor-engineering-cc001-lambda-case-processor-1",
            "kms_key_id": "",
            "log_group_class": "STANDARD",
            "name": "/aws/lambda/s3-prefix-processor-engineering-cc001-lambda-case-processor-1",
            "name_prefix": "",
            "retention_in_days": 7,
            "skip_destroy": false,
            "tags": {
              "BusinessUnit": "engineering",
              "CostCenter": "cc001",
              "ManagedBy": "aws-pipeline-engine",
              "Pipeline": "s3_prefix_processor"
            },
            "tags_all": {
              "BusinessUnit": "engineering",
              "CostCenter": "cc001",
              "ManagedBy": "aws-pipeline-engine",
              "Pipeline": "s3_prefix_processor"
            }
          },
          "sensitive_attributes": [],
          "private": "bnVsbA=="
        }
      ]
    },
    {
      "mode": "managed",
      "type": "aws_cloudwatch_log_group",
      "name": "s3_prefix_processor_engineering_cc001_lambda_collision_processor_3_lg",
      "provider": "provider[\"registry.terraform.io/hashicorp/aws\"]",
      "instances": [
        {
          "schema_version": 0,
          "attributes": {
            "arn": "arn:aws:logs:us-east-1:602963248309:log-group:/aws/lambda/s3-prefix-processor-engineering-cc001-lambda-collision-p-3ef6f53",
            "id": "/aws/lambda/s3-prefix-processor-engineering-cc001-lambda-collision-p-3ef6f53",
            "kms_key_id": "",
            "log_group_class": "STANDARD",
            "name": "/aws/lambda/s3-prefix-processor-engineering-cc001-lambda-collision-p-3ef6f53",
            "name_prefix": "",
            "retention_in_days": 7,
            "skip_destroy": false,
            "tags": {
              "BusinessUnit": "engineering",
              "CostCenter": "cc001",
              "ManagedBy": "aws-pipeline-engine",
              "Pipeline": "s3_prefix_processor"
            },
            "tags_all": {
              "BusinessUnit": "engineering",
              "CostCenter": "cc001",
              "ManagedBy": "aws-pipeline-engine",
              "Pipeline": "s3_prefix_processor"
            }
          },
          "sensitive_attributes": [],
          "private": "bnVsbA=="
        }
      ]
    },
    {
      "mode": "managed",
      "type": "aws_cloudwatch_log_group",
      "name": "s3_prefix_processor_engineering_cc001_lambda_party_processor_2_lg",
      "provider": "provider[\"registry.terraform.io/hashicorp/aws\"]",
      "instances": [
        {
          "schema_version": 0,
          "attributes": {
            "arn": "arn:aws:logs:us-east-1:602963248309:log-group:/aws/lambda/s3-prefix-processor-engineering-cc001-lambda-party-processor-2",
            "id": "/aws/lambda/s3-prefix-processor-engineering-cc001-lambda-party-processor-2",
            "kms_key_id": "",
            "log_group_class": "STANDARD",
            "name": "/aws/lambda/s3-prefix-processor-engineering-cc001-lambda-party-processor-2",
            "name_prefix": "",
            "retention_in_days": 7,
            "skip_destroy": false,
            "tags": {
              "BusinessUnit": "engineering",
              "CostCenter": "cc001",
              "ManagedBy": "aws-pipeline-engine",
              "Pipeline": "s3_prefix_processor"
            },
            "tags_all": {
              "BusinessUnit": "engineering",
              "CostCenter": "cc001",
              "ManagedBy": "aws-pipeline-engine",
              "Pipeline": "s3_prefix_processor"
            }
          },
          "sensitive_attributes": [],
          "private": "bnVsbA=="
        }
      ]
    },
    {
      "mode": "managed",
      "type": "aws_cloudwatch_log_group",
      "name": "s3_prefix_processor_engineering_cc001_lambda_victim_processor_4_lg",
      "provider": "provider[\"registry.terraform.io/hashicorp/aws\"]",
      "instances": [
        {
          "schema_version": 0,
          "attributes": {
            "arn": "arn:aws:logs:us-east-1:602963248309:log-group:/aws/lambda/s3-prefix-processor-engineering-cc001-lambda-victim-processor-4",
            "id": "/aws/lambda/s3-prefix-processor-engineering-cc001-lambda-victim-processor-4",
            "kms_key_id": "",
            "log_group_class": "STANDARD",
            "name": "/aws/lambda/s3-prefix-processor-engineering-cc001-lambda-victim-processor-4",
            "name_prefix": "",
            "retention_in_days": 7,
            "skip_destroy": false,
            "tags": {
              "BusinessUnit": "engineering",
              "CostCenter": "cc001",
              "ManagedBy": "aws-pipeline-engine",
              "Pipeline": "s3_prefix_processor"
            },
            "tags_all": {
              "BusinessUnit": "engineering",
              "CostCenter": "cc001",
              "ManagedBy": "aws-pipeline-engine",
              "Pipeline": "s3_prefix_processor"
            }
          },
          "sensitive_attributes": [],
          "private": "bnVsbA=="
        }
      ]
    },
    {
      "mode": "managed",
      "type": "aws_iam_role",
      "name": "s3_prefix_processor_engineering_cc001_lambda_case_processor_1_role",
      "provider": "provider[\"registry.terraform.io/hashicorp/aws\"]",
      "instances": [
        {
          "schema_version": 0,
          "attributes": {
            "arn": "arn:aws:iam::602963248309:role/s3-prefix-processor-engineering-cc001-lambda-case-p-5708cb4-role",
            "assume_role_policy": "{\"Statement\":[{\"Action\":\"sts:AssumeRole\",\"Effect\":\"Allow\",\"Principal\":{\"Service\":\"lambda.amazonaws.com\"}}],\"Version\":\"2012-10-17\"}",
            "create_date": "2026-04-21T17:53:43Z",
            "description": "",
            "force_detach_policies": false,
            "id": "s3-prefix-processor-engineering-cc001-lambda-case-p-5708cb4-role",
            "inline_policy": [],
            "managed_policy_arns": [],
            "max_session_duration": 3600,
            "name": "s3-prefix-processor-engineering-cc001-lambda-case-p-5708cb4-role",
            "name_prefix": "",
            "path": "/",
            "permissions_boundary": "",
            "tags": {
              "BusinessUnit": "engineering",
              "CostCenter": "cc001",
              "ManagedBy": "aws-pipeline-engine",
              "Pipeline": "s3_prefix_processor"
            },
            "tags_all": {
              "BusinessUnit": "engineering",
              "CostCenter": "cc001",
              "ManagedBy": "aws-pipeline-engine",
              "Pipeline": "s3_prefix_processor"
            },
            "unique_id": "AROAYYY3JAS2Z63TQ7ZID"
          },
          "sensitive_attributes": [],
          "private": "bnVsbA=="
        }
      ]
    },
    {
      "mode": "managed",
      "type": "aws_iam_role",
      "name": "s3_prefix_processor_engineering_cc001_lambda_collision_processor_3_role",
      "provider": "provider[\"registry.terraform.io/hashicorp/aws\"]",
      "instances": [
        {
          "schema_version": 0,
          "attributes": {
            "arn": "arn:aws:iam::602963248309:role/s3-prefix-processor-engineering-cc001-lambda-collis-91dce3a-role",
            "assume_role_policy": "{\"Statement\":[{\"Action\":\"sts:AssumeRole\",\"Effect\":\"Allow\",\"Principal\":{\"Service\":\"lambda.amazonaws.com\"}}],\"Version\":\"2012-10-17\"}",
            "create_date": "2026-04-21T17:53:43Z",
            "description": "",
            "force_detach_policies": false,
            "id": "s3-prefix-processor-engineering-cc001-lambda-collis-91dce3a-role",
            "inline_policy": [],
            "managed_policy_arns": [],
            "max_session_duration": 3600,
            "name": "s3-prefix-processor-engineering-cc001-lambda-collis-91dce3a-role",
            "name_prefix": "",
            "path": "/",
            "permissions_boundary": "",
            "tags": {
              "BusinessUnit": "engineering",
              "CostCenter": "cc001",
              "ManagedBy": "aws-pipeline-engine",
              "Pipeline": "s3_prefix_processor"
            },
            "tags_all": {
              "BusinessUnit": "engineering",
              "CostCenter": "cc001",
              "ManagedBy": "aws-pipeline-engine",
              "Pipeline": "s3_prefix_processor"
            },
            "unique_id": "AROAYYY3JAS2YDB5ZWUMS"
          },
          "sensitive_attributes": [],
          "private": "bnVsbA=="
        }
      ]
    },
    {
      "mode": "managed",
      "type": "aws_iam_role",
      "name": "s3_prefix_processor_engineering_cc001_lambda_party_processor_2_role",
      "provider": "provider[\"registry.terraform.io/hashicorp/aws\"]",
      "instances": [
        {
          "schema_version": 0,
          "attributes": {
            "arn": "arn:aws:iam::602963248309:role/s3-prefix-processor-engineering-cc001-lambda-party-5c679fe-role",
            "assume_role_policy": "{\"Statement\":[{\"Action\":\"sts:AssumeRole\",\"Effect\":\"Allow\",\"Principal\":{\"Service\":\"lambda.amazonaws.com\"}}],\"Version\":\"2012-10-17\"}",
            "create_date": "2026-04-21T17:53:43Z",
            "description": "",
            "force_detach_policies": false,
            "id": "s3-prefix-processor-engineering-cc001-lambda-party-5c679fe-role",
            "inline_policy": [],
            "managed_policy_arns": [],
            "max_session_duration": 3600,
            "name": "s3-prefix-processor-engineering-cc001-lambda-party-5c679fe-role",
            "name_prefix": "",
            "path": "/",
            "permissions_boundary": "",
            "tags": {
              "BusinessUnit": "engineering",
              "CostCenter": "cc001",
              "ManagedBy": "aws-pipeline-engine",
              "Pipeline": "s3_prefix_processor"
            },
            "tags_all": {
              "BusinessUnit": "engineering",
              "CostCenter": "cc001",
              "ManagedBy": "aws-pipeline-engine",
              "Pipeline": "s3_prefix_processor"
            },
            "unique_id": "AROAYYY3JAS2WKOYAF4P6"
          },
          "sensitive_attributes": [],
          "private": "bnVsbA=="
        }
      ]
    },
    {
      "mode": "managed",
      "type": "aws_iam_role",
      "name": "s3_prefix_processor_engineering_cc001_lambda_victim_processor_4_role",
      "provider": "provider[\"registry.terraform.io/hashicorp/aws\"]",
      "instances": [
        {
          "schema_version": 0,
          "attributes": {
            "arn": "arn:aws:iam::602963248309:role/s3-prefix-processor-engineering-cc001-lambda-victim-a004023-role",
            "assume_role_policy": "{\"Statement\":[{\"Action\":\"sts:AssumeRole\",\"Effect\":\"Allow\",\"Principal\":{\"Service\":\"lambda.amazonaws.com\"}}],\"Version\":\"2012-10-17\"}",
            "create_date": "2026-04-21T17:53:43Z",
            "description": "",
            "force_detach_policies": false,
            "id": "s3-prefix-processor-engineering-cc001-lambda-victim-a004023-role",
            "inline_policy": [],
            "managed_policy_arns": [],
            "max_session_duration": 3600,
            "name": "s3-prefix-processor-engineering-cc001-lambda-victim-a004023-role",
            "name_prefix": "",
            "path": "/",
            "permissions_boundary": "",
            "tags": {
              "BusinessUnit": "engineering",
              "CostCenter": "cc001",
              "ManagedBy": "aws-pipeline-engine",
              "Pipeline": "s3_prefix_processor"
            },
            "tags_all": {
              "BusinessUnit": "engineering",
              "CostCenter": "cc001",
              "ManagedBy": "aws-pipeline-engine",
              "Pipeline": "s3_prefix_processor"
            },
            "unique_id": "AROAYYY3JAS2XHNVWP5UY"
          },
          "sensitive_attributes": [],
          "private": "bnVsbA=="
        }
      ]
    },
    {
      "mode": "managed",
      "type": "aws_iam_role_policy",
      "name": "s3_prefix_processor_engineering_cc001_lambda_case_processor_1_policy",
      "provider": "provider[\"registry.terraform.io/hashicorp/aws\"]",
      "instances": [
        {
          "schema_version": 0,
          "attributes": {
            "id": "s3-prefix-processor-engineering-cc001-lambda-case-p-5708cb4-role:s3-prefix-processor-engineering-cc001-lambda-case-5708cb4-policy",
            "name": "s3-prefix-processor-engineering-cc001-lambda-case-5708cb4-policy",
            "name_prefix": "",
            "policy": "{\"Version\":\"2012-10-17\",\"Statement\":[{\"Action\":[\"logs:CreateLogGroup\",\"logs:CreateLogStream\",\"logs:PutLogEvents\",\"s3:GetObject\",\"s3:ListBucket\"],\"Effect\":\"Allow\",\"Resource\":\"*\"}]}",
            "role": "s3-prefix-processor-engineering-cc001-lambda-case-p-5708cb4-role"
          },
          "sensitive_attributes": [],
          "private": "bnVsbA==",
          "dependencies": [
            "aws_iam_role.s3_prefix_processor_engineering_cc001_lambda_case_processor_1_role"
          ]
        }
      ]
    },
    {
      "mode": "managed",
      "type": "aws_iam_role_policy",
      "name": "s3_prefix_processor_engineering_cc001_lambda_collision_processor_3_policy",
      "provider": "provider[\"registry.terraform.io/hashicorp/aws\"]",
      "instances": [
        {
          "schema_version": 0,
          "attributes": {
            "id": "s3-prefix-processor-engineering-cc001-lambda-collis-91dce3a-role:s3-prefix-processor-engineering-cc001-lambda-coll-91dce3a-policy",
            "name": "s3-prefix-processor-engineering-cc001-lambda-coll-91dce3a-policy",
            "name_prefix": "",
            "policy": "{\"Version\":\"2012-10-17\",\"Statement\":[{\"Action\":[\"logs:CreateLogGroup\",\"logs:CreateLogStream\",\"logs:PutLogEvents\",\"s3:GetObject\",\"s3:ListBucket\"],\"Effect\":\"Allow\",\"Resource\":\"*\"}]}",
            "role": "s3-prefix-processor-engineering-cc001-lambda-collis-91dce3a-role"
          },
          "sensitive_attributes": [],
          "private": "bnVsbA==",
          "dependencies": [
            "aws_iam_role.s3_prefix_processor_engineering_cc001_lambda_collision_processor_3_role"
          ]
        }
      ]
    },
    {
      "mode": "managed",
      "type": "aws_iam_role_policy",
      "name": "s3_prefix_processor_engineering_cc001_lambda_party_processor_2_policy",
      "provider": "provider[\"registry.terraform.io/hashicorp/aws\"]",
      "instances": [
        {
          "schema_version": 0,
          "attributes": {
            "id": "s3-prefix-processor-engineering-cc001-lambda-party-5c679fe-role:s3-prefix-processor-engineering-cc001-lambda-part-5c679fe-policy",
            "name": "s3-prefix-processor-engineering-cc001-lambda-part-5c679fe-policy",
            "name_prefix": "",
            "policy": "{\"Version\":\"2012-10-17\",\"Statement\":[{\"Action\":[\"logs:CreateLogGroup\",\"logs:CreateLogStream\",\"logs:PutLogEvents\",\"s3:GetObject\",\"s3:ListBucket\"],\"Effect\":\"Allow\",\"Resource\":\"*\"}]}",
            "role": "s3-prefix-processor-engineering-cc001-lambda-party-5c679fe-role"
          },
          "sensitive_attributes": [],
          "private": "bnVsbA==",
          "dependencies": [
            "aws_iam_role.s3_prefix_processor_engineering_cc001_lambda_party_processor_2_role"
          ]
        }
      ]
    },
    {
      "mode": "managed",
      "type": "aws_iam_role_policy",
      "name": "s3_prefix_processor_engineering_cc001_lambda_victim_processor_4_policy",
      "provider": "provider[\"registry.terraform.io/hashicorp/aws\"]",
      "instances": [
        {
          "schema_version": 0,
          "attributes": {
            "id": "s3-prefix-processor-engineering-cc001-lambda-victim-a004023-role:s3-prefix-processor-engineering-cc001-lambda-vict-a004023-policy",
            "name": "s3-prefix-processor-engineering-cc001-lambda-vict-a004023-policy",
            "name_prefix": "",
            "policy": "{\"Version\":\"2012-10-17\",\"Statement\":[{\"Action\":[\"logs:CreateLogGroup\",\"logs:CreateLogStream\",\"logs:PutLogEvents\",\"s3:GetObject\",\"s3:ListBucket\"],\"Effect\":\"Allow\",\"Resource\":\"*\"}]}",
            "role": "s3-prefix-processor-engineering-cc001-lambda-victim-a004023-role"
          },
          "sensitive_attributes": [],
          "private": "bnVsbA==",
          "dependencies": [
            "aws_iam_role.s3_prefix_processor_engineering_cc001_lambda_victim_processor_4_role"
          ]
        }
      ]
    },
    {
      "mode": "managed",
      "type": "aws_lambda_function",
      "name": "s3_prefix_processor_engineering_cc001_lambda_case_processor_1",
      "provider": "provider[\"registry.terraform.io/hashicorp/aws\"]",
      "instances": [
        {
          "schema_version": 0,
          "attributes": {
            "architectures": [
              "x86_64"
            ],
            "arn": "arn:aws:lambda:us-east-1:602963248309:function:s3-prefix-processor-engineering-cc001-lambda-case-processor-1",
            "code_sha256": "LmcgHcF2xlW0KH/h8do1eRPlc9I5gAA6/LTH/6iiCAM=",
            "code_signing_config_arn": "",
            "dead_letter_config": [],
            "description": "",
            "environment": [],
            "ephemeral_storage": [
              {
                "size": 512
              }
            ],
            "file_system_config": [],
            "filename": "./s3_prefix_processor_engineering_cc001_lambda_case_processor_1_placeholder.zip",
            "function_name": "s3-prefix-processor-engineering-cc001-lambda-case-processor-1",
            "handler": "index.handler",
            "id": "s3-prefix-processor-engineering-cc001-lambda-case-processor-1",
            "image_config": [],
            "image_uri": "",
            "invoke_arn": "arn:aws:apigateway:us-east-1:lambda:path/2015-03-31/functions/arn:aws:lambda:us-east-1:602963248309:function:s3-prefix-processor-engineering-cc001-lambda-case-processor-1/invocations",
            "kms_key_arn": "",
            "last_modified": "2026-04-21T17:54:15.547+0000",
            "layers": null,
            "logging_config": [
              {
                "application_log_level": "",
                "log_format": "Text",
                "log_group": "/aws/lambda/s3-prefix-processor-engineering-cc001-lambda-case-processor-1",
                "system_log_level": ""
              }
            ],
            "memory_size": 128,
            "package_type": "Zip",
            "publish": false,
            "qualified_arn": "arn:aws:lambda:us-east-1:602963248309:function:s3-prefix-processor-engineering-cc001-lambda-case-processor-1:$LATEST",
            "qualified_invoke_arn": "arn:aws:apigateway:us-east-1:lambda:path/2015-03-31/functions/arn:aws:lambda:us-east-1:602963248309:function:s3-prefix-processor-engineering-cc001-lambda-case-processor-1:$LATEST/invocations",
            "replace_security_groups_on_destroy": null,
            "replacement_security_group_ids": null,
            "reserved_concurrent_executions": -1,
            "role": "arn:aws:iam::602963248309:role/s3-prefix-processor-engineering-cc001-lambda-case-p-5708cb4-role",
            "runtime": "python3.12",
            "s3_bucket": null,
            "s3_key": null,
            "s3_object_version": null,
            "signing_job_arn": "",
            "signing_profile_version_arn": "",
            "skip_destroy": false,
            "snap_start": [],
            "source_code_hash": "LmcgHcF2xlW0KH/h8do1eRPlc9I5gAA6/LTH/6iiCAM=",
            "source_code_size": 195,
            "tags": {
              "BusinessUnit": "engineering",
              "CostCenter": "cc001",
              "ManagedBy": "aws-pipeline-engine",
              "Pipeline": "s3_prefix_processor"
            },
            "tags_all": {
              "BusinessUnit": "engineering",
              "CostCenter": "cc001",
              "ManagedBy": "aws-pipeline-engine",
              "Pipeline": "s3_prefix_processor"
            },
            "timeout": 30,
            "timeouts": null,
            "tracing_config": [
              {
                "mode": "PassThrough"
              }
            ],
            "version": "$LATEST",
            "vpc_config": []
          },
          "sensitive_attributes": [],
          "private": "eyJlMmJmYjczMC1lY2FhLTExZTYtOGY4OC0zNDM2M2JjN2M0YzAiOnsiY3JlYXRlIjo2MDAwMDAwMDAwMDAsImRlbGV0ZSI6NjAwMDAwMDAwMDAwLCJ1cGRhdGUiOjYwMDAwMDAwMDAwMH19",
          "dependencies": [
            "aws_cloudwatch_log_group.s3_prefix_processor_engineering_cc001_lambda_case_processor_1_lg",
            "aws_iam_role.s3_prefix_processor_engineering_cc001_lambda_case_processor_1_role",
            "data.archive_file.s3_prefix_processor_engineering_cc001_lambda_case_processor_1_placeholder"
          ]
        }
      ]
    },
    {
      "mode": "managed",
      "type": "aws_lambda_function",
      "name": "s3_prefix_processor_engineering_cc001_lambda_collision_processor_3",
      "provider": "provider[\"registry.terraform.io/hashicorp/aws\"]",
      "instances": [
        {
          "schema_version": 0,
          "attributes": {
            "architectures": [
              "x86_64"
            ],
            "arn": "arn:aws:lambda:us-east-1:602963248309:function:s3-prefix-processor-engineering-cc001-lambda-collision-p-3ef6f53",
            "code_sha256": "LmcgHcF2xlW0KH/h8do1eRPlc9I5gAA6/LTH/6iiCAM=",
            "code_signing_config_arn": "",
            "dead_letter_config": [],
            "description": "",
            "environment": [],
            "ephemeral_storage": [
              {
                "size": 512
              }
            ],
            "file_system_config": [],
            "filename": "./s3_prefix_processor_engineering_cc001_lambda_collision_processor_3_placeholder.zip",
            "function_name": "s3-prefix-processor-engineering-cc001-lambda-collision-p-3ef6f53",
            "handler": "index.handler",
            "id": "s3-prefix-processor-engineering-cc001-lambda-collision-p-3ef6f53",
            "image_config": [],
            "image_uri": "",
            "invoke_arn": "arn:aws:apigateway:us-east-1:lambda:path/2015-03-31/functions/arn:aws:lambda:us-east-1:602963248309:function:s3-prefix-processor-engineering-cc001-lambda-collision-p-3ef6f53/invocations",
            "kms_key_arn": "",
            "last_modified": "2026-04-21T17:54:00.211+0000",
            "layers": null,
            "logging_config": [
              {
                "application_log_level": "",
                "log_format": "Text",
                "log_group": "/aws/lambda/s3-prefix-processor-engineering-cc001-lambda-collision-p-3ef6f53",
                "system_log_level": ""
              }
            ],
            "memory_size": 128,
            "package_type": "Zip",
            "publish": false,
            "qualified_arn": "arn:aws:lambda:us-east-1:602963248309:function:s3-prefix-processor-engineering-cc001-lambda-collision-p-3ef6f53:$LATEST",
            "qualified_invoke_arn": "arn:aws:apigateway:us-east-1:lambda:path/2015-03-31/functions/arn:aws:lambda:us-east-1:602963248309:function:s3-prefix-processor-engineering-cc001-lambda-collision-p-3ef6f53:$LATEST/invocations",
            "replace_security_groups_on_destroy": null,
            "replacement_security_group_ids": null,
            "reserved_concurrent_executions": -1,
            "role": "arn:aws:iam::602963248309:role/s3-prefix-processor-engineering-cc001-lambda-collis-91dce3a-role",
            "runtime": "python3.11",
            "s3_bucket": null,
            "s3_key": null,
            "s3_object_version": null,
            "signing_job_arn": "",
            "signing_profile_version_arn": "",
            "skip_destroy": false,
            "snap_start": [],
            "source_code_hash": "LmcgHcF2xlW0KH/h8do1eRPlc9I5gAA6/LTH/6iiCAM=",
            "source_code_size": 195,
            "tags": {
              "BusinessUnit": "engineering",
              "CostCenter": "cc001",
              "ManagedBy": "aws-pipeline-engine",
              "Pipeline": "s3_prefix_processor"
            },
            "tags_all": {
              "BusinessUnit": "engineering",
              "CostCenter": "cc001",
              "ManagedBy": "aws-pipeline-engine",
              "Pipeline": "s3_prefix_processor"
            },
            "timeout": 30,
            "timeouts": null,
            "tracing_config": [
              {
                "mode": "PassThrough"
              }
            ],
            "version": "$LATEST",
            "vpc_config": []
          },
          "sensitive_attributes": [],
          "private": "eyJlMmJmYjczMC1lY2FhLTExZTYtOGY4OC0zNDM2M2JjN2M0YzAiOnsiY3JlYXRlIjo2MDAwMDAwMDAwMDAsImRlbGV0ZSI6NjAwMDAwMDAwMDAwLCJ1cGRhdGUiOjYwMDAwMDAwMDAwMH19",
          "dependencies": [
            "aws_cloudwatch_log_group.s3_prefix_processor_engineering_cc001_lambda_collision_processor_3_lg",
            "aws_iam_role.s3_prefix_processor_engineering_cc001_lambda_collision_processor_3_role",
            "data.archive_file.s3_prefix_processor_engineering_cc001_lambda_collision_processor_3_placeholder"
          ]
        }
      ]
    },
    {
      "mode": "managed",
      "type": "aws_lambda_function",
      "name": "s3_prefix_processor_engineering_cc001_lambda_party_processor_2",
      "provider": "provider[\"registry.terraform.io/hashicorp/aws\"]",
      "instances": [
        {
          "schema_version": 0,
          "attributes": {
            "architectures": [
              "x86_64"
            ],
            "arn": "arn:aws:lambda:us-east-1:602963248309:function:s3-prefix-processor-engineering-cc001-lambda-party-processor-2",
            "code_sha256": "LmcgHcF2xlW0KH/h8do1eRPlc9I5gAA6/LTH/6iiCAM=",
            "code_signing_config_arn": "",
            "dead_letter_config": [],
            "description": "",
            "environment": [],
            "ephemeral_storage": [
              {
                "size": 512
              }
            ],
            "file_system_config": [],
            "filename": "./s3_prefix_processor_engineering_cc001_lambda_party_processor_2_placeholder.zip",
            "function_name": "s3-prefix-processor-engineering-cc001-lambda-party-processor-2",
            "handler": "index.handler",
            "id": "s3-prefix-processor-engineering-cc001-lambda-party-processor-2",
            "image_config": [],
            "image_uri": "",
            "invoke_arn": "arn:aws:apigateway:us-east-1:lambda:path/2015-03-31/functions/arn:aws:lambda:us-east-1:602963248309:function:s3-prefix-processor-engineering-cc001-lambda-party-processor-2/invocations",
            "kms_key_arn": "",
            "last_modified": "2026-04-21T17:53:52.265+0000",
            "layers": null,
            "logging_config": [
              {
                "application_log_level": "",
                "log_format": "Text",
                "log_group": "/aws/lambda/s3-prefix-processor-engineering-cc001-lambda-party-processor-2",
                "system_log_level": ""
              }
            ],
            "memory_size": 128,
            "package_type": "Zip",
            "publish": false,
            "qualified_arn": "arn:aws:lambda:us-east-1:602963248309:function:s3-prefix-processor-engineering-cc001-lambda-party-processor-2:$LATEST",
            "qualified_invoke_arn": "arn:aws:apigateway:us-east-1:lambda:path/2015-03-31/functions/arn:aws:lambda:us-east-1:602963248309:function:s3-prefix-processor-engineering-cc001-lambda-party-processor-2:$LATEST/invocations",
            "replace_security_groups_on_destroy": null,
            "replacement_security_group_ids": null,
            "reserved_concurrent_executions": -1,
            "role": "arn:aws:iam::602963248309:role/s3-prefix-processor-engineering-cc001-lambda-party-5c679fe-role",
            "runtime": "python3.12",
            "s3_bucket": null,
            "s3_key": null,
            "s3_object_version": null,
            "signing_job_arn": "",
            "signing_profile_version_arn": "",
            "skip_destroy": false,
            "snap_start": [],
            "source_code_hash": "LmcgHcF2xlW0KH/h8do1eRPlc9I5gAA6/LTH/6iiCAM=",
            "source_code_size": 195,
            "tags": {
              "BusinessUnit": "engineering",
              "CostCenter": "cc001",
              "ManagedBy": "aws-pipeline-engine",
              "Pipeline": "s3_prefix_processor"
            },
            "tags_all": {
              "BusinessUnit": "engineering",
              "CostCenter": "cc001",
              "ManagedBy": "aws-pipeline-engine",
              "Pipeline": "s3_prefix_processor"
            },
            "timeout": 30,
            "timeouts": null,
            "tracing_config": [
              {
                "mode": "PassThrough"
              }
            ],
            "version": "$LATEST",
            "vpc_config": []
          },
          "sensitive_attributes": [],
          "private": "eyJlMmJmYjczMC1lY2FhLTExZTYtOGY4OC0zNDM2M2JjN2M0YzAiOnsiY3JlYXRlIjo2MDAwMDAwMDAwMDAsImRlbGV0ZSI6NjAwMDAwMDAwMDAwLCJ1cGRhdGUiOjYwMDAwMDAwMDAwMH19",
          "dependencies": [
            "aws_cloudwatch_log_group.s3_prefix_processor_engineering_cc001_lambda_party_processor_2_lg",
            "aws_iam_role.s3_prefix_processor_engineering_cc001_lambda_party_processor_2_role",
            "data.archive_file.s3_prefix_processor_engineering_cc001_lambda_party_processor_2_placeholder"
          ]
        }
      ]
    },
    {
      "mode": "managed",
      "type": "aws_lambda_function",
      "name": "s3_prefix_processor_engineering_cc001_lambda_victim_processor_4",
      "provider": "provider[\"registry.terraform.io/hashicorp/aws\"]",
      "instances": [
        {
          "schema_version": 0,
          "attributes": {
            "architectures": [
              "x86_64"
            ],
            "arn": "arn:aws:lambda:us-east-1:602963248309:function:s3-prefix-processor-engineering-cc001-lambda-victim-processor-4",
            "code_sha256": "LmcgHcF2xlW0KH/h8do1eRPlc9I5gAA6/LTH/6iiCAM=",
            "code_signing_config_arn": "",
            "dead_letter_config": [],
            "description": "",
            "environment": [],
            "ephemeral_storage": [
              {
                "size": 512
              }
            ],
            "file_system_config": [],
            "filename": "./s3_prefix_processor_engineering_cc001_lambda_victim_processor_4_placeholder.zip",
            "function_name": "s3-prefix-processor-engineering-cc001-lambda-victim-processor-4",
            "handler": "index.handler",
            "id": "s3-prefix-processor-engineering-cc001-lambda-victim-processor-4",
            "image_config": [],
            "image_uri": "",
            "invoke_arn": "arn:aws:apigateway:us-east-1:lambda:path/2015-03-31/functions/arn:aws:lambda:us-east-1:602963248309:function:s3-prefix-processor-engineering-cc001-lambda-victim-processor-4/invocations",
            "kms_key_arn": "",
            "last_modified": "2026-04-21T17:54:07.877+0000",
            "layers": null,
            "logging_config": [
              {
                "application_log_level": "",
                "log_format": "Text",
                "log_group": "/aws/lambda/s3-prefix-processor-engineering-cc001-lambda-victim-processor-4",
                "system_log_level": ""
              }
            ],
            "memory_size": 128,
            "package_type": "Zip",
            "publish": false,
            "qualified_arn": "arn:aws:lambda:us-east-1:602963248309:function:s3-prefix-processor-engineering-cc001-lambda-victim-processor-4:$LATEST",
            "qualified_invoke_arn": "arn:aws:apigateway:us-east-1:lambda:path/2015-03-31/functions/arn:aws:lambda:us-east-1:602963248309:function:s3-prefix-processor-engineering-cc001-lambda-victim-processor-4:$LATEST/invocations",
            "replace_security_groups_on_destroy": null,
            "replacement_security_group_ids": null,
            "reserved_concurrent_executions": -1,
            "role": "arn:aws:iam::602963248309:role/s3-prefix-processor-engineering-cc001-lambda-victim-a004023-role",
            "runtime": "python3.12",
            "s3_bucket": null,
            "s3_key": null,
            "s3_object_version": null,
            "signing_job_arn": "",
            "signing_profile_version_arn": "",
            "skip_destroy": false,
            "snap_start": [],
            "source_code_hash": "LmcgHcF2xlW0KH/h8do1eRPlc9I5gAA6/LTH/6iiCAM=",
            "source_code_size": 195,
            "tags": {
              "BusinessUnit": "engineering",
              "CostCenter": "cc001",
              "ManagedBy": "aws-pipeline-engine",
              "Pipeline": "s3_prefix_processor"
            },
            "tags_all": {
              "BusinessUnit": "engineering",
              "CostCenter": "cc001",
              "ManagedBy": "aws-pipeline-engine",
              "Pipeline": "s3_prefix_processor"
            },
            "timeout": 30,
            "timeouts": null,
            "tracing_config": [
              {
                "mode": "PassThrough"
              }
            ],
            "version": "$LATEST",
            "vpc_config": []
          },
          "sensitive_attributes": [],
          "private": "eyJlMmJmYjczMC1lY2FhLTExZTYtOGY4OC0zNDM2M2JjN2M0YzAiOnsiY3JlYXRlIjo2MDAwMDAwMDAwMDAsImRlbGV0ZSI6NjAwMDAwMDAwMDAwLCJ1cGRhdGUiOjYwMDAwMDAwMDAwMH19",
          "dependencies": [
            "aws_cloudwatch_log_group.s3_prefix_processor_engineering_cc001_lambda_victim_processor_4_lg",
            "aws_iam_role.s3_prefix_processor_engineering_cc001_lambda_victim_processor_4_role",
            "data.archive_file.s3_prefix_processor_engineering_cc001_lambda_victim_processor_4_placeholder"
          ]
        }
      ]
    },
    {
      "mode": "managed",
      "type": "aws_lambda_permission",
      "name": "s3_prefix_processor_engineering_cc001_s3_src_invoke_s3_prefix_processor_engineering_cc001_lambda_case_processor_1",
      "provider": "provider[\"registry.terraform.io/hashicorp/aws\"]",
      "instances": [
        {
          "schema_version": 0,
          "attributes": {
            "action": "lambda:InvokeFunction",
            "event_source_token": null,
            "function_name": "s3-prefix-processor-engineering-cc001-lambda-case-processor-1",
            "function_url_auth_type": null,
            "id": "AllowS3-s3_prefix_processor_engineering_cc001_s3_src-s3_prefix_processor_engineering_cc001_-ea8f091e",
            "principal": "s3.amazonaws.com",
            "principal_org_id": null,
            "qualifier": "",
            "source_account": null,
            "source_arn": "arn:aws:s3:::s3-prefix-processor-engineering-cc001-s3-src",
            "statement_id": "AllowS3-s3_prefix_processor_engineering_cc001_s3_src-s3_prefix_processor_engineering_cc001_-ea8f091e",
            "statement_id_prefix": ""
          },
          "sensitive_attributes": [],
          "private": "bnVsbA==",
          "dependencies": [
            "aws_cloudwatch_log_group.s3_prefix_processor_engineering_cc001_lambda_case_processor_1_lg",
            "aws_iam_role.s3_prefix_processor_engineering_cc001_lambda_case_processor_1_role",
            "aws_lambda_function.s3_prefix_processor_engineering_cc001_lambda_case_processor_1",
            "aws_s3_bucket.s3_prefix_processor_engineering_cc001_s3_src",
            "data.archive_file.s3_prefix_processor_engineering_cc001_lambda_case_processor_1_placeholder"
          ]
        }
      ]
    },
    {
      "mode": "managed",
      "type": "aws_lambda_permission",
      "name": "s3_prefix_processor_engineering_cc001_s3_src_invoke_s3_prefix_processor_engineering_cc001_lambda_collision_processor_3",
      "provider": "provider[\"registry.terraform.io/hashicorp/aws\"]",
      "instances": [
        {
          "schema_version": 0,
          "attributes": {
            "action": "lambda:InvokeFunction",
            "event_source_token": null,
            "function_name": "s3-prefix-processor-engineering-cc001-lambda-collision-p-3ef6f53",
            "function_url_auth_type": null,
            "id": "AllowS3-s3_prefix_processor_engineering_cc001_s3_src-s3_prefix_processor_engineering_cc001_-bd59f93d",
            "principal": "s3.amazonaws.com",
            "principal_org_id": null,
            "qualifier": "",
            "source_account": null,
            "source_arn": "arn:aws:s3:::s3-prefix-processor-engineering-cc001-s3-src",
            "statement_id": "AllowS3-s3_prefix_processor_engineering_cc001_s3_src-s3_prefix_processor_engineering_cc001_-bd59f93d",
            "statement_id_prefix": ""
          },
          "sensitive_attributes": [],
          "private": "bnVsbA==",
          "dependencies": [
            "aws_cloudwatch_log_group.s3_prefix_processor_engineering_cc001_lambda_collision_processor_3_lg",
            "aws_iam_role.s3_prefix_processor_engineering_cc001_lambda_collision_processor_3_role",
            "aws_lambda_function.s3_prefix_processor_engineering_cc001_lambda_collision_processor_3",
            "aws_s3_bucket.s3_prefix_processor_engineering_cc001_s3_src",
            "data.archive_file.s3_prefix_processor_engineering_cc001_lambda_collision_processor_3_placeholder"
          ]
        }
      ]
    },
    {
      "mode": "managed",
      "type": "aws_lambda_permission",
      "name": "s3_prefix_processor_engineering_cc001_s3_src_invoke_s3_prefix_processor_engineering_cc001_lambda_party_processor_2",
      "provider": "provider[\"registry.terraform.io/hashicorp/aws\"]",
      "instances": [
        {
          "schema_version": 0,
          "attributes": {
            "action": "lambda:InvokeFunction",
            "event_source_token": null,
            "function_name": "s3-prefix-processor-engineering-cc001-lambda-party-processor-2",
            "function_url_auth_type": null,
            "id": "AllowS3-s3_prefix_processor_engineering_cc001_s3_src-s3_prefix_processor_engineering_cc001_-2e5f6ee6",
            "principal": "s3.amazonaws.com",
            "principal_org_id": null,
            "qualifier": "",
            "source_account": null,
            "source_arn": "arn:aws:s3:::s3-prefix-processor-engineering-cc001-s3-src",
            "statement_id": "AllowS3-s3_prefix_processor_engineering_cc001_s3_src-s3_prefix_processor_engineering_cc001_-2e5f6ee6",
            "statement_id_prefix": ""
          },
          "sensitive_attributes": [],
          "private": "bnVsbA==",
          "dependencies": [
            "aws_cloudwatch_log_group.s3_prefix_processor_engineering_cc001_lambda_party_processor_2_lg",
            "aws_iam_role.s3_prefix_processor_engineering_cc001_lambda_party_processor_2_role",
            "aws_lambda_function.s3_prefix_processor_engineering_cc001_lambda_party_processor_2",
            "aws_s3_bucket.s3_prefix_processor_engineering_cc001_s3_src",
            "data.archive_file.s3_prefix_processor_engineering_cc001_lambda_party_processor_2_placeholder"
          ]
        }
      ]
    },
    {
      "mode": "managed",
      "type": "aws_lambda_permission",
      "name": "s3_prefix_processor_engineering_cc001_s3_src_invoke_s3_prefix_processor_engineering_cc001_lambda_victim_processor_4",
      "provider": "provider[\"registry.terraform.io/hashicorp/aws\"]",
      "instances": [
        {
          "schema_version": 0,
          "attributes": {
            "action": "lambda:InvokeFunction",
            "event_source_token": null,
            "function_name": "s3-prefix-processor-engineering-cc001-lambda-victim-processor-4",
            "function_url_auth_type": null,
            "id": "AllowS3-s3_prefix_processor_engineering_cc001_s3_src-s3_prefix_processor_engineering_cc001_-f7e60527",
            "principal": "s3.amazonaws.com",
            "principal_org_id": null,
            "qualifier": "",
            "source_account": null,
            "source_arn": "arn:aws:s3:::s3-prefix-processor-engineering-cc001-s3-src",
            "statement_id": "AllowS3-s3_prefix_processor_engineering_cc001_s3_src-s3_prefix_processor_engineering_cc001_-f7e60527",
            "statement_id_prefix": ""
          },
          "sensitive_attributes": [],
          "private": "bnVsbA==",
          "dependencies": [
            "aws_cloudwatch_log_group.s3_prefix_processor_engineering_cc001_lambda_victim_processor_4_lg",
            "aws_iam_role.s3_prefix_processor_engineering_cc001_lambda_victim_processor_4_role",
            "aws_lambda_function.s3_prefix_processor_engineering_cc001_lambda_victim_processor_4",
            "aws_s3_bucket.s3_prefix_processor_engineering_cc001_s3_src",
            "data.archive_file.s3_prefix_processor_engineering_cc001_lambda_victim_processor_4_placeholder"
          ]
        }
      ]
    },
    {
      "mode": "managed",
      "type": "aws_s3_bucket",
      "name": "s3_prefix_processor_engineering_cc001_s3_src",
      "provider": "provider[\"registry.terraform.io/hashicorp/aws\"]",
      "instances": [
        {
          "schema_version": 0,
          "attributes": {
            "acceleration_status": "",
            "acl": null,
            "arn": "arn:aws:s3:::s3-prefix-processor-engineering-cc001-s3-src",
            "bucket": "s3-prefix-processor-engineering-cc001-s3-src",
            "bucket_domain_name": "s3-prefix-processor-engineering-cc001-s3-src.s3.amazonaws.com",
            "bucket_prefix": "",
            "bucket_regional_domain_name": "s3-prefix-processor-engineering-cc001-s3-src.s3.us-east-1.amazonaws.com",
            "cors_rule": [],
            "force_destroy": true,
            "grant": [
              {
                "id": "6b988a1bfb1696d044a07b3f9fd2a2a715c57a1b22eb6076238db5417a49eab2",
                "permissions": [
                  "FULL_CONTROL"
                ],
                "type": "CanonicalUser",
                "uri": ""
              }
            ],
            "hosted_zone_id": "Z3AQBSTGFYJSTF",
            "id": "s3-prefix-processor-engineering-cc001-s3-src",
            "lifecycle_rule": [],
            "logging": [],
            "object_lock_configuration": [],
            "object_lock_enabled": false,
            "policy": "",
            "region": "us-east-1",
            "replication_configuration": [],
            "request_payer": "BucketOwner",
            "server_side_encryption_configuration": [
              {
                "rule": [
                  {
                    "apply_server_side_encryption_by_default": [
                      {
                        "kms_master_key_id": "",
                        "sse_algorithm": "AES256"
                      }
                    ],
                    "bucket_key_enabled": false
                  }
                ]
              }
            ],
            "tags": {
              "BusinessUnit": "engineering",
              "CostCenter": "cc001",
              "ManagedBy": "aws-pipeline-engine",
              "Pipeline": "s3_prefix_processor"
            },
            "tags_all": {
              "BusinessUnit": "engineering",
              "CostCenter": "cc001",
              "ManagedBy": "aws-pipeline-engine",
              "Pipeline": "s3_prefix_processor"
            },
            "timeouts": null,
            "versioning": [
              {
                "enabled": false,
                "mfa_delete": false
              }
            ],
            "website": [],
            "website_domain": null,
            "website_endpoint": null
          },
          "sensitive_attributes": [],
          "private": "eyJlMmJmYjczMC1lY2FhLTExZTYtOGY4OC0zNDM2M2JjN2M0YzAiOnsiY3JlYXRlIjoxMjAwMDAwMDAwMDAwLCJkZWxldGUiOjM2MDAwMDAwMDAwMDAsInJlYWQiOjEyMDAwMDAwMDAwMDAsInVwZGF0ZSI6MTIwMDAwMDAwMDAwMH19"
        }
      ]
    },
    {
      "mode": "managed",
      "type": "aws_s3_bucket_notification",
      "name": "s3_prefix_processor_engineering_cc001_s3_src_notification",
      "provider": "provider[\"registry.terraform.io/hashicorp/aws\"]",
      "instances": [
        {
          "schema_version": 0,
          "attributes": {
            "bucket": "s3-prefix-processor-engineering-cc001-s3-src",
            "eventbridge": false,
            "id": "s3-prefix-processor-engineering-cc001-s3-src",
            "lambda_function": [
              {
                "events": [
                  "s3:ObjectCreated:*"
                ],
                "filter_prefix": "case/",
                "filter_suffix": "",
                "id": "s3_prefix_processor_engineering_cc001_s3_src_s3_prefix_processor_engineering_cc001_lambda_case_processor_1",
                "lambda_function_arn": "arn:aws:lambda:us-east-1:602963248309:function:s3-prefix-processor-engineering-cc001-lambda-case-processor-1"
              },
              {
                "events": [
                  "s3:ObjectCreated:*"
                ],
                "filter_prefix": "party/",
                "filter_suffix": "",
                "id": "s3_prefix_processor_engineering_cc001_s3_src_s3_prefix_processor_engineering_cc001_lambda_party_processor_2",
                "lambda_function_arn": "arn:aws:lambda:us-east-1:602963248309:function:s3-prefix-processor-engineering-cc001-lambda-party-processor-2"
              },
              {
                "events": [
                  "s3:ObjectCreated:*"
                ],
                "filter_prefix": "collision/",
                "filter_suffix": "",
                "id": "s3_prefix_processor_engineering_cc001_s3_src_s3_prefix_processor_engineering_cc001_lambda_collision_processor_3",
                "lambda_function_arn": "arn:aws:lambda:us-east-1:602963248309:function:s3-prefix-processor-engineering-cc001-lambda-collision-p-3ef6f53"
              },
              {
                "events": [
                  "s3:ObjectCreated:*"
                ],
                "filter_prefix": "victim/",
                "filter_suffix": "",
                "id": "s3_prefix_processor_engineering_cc001_s3_src_s3_prefix_processor_engineering_cc001_lambda_victim_processor_4",
                "lambda_function_arn": "arn:aws:lambda:us-east-1:602963248309:function:s3-prefix-processor-engineering-cc001-lambda-victim-processor-4"
              }
            ],
            "queue": [],
            "topic": []
          },
          "sensitive_attributes": [],
          "private": "bnVsbA==",
          "dependencies": [
            "aws_cloudwatch_log_group.s3_prefix_processor_engineering_cc001_lambda_case_processor_1_lg",
            "aws_cloudwatch_log_group.s3_prefix_processor_engineering_cc001_lambda_collision_processor_3_lg",
            "aws_cloudwatch_log_group.s3_prefix_processor_engineering_cc001_lambda_party_processor_2_lg",
            "aws_cloudwatch_log_group.s3_prefix_processor_engineering_cc001_lambda_victim_processor_4_lg",
            "aws_iam_role.s3_prefix_processor_engineering_cc001_lambda_case_processor_1_role",
            "aws_iam_role.s3_prefix_processor_engineering_cc001_lambda_collision_processor_3_role",
            "aws_iam_role.s3_prefix_processor_engineering_cc001_lambda_party_processor_2_role",
            "aws_iam_role.s3_prefix_processor_engineering_cc001_lambda_victim_processor_4_role",
            "aws_lambda_function.s3_prefix_processor_engineering_cc001_lambda_case_processor_1",
            "aws_lambda_function.s3_prefix_processor_engineering_cc001_lambda_collision_processor_3",
            "aws_lambda_function.s3_prefix_processor_engineering_cc001_lambda_party_processor_2",
            "aws_lambda_function.s3_prefix_processor_engineering_cc001_lambda_victim_processor_4",
            "aws_lambda_permission.s3_prefix_processor_engineering_cc001_s3_src_invoke_s3_prefix_processor_engineering_cc001_lambda_case_processor_1",
            "aws_lambda_permission.s3_prefix_processor_engineering_cc001_s3_src_invoke_s3_prefix_processor_engineering_cc001_lambda_collision_processor_3",
            "aws_lambda_permission.s3_prefix_processor_engineering_cc001_s3_src_invoke_s3_prefix_processor_engineering_cc001_lambda_party_processor_2",
            "aws_lambda_permission.s3_prefix_processor_engineering_cc001_s3_src_invoke_s3_prefix_processor_engineering_cc001_lambda_victim_processor_4",
            "aws_s3_bucket.s3_prefix_processor_engineering_cc001_s3_src",
            "data.archive_file.s3_prefix_processor_engineering_cc001_lambda_case_processor_1_placeholder",
            "data.archive_file.s3_prefix_processor_engineering_cc001_lambda_collision_processor_3_placeholder",
            "data.archive_file.s3_prefix_processor_engineering_cc001_lambda_party_processor_2_placeholder",
            "data.archive_file.s3_prefix_processor_engineering_cc001_lambda_victim_processor_4_placeholder"
          ]
        }
      ]
    },
    {
      "mode": "managed",
      "type": "aws_s3_bucket_server_side_encryption_configuration",
      "name": "s3_prefix_processor_engineering_cc001_s3_src_sse",
      "provider": "provider[\"registry.terraform.io/hashicorp/aws\"]",
      "instances": [
        {
          "schema_version": 0,
          "attributes": {
            "bucket": "s3-prefix-processor-engineering-cc001-s3-src",
            "expected_bucket_owner": "",
            "id": "s3-prefix-processor-engineering-cc001-s3-src",
            "rule": [
              {
                "apply_server_side_encryption_by_default": [
                  {
                    "kms_master_key_id": "",
                    "sse_algorithm": "AES256"
                  }
                ],
                "bucket_key_enabled": null
              }
            ]
          },
          "sensitive_attributes": [],
          "private": "bnVsbA==",
          "dependencies": [
            "aws_s3_bucket.s3_prefix_processor_engineering_cc001_s3_src"
          ]
        }
      ]
    },
    {
      "mode": "managed",
      "type": "aws_s3_bucket_versioning",
      "name": "s3_prefix_processor_engineering_cc001_s3_src_versioning",
      "provider": "provider[\"registry.terraform.io/hashicorp/aws\"]",
      "instances": [
        {
          "schema_version": 0,
          "attributes": {
            "bucket": "s3-prefix-processor-engineering-cc001-s3-src",
            "expected_bucket_owner": "",
            "id": "s3-prefix-processor-engineering-cc001-s3-src",
            "mfa": null,
            "versioning_configuration": [
              {
                "mfa_delete": "",
                "status": "Enabled"
              }
            ]
          },
          "sensitive_attributes": [],
          "private": "bnVsbA==",
          "dependencies": [
            "aws_s3_bucket.s3_prefix_processor_engineering_cc001_s3_src"
          ]
        }
      ]
    }
  ],
  "check_results": null
}
