{
  "version": 4,
  "terraform_version": "1.7.5",
  "serial": 75,
  "lineage": "870ee931-e8fd-40ab-f102-74ccea8efee1",
  "outputs": {},
  "resources": [
    {
      "mode": "data",
      "type": "archive_file",
      "name": "ecommerce_batch_data_pipeline_c01_rd_lambda_lambda_categories_preprocess_cba9_placeholder",
      "provider": "provider[\"registry.terraform.io/hashicorp/archive\"]",
      "instances": [
        {
          "schema_version": 0,
          "attributes": {
            "exclude_symlink_directories": null,
            "excludes": null,
            "id": "f59f3fd420ddaa451ce12fb440deb2aa076e6172",
            "output_base64sha256": "LmcgHcF2xlW0KH/h8do1eRPlc9I5gAA6/LTH/6iiCAM=",
            "output_base64sha512": "qEl4hschIDtZI/cxJuiutUlGG5PkLE253Ng5kS1rICHmzYbU7mS1WybzCNffsBdM+q5UiwHLo8/J2lXnSfZNnw==",
            "output_file_mode": null,
            "output_md5": "2890be29225d7ea7b0499f76bebd6c93",
            "output_path": "./ecommerce_batch_data_pipeline_c01_rd_lambda_lambda_categories_preprocess_cba9_placeholder.zip",
            "output_sha": "f59f3fd420ddaa451ce12fb440deb2aa076e6172",
            "output_sha256": "2e67201dc176c655b4287fe1f1da357913e573d23980003afcb4c7ffa8a20803",
            "output_sha512": "a8497886c721203b5923f73126e8aeb549461b93e42c4db9dcd839912d6b2021e6cd86d4ee64b55b26f308d7dfb0174cfaae548b01cba3cfc9da55e749f64d9f",
            "output_size": 195,
            "source": [
              {
                "content": "def handler(event, context):\n    return {\"statusCode\": 200}",
                "filename": "index.py"
              }
            ],
            "source_content": null,
            "source_content_filename": null,
            "source_dir": null,
            "source_file": null,
            "type": "zip"
          },
          "sensitive_attributes": []
        }
      ]
    },
    {
      "mode": "data",
      "type": "archive_file",
      "name": "ecommerce_batch_data_pipeline_c01_rd_lambda_lambda_customers_preprocess_440e_placeholder",
      "provider": "provider[\"registry.terraform.io/hashicorp/archive\"]",
      "instances": [
        {
          "schema_version": 0,
          "attributes": {
            "exclude_symlink_directories": null,
            "excludes": null,
            "id": "f59f3fd420ddaa451ce12fb440deb2aa076e6172",
            "output_base64sha256": "LmcgHcF2xlW0KH/h8do1eRPlc9I5gAA6/LTH/6iiCAM=",
            "output_base64sha512": "qEl4hschIDtZI/cxJuiutUlGG5PkLE253Ng5kS1rICHmzYbU7mS1WybzCNffsBdM+q5UiwHLo8/J2lXnSfZNnw==",
            "output_file_mode": null,
            "output_md5": "2890be29225d7ea7b0499f76bebd6c93",
            "output_path": "./ecommerce_batch_data_pipeline_c01_rd_lambda_lambda_customers_preprocess_440e_placeholder.zip",
            "output_sha": "f59f3fd420ddaa451ce12fb440deb2aa076e6172",
            "output_sha256": "2e67201dc176c655b4287fe1f1da357913e573d23980003afcb4c7ffa8a20803",
            "output_sha512": "a8497886c721203b5923f73126e8aeb549461b93e42c4db9dcd839912d6b2021e6cd86d4ee64b55b26f308d7dfb0174cfaae548b01cba3cfc9da55e749f64d9f",
            "output_size": 195,
            "source": [
              {
                "content": "def handler(event, context):\n    return {\"statusCode\": 200}",
                "filename": "index.py"
              }
            ],
            "source_content": null,
            "source_content_filename": null,
            "source_dir": null,
            "source_file": null,
            "type": "zip"
          },
          "sensitive_attributes": []
        }
      ]
    },
    {
      "mode": "data",
      "type": "archive_file",
      "name": "ecommerce_batch_data_pipeline_c01_rd_lambda_lambda_enrich_transform_e4c0_placeholder",
      "provider": "provider[\"registry.terraform.io/hashicorp/archive\"]",
      "instances": [
        {
          "schema_version": 0,
          "attributes": {
            "exclude_symlink_directories": null,
            "excludes": null,
            "id": "f59f3fd420ddaa451ce12fb440deb2aa076e6172",
            "output_base64sha256": "LmcgHcF2xlW0KH/h8do1eRPlc9I5gAA6/LTH/6iiCAM=",
            "output_base64sha512": "qEl4hschIDtZI/cxJuiutUlGG5PkLE253Ng5kS1rICHmzYbU7mS1WybzCNffsBdM+q5UiwHLo8/J2lXnSfZNnw==",
            "output_file_mode": null,
            "output_md5": "2890be29225d7ea7b0499f76bebd6c93",
            "output_path": "./ecommerce_batch_data_pipeline_c01_rd_lambda_lambda_enrich_transform_e4c0_placeholder.zip",
            "output_sha": "f59f3fd420ddaa451ce12fb440deb2aa076e6172",
            "output_sha256": "2e67201dc176c655b4287fe1f1da357913e573d23980003afcb4c7ffa8a20803",
            "output_sha512": "a8497886c721203b5923f73126e8aeb549461b93e42c4db9dcd839912d6b2021e6cd86d4ee64b55b26f308d7dfb0174cfaae548b01cba3cfc9da55e749f64d9f",
            "output_size": 195,
            "source": [
              {
                "content": "def handler(event, context):\n    return {\"statusCode\": 200}",
                "filename": "index.py"
              }
            ],
            "source_content": null,
            "source_content_filename": null,
            "source_dir": null,
            "source_file": null,
            "type": "zip"
          },
          "sensitive_attributes": []
        }
      ]
    },
    {
      "mode": "data",
      "type": "archive_file",
      "name": "ecommerce_batch_data_pipeline_c01_rd_lambda_lambda_inventory_preprocess_7d6e_placeholder",
      "provider": "provider[\"registry.terraform.io/hashicorp/archive\"]",
      "instances": [
        {
          "schema_version": 0,
          "attributes": {
            "exclude_symlink_directories": null,
            "excludes": null,
            "id": "f59f3fd420ddaa451ce12fb440deb2aa076e6172",
            "output_base64sha256": "LmcgHcF2xlW0KH/h8do1eRPlc9I5gAA6/LTH/6iiCAM=",
            "output_base64sha512": "qEl4hschIDtZI/cxJuiutUlGG5PkLE253Ng5kS1rICHmzYbU7mS1WybzCNffsBdM+q5UiwHLo8/J2lXnSfZNnw==",
            "output_file_mode": null,
            "output_md5": "2890be29225d7ea7b0499f76bebd6c93",
            "output_path": "./ecommerce_batch_data_pipeline_c01_rd_lambda_lambda_inventory_preprocess_7d6e_placeholder.zip",
            "output_sha": "f59f3fd420ddaa451ce12fb440deb2aa076e6172",
            "output_sha256": "2e67201dc176c655b4287fe1f1da357913e573d23980003afcb4c7ffa8a20803",
            "output_sha512": "a8497886c721203b5923f73126e8aeb549461b93e42c4db9dcd839912d6b2021e6cd86d4ee64b55b26f308d7dfb0174cfaae548b01cba3cfc9da55e749f64d9f",
            "output_size": 195,
            "source": [
              {
                "content": "def handler(event, context):\n    return {\"statusCode\": 200}",
                "filename": "index.py"
              }
            ],
            "source_content": null,
            "source_content_filename": null,
            "source_dir": null,
            "source_file": null,
            "type": "zip"
          },
          "sensitive_attributes": []
        }
      ]
    },
    {
      "mode": "data",
      "type": "archive_file",
      "name": "ecommerce_batch_data_pipeline_c01_rd_lambda_lambda_order_items_preprocess_a307_placeholder",
      "provider": "provider[\"registry.terraform.io/hashicorp/archive\"]",
      "instances": [
        {
          "schema_version": 0,
          "attributes": {
            "exclude_symlink_directories": null,
            "excludes": null,
            "id": "f59f3fd420ddaa451ce12fb440deb2aa076e6172",
            "output_base64sha256": "LmcgHcF2xlW0KH/h8do1eRPlc9I5gAA6/LTH/6iiCAM=",
            "output_base64sha512": "qEl4hschIDtZI/cxJuiutUlGG5PkLE253Ng5kS1rICHmzYbU7mS1WybzCNffsBdM+q5UiwHLo8/J2lXnSfZNnw==",
            "output_file_mode": null,
            "output_md5": "2890be29225d7ea7b0499f76bebd6c93",
            "output_path": "./ecommerce_batch_data_pipeline_c01_rd_lambda_lambda_order_items_preprocess_a307_placeholder.zip",
            "output_sha": "f59f3fd420ddaa451ce12fb440deb2aa076e6172",
            "output_sha256": "2e67201dc176c655b4287fe1f1da357913e573d23980003afcb4c7ffa8a20803",
            "output_sha512": "a8497886c721203b5923f73126e8aeb549461b93e42c4db9dcd839912d6b2021e6cd86d4ee64b55b26f308d7dfb0174cfaae548b01cba3cfc9da55e749f64d9f",
            "output_size": 195,
            "source": [
              {
                "content": "def handler(event, context):\n    return {\"statusCode\": 200}",
                "filename": "index.py"
              }
            ],
            "source_content": null,
            "source_content_filename": null,
            "source_dir": null,
            "source_file": null,
            "type": "zip"
          },
          "sensitive_attributes": []
        }
      ]
    },
    {
      "mode": "data",
      "type": "archive_file",
      "name": "ecommerce_batch_data_pipeline_c01_rd_lambda_lambda_orders_preprocess_f36d_placeholder",
      "provider": "provider[\"registry.terraform.io/hashicorp/archive\"]",
      "instances": [
        {
          "schema_version": 0,
          "attributes": {
            "exclude_symlink_directories": null,
            "excludes": null,
            "id": "f59f3fd420ddaa451ce12fb440deb2aa076e6172",
            "output_base64sha256": "LmcgHcF2xlW0KH/h8do1eRPlc9I5gAA6/LTH/6iiCAM=",
            "output_base64sha512": "qEl4hschIDtZI/cxJuiutUlGG5PkLE253Ng5kS1rICHmzYbU7mS1WybzCNffsBdM+q5UiwHLo8/J2lXnSfZNnw==",
            "output_file_mode": null,
            "output_md5": "2890be29225d7ea7b0499f76bebd6c93",
            "output_path": "./ecommerce_batch_data_pipeline_c01_rd_lambda_lambda_orders_preprocess_f36d_placeholder.zip",
            "output_sha": "f59f3fd420ddaa451ce12fb440deb2aa076e6172",
            "output_sha256": "2e67201dc176c655b4287fe1f1da357913e573d23980003afcb4c7ffa8a20803",
            "output_sha512": "a8497886c721203b5923f73126e8aeb549461b93e42c4db9dcd839912d6b2021e6cd86d4ee64b55b26f308d7dfb0174cfaae548b01cba3cfc9da55e749f64d9f",
            "output_size": 195,
            "source": [
              {
                "content": "def handler(event, context):\n    return {\"statusCode\": 200}",
                "filename": "index.py"
              }
            ],
            "source_content": null,
            "source_content_filename": null,
            "source_dir": null,
            "source_file": null,
            "type": "zip"
          },
          "sensitive_attributes": []
        }
      ]
    },
    {
      "mode": "data",
      "type": "archive_file",
      "name": "ecommerce_batch_data_pipeline_c01_rd_lambda_lambda_procurements_preprocess_e87c_placeholder",
      "provider": "provider[\"registry.terraform.io/hashicorp/archive\"]",
      "instances": [
        {
          "schema_version": 0,
          "attributes": {
            "exclude_symlink_directories": null,
            "excludes": null,
            "id": "f59f3fd420ddaa451ce12fb440deb2aa076e6172",
            "output_base64sha256": "LmcgHcF2xlW0KH/h8do1eRPlc9I5gAA6/LTH/6iiCAM=",
            "output_base64sha512": "qEl4hschIDtZI/cxJuiutUlGG5PkLE253Ng5kS1rICHmzYbU7mS1WybzCNffsBdM+q5UiwHLo8/J2lXnSfZNnw==",
            "output_file_mode": null,
            "output_md5": "2890be29225d7ea7b0499f76bebd6c93",
            "output_path": "./ecommerce_batch_data_pipeline_c01_rd_lambda_lambda_procurements_preprocess_e87c_placeholder.zip",
            "output_sha": "f59f3fd420ddaa451ce12fb440deb2aa076e6172",
            "output_sha256": "2e67201dc176c655b4287fe1f1da357913e573d23980003afcb4c7ffa8a20803",
            "output_sha512": "a8497886c721203b5923f73126e8aeb549461b93e42c4db9dcd839912d6b2021e6cd86d4ee64b55b26f308d7dfb0174cfaae548b01cba3cfc9da55e749f64d9f",
            "output_size": 195,
            "source": [
              {
                "content": "def handler(event, context):\n    return {\"statusCode\": 200}",
                "filename": "index.py"
              }
            ],
            "source_content": null,
            "source_content_filename": null,
            "source_dir": null,
            "source_file": null,
            "type": "zip"
          },
          "sensitive_attributes": []
        }
      ]
    },
    {
      "mode": "data",
      "type": "archive_file",
      "name": "ecommerce_batch_data_pipeline_c01_rd_lambda_lambda_products_preprocess_1f2f_placeholder",
      "provider": "provider[\"registry.terraform.io/hashicorp/archive\"]",
      "instances": [
        {
          "schema_version": 0,
          "attributes": {
            "exclude_symlink_directories": null,
            "excludes": null,
            "id": "f59f3fd420ddaa451ce12fb440deb2aa076e6172",
            "output_base64sha256": "LmcgHcF2xlW0KH/h8do1eRPlc9I5gAA6/LTH/6iiCAM=",
            "output_base64sha512": "qEl4hschIDtZI/cxJuiutUlGG5PkLE253Ng5kS1rICHmzYbU7mS1WybzCNffsBdM+q5UiwHLo8/J2lXnSfZNnw==",
            "output_file_mode": null,
            "output_md5": "2890be29225d7ea7b0499f76bebd6c93",
            "output_path": "./ecommerce_batch_data_pipeline_c01_rd_lambda_lambda_products_preprocess_1f2f_placeholder.zip",
            "output_sha": "f59f3fd420ddaa451ce12fb440deb2aa076e6172",
            "output_sha256": "2e67201dc176c655b4287fe1f1da357913e573d23980003afcb4c7ffa8a20803",
            "output_sha512": "a8497886c721203b5923f73126e8aeb549461b93e42c4db9dcd839912d6b2021e6cd86d4ee64b55b26f308d7dfb0174cfaae548b01cba3cfc9da55e749f64d9f",
            "output_size": 195,
            "source": [
              {
                "content": "def handler(event, context):\n    return {\"statusCode\": 200}",
                "filename": "index.py"
              }
            ],
            "source_content": null,
            "source_content_filename": null,
            "source_dir": null,
            "source_file": null,
            "type": "zip"
          },
          "sensitive_attributes": []
        }
      ]
    },
    {
      "mode": "data",
      "type": "archive_file",
      "name": "ecommerce_batch_data_pipeline_c01_rd_lambda_lambda_stock_movements_preprocess_0bd4_placeholder",
      "provider": "provider[\"registry.terraform.io/hashicorp/archive\"]",
      "instances": [
        {
          "schema_version": 0,
          "attributes": {
            "exclude_symlink_directories": null,
            "excludes": null,
            "id": "f59f3fd420ddaa451ce12fb440deb2aa076e6172",
            "output_base64sha256": "LmcgHcF2xlW0KH/h8do1eRPlc9I5gAA6/LTH/6iiCAM=",
            "output_base64sha512": "qEl4hschIDtZI/cxJuiutUlGG5PkLE253Ng5kS1rICHmzYbU7mS1WybzCNffsBdM+q5UiwHLo8/J2lXnSfZNnw==",
            "output_file_mode": null,
            "output_md5": "2890be29225d7ea7b0499f76bebd6c93",
            "output_path": "./ecommerce_batch_data_pipeline_c01_rd_lambda_lambda_stock_movements_preprocess_0bd4_placeholder.zip",
            "output_sha": "f59f3fd420ddaa451ce12fb440deb2aa076e6172",
            "output_sha256": "2e67201dc176c655b4287fe1f1da357913e573d23980003afcb4c7ffa8a20803",
            "output_sha512": "a8497886c721203b5923f73126e8aeb549461b93e42c4db9dcd839912d6b2021e6cd86d4ee64b55b26f308d7dfb0174cfaae548b01cba3cfc9da55e749f64d9f",
            "output_size": 195,
            "source": [
              {
                "content": "def handler(event, context):\n    return {\"statusCode\": 200}",
                "filename": "index.py"
              }
            ],
            "source_content": null,
            "source_content_filename": null,
            "source_dir": null,
            "source_file": null,
            "type": "zip"
          },
          "sensitive_attributes": []
        }
      ]
    },
    {
      "mode": "data",
      "type": "archive_file",
      "name": "ecommerce_batch_data_pipeline_c01_rd_lambda_lambda_suppliers_preprocess_d32f_placeholder",
      "provider": "provider[\"registry.terraform.io/hashicorp/archive\"]",
      "instances": [
        {
          "schema_version": 0,
          "attributes": {
            "exclude_symlink_directories": null,
            "excludes": null,
            "id": "f59f3fd420ddaa451ce12fb440deb2aa076e6172",
            "output_base64sha256": "LmcgHcF2xlW0KH/h8do1eRPlc9I5gAA6/LTH/6iiCAM=",
            "output_base64sha512": "qEl4hschIDtZI/cxJuiutUlGG5PkLE253Ng5kS1rICHmzYbU7mS1WybzCNffsBdM+q5UiwHLo8/J2lXnSfZNnw==",
            "output_file_mode": null,
            "output_md5": "2890be29225d7ea7b0499f76bebd6c93",
            "output_path": "./ecommerce_batch_data_pipeline_c01_rd_lambda_lambda_suppliers_preprocess_d32f_placeholder.zip",
            "output_sha": "f59f3fd420ddaa451ce12fb440deb2aa076e6172",
            "output_sha256": "2e67201dc176c655b4287fe1f1da357913e573d23980003afcb4c7ffa8a20803",
            "output_sha512": "a8497886c721203b5923f73126e8aeb549461b93e42c4db9dcd839912d6b2021e6cd86d4ee64b55b26f308d7dfb0174cfaae548b01cba3cfc9da55e749f64d9f",
            "output_size": 195,
            "source": [
              {
                "content": "def handler(event, context):\n    return {\"statusCode\": 200}",
                "filename": "index.py"
              }
            ],
            "source_content": null,
            "source_content_filename": null,
            "source_dir": null,
            "source_file": null,
            "type": "zip"
          },
          "sensitive_attributes": []
        }
      ]
    },
    {
      "mode": "data",
      "type": "archive_file",
      "name": "ecommerce_batch_data_pipeline_c01_rd_lambda_lambda_warehouses_preprocess_4c32_placeholder",
      "provider": "provider[\"registry.terraform.io/hashicorp/archive\"]",
      "instances": [
        {
          "schema_version": 0,
          "attributes": {
            "exclude_symlink_directories": null,
            "excludes": null,
            "id": "f59f3fd420ddaa451ce12fb440deb2aa076e6172",
            "output_base64sha256": "LmcgHcF2xlW0KH/h8do1eRPlc9I5gAA6/LTH/6iiCAM=",
            "output_base64sha512": "qEl4hschIDtZI/cxJuiutUlGG5PkLE253Ng5kS1rICHmzYbU7mS1WybzCNffsBdM+q5UiwHLo8/J2lXnSfZNnw==",
            "output_file_mode": null,
            "output_md5": "2890be29225d7ea7b0499f76bebd6c93",
            "output_path": "./ecommerce_batch_data_pipeline_c01_rd_lambda_lambda_warehouses_preprocess_4c32_placeholder.zip",
            "output_sha": "f59f3fd420ddaa451ce12fb440deb2aa076e6172",
            "output_sha256": "2e67201dc176c655b4287fe1f1da357913e573d23980003afcb4c7ffa8a20803",
            "output_sha512": "a8497886c721203b5923f73126e8aeb549461b93e42c4db9dcd839912d6b2021e6cd86d4ee64b55b26f308d7dfb0174cfaae548b01cba3cfc9da55e749f64d9f",
            "output_size": 195,
            "source": [
              {
                "content": "def handler(event, context):\n    return {\"statusCode\": 200}",
                "filename": "index.py"
              }
            ],
            "source_content": null,
            "source_content_filename": null,
            "source_dir": null,
            "source_file": null,
            "type": "zip"
          },
          "sensitive_attributes": []
        }
      ]
    },
    {
      "mode": "managed",
      "type": "aws_athena_workgroup",
      "name": "ecommerce_batch_data_pipeline_c01_rd_athena_athena_ecom_analytics_095c",
      "provider": "provider[\"registry.terraform.io/hashicorp/aws\"]",
      "instances": [
        {
          "schema_version": 0,
          "attributes": {
            "arn": "arn:aws:athena:us-east-1:602963248309:workgroup/ecommerce-batch-data-pipeline-c01-rd-athena-athena-ecom-analytics-6b3f",
            "configuration": [
              {
                "bytes_scanned_cutoff_per_query": 0,
                "enforce_workgroup_configuration": true,
                "engine_version": [
                  {
                    "effective_engine_version": "Athena engine version 3",
                    "selected_engine_version": "AUTO"
                  }
                ],
                "execution_role": "",
                "publish_cloudwatch_metrics_enabled": false,
                "requester_pays_enabled": false,
                "result_configuration": [
                  {
                    "acl_configuration": [],
                    "encryption_configuration": [],
                    "expected_bucket_owner": "",
                    "output_location": "s3://ecommerce-batch-data-pipeline-c01-rd-s3-ecom-curated-adac/query-results/"
                  }
                ]
              }
            ],
            "description": "",
            "force_destroy": false,
            "id": "ecommerce-batch-data-pipeline-c01-rd-athena-athena-ecom-analytics-6b3f",
            "name": "ecommerce-batch-data-pipeline-c01-rd-athena-athena-ecom-analytics-6b3f",
            "state": "ENABLED",
            "tags": {
              "BusinessUnit": "rd",
              "CostCenter": "c01",
              "ManagedBy": "aws-pipeline-engine",
              "Pipeline": "ecommerce_batch_data_pipeline"
            },
            "tags_all": {
              "BusinessUnit": "rd",
              "CostCenter": "c01",
              "ManagedBy": "aws-pipeline-engine",
              "Pipeline": "ecommerce_batch_data_pipeline"
            }
          },
          "sensitive_attributes": [],
          "private": "bnVsbA=="
        }
      ]
    },
    {
      "mode": "managed",
      "type": "aws_cloudwatch_log_group",
      "name": "ecommerce_batch_data_pipeline_c01_rd_athena_athena_ecom_analytics_095c_lg",
      "provider": "provider[\"registry.terraform.io/hashicorp/aws\"]",
      "instances": [
        {
          "schema_version": 0,
          "attributes": {
            "arn": "arn:aws:logs:us-east-1:602963248309:log-group:/aws/athena/ecommerce-batch-data-pipeline-c01-rd-athena-athena-ecom-analytics-6b3f",
            "id": "/aws/athena/ecommerce-batch-data-pipeline-c01-rd-athena-athena-ecom-analytics-6b3f",
            "kms_key_id": "",
            "log_group_class": "STANDARD",
            "name": "/aws/athena/ecommerce-batch-data-pipeline-c01-rd-athena-athena-ecom-analytics-6b3f",
            "name_prefix": "",
            "retention_in_days": 7,
            "skip_destroy": false,
            "tags": {
              "BusinessUnit": "rd",
              "CostCenter": "c01",
              "ManagedBy": "aws-pipeline-engine",
              "Pipeline": "ecommerce_batch_data_pipeline"
            },
            "tags_all": {
              "BusinessUnit": "rd",
              "CostCenter": "c01",
              "ManagedBy": "aws-pipeline-engine",
              "Pipeline": "ecommerce_batch_data_pipeline"
            }
          },
          "sensitive_attributes": [],
          "private": "bnVsbA=="
        }
      ]
    },
    {
      "mode": "managed",
      "type": "aws_cloudwatch_log_group",
      "name": "ecommerce_batch_data_pipeline_c01_rd_glue_glue_crawler_curated_0bef_lg",
      "provider": "provider[\"registry.terraform.io/hashicorp/aws\"]",
      "instances": [
        {
          "schema_version": 0,
          "attributes": {
            "arn": "arn:aws:logs:us-east-1:602963248309:log-group:/aws-glue/jobs/ecommerce-batch-data-pipeline-c01-rd-glue-glue-crawler-curated-c203",
            "id": "/aws-glue/jobs/ecommerce-batch-data-pipeline-c01-rd-glue-glue-crawler-curated-c203",
            "kms_key_id": "",
            "log_group_class": "STANDARD",
            "name": "/aws-glue/jobs/ecommerce-batch-data-pipeline-c01-rd-glue-glue-crawler-curated-c203",
            "name_prefix": "",
            "retention_in_days": 7,
            "skip_destroy": false,
            "tags": {
              "BusinessUnit": "rd",
              "CostCenter": "c01",
              "ManagedBy": "aws-pipeline-engine",
              "Pipeline": "ecommerce_batch_data_pipeline"
            },
            "tags_all": {
              "BusinessUnit": "rd",
              "CostCenter": "c01",
              "ManagedBy": "aws-pipeline-engine",
              "Pipeline": "ecommerce_batch_data_pipeline"
            }
          },
          "sensitive_attributes": [],
          "private": "bnVsbA=="
        }
      ]
    },
    {
      "mode": "managed",
      "type": "aws_cloudwatch_log_group",
      "name": "ecommerce_batch_data_pipeline_c01_rd_lambda_lambda_categories_preprocess_cba9_lg",
      "provider": "provider[\"registry.terraform.io/hashicorp/aws\"]",
      "instances": [
        {
          "schema_version": 0,
          "attributes": {
            "arn": "arn:aws:logs:us-east-1:602963248309:log-group:/aws/lambda/ecommerce-batch-data-pipeline-c01-rd-lambda-lambda-categ-a3e2e0e",
            "id": "/aws/lambda/ecommerce-batch-data-pipeline-c01-rd-lambda-lambda-categ-a3e2e0e",
            "kms_key_id": "",
            "log_group_class": "STANDARD",
            "name": "/aws/lambda/ecommerce-batch-data-pipeline-c01-rd-lambda-lambda-categ-a3e2e0e",
            "name_prefix": "",
            "retention_in_days": 7,
            "skip_destroy": false,
            "tags": {
              "BusinessUnit": "rd",
              "CostCenter": "c01",
              "ManagedBy": "aws-pipeline-engine",
              "Pipeline": "ecommerce_batch_data_pipeline"
            },
            "tags_all": {
              "BusinessUnit": "rd",
              "CostCenter": "c01",
              "ManagedBy": "aws-pipeline-engine",
              "Pipeline": "ecommerce_batch_data_pipeline"
            }
          },
          "sensitive_attributes": [],
          "private": "bnVsbA=="
        }
      ]
    },
    {
      "mode": "managed",
      "type": "aws_cloudwatch_log_group",
      "name": "ecommerce_batch_data_pipeline_c01_rd_lambda_lambda_customers_preprocess_440e_lg",
      "provider": "provider[\"registry.terraform.io/hashicorp/aws\"]",
      "instances": [
        {
          "schema_version": 0,
          "attributes": {
            "arn": "arn:aws:logs:us-east-1:602963248309:log-group:/aws/lambda/ecommerce-batch-data-pipeline-c01-rd-lambda-lambda-custo-4069a7e",
            "id": "/aws/lambda/ecommerce-batch-data-pipeline-c01-rd-lambda-lambda-custo-4069a7e",
            "kms_key_id": "",
            "log_group_class": "STANDARD",
            "name": "/aws/lambda/ecommerce-batch-data-pipeline-c01-rd-lambda-lambda-custo-4069a7e",
            "name_prefix": "",
            "retention_in_days": 7,
            "skip_destroy": false,
            "tags": {
              "BusinessUnit": "rd",
              "CostCenter": "c01",
              "ManagedBy": "aws-pipeline-engine",
              "Pipeline": "ecommerce_batch_data_pipeline"
            },
            "tags_all": {
              "BusinessUnit": "rd",
              "CostCenter": "c01",
              "ManagedBy": "aws-pipeline-engine",
              "Pipeline": "ecommerce_batch_data_pipeline"
            }
          },
          "sensitive_attributes": [],
          "private": "bnVsbA=="
        }
      ]
    },
    {
      "mode": "managed",
      "type": "aws_cloudwatch_log_group",
      "name": "ecommerce_batch_data_pipeline_c01_rd_lambda_lambda_enrich_transform_e4c0_lg",
      "provider": "provider[\"registry.terraform.io/hashicorp/aws\"]",
      "instances": [
        {
          "schema_version": 0,
          "attributes": {
            "arn": "arn:aws:logs:us-east-1:602963248309:log-group:/aws/lambda/ecommerce-batch-data-pipeline-c01-rd-lambda-lambda-enric-90419ab",
            "id": "/aws/lambda/ecommerce-batch-data-pipeline-c01-rd-lambda-lambda-enric-90419ab",
            "kms_key_id": "",
            "log_group_class": "STANDARD",
            "name": "/aws/lambda/ecommerce-batch-data-pipeline-c01-rd-lambda-lambda-enric-90419ab",
            "name_prefix": "",
            "retention_in_days": 7,
            "skip_destroy": false,
            "tags": {
              "BusinessUnit": "rd",
              "CostCenter": "c01",
              "ManagedBy": "aws-pipeline-engine",
              "Pipeline": "ecommerce_batch_data_pipeline"
            },
            "tags_all": {
              "BusinessUnit": "rd",
              "CostCenter": "c01",
              "ManagedBy": "aws-pipeline-engine",
              "Pipeline": "ecommerce_batch_data_pipeline"
            }
          },
          "sensitive_attributes": [],
          "private": "bnVsbA=="
        }
      ]
    },
    {
      "mode": "managed",
      "type": "aws_cloudwatch_log_group",
      "name": "ecommerce_batch_data_pipeline_c01_rd_lambda_lambda_inventory_preprocess_7d6e_lg",
      "provider": "provider[\"registry.terraform.io/hashicorp/aws\"]",
      "instances": [
        {
          "schema_version": 0,
          "attributes": {
            "arn": "arn:aws:logs:us-east-1:602963248309:log-group:/aws/lambda/ecommerce-batch-data-pipeline-c01-rd-lambda-lambda-inven-c9f2ed7",
            "id": "/aws/lambda/ecommerce-batch-data-pipeline-c01-rd-lambda-lambda-inven-c9f2ed7",
            "kms_key_id": "",
            "log_group_class": "STANDARD",
            "name": "/aws/lambda/ecommerce-batch-data-pipeline-c01-rd-lambda-lambda-inven-c9f2ed7",
            "name_prefix": "",
            "retention_in_days": 7,
            "skip_destroy": false,
            "tags": {
              "BusinessUnit": "rd",
              "CostCenter": "c01",
              "ManagedBy": "aws-pipeline-engine",
              "Pipeline": "ecommerce_batch_data_pipeline"
            },
            "tags_all": {
              "BusinessUnit": "rd",
              "CostCenter": "c01",
              "ManagedBy": "aws-pipeline-engine",
              "Pipeline": "ecommerce_batch_data_pipeline"
            }
          },
          "sensitive_attributes": [],
          "private": "bnVsbA=="
        }
      ]
    },
    {
      "mode": "managed",
      "type": "aws_cloudwatch_log_group",
      "name": "ecommerce_batch_data_pipeline_c01_rd_lambda_lambda_order_items_preprocess_a307_lg",
      "provider": "provider[\"registry.terraform.io/hashicorp/aws\"]",
      "instances": [
        {
          "schema_version": 0,
          "attributes": {
            "arn": "arn:aws:logs:us-east-1:602963248309:log-group:/aws/lambda/ecommerce-batch-data-pipeline-c01-rd-lambda-lambda-order-ec07cec",
            "id": "/aws/lambda/ecommerce-batch-data-pipeline-c01-rd-lambda-lambda-order-ec07cec",
            "kms_key_id": "",
            "log_group_class": "STANDARD",
            "name": "/aws/lambda/ecommerce-batch-data-pipeline-c01-rd-lambda-lambda-order-ec07cec",
            "name_prefix": "",
            "retention_in_days": 7,
            "skip_destroy": false,
            "tags": {
              "BusinessUnit": "rd",
              "CostCenter": "c01",
              "ManagedBy": "aws-pipeline-engine",
              "Pipeline": "ecommerce_batch_data_pipeline"
            },
            "tags_all": {
              "BusinessUnit": "rd",
              "CostCenter": "c01",
              "ManagedBy": "aws-pipeline-engine",
              "Pipeline": "ecommerce_batch_data_pipeline"
            }
          },
          "sensitive_attributes": [],
          "private": "bnVsbA=="
        }
      ]
    },
    {
      "mode": "managed",
      "type": "aws_cloudwatch_log_group",
      "name": "ecommerce_batch_data_pipeline_c01_rd_lambda_lambda_orders_preprocess_f36d_lg",
      "provider": "provider[\"registry.terraform.io/hashicorp/aws\"]",
      "instances": [
        {
          "schema_version": 0,
          "attributes": {
            "arn": "arn:aws:logs:us-east-1:602963248309:log-group:/aws/lambda/ecommerce-batch-data-pipeline-c01-rd-lambda-lambda-order-1dac4ad",
            "id": "/aws/lambda/ecommerce-batch-data-pipeline-c01-rd-lambda-lambda-order-1dac4ad",
            "kms_key_id": "",
            "log_group_class": "STANDARD",
            "name": "/aws/lambda/ecommerce-batch-data-pipeline-c01-rd-lambda-lambda-order-1dac4ad",
            "name_prefix": "",
            "retention_in_days": 7,
            "skip_destroy": false,
            "tags": {
              "BusinessUnit": "rd",
              "CostCenter": "c01",
              "ManagedBy": "aws-pipeline-engine",
              "Pipeline": "ecommerce_batch_data_pipeline"
            },
            "tags_all": {
              "BusinessUnit": "rd",
              "CostCenter": "c01",
              "ManagedBy": "aws-pipeline-engine",
              "Pipeline": "ecommerce_batch_data_pipeline"
            }
          },
          "sensitive_attributes": [],
          "private": "bnVsbA=="
        }
      ]
    },
    {
      "mode": "managed",
      "type": "aws_cloudwatch_log_group",
      "name": "ecommerce_batch_data_pipeline_c01_rd_lambda_lambda_procurements_preprocess_e87c_lg",
      "provider": "provider[\"registry.terraform.io/hashicorp/aws\"]",
      "instances": [
        {
          "schema_version": 0,
          "attributes": {
            "arn": "arn:aws:logs:us-east-1:602963248309:log-group:/aws/lambda/ecommerce-batch-data-pipeline-c01-rd-lambda-lambda-procu-56dde8f",
            "id": "/aws/lambda/ecommerce-batch-data-pipeline-c01-rd-lambda-lambda-procu-56dde8f",
            "kms_key_id": "",
            "log_group_class": "STANDARD",
            "name": "/aws/lambda/ecommerce-batch-data-pipeline-c01-rd-lambda-lambda-procu-56dde8f",
            "name_prefix": "",
            "retention_in_days": 7,
            "skip_destroy": false,
            "tags": {
              "BusinessUnit": "rd",
              "CostCenter": "c01",
              "ManagedBy": "aws-pipeline-engine",
              "Pipeline": "ecommerce_batch_data_pipeline"
            },
            "tags_all": {
              "BusinessUnit": "rd",
              "CostCenter": "c01",
              "ManagedBy": "aws-pipeline-engine",
              "Pipeline": "ecommerce_batch_data_pipeline"
            }
          },
          "sensitive_attributes": [],
          "private": "bnVsbA=="
        }
      ]
    },
    {
      "mode": "managed",
      "type": "aws_cloudwatch_log_group",
      "name": "ecommerce_batch_data_pipeline_c01_rd_lambda_lambda_products_preprocess_1f2f_lg",
      "provider": "provider[\"registry.terraform.io/hashicorp/aws\"]",
      "instances": [
        {
          "schema_version": 0,
          "attributes": {
            "arn": "arn:aws:logs:us-east-1:602963248309:log-group:/aws/lambda/ecommerce-batch-data-pipeline-c01-rd-lambda-lambda-produ-c8e79b2",
            "id": "/aws/lambda/ecommerce-batch-data-pipeline-c01-rd-lambda-lambda-produ-c8e79b2",
            "kms_key_id": "",
            "log_group_class": "STANDARD",
            "name": "/aws/lambda/ecommerce-batch-data-pipeline-c01-rd-lambda-lambda-produ-c8e79b2",
            "name_prefix": "",
            "retention_in_days": 7,
            "skip_destroy": false,
            "tags": {
              "BusinessUnit": "rd",
              "CostCenter": "c01",
              "ManagedBy": "aws-pipeline-engine",
              "Pipeline": "ecommerce_batch_data_pipeline"
            },
            "tags_all": {
              "BusinessUnit": "rd",
              "CostCenter": "c01",
              "ManagedBy": "aws-pipeline-engine",
              "Pipeline": "ecommerce_batch_data_pipeline"
            }
          },
          "sensitive_attributes": [],
          "private": "bnVsbA=="
        }
      ]
    },
    {
      "mode": "managed",
      "type": "aws_cloudwatch_log_group",
      "name": "ecommerce_batch_data_pipeline_c01_rd_lambda_lambda_stock_movements_preprocess_0bd4_lg",
      "provider": "provider[\"registry.terraform.io/hashicorp/aws\"]",
      "instances": [
        {
          "schema_version": 0,
          "attributes": {
            "arn": "arn:aws:logs:us-east-1:602963248309:log-group:/aws/lambda/ecommerce-batch-data-pipeline-c01-rd-lambda-lambda-stock-95407a1",
            "id": "/aws/lambda/ecommerce-batch-data-pipeline-c01-rd-lambda-lambda-stock-95407a1",
            "kms_key_id": "",
            "log_group_class": "STANDARD",
            "name": "/aws/lambda/ecommerce-batch-data-pipeline-c01-rd-lambda-lambda-stock-95407a1",
            "name_prefix": "",
            "retention_in_days": 7,
            "skip_destroy": false,
            "tags": {
              "BusinessUnit": "rd",
              "CostCenter": "c01",
              "ManagedBy": "aws-pipeline-engine",
              "Pipeline": "ecommerce_batch_data_pipeline"
            },
            "tags_all": {
              "BusinessUnit": "rd",
              "CostCenter": "c01",
              "ManagedBy": "aws-pipeline-engine",
              "Pipeline": "ecommerce_batch_data_pipeline"
            }
          },
          "sensitive_attributes": [],
          "private": "bnVsbA=="
        }
      ]
    },
    {
      "mode": "managed",
      "type": "aws_cloudwatch_log_group",
      "name": "ecommerce_batch_data_pipeline_c01_rd_lambda_lambda_suppliers_preprocess_d32f_lg",
      "provider": "provider[\"registry.terraform.io/hashicorp/aws\"]",
      "instances": [
        {
          "schema_version": 0,
          "attributes": {
            "arn": "arn:aws:logs:us-east-1:602963248309:log-group:/aws/lambda/ecommerce-batch-data-pipeline-c01-rd-lambda-lambda-suppl-ca76e3e",
            "id": "/aws/lambda/ecommerce-batch-data-pipeline-c01-rd-lambda-lambda-suppl-ca76e3e",
            "kms_key_id": "",
            "log_group_class": "STANDARD",
            "name": "/aws/lambda/ecommerce-batch-data-pipeline-c01-rd-lambda-lambda-suppl-ca76e3e",
            "name_prefix": "",
            "retention_in_days": 7,
            "skip_destroy": false,
            "tags": {
              "BusinessUnit": "rd",
              "CostCenter": "c01",
              "ManagedBy": "aws-pipeline-engine",
              "Pipeline": "ecommerce_batch_data_pipeline"
            },
            "tags_all": {
              "BusinessUnit": "rd",
              "CostCenter": "c01",
              "ManagedBy": "aws-pipeline-engine",
              "Pipeline": "ecommerce_batch_data_pipeline"
            }
          },
          "sensitive_attributes": [],
          "private": "bnVsbA=="
        }
      ]
    },
    {
      "mode": "managed",
      "type": "aws_cloudwatch_log_group",
      "name": "ecommerce_batch_data_pipeline_c01_rd_lambda_lambda_warehouses_preprocess_4c32_lg",
      "provider": "provider[\"registry.terraform.io/hashicorp/aws\"]",
      "instances": [
        {
          "schema_version": 0,
          "attributes": {
            "arn": "arn:aws:logs:us-east-1:602963248309:log-group:/aws/lambda/ecommerce-batch-data-pipeline-c01-rd-lambda-lambda-wareh-4f98649",
            "id": "/aws/lambda/ecommerce-batch-data-pipeline-c01-rd-lambda-lambda-wareh-4f98649",
            "kms_key_id": "",
            "log_group_class": "STANDARD",
            "name": "/aws/lambda/ecommerce-batch-data-pipeline-c01-rd-lambda-lambda-wareh-4f98649",
            "name_prefix": "",
            "retention_in_days": 7,
            "skip_destroy": false,
            "tags": {
              "BusinessUnit": "rd",
              "CostCenter": "c01",
              "ManagedBy": "aws-pipeline-engine",
              "Pipeline": "ecommerce_batch_data_pipeline"
            },
            "tags_all": {
              "BusinessUnit": "rd",
              "CostCenter": "c01",
              "ManagedBy": "aws-pipeline-engine",
              "Pipeline": "ecommerce_batch_data_pipeline"
            }
          },
          "sensitive_attributes": [],
          "private": "bnVsbA=="
        }
      ]
    },
    {
      "mode": "managed",
      "type": "aws_cloudwatch_log_group",
      "name": "ecommerce_batch_data_pipeline_c01_rd_stepfunctions_orchestrate_enrichment_e8c7_lg",
      "provider": "provider[\"registry.terraform.io/hashicorp/aws\"]",
      "instances": [
        {
          "schema_version": 0,
          "attributes": {
            "arn": "arn:aws:logs:us-east-1:602963248309:log-group:/aws/vendedlogs/states/ecommerce-batch-data-pipeline-c01-rd-stepfunctions-orchestrate-enrichment-6bc9",
            "id": "/aws/vendedlogs/states/ecommerce-batch-data-pipeline-c01-rd-stepfunctions-orchestrate-enrichment-6bc9",
            "kms_key_id": "",
            "log_group_class": "STANDARD",
            "name": "/aws/vendedlogs/states/ecommerce-batch-data-pipeline-c01-rd-stepfunctions-orchestrate-enrichment-6bc9",
            "name_prefix": "",
            "retention_in_days": 7,
            "skip_destroy": false,
            "tags": {
              "BusinessUnit": "rd",
              "CostCenter": "c01",
              "ManagedBy": "aws-pipeline-engine",
              "Pipeline": "ecommerce_batch_data_pipeline"
            },
            "tags_all": {
              "BusinessUnit": "rd",
              "CostCenter": "c01",
              "ManagedBy": "aws-pipeline-engine",
              "Pipeline": "ecommerce_batch_data_pipeline"
            }
          },
          "sensitive_attributes": [],
          "private": "bnVsbA=="
        }
      ]
    },
    {
      "mode": "managed",
      "type": "aws_glue_catalog_database",
      "name": "ecommerce_batch_data_pipeline_c01_rd_glue_data_catalog_ecom_curated_db_da71",
      "provider": "provider[\"registry.terraform.io/hashicorp/aws\"]",
      "instances": [
        {
          "schema_version": 0,
          "attributes": {
            "arn": "arn:aws:glue:us-east-1:602963248309:database/ecommerce_batch_data_pipeline_c01_rd_glue_data_catalog_5f67336",
            "catalog_id": "602963248309",
            "create_table_default_permission": [
              {
                "permissions": [
                  "ALL"
                ],
                "principal": [
                  {
                    "data_lake_principal_identifier": "IAM_ALLOWED_PRINCIPALS"
                  }
                ]
              }
            ],
            "description": "E-commerce curated data catalog with facts and dimensions",
            "federated_database": [],
            "id": "602963248309:ecommerce_batch_data_pipeline_c01_rd_glue_data_catalog_5f67336",
            "location_uri": "",
            "name": "ecommerce_batch_data_pipeline_c01_rd_glue_data_catalog_5f67336",
            "parameters": null,
            "tags": null,
            "tags_all": {},
            "target_database": []
          },
          "sensitive_attributes": [],
          "private": "bnVsbA=="
        }
      ]
    },
    {
      "mode": "managed",
      "type": "aws_glue_catalog_database",
      "name": "ecommerce_batch_data_pipeline_c01_rd_glue_glue_crawler_curated_0bef_db",
      "provider": "provider[\"registry.terraform.io/hashicorp/aws\"]",
      "instances": [
        {
          "schema_version": 0,
          "attributes": {
            "arn": "arn:aws:glue:us-east-1:602963248309:database/ecommerce_batch_data_pipeline_c01_rd_glue_glue_crawler_curated_c203_db",
            "catalog_id": "602963248309",
            "create_table_default_permission": [
              {
                "permissions": [
                  "ALL"
                ],
                "principal": [
                  {
                    "data_lake_principal_identifier": "IAM_ALLOWED_PRINCIPALS"
                  }
                ]
              }
            ],
            "description": "",
            "federated_database": [],
            "id": "602963248309:ecommerce_batch_data_pipeline_c01_rd_glue_glue_crawler_curated_c203_db",
            "location_uri": "",
            "name": "ecommerce_batch_data_pipeline_c01_rd_glue_glue_crawler_curated_c203_db",
            "parameters": null,
            "tags": {
              "BusinessUnit": "rd",
              "CostCenter": "c01",
              "ManagedBy": "aws-pipeline-engine",
              "Pipeline": "ecommerce_batch_data_pipeline"
            },
            "tags_all": {
              "BusinessUnit": "rd",
              "CostCenter": "c01",
              "ManagedBy": "aws-pipeline-engine",
              "Pipeline": "ecommerce_batch_data_pipeline"
            },
            "target_database": []
          },
          "sensitive_attributes": [],
          "private": "bnVsbA=="
        }
      ]
    },
    {
      "mode": "managed",
      "type": "aws_glue_crawler",
      "name": "ecommerce_batch_data_pipeline_c01_rd_glue_glue_crawler_curated_0bef",
      "provider": "provider[\"registry.terraform.io/hashicorp/aws\"]",
      "instances": [
        {
          "schema_version": 0,
          "attributes": {
            "arn": "arn:aws:glue:us-east-1:602963248309:crawler/ecommerce-batch-data-pipeline-c01-rd-glue-glue-crawler-curated-c203",
            "catalog_target": [],
            "classifiers": null,
            "configuration": "",
            "database_name": "ecommerce_batch_data_pipeline_c01_rd_glue_glue_crawler_curated_c203_db",
            "delta_target": [],
            "description": "",
            "dynamodb_target": [],
            "hudi_target": [],
            "iceberg_target": [],
            "id": "ecommerce-batch-data-pipeline-c01-rd-glue-glue-crawler-curated-c203",
            "jdbc_target": [],
            "lake_formation_configuration": [
              {
                "account_id": "",
                "use_lake_formation_credentials": false
              }
            ],
            "lineage_configuration": [
              {
                "crawler_lineage_settings": "DISABLE"
              }
            ],
            "mongodb_target": [],
            "name": "ecommerce-batch-data-pipeline-c01-rd-glue-glue-crawler-curated-c203",
            "recrawl_policy": [
              {
                "recrawl_behavior": "CRAWL_EVERYTHING"
              }
            ],
            "role": "ecommerce-batch-data-pipeline-c01-rd-glue-glue-craw-a62201f-role",
            "s3_target": [
              {
                "connection_name": "",
                "dlq_event_queue_arn": "",
                "event_queue_arn": "",
                "exclusions": null,
                "path": "s3://ecommerce-batch-data-pipeline-c01-rd-s3-ecom-curated-adac/",
                "sample_size": 0
              }
            ],
            "schedule": "",
            "schema_change_policy": [
              {
                "delete_behavior": "LOG",
                "update_behavior": "UPDATE_IN_DATABASE"
              }
            ],
            "security_configuration": "",
            "table_prefix": "",
            "tags": {
              "BusinessUnit": "rd",
              "CostCenter": "c01",
              "ManagedBy": "aws-pipeline-engine",
              "Pipeline": "ecommerce_batch_data_pipeline"
            },
            "tags_all": {
              "BusinessUnit": "rd",
              "CostCenter": "c01",
              "ManagedBy": "aws-pipeline-engine",
              "Pipeline": "ecommerce_batch_data_pipeline"
            }
          },
          "sensitive_attributes": [],
          "private": "bnVsbA==",
          "dependencies": [
            "aws_glue_catalog_database.ecommerce_batch_data_pipeline_c01_rd_glue_glue_crawler_curated_0bef_db",
            "aws_iam_role.ecommerce_batch_data_pipeline_c01_rd_glue_glue_crawler_curated_0bef_role",
            "aws_s3_bucket.ecommerce_batch_data_pipeline_c01_rd_s3_ecom_curated_33b7"
          ]
        }
      ]
    },
    {
      "mode": "managed",
      "type": "aws_iam_role",
      "name": "ecommerce_batch_data_pipeline_c01_rd_glue_glue_crawler_curated_0bef_role",
      "provider": "provider[\"registry.terraform.io/hashicorp/aws\"]",
      "instances": [
        {
          "schema_version": 0,
          "attributes": {
            "arn": "arn:aws:iam::602963248309:role/ecommerce-batch-data-pipeline-c01-rd-glue-glue-craw-a62201f-role",
            "assume_role_policy": "{\"Statement\":[{\"Action\":\"sts:AssumeRole\",\"Effect\":\"Allow\",\"Principal\":{\"Service\":\"glue.amazonaws.com\"}}],\"Version\":\"2012-10-17\"}",
            "create_date": "2026-04-30T12:54:57Z",
            "description": "",
            "force_detach_policies": false,
            "id": "ecommerce-batch-data-pipeline-c01-rd-glue-glue-craw-a62201f-role",
            "inline_policy": [],
            "managed_policy_arns": [],
            "max_session_duration": 3600,
            "name": "ecommerce-batch-data-pipeline-c01-rd-glue-glue-craw-a62201f-role",
            "name_prefix": "",
            "path": "/",
            "permissions_boundary": "",
            "tags": {
              "BusinessUnit": "rd",
              "CostCenter": "c01",
              "ManagedBy": "aws-pipeline-engine",
              "Pipeline": "ecommerce_batch_data_pipeline"
            },
            "tags_all": {
              "BusinessUnit": "rd",
              "CostCenter": "c01",
              "ManagedBy": "aws-pipeline-engine",
              "Pipeline": "ecommerce_batch_data_pipeline"
            },
            "unique_id": "AROAYYY3JAS23Z3H7HZXE"
          },
          "sensitive_attributes": [],
          "private": "bnVsbA=="
        }
      ]
    },
    {
      "mode": "managed",
      "type": "aws_iam_role",
      "name": "ecommerce_batch_data_pipeline_c01_rd_lambda_lambda_categories_preprocess_cba9_role",
      "provider": "provider[\"registry.terraform.io/hashicorp/aws\"]",
      "instances": [
        {
          "schema_version": 0,
          "attributes": {
            "arn": "arn:aws:iam::602963248309:role/ecommerce-batch-data-pipeline-c01-rd-lambda-lambda-4249a8d-role",
            "assume_role_policy": "{\"Statement\":[{\"Action\":\"sts:AssumeRole\",\"Effect\":\"Allow\",\"Principal\":{\"Service\":\"lambda.amazonaws.com\"}}],\"Version\":\"2012-10-17\"}",
            "create_date": "2026-04-30T12:55:06Z",
            "description": "",
            "force_detach_policies": false,
            "id": "ecommerce-batch-data-pipeline-c01-rd-lambda-lambda-4249a8d-role",
            "inline_policy": [],
            "managed_policy_arns": [],
            "max_session_duration": 3600,
            "name": "ecommerce-batch-data-pipeline-c01-rd-lambda-lambda-4249a8d-role",
            "name_prefix": "",
            "path": "/",
            "permissions_boundary": "",
            "tags": {
              "BusinessUnit": "rd",
              "CostCenter": "c01",
              "ManagedBy": "aws-pipeline-engine",
              "Pipeline": "ecommerce_batch_data_pipeline"
            },
            "tags_all": {
              "BusinessUnit": "rd",
              "CostCenter": "c01",
              "ManagedBy": "aws-pipeline-engine",
              "Pipeline": "ecommerce_batch_data_pipeline"
            },
            "unique_id": "AROAYYY3JAS2RDVQY3PE5"
          },
          "sensitive_attributes": [],
          "private": "bnVsbA=="
        }
      ]
    },
    {
      "mode": "managed",
      "type": "aws_iam_role",
      "name": "ecommerce_batch_data_pipeline_c01_rd_lambda_lambda_customers_preprocess_440e_role",
      "provider": "provider[\"registry.terraform.io/hashicorp/aws\"]",
      "instances": [
        {
          "schema_version": 0,
          "attributes": {
            "arn": "arn:aws:iam::602963248309:role/ecommerce-batch-data-pipeline-c01-rd-lambda-lambda-a5d62f5-role",
            "assume_role_policy": "{\"Statement\":[{\"Action\":\"sts:AssumeRole\",\"Effect\":\"Allow\",\"Principal\":{\"Service\":\"lambda.amazonaws.com\"}}],\"Version\":\"2012-10-17\"}",
            "create_date": "2026-04-30T12:54:59Z",
            "description": "",
            "force_detach_policies": false,
            "id": "ecommerce-batch-data-pipeline-c01-rd-lambda-lambda-a5d62f5-role",
            "inline_policy": [],
            "managed_policy_arns": [],
            "max_session_duration": 3600,
            "name": "ecommerce-batch-data-pipeline-c01-rd-lambda-lambda-a5d62f5-role",
            "name_prefix": "",
            "path": "/",
            "permissions_boundary": "",
            "tags": {
              "BusinessUnit": "rd",
              "CostCenter": "c01",
              "ManagedBy": "aws-pipeline-engine",
              "Pipeline": "ecommerce_batch_data_pipeline"
            },
            "tags_all": {
              "BusinessUnit": "rd",
              "CostCenter": "c01",
              "ManagedBy": "aws-pipeline-engine",
              "Pipeline": "ecommerce_batch_data_pipeline"
            },
            "unique_id": "AROAYYY3JAS23ZYJH3GRB"
          },
          "sensitive_attributes": [],
          "private": "bnVsbA=="
        }
      ]
    },
    {
      "mode": "managed",
      "type": "aws_iam_role",
      "name": "ecommerce_batch_data_pipeline_c01_rd_lambda_lambda_enrich_transform_e4c0_role",
      "provider": "provider[\"registry.terraform.io/hashicorp/aws\"]",
      "instances": [
        {
          "schema_version": 0,
          "attributes": {
            "arn": "arn:aws:iam::602963248309:role/ecommerce-batch-data-pipeline-c01-rd-lambda-lambda-d2e7aae-role",
            "assume_role_policy": "{\"Statement\":[{\"Action\":\"sts:AssumeRole\",\"Effect\":\"Allow\",\"Principal\":{\"Service\":\"lambda.amazonaws.com\"}}],\"Version\":\"2012-10-17\"}",
            "create_date": "2026-04-30T12:54:59Z",
            "description": "",
            "force_detach_policies": false,
            "id": "ecommerce-batch-data-pipeline-c01-rd-lambda-lambda-d2e7aae-role",
            "inline_policy": [],
            "managed_policy_arns": [],
            "max_session_duration": 3600,
            "name": "ecommerce-batch-data-pipeline-c01-rd-lambda-lambda-d2e7aae-role",
            "name_prefix": "",
            "path": "/",
            "permissions_boundary": "",
            "tags": {
              "BusinessUnit": "rd",
              "CostCenter": "c01",
              "ManagedBy": "aws-pipeline-engine",
              "Pipeline": "ecommerce_batch_data_pipeline"
            },
            "tags_all": {
              "BusinessUnit": "rd",
              "CostCenter": "c01",
              "ManagedBy": "aws-pipeline-engine",
              "Pipeline": "ecommerce_batch_data_pipeline"
            },
            "unique_id": "AROAYYY3JAS22PSHSENQ4"
          },
          "sensitive_attributes": [],
          "private": "bnVsbA=="
        }
      ]
    },
    {
      "mode": "managed",
      "type": "aws_iam_role",
      "name": "ecommerce_batch_data_pipeline_c01_rd_lambda_lambda_inventory_preprocess_7d6e_role",
      "provider": "provider[\"registry.terraform.io/hashicorp/aws\"]",
      "instances": [
        {
          "schema_version": 0,
          "attributes": {
            "arn": "arn:aws:iam::602963248309:role/ecommerce-batch-data-pipeline-c01-rd-lambda-lambda-063fd22-role",
            "assume_role_policy": "{\"Statement\":[{\"Action\":\"sts:AssumeRole\",\"Effect\":\"Allow\",\"Principal\":{\"Service\":\"lambda.amazonaws.com\"}}],\"Version\":\"2012-10-17\"}",
            "create_date": "2026-04-30T12:54:59Z",
            "description": "",
            "force_detach_policies": false,
            "id": "ecommerce-batch-data-pipeline-c01-rd-lambda-lambda-063fd22-role",
            "inline_policy": [],
            "managed_policy_arns": [],
            "max_session_duration": 3600,
            "name": "ecommerce-batch-data-pipeline-c01-rd-lambda-lambda-063fd22-role",
            "name_prefix": "",
            "path": "/",
            "permissions_boundary": "",
            "tags": {
              "BusinessUnit": "rd",
              "CostCenter": "c01",
              "ManagedBy": "aws-pipeline-engine",
              "Pipeline": "ecommerce_batch_data_pipeline"
            },
            "tags_all": {
              "BusinessUnit": "rd",
              "CostCenter": "c01",
              "ManagedBy": "aws-pipeline-engine",
              "Pipeline": "ecommerce_batch_data_pipeline"
            },
            "unique_id": "AROAYYY3JAS24Q7UXJ2B2"
          },
          "sensitive_attributes": [],
          "private": "bnVsbA=="
        }
      ]
    },
    {
      "mode": "managed",
      "type": "aws_iam_role",
      "name": "ecommerce_batch_data_pipeline_c01_rd_lambda_lambda_order_items_preprocess_a307_role",
      "provider": "provider[\"registry.terraform.io/hashicorp/aws\"]",
      "instances": [
        {
          "schema_version": 0,
          "attributes": {
            "arn": "arn:aws:iam::602963248309:role/ecommerce-batch-data-pipeline-c01-rd-lambda-lambda-ae70495-role",
            "assume_role_policy": "{\"Statement\":[{\"Action\":\"sts:AssumeRole\",\"Effect\":\"Allow\",\"Principal\":{\"Service\":\"lambda.amazonaws.com\"}}],\"Version\":\"2012-10-17\"}",
            "create_date": "2026-04-30T12:54:59Z",
            "description": "",
            "force_detach_policies": false,
            "id": "ecommerce-batch-data-pipeline-c01-rd-lambda-lambda-ae70495-role",
            "inline_policy": [],
            "managed_policy_arns": [],
            "max_session_duration": 3600,
            "name": "ecommerce-batch-data-pipeline-c01-rd-lambda-lambda-ae70495-role",
            "name_prefix": "",
            "path": "/",
            "permissions_boundary": "",
            "tags": {
              "BusinessUnit": "rd",
              "CostCenter": "c01",
              "ManagedBy": "aws-pipeline-engine",
              "Pipeline": "ecommerce_batch_data_pipeline"
            },
            "tags_all": {
              "BusinessUnit": "rd",
              "CostCenter": "c01",
              "ManagedBy": "aws-pipeline-engine",
              "Pipeline": "ecommerce_batch_data_pipeline"
            },
            "unique_id": "AROAYYY3JAS23Y4P6VBJI"
          },
          "sensitive_attributes": [],
          "private": "bnVsbA=="
        }
      ]
    },
    {
      "mode": "managed",
      "type": "aws_iam_role",
      "name": "ecommerce_batch_data_pipeline_c01_rd_lambda_lambda_orders_preprocess_f36d_role",
      "provider": "provider[\"registry.terraform.io/hashicorp/aws\"]",
      "instances": [
        {
          "schema_version": 0,
          "attributes": {
            "arn": "arn:aws:iam::602963248309:role/ecommerce-batch-data-pipeline-c01-rd-lambda-lambda-6debbfd-role",
            "assume_role_policy": "{\"Statement\":[{\"Action\":\"sts:AssumeRole\",\"Effect\":\"Allow\",\"Principal\":{\"Service\":\"lambda.amazonaws.com\"}}],\"Version\":\"2012-10-17\"}",
            "create_date": "2026-04-30T12:54:58Z",
            "description": "",
            "force_detach_policies": false,
            "id": "ecommerce-batch-data-pipeline-c01-rd-lambda-lambda-6debbfd-role",
            "inline_policy": [],
            "managed_policy_arns": [],
            "max_session_duration": 3600,
            "name": "ecommerce-batch-data-pipeline-c01-rd-lambda-lambda-6debbfd-role",
            "name_prefix": "",
            "path": "/",
            "permissions_boundary": "",
            "tags": {
              "BusinessUnit": "rd",
              "CostCenter": "c01",
              "ManagedBy": "aws-pipeline-engine",
              "Pipeline": "ecommerce_batch_data_pipeline"
            },
            "tags_all": {
              "BusinessUnit": "rd",
              "CostCenter": "c01",
              "ManagedBy": "aws-pipeline-engine",
              "Pipeline": "ecommerce_batch_data_pipeline"
            },
            "unique_id": "AROAYYY3JAS2ZBXOC7ZLC"
          },
          "sensitive_attributes": [],
          "private": "bnVsbA=="
        }
      ]
    },
    {
      "mode": "managed",
      "type": "aws_iam_role",
      "name": "ecommerce_batch_data_pipeline_c01_rd_lambda_lambda_procurements_preprocess_e87c_role",
      "provider": "provider[\"registry.terraform.io/hashicorp/aws\"]",
      "instances": [
        {
          "schema_version": 0,
          "attributes": {
            "arn": "arn:aws:iam::602963248309:role/ecommerce-batch-data-pipeline-c01-rd-lambda-lambda-6a66deb-role",
            "assume_role_policy": "{\"Statement\":[{\"Action\":\"sts:AssumeRole\",\"Effect\":\"Allow\",\"Principal\":{\"Service\":\"lambda.amazonaws.com\"}}],\"Version\":\"2012-10-17\"}",
            "create_date": "2026-04-30T12:54:59Z",
            "description": "",
            "force_detach_policies": false,
            "id": "ecommerce-batch-data-pipeline-c01-rd-lambda-lambda-6a66deb-role",
            "inline_policy": [],
            "managed_policy_arns": [],
            "max_session_duration": 3600,
            "name": "ecommerce-batch-data-pipeline-c01-rd-lambda-lambda-6a66deb-role",
            "name_prefix": "",
            "path": "/",
            "permissions_boundary": "",
            "tags": {
              "BusinessUnit": "rd",
              "CostCenter": "c01",
              "ManagedBy": "aws-pipeline-engine",
              "Pipeline": "ecommerce_batch_data_pipeline"
            },
            "tags_all": {
              "BusinessUnit": "rd",
              "CostCenter": "c01",
              "ManagedBy": "aws-pipeline-engine",
              "Pipeline": "ecommerce_batch_data_pipeline"
            },
            "unique_id": "AROAYYY3JAS2TKZZDPPQA"
          },
          "sensitive_attributes": [],
          "private": "bnVsbA=="
        }
      ]
    },
    {
      "mode": "managed",
      "type": "aws_iam_role",
      "name": "ecommerce_batch_data_pipeline_c01_rd_lambda_lambda_products_preprocess_1f2f_role",
      "provider": "provider[\"registry.terraform.io/hashicorp/aws\"]",
      "instances": [
        {
          "schema_version": 0,
          "attributes": {
            "arn": "arn:aws:iam::602963248309:role/ecommerce-batch-data-pipeline-c01-rd-lambda-lambda-dcb3dd5-role",
            "assume_role_policy": "{\"Statement\":[{\"Action\":\"sts:AssumeRole\",\"Effect\":\"Allow\",\"Principal\":{\"Service\":\"lambda.amazonaws.com\"}}],\"Version\":\"2012-10-17\"}",
            "create_date": "2026-04-30T12:54:58Z",
            "description": "",
            "force_detach_policies": false,
            "id": "ecommerce-batch-data-pipeline-c01-rd-lambda-lambda-dcb3dd5-role",
            "inline_policy": [],
            "managed_policy_arns": [],
            "max_session_duration": 3600,
            "name": "ecommerce-batch-data-pipeline-c01-rd-lambda-lambda-dcb3dd5-role",
            "name_prefix": "",
            "path": "/",
            "permissions_boundary": "",
            "tags": {
              "BusinessUnit": "rd",
              "CostCenter": "c01",
              "ManagedBy": "aws-pipeline-engine",
              "Pipeline": "ecommerce_batch_data_pipeline"
            },
            "tags_all": {
              "BusinessUnit": "rd",
              "CostCenter": "c01",
              "ManagedBy": "aws-pipeline-engine",
              "Pipeline": "ecommerce_batch_data_pipeline"
            },
            "unique_id": "AROAYYY3JAS2V5DT7XVXD"
          },
          "sensitive_attributes": [],
          "private": "bnVsbA=="
        }
      ]
    },
    {
      "mode": "managed",
      "type": "aws_iam_role",
      "name": "ecommerce_batch_data_pipeline_c01_rd_lambda_lambda_stock_movements_preprocess_0bd4_role",
      "provider": "provider[\"registry.terraform.io/hashicorp/aws\"]",
      "instances": [
        {
          "schema_version": 0,
          "attributes": {
            "arn": "arn:aws:iam::602963248309:role/ecommerce-batch-data-pipeline-c01-rd-lambda-lambda-e09d338-role",
            "assume_role_policy": "{\"Statement\":[{\"Action\":\"sts:AssumeRole\",\"Effect\":\"Allow\",\"Principal\":{\"Service\":\"lambda.amazonaws.com\"}}],\"Version\":\"2012-10-17\"}",
            "create_date": "2026-04-30T12:54:59Z",
            "description": "",
            "force_detach_policies": false,
            "id": "ecommerce-batch-data-pipeline-c01-rd-lambda-lambda-e09d338-role",
            "inline_policy": [],
            "managed_policy_arns": [],
            "max_session_duration": 3600,
            "name": "ecommerce-batch-data-pipeline-c01-rd-lambda-lambda-e09d338-role",
            "name_prefix": "",
            "path": "/",
            "permissions_boundary": "",
            "tags": {
              "BusinessUnit": "rd",
              "CostCenter": "c01",
              "ManagedBy": "aws-pipeline-engine",
              "Pipeline": "ecommerce_batch_data_pipeline"
            },
            "tags_all": {
              "BusinessUnit": "rd",
              "CostCenter": "c01",
              "ManagedBy": "aws-pipeline-engine",
              "Pipeline": "ecommerce_batch_data_pipeline"
            },
            "unique_id": "AROAYYY3JAS2TZNXKVG65"
          },
          "sensitive_attributes": [],
          "private": "bnVsbA=="
        }
      ]
    },
    {
      "mode": "managed",
      "type": "aws_iam_role",
      "name": "ecommerce_batch_data_pipeline_c01_rd_lambda_lambda_suppliers_preprocess_d32f_role",
      "provider": "provider[\"registry.terraform.io/hashicorp/aws\"]",
      "instances": [
        {
          "schema_version": 0,
          "attributes": {
            "arn": "arn:aws:iam::602963248309:role/ecommerce-batch-data-pipeline-c01-rd-lambda-lambda-90e357e-role",
            "assume_role_policy": "{\"Statement\":[{\"Action\":\"sts:AssumeRole\",\"Effect\":\"Allow\",\"Principal\":{\"Service\":\"lambda.amazonaws.com\"}}],\"Version\":\"2012-10-17\"}",
            "create_date": "2026-04-30T12:54:58Z",
            "description": "",
            "force_detach_policies": false,
            "id": "ecommerce-batch-data-pipeline-c01-rd-lambda-lambda-90e357e-role",
            "inline_policy": [],
            "managed_policy_arns": [],
            "max_session_duration": 3600,
            "name": "ecommerce-batch-data-pipeline-c01-rd-lambda-lambda-90e357e-role",
            "name_prefix": "",
            "path": "/",
            "permissions_boundary": "",
            "tags": {
              "BusinessUnit": "rd",
              "CostCenter": "c01",
              "ManagedBy": "aws-pipeline-engine",
              "Pipeline": "ecommerce_batch_data_pipeline"
            },
            "tags_all": {
              "BusinessUnit": "rd",
              "CostCenter": "c01",
              "ManagedBy": "aws-pipeline-engine",
              "Pipeline": "ecommerce_batch_data_pipeline"
            },
            "unique_id": "AROAYYY3JAS25WQAYJPUG"
          },
          "sensitive_attributes": [],
          "private": "bnVsbA=="
        }
      ]
    },
    {
      "mode": "managed",
      "type": "aws_iam_role",
      "name": "ecommerce_batch_data_pipeline_c01_rd_lambda_lambda_warehouses_preprocess_4c32_role",
      "provider": "provider[\"registry.terraform.io/hashicorp/aws\"]",
      "instances": [
        {
          "schema_version": 0,
          "attributes": {
            "arn": "arn:aws:iam::602963248309:role/ecommerce-batch-data-pipeline-c01-rd-lambda-lambda-c0d86f5-role",
            "assume_role_policy": "{\"Statement\":[{\"Action\":\"sts:AssumeRole\",\"Effect\":\"Allow\",\"Principal\":{\"Service\":\"lambda.amazonaws.com\"}}],\"Version\":\"2012-10-17\"}",
            "create_date": "2026-04-30T12:54:59Z",
            "description": "",
            "force_detach_policies": false,
            "id": "ecommerce-batch-data-pipeline-c01-rd-lambda-lambda-c0d86f5-role",
            "inline_policy": [],
            "managed_policy_arns": [],
            "max_session_duration": 3600,
            "name": "ecommerce-batch-data-pipeline-c01-rd-lambda-lambda-c0d86f5-role",
            "name_prefix": "",
            "path": "/",
            "permissions_boundary": "",
            "tags": {
              "BusinessUnit": "rd",
              "CostCenter": "c01",
              "ManagedBy": "aws-pipeline-engine",
              "Pipeline": "ecommerce_batch_data_pipeline"
            },
            "tags_all": {
              "BusinessUnit": "rd",
              "CostCenter": "c01",
              "ManagedBy": "aws-pipeline-engine",
              "Pipeline": "ecommerce_batch_data_pipeline"
            },
            "unique_id": "AROAYYY3JAS2VYW7KOPTX"
          },
          "sensitive_attributes": [],
          "private": "bnVsbA=="
        }
      ]
    },
    {
      "mode": "managed",
      "type": "aws_iam_role",
      "name": "ecommerce_batch_data_pipeline_c01_rd_stepfunctions_orchestrate_enrichment_e8c7_role",
      "provider": "provider[\"registry.terraform.io/hashicorp/aws\"]",
      "instances": [
        {
          "schema_version": 0,
          "attributes": {
            "arn": "arn:aws:iam::602963248309:role/ecommerce-batch-data-pipeline-c01-rd-stepfunctions-a7f3470-role",
            "assume_role_policy": "{\"Statement\":[{\"Action\":\"sts:AssumeRole\",\"Effect\":\"Allow\",\"Principal\":{\"Service\":\"states.amazonaws.com\"}}],\"Version\":\"2012-10-17\"}",
            "create_date": "2026-04-30T12:54:59Z",
            "description": "",
            "force_detach_policies": false,
            "id": "ecommerce-batch-data-pipeline-c01-rd-stepfunctions-a7f3470-role",
            "inline_policy": [],
            "managed_policy_arns": [],
            "max_session_duration": 3600,
            "name": "ecommerce-batch-data-pipeline-c01-rd-stepfunctions-a7f3470-role",
            "name_prefix": "",
            "path": "/",
            "permissions_boundary": "",
            "tags": {
              "BusinessUnit": "rd",
              "CostCenter": "c01",
              "ManagedBy": "aws-pipeline-engine",
              "Pipeline": "ecommerce_batch_data_pipeline"
            },
            "tags_all": {
              "BusinessUnit": "rd",
              "CostCenter": "c01",
              "ManagedBy": "aws-pipeline-engine",
              "Pipeline": "ecommerce_batch_data_pipeline"
            },
            "unique_id": "AROAYYY3JAS23UHLDJ2FE"
          },
          "sensitive_attributes": [],
          "private": "bnVsbA=="
        }
      ]
    },
    {
      "mode": "managed",
      "type": "aws_iam_role_policy",
      "name": "ecommerce_batch_data_pipeline_c01_rd_glue_glue_crawler_curated_0bef_policy",
      "provider": "provider[\"registry.terraform.io/hashicorp/aws\"]",
      "instances": [
        {
          "schema_version": 0,
          "attributes": {
            "id": "ecommerce-batch-data-pipeline-c01-rd-glue-glue-craw-a62201f-role:ecommerce-batch-data-pipeline-c01-rd-glue-glue-cr-a62201f-policy",
            "name": "ecommerce-batch-data-pipeline-c01-rd-glue-glue-cr-a62201f-policy",
            "name_prefix": "",
            "policy": "{\"Version\":\"2012-10-17\",\"Statement\":[{\"Action\":[\"logs:CreateLogGroup\",\"logs:CreateLogStream\",\"logs:PutLogEvents\",\"glue:GetDatabase\",\"glue:GetTable\",\"glue:CreateTable\",\"glue:UpdateTable\",\"glue:DeleteTable\",\"glue:GetPartition\",\"glue:CreatePartition\",\"glue:UpdatePartition\",\"glue:BatchCreatePartition\",\"glue:BatchDeletePartition\",\"glue:StartCrawler\",\"glue:GetCrawler\",\"s3:GetObject\",\"s3:PutObject\",\"s3:ListBucket\",\"s3:DeleteObject\"],\"Effect\":\"Allow\",\"Resource\":\"*\"}]}",
            "role": "ecommerce-batch-data-pipeline-c01-rd-glue-glue-craw-a62201f-role"
          },
          "sensitive_attributes": [],
          "private": "bnVsbA==",
          "dependencies": [
            "aws_iam_role.ecommerce_batch_data_pipeline_c01_rd_glue_glue_crawler_curated_0bef_role"
          ]
        }
      ]
    },
    {
      "mode": "managed",
      "type": "aws_iam_role_policy",
      "name": "ecommerce_batch_data_pipeline_c01_rd_lambda_lambda_categories_preprocess_cba9_policy",
      "provider": "provider[\"registry.terraform.io/hashicorp/aws\"]",
      "instances": [
        {
          "schema_version": 0,
          "attributes": {
            "id": "ecommerce-batch-data-pipeline-c01-rd-lambda-lambda-4249a8d-role:ecommerce-batch-data-pipeline-c01-rd-lambda-lambd-4249a8d-policy",
            "name": "ecommerce-batch-data-pipeline-c01-rd-lambda-lambd-4249a8d-policy",
            "name_prefix": "",
            "policy": "{\"Version\":\"2012-10-17\",\"Statement\":[{\"Action\":[\"logs:CreateLogGroup\",\"logs:CreateLogStream\",\"logs:PutLogEvents\",\"s3:GetObject\",\"s3:ListBucket\",\"s3:PutObject\",\"s3:DeleteObject\"],\"Effect\":\"Allow\",\"Resource\":\"*\"}]}",
            "role": "ecommerce-batch-data-pipeline-c01-rd-lambda-lambda-4249a8d-role"
          },
          "sensitive_attributes": [],
          "private": "bnVsbA==",
          "dependencies": [
            "aws_iam_role.ecommerce_batch_data_pipeline_c01_rd_lambda_lambda_categories_preprocess_cba9_role"
          ]
        }
      ]
    },
    {
      "mode": "managed",
      "type": "aws_iam_role_policy",
      "name": "ecommerce_batch_data_pipeline_c01_rd_lambda_lambda_customers_preprocess_440e_policy",
      "provider": "provider[\"registry.terraform.io/hashicorp/aws\"]",
      "instances": [
        {
          "schema_version": 0,
          "attributes": {
            "id": "ecommerce-batch-data-pipeline-c01-rd-lambda-lambda-a5d62f5-role:ecommerce-batch-data-pipeline-c01-rd-lambda-lambd-a5d62f5-policy",
            "name": "ecommerce-batch-data-pipeline-c01-rd-lambda-lambd-a5d62f5-policy",
            "name_prefix": "",
            "policy": "{\"Version\":\"2012-10-17\",\"Statement\":[{\"Action\":[\"logs:CreateLogGroup\",\"logs:CreateLogStream\",\"logs:PutLogEvents\",\"s3:GetObject\",\"s3:ListBucket\",\"s3:PutObject\",\"s3:DeleteObject\"],\"Effect\":\"Allow\",\"Resource\":\"*\"}]}",
            "role": "ecommerce-batch-data-pipeline-c01-rd-lambda-lambda-a5d62f5-role"
          },
          "sensitive_attributes": [],
          "private": "bnVsbA==",
          "dependencies": [
            "aws_iam_role.ecommerce_batch_data_pipeline_c01_rd_lambda_lambda_customers_preprocess_440e_role"
          ]
        }
      ]
    },
    {
      "mode": "managed",
      "type": "aws_iam_role_policy",
      "name": "ecommerce_batch_data_pipeline_c01_rd_lambda_lambda_enrich_transform_e4c0_policy",
      "provider": "provider[\"registry.terraform.io/hashicorp/aws\"]",
      "instances": [
        {
          "schema_version": 0,
          "attributes": {
            "id": "ecommerce-batch-data-pipeline-c01-rd-lambda-lambda-d2e7aae-role:ecommerce-batch-data-pipeline-c01-rd-lambda-lambd-d2e7aae-policy",
            "name": "ecommerce-batch-data-pipeline-c01-rd-lambda-lambd-d2e7aae-policy",
            "name_prefix": "",
            "policy": "{\"Version\":\"2012-10-17\",\"Statement\":[{\"Action\":[\"logs:CreateLogGroup\",\"logs:CreateLogStream\",\"logs:PutLogEvents\",\"s3:PutObject\",\"s3:GetObject\",\"s3:ListBucket\",\"s3:DeleteObject\",\"glue:StartJobRun\",\"glue:GetJobRun\",\"glue:StartCrawler\",\"glue:GetCrawler\",\"glue:GetCrawlerMetrics\"],\"Effect\":\"Allow\",\"Resource\":\"*\"}]}",
            "role": "ecommerce-batch-data-pipeline-c01-rd-lambda-lambda-d2e7aae-role"
          },
          "sensitive_attributes": [],
          "private": "bnVsbA==",
          "dependencies": [
            "aws_iam_role.ecommerce_batch_data_pipeline_c01_rd_lambda_lambda_enrich_transform_e4c0_role"
          ]
        }
      ]
    },
    {
      "mode": "managed",
      "type": "aws_iam_role_policy",
      "name": "ecommerce_batch_data_pipeline_c01_rd_lambda_lambda_inventory_preprocess_7d6e_policy",
      "provider": "provider[\"registry.terraform.io/hashicorp/aws\"]",
      "instances": [
        {
          "schema_version": 0,
          "attributes": {
            "id": "ecommerce-batch-data-pipeline-c01-rd-lambda-lambda-063fd22-role:ecommerce-batch-data-pipeline-c01-rd-lambda-lambd-063fd22-policy",
            "name": "ecommerce-batch-data-pipeline-c01-rd-lambda-lambd-063fd22-policy",
            "name_prefix": "",
            "policy": "{\"Version\":\"2012-10-17\",\"Statement\":[{\"Action\":[\"logs:CreateLogGroup\",\"logs:CreateLogStream\",\"logs:PutLogEvents\",\"s3:GetObject\",\"s3:ListBucket\",\"s3:PutObject\",\"s3:DeleteObject\"],\"Effect\":\"Allow\",\"Resource\":\"*\"}]}",
            "role": "ecommerce-batch-data-pipeline-c01-rd-lambda-lambda-063fd22-role"
          },
          "sensitive_attributes": [],
          "private": "bnVsbA==",
          "dependencies": [
            "aws_iam_role.ecommerce_batch_data_pipeline_c01_rd_lambda_lambda_inventory_preprocess_7d6e_role"
          ]
        }
      ]
    },
    {
      "mode": "managed",
      "type": "aws_iam_role_policy",
      "name": "ecommerce_batch_data_pipeline_c01_rd_lambda_lambda_order_items_preprocess_a307_policy",
      "provider": "provider[\"registry.terraform.io/hashicorp/aws\"]",
      "instances": [
        {
          "schema_version": 0,
          "attributes": {
            "id": "ecommerce-batch-data-pipeline-c01-rd-lambda-lambda-ae70495-role:ecommerce-batch-data-pipeline-c01-rd-lambda-lambd-ae70495-policy",
            "name": "ecommerce-batch-data-pipeline-c01-rd-lambda-lambd-ae70495-policy",
            "name_prefix": "",
            "policy": "{\"Version\":\"2012-10-17\",\"Statement\":[{\"Action\":[\"logs:CreateLogGroup\",\"logs:CreateLogStream\",\"logs:PutLogEvents\",\"s3:GetObject\",\"s3:ListBucket\",\"s3:PutObject\",\"s3:DeleteObject\"],\"Effect\":\"Allow\",\"Resource\":\"*\"}]}",
            "role": "ecommerce-batch-data-pipeline-c01-rd-lambda-lambda-ae70495-role"
          },
          "sensitive_attributes": [],
          "private": "bnVsbA==",
          "dependencies": [
            "aws_iam_role.ecommerce_batch_data_pipeline_c01_rd_lambda_lambda_order_items_preprocess_a307_role"
          ]
        }
      ]
    },
    {
      "mode": "managed",
      "type": "aws_iam_role_policy",
      "name": "ecommerce_batch_data_pipeline_c01_rd_lambda_lambda_orders_preprocess_f36d_policy",
      "provider": "provider[\"registry.terraform.io/hashicorp/aws\"]",
      "instances": [
        {
          "schema_version": 0,
          "attributes": {
            "id": "ecommerce-batch-data-pipeline-c01-rd-lambda-lambda-6debbfd-role:ecommerce-batch-data-pipeline-c01-rd-lambda-lambd-6debbfd-policy",
            "name": "ecommerce-batch-data-pipeline-c01-rd-lambda-lambd-6debbfd-policy",
            "name_prefix": "",
            "policy": "{\"Version\":\"2012-10-17\",\"Statement\":[{\"Action\":[\"logs:CreateLogGroup\",\"logs:CreateLogStream\",\"logs:PutLogEvents\",\"s3:GetObject\",\"s3:ListBucket\",\"s3:PutObject\",\"s3:DeleteObject\",\"states:StartExecution\",\"states:DescribeExecution\"],\"Effect\":\"Allow\",\"Resource\":\"*\"}]}",
            "role": "ecommerce-batch-data-pipeline-c01-rd-lambda-lambda-6debbfd-role"
          },
          "sensitive_attributes": [],
          "private": "bnVsbA==",
          "dependencies": [
            "aws_iam_role.ecommerce_batch_data_pipeline_c01_rd_lambda_lambda_orders_preprocess_f36d_role"
          ]
        }
      ]
    },
    {
      "mode": "managed",
      "type": "aws_iam_role_policy",
      "name": "ecommerce_batch_data_pipeline_c01_rd_lambda_lambda_procurements_preprocess_e87c_policy",
      "provider": "provider[\"registry.terraform.io/hashicorp/aws\"]",
      "instances": [
        {
          "schema_version": 0,
          "attributes": {
            "id": "ecommerce-batch-data-pipeline-c01-rd-lambda-lambda-6a66deb-role:ecommerce-batch-data-pipeline-c01-rd-lambda-lambd-6a66deb-policy",
            "name": "ecommerce-batch-data-pipeline-c01-rd-lambda-lambd-6a66deb-policy",
            "name_prefix": "",
            "policy": "{\"Version\":\"2012-10-17\",\"Statement\":[{\"Action\":[\"logs:CreateLogGroup\",\"logs:CreateLogStream\",\"logs:PutLogEvents\",\"s3:GetObject\",\"s3:ListBucket\",\"s3:PutObject\",\"s3:DeleteObject\"],\"Effect\":\"Allow\",\"Resource\":\"*\"}]}",
            "role": "ecommerce-batch-data-pipeline-c01-rd-lambda-lambda-6a66deb-role"
          },
          "sensitive_attributes": [],
          "private": "bnVsbA==",
          "dependencies": [
            "aws_iam_role.ecommerce_batch_data_pipeline_c01_rd_lambda_lambda_procurements_preprocess_e87c_role"
          ]
        }
      ]
    },
    {
      "mode": "managed",
      "type": "aws_iam_role_policy",
      "name": "ecommerce_batch_data_pipeline_c01_rd_lambda_lambda_products_preprocess_1f2f_policy",
      "provider": "provider[\"registry.terraform.io/hashicorp/aws\"]",
      "instances": [
        {
          "schema_version": 0,
          "attributes": {
            "id": "ecommerce-batch-data-pipeline-c01-rd-lambda-lambda-dcb3dd5-role:ecommerce-batch-data-pipeline-c01-rd-lambda-lambd-dcb3dd5-policy",
            "name": "ecommerce-batch-data-pipeline-c01-rd-lambda-lambd-dcb3dd5-policy",
            "name_prefix": "",
            "policy": "{\"Version\":\"2012-10-17\",\"Statement\":[{\"Action\":[\"logs:CreateLogGroup\",\"logs:CreateLogStream\",\"logs:PutLogEvents\",\"s3:GetObject\",\"s3:ListBucket\",\"s3:PutObject\",\"s3:DeleteObject\"],\"Effect\":\"Allow\",\"Resource\":\"*\"}]}",
            "role": "ecommerce-batch-data-pipeline-c01-rd-lambda-lambda-dcb3dd5-role"
          },
          "sensitive_attributes": [],
          "private": "bnVsbA==",
          "dependencies": [
            "aws_iam_role.ecommerce_batch_data_pipeline_c01_rd_lambda_lambda_products_preprocess_1f2f_role"
          ]
        }
      ]
    },
    {
      "mode": "managed",
      "type": "aws_iam_role_policy",
      "name": "ecommerce_batch_data_pipeline_c01_rd_lambda_lambda_stock_movements_preprocess_0bd4_policy",
      "provider": "provider[\"registry.terraform.io/hashicorp/aws\"]",
      "instances": [
        {
          "schema_version": 0,
          "attributes": {
            "id": "ecommerce-batch-data-pipeline-c01-rd-lambda-lambda-e09d338-role:ecommerce-batch-data-pipeline-c01-rd-lambda-lambd-e09d338-policy",
            "name": "ecommerce-batch-data-pipeline-c01-rd-lambda-lambd-e09d338-policy",
            "name_prefix": "",
            "policy": "{\"Version\":\"2012-10-17\",\"Statement\":[{\"Action\":[\"logs:CreateLogGroup\",\"logs:CreateLogStream\",\"logs:PutLogEvents\",\"s3:GetObject\",\"s3:ListBucket\",\"s3:PutObject\",\"s3:DeleteObject\"],\"Effect\":\"Allow\",\"Resource\":\"*\"}]}",
            "role": "ecommerce-batch-data-pipeline-c01-rd-lambda-lambda-e09d338-role"
          },
          "sensitive_attributes": [],
          "private": "bnVsbA==",
          "dependencies": [
            "aws_iam_role.ecommerce_batch_data_pipeline_c01_rd_lambda_lambda_stock_movements_preprocess_0bd4_role"
          ]
        }
      ]
    },
    {
      "mode": "managed",
      "type": "aws_iam_role_policy",
      "name": "ecommerce_batch_data_pipeline_c01_rd_lambda_lambda_suppliers_preprocess_d32f_policy",
      "provider": "provider[\"registry.terraform.io/hashicorp/aws\"]",
      "instances": [
        {
          "schema_version": 0,
          "attributes": {
            "id": "ecommerce-batch-data-pipeline-c01-rd-lambda-lambda-90e357e-role:ecommerce-batch-data-pipeline-c01-rd-lambda-lambd-90e357e-policy",
            "name": "ecommerce-batch-data-pipeline-c01-rd-lambda-lambd-90e357e-policy",
            "name_prefix": "",
            "policy": "{\"Version\":\"2012-10-17\",\"Statement\":[{\"Action\":[\"logs:CreateLogGroup\",\"logs:CreateLogStream\",\"logs:PutLogEvents\",\"s3:GetObject\",\"s3:ListBucket\",\"s3:PutObject\",\"s3:DeleteObject\"],\"Effect\":\"Allow\",\"Resource\":\"*\"}]}",
            "role": "ecommerce-batch-data-pipeline-c01-rd-lambda-lambda-90e357e-role"
          },
          "sensitive_attributes": [],
          "private": "bnVsbA==",
          "dependencies": [
            "aws_iam_role.ecommerce_batch_data_pipeline_c01_rd_lambda_lambda_suppliers_preprocess_d32f_role"
          ]
        }
      ]
    },
    {
      "mode": "managed",
      "type": "aws_iam_role_policy",
      "name": "ecommerce_batch_data_pipeline_c01_rd_lambda_lambda_warehouses_preprocess_4c32_policy",
      "provider": "provider[\"registry.terraform.io/hashicorp/aws\"]",
      "instances": [
        {
          "schema_version": 0,
          "attributes": {
            "id": "ecommerce-batch-data-pipeline-c01-rd-lambda-lambda-c0d86f5-role:ecommerce-batch-data-pipeline-c01-rd-lambda-lambd-c0d86f5-policy",
            "name": "ecommerce-batch-data-pipeline-c01-rd-lambda-lambd-c0d86f5-policy",
            "name_prefix": "",
            "policy": "{\"Version\":\"2012-10-17\",\"Statement\":[{\"Action\":[\"logs:CreateLogGroup\",\"logs:CreateLogStream\",\"logs:PutLogEvents\",\"s3:GetObject\",\"s3:ListBucket\",\"s3:PutObject\",\"s3:DeleteObject\"],\"Effect\":\"Allow\",\"Resource\":\"*\"}]}",
            "role": "ecommerce-batch-data-pipeline-c01-rd-lambda-lambda-c0d86f5-role"
          },
          "sensitive_attributes": [],
          "private": "bnVsbA==",
          "dependencies": [
            "aws_iam_role.ecommerce_batch_data_pipeline_c01_rd_lambda_lambda_warehouses_preprocess_4c32_role"
          ]
        }
      ]
    },
    {
      "mode": "managed",
      "type": "aws_iam_role_policy",
      "name": "ecommerce_batch_data_pipeline_c01_rd_stepfunctions_orchestrate_enrichment_e8c7_policy",
      "provider": "provider[\"registry.terraform.io/hashicorp/aws\"]",
      "instances": [
        {
          "schema_version": 0,
          "attributes": {
            "id": "ecommerce-batch-data-pipeline-c01-rd-stepfunctions-a7f3470-role:ecommerce-batch-data-pipeline-c01-rd-stepfunction-a7f3470-policy",
            "name": "ecommerce-batch-data-pipeline-c01-rd-stepfunction-a7f3470-policy",
            "name_prefix": "",
            "policy": "{\"Version\":\"2012-10-17\",\"Statement\":[{\"Action\":[\"logs:CreateLogGroup\",\"logs:CreateLogStream\",\"logs:PutLogEvents\",\"states:StartExecution\",\"states:DescribeExecution\",\"lambda:InvokeFunction\"],\"Effect\":\"Allow\",\"Resource\":\"*\"}]}",
            "role": "ecommerce-batch-data-pipeline-c01-rd-stepfunctions-a7f3470-role"
          },
          "sensitive_attributes": [],
          "private": "bnVsbA==",
          "dependencies": [
            "aws_iam_role.ecommerce_batch_data_pipeline_c01_rd_stepfunctions_orchestrate_enrichment_e8c7_role"
          ]
        }
      ]
    },
    {
      "mode": "managed",
      "type": "aws_lambda_function",
      "name": "ecommerce_batch_data_pipeline_c01_rd_lambda_lambda_categories_preprocess_cba9",
      "provider": "provider[\"registry.terraform.io/hashicorp/aws\"]",
      "instances": [
        {
          "schema_version": 0,
          "attributes": {
            "architectures": [
              "x86_64"
            ],
            "arn": "arn:aws:lambda:us-east-1:602963248309:function:ecommerce-batch-data-pipeline-c01-rd-lambda-lambda-categ-a3e2e0e",
            "code_sha256": "LmcgHcF2xlW0KH/h8do1eRPlc9I5gAA6/LTH/6iiCAM=",
            "code_signing_config_arn": "",
            "dead_letter_config": [],
            "description": "",
            "environment": [
              {
                "variables": {
                  "ECOM_ERROR_BUCKET": "ecommerce-batch-data-pipeline-c01-rd-s3-ecom-error-eab3",
                  "ECOM_RAW_BUCKET": "ecommerce-batch-data-pipeline-c01-rd-s3-ecom-raw-fdee"
                }
              }
            ],
            "ephemeral_storage": [
              {
                "size": 512
              }
            ],
            "file_system_config": [],
            "filename": "./ecommerce_batch_data_pipeline_c01_rd_lambda_lambda_categories_preprocess_cba9_placeholder.zip",
            "function_name": "ecommerce-batch-data-pipeline-c01-rd-lambda-lambda-categ-a3e2e0e",
            "handler": "index.handler",
            "id": "ecommerce-batch-data-pipeline-c01-rd-lambda-lambda-categ-a3e2e0e",
            "image_config": [],
            "image_uri": "",
            "invoke_arn": "arn:aws:apigateway:us-east-1:lambda:path/2015-03-31/functions/arn:aws:lambda:us-east-1:602963248309:function:ecommerce-batch-data-pipeline-c01-rd-lambda-lambda-categ-a3e2e0e/invocations",
            "kms_key_arn": "",
            "last_modified": "2026-04-30T12:55:39.757+0000",
            "layers": null,
            "logging_config": [
              {
                "application_log_level": "",
                "log_format": "Text",
                "log_group": "/aws/lambda/ecommerce-batch-data-pipeline-c01-rd-lambda-lambda-categ-a3e2e0e",
                "system_log_level": ""
              }
            ],
            "memory_size": 512,
            "package_type": "Zip",
            "publish": false,
            "qualified_arn": "arn:aws:lambda:us-east-1:602963248309:function:ecommerce-batch-data-pipeline-c01-rd-lambda-lambda-categ-a3e2e0e:$LATEST",
            "qualified_invoke_arn": "arn:aws:apigateway:us-east-1:lambda:path/2015-03-31/functions/arn:aws:lambda:us-east-1:602963248309:function:ecommerce-batch-data-pipeline-c01-rd-lambda-lambda-categ-a3e2e0e:$LATEST/invocations",
            "replace_security_groups_on_destroy": null,
            "replacement_security_group_ids": null,
            "reserved_concurrent_executions": -1,
            "role": "arn:aws:iam::602963248309:role/ecommerce-batch-data-pipeline-c01-rd-lambda-lambda-4249a8d-role",
            "runtime": "python3.12",
            "s3_bucket": null,
            "s3_key": null,
            "s3_object_version": null,
            "signing_job_arn": "",
            "signing_profile_version_arn": "",
            "skip_destroy": false,
            "snap_start": [],
            "source_code_hash": "LmcgHcF2xlW0KH/h8do1eRPlc9I5gAA6/LTH/6iiCAM=",
            "source_code_size": 195,
            "tags": {
              "BusinessUnit": "rd",
              "CostCenter": "c01",
              "ManagedBy": "aws-pipeline-engine",
              "Pipeline": "ecommerce_batch_data_pipeline"
            },
            "tags_all": {
              "BusinessUnit": "rd",
              "CostCenter": "c01",
              "ManagedBy": "aws-pipeline-engine",
              "Pipeline": "ecommerce_batch_data_pipeline"
            },
            "timeout": 300,
            "timeouts": null,
            "tracing_config": [
              {
                "mode": "PassThrough"
              }
            ],
            "version": "$LATEST",
            "vpc_config": []
          },
          "sensitive_attributes": [],
          "private": "eyJlMmJmYjczMC1lY2FhLTExZTYtOGY4OC0zNDM2M2JjN2M0YzAiOnsiY3JlYXRlIjo2MDAwMDAwMDAwMDAsImRlbGV0ZSI6NjAwMDAwMDAwMDAwLCJ1cGRhdGUiOjYwMDAwMDAwMDAwMH19",
          "dependencies": [
            "aws_cloudwatch_log_group.ecommerce_batch_data_pipeline_c01_rd_lambda_lambda_categories_preprocess_cba9_lg",
            "aws_iam_role.ecommerce_batch_data_pipeline_c01_rd_lambda_lambda_categories_preprocess_cba9_role",
            "aws_s3_bucket.ecommerce_batch_data_pipeline_c01_rd_s3_ecom_error_8f9d",
            "aws_s3_bucket.ecommerce_batch_data_pipeline_c01_rd_s3_ecom_raw_994f",
            "data.archive_file.ecommerce_batch_data_pipeline_c01_rd_lambda_lambda_categories_preprocess_cba9_placeholder"
          ]
        }
      ]
    },
    {
      "mode": "managed",
      "type": "aws_lambda_function",
      "name": "ecommerce_batch_data_pipeline_c01_rd_lambda_lambda_customers_preprocess_440e",
      "provider": "provider[\"registry.terraform.io/hashicorp/aws\"]",
      "instances": [
        {
          "schema_version": 0,
          "attributes": {
            "architectures": [
              "x86_64"
            ],
            "arn": "arn:aws:lambda:us-east-1:602963248309:function:ecommerce-batch-data-pipeline-c01-rd-lambda-lambda-custo-4069a7e",
            "code_sha256": "LmcgHcF2xlW0KH/h8do1eRPlc9I5gAA6/LTH/6iiCAM=",
            "code_signing_config_arn": "",
            "dead_letter_config": [],
            "description": "",
            "environment": [
              {
                "variables": {
                  "ECOM_ERROR_BUCKET": "ecommerce-batch-data-pipeline-c01-rd-s3-ecom-error-eab3",
                  "ECOM_RAW_BUCKET": "ecommerce-batch-data-pipeline-c01-rd-s3-ecom-raw-fdee"
                }
              }
            ],
            "ephemeral_storage": [
              {
                "size": 512
              }
            ],
            "file_system_config": [],
            "filename": "./ecommerce_batch_data_pipeline_c01_rd_lambda_lambda_customers_preprocess_440e_placeholder.zip",
            "function_name": "ecommerce-batch-data-pipeline-c01-rd-lambda-lambda-custo-4069a7e",
            "handler": "index.handler",
            "id": "ecommerce-batch-data-pipeline-c01-rd-lambda-lambda-custo-4069a7e",
            "image_config": [],
            "image_uri": "",
            "invoke_arn": "arn:aws:apigateway:us-east-1:lambda:path/2015-03-31/functions/arn:aws:lambda:us-east-1:602963248309:function:ecommerce-batch-data-pipeline-c01-rd-lambda-lambda-custo-4069a7e/invocations",
            "kms_key_arn": "",
            "last_modified": "2026-04-30T12:55:55.794+0000",
            "layers": null,
            "logging_config": [
              {
                "application_log_level": "",
                "log_format": "Text",
                "log_group": "/aws/lambda/ecommerce-batch-data-pipeline-c01-rd-lambda-lambda-custo-4069a7e",
                "system_log_level": ""
              }
            ],
            "memory_size": 512,
            "package_type": "Zip",
            "publish": false,
            "qualified_arn": "arn:aws:lambda:us-east-1:602963248309:function:ecommerce-batch-data-pipeline-c01-rd-lambda-lambda-custo-4069a7e:$LATEST",
            "qualified_invoke_arn": "arn:aws:apigateway:us-east-1:lambda:path/2015-03-31/functions/arn:aws:lambda:us-east-1:602963248309:function:ecommerce-batch-data-pipeline-c01-rd-lambda-lambda-custo-4069a7e:$LATEST/invocations",
            "replace_security_groups_on_destroy": null,
            "replacement_security_group_ids": null,
            "reserved_concurrent_executions": -1,
            "role": "arn:aws:iam::602963248309:role/ecommerce-batch-data-pipeline-c01-rd-lambda-lambda-a5d62f5-role",
            "runtime": "python3.12",
            "s3_bucket": null,
            "s3_key": null,
            "s3_object_version": null,
            "signing_job_arn": "",
            "signing_profile_version_arn": "",
            "skip_destroy": false,
            "snap_start": [],
            "source_code_hash": "LmcgHcF2xlW0KH/h8do1eRPlc9I5gAA6/LTH/6iiCAM=",
            "source_code_size": 195,
            "tags": {
              "BusinessUnit": "rd",
              "CostCenter": "c01",
              "ManagedBy": "aws-pipeline-engine",
              "Pipeline": "ecommerce_batch_data_pipeline"
            },
            "tags_all": {
              "BusinessUnit": "rd",
              "CostCenter": "c01",
              "ManagedBy": "aws-pipeline-engine",
              "Pipeline": "ecommerce_batch_data_pipeline"
            },
            "timeout": 300,
            "timeouts": null,
            "tracing_config": [
              {
                "mode": "PassThrough"
              }
            ],
            "version": "$LATEST",
            "vpc_config": []
          },
          "sensitive_attributes": [],
          "private": "eyJlMmJmYjczMC1lY2FhLTExZTYtOGY4OC0zNDM2M2JjN2M0YzAiOnsiY3JlYXRlIjo2MDAwMDAwMDAwMDAsImRlbGV0ZSI6NjAwMDAwMDAwMDAwLCJ1cGRhdGUiOjYwMDAwMDAwMDAwMH19",
          "dependencies": [
            "aws_cloudwatch_log_group.ecommerce_batch_data_pipeline_c01_rd_lambda_lambda_customers_preprocess_440e_lg",
            "aws_iam_role.ecommerce_batch_data_pipeline_c01_rd_lambda_lambda_customers_preprocess_440e_role",
            "aws_s3_bucket.ecommerce_batch_data_pipeline_c01_rd_s3_ecom_error_8f9d",
            "aws_s3_bucket.ecommerce_batch_data_pipeline_c01_rd_s3_ecom_raw_994f",
            "data.archive_file.ecommerce_batch_data_pipeline_c01_rd_lambda_lambda_customers_preprocess_440e_placeholder"
          ]
        }
      ]
    },
    {
      "mode": "managed",
      "type": "aws_lambda_function",
      "name": "ecommerce_batch_data_pipeline_c01_rd_lambda_lambda_enrich_transform_e4c0",
      "provider": "provider[\"registry.terraform.io/hashicorp/aws\"]",
      "instances": [
        {
          "schema_version": 0,
          "attributes": {
            "architectures": [
              "x86_64"
            ],
            "arn": "arn:aws:lambda:us-east-1:602963248309:function:ecommerce-batch-data-pipeline-c01-rd-lambda-lambda-enric-90419ab",
            "code_sha256": "LmcgHcF2xlW0KH/h8do1eRPlc9I5gAA6/LTH/6iiCAM=",
            "code_signing_config_arn": "",
            "dead_letter_config": [],
            "description": "",
            "environment": [
              {
                "variables": {
                  "ECOM_CURATED_BUCKET": "ecommerce-batch-data-pipeline-c01-rd-s3-ecom-curated-adac",
                  "GLUE_CRAWLER_CURATED_CRAWLER_NAME": "ecommerce-batch-data-pipeline-c01-rd-glue-glue-crawler-curated-c203"
                }
              }
            ],
            "ephemeral_storage": [
              {
                "size": 512
              }
            ],
            "file_system_config": [],
            "filename": "./ecommerce_batch_data_pipeline_c01_rd_lambda_lambda_enrich_transform_e4c0_placeholder.zip",
            "function_name": "ecommerce-batch-data-pipeline-c01-rd-lambda-lambda-enric-90419ab",
            "handler": "index.handler",
            "id": "ecommerce-batch-data-pipeline-c01-rd-lambda-lambda-enric-90419ab",
            "image_config": [],
            "image_uri": "",
            "invoke_arn": "arn:aws:apigateway:us-east-1:lambda:path/2015-03-31/functions/arn:aws:lambda:us-east-1:602963248309:function:ecommerce-batch-data-pipeline-c01-rd-lambda-lambda-enric-90419ab/invocations",
            "kms_key_arn": "",
            "last_modified": "2026-04-30T12:56:38.495+0000",
            "layers": null,
            "logging_config": [
              {
                "application_log_level": "",
                "log_format": "Text",
                "log_group": "/aws/lambda/ecommerce-batch-data-pipeline-c01-rd-lambda-lambda-enric-90419ab",
                "system_log_level": ""
              }
            ],
            "memory_size": 1024,
            "package_type": "Zip",
            "publish": false,
            "qualified_arn": "arn:aws:lambda:us-east-1:602963248309:function:ecommerce-batch-data-pipeline-c01-rd-lambda-lambda-enric-90419ab:$LATEST",
            "qualified_invoke_arn": "arn:aws:apigateway:us-east-1:lambda:path/2015-03-31/functions/arn:aws:lambda:us-east-1:602963248309:function:ecommerce-batch-data-pipeline-c01-rd-lambda-lambda-enric-90419ab:$LATEST/invocations",
            "replace_security_groups_on_destroy": null,
            "replacement_security_group_ids": null,
            "reserved_concurrent_executions": -1,
            "role": "arn:aws:iam::602963248309:role/ecommerce-batch-data-pipeline-c01-rd-lambda-lambda-d2e7aae-role",
            "runtime": "python3.12",
            "s3_bucket": null,
            "s3_key": null,
            "s3_object_version": null,
            "signing_job_arn": "",
            "signing_profile_version_arn": "",
            "skip_destroy": false,
            "snap_start": [],
            "source_code_hash": "LmcgHcF2xlW0KH/h8do1eRPlc9I5gAA6/LTH/6iiCAM=",
            "source_code_size": 195,
            "tags": {
              "BusinessUnit": "rd",
              "CostCenter": "c01",
              "ManagedBy": "aws-pipeline-engine",
              "Pipeline": "ecommerce_batch_data_pipeline"
            },
            "tags_all": {
              "BusinessUnit": "rd",
              "CostCenter": "c01",
              "ManagedBy": "aws-pipeline-engine",
              "Pipeline": "ecommerce_batch_data_pipeline"
            },
            "timeout": 900,
            "timeouts": null,
            "tracing_config": [
              {
                "mode": "PassThrough"
              }
            ],
            "version": "$LATEST",
            "vpc_config": []
          },
          "sensitive_attributes": [],
          "private": "eyJlMmJmYjczMC1lY2FhLTExZTYtOGY4OC0zNDM2M2JjN2M0YzAiOnsiY3JlYXRlIjo2MDAwMDAwMDAwMDAsImRlbGV0ZSI6NjAwMDAwMDAwMDAwLCJ1cGRhdGUiOjYwMDAwMDAwMDAwMH19",
          "dependencies": [
            "aws_cloudwatch_log_group.ecommerce_batch_data_pipeline_c01_rd_lambda_lambda_enrich_transform_e4c0_lg",
            "aws_glue_catalog_database.ecommerce_batch_data_pipeline_c01_rd_glue_glue_crawler_curated_0bef_db",
            "aws_glue_crawler.ecommerce_batch_data_pipeline_c01_rd_glue_glue_crawler_curated_0bef",
            "aws_iam_role.ecommerce_batch_data_pipeline_c01_rd_glue_glue_crawler_curated_0bef_role",
            "aws_iam_role.ecommerce_batch_data_pipeline_c01_rd_lambda_lambda_enrich_transform_e4c0_role",
            "aws_s3_bucket.ecommerce_batch_data_pipeline_c01_rd_s3_ecom_curated_33b7",
            "data.archive_file.ecommerce_batch_data_pipeline_c01_rd_lambda_lambda_enrich_transform_e4c0_placeholder"
          ]
        }
      ]
    },
    {
      "mode": "managed",
      "type": "aws_lambda_function",
      "name": "ecommerce_batch_data_pipeline_c01_rd_lambda_lambda_inventory_preprocess_7d6e",
      "provider": "provider[\"registry.terraform.io/hashicorp/aws\"]",
      "instances": [
        {
          "schema_version": 0,
          "attributes": {
            "architectures": [
              "x86_64"
            ],
            "arn": "arn:aws:lambda:us-east-1:602963248309:function:ecommerce-batch-data-pipeline-c01-rd-lambda-lambda-inven-c9f2ed7",
            "code_sha256": "LmcgHcF2xlW0KH/h8do1eRPlc9I5gAA6/LTH/6iiCAM=",
            "code_signing_config_arn": "",
            "dead_letter_config": [],
            "description": "",
            "environment": [
              {
                "variables": {
                  "ECOM_ERROR_BUCKET": "ecommerce-batch-data-pipeline-c01-rd-s3-ecom-error-eab3",
                  "ECOM_RAW_BUCKET": "ecommerce-batch-data-pipeline-c01-rd-s3-ecom-raw-fdee"
                }
              }
            ],
            "ephemeral_storage": [
              {
                "size": 512
              }
            ],
            "file_system_config": [],
            "filename": "./ecommerce_batch_data_pipeline_c01_rd_lambda_lambda_inventory_preprocess_7d6e_placeholder.zip",
            "function_name": "ecommerce-batch-data-pipeline-c01-rd-lambda-lambda-inven-c9f2ed7",
            "handler": "index.handler",
            "id": "ecommerce-batch-data-pipeline-c01-rd-lambda-lambda-inven-c9f2ed7",
            "image_config": [],
            "image_uri": "",
            "invoke_arn": "arn:aws:apigateway:us-east-1:lambda:path/2015-03-31/functions/arn:aws:lambda:us-east-1:602963248309:function:ecommerce-batch-data-pipeline-c01-rd-lambda-lambda-inven-c9f2ed7/invocations",
            "kms_key_arn": "",
            "last_modified": "2026-04-30T12:56:22.341+0000",
            "layers": null,
            "logging_config": [
              {
                "application_log_level": "",
                "log_format": "Text",
                "log_group": "/aws/lambda/ecommerce-batch-data-pipeline-c01-rd-lambda-lambda-inven-c9f2ed7",
                "system_log_level": ""
              }
            ],
            "memory_size": 512,
            "package_type": "Zip",
            "publish": false,
            "qualified_arn": "arn:aws:lambda:us-east-1:602963248309:function:ecommerce-batch-data-pipeline-c01-rd-lambda-lambda-inven-c9f2ed7:$LATEST",
            "qualified_invoke_arn": "arn:aws:apigateway:us-east-1:lambda:path/2015-03-31/functions/arn:aws:lambda:us-east-1:602963248309:function:ecommerce-batch-data-pipeline-c01-rd-lambda-lambda-inven-c9f2ed7:$LATEST/invocations",
            "replace_security_groups_on_destroy": null,
            "replacement_security_group_ids": null,
            "reserved_concurrent_executions": -1,
            "role": "arn:aws:iam::602963248309:role/ecommerce-batch-data-pipeline-c01-rd-lambda-lambda-063fd22-role",
            "runtime": "python3.12",
            "s3_bucket": null,
            "s3_key": null,
            "s3_object_version": null,
            "signing_job_arn": "",
            "signing_profile_version_arn": "",
            "skip_destroy": false,
            "snap_start": [],
            "source_code_hash": "LmcgHcF2xlW0KH/h8do1eRPlc9I5gAA6/LTH/6iiCAM=",
            "source_code_size": 195,
            "tags": {
              "BusinessUnit": "rd",
              "CostCenter": "c01",
              "ManagedBy": "aws-pipeline-engine",
              "Pipeline": "ecommerce_batch_data_pipeline"
            },
            "tags_all": {
              "BusinessUnit": "rd",
              "CostCenter": "c01",
              "ManagedBy": "aws-pipeline-engine",
              "Pipeline": "ecommerce_batch_data_pipeline"
            },
            "timeout": 300,
            "timeouts": null,
            "tracing_config": [
              {
                "mode": "PassThrough"
              }
            ],
            "version": "$LATEST",
            "vpc_config": []
          },
          "sensitive_attributes": [],
          "private": "eyJlMmJmYjczMC1lY2FhLTExZTYtOGY4OC0zNDM2M2JjN2M0YzAiOnsiY3JlYXRlIjo2MDAwMDAwMDAwMDAsImRlbGV0ZSI6NjAwMDAwMDAwMDAwLCJ1cGRhdGUiOjYwMDAwMDAwMDAwMH19",
          "dependencies": [
            "aws_cloudwatch_log_group.ecommerce_batch_data_pipeline_c01_rd_lambda_lambda_inventory_preprocess_7d6e_lg",
            "aws_iam_role.ecommerce_batch_data_pipeline_c01_rd_lambda_lambda_inventory_preprocess_7d6e_role",
            "aws_s3_bucket.ecommerce_batch_data_pipeline_c01_rd_s3_ecom_error_8f9d",
            "aws_s3_bucket.ecommerce_batch_data_pipeline_c01_rd_s3_ecom_raw_994f",
            "data.archive_file.ecommerce_batch_data_pipeline_c01_rd_lambda_lambda_inventory_preprocess_7d6e_placeholder"
          ]
        }
      ]
    },
    {
      "mode": "managed",
      "type": "aws_lambda_function",
      "name": "ecommerce_batch_data_pipeline_c01_rd_lambda_lambda_order_items_preprocess_a307",
      "provider": "provider[\"registry.terraform.io/hashicorp/aws\"]",
      "instances": [
        {
          "schema_version": 0,
          "attributes": {
            "architectures": [
              "x86_64"
            ],
            "arn": "arn:aws:lambda:us-east-1:602963248309:function:ecommerce-batch-data-pipeline-c01-rd-lambda-lambda-order-ec07cec",
            "code_sha256": "LmcgHcF2xlW0KH/h8do1eRPlc9I5gAA6/LTH/6iiCAM=",
            "code_signing_config_arn": "",
            "dead_letter_config": [],
            "description": "",
            "environment": [
              {
                "variables": {
                  "ECOM_ERROR_BUCKET": "ecommerce-batch-data-pipeline-c01-rd-s3-ecom-error-eab3",
                  "ECOM_RAW_BUCKET": "ecommerce-batch-data-pipeline-c01-rd-s3-ecom-raw-fdee"
                }
              }
            ],
            "ephemeral_storage": [
              {
                "size": 512
              }
            ],
            "file_system_config": [],
            "filename": "./ecommerce_batch_data_pipeline_c01_rd_lambda_lambda_order_items_preprocess_a307_placeholder.zip",
            "function_name": "ecommerce-batch-data-pipeline-c01-rd-lambda-lambda-order-ec07cec",
            "handler": "index.handler",
            "id": "ecommerce-batch-data-pipeline-c01-rd-lambda-lambda-order-ec07cec",
            "image_config": [],
            "image_uri": "",
            "invoke_arn": "arn:aws:apigateway:us-east-1:lambda:path/2015-03-31/functions/arn:aws:lambda:us-east-1:602963248309:function:ecommerce-batch-data-pipeline-c01-rd-lambda-lambda-order-ec07cec/invocations",
            "kms_key_arn": "",
            "last_modified": "2026-04-30T12:56:14.119+0000",
            "layers": null,
            "logging_config": [
              {
                "application_log_level": "",
                "log_format": "Text",
                "log_group": "/aws/lambda/ecommerce-batch-data-pipeline-c01-rd-lambda-lambda-order-ec07cec",
                "system_log_level": ""
              }
            ],
            "memory_size": 512,
            "package_type": "Zip",
            "publish": false,
            "qualified_arn": "arn:aws:lambda:us-east-1:602963248309:function:ecommerce-batch-data-pipeline-c01-rd-lambda-lambda-order-ec07cec:$LATEST",
            "qualified_invoke_arn": "arn:aws:apigateway:us-east-1:lambda:path/2015-03-31/functions/arn:aws:lambda:us-east-1:602963248309:function:ecommerce-batch-data-pipeline-c01-rd-lambda-lambda-order-ec07cec:$LATEST/invocations",
            "replace_security_groups_on_destroy": null,
            "replacement_security_group_ids": null,
            "reserved_concurrent_executions": -1,
            "role": "arn:aws:iam::602963248309:role/ecommerce-batch-data-pipeline-c01-rd-lambda-lambda-ae70495-role",
            "runtime": "python3.12",
            "s3_bucket": null,
            "s3_key": null,
            "s3_object_version": null,
            "signing_job_arn": "",
            "signing_profile_version_arn": "",
            "skip_destroy": false,
            "snap_start": [],
            "source_code_hash": "LmcgHcF2xlW0KH/h8do1eRPlc9I5gAA6/LTH/6iiCAM=",
            "source_code_size": 195,
            "tags": {
              "BusinessUnit": "rd",
              "CostCenter": "c01",
              "ManagedBy": "aws-pipeline-engine",
              "Pipeline": "ecommerce_batch_data_pipeline"
            },
            "tags_all": {
              "BusinessUnit": "rd",
              "CostCenter": "c01",
              "ManagedBy": "aws-pipeline-engine",
              "Pipeline": "ecommerce_batch_data_pipeline"
            },
            "timeout": 300,
            "timeouts": null,
            "tracing_config": [
              {
                "mode": "PassThrough"
              }
            ],
            "version": "$LATEST",
            "vpc_config": []
          },
          "sensitive_attributes": [],
          "private": "eyJlMmJmYjczMC1lY2FhLTExZTYtOGY4OC0zNDM2M2JjN2M0YzAiOnsiY3JlYXRlIjo2MDAwMDAwMDAwMDAsImRlbGV0ZSI6NjAwMDAwMDAwMDAwLCJ1cGRhdGUiOjYwMDAwMDAwMDAwMH19",
          "dependencies": [
            "aws_cloudwatch_log_group.ecommerce_batch_data_pipeline_c01_rd_lambda_lambda_order_items_preprocess_a307_lg",
            "aws_iam_role.ecommerce_batch_data_pipeline_c01_rd_lambda_lambda_order_items_preprocess_a307_role",
            "aws_s3_bucket.ecommerce_batch_data_pipeline_c01_rd_s3_ecom_error_8f9d",
            "aws_s3_bucket.ecommerce_batch_data_pipeline_c01_rd_s3_ecom_raw_994f",
            "data.archive_file.ecommerce_batch_data_pipeline_c01_rd_lambda_lambda_order_items_preprocess_a307_placeholder"
          ]
        }
      ]
    },
    {
      "mode": "managed",
      "type": "aws_lambda_function",
      "name": "ecommerce_batch_data_pipeline_c01_rd_lambda_lambda_procurements_preprocess_e87c",
      "provider": "provider[\"registry.terraform.io/hashicorp/aws\"]",
      "instances": [
        {
          "schema_version": 0,
          "attributes": {
            "architectures": [
              "x86_64"
            ],
            "arn": "arn:aws:lambda:us-east-1:602963248309:function:ecommerce-batch-data-pipeline-c01-rd-lambda-lambda-procu-56dde8f",
            "code_sha256": "LmcgHcF2xlW0KH/h8do1eRPlc9I5gAA6/LTH/6iiCAM=",
            "code_signing_config_arn": "",
            "dead_letter_config": [],
            "description": "",
            "environment": [
              {
                "variables": {
                  "ECOM_ERROR_BUCKET": "ecommerce-batch-data-pipeline-c01-rd-s3-ecom-error-eab3",
                  "ECOM_RAW_BUCKET": "ecommerce-batch-data-pipeline-c01-rd-s3-ecom-raw-fdee"
                }
              }
            ],
            "ephemeral_storage": [
              {
                "size": 512
              }
            ],
            "file_system_config": [],
            "filename": "./ecommerce_batch_data_pipeline_c01_rd_lambda_lambda_procurements_preprocess_e87c_placeholder.zip",
            "function_name": "ecommerce-batch-data-pipeline-c01-rd-lambda-lambda-procu-56dde8f",
            "handler": "index.handler",
            "id": "ecommerce-batch-data-pipeline-c01-rd-lambda-lambda-procu-56dde8f",
            "image_config": [],
            "image_uri": "",
            "invoke_arn": "arn:aws:apigateway:us-east-1:lambda:path/2015-03-31/functions/arn:aws:lambda:us-east-1:602963248309:function:ecommerce-batch-data-pipeline-c01-rd-lambda-lambda-procu-56dde8f/invocations",
            "kms_key_arn": "",
            "last_modified": "2026-04-30T12:55:47.691+0000",
            "layers": null,
            "logging_config": [
              {
                "application_log_level": "",
                "log_format": "Text",
                "log_group": "/aws/lambda/ecommerce-batch-data-pipeline-c01-rd-lambda-lambda-procu-56dde8f",
                "system_log_level": ""
              }
            ],
            "memory_size": 512,
            "package_type": "Zip",
            "publish": false,
            "qualified_arn": "arn:aws:lambda:us-east-1:602963248309:function:ecommerce-batch-data-pipeline-c01-rd-lambda-lambda-procu-56dde8f:$LATEST",
            "qualified_invoke_arn": "arn:aws:apigateway:us-east-1:lambda:path/2015-03-31/functions/arn:aws:lambda:us-east-1:602963248309:function:ecommerce-batch-data-pipeline-c01-rd-lambda-lambda-procu-56dde8f:$LATEST/invocations",
            "replace_security_groups_on_destroy": null,
            "replacement_security_group_ids": null,
            "reserved_concurrent_executions": -1,
            "role": "arn:aws:iam::602963248309:role/ecommerce-batch-data-pipeline-c01-rd-lambda-lambda-6a66deb-role",
            "runtime": "python3.12",
            "s3_bucket": null,
            "s3_key": null,
            "s3_object_version": null,
            "signing_job_arn": "",
            "signing_profile_version_arn": "",
            "skip_destroy": false,
            "snap_start": [],
            "source_code_hash": "LmcgHcF2xlW0KH/h8do1eRPlc9I5gAA6/LTH/6iiCAM=",
            "source_code_size": 195,
            "tags": {
              "BusinessUnit": "rd",
              "CostCenter": "c01",
              "ManagedBy": "aws-pipeline-engine",
              "Pipeline": "ecommerce_batch_data_pipeline"
            },
            "tags_all": {
              "BusinessUnit": "rd",
              "CostCenter": "c01",
              "ManagedBy": "aws-pipeline-engine",
              "Pipeline": "ecommerce_batch_data_pipeline"
            },
            "timeout": 300,
            "timeouts": null,
            "tracing_config": [
              {
                "mode": "PassThrough"
              }
            ],
            "version": "$LATEST",
            "vpc_config": []
          },
          "sensitive_attributes": [],
          "private": "eyJlMmJmYjczMC1lY2FhLTExZTYtOGY4OC0zNDM2M2JjN2M0YzAiOnsiY3JlYXRlIjo2MDAwMDAwMDAwMDAsImRlbGV0ZSI6NjAwMDAwMDAwMDAwLCJ1cGRhdGUiOjYwMDAwMDAwMDAwMH19",
          "dependencies": [
            "aws_cloudwatch_log_group.ecommerce_batch_data_pipeline_c01_rd_lambda_lambda_procurements_preprocess_e87c_lg",
            "aws_iam_role.ecommerce_batch_data_pipeline_c01_rd_lambda_lambda_procurements_preprocess_e87c_role",
            "aws_s3_bucket.ecommerce_batch_data_pipeline_c01_rd_s3_ecom_error_8f9d",
            "aws_s3_bucket.ecommerce_batch_data_pipeline_c01_rd_s3_ecom_raw_994f",
            "data.archive_file.ecommerce_batch_data_pipeline_c01_rd_lambda_lambda_procurements_preprocess_e87c_placeholder"
          ]
        }
      ]
    },
    {
      "mode": "managed",
      "type": "aws_lambda_function",
      "name": "ecommerce_batch_data_pipeline_c01_rd_lambda_lambda_products_preprocess_1f2f",
      "provider": "provider[\"registry.terraform.io/hashicorp/aws\"]",
      "instances": [
        {
          "schema_version": 0,
          "attributes": {
            "architectures": [
              "x86_64"
            ],
            "arn": "arn:aws:lambda:us-east-1:602963248309:function:ecommerce-batch-data-pipeline-c01-rd-lambda-lambda-produ-c8e79b2",
            "code_sha256": "LmcgHcF2xlW0KH/h8do1eRPlc9I5gAA6/LTH/6iiCAM=",
            "code_signing_config_arn": "",
            "dead_letter_config": [],
            "description": "",
            "environment": [
              {
                "variables": {
                  "ECOM_ERROR_BUCKET": "ecommerce-batch-data-pipeline-c01-rd-s3-ecom-error-eab3",
                  "ECOM_RAW_BUCKET": "ecommerce-batch-data-pipeline-c01-rd-s3-ecom-raw-fdee"
                }
              }
            ],
            "ephemeral_storage": [
              {
                "size": 512
              }
            ],
            "file_system_config": [],
            "filename": "./ecommerce_batch_data_pipeline_c01_rd_lambda_lambda_products_preprocess_1f2f_placeholder.zip",
            "function_name": "ecommerce-batch-data-pipeline-c01-rd-lambda-lambda-produ-c8e79b2",
            "handler": "index.handler",
            "id": "ecommerce-batch-data-pipeline-c01-rd-lambda-lambda-produ-c8e79b2",
            "image_config": [],
            "image_uri": "",
            "invoke_arn": "arn:aws:apigateway:us-east-1:lambda:path/2015-03-31/functions/arn:aws:lambda:us-east-1:602963248309:function:ecommerce-batch-data-pipeline-c01-rd-lambda-lambda-produ-c8e79b2/invocations",
            "kms_key_arn": "",
            "last_modified": "2026-04-30T12:55:23.969+0000",
            "layers": null,
            "logging_config": [
              {
                "application_log_level": "",
                "log_format": "Text",
                "log_group": "/aws/lambda/ecommerce-batch-data-pipeline-c01-rd-lambda-lambda-produ-c8e79b2",
                "system_log_level": ""
              }
            ],
            "memory_size": 512,
            "package_type": "Zip",
            "publish": false,
            "qualified_arn": "arn:aws:lambda:us-east-1:602963248309:function:ecommerce-batch-data-pipeline-c01-rd-lambda-lambda-produ-c8e79b2:$LATEST",
            "qualified_invoke_arn": "arn:aws:apigateway:us-east-1:lambda:path/2015-03-31/functions/arn:aws:lambda:us-east-1:602963248309:function:ecommerce-batch-data-pipeline-c01-rd-lambda-lambda-produ-c8e79b2:$LATEST/invocations",
            "replace_security_groups_on_destroy": null,
            "replacement_security_group_ids": null,
            "reserved_concurrent_executions": -1,
            "role": "arn:aws:iam::602963248309:role/ecommerce-batch-data-pipeline-c01-rd-lambda-lambda-dcb3dd5-role",
            "runtime": "python3.12",
            "s3_bucket": null,
            "s3_key": null,
            "s3_object_version": null,
            "signing_job_arn": "",
            "signing_profile_version_arn": "",
            "skip_destroy": false,
            "snap_start": [],
            "source_code_hash": "LmcgHcF2xlW0KH/h8do1eRPlc9I5gAA6/LTH/6iiCAM=",
            "source_code_size": 195,
            "tags": {
              "BusinessUnit": "rd",
              "CostCenter": "c01",
              "ManagedBy": "aws-pipeline-engine",
              "Pipeline": "ecommerce_batch_data_pipeline"
            },
            "tags_all": {
              "BusinessUnit": "rd",
              "CostCenter": "c01",
              "ManagedBy": "aws-pipeline-engine",
              "Pipeline": "ecommerce_batch_data_pipeline"
            },
            "timeout": 300,
            "timeouts": null,
            "tracing_config": [
              {
                "mode": "PassThrough"
              }
            ],
            "version": "$LATEST",
            "vpc_config": []
          },
          "sensitive_attributes": [],
          "private": "eyJlMmJmYjczMC1lY2FhLTExZTYtOGY4OC0zNDM2M2JjN2M0YzAiOnsiY3JlYXRlIjo2MDAwMDAwMDAwMDAsImRlbGV0ZSI6NjAwMDAwMDAwMDAwLCJ1cGRhdGUiOjYwMDAwMDAwMDAwMH19",
          "dependencies": [
            "aws_cloudwatch_log_group.ecommerce_batch_data_pipeline_c01_rd_lambda_lambda_products_preprocess_1f2f_lg",
            "aws_iam_role.ecommerce_batch_data_pipeline_c01_rd_lambda_lambda_products_preprocess_1f2f_role",
            "aws_s3_bucket.ecommerce_batch_data_pipeline_c01_rd_s3_ecom_error_8f9d",
            "aws_s3_bucket.ecommerce_batch_data_pipeline_c01_rd_s3_ecom_raw_994f",
            "data.archive_file.ecommerce_batch_data_pipeline_c01_rd_lambda_lambda_products_preprocess_1f2f_placeholder"
          ]
        }
      ]
    },
    {
      "mode": "managed",
      "type": "aws_lambda_function",
      "name": "ecommerce_batch_data_pipeline_c01_rd_lambda_lambda_stock_movements_preprocess_0bd4",
      "provider": "provider[\"registry.terraform.io/hashicorp/aws\"]",
      "instances": [
        {
          "schema_version": 0,
          "attributes": {
            "architectures": [
              "x86_64"
            ],
            "arn": "arn:aws:lambda:us-east-1:602963248309:function:ecommerce-batch-data-pipeline-c01-rd-lambda-lambda-stock-95407a1",
            "code_sha256": "LmcgHcF2xlW0KH/h8do1eRPlc9I5gAA6/LTH/6iiCAM=",
            "code_signing_config_arn": "",
            "dead_letter_config": [],
            "description": "",
            "environment": [
              {
                "variables": {
                  "ECOM_ERROR_BUCKET": "ecommerce-batch-data-pipeline-c01-rd-s3-ecom-error-eab3",
                  "ECOM_RAW_BUCKET": "ecommerce-batch-data-pipeline-c01-rd-s3-ecom-raw-fdee"
                }
              }
            ],
            "ephemeral_storage": [
              {
                "size": 512
              }
            ],
            "file_system_config": [],
            "filename": "./ecommerce_batch_data_pipeline_c01_rd_lambda_lambda_stock_movements_preprocess_0bd4_placeholder.zip",
            "function_name": "ecommerce-batch-data-pipeline-c01-rd-lambda-lambda-stock-95407a1",
            "handler": "index.handler",
            "id": "ecommerce-batch-data-pipeline-c01-rd-lambda-lambda-stock-95407a1",
            "image_config": [],
            "image_uri": "",
            "invoke_arn": "arn:aws:apigateway:us-east-1:lambda:path/2015-03-31/functions/arn:aws:lambda:us-east-1:602963248309:function:ecommerce-batch-data-pipeline-c01-rd-lambda-lambda-stock-95407a1/invocations",
            "kms_key_arn": "",
            "last_modified": "2026-04-30T12:56:30.646+0000",
            "layers": null,
            "logging_config": [
              {
                "application_log_level": "",
                "log_format": "Text",
                "log_group": "/aws/lambda/ecommerce-batch-data-pipeline-c01-rd-lambda-lambda-stock-95407a1",
                "system_log_level": ""
              }
            ],
            "memory_size": 512,
            "package_type": "Zip",
            "publish": false,
            "qualified_arn": "arn:aws:lambda:us-east-1:602963248309:function:ecommerce-batch-data-pipeline-c01-rd-lambda-lambda-stock-95407a1:$LATEST",
            "qualified_invoke_arn": "arn:aws:apigateway:us-east-1:lambda:path/2015-03-31/functions/arn:aws:lambda:us-east-1:602963248309:function:ecommerce-batch-data-pipeline-c01-rd-lambda-lambda-stock-95407a1:$LATEST/invocations",
            "replace_security_groups_on_destroy": null,
            "replacement_security_group_ids": null,
            "reserved_concurrent_executions": -1,
            "role": "arn:aws:iam::602963248309:role/ecommerce-batch-data-pipeline-c01-rd-lambda-lambda-e09d338-role",
            "runtime": "python3.12",
            "s3_bucket": null,
            "s3_key": null,
            "s3_object_version": null,
            "signing_job_arn": "",
            "signing_profile_version_arn": "",
            "skip_destroy": false,
            "snap_start": [],
            "source_code_hash": "LmcgHcF2xlW0KH/h8do1eRPlc9I5gAA6/LTH/6iiCAM=",
            "source_code_size": 195,
            "tags": {
              "BusinessUnit": "rd",
              "CostCenter": "c01",
              "ManagedBy": "aws-pipeline-engine",
              "Pipeline": "ecommerce_batch_data_pipeline"
            },
            "tags_all": {
              "BusinessUnit": "rd",
              "CostCenter": "c01",
              "ManagedBy": "aws-pipeline-engine",
              "Pipeline": "ecommerce_batch_data_pipeline"
            },
            "timeout": 300,
            "timeouts": null,
            "tracing_config": [
              {
                "mode": "PassThrough"
              }
            ],
            "version": "$LATEST",
            "vpc_config": []
          },
          "sensitive_attributes": [],
          "private": "eyJlMmJmYjczMC1lY2FhLTExZTYtOGY4OC0zNDM2M2JjN2M0YzAiOnsiY3JlYXRlIjo2MDAwMDAwMDAwMDAsImRlbGV0ZSI6NjAwMDAwMDAwMDAwLCJ1cGRhdGUiOjYwMDAwMDAwMDAwMH19",
          "dependencies": [
            "aws_cloudwatch_log_group.ecommerce_batch_data_pipeline_c01_rd_lambda_lambda_stock_movements_preprocess_0bd4_lg",
            "aws_iam_role.ecommerce_batch_data_pipeline_c01_rd_lambda_lambda_stock_movements_preprocess_0bd4_role",
            "aws_s3_bucket.ecommerce_batch_data_pipeline_c01_rd_s3_ecom_error_8f9d",
            "aws_s3_bucket.ecommerce_batch_data_pipeline_c01_rd_s3_ecom_raw_994f",
            "data.archive_file.ecommerce_batch_data_pipeline_c01_rd_lambda_lambda_stock_movements_preprocess_0bd4_placeholder"
          ]
        }
      ]
    },
    {
      "mode": "managed",
      "type": "aws_lambda_function",
      "name": "ecommerce_batch_data_pipeline_c01_rd_lambda_lambda_suppliers_preprocess_d32f",
      "provider": "provider[\"registry.terraform.io/hashicorp/aws\"]",
      "instances": [
        {
          "schema_version": 0,
          "attributes": {
            "architectures": [
              "x86_64"
            ],
            "arn": "arn:aws:lambda:us-east-1:602963248309:function:ecommerce-batch-data-pipeline-c01-rd-lambda-lambda-suppl-ca76e3e",
            "code_sha256": "LmcgHcF2xlW0KH/h8do1eRPlc9I5gAA6/LTH/6iiCAM=",
            "code_signing_config_arn": "",
            "dead_letter_config": [],
            "description": "",
            "environment": [
              {
                "variables": {
                  "ECOM_ERROR_BUCKET": "ecommerce-batch-data-pipeline-c01-rd-s3-ecom-error-eab3",
                  "ECOM_RAW_BUCKET": "ecommerce-batch-data-pipeline-c01-rd-s3-ecom-raw-fdee"
                }
              }
            ],
            "ephemeral_storage": [
              {
                "size": 512
              }
            ],
            "file_system_config": [],
            "filename": "./ecommerce_batch_data_pipeline_c01_rd_lambda_lambda_suppliers_preprocess_d32f_placeholder.zip",
            "function_name": "ecommerce-batch-data-pipeline-c01-rd-lambda-lambda-suppl-ca76e3e",
            "handler": "index.handler",
            "id": "ecommerce-batch-data-pipeline-c01-rd-lambda-lambda-suppl-ca76e3e",
            "image_config": [],
            "image_uri": "",
            "invoke_arn": "arn:aws:apigateway:us-east-1:lambda:path/2015-03-31/functions/arn:aws:lambda:us-east-1:602963248309:function:ecommerce-batch-data-pipeline-c01-rd-lambda-lambda-suppl-ca76e3e/invocations",
            "kms_key_arn": "",
            "last_modified": "2026-04-30T12:56:05.371+0000",
            "layers": null,
            "logging_config": [
              {
                "application_log_level": "",
                "log_format": "Text",
                "log_group": "/aws/lambda/ecommerce-batch-data-pipeline-c01-rd-lambda-lambda-suppl-ca76e3e",
                "system_log_level": ""
              }
            ],
            "memory_size": 512,
            "package_type": "Zip",
            "publish": false,
            "qualified_arn": "arn:aws:lambda:us-east-1:602963248309:function:ecommerce-batch-data-pipeline-c01-rd-lambda-lambda-suppl-ca76e3e:$LATEST",
            "qualified_invoke_arn": "arn:aws:apigateway:us-east-1:lambda:path/2015-03-31/functions/arn:aws:lambda:us-east-1:602963248309:function:ecommerce-batch-data-pipeline-c01-rd-lambda-lambda-suppl-ca76e3e:$LATEST/invocations",
            "replace_security_groups_on_destroy": null,
            "replacement_security_group_ids": null,
            "reserved_concurrent_executions": -1,
            "role": "arn:aws:iam::602963248309:role/ecommerce-batch-data-pipeline-c01-rd-lambda-lambda-90e357e-role",
            "runtime": "python3.12",
            "s3_bucket": null,
            "s3_key": null,
            "s3_object_version": null,
            "signing_job_arn": "",
            "signing_profile_version_arn": "",
            "skip_destroy": false,
            "snap_start": [],
            "source_code_hash": "LmcgHcF2xlW0KH/h8do1eRPlc9I5gAA6/LTH/6iiCAM=",
            "source_code_size": 195,
            "tags": {
              "BusinessUnit": "rd",
              "CostCenter": "c01",
              "ManagedBy": "aws-pipeline-engine",
              "Pipeline": "ecommerce_batch_data_pipeline"
            },
            "tags_all": {
              "BusinessUnit": "rd",
              "CostCenter": "c01",
              "ManagedBy": "aws-pipeline-engine",
              "Pipeline": "ecommerce_batch_data_pipeline"
            },
            "timeout": 300,
            "timeouts": null,
            "tracing_config": [
              {
                "mode": "PassThrough"
              }
            ],
            "version": "$LATEST",
            "vpc_config": []
          },
          "sensitive_attributes": [],
          "private": "eyJlMmJmYjczMC1lY2FhLTExZTYtOGY4OC0zNDM2M2JjN2M0YzAiOnsiY3JlYXRlIjo2MDAwMDAwMDAwMDAsImRlbGV0ZSI6NjAwMDAwMDAwMDAwLCJ1cGRhdGUiOjYwMDAwMDAwMDAwMH19",
          "dependencies": [
            "aws_cloudwatch_log_group.ecommerce_batch_data_pipeline_c01_rd_lambda_lambda_suppliers_preprocess_d32f_lg",
            "aws_iam_role.ecommerce_batch_data_pipeline_c01_rd_lambda_lambda_suppliers_preprocess_d32f_role",
            "aws_s3_bucket.ecommerce_batch_data_pipeline_c01_rd_s3_ecom_error_8f9d",
            "aws_s3_bucket.ecommerce_batch_data_pipeline_c01_rd_s3_ecom_raw_994f",
            "data.archive_file.ecommerce_batch_data_pipeline_c01_rd_lambda_lambda_suppliers_preprocess_d32f_placeholder"
          ]
        }
      ]
    },
    {
      "mode": "managed",
      "type": "aws_lambda_function",
      "name": "ecommerce_batch_data_pipeline_c01_rd_lambda_lambda_warehouses_preprocess_4c32",
      "provider": "provider[\"registry.terraform.io/hashicorp/aws\"]",
      "instances": [
        {
          "schema_version": 0,
          "attributes": {
            "architectures": [
              "x86_64"
            ],
            "arn": "arn:aws:lambda:us-east-1:602963248309:function:ecommerce-batch-data-pipeline-c01-rd-lambda-lambda-wareh-4f98649",
            "code_sha256": "LmcgHcF2xlW0KH/h8do1eRPlc9I5gAA6/LTH/6iiCAM=",
            "code_signing_config_arn": "",
            "dead_letter_config": [],
            "description": "",
            "environment": [
              {
                "variables": {
                  "ECOM_ERROR_BUCKET": "ecommerce-batch-data-pipeline-c01-rd-s3-ecom-error-eab3",
                  "ECOM_RAW_BUCKET": "ecommerce-batch-data-pipeline-c01-rd-s3-ecom-raw-fdee"
                }
              }
            ],
            "ephemeral_storage": [
              {
                "size": 512
              }
            ],
            "file_system_config": [],
            "filename": "./ecommerce_batch_data_pipeline_c01_rd_lambda_lambda_warehouses_preprocess_4c32_placeholder.zip",
            "function_name": "ecommerce-batch-data-pipeline-c01-rd-lambda-lambda-wareh-4f98649",
            "handler": "index.handler",
            "id": "ecommerce-batch-data-pipeline-c01-rd-lambda-lambda-wareh-4f98649",
            "image_config": [],
            "image_uri": "",
            "invoke_arn": "arn:aws:apigateway:us-east-1:lambda:path/2015-03-31/functions/arn:aws:lambda:us-east-1:602963248309:function:ecommerce-batch-data-pipeline-c01-rd-lambda-lambda-wareh-4f98649/invocations",
            "kms_key_arn": "",
            "last_modified": "2026-04-30T12:55:32.033+0000",
            "layers": null,
            "logging_config": [
              {
                "application_log_level": "",
                "log_format": "Text",
                "log_group": "/aws/lambda/ecommerce-batch-data-pipeline-c01-rd-lambda-lambda-wareh-4f98649",
                "system_log_level": ""
              }
            ],
            "memory_size": 512,
            "package_type": "Zip",
            "publish": false,
            "qualified_arn": "arn:aws:lambda:us-east-1:602963248309:function:ecommerce-batch-data-pipeline-c01-rd-lambda-lambda-wareh-4f98649:$LATEST",
            "qualified_invoke_arn": "arn:aws:apigateway:us-east-1:lambda:path/2015-03-31/functions/arn:aws:lambda:us-east-1:602963248309:function:ecommerce-batch-data-pipeline-c01-rd-lambda-lambda-wareh-4f98649:$LATEST/invocations",
            "replace_security_groups_on_destroy": null,
            "replacement_security_group_ids": null,
            "reserved_concurrent_executions": -1,
            "role": "arn:aws:iam::602963248309:role/ecommerce-batch-data-pipeline-c01-rd-lambda-lambda-c0d86f5-role",
            "runtime": "python3.12",
            "s3_bucket": null,
            "s3_key": null,
            "s3_object_version": null,
            "signing_job_arn": "",
            "signing_profile_version_arn": "",
            "skip_destroy": false,
            "snap_start": [],
            "source_code_hash": "LmcgHcF2xlW0KH/h8do1eRPlc9I5gAA6/LTH/6iiCAM=",
            "source_code_size": 195,
            "tags": {
              "BusinessUnit": "rd",
              "CostCenter": "c01",
              "ManagedBy": "aws-pipeline-engine",
              "Pipeline": "ecommerce_batch_data_pipeline"
            },
            "tags_all": {
              "BusinessUnit": "rd",
              "CostCenter": "c01",
              "ManagedBy": "aws-pipeline-engine",
              "Pipeline": "ecommerce_batch_data_pipeline"
            },
            "timeout": 300,
            "timeouts": null,
            "tracing_config": [
              {
                "mode": "PassThrough"
              }
            ],
            "version": "$LATEST",
            "vpc_config": []
          },
          "sensitive_attributes": [],
          "private": "eyJlMmJmYjczMC1lY2FhLTExZTYtOGY4OC0zNDM2M2JjN2M0YzAiOnsiY3JlYXRlIjo2MDAwMDAwMDAwMDAsImRlbGV0ZSI6NjAwMDAwMDAwMDAwLCJ1cGRhdGUiOjYwMDAwMDAwMDAwMH19",
          "dependencies": [
            "aws_cloudwatch_log_group.ecommerce_batch_data_pipeline_c01_rd_lambda_lambda_warehouses_preprocess_4c32_lg",
            "aws_iam_role.ecommerce_batch_data_pipeline_c01_rd_lambda_lambda_warehouses_preprocess_4c32_role",
            "aws_s3_bucket.ecommerce_batch_data_pipeline_c01_rd_s3_ecom_error_8f9d",
            "aws_s3_bucket.ecommerce_batch_data_pipeline_c01_rd_s3_ecom_raw_994f",
            "data.archive_file.ecommerce_batch_data_pipeline_c01_rd_lambda_lambda_warehouses_preprocess_4c32_placeholder"
          ]
        }
      ]
    },
    {
      "mode": "managed",
      "type": "aws_lambda_permission",
      "name": "ecommerce_batch_data_pipeline_c01_rd_s3_ecom_landing_5bde_invoke_ecommerce_batch_data_pipeline_c01_rd_lambda_lambda_categories_preprocess_cba9",
      "provider": "provider[\"registry.terraform.io/hashicorp/aws\"]",
      "instances": [
        {
          "schema_version": 0,
          "attributes": {
            "action": "lambda:InvokeFunction",
            "event_source_token": null,
            "function_name": "ecommerce-batch-data-pipeline-c01-rd-lambda-lambda-categ-a3e2e0e",
            "function_url_auth_type": null,
            "id": "AllowS3-ecommerce_batch_data_pipeline_c01_rd_s3_ecom_landing_5bde-ecommerce_batch_data_pipe-080bae02",
            "principal": "s3.amazonaws.com",
            "principal_org_id": null,
            "qualifier": "",
            "source_account": null,
            "source_arn": "arn:aws:s3:::ecommerce-batch-data-pipeline-c01-rd-s3-ecom-landing-b1d6",
            "statement_id": "AllowS3-ecommerce_batch_data_pipeline_c01_rd_s3_ecom_landing_5bde-ecommerce_batch_data_pipe-080bae02",
            "statement_id_prefix": ""
          },
          "sensitive_attributes": [],
          "private": "bnVsbA==",
          "dependencies": [
            "aws_cloudwatch_log_group.ecommerce_batch_data_pipeline_c01_rd_lambda_lambda_categories_preprocess_cba9_lg",
            "aws_iam_role.ecommerce_batch_data_pipeline_c01_rd_lambda_lambda_categories_preprocess_cba9_role",
            "aws_lambda_function.ecommerce_batch_data_pipeline_c01_rd_lambda_lambda_categories_preprocess_cba9",
            "aws_s3_bucket.ecommerce_batch_data_pipeline_c01_rd_s3_ecom_error_8f9d",
            "aws_s3_bucket.ecommerce_batch_data_pipeline_c01_rd_s3_ecom_landing_5bde",
            "aws_s3_bucket.ecommerce_batch_data_pipeline_c01_rd_s3_ecom_raw_994f",
            "data.archive_file.ecommerce_batch_data_pipeline_c01_rd_lambda_lambda_categories_preprocess_cba9_placeholder"
          ]
        }
      ]
    },
    {
      "mode": "managed",
      "type": "aws_lambda_permission",
      "name": "ecommerce_batch_data_pipeline_c01_rd_s3_ecom_landing_5bde_invoke_ecommerce_batch_data_pipeline_c01_rd_lambda_lambda_customers_preprocess_440e",
      "provider": "provider[\"registry.terraform.io/hashicorp/aws\"]",
      "instances": [
        {
          "schema_version": 0,
          "attributes": {
            "action": "lambda:InvokeFunction",
            "event_source_token": null,
            "function_name": "ecommerce-batch-data-pipeline-c01-rd-lambda-lambda-custo-4069a7e",
            "function_url_auth_type": null,
            "id": "AllowS3-ecommerce_batch_data_pipeline_c01_rd_s3_ecom_landing_5bde-ecommerce_batch_data_pipe-42877ed6",
            "principal": "s3.amazonaws.com",
            "principal_org_id": null,
            "qualifier": "",
            "source_account": null,
            "source_arn": "arn:aws:s3:::ecommerce-batch-data-pipeline-c01-rd-s3-ecom-landing-b1d6",
            "statement_id": "AllowS3-ecommerce_batch_data_pipeline_c01_rd_s3_ecom_landing_5bde-ecommerce_batch_data_pipe-42877ed6",
            "statement_id_prefix": ""
          },
          "sensitive_attributes": [],
          "private": "bnVsbA==",
          "dependencies": [
            "aws_cloudwatch_log_group.ecommerce_batch_data_pipeline_c01_rd_lambda_lambda_customers_preprocess_440e_lg",
            "aws_iam_role.ecommerce_batch_data_pipeline_c01_rd_lambda_lambda_customers_preprocess_440e_role",
            "aws_lambda_function.ecommerce_batch_data_pipeline_c01_rd_lambda_lambda_customers_preprocess_440e",
            "aws_s3_bucket.ecommerce_batch_data_pipeline_c01_rd_s3_ecom_error_8f9d",
            "aws_s3_bucket.ecommerce_batch_data_pipeline_c01_rd_s3_ecom_landing_5bde",
            "aws_s3_bucket.ecommerce_batch_data_pipeline_c01_rd_s3_ecom_raw_994f",
            "data.archive_file.ecommerce_batch_data_pipeline_c01_rd_lambda_lambda_customers_preprocess_440e_placeholder"
          ]
        }
      ]
    },
    {
      "mode": "managed",
      "type": "aws_lambda_permission",
      "name": "ecommerce_batch_data_pipeline_c01_rd_s3_ecom_landing_5bde_invoke_ecommerce_batch_data_pipeline_c01_rd_lambda_lambda_inventory_preprocess_7d6e",
      "provider": "provider[\"registry.terraform.io/hashicorp/aws\"]",
      "instances": [
        {
          "schema_version": 0,
          "attributes": {
            "action": "lambda:InvokeFunction",
            "event_source_token": null,
            "function_name": "ecommerce-batch-data-pipeline-c01-rd-lambda-lambda-inven-c9f2ed7",
            "function_url_auth_type": null,
            "id": "AllowS3-ecommerce_batch_data_pipeline_c01_rd_s3_ecom_landing_5bde-ecommerce_batch_data_pipe-dfa5cadf",
            "principal": "s3.amazonaws.com",
            "principal_org_id": null,
            "qualifier": "",
            "source_account": null,
            "source_arn": "arn:aws:s3:::ecommerce-batch-data-pipeline-c01-rd-s3-ecom-landing-b1d6",
            "statement_id": "AllowS3-ecommerce_batch_data_pipeline_c01_rd_s3_ecom_landing_5bde-ecommerce_batch_data_pipe-dfa5cadf",
            "statement_id_prefix": ""
          },
          "sensitive_attributes": [],
          "private": "bnVsbA==",
          "dependencies": [
            "aws_cloudwatch_log_group.ecommerce_batch_data_pipeline_c01_rd_lambda_lambda_inventory_preprocess_7d6e_lg",
            "aws_iam_role.ecommerce_batch_data_pipeline_c01_rd_lambda_lambda_inventory_preprocess_7d6e_role",
            "aws_lambda_function.ecommerce_batch_data_pipeline_c01_rd_lambda_lambda_inventory_preprocess_7d6e",
            "aws_s3_bucket.ecommerce_batch_data_pipeline_c01_rd_s3_ecom_error_8f9d",
            "aws_s3_bucket.ecommerce_batch_data_pipeline_c01_rd_s3_ecom_landing_5bde",
            "aws_s3_bucket.ecommerce_batch_data_pipeline_c01_rd_s3_ecom_raw_994f",
            "data.archive_file.ecommerce_batch_data_pipeline_c01_rd_lambda_lambda_inventory_preprocess_7d6e_placeholder"
          ]
        }
      ]
    },
    {
      "mode": "managed",
      "type": "aws_lambda_permission",
      "name": "ecommerce_batch_data_pipeline_c01_rd_s3_ecom_landing_5bde_invoke_ecommerce_batch_data_pipeline_c01_rd_lambda_lambda_order_items_preprocess_a307",
      "provider": "provider[\"registry.terraform.io/hashicorp/aws\"]",
      "instances": [
        {
          "schema_version": 0,
          "attributes": {
            "action": "lambda:InvokeFunction",
            "event_source_token": null,
            "function_name": "ecommerce-batch-data-pipeline-c01-rd-lambda-lambda-order-ec07cec",
            "function_url_auth_type": null,
            "id": "AllowS3-ecommerce_batch_data_pipeline_c01_rd_s3_ecom_landing_5bde-ecommerce_batch_data_pipe-ef613cab",
            "principal": "s3.amazonaws.com",
            "principal_org_id": null,
            "qualifier": "",
            "source_account": null,
            "source_arn": "arn:aws:s3:::ecommerce-batch-data-pipeline-c01-rd-s3-ecom-landing-b1d6",
            "statement_id": "AllowS3-ecommerce_batch_data_pipeline_c01_rd_s3_ecom_landing_5bde-ecommerce_batch_data_pipe-ef613cab",
            "statement_id_prefix": ""
          },
          "sensitive_attributes": [],
          "private": "bnVsbA==",
          "dependencies": [
            "aws_cloudwatch_log_group.ecommerce_batch_data_pipeline_c01_rd_lambda_lambda_order_items_preprocess_a307_lg",
            "aws_iam_role.ecommerce_batch_data_pipeline_c01_rd_lambda_lambda_order_items_preprocess_a307_role",
            "aws_lambda_function.ecommerce_batch_data_pipeline_c01_rd_lambda_lambda_order_items_preprocess_a307",
            "aws_s3_bucket.ecommerce_batch_data_pipeline_c01_rd_s3_ecom_error_8f9d",
            "aws_s3_bucket.ecommerce_batch_data_pipeline_c01_rd_s3_ecom_landing_5bde",
            "aws_s3_bucket.ecommerce_batch_data_pipeline_c01_rd_s3_ecom_raw_994f",
            "data.archive_file.ecommerce_batch_data_pipeline_c01_rd_lambda_lambda_order_items_preprocess_a307_placeholder"
          ]
        }
      ]
    },
    {
      "mode": "managed",
      "type": "aws_lambda_permission",
      "name": "ecommerce_batch_data_pipeline_c01_rd_s3_ecom_landing_5bde_invoke_ecommerce_batch_data_pipeline_c01_rd_lambda_lambda_procurements_preprocess_e87c",
      "provider": "provider[\"registry.terraform.io/hashicorp/aws\"]",
      "instances": [
        {
          "schema_version": 0,
          "attributes": {
            "action": "lambda:InvokeFunction",
            "event_source_token": null,
            "function_name": "ecommerce-batch-data-pipeline-c01-rd-lambda-lambda-procu-56dde8f",
            "function_url_auth_type": null,
            "id": "AllowS3-ecommerce_batch_data_pipeline_c01_rd_s3_ecom_landing_5bde-ecommerce_batch_data_pipe-ea97f652",
            "principal": "s3.amazonaws.com",
            "principal_org_id": null,
            "qualifier": "",
            "source_account": null,
            "source_arn": "arn:aws:s3:::ecommerce-batch-data-pipeline-c01-rd-s3-ecom-landing-b1d6",
            "statement_id": "AllowS3-ecommerce_batch_data_pipeline_c01_rd_s3_ecom_landing_5bde-ecommerce_batch_data_pipe-ea97f652",
            "statement_id_prefix": ""
          },
          "sensitive_attributes": [],
          "private": "bnVsbA==",
          "dependencies": [
            "aws_cloudwatch_log_group.ecommerce_batch_data_pipeline_c01_rd_lambda_lambda_procurements_preprocess_e87c_lg",
            "aws_iam_role.ecommerce_batch_data_pipeline_c01_rd_lambda_lambda_procurements_preprocess_e87c_role",
            "aws_lambda_function.ecommerce_batch_data_pipeline_c01_rd_lambda_lambda_procurements_preprocess_e87c",
            "aws_s3_bucket.ecommerce_batch_data_pipeline_c01_rd_s3_ecom_error_8f9d",
            "aws_s3_bucket.ecommerce_batch_data_pipeline_c01_rd_s3_ecom_landing_5bde",
            "aws_s3_bucket.ecommerce_batch_data_pipeline_c01_rd_s3_ecom_raw_994f",
            "data.archive_file.ecommerce_batch_data_pipeline_c01_rd_lambda_lambda_procurements_preprocess_e87c_placeholder"
          ]
        }
      ]
    },
    {
      "mode": "managed",
      "type": "aws_lambda_permission",
      "name": "ecommerce_batch_data_pipeline_c01_rd_s3_ecom_landing_5bde_invoke_ecommerce_batch_data_pipeline_c01_rd_lambda_lambda_products_preprocess_1f2f",
      "provider": "provider[\"registry.terraform.io/hashicorp/aws\"]",
      "instances": [
        {
          "schema_version": 0,
          "attributes": {
            "action": "lambda:InvokeFunction",
            "event_source_token": null,
            "function_name": "ecommerce-batch-data-pipeline-c01-rd-lambda-lambda-produ-c8e79b2",
            "function_url_auth_type": null,
            "id": "AllowS3-ecommerce_batch_data_pipeline_c01_rd_s3_ecom_landing_5bde-ecommerce_batch_data_pipe-f2e58569",
            "principal": "s3.amazonaws.com",
            "principal_org_id": null,
            "qualifier": "",
            "source_account": null,
            "source_arn": "arn:aws:s3:::ecommerce-batch-data-pipeline-c01-rd-s3-ecom-landing-b1d6",
            "statement_id": "AllowS3-ecommerce_batch_data_pipeline_c01_rd_s3_ecom_landing_5bde-ecommerce_batch_data_pipe-f2e58569",
            "statement_id_prefix": ""
          },
          "sensitive_attributes": [],
          "private": "bnVsbA==",
          "dependencies": [
            "aws_cloudwatch_log_group.ecommerce_batch_data_pipeline_c01_rd_lambda_lambda_products_preprocess_1f2f_lg",
            "aws_iam_role.ecommerce_batch_data_pipeline_c01_rd_lambda_lambda_products_preprocess_1f2f_role",
            "aws_lambda_function.ecommerce_batch_data_pipeline_c01_rd_lambda_lambda_products_preprocess_1f2f",
            "aws_s3_bucket.ecommerce_batch_data_pipeline_c01_rd_s3_ecom_error_8f9d",
            "aws_s3_bucket.ecommerce_batch_data_pipeline_c01_rd_s3_ecom_landing_5bde",
            "aws_s3_bucket.ecommerce_batch_data_pipeline_c01_rd_s3_ecom_raw_994f",
            "data.archive_file.ecommerce_batch_data_pipeline_c01_rd_lambda_lambda_products_preprocess_1f2f_placeholder"
          ]
        }
      ]
    },
    {
      "mode": "managed",
      "type": "aws_lambda_permission",
      "name": "ecommerce_batch_data_pipeline_c01_rd_s3_ecom_landing_5bde_invoke_ecommerce_batch_data_pipeline_c01_rd_lambda_lambda_stock_movements_preprocess_0bd4",
      "provider": "provider[\"registry.terraform.io/hashicorp/aws\"]",
      "instances": [
        {
          "schema_version": 0,
          "attributes": {
            "action": "lambda:InvokeFunction",
            "event_source_token": null,
            "function_name": "ecommerce-batch-data-pipeline-c01-rd-lambda-lambda-stock-95407a1",
            "function_url_auth_type": null,
            "id": "AllowS3-ecommerce_batch_data_pipeline_c01_rd_s3_ecom_landing_5bde-ecommerce_batch_data_pipe-16ffd4b9",
            "principal": "s3.amazonaws.com",
            "principal_org_id": null,
            "qualifier": "",
            "source_account": null,
            "source_arn": "arn:aws:s3:::ecommerce-batch-data-pipeline-c01-rd-s3-ecom-landing-b1d6",
            "statement_id": "AllowS3-ecommerce_batch_data_pipeline_c01_rd_s3_ecom_landing_5bde-ecommerce_batch_data_pipe-16ffd4b9",
            "statement_id_prefix": ""
          },
          "sensitive_attributes": [],
          "private": "bnVsbA==",
          "dependencies": [
            "aws_cloudwatch_log_group.ecommerce_batch_data_pipeline_c01_rd_lambda_lambda_stock_movements_preprocess_0bd4_lg",
            "aws_iam_role.ecommerce_batch_data_pipeline_c01_rd_lambda_lambda_stock_movements_preprocess_0bd4_role",
            "aws_lambda_function.ecommerce_batch_data_pipeline_c01_rd_lambda_lambda_stock_movements_preprocess_0bd4",
            "aws_s3_bucket.ecommerce_batch_data_pipeline_c01_rd_s3_ecom_error_8f9d",
            "aws_s3_bucket.ecommerce_batch_data_pipeline_c01_rd_s3_ecom_landing_5bde",
            "aws_s3_bucket.ecommerce_batch_data_pipeline_c01_rd_s3_ecom_raw_994f",
            "data.archive_file.ecommerce_batch_data_pipeline_c01_rd_lambda_lambda_stock_movements_preprocess_0bd4_placeholder"
          ]
        }
      ]
    },
    {
      "mode": "managed",
      "type": "aws_lambda_permission",
      "name": "ecommerce_batch_data_pipeline_c01_rd_s3_ecom_landing_5bde_invoke_ecommerce_batch_data_pipeline_c01_rd_lambda_lambda_suppliers_preprocess_d32f",
      "provider": "provider[\"registry.terraform.io/hashicorp/aws\"]",
      "instances": [
        {
          "schema_version": 0,
          "attributes": {
            "action": "lambda:InvokeFunction",
            "event_source_token": null,
            "function_name": "ecommerce-batch-data-pipeline-c01-rd-lambda-lambda-suppl-ca76e3e",
            "function_url_auth_type": null,
            "id": "AllowS3-ecommerce_batch_data_pipeline_c01_rd_s3_ecom_landing_5bde-ecommerce_batch_data_pipe-160d04ce",
            "principal": "s3.amazonaws.com",
            "principal_org_id": null,
            "qualifier": "",
            "source_account": null,
            "source_arn": "arn:aws:s3:::ecommerce-batch-data-pipeline-c01-rd-s3-ecom-landing-b1d6",
            "statement_id": "AllowS3-ecommerce_batch_data_pipeline_c01_rd_s3_ecom_landing_5bde-ecommerce_batch_data_pipe-160d04ce",
            "statement_id_prefix": ""
          },
          "sensitive_attributes": [],
          "private": "bnVsbA==",
          "dependencies": [
            "aws_cloudwatch_log_group.ecommerce_batch_data_pipeline_c01_rd_lambda_lambda_suppliers_preprocess_d32f_lg",
            "aws_iam_role.ecommerce_batch_data_pipeline_c01_rd_lambda_lambda_suppliers_preprocess_d32f_role",
            "aws_lambda_function.ecommerce_batch_data_pipeline_c01_rd_lambda_lambda_suppliers_preprocess_d32f",
            "aws_s3_bucket.ecommerce_batch_data_pipeline_c01_rd_s3_ecom_error_8f9d",
            "aws_s3_bucket.ecommerce_batch_data_pipeline_c01_rd_s3_ecom_landing_5bde",
            "aws_s3_bucket.ecommerce_batch_data_pipeline_c01_rd_s3_ecom_raw_994f",
            "data.archive_file.ecommerce_batch_data_pipeline_c01_rd_lambda_lambda_suppliers_preprocess_d32f_placeholder"
          ]
        }
      ]
    },
    {
      "mode": "managed",
      "type": "aws_lambda_permission",
      "name": "ecommerce_batch_data_pipeline_c01_rd_s3_ecom_landing_5bde_invoke_ecommerce_batch_data_pipeline_c01_rd_lambda_lambda_warehouses_preprocess_4c32",
      "provider": "provider[\"registry.terraform.io/hashicorp/aws\"]",
      "instances": [
        {
          "schema_version": 0,
          "attributes": {
            "action": "lambda:InvokeFunction",
            "event_source_token": null,
            "function_name": "ecommerce-batch-data-pipeline-c01-rd-lambda-lambda-wareh-4f98649",
            "function_url_auth_type": null,
            "id": "AllowS3-ecommerce_batch_data_pipeline_c01_rd_s3_ecom_landing_5bde-ecommerce_batch_data_pipe-8f3da408",
            "principal": "s3.amazonaws.com",
            "principal_org_id": null,
            "qualifier": "",
            "source_account": null,
            "source_arn": "arn:aws:s3:::ecommerce-batch-data-pipeline-c01-rd-s3-ecom-landing-b1d6",
            "statement_id": "AllowS3-ecommerce_batch_data_pipeline_c01_rd_s3_ecom_landing_5bde-ecommerce_batch_data_pipe-8f3da408",
            "statement_id_prefix": ""
          },
          "sensitive_attributes": [],
          "private": "bnVsbA==",
          "dependencies": [
            "aws_cloudwatch_log_group.ecommerce_batch_data_pipeline_c01_rd_lambda_lambda_warehouses_preprocess_4c32_lg",
            "aws_iam_role.ecommerce_batch_data_pipeline_c01_rd_lambda_lambda_warehouses_preprocess_4c32_role",
            "aws_lambda_function.ecommerce_batch_data_pipeline_c01_rd_lambda_lambda_warehouses_preprocess_4c32",
            "aws_s3_bucket.ecommerce_batch_data_pipeline_c01_rd_s3_ecom_error_8f9d",
            "aws_s3_bucket.ecommerce_batch_data_pipeline_c01_rd_s3_ecom_landing_5bde",
            "aws_s3_bucket.ecommerce_batch_data_pipeline_c01_rd_s3_ecom_raw_994f",
            "data.archive_file.ecommerce_batch_data_pipeline_c01_rd_lambda_lambda_warehouses_preprocess_4c32_placeholder"
          ]
        }
      ]
    },
    {
      "mode": "managed",
      "type": "aws_s3_bucket",
      "name": "ecommerce_batch_data_pipeline_c01_rd_s3_ecom_curated_33b7",
      "provider": "provider[\"registry.terraform.io/hashicorp/aws\"]",
      "instances": [
        {
          "schema_version": 0,
          "attributes": {
            "acceleration_status": "",
            "acl": null,
            "arn": "arn:aws:s3:::ecommerce-batch-data-pipeline-c01-rd-s3-ecom-curated-adac",
            "bucket": "ecommerce-batch-data-pipeline-c01-rd-s3-ecom-curated-adac",
            "bucket_domain_name": "ecommerce-batch-data-pipeline-c01-rd-s3-ecom-curated-adac.s3.amazonaws.com",
            "bucket_prefix": "",
            "bucket_regional_domain_name": "ecommerce-batch-data-pipeline-c01-rd-s3-ecom-curated-adac.s3.us-east-1.amazonaws.com",
            "cors_rule": [],
            "force_destroy": true,
            "grant": [
              {
                "id": "6b988a1bfb1696d044a07b3f9fd2a2a715c57a1b22eb6076238db5417a49eab2",
                "permissions": [
                  "FULL_CONTROL"
                ],
                "type": "CanonicalUser",
                "uri": ""
              }
            ],
            "hosted_zone_id": "Z3AQBSTGFYJSTF",
            "id": "ecommerce-batch-data-pipeline-c01-rd-s3-ecom-curated-adac",
            "lifecycle_rule": [],
            "logging": [],
            "object_lock_configuration": [],
            "object_lock_enabled": false,
            "policy": "",
            "region": "us-east-1",
            "replication_configuration": [],
            "request_payer": "BucketOwner",
            "server_side_encryption_configuration": [
              {
                "rule": [
                  {
                    "apply_server_side_encryption_by_default": [
                      {
                        "kms_master_key_id": "",
                        "sse_algorithm": "AES256"
                      }
                    ],
                    "bucket_key_enabled": false
                  }
                ]
              }
            ],
            "tags": {
              "BusinessUnit": "rd",
              "CostCenter": "c01",
              "ManagedBy": "aws-pipeline-engine",
              "Pipeline": "ecommerce_batch_data_pipeline"
            },
            "tags_all": {
              "BusinessUnit": "rd",
              "CostCenter": "c01",
              "ManagedBy": "aws-pipeline-engine",
              "Pipeline": "ecommerce_batch_data_pipeline"
            },
            "timeouts": null,
            "versioning": [
              {
                "enabled": false,
                "mfa_delete": false
              }
            ],
            "website": [],
            "website_domain": null,
            "website_endpoint": null
          },
          "sensitive_attributes": [],
          "private": "eyJlMmJmYjczMC1lY2FhLTExZTYtOGY4OC0zNDM2M2JjN2M0YzAiOnsiY3JlYXRlIjoxMjAwMDAwMDAwMDAwLCJkZWxldGUiOjM2MDAwMDAwMDAwMDAsInJlYWQiOjEyMDAwMDAwMDAwMDAsInVwZGF0ZSI6MTIwMDAwMDAwMDAwMH19"
        }
      ]
    },
    {
      "mode": "managed",
      "type": "aws_s3_bucket",
      "name": "ecommerce_batch_data_pipeline_c01_rd_s3_ecom_error_8f9d",
      "provider": "provider[\"registry.terraform.io/hashicorp/aws\"]",
      "instances": [
        {
          "schema_version": 0,
          "attributes": {
            "acceleration_status": "",
            "acl": null,
            "arn": "arn:aws:s3:::ecommerce-batch-data-pipeline-c01-rd-s3-ecom-error-eab3",
            "bucket": "ecommerce-batch-data-pipeline-c01-rd-s3-ecom-error-eab3",
            "bucket_domain_name": "ecommerce-batch-data-pipeline-c01-rd-s3-ecom-error-eab3.s3.amazonaws.com",
            "bucket_prefix": "",
            "bucket_regional_domain_name": "ecommerce-batch-data-pipeline-c01-rd-s3-ecom-error-eab3.s3.us-east-1.amazonaws.com",
            "cors_rule": [],
            "force_destroy": true,
            "grant": [
              {
                "id": "6b988a1bfb1696d044a07b3f9fd2a2a715c57a1b22eb6076238db5417a49eab2",
                "permissions": [
                  "FULL_CONTROL"
                ],
                "type": "CanonicalUser",
                "uri": ""
              }
            ],
            "hosted_zone_id": "Z3AQBSTGFYJSTF",
            "id": "ecommerce-batch-data-pipeline-c01-rd-s3-ecom-error-eab3",
            "lifecycle_rule": [],
            "logging": [],
            "object_lock_configuration": [],
            "object_lock_enabled": false,
            "policy": "",
            "region": "us-east-1",
            "replication_configuration": [],
            "request_payer": "BucketOwner",
            "server_side_encryption_configuration": [
              {
                "rule": [
                  {
                    "apply_server_side_encryption_by_default": [
                      {
                        "kms_master_key_id": "",
                        "sse_algorithm": "AES256"
                      }
                    ],
                    "bucket_key_enabled": false
                  }
                ]
              }
            ],
            "tags": {
              "BusinessUnit": "rd",
              "CostCenter": "c01",
              "ManagedBy": "aws-pipeline-engine",
              "Pipeline": "ecommerce_batch_data_pipeline"
            },
            "tags_all": {
              "BusinessUnit": "rd",
              "CostCenter": "c01",
              "ManagedBy": "aws-pipeline-engine",
              "Pipeline": "ecommerce_batch_data_pipeline"
            },
            "timeouts": null,
            "versioning": [
              {
                "enabled": false,
                "mfa_delete": false
              }
            ],
            "website": [],
            "website_domain": null,
            "website_endpoint": null
          },
          "sensitive_attributes": [],
          "private": "eyJlMmJmYjczMC1lY2FhLTExZTYtOGY4OC0zNDM2M2JjN2M0YzAiOnsiY3JlYXRlIjoxMjAwMDAwMDAwMDAwLCJkZWxldGUiOjM2MDAwMDAwMDAwMDAsInJlYWQiOjEyMDAwMDAwMDAwMDAsInVwZGF0ZSI6MTIwMDAwMDAwMDAwMH19"
        }
      ]
    },
    {
      "mode": "managed",
      "type": "aws_s3_bucket",
      "name": "ecommerce_batch_data_pipeline_c01_rd_s3_ecom_landing_5bde",
      "provider": "provider[\"registry.terraform.io/hashicorp/aws\"]",
      "instances": [
        {
          "schema_version": 0,
          "attributes": {
            "acceleration_status": "",
            "acl": null,
            "arn": "arn:aws:s3:::ecommerce-batch-data-pipeline-c01-rd-s3-ecom-landing-b1d6",
            "bucket": "ecommerce-batch-data-pipeline-c01-rd-s3-ecom-landing-b1d6",
            "bucket_domain_name": "ecommerce-batch-data-pipeline-c01-rd-s3-ecom-landing-b1d6.s3.amazonaws.com",
            "bucket_prefix": "",
            "bucket_regional_domain_name": "ecommerce-batch-data-pipeline-c01-rd-s3-ecom-landing-b1d6.s3.us-east-1.amazonaws.com",
            "cors_rule": [],
            "force_destroy": true,
            "grant": [
              {
                "id": "6b988a1bfb1696d044a07b3f9fd2a2a715c57a1b22eb6076238db5417a49eab2",
                "permissions": [
                  "FULL_CONTROL"
                ],
                "type": "CanonicalUser",
                "uri": ""
              }
            ],
            "hosted_zone_id": "Z3AQBSTGFYJSTF",
            "id": "ecommerce-batch-data-pipeline-c01-rd-s3-ecom-landing-b1d6",
            "lifecycle_rule": [],
            "logging": [],
            "object_lock_configuration": [],
            "object_lock_enabled": false,
            "policy": "",
            "region": "us-east-1",
            "replication_configuration": [],
            "request_payer": "BucketOwner",
            "server_side_encryption_configuration": [
              {
                "rule": [
                  {
                    "apply_server_side_encryption_by_default": [
                      {
                        "kms_master_key_id": "",
                        "sse_algorithm": "AES256"
                      }
                    ],
                    "bucket_key_enabled": false
                  }
                ]
              }
            ],
            "tags": {
              "BusinessUnit": "rd",
              "CostCenter": "c01",
              "ManagedBy": "aws-pipeline-engine",
              "Pipeline": "ecommerce_batch_data_pipeline"
            },
            "tags_all": {
              "BusinessUnit": "rd",
              "CostCenter": "c01",
              "ManagedBy": "aws-pipeline-engine",
              "Pipeline": "ecommerce_batch_data_pipeline"
            },
            "timeouts": null,
            "versioning": [
              {
                "enabled": false,
                "mfa_delete": false
              }
            ],
            "website": [],
            "website_domain": null,
            "website_endpoint": null
          },
          "sensitive_attributes": [],
          "private": "eyJlMmJmYjczMC1lY2FhLTExZTYtOGY4OC0zNDM2M2JjN2M0YzAiOnsiY3JlYXRlIjoxMjAwMDAwMDAwMDAwLCJkZWxldGUiOjM2MDAwMDAwMDAwMDAsInJlYWQiOjEyMDAwMDAwMDAwMDAsInVwZGF0ZSI6MTIwMDAwMDAwMDAwMH19"
        }
      ]
    },
    {
      "mode": "managed",
      "type": "aws_s3_bucket",
      "name": "ecommerce_batch_data_pipeline_c01_rd_s3_ecom_raw_994f",
      "provider": "provider[\"registry.terraform.io/hashicorp/aws\"]",
      "instances": [
        {
          "schema_version": 0,
          "attributes": {
            "acceleration_status": "",
            "acl": null,
            "arn": "arn:aws:s3:::ecommerce-batch-data-pipeline-c01-rd-s3-ecom-raw-fdee",
            "bucket": "ecommerce-batch-data-pipeline-c01-rd-s3-ecom-raw-fdee",
            "bucket_domain_name": "ecommerce-batch-data-pipeline-c01-rd-s3-ecom-raw-fdee.s3.amazonaws.com",
            "bucket_prefix": "",
            "bucket_regional_domain_name": "ecommerce-batch-data-pipeline-c01-rd-s3-ecom-raw-fdee.s3.us-east-1.amazonaws.com",
            "cors_rule": [],
            "force_destroy": true,
            "grant": [
              {
                "id": "6b988a1bfb1696d044a07b3f9fd2a2a715c57a1b22eb6076238db5417a49eab2",
                "permissions": [
                  "FULL_CONTROL"
                ],
                "type": "CanonicalUser",
                "uri": ""
              }
            ],
            "hosted_zone_id": "Z3AQBSTGFYJSTF",
            "id": "ecommerce-batch-data-pipeline-c01-rd-s3-ecom-raw-fdee",
            "lifecycle_rule": [],
            "logging": [],
            "object_lock_configuration": [],
            "object_lock_enabled": false,
            "policy": "",
            "region": "us-east-1",
            "replication_configuration": [],
            "request_payer": "BucketOwner",
            "server_side_encryption_configuration": [
              {
                "rule": [
                  {
                    "apply_server_side_encryption_by_default": [
                      {
                        "kms_master_key_id": "",
                        "sse_algorithm": "AES256"
                      }
                    ],
                    "bucket_key_enabled": false
                  }
                ]
              }
            ],
            "tags": {
              "BusinessUnit": "rd",
              "CostCenter": "c01",
              "ManagedBy": "aws-pipeline-engine",
              "Pipeline": "ecommerce_batch_data_pipeline"
            },
            "tags_all": {
              "BusinessUnit": "rd",
              "CostCenter": "c01",
              "ManagedBy": "aws-pipeline-engine",
              "Pipeline": "ecommerce_batch_data_pipeline"
            },
            "timeouts": null,
            "versioning": [
              {
                "enabled": false,
                "mfa_delete": false
              }
            ],
            "website": [],
            "website_domain": null,
            "website_endpoint": null
          },
          "sensitive_attributes": [],
          "private": "eyJlMmJmYjczMC1lY2FhLTExZTYtOGY4OC0zNDM2M2JjN2M0YzAiOnsiY3JlYXRlIjoxMjAwMDAwMDAwMDAwLCJkZWxldGUiOjM2MDAwMDAwMDAwMDAsInJlYWQiOjEyMDAwMDAwMDAwMDAsInVwZGF0ZSI6MTIwMDAwMDAwMDAwMH19"
        }
      ]
    },
    {
      "mode": "managed",
      "type": "aws_s3_bucket_server_side_encryption_configuration",
      "name": "ecommerce_batch_data_pipeline_c01_rd_s3_ecom_curated_33b7_sse",
      "provider": "provider[\"registry.terraform.io/hashicorp/aws\"]",
      "instances": [
        {
          "schema_version": 0,
          "attributes": {
            "bucket": "ecommerce-batch-data-pipeline-c01-rd-s3-ecom-curated-adac",
            "expected_bucket_owner": "",
            "id": "ecommerce-batch-data-pipeline-c01-rd-s3-ecom-curated-adac",
            "rule": [
              {
                "apply_server_side_encryption_by_default": [
                  {
                    "kms_master_key_id": "",
                    "sse_algorithm": "AES256"
                  }
                ],
                "bucket_key_enabled": null
              }
            ]
          },
          "sensitive_attributes": [],
          "private": "bnVsbA==",
          "dependencies": [
            "aws_s3_bucket.ecommerce_batch_data_pipeline_c01_rd_s3_ecom_curated_33b7"
          ]
        }
      ]
    },
    {
      "mode": "managed",
      "type": "aws_s3_bucket_server_side_encryption_configuration",
      "name": "ecommerce_batch_data_pipeline_c01_rd_s3_ecom_error_8f9d_sse",
      "provider": "provider[\"registry.terraform.io/hashicorp/aws\"]",
      "instances": [
        {
          "schema_version": 0,
          "attributes": {
            "bucket": "ecommerce-batch-data-pipeline-c01-rd-s3-ecom-error-eab3",
            "expected_bucket_owner": "",
            "id": "ecommerce-batch-data-pipeline-c01-rd-s3-ecom-error-eab3",
            "rule": [
              {
                "apply_server_side_encryption_by_default": [
                  {
                    "kms_master_key_id": "",
                    "sse_algorithm": "AES256"
                  }
                ],
                "bucket_key_enabled": null
              }
            ]
          },
          "sensitive_attributes": [],
          "private": "bnVsbA==",
          "dependencies": [
            "aws_s3_bucket.ecommerce_batch_data_pipeline_c01_rd_s3_ecom_error_8f9d"
          ]
        }
      ]
    },
    {
      "mode": "managed",
      "type": "aws_s3_bucket_server_side_encryption_configuration",
      "name": "ecommerce_batch_data_pipeline_c01_rd_s3_ecom_landing_5bde_sse",
      "provider": "provider[\"registry.terraform.io/hashicorp/aws\"]",
      "instances": [
        {
          "schema_version": 0,
          "attributes": {
            "bucket": "ecommerce-batch-data-pipeline-c01-rd-s3-ecom-landing-b1d6",
            "expected_bucket_owner": "",
            "id": "ecommerce-batch-data-pipeline-c01-rd-s3-ecom-landing-b1d6",
            "rule": [
              {
                "apply_server_side_encryption_by_default": [
                  {
                    "kms_master_key_id": "",
                    "sse_algorithm": "AES256"
                  }
                ],
                "bucket_key_enabled": null
              }
            ]
          },
          "sensitive_attributes": [],
          "private": "bnVsbA==",
          "dependencies": [
            "aws_s3_bucket.ecommerce_batch_data_pipeline_c01_rd_s3_ecom_landing_5bde"
          ]
        }
      ]
    },
    {
      "mode": "managed",
      "type": "aws_s3_bucket_server_side_encryption_configuration",
      "name": "ecommerce_batch_data_pipeline_c01_rd_s3_ecom_raw_994f_sse",
      "provider": "provider[\"registry.terraform.io/hashicorp/aws\"]",
      "instances": [
        {
          "schema_version": 0,
          "attributes": {
            "bucket": "ecommerce-batch-data-pipeline-c01-rd-s3-ecom-raw-fdee",
            "expected_bucket_owner": "",
            "id": "ecommerce-batch-data-pipeline-c01-rd-s3-ecom-raw-fdee",
            "rule": [
              {
                "apply_server_side_encryption_by_default": [
                  {
                    "kms_master_key_id": "",
                    "sse_algorithm": "AES256"
                  }
                ],
                "bucket_key_enabled": null
              }
            ]
          },
          "sensitive_attributes": [],
          "private": "bnVsbA==",
          "dependencies": [
            "aws_s3_bucket.ecommerce_batch_data_pipeline_c01_rd_s3_ecom_raw_994f"
          ]
        }
      ]
    },
    {
      "mode": "managed",
      "type": "aws_s3_bucket_versioning",
      "name": "ecommerce_batch_data_pipeline_c01_rd_s3_ecom_curated_33b7_versioning",
      "provider": "provider[\"registry.terraform.io/hashicorp/aws\"]",
      "instances": [
        {
          "schema_version": 0,
          "attributes": {
            "bucket": "ecommerce-batch-data-pipeline-c01-rd-s3-ecom-curated-adac",
            "expected_bucket_owner": "",
            "id": "ecommerce-batch-data-pipeline-c01-rd-s3-ecom-curated-adac",
            "mfa": null,
            "versioning_configuration": [
              {
                "mfa_delete": "",
                "status": "Suspended"
              }
            ]
          },
          "sensitive_attributes": [],
          "private": "bnVsbA==",
          "dependencies": [
            "aws_s3_bucket.ecommerce_batch_data_pipeline_c01_rd_s3_ecom_curated_33b7"
          ]
        }
      ]
    },
    {
      "mode": "managed",
      "type": "aws_s3_bucket_versioning",
      "name": "ecommerce_batch_data_pipeline_c01_rd_s3_ecom_error_8f9d_versioning",
      "provider": "provider[\"registry.terraform.io/hashicorp/aws\"]",
      "instances": [
        {
          "schema_version": 0,
          "attributes": {
            "bucket": "ecommerce-batch-data-pipeline-c01-rd-s3-ecom-error-eab3",
            "expected_bucket_owner": "",
            "id": "ecommerce-batch-data-pipeline-c01-rd-s3-ecom-error-eab3",
            "mfa": null,
            "versioning_configuration": [
              {
                "mfa_delete": "",
                "status": "Suspended"
              }
            ]
          },
          "sensitive_attributes": [],
          "private": "bnVsbA==",
          "dependencies": [
            "aws_s3_bucket.ecommerce_batch_data_pipeline_c01_rd_s3_ecom_error_8f9d"
          ]
        }
      ]
    },
    {
      "mode": "managed",
      "type": "aws_s3_bucket_versioning",
      "name": "ecommerce_batch_data_pipeline_c01_rd_s3_ecom_landing_5bde_versioning",
      "provider": "provider[\"registry.terraform.io/hashicorp/aws\"]",
      "instances": [
        {
          "schema_version": 0,
          "attributes": {
            "bucket": "ecommerce-batch-data-pipeline-c01-rd-s3-ecom-landing-b1d6",
            "expected_bucket_owner": "",
            "id": "ecommerce-batch-data-pipeline-c01-rd-s3-ecom-landing-b1d6",
            "mfa": null,
            "versioning_configuration": [
              {
                "mfa_delete": "",
                "status": "Suspended"
              }
            ]
          },
          "sensitive_attributes": [],
          "private": "bnVsbA==",
          "dependencies": [
            "aws_s3_bucket.ecommerce_batch_data_pipeline_c01_rd_s3_ecom_landing_5bde"
          ]
        }
      ]
    },
    {
      "mode": "managed",
      "type": "aws_s3_bucket_versioning",
      "name": "ecommerce_batch_data_pipeline_c01_rd_s3_ecom_raw_994f_versioning",
      "provider": "provider[\"registry.terraform.io/hashicorp/aws\"]",
      "instances": [
        {
          "schema_version": 0,
          "attributes": {
            "bucket": "ecommerce-batch-data-pipeline-c01-rd-s3-ecom-raw-fdee",
            "expected_bucket_owner": "",
            "id": "ecommerce-batch-data-pipeline-c01-rd-s3-ecom-raw-fdee",
            "mfa": null,
            "versioning_configuration": [
              {
                "mfa_delete": "",
                "status": "Suspended"
              }
            ]
          },
          "sensitive_attributes": [],
          "private": "bnVsbA==",
          "dependencies": [
            "aws_s3_bucket.ecommerce_batch_data_pipeline_c01_rd_s3_ecom_raw_994f"
          ]
        }
      ]
    }
  ],
  "check_results": null
}
