{
  "version": 4,
  "terraform_version": "1.7.5",
  "serial": 82,
  "lineage": "529d87ec-d866-a450-77ef-8825972b86c5",
  "outputs": {},
  "resources": [
    {
      "mode": "data",
      "type": "archive_file",
      "name": "ecom_batch_data_pipeline_d01_rd_lambda_lambda_categories_preprocess_8848_placeholder",
      "provider": "provider[\"registry.terraform.io/hashicorp/archive\"]",
      "instances": [
        {
          "schema_version": 0,
          "attributes": {
            "exclude_symlink_directories": null,
            "excludes": null,
            "id": "f59f3fd420ddaa451ce12fb440deb2aa076e6172",
            "output_base64sha256": "LmcgHcF2xlW0KH/h8do1eRPlc9I5gAA6/LTH/6iiCAM=",
            "output_base64sha512": "qEl4hschIDtZI/cxJuiutUlGG5PkLE253Ng5kS1rICHmzYbU7mS1WybzCNffsBdM+q5UiwHLo8/J2lXnSfZNnw==",
            "output_file_mode": null,
            "output_md5": "2890be29225d7ea7b0499f76bebd6c93",
            "output_path": "./ecom_batch_data_pipeline_d01_rd_lambda_lambda_categories_preprocess_8848_placeholder.zip",
            "output_sha": "f59f3fd420ddaa451ce12fb440deb2aa076e6172",
            "output_sha256": "2e67201dc176c655b4287fe1f1da357913e573d23980003afcb4c7ffa8a20803",
            "output_sha512": "a8497886c721203b5923f73126e8aeb549461b93e42c4db9dcd839912d6b2021e6cd86d4ee64b55b26f308d7dfb0174cfaae548b01cba3cfc9da55e749f64d9f",
            "output_size": 195,
            "source": [
              {
                "content": "def handler(event, context):\n    return {\"statusCode\": 200}",
                "filename": "index.py"
              }
            ],
            "source_content": null,
            "source_content_filename": null,
            "source_dir": null,
            "source_file": null,
            "type": "zip"
          },
          "sensitive_attributes": []
        }
      ]
    },
    {
      "mode": "data",
      "type": "archive_file",
      "name": "ecom_batch_data_pipeline_d01_rd_lambda_lambda_customers_preprocess_1c3f_placeholder",
      "provider": "provider[\"registry.terraform.io/hashicorp/archive\"]",
      "instances": [
        {
          "schema_version": 0,
          "attributes": {
            "exclude_symlink_directories": null,
            "excludes": null,
            "id": "f59f3fd420ddaa451ce12fb440deb2aa076e6172",
            "output_base64sha256": "LmcgHcF2xlW0KH/h8do1eRPlc9I5gAA6/LTH/6iiCAM=",
            "output_base64sha512": "qEl4hschIDtZI/cxJuiutUlGG5PkLE253Ng5kS1rICHmzYbU7mS1WybzCNffsBdM+q5UiwHLo8/J2lXnSfZNnw==",
            "output_file_mode": null,
            "output_md5": "2890be29225d7ea7b0499f76bebd6c93",
            "output_path": "./ecom_batch_data_pipeline_d01_rd_lambda_lambda_customers_preprocess_1c3f_placeholder.zip",
            "output_sha": "f59f3fd420ddaa451ce12fb440deb2aa076e6172",
            "output_sha256": "2e67201dc176c655b4287fe1f1da357913e573d23980003afcb4c7ffa8a20803",
            "output_sha512": "a8497886c721203b5923f73126e8aeb549461b93e42c4db9dcd839912d6b2021e6cd86d4ee64b55b26f308d7dfb0174cfaae548b01cba3cfc9da55e749f64d9f",
            "output_size": 195,
            "source": [
              {
                "content": "def handler(event, context):\n    return {\"statusCode\": 200}",
                "filename": "index.py"
              }
            ],
            "source_content": null,
            "source_content_filename": null,
            "source_dir": null,
            "source_file": null,
            "type": "zip"
          },
          "sensitive_attributes": []
        }
      ]
    },
    {
      "mode": "data",
      "type": "archive_file",
      "name": "ecom_batch_data_pipeline_d01_rd_lambda_lambda_enrich_transform_f868_placeholder",
      "provider": "provider[\"registry.terraform.io/hashicorp/archive\"]",
      "instances": [
        {
          "schema_version": 0,
          "attributes": {
            "exclude_symlink_directories": null,
            "excludes": null,
            "id": "f59f3fd420ddaa451ce12fb440deb2aa076e6172",
            "output_base64sha256": "LmcgHcF2xlW0KH/h8do1eRPlc9I5gAA6/LTH/6iiCAM=",
            "output_base64sha512": "qEl4hschIDtZI/cxJuiutUlGG5PkLE253Ng5kS1rICHmzYbU7mS1WybzCNffsBdM+q5UiwHLo8/J2lXnSfZNnw==",
            "output_file_mode": null,
            "output_md5": "2890be29225d7ea7b0499f76bebd6c93",
            "output_path": "./ecom_batch_data_pipeline_d01_rd_lambda_lambda_enrich_transform_f868_placeholder.zip",
            "output_sha": "f59f3fd420ddaa451ce12fb440deb2aa076e6172",
            "output_sha256": "2e67201dc176c655b4287fe1f1da357913e573d23980003afcb4c7ffa8a20803",
            "output_sha512": "a8497886c721203b5923f73126e8aeb549461b93e42c4db9dcd839912d6b2021e6cd86d4ee64b55b26f308d7dfb0174cfaae548b01cba3cfc9da55e749f64d9f",
            "output_size": 195,
            "source": [
              {
                "content": "def handler(event, context):\n    return {\"statusCode\": 200}",
                "filename": "index.py"
              }
            ],
            "source_content": null,
            "source_content_filename": null,
            "source_dir": null,
            "source_file": null,
            "type": "zip"
          },
          "sensitive_attributes": []
        }
      ]
    },
    {
      "mode": "data",
      "type": "archive_file",
      "name": "ecom_batch_data_pipeline_d01_rd_lambda_lambda_inventory_preprocess_3e0f_placeholder",
      "provider": "provider[\"registry.terraform.io/hashicorp/archive\"]",
      "instances": [
        {
          "schema_version": 0,
          "attributes": {
            "exclude_symlink_directories": null,
            "excludes": null,
            "id": "f59f3fd420ddaa451ce12fb440deb2aa076e6172",
            "output_base64sha256": "LmcgHcF2xlW0KH/h8do1eRPlc9I5gAA6/LTH/6iiCAM=",
            "output_base64sha512": "qEl4hschIDtZI/cxJuiutUlGG5PkLE253Ng5kS1rICHmzYbU7mS1WybzCNffsBdM+q5UiwHLo8/J2lXnSfZNnw==",
            "output_file_mode": null,
            "output_md5": "2890be29225d7ea7b0499f76bebd6c93",
            "output_path": "./ecom_batch_data_pipeline_d01_rd_lambda_lambda_inventory_preprocess_3e0f_placeholder.zip",
            "output_sha": "f59f3fd420ddaa451ce12fb440deb2aa076e6172",
            "output_sha256": "2e67201dc176c655b4287fe1f1da357913e573d23980003afcb4c7ffa8a20803",
            "output_sha512": "a8497886c721203b5923f73126e8aeb549461b93e42c4db9dcd839912d6b2021e6cd86d4ee64b55b26f308d7dfb0174cfaae548b01cba3cfc9da55e749f64d9f",
            "output_size": 195,
            "source": [
              {
                "content": "def handler(event, context):\n    return {\"statusCode\": 200}",
                "filename": "index.py"
              }
            ],
            "source_content": null,
            "source_content_filename": null,
            "source_dir": null,
            "source_file": null,
            "type": "zip"
          },
          "sensitive_attributes": []
        }
      ]
    },
    {
      "mode": "data",
      "type": "archive_file",
      "name": "ecom_batch_data_pipeline_d01_rd_lambda_lambda_order_items_preprocess_bc52_placeholder",
      "provider": "provider[\"registry.terraform.io/hashicorp/archive\"]",
      "instances": [
        {
          "schema_version": 0,
          "attributes": {
            "exclude_symlink_directories": null,
            "excludes": null,
            "id": "f59f3fd420ddaa451ce12fb440deb2aa076e6172",
            "output_base64sha256": "LmcgHcF2xlW0KH/h8do1eRPlc9I5gAA6/LTH/6iiCAM=",
            "output_base64sha512": "qEl4hschIDtZI/cxJuiutUlGG5PkLE253Ng5kS1rICHmzYbU7mS1WybzCNffsBdM+q5UiwHLo8/J2lXnSfZNnw==",
            "output_file_mode": null,
            "output_md5": "2890be29225d7ea7b0499f76bebd6c93",
            "output_path": "./ecom_batch_data_pipeline_d01_rd_lambda_lambda_order_items_preprocess_bc52_placeholder.zip",
            "output_sha": "f59f3fd420ddaa451ce12fb440deb2aa076e6172",
            "output_sha256": "2e67201dc176c655b4287fe1f1da357913e573d23980003afcb4c7ffa8a20803",
            "output_sha512": "a8497886c721203b5923f73126e8aeb549461b93e42c4db9dcd839912d6b2021e6cd86d4ee64b55b26f308d7dfb0174cfaae548b01cba3cfc9da55e749f64d9f",
            "output_size": 195,
            "source": [
              {
                "content": "def handler(event, context):\n    return {\"statusCode\": 200}",
                "filename": "index.py"
              }
            ],
            "source_content": null,
            "source_content_filename": null,
            "source_dir": null,
            "source_file": null,
            "type": "zip"
          },
          "sensitive_attributes": []
        }
      ]
    },
    {
      "mode": "data",
      "type": "archive_file",
      "name": "ecom_batch_data_pipeline_d01_rd_lambda_lambda_orders_preprocess_a96d_placeholder",
      "provider": "provider[\"registry.terraform.io/hashicorp/archive\"]",
      "instances": [
        {
          "schema_version": 0,
          "attributes": {
            "exclude_symlink_directories": null,
            "excludes": null,
            "id": "f59f3fd420ddaa451ce12fb440deb2aa076e6172",
            "output_base64sha256": "LmcgHcF2xlW0KH/h8do1eRPlc9I5gAA6/LTH/6iiCAM=",
            "output_base64sha512": "qEl4hschIDtZI/cxJuiutUlGG5PkLE253Ng5kS1rICHmzYbU7mS1WybzCNffsBdM+q5UiwHLo8/J2lXnSfZNnw==",
            "output_file_mode": null,
            "output_md5": "2890be29225d7ea7b0499f76bebd6c93",
            "output_path": "./ecom_batch_data_pipeline_d01_rd_lambda_lambda_orders_preprocess_a96d_placeholder.zip",
            "output_sha": "f59f3fd420ddaa451ce12fb440deb2aa076e6172",
            "output_sha256": "2e67201dc176c655b4287fe1f1da357913e573d23980003afcb4c7ffa8a20803",
            "output_sha512": "a8497886c721203b5923f73126e8aeb549461b93e42c4db9dcd839912d6b2021e6cd86d4ee64b55b26f308d7dfb0174cfaae548b01cba3cfc9da55e749f64d9f",
            "output_size": 195,
            "source": [
              {
                "content": "def handler(event, context):\n    return {\"statusCode\": 200}",
                "filename": "index.py"
              }
            ],
            "source_content": null,
            "source_content_filename": null,
            "source_dir": null,
            "source_file": null,
            "type": "zip"
          },
          "sensitive_attributes": []
        }
      ]
    },
    {
      "mode": "data",
      "type": "archive_file",
      "name": "ecom_batch_data_pipeline_d01_rd_lambda_lambda_procurements_preprocess_ba45_placeholder",
      "provider": "provider[\"registry.terraform.io/hashicorp/archive\"]",
      "instances": [
        {
          "schema_version": 0,
          "attributes": {
            "exclude_symlink_directories": null,
            "excludes": null,
            "id": "f59f3fd420ddaa451ce12fb440deb2aa076e6172",
            "output_base64sha256": "LmcgHcF2xlW0KH/h8do1eRPlc9I5gAA6/LTH/6iiCAM=",
            "output_base64sha512": "qEl4hschIDtZI/cxJuiutUlGG5PkLE253Ng5kS1rICHmzYbU7mS1WybzCNffsBdM+q5UiwHLo8/J2lXnSfZNnw==",
            "output_file_mode": null,
            "output_md5": "2890be29225d7ea7b0499f76bebd6c93",
            "output_path": "./ecom_batch_data_pipeline_d01_rd_lambda_lambda_procurements_preprocess_ba45_placeholder.zip",
            "output_sha": "f59f3fd420ddaa451ce12fb440deb2aa076e6172",
            "output_sha256": "2e67201dc176c655b4287fe1f1da357913e573d23980003afcb4c7ffa8a20803",
            "output_sha512": "a8497886c721203b5923f73126e8aeb549461b93e42c4db9dcd839912d6b2021e6cd86d4ee64b55b26f308d7dfb0174cfaae548b01cba3cfc9da55e749f64d9f",
            "output_size": 195,
            "source": [
              {
                "content": "def handler(event, context):\n    return {\"statusCode\": 200}",
                "filename": "index.py"
              }
            ],
            "source_content": null,
            "source_content_filename": null,
            "source_dir": null,
            "source_file": null,
            "type": "zip"
          },
          "sensitive_attributes": []
        }
      ]
    },
    {
      "mode": "data",
      "type": "archive_file",
      "name": "ecom_batch_data_pipeline_d01_rd_lambda_lambda_products_preprocess_2010_placeholder",
      "provider": "provider[\"registry.terraform.io/hashicorp/archive\"]",
      "instances": [
        {
          "schema_version": 0,
          "attributes": {
            "exclude_symlink_directories": null,
            "excludes": null,
            "id": "f59f3fd420ddaa451ce12fb440deb2aa076e6172",
            "output_base64sha256": "LmcgHcF2xlW0KH/h8do1eRPlc9I5gAA6/LTH/6iiCAM=",
            "output_base64sha512": "qEl4hschIDtZI/cxJuiutUlGG5PkLE253Ng5kS1rICHmzYbU7mS1WybzCNffsBdM+q5UiwHLo8/J2lXnSfZNnw==",
            "output_file_mode": null,
            "output_md5": "2890be29225d7ea7b0499f76bebd6c93",
            "output_path": "./ecom_batch_data_pipeline_d01_rd_lambda_lambda_products_preprocess_2010_placeholder.zip",
            "output_sha": "f59f3fd420ddaa451ce12fb440deb2aa076e6172",
            "output_sha256": "2e67201dc176c655b4287fe1f1da357913e573d23980003afcb4c7ffa8a20803",
            "output_sha512": "a8497886c721203b5923f73126e8aeb549461b93e42c4db9dcd839912d6b2021e6cd86d4ee64b55b26f308d7dfb0174cfaae548b01cba3cfc9da55e749f64d9f",
            "output_size": 195,
            "source": [
              {
                "content": "def handler(event, context):\n    return {\"statusCode\": 200}",
                "filename": "index.py"
              }
            ],
            "source_content": null,
            "source_content_filename": null,
            "source_dir": null,
            "source_file": null,
            "type": "zip"
          },
          "sensitive_attributes": []
        }
      ]
    },
    {
      "mode": "data",
      "type": "archive_file",
      "name": "ecom_batch_data_pipeline_d01_rd_lambda_lambda_stock_movements_preprocess_7aae_placeholder",
      "provider": "provider[\"registry.terraform.io/hashicorp/archive\"]",
      "instances": [
        {
          "schema_version": 0,
          "attributes": {
            "exclude_symlink_directories": null,
            "excludes": null,
            "id": "f59f3fd420ddaa451ce12fb440deb2aa076e6172",
            "output_base64sha256": "LmcgHcF2xlW0KH/h8do1eRPlc9I5gAA6/LTH/6iiCAM=",
            "output_base64sha512": "qEl4hschIDtZI/cxJuiutUlGG5PkLE253Ng5kS1rICHmzYbU7mS1WybzCNffsBdM+q5UiwHLo8/J2lXnSfZNnw==",
            "output_file_mode": null,
            "output_md5": "2890be29225d7ea7b0499f76bebd6c93",
            "output_path": "./ecom_batch_data_pipeline_d01_rd_lambda_lambda_stock_movements_preprocess_7aae_placeholder.zip",
            "output_sha": "f59f3fd420ddaa451ce12fb440deb2aa076e6172",
            "output_sha256": "2e67201dc176c655b4287fe1f1da357913e573d23980003afcb4c7ffa8a20803",
            "output_sha512": "a8497886c721203b5923f73126e8aeb549461b93e42c4db9dcd839912d6b2021e6cd86d4ee64b55b26f308d7dfb0174cfaae548b01cba3cfc9da55e749f64d9f",
            "output_size": 195,
            "source": [
              {
                "content": "def handler(event, context):\n    return {\"statusCode\": 200}",
                "filename": "index.py"
              }
            ],
            "source_content": null,
            "source_content_filename": null,
            "source_dir": null,
            "source_file": null,
            "type": "zip"
          },
          "sensitive_attributes": []
        }
      ]
    },
    {
      "mode": "data",
      "type": "archive_file",
      "name": "ecom_batch_data_pipeline_d01_rd_lambda_lambda_suppliers_preprocess_3f7f_placeholder",
      "provider": "provider[\"registry.terraform.io/hashicorp/archive\"]",
      "instances": [
        {
          "schema_version": 0,
          "attributes": {
            "exclude_symlink_directories": null,
            "excludes": null,
            "id": "f59f3fd420ddaa451ce12fb440deb2aa076e6172",
            "output_base64sha256": "LmcgHcF2xlW0KH/h8do1eRPlc9I5gAA6/LTH/6iiCAM=",
            "output_base64sha512": "qEl4hschIDtZI/cxJuiutUlGG5PkLE253Ng5kS1rICHmzYbU7mS1WybzCNffsBdM+q5UiwHLo8/J2lXnSfZNnw==",
            "output_file_mode": null,
            "output_md5": "2890be29225d7ea7b0499f76bebd6c93",
            "output_path": "./ecom_batch_data_pipeline_d01_rd_lambda_lambda_suppliers_preprocess_3f7f_placeholder.zip",
            "output_sha": "f59f3fd420ddaa451ce12fb440deb2aa076e6172",
            "output_sha256": "2e67201dc176c655b4287fe1f1da357913e573d23980003afcb4c7ffa8a20803",
            "output_sha512": "a8497886c721203b5923f73126e8aeb549461b93e42c4db9dcd839912d6b2021e6cd86d4ee64b55b26f308d7dfb0174cfaae548b01cba3cfc9da55e749f64d9f",
            "output_size": 195,
            "source": [
              {
                "content": "def handler(event, context):\n    return {\"statusCode\": 200}",
                "filename": "index.py"
              }
            ],
            "source_content": null,
            "source_content_filename": null,
            "source_dir": null,
            "source_file": null,
            "type": "zip"
          },
          "sensitive_attributes": []
        }
      ]
    },
    {
      "mode": "data",
      "type": "archive_file",
      "name": "ecom_batch_data_pipeline_d01_rd_lambda_lambda_warehouses_preprocess_7642_placeholder",
      "provider": "provider[\"registry.terraform.io/hashicorp/archive\"]",
      "instances": [
        {
          "schema_version": 0,
          "attributes": {
            "exclude_symlink_directories": null,
            "excludes": null,
            "id": "f59f3fd420ddaa451ce12fb440deb2aa076e6172",
            "output_base64sha256": "LmcgHcF2xlW0KH/h8do1eRPlc9I5gAA6/LTH/6iiCAM=",
            "output_base64sha512": "qEl4hschIDtZI/cxJuiutUlGG5PkLE253Ng5kS1rICHmzYbU7mS1WybzCNffsBdM+q5UiwHLo8/J2lXnSfZNnw==",
            "output_file_mode": null,
            "output_md5": "2890be29225d7ea7b0499f76bebd6c93",
            "output_path": "./ecom_batch_data_pipeline_d01_rd_lambda_lambda_warehouses_preprocess_7642_placeholder.zip",
            "output_sha": "f59f3fd420ddaa451ce12fb440deb2aa076e6172",
            "output_sha256": "2e67201dc176c655b4287fe1f1da357913e573d23980003afcb4c7ffa8a20803",
            "output_sha512": "a8497886c721203b5923f73126e8aeb549461b93e42c4db9dcd839912d6b2021e6cd86d4ee64b55b26f308d7dfb0174cfaae548b01cba3cfc9da55e749f64d9f",
            "output_size": 195,
            "source": [
              {
                "content": "def handler(event, context):\n    return {\"statusCode\": 200}",
                "filename": "index.py"
              }
            ],
            "source_content": null,
            "source_content_filename": null,
            "source_dir": null,
            "source_file": null,
            "type": "zip"
          },
          "sensitive_attributes": []
        }
      ]
    },
    {
      "mode": "managed",
      "type": "aws_athena_workgroup",
      "name": "ecom_batch_data_pipeline_d01_rd_athena_athena_ecom_analytics_ee07",
      "provider": "provider[\"registry.terraform.io/hashicorp/aws\"]",
      "instances": [
        {
          "schema_version": 0,
          "attributes": {
            "arn": "arn:aws:athena:us-east-1:602963248309:workgroup/ecom-batch-data-pipeline-d01-rd-athena-athena-ecom-analytics-ccfa",
            "configuration": [
              {
                "bytes_scanned_cutoff_per_query": 0,
                "enforce_workgroup_configuration": true,
                "engine_version": [
                  {
                    "effective_engine_version": "Athena engine version 3",
                    "selected_engine_version": "AUTO"
                  }
                ],
                "execution_role": "",
                "publish_cloudwatch_metrics_enabled": false,
                "requester_pays_enabled": false,
                "result_configuration": [
                  {
                    "acl_configuration": [],
                    "encryption_configuration": [],
                    "expected_bucket_owner": "",
                    "output_location": "s3://ecom-batch-data-pipeline-d01-rd-s3-ecom-curated-ae42/query-results/"
                  }
                ]
              }
            ],
            "description": "",
            "force_destroy": false,
            "id": "ecom-batch-data-pipeline-d01-rd-athena-athena-ecom-analytics-ccfa",
            "name": "ecom-batch-data-pipeline-d01-rd-athena-athena-ecom-analytics-ccfa",
            "state": "ENABLED",
            "tags": {
              "BusinessUnit": "RD",
              "CostCenter": "D01",
              "ManagedBy": "aws-pipeline-engine",
              "Pipeline": "ecom_batch_data_pipeline"
            },
            "tags_all": {
              "BusinessUnit": "RD",
              "CostCenter": "D01",
              "ManagedBy": "aws-pipeline-engine",
              "Pipeline": "ecom_batch_data_pipeline"
            }
          },
          "sensitive_attributes": [],
          "private": "bnVsbA=="
        }
      ]
    },
    {
      "mode": "managed",
      "type": "aws_cloudwatch_log_group",
      "name": "ecom_batch_data_pipeline_d01_rd_athena_athena_ecom_analytics_ee07_lg",
      "provider": "provider[\"registry.terraform.io/hashicorp/aws\"]",
      "instances": [
        {
          "schema_version": 0,
          "attributes": {
            "arn": "arn:aws:logs:us-east-1:602963248309:log-group:/aws/athena/ecom-batch-data-pipeline-d01-rd-athena-athena-ecom-analytics-ccfa",
            "id": "/aws/athena/ecom-batch-data-pipeline-d01-rd-athena-athena-ecom-analytics-ccfa",
            "kms_key_id": "",
            "log_group_class": "STANDARD",
            "name": "/aws/athena/ecom-batch-data-pipeline-d01-rd-athena-athena-ecom-analytics-ccfa",
            "name_prefix": "",
            "retention_in_days": 7,
            "skip_destroy": false,
            "tags": {
              "BusinessUnit": "RD",
              "CostCenter": "D01",
              "ManagedBy": "aws-pipeline-engine",
              "Pipeline": "ecom_batch_data_pipeline"
            },
            "tags_all": {
              "BusinessUnit": "RD",
              "CostCenter": "D01",
              "ManagedBy": "aws-pipeline-engine",
              "Pipeline": "ecom_batch_data_pipeline"
            }
          },
          "sensitive_attributes": [],
          "private": "bnVsbA=="
        }
      ]
    },
    {
      "mode": "managed",
      "type": "aws_cloudwatch_log_group",
      "name": "ecom_batch_data_pipeline_d01_rd_glue_glue_crawler_curated_3f10_lg",
      "provider": "provider[\"registry.terraform.io/hashicorp/aws\"]",
      "instances": [
        {
          "schema_version": 0,
          "attributes": {
            "arn": "arn:aws:logs:us-east-1:602963248309:log-group:/aws-glue/jobs/ecom-batch-data-pipeline-d01-rd-glue-glue-crawler-curated-8627",
            "id": "/aws-glue/jobs/ecom-batch-data-pipeline-d01-rd-glue-glue-crawler-curated-8627",
            "kms_key_id": "",
            "log_group_class": "STANDARD",
            "name": "/aws-glue/jobs/ecom-batch-data-pipeline-d01-rd-glue-glue-crawler-curated-8627",
            "name_prefix": "",
            "retention_in_days": 7,
            "skip_destroy": false,
            "tags": {
              "BusinessUnit": "RD",
              "CostCenter": "D01",
              "ManagedBy": "aws-pipeline-engine",
              "Pipeline": "ecom_batch_data_pipeline"
            },
            "tags_all": {
              "BusinessUnit": "RD",
              "CostCenter": "D01",
              "ManagedBy": "aws-pipeline-engine",
              "Pipeline": "ecom_batch_data_pipeline"
            }
          },
          "sensitive_attributes": [],
          "private": "bnVsbA=="
        }
      ]
    },
    {
      "mode": "managed",
      "type": "aws_cloudwatch_log_group",
      "name": "ecom_batch_data_pipeline_d01_rd_lambda_lambda_categories_preprocess_8848_lg",
      "provider": "provider[\"registry.terraform.io/hashicorp/aws\"]",
      "instances": [
        {
          "schema_version": 0,
          "attributes": {
            "arn": "arn:aws:logs:us-east-1:602963248309:log-group:/aws/lambda/ecom-batch-data-pipeline-d01-rd-lambda-lambda-categories-61ae77a",
            "id": "/aws/lambda/ecom-batch-data-pipeline-d01-rd-lambda-lambda-categories-61ae77a",
            "kms_key_id": "",
            "log_group_class": "STANDARD",
            "name": "/aws/lambda/ecom-batch-data-pipeline-d01-rd-lambda-lambda-categories-61ae77a",
            "name_prefix": "",
            "retention_in_days": 7,
            "skip_destroy": false,
            "tags": {
              "BusinessUnit": "RD",
              "CostCenter": "D01",
              "ManagedBy": "aws-pipeline-engine",
              "Pipeline": "ecom_batch_data_pipeline"
            },
            "tags_all": {
              "BusinessUnit": "RD",
              "CostCenter": "D01",
              "ManagedBy": "aws-pipeline-engine",
              "Pipeline": "ecom_batch_data_pipeline"
            }
          },
          "sensitive_attributes": [],
          "private": "bnVsbA=="
        }
      ]
    },
    {
      "mode": "managed",
      "type": "aws_cloudwatch_log_group",
      "name": "ecom_batch_data_pipeline_d01_rd_lambda_lambda_customers_preprocess_1c3f_lg",
      "provider": "provider[\"registry.terraform.io/hashicorp/aws\"]",
      "instances": [
        {
          "schema_version": 0,
          "attributes": {
            "arn": "arn:aws:logs:us-east-1:602963248309:log-group:/aws/lambda/ecom-batch-data-pipeline-d01-rd-lambda-lambda-customers-76c6174",
            "id": "/aws/lambda/ecom-batch-data-pipeline-d01-rd-lambda-lambda-customers-76c6174",
            "kms_key_id": "",
            "log_group_class": "STANDARD",
            "name": "/aws/lambda/ecom-batch-data-pipeline-d01-rd-lambda-lambda-customers-76c6174",
            "name_prefix": "",
            "retention_in_days": 7,
            "skip_destroy": false,
            "tags": {
              "BusinessUnit": "RD",
              "CostCenter": "D01",
              "ManagedBy": "aws-pipeline-engine",
              "Pipeline": "ecom_batch_data_pipeline"
            },
            "tags_all": {
              "BusinessUnit": "RD",
              "CostCenter": "D01",
              "ManagedBy": "aws-pipeline-engine",
              "Pipeline": "ecom_batch_data_pipeline"
            }
          },
          "sensitive_attributes": [],
          "private": "bnVsbA=="
        }
      ]
    },
    {
      "mode": "managed",
      "type": "aws_cloudwatch_log_group",
      "name": "ecom_batch_data_pipeline_d01_rd_lambda_lambda_enrich_transform_f868_lg",
      "provider": "provider[\"registry.terraform.io/hashicorp/aws\"]",
      "instances": [
        {
          "schema_version": 0,
          "attributes": {
            "arn": "arn:aws:logs:us-east-1:602963248309:log-group:/aws/lambda/ecom-batch-data-pipeline-d01-rd-lambda-lambda-enrich-tra-eab65e1",
            "id": "/aws/lambda/ecom-batch-data-pipeline-d01-rd-lambda-lambda-enrich-tra-eab65e1",
            "kms_key_id": "",
            "log_group_class": "STANDARD",
            "name": "/aws/lambda/ecom-batch-data-pipeline-d01-rd-lambda-lambda-enrich-tra-eab65e1",
            "name_prefix": "",
            "retention_in_days": 7,
            "skip_destroy": false,
            "tags": {
              "BusinessUnit": "RD",
              "CostCenter": "D01",
              "ManagedBy": "aws-pipeline-engine",
              "Pipeline": "ecom_batch_data_pipeline"
            },
            "tags_all": {
              "BusinessUnit": "RD",
              "CostCenter": "D01",
              "ManagedBy": "aws-pipeline-engine",
              "Pipeline": "ecom_batch_data_pipeline"
            }
          },
          "sensitive_attributes": [],
          "private": "bnVsbA=="
        }
      ]
    },
    {
      "mode": "managed",
      "type": "aws_cloudwatch_log_group",
      "name": "ecom_batch_data_pipeline_d01_rd_lambda_lambda_inventory_preprocess_3e0f_lg",
      "provider": "provider[\"registry.terraform.io/hashicorp/aws\"]",
      "instances": [
        {
          "schema_version": 0,
          "attributes": {
            "arn": "arn:aws:logs:us-east-1:602963248309:log-group:/aws/lambda/ecom-batch-data-pipeline-d01-rd-lambda-lambda-inventory-46bb87c",
            "id": "/aws/lambda/ecom-batch-data-pipeline-d01-rd-lambda-lambda-inventory-46bb87c",
            "kms_key_id": "",
            "log_group_class": "STANDARD",
            "name": "/aws/lambda/ecom-batch-data-pipeline-d01-rd-lambda-lambda-inventory-46bb87c",
            "name_prefix": "",
            "retention_in_days": 7,
            "skip_destroy": false,
            "tags": {
              "BusinessUnit": "RD",
              "CostCenter": "D01",
              "ManagedBy": "aws-pipeline-engine",
              "Pipeline": "ecom_batch_data_pipeline"
            },
            "tags_all": {
              "BusinessUnit": "RD",
              "CostCenter": "D01",
              "ManagedBy": "aws-pipeline-engine",
              "Pipeline": "ecom_batch_data_pipeline"
            }
          },
          "sensitive_attributes": [],
          "private": "bnVsbA=="
        }
      ]
    },
    {
      "mode": "managed",
      "type": "aws_cloudwatch_log_group",
      "name": "ecom_batch_data_pipeline_d01_rd_lambda_lambda_order_items_preprocess_bc52_lg",
      "provider": "provider[\"registry.terraform.io/hashicorp/aws\"]",
      "instances": [
        {
          "schema_version": 0,
          "attributes": {
            "arn": "arn:aws:logs:us-east-1:602963248309:log-group:/aws/lambda/ecom-batch-data-pipeline-d01-rd-lambda-lambda-order-item-0c52548",
            "id": "/aws/lambda/ecom-batch-data-pipeline-d01-rd-lambda-lambda-order-item-0c52548",
            "kms_key_id": "",
            "log_group_class": "STANDARD",
            "name": "/aws/lambda/ecom-batch-data-pipeline-d01-rd-lambda-lambda-order-item-0c52548",
            "name_prefix": "",
            "retention_in_days": 7,
            "skip_destroy": false,
            "tags": {
              "BusinessUnit": "RD",
              "CostCenter": "D01",
              "ManagedBy": "aws-pipeline-engine",
              "Pipeline": "ecom_batch_data_pipeline"
            },
            "tags_all": {
              "BusinessUnit": "RD",
              "CostCenter": "D01",
              "ManagedBy": "aws-pipeline-engine",
              "Pipeline": "ecom_batch_data_pipeline"
            }
          },
          "sensitive_attributes": [],
          "private": "bnVsbA=="
        }
      ]
    },
    {
      "mode": "managed",
      "type": "aws_cloudwatch_log_group",
      "name": "ecom_batch_data_pipeline_d01_rd_lambda_lambda_orders_preprocess_a96d_lg",
      "provider": "provider[\"registry.terraform.io/hashicorp/aws\"]",
      "instances": [
        {
          "schema_version": 0,
          "attributes": {
            "arn": "arn:aws:logs:us-east-1:602963248309:log-group:/aws/lambda/ecom-batch-data-pipeline-d01-rd-lambda-lambda-orders-pre-a319249",
            "id": "/aws/lambda/ecom-batch-data-pipeline-d01-rd-lambda-lambda-orders-pre-a319249",
            "kms_key_id": "",
            "log_group_class": "STANDARD",
            "name": "/aws/lambda/ecom-batch-data-pipeline-d01-rd-lambda-lambda-orders-pre-a319249",
            "name_prefix": "",
            "retention_in_days": 7,
            "skip_destroy": false,
            "tags": {
              "BusinessUnit": "RD",
              "CostCenter": "D01",
              "ManagedBy": "aws-pipeline-engine",
              "Pipeline": "ecom_batch_data_pipeline"
            },
            "tags_all": {
              "BusinessUnit": "RD",
              "CostCenter": "D01",
              "ManagedBy": "aws-pipeline-engine",
              "Pipeline": "ecom_batch_data_pipeline"
            }
          },
          "sensitive_attributes": [],
          "private": "bnVsbA=="
        }
      ]
    },
    {
      "mode": "managed",
      "type": "aws_cloudwatch_log_group",
      "name": "ecom_batch_data_pipeline_d01_rd_lambda_lambda_procurements_preprocess_ba45_lg",
      "provider": "provider[\"registry.terraform.io/hashicorp/aws\"]",
      "instances": [
        {
          "schema_version": 0,
          "attributes": {
            "arn": "arn:aws:logs:us-east-1:602963248309:log-group:/aws/lambda/ecom-batch-data-pipeline-d01-rd-lambda-lambda-procuremen-ba4c3f6",
            "id": "/aws/lambda/ecom-batch-data-pipeline-d01-rd-lambda-lambda-procuremen-ba4c3f6",
            "kms_key_id": "",
            "log_group_class": "STANDARD",
            "name": "/aws/lambda/ecom-batch-data-pipeline-d01-rd-lambda-lambda-procuremen-ba4c3f6",
            "name_prefix": "",
            "retention_in_days": 7,
            "skip_destroy": false,
            "tags": {
              "BusinessUnit": "RD",
              "CostCenter": "D01",
              "ManagedBy": "aws-pipeline-engine",
              "Pipeline": "ecom_batch_data_pipeline"
            },
            "tags_all": {
              "BusinessUnit": "RD",
              "CostCenter": "D01",
              "ManagedBy": "aws-pipeline-engine",
              "Pipeline": "ecom_batch_data_pipeline"
            }
          },
          "sensitive_attributes": [],
          "private": "bnVsbA=="
        }
      ]
    },
    {
      "mode": "managed",
      "type": "aws_cloudwatch_log_group",
      "name": "ecom_batch_data_pipeline_d01_rd_lambda_lambda_products_preprocess_2010_lg",
      "provider": "provider[\"registry.terraform.io/hashicorp/aws\"]",
      "instances": [
        {
          "schema_version": 0,
          "attributes": {
            "arn": "arn:aws:logs:us-east-1:602963248309:log-group:/aws/lambda/ecom-batch-data-pipeline-d01-rd-lambda-lambda-products-p-797f186",
            "id": "/aws/lambda/ecom-batch-data-pipeline-d01-rd-lambda-lambda-products-p-797f186",
            "kms_key_id": "",
            "log_group_class": "STANDARD",
            "name": "/aws/lambda/ecom-batch-data-pipeline-d01-rd-lambda-lambda-products-p-797f186",
            "name_prefix": "",
            "retention_in_days": 7,
            "skip_destroy": false,
            "tags": {
              "BusinessUnit": "RD",
              "CostCenter": "D01",
              "ManagedBy": "aws-pipeline-engine",
              "Pipeline": "ecom_batch_data_pipeline"
            },
            "tags_all": {
              "BusinessUnit": "RD",
              "CostCenter": "D01",
              "ManagedBy": "aws-pipeline-engine",
              "Pipeline": "ecom_batch_data_pipeline"
            }
          },
          "sensitive_attributes": [],
          "private": "bnVsbA=="
        }
      ]
    },
    {
      "mode": "managed",
      "type": "aws_cloudwatch_log_group",
      "name": "ecom_batch_data_pipeline_d01_rd_lambda_lambda_stock_movements_preprocess_7aae_lg",
      "provider": "provider[\"registry.terraform.io/hashicorp/aws\"]",
      "instances": [
        {
          "schema_version": 0,
          "attributes": {
            "arn": "arn:aws:logs:us-east-1:602963248309:log-group:/aws/lambda/ecom-batch-data-pipeline-d01-rd-lambda-lambda-stock-move-1d10ad3",
            "id": "/aws/lambda/ecom-batch-data-pipeline-d01-rd-lambda-lambda-stock-move-1d10ad3",
            "kms_key_id": "",
            "log_group_class": "STANDARD",
            "name": "/aws/lambda/ecom-batch-data-pipeline-d01-rd-lambda-lambda-stock-move-1d10ad3",
            "name_prefix": "",
            "retention_in_days": 7,
            "skip_destroy": false,
            "tags": {
              "BusinessUnit": "RD",
              "CostCenter": "D01",
              "ManagedBy": "aws-pipeline-engine",
              "Pipeline": "ecom_batch_data_pipeline"
            },
            "tags_all": {
              "BusinessUnit": "RD",
              "CostCenter": "D01",
              "ManagedBy": "aws-pipeline-engine",
              "Pipeline": "ecom_batch_data_pipeline"
            }
          },
          "sensitive_attributes": [],
          "private": "bnVsbA=="
        }
      ]
    },
    {
      "mode": "managed",
      "type": "aws_cloudwatch_log_group",
      "name": "ecom_batch_data_pipeline_d01_rd_lambda_lambda_suppliers_preprocess_3f7f_lg",
      "provider": "provider[\"registry.terraform.io/hashicorp/aws\"]",
      "instances": [
        {
          "schema_version": 0,
          "attributes": {
            "arn": "arn:aws:logs:us-east-1:602963248309:log-group:/aws/lambda/ecom-batch-data-pipeline-d01-rd-lambda-lambda-suppliers-356194e",
            "id": "/aws/lambda/ecom-batch-data-pipeline-d01-rd-lambda-lambda-suppliers-356194e",
            "kms_key_id": "",
            "log_group_class": "STANDARD",
            "name": "/aws/lambda/ecom-batch-data-pipeline-d01-rd-lambda-lambda-suppliers-356194e",
            "name_prefix": "",
            "retention_in_days": 7,
            "skip_destroy": false,
            "tags": {
              "BusinessUnit": "RD",
              "CostCenter": "D01",
              "ManagedBy": "aws-pipeline-engine",
              "Pipeline": "ecom_batch_data_pipeline"
            },
            "tags_all": {
              "BusinessUnit": "RD",
              "CostCenter": "D01",
              "ManagedBy": "aws-pipeline-engine",
              "Pipeline": "ecom_batch_data_pipeline"
            }
          },
          "sensitive_attributes": [],
          "private": "bnVsbA=="
        }
      ]
    },
    {
      "mode": "managed",
      "type": "aws_cloudwatch_log_group",
      "name": "ecom_batch_data_pipeline_d01_rd_lambda_lambda_warehouses_preprocess_7642_lg",
      "provider": "provider[\"registry.terraform.io/hashicorp/aws\"]",
      "instances": [
        {
          "schema_version": 0,
          "attributes": {
            "arn": "arn:aws:logs:us-east-1:602963248309:log-group:/aws/lambda/ecom-batch-data-pipeline-d01-rd-lambda-lambda-warehouses-849ee6e",
            "id": "/aws/lambda/ecom-batch-data-pipeline-d01-rd-lambda-lambda-warehouses-849ee6e",
            "kms_key_id": "",
            "log_group_class": "STANDARD",
            "name": "/aws/lambda/ecom-batch-data-pipeline-d01-rd-lambda-lambda-warehouses-849ee6e",
            "name_prefix": "",
            "retention_in_days": 7,
            "skip_destroy": false,
            "tags": {
              "BusinessUnit": "RD",
              "CostCenter": "D01",
              "ManagedBy": "aws-pipeline-engine",
              "Pipeline": "ecom_batch_data_pipeline"
            },
            "tags_all": {
              "BusinessUnit": "RD",
              "CostCenter": "D01",
              "ManagedBy": "aws-pipeline-engine",
              "Pipeline": "ecom_batch_data_pipeline"
            }
          },
          "sensitive_attributes": [],
          "private": "bnVsbA=="
        }
      ]
    },
    {
      "mode": "managed",
      "type": "aws_cloudwatch_log_group",
      "name": "ecom_batch_data_pipeline_d01_rd_stepfunctions_ecom_orchestrator_92b6_lg",
      "provider": "provider[\"registry.terraform.io/hashicorp/aws\"]",
      "instances": [
        {
          "schema_version": 0,
          "attributes": {
            "arn": "arn:aws:logs:us-east-1:602963248309:log-group:/aws/vendedlogs/states/ecom-batch-data-pipeline-d01-rd-stepfunctions-ecom-orchestrator-91c3",
            "id": "/aws/vendedlogs/states/ecom-batch-data-pipeline-d01-rd-stepfunctions-ecom-orchestrator-91c3",
            "kms_key_id": "",
            "log_group_class": "STANDARD",
            "name": "/aws/vendedlogs/states/ecom-batch-data-pipeline-d01-rd-stepfunctions-ecom-orchestrator-91c3",
            "name_prefix": "",
            "retention_in_days": 7,
            "skip_destroy": false,
            "tags": {
              "BusinessUnit": "RD",
              "CostCenter": "D01",
              "ManagedBy": "aws-pipeline-engine",
              "Pipeline": "ecom_batch_data_pipeline"
            },
            "tags_all": {
              "BusinessUnit": "RD",
              "CostCenter": "D01",
              "ManagedBy": "aws-pipeline-engine",
              "Pipeline": "ecom_batch_data_pipeline"
            }
          },
          "sensitive_attributes": [],
          "private": "bnVsbA=="
        }
      ]
    },
    {
      "mode": "managed",
      "type": "aws_glue_catalog_database",
      "name": "ecom_batch_data_pipeline_d01_rd_glue_data_catalog_glue_catalog_ecom_8777",
      "provider": "provider[\"registry.terraform.io/hashicorp/aws\"]",
      "instances": [
        {
          "schema_version": 0,
          "attributes": {
            "arn": "arn:aws:glue:us-east-1:602963248309:database/ecom_batch_data_pipeline_d01_rd_glue_data_catalog_glue_29ff649",
            "catalog_id": "602963248309",
            "create_table_default_permission": [
              {
                "permissions": [
                  "ALL"
                ],
                "principal": [
                  {
                    "data_lake_principal_identifier": "IAM_ALLOWED_PRINCIPALS"
                  }
                ]
              }
            ],
            "description": "Glue Data Catalog database",
            "federated_database": [],
            "id": "602963248309:ecom_batch_data_pipeline_d01_rd_glue_data_catalog_glue_29ff649",
            "location_uri": "",
            "name": "ecom_batch_data_pipeline_d01_rd_glue_data_catalog_glue_29ff649",
            "parameters": {},
            "tags": {},
            "tags_all": {},
            "target_database": []
          },
          "sensitive_attributes": [],
          "private": "bnVsbA=="
        }
      ]
    },
    {
      "mode": "managed",
      "type": "aws_glue_catalog_database",
      "name": "ecom_batch_data_pipeline_d01_rd_glue_glue_crawler_curated_3f10_db",
      "provider": "provider[\"registry.terraform.io/hashicorp/aws\"]",
      "instances": [
        {
          "schema_version": 0,
          "attributes": {
            "arn": "arn:aws:glue:us-east-1:602963248309:database/ecom_batch_data_pipeline_d01_rd_glue_glue_crawler_curated_8627_db",
            "catalog_id": "602963248309",
            "create_table_default_permission": [
              {
                "permissions": [
                  "ALL"
                ],
                "principal": [
                  {
                    "data_lake_principal_identifier": "IAM_ALLOWED_PRINCIPALS"
                  }
                ]
              }
            ],
            "description": "",
            "federated_database": [],
            "id": "602963248309:ecom_batch_data_pipeline_d01_rd_glue_glue_crawler_curated_8627_db",
            "location_uri": "",
            "name": "ecom_batch_data_pipeline_d01_rd_glue_glue_crawler_curated_8627_db",
            "parameters": {},
            "tags": {
              "BusinessUnit": "RD",
              "CostCenter": "D01",
              "ManagedBy": "aws-pipeline-engine",
              "Pipeline": "ecom_batch_data_pipeline"
            },
            "tags_all": {
              "BusinessUnit": "RD",
              "CostCenter": "D01",
              "ManagedBy": "aws-pipeline-engine",
              "Pipeline": "ecom_batch_data_pipeline"
            },
            "target_database": []
          },
          "sensitive_attributes": [],
          "private": "bnVsbA=="
        }
      ]
    },
    {
      "mode": "managed",
      "type": "aws_glue_crawler",
      "name": "ecom_batch_data_pipeline_d01_rd_glue_glue_crawler_curated_3f10",
      "provider": "provider[\"registry.terraform.io/hashicorp/aws\"]",
      "instances": [
        {
          "schema_version": 0,
          "attributes": {
            "arn": "arn:aws:glue:us-east-1:602963248309:crawler/ecom-batch-data-pipeline-d01-rd-glue-glue-crawler-curated-8627",
            "catalog_target": [],
            "classifiers": [],
            "configuration": "",
            "database_name": "ecom_batch_data_pipeline_d01_rd_glue_glue_crawler_curated_8627_db",
            "delta_target": [],
            "description": "",
            "dynamodb_target": [],
            "hudi_target": [],
            "iceberg_target": [],
            "id": "ecom-batch-data-pipeline-d01-rd-glue-glue-crawler-curated-8627",
            "jdbc_target": [],
            "lake_formation_configuration": [
              {
                "account_id": "",
                "use_lake_formation_credentials": false
              }
            ],
            "lineage_configuration": [
              {
                "crawler_lineage_settings": "DISABLE"
              }
            ],
            "mongodb_target": [],
            "name": "ecom-batch-data-pipeline-d01-rd-glue-glue-crawler-curated-8627",
            "recrawl_policy": [
              {
                "recrawl_behavior": "CRAWL_EVERYTHING"
              }
            ],
            "role": "ecom-batch-data-pipeline-d01-rd-glue-glue-crawler-c-f1e4577-role",
            "s3_target": [
              {
                "connection_name": "",
                "dlq_event_queue_arn": "",
                "event_queue_arn": "",
                "exclusions": [],
                "path": "s3://ecom-batch-data-pipeline-d01-rd-s3-ecom-curated-ae42/",
                "sample_size": 0
              }
            ],
            "schedule": "",
            "schema_change_policy": [
              {
                "delete_behavior": "LOG",
                "update_behavior": "UPDATE_IN_DATABASE"
              }
            ],
            "security_configuration": "",
            "table_prefix": "",
            "tags": {
              "BusinessUnit": "RD",
              "CostCenter": "D01",
              "ManagedBy": "aws-pipeline-engine",
              "Pipeline": "ecom_batch_data_pipeline"
            },
            "tags_all": {
              "BusinessUnit": "RD",
              "CostCenter": "D01",
              "ManagedBy": "aws-pipeline-engine",
              "Pipeline": "ecom_batch_data_pipeline"
            }
          },
          "sensitive_attributes": [],
          "private": "bnVsbA==",
          "dependencies": [
            "aws_glue_catalog_database.ecom_batch_data_pipeline_d01_rd_glue_glue_crawler_curated_3f10_db",
            "aws_iam_role.ecom_batch_data_pipeline_d01_rd_glue_glue_crawler_curated_3f10_role",
            "aws_s3_bucket.ecom_batch_data_pipeline_d01_rd_s3_ecom_curated_7bdd"
          ]
        }
      ]
    },
    {
      "mode": "managed",
      "type": "aws_iam_role",
      "name": "ecom_batch_data_pipeline_d01_rd_glue_glue_crawler_curated_3f10_role",
      "provider": "provider[\"registry.terraform.io/hashicorp/aws\"]",
      "instances": [
        {
          "schema_version": 0,
          "attributes": {
            "arn": "arn:aws:iam::602963248309:role/ecom-batch-data-pipeline-d01-rd-glue-glue-crawler-c-f1e4577-role",
            "assume_role_policy": "{\"Statement\":[{\"Action\":\"sts:AssumeRole\",\"Effect\":\"Allow\",\"Principal\":{\"Service\":\"glue.amazonaws.com\"}}],\"Version\":\"2012-10-17\"}",
            "create_date": "2026-04-30T13:48:04Z",
            "description": "",
            "force_detach_policies": false,
            "id": "ecom-batch-data-pipeline-d01-rd-glue-glue-crawler-c-f1e4577-role",
            "inline_policy": [
              {
                "name": "ecom-batch-data-pipeline-d01-rd-glue-glue-crawler-f1e4577-policy",
                "policy": "{\"Version\":\"2012-10-17\",\"Statement\":[{\"Action\":[\"logs:CreateLogGroup\",\"logs:CreateLogStream\",\"logs:PutLogEvents\",\"glue:GetDatabase\",\"glue:GetTable\",\"glue:CreateTable\",\"glue:UpdateTable\",\"glue:DeleteTable\",\"glue:GetPartition\",\"glue:CreatePartition\",\"glue:UpdatePartition\",\"glue:BatchCreatePartition\",\"glue:BatchDeletePartition\",\"s3:GetObject\",\"s3:PutObject\",\"s3:ListBucket\",\"s3:DeleteObject\"],\"Effect\":\"Allow\",\"Resource\":\"*\"}]}"
              }
            ],
            "managed_policy_arns": [],
            "max_session_duration": 3600,
            "name": "ecom-batch-data-pipeline-d01-rd-glue-glue-crawler-c-f1e4577-role",
            "name_prefix": "",
            "path": "/",
            "permissions_boundary": "",
            "tags": {
              "BusinessUnit": "RD",
              "CostCenter": "D01",
              "ManagedBy": "aws-pipeline-engine",
              "Pipeline": "ecom_batch_data_pipeline"
            },
            "tags_all": {
              "BusinessUnit": "RD",
              "CostCenter": "D01",
              "ManagedBy": "aws-pipeline-engine",
              "Pipeline": "ecom_batch_data_pipeline"
            },
            "unique_id": "AROAYYY3JAS22VNOW2EMS"
          },
          "sensitive_attributes": [],
          "private": "bnVsbA=="
        }
      ]
    },
    {
      "mode": "managed",
      "type": "aws_iam_role",
      "name": "ecom_batch_data_pipeline_d01_rd_lambda_lambda_categories_preprocess_8848_role",
      "provider": "provider[\"registry.terraform.io/hashicorp/aws\"]",
      "instances": [
        {
          "schema_version": 0,
          "attributes": {
            "arn": "arn:aws:iam::602963248309:role/ecom-batch-data-pipeline-d01-rd-lambda-lambda-categ-a95b709-role",
            "assume_role_policy": "{\"Statement\":[{\"Action\":\"sts:AssumeRole\",\"Effect\":\"Allow\",\"Principal\":{\"Service\":\"lambda.amazonaws.com\"}}],\"Version\":\"2012-10-17\"}",
            "create_date": "2026-04-30T13:48:05Z",
            "description": "",
            "force_detach_policies": false,
            "id": "ecom-batch-data-pipeline-d01-rd-lambda-lambda-categ-a95b709-role",
            "inline_policy": [
              {
                "name": "ecom-batch-data-pipeline-d01-rd-lambda-lambda-cat-a95b709-policy",
                "policy": "{\"Version\":\"2012-10-17\",\"Statement\":[{\"Action\":[\"logs:CreateLogGroup\",\"logs:CreateLogStream\",\"logs:PutLogEvents\",\"s3:GetObject\",\"s3:ListBucket\",\"s3:PutObject\",\"s3:DeleteObject\"],\"Effect\":\"Allow\",\"Resource\":\"*\"}]}"
              }
            ],
            "managed_policy_arns": [],
            "max_session_duration": 3600,
            "name": "ecom-batch-data-pipeline-d01-rd-lambda-lambda-categ-a95b709-role",
            "name_prefix": "",
            "path": "/",
            "permissions_boundary": "",
            "tags": {
              "BusinessUnit": "RD",
              "CostCenter": "D01",
              "ManagedBy": "aws-pipeline-engine",
              "Pipeline": "ecom_batch_data_pipeline"
            },
            "tags_all": {
              "BusinessUnit": "RD",
              "CostCenter": "D01",
              "ManagedBy": "aws-pipeline-engine",
              "Pipeline": "ecom_batch_data_pipeline"
            },
            "unique_id": "AROAYYY3JAS2QZCLWFTEB"
          },
          "sensitive_attributes": [],
          "private": "bnVsbA=="
        }
      ]
    },
    {
      "mode": "managed",
      "type": "aws_iam_role",
      "name": "ecom_batch_data_pipeline_d01_rd_lambda_lambda_customers_preprocess_1c3f_role",
      "provider": "provider[\"registry.terraform.io/hashicorp/aws\"]",
      "instances": [
        {
          "schema_version": 0,
          "attributes": {
            "arn": "arn:aws:iam::602963248309:role/ecom-batch-data-pipeline-d01-rd-lambda-lambda-custo-e0675b1-role",
            "assume_role_policy": "{\"Statement\":[{\"Action\":\"sts:AssumeRole\",\"Effect\":\"Allow\",\"Principal\":{\"Service\":\"lambda.amazonaws.com\"}}],\"Version\":\"2012-10-17\"}",
            "create_date": "2026-04-30T13:48:04Z",
            "description": "",
            "force_detach_policies": false,
            "id": "ecom-batch-data-pipeline-d01-rd-lambda-lambda-custo-e0675b1-role",
            "inline_policy": [
              {
                "name": "ecom-batch-data-pipeline-d01-rd-lambda-lambda-cus-e0675b1-policy",
                "policy": "{\"Version\":\"2012-10-17\",\"Statement\":[{\"Action\":[\"logs:CreateLogGroup\",\"logs:CreateLogStream\",\"logs:PutLogEvents\",\"s3:GetObject\",\"s3:ListBucket\",\"s3:PutObject\",\"s3:DeleteObject\"],\"Effect\":\"Allow\",\"Resource\":\"*\"}]}"
              }
            ],
            "managed_policy_arns": [],
            "max_session_duration": 3600,
            "name": "ecom-batch-data-pipeline-d01-rd-lambda-lambda-custo-e0675b1-role",
            "name_prefix": "",
            "path": "/",
            "permissions_boundary": "",
            "tags": {
              "BusinessUnit": "RD",
              "CostCenter": "D01",
              "ManagedBy": "aws-pipeline-engine",
              "Pipeline": "ecom_batch_data_pipeline"
            },
            "tags_all": {
              "BusinessUnit": "RD",
              "CostCenter": "D01",
              "ManagedBy": "aws-pipeline-engine",
              "Pipeline": "ecom_batch_data_pipeline"
            },
            "unique_id": "AROAYYY3JAS27XWPPSCWZ"
          },
          "sensitive_attributes": [],
          "private": "bnVsbA=="
        }
      ]
    },
    {
      "mode": "managed",
      "type": "aws_iam_role",
      "name": "ecom_batch_data_pipeline_d01_rd_lambda_lambda_enrich_transform_f868_role",
      "provider": "provider[\"registry.terraform.io/hashicorp/aws\"]",
      "instances": [
        {
          "schema_version": 0,
          "attributes": {
            "arn": "arn:aws:iam::602963248309:role/ecom-batch-data-pipeline-d01-rd-lambda-lambda-enric-61fac77-role",
            "assume_role_policy": "{\"Statement\":[{\"Action\":\"sts:AssumeRole\",\"Effect\":\"Allow\",\"Principal\":{\"Service\":\"lambda.amazonaws.com\"}}],\"Version\":\"2012-10-17\"}",
            "create_date": "2026-04-30T13:48:03Z",
            "description": "",
            "force_detach_policies": false,
            "id": "ecom-batch-data-pipeline-d01-rd-lambda-lambda-enric-61fac77-role",
            "inline_policy": [
              {
                "name": "ecom-batch-data-pipeline-d01-rd-lambda-lambda-enr-61fac77-policy",
                "policy": "{\"Version\":\"2012-10-17\",\"Statement\":[{\"Action\":[\"logs:CreateLogGroup\",\"logs:CreateLogStream\",\"logs:PutLogEvents\",\"s3:GetObject\",\"s3:ListBucket\",\"s3:PutObject\",\"s3:DeleteObject\"],\"Effect\":\"Allow\",\"Resource\":\"*\"}]}"
              }
            ],
            "managed_policy_arns": [],
            "max_session_duration": 3600,
            "name": "ecom-batch-data-pipeline-d01-rd-lambda-lambda-enric-61fac77-role",
            "name_prefix": "",
            "path": "/",
            "permissions_boundary": "",
            "tags": {
              "BusinessUnit": "RD",
              "CostCenter": "D01",
              "ManagedBy": "aws-pipeline-engine",
              "Pipeline": "ecom_batch_data_pipeline"
            },
            "tags_all": {
              "BusinessUnit": "RD",
              "CostCenter": "D01",
              "ManagedBy": "aws-pipeline-engine",
              "Pipeline": "ecom_batch_data_pipeline"
            },
            "unique_id": "AROAYYY3JAS2WMYTD5ZYF"
          },
          "sensitive_attributes": [],
          "private": "bnVsbA=="
        }
      ]
    },
    {
      "mode": "managed",
      "type": "aws_iam_role",
      "name": "ecom_batch_data_pipeline_d01_rd_lambda_lambda_inventory_preprocess_3e0f_role",
      "provider": "provider[\"registry.terraform.io/hashicorp/aws\"]",
      "instances": [
        {
          "schema_version": 0,
          "attributes": {
            "arn": "arn:aws:iam::602963248309:role/ecom-batch-data-pipeline-d01-rd-lambda-lambda-inven-28090d1-role",
            "assume_role_policy": "{\"Statement\":[{\"Action\":\"sts:AssumeRole\",\"Effect\":\"Allow\",\"Principal\":{\"Service\":\"lambda.amazonaws.com\"}}],\"Version\":\"2012-10-17\"}",
            "create_date": "2026-04-30T13:48:03Z",
            "description": "",
            "force_detach_policies": false,
            "id": "ecom-batch-data-pipeline-d01-rd-lambda-lambda-inven-28090d1-role",
            "inline_policy": [
              {
                "name": "ecom-batch-data-pipeline-d01-rd-lambda-lambda-inv-28090d1-policy",
                "policy": "{\"Version\":\"2012-10-17\",\"Statement\":[{\"Action\":[\"logs:CreateLogGroup\",\"logs:CreateLogStream\",\"logs:PutLogEvents\",\"s3:GetObject\",\"s3:ListBucket\",\"s3:PutObject\",\"s3:DeleteObject\"],\"Effect\":\"Allow\",\"Resource\":\"*\"}]}"
              }
            ],
            "managed_policy_arns": [],
            "max_session_duration": 3600,
            "name": "ecom-batch-data-pipeline-d01-rd-lambda-lambda-inven-28090d1-role",
            "name_prefix": "",
            "path": "/",
            "permissions_boundary": "",
            "tags": {
              "BusinessUnit": "RD",
              "CostCenter": "D01",
              "ManagedBy": "aws-pipeline-engine",
              "Pipeline": "ecom_batch_data_pipeline"
            },
            "tags_all": {
              "BusinessUnit": "RD",
              "CostCenter": "D01",
              "ManagedBy": "aws-pipeline-engine",
              "Pipeline": "ecom_batch_data_pipeline"
            },
            "unique_id": "AROAYYY3JAS2VC27AKBNC"
          },
          "sensitive_attributes": [],
          "private": "bnVsbA=="
        }
      ]
    },
    {
      "mode": "managed",
      "type": "aws_iam_role",
      "name": "ecom_batch_data_pipeline_d01_rd_lambda_lambda_order_items_preprocess_bc52_role",
      "provider": "provider[\"registry.terraform.io/hashicorp/aws\"]",
      "instances": [
        {
          "schema_version": 0,
          "attributes": {
            "arn": "arn:aws:iam::602963248309:role/ecom-batch-data-pipeline-d01-rd-lambda-lambda-order-4f2bae4-role",
            "assume_role_policy": "{\"Statement\":[{\"Action\":\"sts:AssumeRole\",\"Effect\":\"Allow\",\"Principal\":{\"Service\":\"lambda.amazonaws.com\"}}],\"Version\":\"2012-10-17\"}",
            "create_date": "2026-04-30T13:48:03Z",
            "description": "",
            "force_detach_policies": false,
            "id": "ecom-batch-data-pipeline-d01-rd-lambda-lambda-order-4f2bae4-role",
            "inline_policy": [
              {
                "name": "ecom-batch-data-pipeline-d01-rd-lambda-lambda-ord-4f2bae4-policy",
                "policy": "{\"Version\":\"2012-10-17\",\"Statement\":[{\"Action\":[\"logs:CreateLogGroup\",\"logs:CreateLogStream\",\"logs:PutLogEvents\",\"s3:GetObject\",\"s3:ListBucket\",\"s3:PutObject\",\"s3:DeleteObject\"],\"Effect\":\"Allow\",\"Resource\":\"*\"}]}"
              }
            ],
            "managed_policy_arns": [],
            "max_session_duration": 3600,
            "name": "ecom-batch-data-pipeline-d01-rd-lambda-lambda-order-4f2bae4-role",
            "name_prefix": "",
            "path": "/",
            "permissions_boundary": "",
            "tags": {
              "BusinessUnit": "RD",
              "CostCenter": "D01",
              "ManagedBy": "aws-pipeline-engine",
              "Pipeline": "ecom_batch_data_pipeline"
            },
            "tags_all": {
              "BusinessUnit": "RD",
              "CostCenter": "D01",
              "ManagedBy": "aws-pipeline-engine",
              "Pipeline": "ecom_batch_data_pipeline"
            },
            "unique_id": "AROAYYY3JAS2QT23WUTZR"
          },
          "sensitive_attributes": [],
          "private": "bnVsbA=="
        }
      ]
    },
    {
      "mode": "managed",
      "type": "aws_iam_role",
      "name": "ecom_batch_data_pipeline_d01_rd_lambda_lambda_orders_preprocess_a96d_role",
      "provider": "provider[\"registry.terraform.io/hashicorp/aws\"]",
      "instances": [
        {
          "schema_version": 0,
          "attributes": {
            "arn": "arn:aws:iam::602963248309:role/ecom-batch-data-pipeline-d01-rd-lambda-lambda-order-07999ba-role",
            "assume_role_policy": "{\"Statement\":[{\"Action\":\"sts:AssumeRole\",\"Effect\":\"Allow\",\"Principal\":{\"Service\":\"lambda.amazonaws.com\"}}],\"Version\":\"2012-10-17\"}",
            "create_date": "2026-04-30T13:48:04Z",
            "description": "",
            "force_detach_policies": false,
            "id": "ecom-batch-data-pipeline-d01-rd-lambda-lambda-order-07999ba-role",
            "inline_policy": [
              {
                "name": "ecom-batch-data-pipeline-d01-rd-lambda-lambda-ord-07999ba-policy",
                "policy": "{\"Version\":\"2012-10-17\",\"Statement\":[{\"Action\":[\"logs:CreateLogGroup\",\"logs:CreateLogStream\",\"logs:PutLogEvents\",\"s3:GetObject\",\"s3:ListBucket\",\"s3:PutObject\",\"s3:DeleteObject\"],\"Effect\":\"Allow\",\"Resource\":\"*\"}]}"
              }
            ],
            "managed_policy_arns": [],
            "max_session_duration": 3600,
            "name": "ecom-batch-data-pipeline-d01-rd-lambda-lambda-order-07999ba-role",
            "name_prefix": "",
            "path": "/",
            "permissions_boundary": "",
            "tags": {
              "BusinessUnit": "RD",
              "CostCenter": "D01",
              "ManagedBy": "aws-pipeline-engine",
              "Pipeline": "ecom_batch_data_pipeline"
            },
            "tags_all": {
              "BusinessUnit": "RD",
              "CostCenter": "D01",
              "ManagedBy": "aws-pipeline-engine",
              "Pipeline": "ecom_batch_data_pipeline"
            },
            "unique_id": "AROAYYY3JAS2VBH7KQI5C"
          },
          "sensitive_attributes": [],
          "private": "bnVsbA=="
        }
      ]
    },
    {
      "mode": "managed",
      "type": "aws_iam_role",
      "name": "ecom_batch_data_pipeline_d01_rd_lambda_lambda_procurements_preprocess_ba45_role",
      "provider": "provider[\"registry.terraform.io/hashicorp/aws\"]",
      "instances": [
        {
          "schema_version": 0,
          "attributes": {
            "arn": "arn:aws:iam::602963248309:role/ecom-batch-data-pipeline-d01-rd-lambda-lambda-procu-1173db1-role",
            "assume_role_policy": "{\"Statement\":[{\"Action\":\"sts:AssumeRole\",\"Effect\":\"Allow\",\"Principal\":{\"Service\":\"lambda.amazonaws.com\"}}],\"Version\":\"2012-10-17\"}",
            "create_date": "2026-04-30T13:48:04Z",
            "description": "",
            "force_detach_policies": false,
            "id": "ecom-batch-data-pipeline-d01-rd-lambda-lambda-procu-1173db1-role",
            "inline_policy": [
              {
                "name": "ecom-batch-data-pipeline-d01-rd-lambda-lambda-pro-1173db1-policy",
                "policy": "{\"Version\":\"2012-10-17\",\"Statement\":[{\"Action\":[\"logs:CreateLogGroup\",\"logs:CreateLogStream\",\"logs:PutLogEvents\",\"s3:GetObject\",\"s3:ListBucket\",\"s3:PutObject\",\"s3:DeleteObject\"],\"Effect\":\"Allow\",\"Resource\":\"*\"}]}"
              }
            ],
            "managed_policy_arns": [],
            "max_session_duration": 3600,
            "name": "ecom-batch-data-pipeline-d01-rd-lambda-lambda-procu-1173db1-role",
            "name_prefix": "",
            "path": "/",
            "permissions_boundary": "",
            "tags": {
              "BusinessUnit": "RD",
              "CostCenter": "D01",
              "ManagedBy": "aws-pipeline-engine",
              "Pipeline": "ecom_batch_data_pipeline"
            },
            "tags_all": {
              "BusinessUnit": "RD",
              "CostCenter": "D01",
              "ManagedBy": "aws-pipeline-engine",
              "Pipeline": "ecom_batch_data_pipeline"
            },
            "unique_id": "AROAYYY3JAS26C733HZTB"
          },
          "sensitive_attributes": [],
          "private": "bnVsbA=="
        }
      ]
    },
    {
      "mode": "managed",
      "type": "aws_iam_role",
      "name": "ecom_batch_data_pipeline_d01_rd_lambda_lambda_products_preprocess_2010_role",
      "provider": "provider[\"registry.terraform.io/hashicorp/aws\"]",
      "instances": [
        {
          "schema_version": 0,
          "attributes": {
            "arn": "arn:aws:iam::602963248309:role/ecom-batch-data-pipeline-d01-rd-lambda-lambda-produ-625531d-role",
            "assume_role_policy": "{\"Statement\":[{\"Action\":\"sts:AssumeRole\",\"Effect\":\"Allow\",\"Principal\":{\"Service\":\"lambda.amazonaws.com\"}}],\"Version\":\"2012-10-17\"}",
            "create_date": "2026-04-30T13:48:05Z",
            "description": "",
            "force_detach_policies": false,
            "id": "ecom-batch-data-pipeline-d01-rd-lambda-lambda-produ-625531d-role",
            "inline_policy": [
              {
                "name": "ecom-batch-data-pipeline-d01-rd-lambda-lambda-pro-625531d-policy",
                "policy": "{\"Version\":\"2012-10-17\",\"Statement\":[{\"Action\":[\"logs:CreateLogGroup\",\"logs:CreateLogStream\",\"logs:PutLogEvents\",\"s3:GetObject\",\"s3:ListBucket\",\"s3:PutObject\",\"s3:DeleteObject\"],\"Effect\":\"Allow\",\"Resource\":\"*\"}]}"
              }
            ],
            "managed_policy_arns": [],
            "max_session_duration": 3600,
            "name": "ecom-batch-data-pipeline-d01-rd-lambda-lambda-produ-625531d-role",
            "name_prefix": "",
            "path": "/",
            "permissions_boundary": "",
            "tags": {
              "BusinessUnit": "RD",
              "CostCenter": "D01",
              "ManagedBy": "aws-pipeline-engine",
              "Pipeline": "ecom_batch_data_pipeline"
            },
            "tags_all": {
              "BusinessUnit": "RD",
              "CostCenter": "D01",
              "ManagedBy": "aws-pipeline-engine",
              "Pipeline": "ecom_batch_data_pipeline"
            },
            "unique_id": "AROAYYY3JAS2SLXVGMAQX"
          },
          "sensitive_attributes": [],
          "private": "bnVsbA=="
        }
      ]
    },
    {
      "mode": "managed",
      "type": "aws_iam_role",
      "name": "ecom_batch_data_pipeline_d01_rd_lambda_lambda_stock_movements_preprocess_7aae_role",
      "provider": "provider[\"registry.terraform.io/hashicorp/aws\"]",
      "instances": [
        {
          "schema_version": 0,
          "attributes": {
            "arn": "arn:aws:iam::602963248309:role/ecom-batch-data-pipeline-d01-rd-lambda-lambda-stock-7215e41-role",
            "assume_role_policy": "{\"Statement\":[{\"Action\":\"sts:AssumeRole\",\"Effect\":\"Allow\",\"Principal\":{\"Service\":\"lambda.amazonaws.com\"}}],\"Version\":\"2012-10-17\"}",
            "create_date": "2026-04-30T13:48:05Z",
            "description": "",
            "force_detach_policies": false,
            "id": "ecom-batch-data-pipeline-d01-rd-lambda-lambda-stock-7215e41-role",
            "inline_policy": [
              {
                "name": "ecom-batch-data-pipeline-d01-rd-lambda-lambda-sto-7215e41-policy",
                "policy": "{\"Version\":\"2012-10-17\",\"Statement\":[{\"Action\":[\"logs:CreateLogGroup\",\"logs:CreateLogStream\",\"logs:PutLogEvents\",\"s3:GetObject\",\"s3:ListBucket\",\"s3:PutObject\",\"s3:DeleteObject\"],\"Effect\":\"Allow\",\"Resource\":\"*\"}]}"
              }
            ],
            "managed_policy_arns": [],
            "max_session_duration": 3600,
            "name": "ecom-batch-data-pipeline-d01-rd-lambda-lambda-stock-7215e41-role",
            "name_prefix": "",
            "path": "/",
            "permissions_boundary": "",
            "tags": {
              "BusinessUnit": "RD",
              "CostCenter": "D01",
              "ManagedBy": "aws-pipeline-engine",
              "Pipeline": "ecom_batch_data_pipeline"
            },
            "tags_all": {
              "BusinessUnit": "RD",
              "CostCenter": "D01",
              "ManagedBy": "aws-pipeline-engine",
              "Pipeline": "ecom_batch_data_pipeline"
            },
            "unique_id": "AROAYYY3JAS265QBNORVL"
          },
          "sensitive_attributes": [],
          "private": "bnVsbA=="
        }
      ]
    },
    {
      "mode": "managed",
      "type": "aws_iam_role",
      "name": "ecom_batch_data_pipeline_d01_rd_lambda_lambda_suppliers_preprocess_3f7f_role",
      "provider": "provider[\"registry.terraform.io/hashicorp/aws\"]",
      "instances": [
        {
          "schema_version": 0,
          "attributes": {
            "arn": "arn:aws:iam::602963248309:role/ecom-batch-data-pipeline-d01-rd-lambda-lambda-suppl-1ee7191-role",
            "assume_role_policy": "{\"Statement\":[{\"Action\":\"sts:AssumeRole\",\"Effect\":\"Allow\",\"Principal\":{\"Service\":\"lambda.amazonaws.com\"}}],\"Version\":\"2012-10-17\"}",
            "create_date": "2026-04-30T13:48:05Z",
            "description": "",
            "force_detach_policies": false,
            "id": "ecom-batch-data-pipeline-d01-rd-lambda-lambda-suppl-1ee7191-role",
            "inline_policy": [
              {
                "name": "ecom-batch-data-pipeline-d01-rd-lambda-lambda-sup-1ee7191-policy",
                "policy": "{\"Version\":\"2012-10-17\",\"Statement\":[{\"Action\":[\"logs:CreateLogGroup\",\"logs:CreateLogStream\",\"logs:PutLogEvents\",\"s3:GetObject\",\"s3:ListBucket\",\"s3:PutObject\",\"s3:DeleteObject\"],\"Effect\":\"Allow\",\"Resource\":\"*\"}]}"
              }
            ],
            "managed_policy_arns": [],
            "max_session_duration": 3600,
            "name": "ecom-batch-data-pipeline-d01-rd-lambda-lambda-suppl-1ee7191-role",
            "name_prefix": "",
            "path": "/",
            "permissions_boundary": "",
            "tags": {
              "BusinessUnit": "RD",
              "CostCenter": "D01",
              "ManagedBy": "aws-pipeline-engine",
              "Pipeline": "ecom_batch_data_pipeline"
            },
            "tags_all": {
              "BusinessUnit": "RD",
              "CostCenter": "D01",
              "ManagedBy": "aws-pipeline-engine",
              "Pipeline": "ecom_batch_data_pipeline"
            },
            "unique_id": "AROAYYY3JAS25G6BNDSBL"
          },
          "sensitive_attributes": [],
          "private": "bnVsbA=="
        }
      ]
    },
    {
      "mode": "managed",
      "type": "aws_iam_role",
      "name": "ecom_batch_data_pipeline_d01_rd_lambda_lambda_warehouses_preprocess_7642_role",
      "provider": "provider[\"registry.terraform.io/hashicorp/aws\"]",
      "instances": [
        {
          "schema_version": 0,
          "attributes": {
            "arn": "arn:aws:iam::602963248309:role/ecom-batch-data-pipeline-d01-rd-lambda-lambda-wareh-5f008c6-role",
            "assume_role_policy": "{\"Statement\":[{\"Action\":\"sts:AssumeRole\",\"Effect\":\"Allow\",\"Principal\":{\"Service\":\"lambda.amazonaws.com\"}}],\"Version\":\"2012-10-17\"}",
            "create_date": "2026-04-30T13:48:03Z",
            "description": "",
            "force_detach_policies": false,
            "id": "ecom-batch-data-pipeline-d01-rd-lambda-lambda-wareh-5f008c6-role",
            "inline_policy": [
              {
                "name": "ecom-batch-data-pipeline-d01-rd-lambda-lambda-war-5f008c6-policy",
                "policy": "{\"Version\":\"2012-10-17\",\"Statement\":[{\"Action\":[\"logs:CreateLogGroup\",\"logs:CreateLogStream\",\"logs:PutLogEvents\",\"s3:GetObject\",\"s3:ListBucket\",\"s3:PutObject\",\"s3:DeleteObject\"],\"Effect\":\"Allow\",\"Resource\":\"*\"}]}"
              }
            ],
            "managed_policy_arns": [],
            "max_session_duration": 3600,
            "name": "ecom-batch-data-pipeline-d01-rd-lambda-lambda-wareh-5f008c6-role",
            "name_prefix": "",
            "path": "/",
            "permissions_boundary": "",
            "tags": {
              "BusinessUnit": "RD",
              "CostCenter": "D01",
              "ManagedBy": "aws-pipeline-engine",
              "Pipeline": "ecom_batch_data_pipeline"
            },
            "tags_all": {
              "BusinessUnit": "RD",
              "CostCenter": "D01",
              "ManagedBy": "aws-pipeline-engine",
              "Pipeline": "ecom_batch_data_pipeline"
            },
            "unique_id": "AROAYYY3JAS25UWMUPN52"
          },
          "sensitive_attributes": [],
          "private": "bnVsbA=="
        }
      ]
    },
    {
      "mode": "managed",
      "type": "aws_iam_role",
      "name": "ecom_batch_data_pipeline_d01_rd_stepfunctions_ecom_orchestrator_92b6_role",
      "provider": "provider[\"registry.terraform.io/hashicorp/aws\"]",
      "instances": [
        {
          "schema_version": 0,
          "attributes": {
            "arn": "arn:aws:iam::602963248309:role/ecom-batch-data-pipeline-d01-rd-stepfunctions-ecom-dc2636b-role",
            "assume_role_policy": "{\"Statement\":[{\"Action\":\"sts:AssumeRole\",\"Effect\":\"Allow\",\"Principal\":{\"Service\":\"states.amazonaws.com\"}}],\"Version\":\"2012-10-17\"}",
            "create_date": "2026-04-30T13:48:05Z",
            "description": "",
            "force_detach_policies": false,
            "id": "ecom-batch-data-pipeline-d01-rd-stepfunctions-ecom-dc2636b-role",
            "inline_policy": [
              {
                "name": "ecom-batch-data-pipeline-d01-rd-stepfunctions-eco-dc2636b-policy",
                "policy": "{\"Version\":\"2012-10-17\",\"Statement\":[{\"Action\":[\"logs:CreateLogGroup\",\"logs:CreateLogStream\",\"logs:PutLogEvents\",\"lambda:InvokeFunction\"],\"Effect\":\"Allow\",\"Resource\":\"*\"}]}"
              }
            ],
            "managed_policy_arns": [],
            "max_session_duration": 3600,
            "name": "ecom-batch-data-pipeline-d01-rd-stepfunctions-ecom-dc2636b-role",
            "name_prefix": "",
            "path": "/",
            "permissions_boundary": "",
            "tags": {
              "BusinessUnit": "RD",
              "CostCenter": "D01",
              "ManagedBy": "aws-pipeline-engine",
              "Pipeline": "ecom_batch_data_pipeline"
            },
            "tags_all": {
              "BusinessUnit": "RD",
              "CostCenter": "D01",
              "ManagedBy": "aws-pipeline-engine",
              "Pipeline": "ecom_batch_data_pipeline"
            },
            "unique_id": "AROAYYY3JAS2X6UAHP2IG"
          },
          "sensitive_attributes": [],
          "private": "bnVsbA=="
        }
      ]
    },
    {
      "mode": "managed",
      "type": "aws_iam_role_policy",
      "name": "ecom_batch_data_pipeline_d01_rd_glue_glue_crawler_curated_3f10_policy",
      "provider": "provider[\"registry.terraform.io/hashicorp/aws\"]",
      "instances": [
        {
          "schema_version": 0,
          "attributes": {
            "id": "ecom-batch-data-pipeline-d01-rd-glue-glue-crawler-c-f1e4577-role:ecom-batch-data-pipeline-d01-rd-glue-glue-crawler-f1e4577-policy",
            "name": "ecom-batch-data-pipeline-d01-rd-glue-glue-crawler-f1e4577-policy",
            "name_prefix": "",
            "policy": "{\"Version\":\"2012-10-17\",\"Statement\":[{\"Action\":[\"logs:CreateLogGroup\",\"logs:CreateLogStream\",\"logs:PutLogEvents\",\"glue:GetDatabase\",\"glue:GetTable\",\"glue:CreateTable\",\"glue:UpdateTable\",\"glue:DeleteTable\",\"glue:GetPartition\",\"glue:CreatePartition\",\"glue:UpdatePartition\",\"glue:BatchCreatePartition\",\"glue:BatchDeletePartition\",\"s3:GetObject\",\"s3:PutObject\",\"s3:ListBucket\",\"s3:DeleteObject\"],\"Effect\":\"Allow\",\"Resource\":\"*\"}]}",
            "role": "ecom-batch-data-pipeline-d01-rd-glue-glue-crawler-c-f1e4577-role"
          },
          "sensitive_attributes": [],
          "private": "bnVsbA==",
          "dependencies": [
            "aws_iam_role.ecom_batch_data_pipeline_d01_rd_glue_glue_crawler_curated_3f10_role"
          ]
        }
      ]
    },
    {
      "mode": "managed",
      "type": "aws_iam_role_policy",
      "name": "ecom_batch_data_pipeline_d01_rd_lambda_lambda_categories_preprocess_8848_policy",
      "provider": "provider[\"registry.terraform.io/hashicorp/aws\"]",
      "instances": [
        {
          "schema_version": 0,
          "attributes": {
            "id": "ecom-batch-data-pipeline-d01-rd-lambda-lambda-categ-a95b709-role:ecom-batch-data-pipeline-d01-rd-lambda-lambda-cat-a95b709-policy",
            "name": "ecom-batch-data-pipeline-d01-rd-lambda-lambda-cat-a95b709-policy",
            "name_prefix": "",
            "policy": "{\"Version\":\"2012-10-17\",\"Statement\":[{\"Action\":[\"logs:CreateLogGroup\",\"logs:CreateLogStream\",\"logs:PutLogEvents\",\"s3:GetObject\",\"s3:ListBucket\",\"s3:PutObject\",\"s3:DeleteObject\"],\"Effect\":\"Allow\",\"Resource\":\"*\"}]}",
            "role": "ecom-batch-data-pipeline-d01-rd-lambda-lambda-categ-a95b709-role"
          },
          "sensitive_attributes": [],
          "private": "bnVsbA==",
          "dependencies": [
            "aws_iam_role.ecom_batch_data_pipeline_d01_rd_lambda_lambda_categories_preprocess_8848_role"
          ]
        }
      ]
    },
    {
      "mode": "managed",
      "type": "aws_iam_role_policy",
      "name": "ecom_batch_data_pipeline_d01_rd_lambda_lambda_customers_preprocess_1c3f_policy",
      "provider": "provider[\"registry.terraform.io/hashicorp/aws\"]",
      "instances": [
        {
          "schema_version": 0,
          "attributes": {
            "id": "ecom-batch-data-pipeline-d01-rd-lambda-lambda-custo-e0675b1-role:ecom-batch-data-pipeline-d01-rd-lambda-lambda-cus-e0675b1-policy",
            "name": "ecom-batch-data-pipeline-d01-rd-lambda-lambda-cus-e0675b1-policy",
            "name_prefix": "",
            "policy": "{\"Version\":\"2012-10-17\",\"Statement\":[{\"Action\":[\"logs:CreateLogGroup\",\"logs:CreateLogStream\",\"logs:PutLogEvents\",\"s3:GetObject\",\"s3:ListBucket\",\"s3:PutObject\",\"s3:DeleteObject\"],\"Effect\":\"Allow\",\"Resource\":\"*\"}]}",
            "role": "ecom-batch-data-pipeline-d01-rd-lambda-lambda-custo-e0675b1-role"
          },
          "sensitive_attributes": [],
          "private": "bnVsbA==",
          "dependencies": [
            "aws_iam_role.ecom_batch_data_pipeline_d01_rd_lambda_lambda_customers_preprocess_1c3f_role"
          ]
        }
      ]
    },
    {
      "mode": "managed",
      "type": "aws_iam_role_policy",
      "name": "ecom_batch_data_pipeline_d01_rd_lambda_lambda_enrich_transform_f868_policy",
      "provider": "provider[\"registry.terraform.io/hashicorp/aws\"]",
      "instances": [
        {
          "schema_version": 0,
          "attributes": {
            "id": "ecom-batch-data-pipeline-d01-rd-lambda-lambda-enric-61fac77-role:ecom-batch-data-pipeline-d01-rd-lambda-lambda-enr-61fac77-policy",
            "name": "ecom-batch-data-pipeline-d01-rd-lambda-lambda-enr-61fac77-policy",
            "name_prefix": "",
            "policy": "{\"Version\":\"2012-10-17\",\"Statement\":[{\"Action\":[\"logs:CreateLogGroup\",\"logs:CreateLogStream\",\"logs:PutLogEvents\",\"s3:GetObject\",\"s3:ListBucket\",\"s3:PutObject\",\"s3:DeleteObject\"],\"Effect\":\"Allow\",\"Resource\":\"*\"}]}",
            "role": "ecom-batch-data-pipeline-d01-rd-lambda-lambda-enric-61fac77-role"
          },
          "sensitive_attributes": [],
          "private": "bnVsbA==",
          "dependencies": [
            "aws_iam_role.ecom_batch_data_pipeline_d01_rd_lambda_lambda_enrich_transform_f868_role"
          ]
        }
      ]
    },
    {
      "mode": "managed",
      "type": "aws_iam_role_policy",
      "name": "ecom_batch_data_pipeline_d01_rd_lambda_lambda_inventory_preprocess_3e0f_policy",
      "provider": "provider[\"registry.terraform.io/hashicorp/aws\"]",
      "instances": [
        {
          "schema_version": 0,
          "attributes": {
            "id": "ecom-batch-data-pipeline-d01-rd-lambda-lambda-inven-28090d1-role:ecom-batch-data-pipeline-d01-rd-lambda-lambda-inv-28090d1-policy",
            "name": "ecom-batch-data-pipeline-d01-rd-lambda-lambda-inv-28090d1-policy",
            "name_prefix": "",
            "policy": "{\"Version\":\"2012-10-17\",\"Statement\":[{\"Action\":[\"logs:CreateLogGroup\",\"logs:CreateLogStream\",\"logs:PutLogEvents\",\"s3:GetObject\",\"s3:ListBucket\",\"s3:PutObject\",\"s3:DeleteObject\"],\"Effect\":\"Allow\",\"Resource\":\"*\"}]}",
            "role": "ecom-batch-data-pipeline-d01-rd-lambda-lambda-inven-28090d1-role"
          },
          "sensitive_attributes": [],
          "private": "bnVsbA==",
          "dependencies": [
            "aws_iam_role.ecom_batch_data_pipeline_d01_rd_lambda_lambda_inventory_preprocess_3e0f_role"
          ]
        }
      ]
    },
    {
      "mode": "managed",
      "type": "aws_iam_role_policy",
      "name": "ecom_batch_data_pipeline_d01_rd_lambda_lambda_order_items_preprocess_bc52_policy",
      "provider": "provider[\"registry.terraform.io/hashicorp/aws\"]",
      "instances": [
        {
          "schema_version": 0,
          "attributes": {
            "id": "ecom-batch-data-pipeline-d01-rd-lambda-lambda-order-4f2bae4-role:ecom-batch-data-pipeline-d01-rd-lambda-lambda-ord-4f2bae4-policy",
            "name": "ecom-batch-data-pipeline-d01-rd-lambda-lambda-ord-4f2bae4-policy",
            "name_prefix": "",
            "policy": "{\"Version\":\"2012-10-17\",\"Statement\":[{\"Action\":[\"logs:CreateLogGroup\",\"logs:CreateLogStream\",\"logs:PutLogEvents\",\"s3:GetObject\",\"s3:ListBucket\",\"s3:PutObject\",\"s3:DeleteObject\"],\"Effect\":\"Allow\",\"Resource\":\"*\"}]}",
            "role": "ecom-batch-data-pipeline-d01-rd-lambda-lambda-order-4f2bae4-role"
          },
          "sensitive_attributes": [],
          "private": "bnVsbA==",
          "dependencies": [
            "aws_iam_role.ecom_batch_data_pipeline_d01_rd_lambda_lambda_order_items_preprocess_bc52_role"
          ]
        }
      ]
    },
    {
      "mode": "managed",
      "type": "aws_iam_role_policy",
      "name": "ecom_batch_data_pipeline_d01_rd_lambda_lambda_orders_preprocess_a96d_policy",
      "provider": "provider[\"registry.terraform.io/hashicorp/aws\"]",
      "instances": [
        {
          "schema_version": 0,
          "attributes": {
            "id": "ecom-batch-data-pipeline-d01-rd-lambda-lambda-order-07999ba-role:ecom-batch-data-pipeline-d01-rd-lambda-lambda-ord-07999ba-policy",
            "name": "ecom-batch-data-pipeline-d01-rd-lambda-lambda-ord-07999ba-policy",
            "name_prefix": "",
            "policy": "{\"Version\":\"2012-10-17\",\"Statement\":[{\"Action\":[\"logs:CreateLogGroup\",\"logs:CreateLogStream\",\"logs:PutLogEvents\",\"s3:GetObject\",\"s3:ListBucket\",\"s3:PutObject\",\"s3:DeleteObject\"],\"Effect\":\"Allow\",\"Resource\":\"*\"}]}",
            "role": "ecom-batch-data-pipeline-d01-rd-lambda-lambda-order-07999ba-role"
          },
          "sensitive_attributes": [],
          "private": "bnVsbA==",
          "dependencies": [
            "aws_iam_role.ecom_batch_data_pipeline_d01_rd_lambda_lambda_orders_preprocess_a96d_role"
          ]
        }
      ]
    },
    {
      "mode": "managed",
      "type": "aws_iam_role_policy",
      "name": "ecom_batch_data_pipeline_d01_rd_lambda_lambda_procurements_preprocess_ba45_policy",
      "provider": "provider[\"registry.terraform.io/hashicorp/aws\"]",
      "instances": [
        {
          "schema_version": 0,
          "attributes": {
            "id": "ecom-batch-data-pipeline-d01-rd-lambda-lambda-procu-1173db1-role:ecom-batch-data-pipeline-d01-rd-lambda-lambda-pro-1173db1-policy",
            "name": "ecom-batch-data-pipeline-d01-rd-lambda-lambda-pro-1173db1-policy",
            "name_prefix": "",
            "policy": "{\"Version\":\"2012-10-17\",\"Statement\":[{\"Action\":[\"logs:CreateLogGroup\",\"logs:CreateLogStream\",\"logs:PutLogEvents\",\"s3:GetObject\",\"s3:ListBucket\",\"s3:PutObject\",\"s3:DeleteObject\"],\"Effect\":\"Allow\",\"Resource\":\"*\"}]}",
            "role": "ecom-batch-data-pipeline-d01-rd-lambda-lambda-procu-1173db1-role"
          },
          "sensitive_attributes": [],
          "private": "bnVsbA==",
          "dependencies": [
            "aws_iam_role.ecom_batch_data_pipeline_d01_rd_lambda_lambda_procurements_preprocess_ba45_role"
          ]
        }
      ]
    },
    {
      "mode": "managed",
      "type": "aws_iam_role_policy",
      "name": "ecom_batch_data_pipeline_d01_rd_lambda_lambda_products_preprocess_2010_policy",
      "provider": "provider[\"registry.terraform.io/hashicorp/aws\"]",
      "instances": [
        {
          "schema_version": 0,
          "attributes": {
            "id": "ecom-batch-data-pipeline-d01-rd-lambda-lambda-produ-625531d-role:ecom-batch-data-pipeline-d01-rd-lambda-lambda-pro-625531d-policy",
            "name": "ecom-batch-data-pipeline-d01-rd-lambda-lambda-pro-625531d-policy",
            "name_prefix": "",
            "policy": "{\"Version\":\"2012-10-17\",\"Statement\":[{\"Action\":[\"logs:CreateLogGroup\",\"logs:CreateLogStream\",\"logs:PutLogEvents\",\"s3:GetObject\",\"s3:ListBucket\",\"s3:PutObject\",\"s3:DeleteObject\"],\"Effect\":\"Allow\",\"Resource\":\"*\"}]}",
            "role": "ecom-batch-data-pipeline-d01-rd-lambda-lambda-produ-625531d-role"
          },
          "sensitive_attributes": [],
          "private": "bnVsbA==",
          "dependencies": [
            "aws_iam_role.ecom_batch_data_pipeline_d01_rd_lambda_lambda_products_preprocess_2010_role"
          ]
        }
      ]
    },
    {
      "mode": "managed",
      "type": "aws_iam_role_policy",
      "name": "ecom_batch_data_pipeline_d01_rd_lambda_lambda_stock_movements_preprocess_7aae_policy",
      "provider": "provider[\"registry.terraform.io/hashicorp/aws\"]",
      "instances": [
        {
          "schema_version": 0,
          "attributes": {
            "id": "ecom-batch-data-pipeline-d01-rd-lambda-lambda-stock-7215e41-role:ecom-batch-data-pipeline-d01-rd-lambda-lambda-sto-7215e41-policy",
            "name": "ecom-batch-data-pipeline-d01-rd-lambda-lambda-sto-7215e41-policy",
            "name_prefix": "",
            "policy": "{\"Version\":\"2012-10-17\",\"Statement\":[{\"Action\":[\"logs:CreateLogGroup\",\"logs:CreateLogStream\",\"logs:PutLogEvents\",\"s3:GetObject\",\"s3:ListBucket\",\"s3:PutObject\",\"s3:DeleteObject\"],\"Effect\":\"Allow\",\"Resource\":\"*\"}]}",
            "role": "ecom-batch-data-pipeline-d01-rd-lambda-lambda-stock-7215e41-role"
          },
          "sensitive_attributes": [],
          "private": "bnVsbA==",
          "dependencies": [
            "aws_iam_role.ecom_batch_data_pipeline_d01_rd_lambda_lambda_stock_movements_preprocess_7aae_role"
          ]
        }
      ]
    },
    {
      "mode": "managed",
      "type": "aws_iam_role_policy",
      "name": "ecom_batch_data_pipeline_d01_rd_lambda_lambda_suppliers_preprocess_3f7f_policy",
      "provider": "provider[\"registry.terraform.io/hashicorp/aws\"]",
      "instances": [
        {
          "schema_version": 0,
          "attributes": {
            "id": "ecom-batch-data-pipeline-d01-rd-lambda-lambda-suppl-1ee7191-role:ecom-batch-data-pipeline-d01-rd-lambda-lambda-sup-1ee7191-policy",
            "name": "ecom-batch-data-pipeline-d01-rd-lambda-lambda-sup-1ee7191-policy",
            "name_prefix": "",
            "policy": "{\"Version\":\"2012-10-17\",\"Statement\":[{\"Action\":[\"logs:CreateLogGroup\",\"logs:CreateLogStream\",\"logs:PutLogEvents\",\"s3:GetObject\",\"s3:ListBucket\",\"s3:PutObject\",\"s3:DeleteObject\"],\"Effect\":\"Allow\",\"Resource\":\"*\"}]}",
            "role": "ecom-batch-data-pipeline-d01-rd-lambda-lambda-suppl-1ee7191-role"
          },
          "sensitive_attributes": [],
          "private": "bnVsbA==",
          "dependencies": [
            "aws_iam_role.ecom_batch_data_pipeline_d01_rd_lambda_lambda_suppliers_preprocess_3f7f_role"
          ]
        }
      ]
    },
    {
      "mode": "managed",
      "type": "aws_iam_role_policy",
      "name": "ecom_batch_data_pipeline_d01_rd_lambda_lambda_warehouses_preprocess_7642_policy",
      "provider": "provider[\"registry.terraform.io/hashicorp/aws\"]",
      "instances": [
        {
          "schema_version": 0,
          "attributes": {
            "id": "ecom-batch-data-pipeline-d01-rd-lambda-lambda-wareh-5f008c6-role:ecom-batch-data-pipeline-d01-rd-lambda-lambda-war-5f008c6-policy",
            "name": "ecom-batch-data-pipeline-d01-rd-lambda-lambda-war-5f008c6-policy",
            "name_prefix": "",
            "policy": "{\"Version\":\"2012-10-17\",\"Statement\":[{\"Action\":[\"logs:CreateLogGroup\",\"logs:CreateLogStream\",\"logs:PutLogEvents\",\"s3:GetObject\",\"s3:ListBucket\",\"s3:PutObject\",\"s3:DeleteObject\"],\"Effect\":\"Allow\",\"Resource\":\"*\"}]}",
            "role": "ecom-batch-data-pipeline-d01-rd-lambda-lambda-wareh-5f008c6-role"
          },
          "sensitive_attributes": [],
          "private": "bnVsbA==",
          "dependencies": [
            "aws_iam_role.ecom_batch_data_pipeline_d01_rd_lambda_lambda_warehouses_preprocess_7642_role"
          ]
        }
      ]
    },
    {
      "mode": "managed",
      "type": "aws_iam_role_policy",
      "name": "ecom_batch_data_pipeline_d01_rd_stepfunctions_ecom_orchestrator_92b6_policy",
      "provider": "provider[\"registry.terraform.io/hashicorp/aws\"]",
      "instances": [
        {
          "schema_version": 0,
          "attributes": {
            "id": "ecom-batch-data-pipeline-d01-rd-stepfunctions-ecom-dc2636b-role:ecom-batch-data-pipeline-d01-rd-stepfunctions-eco-dc2636b-policy",
            "name": "ecom-batch-data-pipeline-d01-rd-stepfunctions-eco-dc2636b-policy",
            "name_prefix": "",
            "policy": "{\"Version\":\"2012-10-17\",\"Statement\":[{\"Action\":[\"logs:CreateLogGroup\",\"logs:CreateLogStream\",\"logs:PutLogEvents\",\"lambda:InvokeFunction\"],\"Effect\":\"Allow\",\"Resource\":\"*\"}]}",
            "role": "ecom-batch-data-pipeline-d01-rd-stepfunctions-ecom-dc2636b-role"
          },
          "sensitive_attributes": [],
          "private": "bnVsbA==",
          "dependencies": [
            "aws_iam_role.ecom_batch_data_pipeline_d01_rd_stepfunctions_ecom_orchestrator_92b6_role"
          ]
        }
      ]
    },
    {
      "mode": "managed",
      "type": "aws_lambda_function",
      "name": "ecom_batch_data_pipeline_d01_rd_lambda_lambda_categories_preprocess_8848",
      "provider": "provider[\"registry.terraform.io/hashicorp/aws\"]",
      "instances": [
        {
          "schema_version": 0,
          "attributes": {
            "architectures": [
              "x86_64"
            ],
            "arn": "arn:aws:lambda:us-east-1:602963248309:function:ecom-batch-data-pipeline-d01-rd-lambda-lambda-categories-61ae77a",
            "code_sha256": "LmcgHcF2xlW0KH/h8do1eRPlc9I5gAA6/LTH/6iiCAM=",
            "code_signing_config_arn": "",
            "dead_letter_config": [],
            "description": "",
            "environment": [
              {
                "variables": {
                  "ECOM_ERROR_BUCKET": "ecom-batch-data-pipeline-d01-rd-s3-ecom-error-9b27",
                  "ECOM_RAW_BUCKET": "ecom-batch-data-pipeline-d01-rd-s3-ecom-raw-ad8a"
                }
              }
            ],
            "ephemeral_storage": [
              {
                "size": 512
              }
            ],
            "file_system_config": [],
            "filename": "./ecom_batch_data_pipeline_d01_rd_lambda_lambda_categories_preprocess_8848_placeholder.zip",
            "function_name": "ecom-batch-data-pipeline-d01-rd-lambda-lambda-categories-61ae77a",
            "handler": "index.handler",
            "id": "ecom-batch-data-pipeline-d01-rd-lambda-lambda-categories-61ae77a",
            "image_config": [],
            "image_uri": "",
            "invoke_arn": "arn:aws:apigateway:us-east-1:lambda:path/2015-03-31/functions/arn:aws:lambda:us-east-1:602963248309:function:ecom-batch-data-pipeline-d01-rd-lambda-lambda-categories-61ae77a/invocations",
            "kms_key_arn": "",
            "last_modified": "2026-04-30T13:49:25.099+0000",
            "layers": [],
            "logging_config": [
              {
                "application_log_level": "",
                "log_format": "Text",
                "log_group": "/aws/lambda/ecom-batch-data-pipeline-d01-rd-lambda-lambda-categories-61ae77a",
                "system_log_level": ""
              }
            ],
            "memory_size": 128,
            "package_type": "Zip",
            "publish": false,
            "qualified_arn": "arn:aws:lambda:us-east-1:602963248309:function:ecom-batch-data-pipeline-d01-rd-lambda-lambda-categories-61ae77a:$LATEST",
            "qualified_invoke_arn": "arn:aws:apigateway:us-east-1:lambda:path/2015-03-31/functions/arn:aws:lambda:us-east-1:602963248309:function:ecom-batch-data-pipeline-d01-rd-lambda-lambda-categories-61ae77a:$LATEST/invocations",
            "replace_security_groups_on_destroy": null,
            "replacement_security_group_ids": null,
            "reserved_concurrent_executions": -1,
            "role": "arn:aws:iam::602963248309:role/ecom-batch-data-pipeline-d01-rd-lambda-lambda-categ-a95b709-role",
            "runtime": "python3.12",
            "s3_bucket": null,
            "s3_key": null,
            "s3_object_version": null,
            "signing_job_arn": "",
            "signing_profile_version_arn": "",
            "skip_destroy": false,
            "snap_start": [],
            "source_code_hash": "LmcgHcF2xlW0KH/h8do1eRPlc9I5gAA6/LTH/6iiCAM=",
            "source_code_size": 195,
            "tags": {
              "BusinessUnit": "RD",
              "CostCenter": "D01",
              "ManagedBy": "aws-pipeline-engine",
              "Pipeline": "ecom_batch_data_pipeline"
            },
            "tags_all": {
              "BusinessUnit": "RD",
              "CostCenter": "D01",
              "ManagedBy": "aws-pipeline-engine",
              "Pipeline": "ecom_batch_data_pipeline"
            },
            "timeout": 300,
            "timeouts": null,
            "tracing_config": [
              {
                "mode": "PassThrough"
              }
            ],
            "version": "$LATEST",
            "vpc_config": []
          },
          "sensitive_attributes": [],
          "private": "eyJlMmJmYjczMC1lY2FhLTExZTYtOGY4OC0zNDM2M2JjN2M0YzAiOnsiY3JlYXRlIjo2MDAwMDAwMDAwMDAsImRlbGV0ZSI6NjAwMDAwMDAwMDAwLCJ1cGRhdGUiOjYwMDAwMDAwMDAwMH19",
          "dependencies": [
            "aws_cloudwatch_log_group.ecom_batch_data_pipeline_d01_rd_lambda_lambda_categories_preprocess_8848_lg",
            "aws_iam_role.ecom_batch_data_pipeline_d01_rd_lambda_lambda_categories_preprocess_8848_role",
            "aws_s3_bucket.ecom_batch_data_pipeline_d01_rd_s3_ecom_error_54d2",
            "aws_s3_bucket.ecom_batch_data_pipeline_d01_rd_s3_ecom_raw_56ef",
            "data.archive_file.ecom_batch_data_pipeline_d01_rd_lambda_lambda_categories_preprocess_8848_placeholder"
          ]
        }
      ]
    },
    {
      "mode": "managed",
      "type": "aws_lambda_function",
      "name": "ecom_batch_data_pipeline_d01_rd_lambda_lambda_customers_preprocess_1c3f",
      "provider": "provider[\"registry.terraform.io/hashicorp/aws\"]",
      "instances": [
        {
          "schema_version": 0,
          "attributes": {
            "architectures": [
              "x86_64"
            ],
            "arn": "arn:aws:lambda:us-east-1:602963248309:function:ecom-batch-data-pipeline-d01-rd-lambda-lambda-customers-76c6174",
            "code_sha256": "LmcgHcF2xlW0KH/h8do1eRPlc9I5gAA6/LTH/6iiCAM=",
            "code_signing_config_arn": "",
            "dead_letter_config": [],
            "description": "",
            "environment": [
              {
                "variables": {
                  "ECOM_ERROR_BUCKET": "ecom-batch-data-pipeline-d01-rd-s3-ecom-error-9b27",
                  "ECOM_RAW_BUCKET": "ecom-batch-data-pipeline-d01-rd-s3-ecom-raw-ad8a"
                }
              }
            ],
            "ephemeral_storage": [
              {
                "size": 512
              }
            ],
            "file_system_config": [],
            "filename": "./ecom_batch_data_pipeline_d01_rd_lambda_lambda_customers_preprocess_1c3f_placeholder.zip",
            "function_name": "ecom-batch-data-pipeline-d01-rd-lambda-lambda-customers-76c6174",
            "handler": "index.handler",
            "id": "ecom-batch-data-pipeline-d01-rd-lambda-lambda-customers-76c6174",
            "image_config": [],
            "image_uri": "",
            "invoke_arn": "arn:aws:apigateway:us-east-1:lambda:path/2015-03-31/functions/arn:aws:lambda:us-east-1:602963248309:function:ecom-batch-data-pipeline-d01-rd-lambda-lambda-customers-76c6174/invocations",
            "kms_key_arn": "",
            "last_modified": "2026-04-30T13:48:22.655+0000",
            "layers": [],
            "logging_config": [
              {
                "application_log_level": "",
                "log_format": "Text",
                "log_group": "/aws/lambda/ecom-batch-data-pipeline-d01-rd-lambda-lambda-customers-76c6174",
                "system_log_level": ""
              }
            ],
            "memory_size": 256,
            "package_type": "Zip",
            "publish": false,
            "qualified_arn": "arn:aws:lambda:us-east-1:602963248309:function:ecom-batch-data-pipeline-d01-rd-lambda-lambda-customers-76c6174:$LATEST",
            "qualified_invoke_arn": "arn:aws:apigateway:us-east-1:lambda:path/2015-03-31/functions/arn:aws:lambda:us-east-1:602963248309:function:ecom-batch-data-pipeline-d01-rd-lambda-lambda-customers-76c6174:$LATEST/invocations",
            "replace_security_groups_on_destroy": null,
            "replacement_security_group_ids": null,
            "reserved_concurrent_executions": -1,
            "role": "arn:aws:iam::602963248309:role/ecom-batch-data-pipeline-d01-rd-lambda-lambda-custo-e0675b1-role",
            "runtime": "python3.12",
            "s3_bucket": null,
            "s3_key": null,
            "s3_object_version": null,
            "signing_job_arn": "",
            "signing_profile_version_arn": "",
            "skip_destroy": false,
            "snap_start": [],
            "source_code_hash": "LmcgHcF2xlW0KH/h8do1eRPlc9I5gAA6/LTH/6iiCAM=",
            "source_code_size": 195,
            "tags": {
              "BusinessUnit": "RD",
              "CostCenter": "D01",
              "ManagedBy": "aws-pipeline-engine",
              "Pipeline": "ecom_batch_data_pipeline"
            },
            "tags_all": {
              "BusinessUnit": "RD",
              "CostCenter": "D01",
              "ManagedBy": "aws-pipeline-engine",
              "Pipeline": "ecom_batch_data_pipeline"
            },
            "timeout": 300,
            "timeouts": null,
            "tracing_config": [
              {
                "mode": "PassThrough"
              }
            ],
            "version": "$LATEST",
            "vpc_config": []
          },
          "sensitive_attributes": [],
          "private": "eyJlMmJmYjczMC1lY2FhLTExZTYtOGY4OC0zNDM2M2JjN2M0YzAiOnsiY3JlYXRlIjo2MDAwMDAwMDAwMDAsImRlbGV0ZSI6NjAwMDAwMDAwMDAwLCJ1cGRhdGUiOjYwMDAwMDAwMDAwMH19",
          "dependencies": [
            "aws_cloudwatch_log_group.ecom_batch_data_pipeline_d01_rd_lambda_lambda_customers_preprocess_1c3f_lg",
            "aws_iam_role.ecom_batch_data_pipeline_d01_rd_lambda_lambda_customers_preprocess_1c3f_role",
            "aws_s3_bucket.ecom_batch_data_pipeline_d01_rd_s3_ecom_error_54d2",
            "aws_s3_bucket.ecom_batch_data_pipeline_d01_rd_s3_ecom_raw_56ef",
            "data.archive_file.ecom_batch_data_pipeline_d01_rd_lambda_lambda_customers_preprocess_1c3f_placeholder"
          ]
        }
      ]
    },
    {
      "mode": "managed",
      "type": "aws_lambda_function",
      "name": "ecom_batch_data_pipeline_d01_rd_lambda_lambda_enrich_transform_f868",
      "provider": "provider[\"registry.terraform.io/hashicorp/aws\"]",
      "instances": [
        {
          "schema_version": 0,
          "attributes": {
            "architectures": [
              "x86_64"
            ],
            "arn": "arn:aws:lambda:us-east-1:602963248309:function:ecom-batch-data-pipeline-d01-rd-lambda-lambda-enrich-tra-eab65e1",
            "code_sha256": "LmcgHcF2xlW0KH/h8do1eRPlc9I5gAA6/LTH/6iiCAM=",
            "code_signing_config_arn": "",
            "dead_letter_config": [],
            "description": "",
            "environment": [
              {
                "variables": {
                  "ECOM_CURATED_BUCKET": "ecom-batch-data-pipeline-d01-rd-s3-ecom-curated-ae42"
                }
              }
            ],
            "ephemeral_storage": [
              {
                "size": 512
              }
            ],
            "file_system_config": [],
            "filename": "./ecom_batch_data_pipeline_d01_rd_lambda_lambda_enrich_transform_f868_placeholder.zip",
            "function_name": "ecom-batch-data-pipeline-d01-rd-lambda-lambda-enrich-tra-eab65e1",
            "handler": "index.handler",
            "id": "ecom-batch-data-pipeline-d01-rd-lambda-lambda-enrich-tra-eab65e1",
            "image_config": [],
            "image_uri": "",
            "invoke_arn": "arn:aws:apigateway:us-east-1:lambda:path/2015-03-31/functions/arn:aws:lambda:us-east-1:602963248309:function:ecom-batch-data-pipeline-d01-rd-lambda-lambda-enrich-tra-eab65e1/invocations",
            "kms_key_arn": "",
            "last_modified": "2026-04-30T13:49:01.448+0000",
            "layers": [],
            "logging_config": [
              {
                "application_log_level": "",
                "log_format": "Text",
                "log_group": "/aws/lambda/ecom-batch-data-pipeline-d01-rd-lambda-lambda-enrich-tra-eab65e1",
                "system_log_level": ""
              }
            ],
            "memory_size": 1024,
            "package_type": "Zip",
            "publish": false,
            "qualified_arn": "arn:aws:lambda:us-east-1:602963248309:function:ecom-batch-data-pipeline-d01-rd-lambda-lambda-enrich-tra-eab65e1:$LATEST",
            "qualified_invoke_arn": "arn:aws:apigateway:us-east-1:lambda:path/2015-03-31/functions/arn:aws:lambda:us-east-1:602963248309:function:ecom-batch-data-pipeline-d01-rd-lambda-lambda-enrich-tra-eab65e1:$LATEST/invocations",
            "replace_security_groups_on_destroy": null,
            "replacement_security_group_ids": null,
            "reserved_concurrent_executions": -1,
            "role": "arn:aws:iam::602963248309:role/ecom-batch-data-pipeline-d01-rd-lambda-lambda-enric-61fac77-role",
            "runtime": "python3.12",
            "s3_bucket": null,
            "s3_key": null,
            "s3_object_version": null,
            "signing_job_arn": "",
            "signing_profile_version_arn": "",
            "skip_destroy": false,
            "snap_start": [],
            "source_code_hash": "LmcgHcF2xlW0KH/h8do1eRPlc9I5gAA6/LTH/6iiCAM=",
            "source_code_size": 195,
            "tags": {
              "BusinessUnit": "RD",
              "CostCenter": "D01",
              "ManagedBy": "aws-pipeline-engine",
              "Pipeline": "ecom_batch_data_pipeline"
            },
            "tags_all": {
              "BusinessUnit": "RD",
              "CostCenter": "D01",
              "ManagedBy": "aws-pipeline-engine",
              "Pipeline": "ecom_batch_data_pipeline"
            },
            "timeout": 900,
            "timeouts": null,
            "tracing_config": [
              {
                "mode": "PassThrough"
              }
            ],
            "version": "$LATEST",
            "vpc_config": []
          },
          "sensitive_attributes": [],
          "private": "eyJlMmJmYjczMC1lY2FhLTExZTYtOGY4OC0zNDM2M2JjN2M0YzAiOnsiY3JlYXRlIjo2MDAwMDAwMDAwMDAsImRlbGV0ZSI6NjAwMDAwMDAwMDAwLCJ1cGRhdGUiOjYwMDAwMDAwMDAwMH19",
          "dependencies": [
            "aws_cloudwatch_log_group.ecom_batch_data_pipeline_d01_rd_lambda_lambda_enrich_transform_f868_lg",
            "aws_iam_role.ecom_batch_data_pipeline_d01_rd_lambda_lambda_enrich_transform_f868_role",
            "aws_s3_bucket.ecom_batch_data_pipeline_d01_rd_s3_ecom_curated_7bdd",
            "data.archive_file.ecom_batch_data_pipeline_d01_rd_lambda_lambda_enrich_transform_f868_placeholder"
          ]
        }
      ]
    },
    {
      "mode": "managed",
      "type": "aws_lambda_function",
      "name": "ecom_batch_data_pipeline_d01_rd_lambda_lambda_inventory_preprocess_3e0f",
      "provider": "provider[\"registry.terraform.io/hashicorp/aws\"]",
      "instances": [
        {
          "schema_version": 0,
          "attributes": {
            "architectures": [
              "x86_64"
            ],
            "arn": "arn:aws:lambda:us-east-1:602963248309:function:ecom-batch-data-pipeline-d01-rd-lambda-lambda-inventory-46bb87c",
            "code_sha256": "LmcgHcF2xlW0KH/h8do1eRPlc9I5gAA6/LTH/6iiCAM=",
            "code_signing_config_arn": "",
            "dead_letter_config": [],
            "description": "",
            "environment": [
              {
                "variables": {
                  "ECOM_ERROR_BUCKET": "ecom-batch-data-pipeline-d01-rd-s3-ecom-error-9b27",
                  "ECOM_RAW_BUCKET": "ecom-batch-data-pipeline-d01-rd-s3-ecom-raw-ad8a"
                }
              }
            ],
            "ephemeral_storage": [
              {
                "size": 512
              }
            ],
            "file_system_config": [],
            "filename": "./ecom_batch_data_pipeline_d01_rd_lambda_lambda_inventory_preprocess_3e0f_placeholder.zip",
            "function_name": "ecom-batch-data-pipeline-d01-rd-lambda-lambda-inventory-46bb87c",
            "handler": "index.handler",
            "id": "ecom-batch-data-pipeline-d01-rd-lambda-lambda-inventory-46bb87c",
            "image_config": [],
            "image_uri": "",
            "invoke_arn": "arn:aws:apigateway:us-east-1:lambda:path/2015-03-31/functions/arn:aws:lambda:us-east-1:602963248309:function:ecom-batch-data-pipeline-d01-rd-lambda-lambda-inventory-46bb87c/invocations",
            "kms_key_arn": "",
            "last_modified": "2026-04-30T13:48:45.878+0000",
            "layers": [],
            "logging_config": [
              {
                "application_log_level": "",
                "log_format": "Text",
                "log_group": "/aws/lambda/ecom-batch-data-pipeline-d01-rd-lambda-lambda-inventory-46bb87c",
                "system_log_level": ""
              }
            ],
            "memory_size": 256,
            "package_type": "Zip",
            "publish": false,
            "qualified_arn": "arn:aws:lambda:us-east-1:602963248309:function:ecom-batch-data-pipeline-d01-rd-lambda-lambda-inventory-46bb87c:$LATEST",
            "qualified_invoke_arn": "arn:aws:apigateway:us-east-1:lambda:path/2015-03-31/functions/arn:aws:lambda:us-east-1:602963248309:function:ecom-batch-data-pipeline-d01-rd-lambda-lambda-inventory-46bb87c:$LATEST/invocations",
            "replace_security_groups_on_destroy": null,
            "replacement_security_group_ids": null,
            "reserved_concurrent_executions": -1,
            "role": "arn:aws:iam::602963248309:role/ecom-batch-data-pipeline-d01-rd-lambda-lambda-inven-28090d1-role",
            "runtime": "python3.12",
            "s3_bucket": null,
            "s3_key": null,
            "s3_object_version": null,
            "signing_job_arn": "",
            "signing_profile_version_arn": "",
            "skip_destroy": false,
            "snap_start": [],
            "source_code_hash": "LmcgHcF2xlW0KH/h8do1eRPlc9I5gAA6/LTH/6iiCAM=",
            "source_code_size": 195,
            "tags": {
              "BusinessUnit": "RD",
              "CostCenter": "D01",
              "ManagedBy": "aws-pipeline-engine",
              "Pipeline": "ecom_batch_data_pipeline"
            },
            "tags_all": {
              "BusinessUnit": "RD",
              "CostCenter": "D01",
              "ManagedBy": "aws-pipeline-engine",
              "Pipeline": "ecom_batch_data_pipeline"
            },
            "timeout": 300,
            "timeouts": null,
            "tracing_config": [
              {
                "mode": "PassThrough"
              }
            ],
            "version": "$LATEST",
            "vpc_config": []
          },
          "sensitive_attributes": [],
          "private": "eyJlMmJmYjczMC1lY2FhLTExZTYtOGY4OC0zNDM2M2JjN2M0YzAiOnsiY3JlYXRlIjo2MDAwMDAwMDAwMDAsImRlbGV0ZSI6NjAwMDAwMDAwMDAwLCJ1cGRhdGUiOjYwMDAwMDAwMDAwMH19",
          "dependencies": [
            "aws_cloudwatch_log_group.ecom_batch_data_pipeline_d01_rd_lambda_lambda_inventory_preprocess_3e0f_lg",
            "aws_iam_role.ecom_batch_data_pipeline_d01_rd_lambda_lambda_inventory_preprocess_3e0f_role",
            "aws_s3_bucket.ecom_batch_data_pipeline_d01_rd_s3_ecom_error_54d2",
            "aws_s3_bucket.ecom_batch_data_pipeline_d01_rd_s3_ecom_raw_56ef",
            "data.archive_file.ecom_batch_data_pipeline_d01_rd_lambda_lambda_inventory_preprocess_3e0f_placeholder"
          ]
        }
      ]
    },
    {
      "mode": "managed",
      "type": "aws_lambda_function",
      "name": "ecom_batch_data_pipeline_d01_rd_lambda_lambda_order_items_preprocess_bc52",
      "provider": "provider[\"registry.terraform.io/hashicorp/aws\"]",
      "instances": [
        {
          "schema_version": 0,
          "attributes": {
            "architectures": [
              "x86_64"
            ],
            "arn": "arn:aws:lambda:us-east-1:602963248309:function:ecom-batch-data-pipeline-d01-rd-lambda-lambda-order-item-0c52548",
            "code_sha256": "LmcgHcF2xlW0KH/h8do1eRPlc9I5gAA6/LTH/6iiCAM=",
            "code_signing_config_arn": "",
            "dead_letter_config": [],
            "description": "",
            "environment": [
              {
                "variables": {
                  "ECOM_ERROR_BUCKET": "ecom-batch-data-pipeline-d01-rd-s3-ecom-error-9b27",
                  "ECOM_RAW_BUCKET": "ecom-batch-data-pipeline-d01-rd-s3-ecom-raw-ad8a"
                }
              }
            ],
            "ephemeral_storage": [
              {
                "size": 512
              }
            ],
            "file_system_config": [],
            "filename": "./ecom_batch_data_pipeline_d01_rd_lambda_lambda_order_items_preprocess_bc52_placeholder.zip",
            "function_name": "ecom-batch-data-pipeline-d01-rd-lambda-lambda-order-item-0c52548",
            "handler": "index.handler",
            "id": "ecom-batch-data-pipeline-d01-rd-lambda-lambda-order-item-0c52548",
            "image_config": [],
            "image_uri": "",
            "invoke_arn": "arn:aws:apigateway:us-east-1:lambda:path/2015-03-31/functions/arn:aws:lambda:us-east-1:602963248309:function:ecom-batch-data-pipeline-d01-rd-lambda-lambda-order-item-0c52548/invocations",
            "kms_key_arn": "",
            "last_modified": "2026-04-30T13:49:40.615+0000",
            "layers": [],
            "logging_config": [
              {
                "application_log_level": "",
                "log_format": "Text",
                "log_group": "/aws/lambda/ecom-batch-data-pipeline-d01-rd-lambda-lambda-order-item-0c52548",
                "system_log_level": ""
              }
            ],
            "memory_size": 512,
            "package_type": "Zip",
            "publish": false,
            "qualified_arn": "arn:aws:lambda:us-east-1:602963248309:function:ecom-batch-data-pipeline-d01-rd-lambda-lambda-order-item-0c52548:$LATEST",
            "qualified_invoke_arn": "arn:aws:apigateway:us-east-1:lambda:path/2015-03-31/functions/arn:aws:lambda:us-east-1:602963248309:function:ecom-batch-data-pipeline-d01-rd-lambda-lambda-order-item-0c52548:$LATEST/invocations",
            "replace_security_groups_on_destroy": null,
            "replacement_security_group_ids": null,
            "reserved_concurrent_executions": -1,
            "role": "arn:aws:iam::602963248309:role/ecom-batch-data-pipeline-d01-rd-lambda-lambda-order-4f2bae4-role",
            "runtime": "python3.12",
            "s3_bucket": null,
            "s3_key": null,
            "s3_object_version": null,
            "signing_job_arn": "",
            "signing_profile_version_arn": "",
            "skip_destroy": false,
            "snap_start": [],
            "source_code_hash": "LmcgHcF2xlW0KH/h8do1eRPlc9I5gAA6/LTH/6iiCAM=",
            "source_code_size": 195,
            "tags": {
              "BusinessUnit": "RD",
              "CostCenter": "D01",
              "ManagedBy": "aws-pipeline-engine",
              "Pipeline": "ecom_batch_data_pipeline"
            },
            "tags_all": {
              "BusinessUnit": "RD",
              "CostCenter": "D01",
              "ManagedBy": "aws-pipeline-engine",
              "Pipeline": "ecom_batch_data_pipeline"
            },
            "timeout": 300,
            "timeouts": null,
            "tracing_config": [
              {
                "mode": "PassThrough"
              }
            ],
            "version": "$LATEST",
            "vpc_config": []
          },
          "sensitive_attributes": [],
          "private": "eyJlMmJmYjczMC1lY2FhLTExZTYtOGY4OC0zNDM2M2JjN2M0YzAiOnsiY3JlYXRlIjo2MDAwMDAwMDAwMDAsImRlbGV0ZSI6NjAwMDAwMDAwMDAwLCJ1cGRhdGUiOjYwMDAwMDAwMDAwMH19",
          "dependencies": [
            "aws_cloudwatch_log_group.ecom_batch_data_pipeline_d01_rd_lambda_lambda_order_items_preprocess_bc52_lg",
            "aws_iam_role.ecom_batch_data_pipeline_d01_rd_lambda_lambda_order_items_preprocess_bc52_role",
            "aws_s3_bucket.ecom_batch_data_pipeline_d01_rd_s3_ecom_error_54d2",
            "aws_s3_bucket.ecom_batch_data_pipeline_d01_rd_s3_ecom_raw_56ef",
            "data.archive_file.ecom_batch_data_pipeline_d01_rd_lambda_lambda_order_items_preprocess_bc52_placeholder"
          ]
        }
      ]
    },
    {
      "mode": "managed",
      "type": "aws_lambda_function",
      "name": "ecom_batch_data_pipeline_d01_rd_lambda_lambda_orders_preprocess_a96d",
      "provider": "provider[\"registry.terraform.io/hashicorp/aws\"]",
      "instances": [
        {
          "schema_version": 0,
          "attributes": {
            "architectures": [
              "x86_64"
            ],
            "arn": "arn:aws:lambda:us-east-1:602963248309:function:ecom-batch-data-pipeline-d01-rd-lambda-lambda-orders-pre-a319249",
            "code_sha256": "LmcgHcF2xlW0KH/h8do1eRPlc9I5gAA6/LTH/6iiCAM=",
            "code_signing_config_arn": "",
            "dead_letter_config": [],
            "description": "",
            "environment": [
              {
                "variables": {
                  "ECOM_ERROR_BUCKET": "ecom-batch-data-pipeline-d01-rd-s3-ecom-error-9b27",
                  "ECOM_RAW_BUCKET": "ecom-batch-data-pipeline-d01-rd-s3-ecom-raw-ad8a"
                }
              }
            ],
            "ephemeral_storage": [
              {
                "size": 512
              }
            ],
            "file_system_config": [],
            "filename": "./ecom_batch_data_pipeline_d01_rd_lambda_lambda_orders_preprocess_a96d_placeholder.zip",
            "function_name": "ecom-batch-data-pipeline-d01-rd-lambda-lambda-orders-pre-a319249",
            "handler": "index.handler",
            "id": "ecom-batch-data-pipeline-d01-rd-lambda-lambda-orders-pre-a319249",
            "image_config": [],
            "image_uri": "",
            "invoke_arn": "arn:aws:apigateway:us-east-1:lambda:path/2015-03-31/functions/arn:aws:lambda:us-east-1:602963248309:function:ecom-batch-data-pipeline-d01-rd-lambda-lambda-orders-pre-a319249/invocations",
            "kms_key_arn": "",
            "last_modified": "2026-04-30T13:49:32.988+0000",
            "layers": [],
            "logging_config": [
              {
                "application_log_level": "",
                "log_format": "Text",
                "log_group": "/aws/lambda/ecom-batch-data-pipeline-d01-rd-lambda-lambda-orders-pre-a319249",
                "system_log_level": ""
              }
            ],
            "memory_size": 512,
            "package_type": "Zip",
            "publish": false,
            "qualified_arn": "arn:aws:lambda:us-east-1:602963248309:function:ecom-batch-data-pipeline-d01-rd-lambda-lambda-orders-pre-a319249:$LATEST",
            "qualified_invoke_arn": "arn:aws:apigateway:us-east-1:lambda:path/2015-03-31/functions/arn:aws:lambda:us-east-1:602963248309:function:ecom-batch-data-pipeline-d01-rd-lambda-lambda-orders-pre-a319249:$LATEST/invocations",
            "replace_security_groups_on_destroy": null,
            "replacement_security_group_ids": null,
            "reserved_concurrent_executions": -1,
            "role": "arn:aws:iam::602963248309:role/ecom-batch-data-pipeline-d01-rd-lambda-lambda-order-07999ba-role",
            "runtime": "python3.12",
            "s3_bucket": null,
            "s3_key": null,
            "s3_object_version": null,
            "signing_job_arn": "",
            "signing_profile_version_arn": "",
            "skip_destroy": false,
            "snap_start": [],
            "source_code_hash": "LmcgHcF2xlW0KH/h8do1eRPlc9I5gAA6/LTH/6iiCAM=",
            "source_code_size": 195,
            "tags": {
              "BusinessUnit": "RD",
              "CostCenter": "D01",
              "ManagedBy": "aws-pipeline-engine",
              "Pipeline": "ecom_batch_data_pipeline"
            },
            "tags_all": {
              "BusinessUnit": "RD",
              "CostCenter": "D01",
              "ManagedBy": "aws-pipeline-engine",
              "Pipeline": "ecom_batch_data_pipeline"
            },
            "timeout": 300,
            "timeouts": null,
            "tracing_config": [
              {
                "mode": "PassThrough"
              }
            ],
            "version": "$LATEST",
            "vpc_config": []
          },
          "sensitive_attributes": [],
          "private": "eyJlMmJmYjczMC1lY2FhLTExZTYtOGY4OC0zNDM2M2JjN2M0YzAiOnsiY3JlYXRlIjo2MDAwMDAwMDAwMDAsImRlbGV0ZSI6NjAwMDAwMDAwMDAwLCJ1cGRhdGUiOjYwMDAwMDAwMDAwMH19",
          "dependencies": [
            "aws_cloudwatch_log_group.ecom_batch_data_pipeline_d01_rd_lambda_lambda_orders_preprocess_a96d_lg",
            "aws_iam_role.ecom_batch_data_pipeline_d01_rd_lambda_lambda_orders_preprocess_a96d_role",
            "aws_s3_bucket.ecom_batch_data_pipeline_d01_rd_s3_ecom_error_54d2",
            "aws_s3_bucket.ecom_batch_data_pipeline_d01_rd_s3_ecom_raw_56ef",
            "data.archive_file.ecom_batch_data_pipeline_d01_rd_lambda_lambda_orders_preprocess_a96d_placeholder"
          ]
        }
      ]
    },
    {
      "mode": "managed",
      "type": "aws_lambda_function",
      "name": "ecom_batch_data_pipeline_d01_rd_lambda_lambda_procurements_preprocess_ba45",
      "provider": "provider[\"registry.terraform.io/hashicorp/aws\"]",
      "instances": [
        {
          "schema_version": 0,
          "attributes": {
            "architectures": [
              "x86_64"
            ],
            "arn": "arn:aws:lambda:us-east-1:602963248309:function:ecom-batch-data-pipeline-d01-rd-lambda-lambda-procuremen-ba4c3f6",
            "code_sha256": "LmcgHcF2xlW0KH/h8do1eRPlc9I5gAA6/LTH/6iiCAM=",
            "code_signing_config_arn": "",
            "dead_letter_config": [],
            "description": "",
            "environment": [
              {
                "variables": {
                  "ECOM_ERROR_BUCKET": "ecom-batch-data-pipeline-d01-rd-s3-ecom-error-9b27",
                  "ECOM_RAW_BUCKET": "ecom-batch-data-pipeline-d01-rd-s3-ecom-raw-ad8a"
                }
              }
            ],
            "ephemeral_storage": [
              {
                "size": 512
              }
            ],
            "file_system_config": [],
            "filename": "./ecom_batch_data_pipeline_d01_rd_lambda_lambda_procurements_preprocess_ba45_placeholder.zip",
            "function_name": "ecom-batch-data-pipeline-d01-rd-lambda-lambda-procuremen-ba4c3f6",
            "handler": "index.handler",
            "id": "ecom-batch-data-pipeline-d01-rd-lambda-lambda-procuremen-ba4c3f6",
            "image_config": [],
            "image_uri": "",
            "invoke_arn": "arn:aws:apigateway:us-east-1:lambda:path/2015-03-31/functions/arn:aws:lambda:us-east-1:602963248309:function:ecom-batch-data-pipeline-d01-rd-lambda-lambda-procuremen-ba4c3f6/invocations",
            "kms_key_arn": "",
            "last_modified": "2026-04-30T13:49:17.266+0000",
            "layers": [],
            "logging_config": [
              {
                "application_log_level": "",
                "log_format": "Text",
                "log_group": "/aws/lambda/ecom-batch-data-pipeline-d01-rd-lambda-lambda-procuremen-ba4c3f6",
                "system_log_level": ""
              }
            ],
            "memory_size": 256,
            "package_type": "Zip",
            "publish": false,
            "qualified_arn": "arn:aws:lambda:us-east-1:602963248309:function:ecom-batch-data-pipeline-d01-rd-lambda-lambda-procuremen-ba4c3f6:$LATEST",
            "qualified_invoke_arn": "arn:aws:apigateway:us-east-1:lambda:path/2015-03-31/functions/arn:aws:lambda:us-east-1:602963248309:function:ecom-batch-data-pipeline-d01-rd-lambda-lambda-procuremen-ba4c3f6:$LATEST/invocations",
            "replace_security_groups_on_destroy": null,
            "replacement_security_group_ids": null,
            "reserved_concurrent_executions": -1,
            "role": "arn:aws:iam::602963248309:role/ecom-batch-data-pipeline-d01-rd-lambda-lambda-procu-1173db1-role",
            "runtime": "python3.12",
            "s3_bucket": null,
            "s3_key": null,
            "s3_object_version": null,
            "signing_job_arn": "",
            "signing_profile_version_arn": "",
            "skip_destroy": false,
            "snap_start": [],
            "source_code_hash": "LmcgHcF2xlW0KH/h8do1eRPlc9I5gAA6/LTH/6iiCAM=",
            "source_code_size": 195,
            "tags": {
              "BusinessUnit": "RD",
              "CostCenter": "D01",
              "ManagedBy": "aws-pipeline-engine",
              "Pipeline": "ecom_batch_data_pipeline"
            },
            "tags_all": {
              "BusinessUnit": "RD",
              "CostCenter": "D01",
              "ManagedBy": "aws-pipeline-engine",
              "Pipeline": "ecom_batch_data_pipeline"
            },
            "timeout": 300,
            "timeouts": null,
            "tracing_config": [
              {
                "mode": "PassThrough"
              }
            ],
            "version": "$LATEST",
            "vpc_config": []
          },
          "sensitive_attributes": [],
          "private": "eyJlMmJmYjczMC1lY2FhLTExZTYtOGY4OC0zNDM2M2JjN2M0YzAiOnsiY3JlYXRlIjo2MDAwMDAwMDAwMDAsImRlbGV0ZSI6NjAwMDAwMDAwMDAwLCJ1cGRhdGUiOjYwMDAwMDAwMDAwMH19",
          "dependencies": [
            "aws_cloudwatch_log_group.ecom_batch_data_pipeline_d01_rd_lambda_lambda_procurements_preprocess_ba45_lg",
            "aws_iam_role.ecom_batch_data_pipeline_d01_rd_lambda_lambda_procurements_preprocess_ba45_role",
            "aws_s3_bucket.ecom_batch_data_pipeline_d01_rd_s3_ecom_error_54d2",
            "aws_s3_bucket.ecom_batch_data_pipeline_d01_rd_s3_ecom_raw_56ef",
            "data.archive_file.ecom_batch_data_pipeline_d01_rd_lambda_lambda_procurements_preprocess_ba45_placeholder"
          ]
        }
      ]
    },
    {
      "mode": "managed",
      "type": "aws_lambda_function",
      "name": "ecom_batch_data_pipeline_d01_rd_lambda_lambda_products_preprocess_2010",
      "provider": "provider[\"registry.terraform.io/hashicorp/aws\"]",
      "instances": [
        {
          "schema_version": 0,
          "attributes": {
            "architectures": [
              "x86_64"
            ],
            "arn": "arn:aws:lambda:us-east-1:602963248309:function:ecom-batch-data-pipeline-d01-rd-lambda-lambda-products-p-797f186",
            "code_sha256": "LmcgHcF2xlW0KH/h8do1eRPlc9I5gAA6/LTH/6iiCAM=",
            "code_signing_config_arn": "",
            "dead_letter_config": [],
            "description": "",
            "environment": [
              {
                "variables": {
                  "ECOM_ERROR_BUCKET": "ecom-batch-data-pipeline-d01-rd-s3-ecom-error-9b27",
                  "ECOM_RAW_BUCKET": "ecom-batch-data-pipeline-d01-rd-s3-ecom-raw-ad8a"
                }
              }
            ],
            "ephemeral_storage": [
              {
                "size": 512
              }
            ],
            "file_system_config": [],
            "filename": "./ecom_batch_data_pipeline_d01_rd_lambda_lambda_products_preprocess_2010_placeholder.zip",
            "function_name": "ecom-batch-data-pipeline-d01-rd-lambda-lambda-products-p-797f186",
            "handler": "index.handler",
            "id": "ecom-batch-data-pipeline-d01-rd-lambda-lambda-products-p-797f186",
            "image_config": [],
            "image_uri": "",
            "invoke_arn": "arn:aws:apigateway:us-east-1:lambda:path/2015-03-31/functions/arn:aws:lambda:us-east-1:602963248309:function:ecom-batch-data-pipeline-d01-rd-lambda-lambda-products-p-797f186/invocations",
            "kms_key_arn": "",
            "last_modified": "2026-04-30T13:48:53.664+0000",
            "layers": [],
            "logging_config": [
              {
                "application_log_level": "",
                "log_format": "Text",
                "log_group": "/aws/lambda/ecom-batch-data-pipeline-d01-rd-lambda-lambda-products-p-797f186",
                "system_log_level": ""
              }
            ],
            "memory_size": 256,
            "package_type": "Zip",
            "publish": false,
            "qualified_arn": "arn:aws:lambda:us-east-1:602963248309:function:ecom-batch-data-pipeline-d01-rd-lambda-lambda-products-p-797f186:$LATEST",
            "qualified_invoke_arn": "arn:aws:apigateway:us-east-1:lambda:path/2015-03-31/functions/arn:aws:lambda:us-east-1:602963248309:function:ecom-batch-data-pipeline-d01-rd-lambda-lambda-products-p-797f186:$LATEST/invocations",
            "replace_security_groups_on_destroy": null,
            "replacement_security_group_ids": null,
            "reserved_concurrent_executions": -1,
            "role": "arn:aws:iam::602963248309:role/ecom-batch-data-pipeline-d01-rd-lambda-lambda-produ-625531d-role",
            "runtime": "python3.12",
            "s3_bucket": null,
            "s3_key": null,
            "s3_object_version": null,
            "signing_job_arn": "",
            "signing_profile_version_arn": "",
            "skip_destroy": false,
            "snap_start": [],
            "source_code_hash": "LmcgHcF2xlW0KH/h8do1eRPlc9I5gAA6/LTH/6iiCAM=",
            "source_code_size": 195,
            "tags": {
              "BusinessUnit": "RD",
              "CostCenter": "D01",
              "ManagedBy": "aws-pipeline-engine",
              "Pipeline": "ecom_batch_data_pipeline"
            },
            "tags_all": {
              "BusinessUnit": "RD",
              "CostCenter": "D01",
              "ManagedBy": "aws-pipeline-engine",
              "Pipeline": "ecom_batch_data_pipeline"
            },
            "timeout": 300,
            "timeouts": null,
            "tracing_config": [
              {
                "mode": "PassThrough"
              }
            ],
            "version": "$LATEST",
            "vpc_config": []
          },
          "sensitive_attributes": [],
          "private": "eyJlMmJmYjczMC1lY2FhLTExZTYtOGY4OC0zNDM2M2JjN2M0YzAiOnsiY3JlYXRlIjo2MDAwMDAwMDAwMDAsImRlbGV0ZSI6NjAwMDAwMDAwMDAwLCJ1cGRhdGUiOjYwMDAwMDAwMDAwMH19",
          "dependencies": [
            "aws_cloudwatch_log_group.ecom_batch_data_pipeline_d01_rd_lambda_lambda_products_preprocess_2010_lg",
            "aws_iam_role.ecom_batch_data_pipeline_d01_rd_lambda_lambda_products_preprocess_2010_role",
            "aws_s3_bucket.ecom_batch_data_pipeline_d01_rd_s3_ecom_error_54d2",
            "aws_s3_bucket.ecom_batch_data_pipeline_d01_rd_s3_ecom_raw_56ef",
            "data.archive_file.ecom_batch_data_pipeline_d01_rd_lambda_lambda_products_preprocess_2010_placeholder"
          ]
        }
      ]
    },
    {
      "mode": "managed",
      "type": "aws_lambda_function",
      "name": "ecom_batch_data_pipeline_d01_rd_lambda_lambda_stock_movements_preprocess_7aae",
      "provider": "provider[\"registry.terraform.io/hashicorp/aws\"]",
      "instances": [
        {
          "schema_version": 0,
          "attributes": {
            "architectures": [
              "x86_64"
            ],
            "arn": "arn:aws:lambda:us-east-1:602963248309:function:ecom-batch-data-pipeline-d01-rd-lambda-lambda-stock-move-1d10ad3",
            "code_sha256": "LmcgHcF2xlW0KH/h8do1eRPlc9I5gAA6/LTH/6iiCAM=",
            "code_signing_config_arn": "",
            "dead_letter_config": [],
            "description": "",
            "environment": [
              {
                "variables": {
                  "ECOM_ERROR_BUCKET": "ecom-batch-data-pipeline-d01-rd-s3-ecom-error-9b27",
                  "ECOM_RAW_BUCKET": "ecom-batch-data-pipeline-d01-rd-s3-ecom-raw-ad8a"
                }
              }
            ],
            "ephemeral_storage": [
              {
                "size": 512
              }
            ],
            "file_system_config": [],
            "filename": "./ecom_batch_data_pipeline_d01_rd_lambda_lambda_stock_movements_preprocess_7aae_placeholder.zip",
            "function_name": "ecom-batch-data-pipeline-d01-rd-lambda-lambda-stock-move-1d10ad3",
            "handler": "index.handler",
            "id": "ecom-batch-data-pipeline-d01-rd-lambda-lambda-stock-move-1d10ad3",
            "image_config": [],
            "image_uri": "",
            "invoke_arn": "arn:aws:apigateway:us-east-1:lambda:path/2015-03-31/functions/arn:aws:lambda:us-east-1:602963248309:function:ecom-batch-data-pipeline-d01-rd-lambda-lambda-stock-move-1d10ad3/invocations",
            "kms_key_arn": "",
            "last_modified": "2026-04-30T13:48:38.016+0000",
            "layers": [],
            "logging_config": [
              {
                "application_log_level": "",
                "log_format": "Text",
                "log_group": "/aws/lambda/ecom-batch-data-pipeline-d01-rd-lambda-lambda-stock-move-1d10ad3",
                "system_log_level": ""
              }
            ],
            "memory_size": 512,
            "package_type": "Zip",
            "publish": false,
            "qualified_arn": "arn:aws:lambda:us-east-1:602963248309:function:ecom-batch-data-pipeline-d01-rd-lambda-lambda-stock-move-1d10ad3:$LATEST",
            "qualified_invoke_arn": "arn:aws:apigateway:us-east-1:lambda:path/2015-03-31/functions/arn:aws:lambda:us-east-1:602963248309:function:ecom-batch-data-pipeline-d01-rd-lambda-lambda-stock-move-1d10ad3:$LATEST/invocations",
            "replace_security_groups_on_destroy": null,
            "replacement_security_group_ids": null,
            "reserved_concurrent_executions": -1,
            "role": "arn:aws:iam::602963248309:role/ecom-batch-data-pipeline-d01-rd-lambda-lambda-stock-7215e41-role",
            "runtime": "python3.12",
            "s3_bucket": null,
            "s3_key": null,
            "s3_object_version": null,
            "signing_job_arn": "",
            "signing_profile_version_arn": "",
            "skip_destroy": false,
            "snap_start": [],
            "source_code_hash": "LmcgHcF2xlW0KH/h8do1eRPlc9I5gAA6/LTH/6iiCAM=",
            "source_code_size": 195,
            "tags": {
              "BusinessUnit": "RD",
              "CostCenter": "D01",
              "ManagedBy": "aws-pipeline-engine",
              "Pipeline": "ecom_batch_data_pipeline"
            },
            "tags_all": {
              "BusinessUnit": "RD",
              "CostCenter": "D01",
              "ManagedBy": "aws-pipeline-engine",
              "Pipeline": "ecom_batch_data_pipeline"
            },
            "timeout": 300,
            "timeouts": null,
            "tracing_config": [
              {
                "mode": "PassThrough"
              }
            ],
            "version": "$LATEST",
            "vpc_config": []
          },
          "sensitive_attributes": [],
          "private": "eyJlMmJmYjczMC1lY2FhLTExZTYtOGY4OC0zNDM2M2JjN2M0YzAiOnsiY3JlYXRlIjo2MDAwMDAwMDAwMDAsImRlbGV0ZSI6NjAwMDAwMDAwMDAwLCJ1cGRhdGUiOjYwMDAwMDAwMDAwMH19",
          "dependencies": [
            "aws_cloudwatch_log_group.ecom_batch_data_pipeline_d01_rd_lambda_lambda_stock_movements_preprocess_7aae_lg",
            "aws_iam_role.ecom_batch_data_pipeline_d01_rd_lambda_lambda_stock_movements_preprocess_7aae_role",
            "aws_s3_bucket.ecom_batch_data_pipeline_d01_rd_s3_ecom_error_54d2",
            "aws_s3_bucket.ecom_batch_data_pipeline_d01_rd_s3_ecom_raw_56ef",
            "data.archive_file.ecom_batch_data_pipeline_d01_rd_lambda_lambda_stock_movements_preprocess_7aae_placeholder"
          ]
        }
      ]
    },
    {
      "mode": "managed",
      "type": "aws_lambda_function",
      "name": "ecom_batch_data_pipeline_d01_rd_lambda_lambda_suppliers_preprocess_3f7f",
      "provider": "provider[\"registry.terraform.io/hashicorp/aws\"]",
      "instances": [
        {
          "schema_version": 0,
          "attributes": {
            "architectures": [
              "x86_64"
            ],
            "arn": "arn:aws:lambda:us-east-1:602963248309:function:ecom-batch-data-pipeline-d01-rd-lambda-lambda-suppliers-356194e",
            "code_sha256": "LmcgHcF2xlW0KH/h8do1eRPlc9I5gAA6/LTH/6iiCAM=",
            "code_signing_config_arn": "",
            "dead_letter_config": [],
            "description": "",
            "environment": [
              {
                "variables": {
                  "ECOM_ERROR_BUCKET": "ecom-batch-data-pipeline-d01-rd-s3-ecom-error-9b27",
                  "ECOM_RAW_BUCKET": "ecom-batch-data-pipeline-d01-rd-s3-ecom-raw-ad8a"
                }
              }
            ],
            "ephemeral_storage": [
              {
                "size": 512
              }
            ],
            "file_system_config": [],
            "filename": "./ecom_batch_data_pipeline_d01_rd_lambda_lambda_suppliers_preprocess_3f7f_placeholder.zip",
            "function_name": "ecom-batch-data-pipeline-d01-rd-lambda-lambda-suppliers-356194e",
            "handler": "index.handler",
            "id": "ecom-batch-data-pipeline-d01-rd-lambda-lambda-suppliers-356194e",
            "image_config": [],
            "image_uri": "",
            "invoke_arn": "arn:aws:apigateway:us-east-1:lambda:path/2015-03-31/functions/arn:aws:lambda:us-east-1:602963248309:function:ecom-batch-data-pipeline-d01-rd-lambda-lambda-suppliers-356194e/invocations",
            "kms_key_arn": "",
            "last_modified": "2026-04-30T13:48:30.332+0000",
            "layers": [],
            "logging_config": [
              {
                "application_log_level": "",
                "log_format": "Text",
                "log_group": "/aws/lambda/ecom-batch-data-pipeline-d01-rd-lambda-lambda-suppliers-356194e",
                "system_log_level": ""
              }
            ],
            "memory_size": 128,
            "package_type": "Zip",
            "publish": false,
            "qualified_arn": "arn:aws:lambda:us-east-1:602963248309:function:ecom-batch-data-pipeline-d01-rd-lambda-lambda-suppliers-356194e:$LATEST",
            "qualified_invoke_arn": "arn:aws:apigateway:us-east-1:lambda:path/2015-03-31/functions/arn:aws:lambda:us-east-1:602963248309:function:ecom-batch-data-pipeline-d01-rd-lambda-lambda-suppliers-356194e:$LATEST/invocations",
            "replace_security_groups_on_destroy": null,
            "replacement_security_group_ids": null,
            "reserved_concurrent_executions": -1,
            "role": "arn:aws:iam::602963248309:role/ecom-batch-data-pipeline-d01-rd-lambda-lambda-suppl-1ee7191-role",
            "runtime": "python3.12",
            "s3_bucket": null,
            "s3_key": null,
            "s3_object_version": null,
            "signing_job_arn": "",
            "signing_profile_version_arn": "",
            "skip_destroy": false,
            "snap_start": [],
            "source_code_hash": "LmcgHcF2xlW0KH/h8do1eRPlc9I5gAA6/LTH/6iiCAM=",
            "source_code_size": 195,
            "tags": {
              "BusinessUnit": "RD",
              "CostCenter": "D01",
              "ManagedBy": "aws-pipeline-engine",
              "Pipeline": "ecom_batch_data_pipeline"
            },
            "tags_all": {
              "BusinessUnit": "RD",
              "CostCenter": "D01",
              "ManagedBy": "aws-pipeline-engine",
              "Pipeline": "ecom_batch_data_pipeline"
            },
            "timeout": 300,
            "timeouts": null,
            "tracing_config": [
              {
                "mode": "PassThrough"
              }
            ],
            "version": "$LATEST",
            "vpc_config": []
          },
          "sensitive_attributes": [],
          "private": "eyJlMmJmYjczMC1lY2FhLTExZTYtOGY4OC0zNDM2M2JjN2M0YzAiOnsiY3JlYXRlIjo2MDAwMDAwMDAwMDAsImRlbGV0ZSI6NjAwMDAwMDAwMDAwLCJ1cGRhdGUiOjYwMDAwMDAwMDAwMH19",
          "dependencies": [
            "aws_cloudwatch_log_group.ecom_batch_data_pipeline_d01_rd_lambda_lambda_suppliers_preprocess_3f7f_lg",
            "aws_iam_role.ecom_batch_data_pipeline_d01_rd_lambda_lambda_suppliers_preprocess_3f7f_role",
            "aws_s3_bucket.ecom_batch_data_pipeline_d01_rd_s3_ecom_error_54d2",
            "aws_s3_bucket.ecom_batch_data_pipeline_d01_rd_s3_ecom_raw_56ef",
            "data.archive_file.ecom_batch_data_pipeline_d01_rd_lambda_lambda_suppliers_preprocess_3f7f_placeholder"
          ]
        }
      ]
    },
    {
      "mode": "managed",
      "type": "aws_lambda_function",
      "name": "ecom_batch_data_pipeline_d01_rd_lambda_lambda_warehouses_preprocess_7642",
      "provider": "provider[\"registry.terraform.io/hashicorp/aws\"]",
      "instances": [
        {
          "schema_version": 0,
          "attributes": {
            "architectures": [
              "x86_64"
            ],
            "arn": "arn:aws:lambda:us-east-1:602963248309:function:ecom-batch-data-pipeline-d01-rd-lambda-lambda-warehouses-849ee6e",
            "code_sha256": "LmcgHcF2xlW0KH/h8do1eRPlc9I5gAA6/LTH/6iiCAM=",
            "code_signing_config_arn": "",
            "dead_letter_config": [],
            "description": "",
            "environment": [
              {
                "variables": {
                  "ECOM_ERROR_BUCKET": "ecom-batch-data-pipeline-d01-rd-s3-ecom-error-9b27",
                  "ECOM_RAW_BUCKET": "ecom-batch-data-pipeline-d01-rd-s3-ecom-raw-ad8a"
                }
              }
            ],
            "ephemeral_storage": [
              {
                "size": 512
              }
            ],
            "file_system_config": [],
            "filename": "./ecom_batch_data_pipeline_d01_rd_lambda_lambda_warehouses_preprocess_7642_placeholder.zip",
            "function_name": "ecom-batch-data-pipeline-d01-rd-lambda-lambda-warehouses-849ee6e",
            "handler": "index.handler",
            "id": "ecom-batch-data-pipeline-d01-rd-lambda-lambda-warehouses-849ee6e",
            "image_config": [],
            "image_uri": "",
            "invoke_arn": "arn:aws:apigateway:us-east-1:lambda:path/2015-03-31/functions/arn:aws:lambda:us-east-1:602963248309:function:ecom-batch-data-pipeline-d01-rd-lambda-lambda-warehouses-849ee6e/invocations",
            "kms_key_arn": "",
            "last_modified": "2026-04-30T13:49:09.239+0000",
            "layers": [],
            "logging_config": [
              {
                "application_log_level": "",
                "log_format": "Text",
                "log_group": "/aws/lambda/ecom-batch-data-pipeline-d01-rd-lambda-lambda-warehouses-849ee6e",
                "system_log_level": ""
              }
            ],
            "memory_size": 128,
            "package_type": "Zip",
            "publish": false,
            "qualified_arn": "arn:aws:lambda:us-east-1:602963248309:function:ecom-batch-data-pipeline-d01-rd-lambda-lambda-warehouses-849ee6e:$LATEST",
            "qualified_invoke_arn": "arn:aws:apigateway:us-east-1:lambda:path/2015-03-31/functions/arn:aws:lambda:us-east-1:602963248309:function:ecom-batch-data-pipeline-d01-rd-lambda-lambda-warehouses-849ee6e:$LATEST/invocations",
            "replace_security_groups_on_destroy": null,
            "replacement_security_group_ids": null,
            "reserved_concurrent_executions": -1,
            "role": "arn:aws:iam::602963248309:role/ecom-batch-data-pipeline-d01-rd-lambda-lambda-wareh-5f008c6-role",
            "runtime": "python3.12",
            "s3_bucket": null,
            "s3_key": null,
            "s3_object_version": null,
            "signing_job_arn": "",
            "signing_profile_version_arn": "",
            "skip_destroy": false,
            "snap_start": [],
            "source_code_hash": "LmcgHcF2xlW0KH/h8do1eRPlc9I5gAA6/LTH/6iiCAM=",
            "source_code_size": 195,
            "tags": {
              "BusinessUnit": "RD",
              "CostCenter": "D01",
              "ManagedBy": "aws-pipeline-engine",
              "Pipeline": "ecom_batch_data_pipeline"
            },
            "tags_all": {
              "BusinessUnit": "RD",
              "CostCenter": "D01",
              "ManagedBy": "aws-pipeline-engine",
              "Pipeline": "ecom_batch_data_pipeline"
            },
            "timeout": 300,
            "timeouts": null,
            "tracing_config": [
              {
                "mode": "PassThrough"
              }
            ],
            "version": "$LATEST",
            "vpc_config": []
          },
          "sensitive_attributes": [],
          "private": "eyJlMmJmYjczMC1lY2FhLTExZTYtOGY4OC0zNDM2M2JjN2M0YzAiOnsiY3JlYXRlIjo2MDAwMDAwMDAwMDAsImRlbGV0ZSI6NjAwMDAwMDAwMDAwLCJ1cGRhdGUiOjYwMDAwMDAwMDAwMH19",
          "dependencies": [
            "aws_cloudwatch_log_group.ecom_batch_data_pipeline_d01_rd_lambda_lambda_warehouses_preprocess_7642_lg",
            "aws_iam_role.ecom_batch_data_pipeline_d01_rd_lambda_lambda_warehouses_preprocess_7642_role",
            "aws_s3_bucket.ecom_batch_data_pipeline_d01_rd_s3_ecom_error_54d2",
            "aws_s3_bucket.ecom_batch_data_pipeline_d01_rd_s3_ecom_raw_56ef",
            "data.archive_file.ecom_batch_data_pipeline_d01_rd_lambda_lambda_warehouses_preprocess_7642_placeholder"
          ]
        }
      ]
    },
    {
      "mode": "managed",
      "type": "aws_lambda_permission",
      "name": "ecom_batch_data_pipeline_d01_rd_s3_ecom_landing_3119_invoke_ecom_batch_data_pipeline_d01_rd_lambda_lambda_categories_preprocess_8848",
      "provider": "provider[\"registry.terraform.io/hashicorp/aws\"]",
      "instances": [
        {
          "schema_version": 0,
          "attributes": {
            "action": "lambda:InvokeFunction",
            "event_source_token": null,
            "function_name": "ecom-batch-data-pipeline-d01-rd-lambda-lambda-categories-61ae77a",
            "function_url_auth_type": null,
            "id": "AllowS3-ecom_batch_data_pipeline_d01_rd_s3_ecom_landing_3119-ecom_batch_data_pipeline_d01_r-84499706",
            "principal": "s3.amazonaws.com",
            "principal_org_id": null,
            "qualifier": "",
            "source_account": null,
            "source_arn": "arn:aws:s3:::ecom-batch-data-pipeline-d01-rd-s3-ecom-landing-e594",
            "statement_id": "AllowS3-ecom_batch_data_pipeline_d01_rd_s3_ecom_landing_3119-ecom_batch_data_pipeline_d01_r-84499706",
            "statement_id_prefix": ""
          },
          "sensitive_attributes": [],
          "private": "bnVsbA==",
          "dependencies": [
            "aws_cloudwatch_log_group.ecom_batch_data_pipeline_d01_rd_lambda_lambda_categories_preprocess_8848_lg",
            "aws_iam_role.ecom_batch_data_pipeline_d01_rd_lambda_lambda_categories_preprocess_8848_role",
            "aws_lambda_function.ecom_batch_data_pipeline_d01_rd_lambda_lambda_categories_preprocess_8848",
            "aws_s3_bucket.ecom_batch_data_pipeline_d01_rd_s3_ecom_error_54d2",
            "aws_s3_bucket.ecom_batch_data_pipeline_d01_rd_s3_ecom_landing_3119",
            "aws_s3_bucket.ecom_batch_data_pipeline_d01_rd_s3_ecom_raw_56ef",
            "data.archive_file.ecom_batch_data_pipeline_d01_rd_lambda_lambda_categories_preprocess_8848_placeholder"
          ]
        }
      ]
    },
    {
      "mode": "managed",
      "type": "aws_lambda_permission",
      "name": "ecom_batch_data_pipeline_d01_rd_s3_ecom_landing_3119_invoke_ecom_batch_data_pipeline_d01_rd_lambda_lambda_customers_preprocess_1c3f",
      "provider": "provider[\"registry.terraform.io/hashicorp/aws\"]",
      "instances": [
        {
          "schema_version": 0,
          "attributes": {
            "action": "lambda:InvokeFunction",
            "event_source_token": null,
            "function_name": "ecom-batch-data-pipeline-d01-rd-lambda-lambda-customers-76c6174",
            "function_url_auth_type": null,
            "id": "AllowS3-ecom_batch_data_pipeline_d01_rd_s3_ecom_landing_3119-ecom_batch_data_pipeline_d01_r-17e7396f",
            "principal": "s3.amazonaws.com",
            "principal_org_id": null,
            "qualifier": "",
            "source_account": null,
            "source_arn": "arn:aws:s3:::ecom-batch-data-pipeline-d01-rd-s3-ecom-landing-e594",
            "statement_id": "AllowS3-ecom_batch_data_pipeline_d01_rd_s3_ecom_landing_3119-ecom_batch_data_pipeline_d01_r-17e7396f",
            "statement_id_prefix": ""
          },
          "sensitive_attributes": [],
          "private": "bnVsbA==",
          "dependencies": [
            "aws_cloudwatch_log_group.ecom_batch_data_pipeline_d01_rd_lambda_lambda_customers_preprocess_1c3f_lg",
            "aws_iam_role.ecom_batch_data_pipeline_d01_rd_lambda_lambda_customers_preprocess_1c3f_role",
            "aws_lambda_function.ecom_batch_data_pipeline_d01_rd_lambda_lambda_customers_preprocess_1c3f",
            "aws_s3_bucket.ecom_batch_data_pipeline_d01_rd_s3_ecom_error_54d2",
            "aws_s3_bucket.ecom_batch_data_pipeline_d01_rd_s3_ecom_landing_3119",
            "aws_s3_bucket.ecom_batch_data_pipeline_d01_rd_s3_ecom_raw_56ef",
            "data.archive_file.ecom_batch_data_pipeline_d01_rd_lambda_lambda_customers_preprocess_1c3f_placeholder"
          ]
        }
      ]
    },
    {
      "mode": "managed",
      "type": "aws_lambda_permission",
      "name": "ecom_batch_data_pipeline_d01_rd_s3_ecom_landing_3119_invoke_ecom_batch_data_pipeline_d01_rd_lambda_lambda_inventory_preprocess_3e0f",
      "provider": "provider[\"registry.terraform.io/hashicorp/aws\"]",
      "instances": [
        {
          "schema_version": 0,
          "attributes": {
            "action": "lambda:InvokeFunction",
            "event_source_token": null,
            "function_name": "ecom-batch-data-pipeline-d01-rd-lambda-lambda-inventory-46bb87c",
            "function_url_auth_type": null,
            "id": "AllowS3-ecom_batch_data_pipeline_d01_rd_s3_ecom_landing_3119-ecom_batch_data_pipeline_d01_r-456edada",
            "principal": "s3.amazonaws.com",
            "principal_org_id": null,
            "qualifier": "",
            "source_account": null,
            "source_arn": "arn:aws:s3:::ecom-batch-data-pipeline-d01-rd-s3-ecom-landing-e594",
            "statement_id": "AllowS3-ecom_batch_data_pipeline_d01_rd_s3_ecom_landing_3119-ecom_batch_data_pipeline_d01_r-456edada",
            "statement_id_prefix": ""
          },
          "sensitive_attributes": [],
          "private": "bnVsbA==",
          "dependencies": [
            "aws_cloudwatch_log_group.ecom_batch_data_pipeline_d01_rd_lambda_lambda_inventory_preprocess_3e0f_lg",
            "aws_iam_role.ecom_batch_data_pipeline_d01_rd_lambda_lambda_inventory_preprocess_3e0f_role",
            "aws_lambda_function.ecom_batch_data_pipeline_d01_rd_lambda_lambda_inventory_preprocess_3e0f",
            "aws_s3_bucket.ecom_batch_data_pipeline_d01_rd_s3_ecom_error_54d2",
            "aws_s3_bucket.ecom_batch_data_pipeline_d01_rd_s3_ecom_landing_3119",
            "aws_s3_bucket.ecom_batch_data_pipeline_d01_rd_s3_ecom_raw_56ef",
            "data.archive_file.ecom_batch_data_pipeline_d01_rd_lambda_lambda_inventory_preprocess_3e0f_placeholder"
          ]
        }
      ]
    },
    {
      "mode": "managed",
      "type": "aws_lambda_permission",
      "name": "ecom_batch_data_pipeline_d01_rd_s3_ecom_landing_3119_invoke_ecom_batch_data_pipeline_d01_rd_lambda_lambda_order_items_preprocess_bc52",
      "provider": "provider[\"registry.terraform.io/hashicorp/aws\"]",
      "instances": [
        {
          "schema_version": 0,
          "attributes": {
            "action": "lambda:InvokeFunction",
            "event_source_token": null,
            "function_name": "ecom-batch-data-pipeline-d01-rd-lambda-lambda-order-item-0c52548",
            "function_url_auth_type": null,
            "id": "AllowS3-ecom_batch_data_pipeline_d01_rd_s3_ecom_landing_3119-ecom_batch_data_pipeline_d01_r-42c7a669",
            "principal": "s3.amazonaws.com",
            "principal_org_id": null,
            "qualifier": "",
            "source_account": null,
            "source_arn": "arn:aws:s3:::ecom-batch-data-pipeline-d01-rd-s3-ecom-landing-e594",
            "statement_id": "AllowS3-ecom_batch_data_pipeline_d01_rd_s3_ecom_landing_3119-ecom_batch_data_pipeline_d01_r-42c7a669",
            "statement_id_prefix": ""
          },
          "sensitive_attributes": [],
          "private": "bnVsbA==",
          "dependencies": [
            "aws_cloudwatch_log_group.ecom_batch_data_pipeline_d01_rd_lambda_lambda_order_items_preprocess_bc52_lg",
            "aws_iam_role.ecom_batch_data_pipeline_d01_rd_lambda_lambda_order_items_preprocess_bc52_role",
            "aws_lambda_function.ecom_batch_data_pipeline_d01_rd_lambda_lambda_order_items_preprocess_bc52",
            "aws_s3_bucket.ecom_batch_data_pipeline_d01_rd_s3_ecom_error_54d2",
            "aws_s3_bucket.ecom_batch_data_pipeline_d01_rd_s3_ecom_landing_3119",
            "aws_s3_bucket.ecom_batch_data_pipeline_d01_rd_s3_ecom_raw_56ef",
            "data.archive_file.ecom_batch_data_pipeline_d01_rd_lambda_lambda_order_items_preprocess_bc52_placeholder"
          ]
        }
      ]
    },
    {
      "mode": "managed",
      "type": "aws_lambda_permission",
      "name": "ecom_batch_data_pipeline_d01_rd_s3_ecom_landing_3119_invoke_ecom_batch_data_pipeline_d01_rd_lambda_lambda_orders_preprocess_a96d",
      "provider": "provider[\"registry.terraform.io/hashicorp/aws\"]",
      "instances": [
        {
          "schema_version": 0,
          "attributes": {
            "action": "lambda:InvokeFunction",
            "event_source_token": null,
            "function_name": "ecom-batch-data-pipeline-d01-rd-lambda-lambda-orders-pre-a319249",
            "function_url_auth_type": null,
            "id": "AllowS3-ecom_batch_data_pipeline_d01_rd_s3_ecom_landing_3119-ecom_batch_data_pipeline_d01_r-d89a7e3a",
            "principal": "s3.amazonaws.com",
            "principal_org_id": null,
            "qualifier": "",
            "source_account": null,
            "source_arn": "arn:aws:s3:::ecom-batch-data-pipeline-d01-rd-s3-ecom-landing-e594",
            "statement_id": "AllowS3-ecom_batch_data_pipeline_d01_rd_s3_ecom_landing_3119-ecom_batch_data_pipeline_d01_r-d89a7e3a",
            "statement_id_prefix": ""
          },
          "sensitive_attributes": [],
          "private": "bnVsbA==",
          "dependencies": [
            "aws_cloudwatch_log_group.ecom_batch_data_pipeline_d01_rd_lambda_lambda_orders_preprocess_a96d_lg",
            "aws_iam_role.ecom_batch_data_pipeline_d01_rd_lambda_lambda_orders_preprocess_a96d_role",
            "aws_lambda_function.ecom_batch_data_pipeline_d01_rd_lambda_lambda_orders_preprocess_a96d",
            "aws_s3_bucket.ecom_batch_data_pipeline_d01_rd_s3_ecom_error_54d2",
            "aws_s3_bucket.ecom_batch_data_pipeline_d01_rd_s3_ecom_landing_3119",
            "aws_s3_bucket.ecom_batch_data_pipeline_d01_rd_s3_ecom_raw_56ef",
            "data.archive_file.ecom_batch_data_pipeline_d01_rd_lambda_lambda_orders_preprocess_a96d_placeholder"
          ]
        }
      ]
    },
    {
      "mode": "managed",
      "type": "aws_lambda_permission",
      "name": "ecom_batch_data_pipeline_d01_rd_s3_ecom_landing_3119_invoke_ecom_batch_data_pipeline_d01_rd_lambda_lambda_procurements_preprocess_ba45",
      "provider": "provider[\"registry.terraform.io/hashicorp/aws\"]",
      "instances": [
        {
          "schema_version": 0,
          "attributes": {
            "action": "lambda:InvokeFunction",
            "event_source_token": null,
            "function_name": "ecom-batch-data-pipeline-d01-rd-lambda-lambda-procuremen-ba4c3f6",
            "function_url_auth_type": null,
            "id": "AllowS3-ecom_batch_data_pipeline_d01_rd_s3_ecom_landing_3119-ecom_batch_data_pipeline_d01_r-94697779",
            "principal": "s3.amazonaws.com",
            "principal_org_id": null,
            "qualifier": "",
            "source_account": null,
            "source_arn": "arn:aws:s3:::ecom-batch-data-pipeline-d01-rd-s3-ecom-landing-e594",
            "statement_id": "AllowS3-ecom_batch_data_pipeline_d01_rd_s3_ecom_landing_3119-ecom_batch_data_pipeline_d01_r-94697779",
            "statement_id_prefix": ""
          },
          "sensitive_attributes": [],
          "private": "bnVsbA==",
          "dependencies": [
            "aws_cloudwatch_log_group.ecom_batch_data_pipeline_d01_rd_lambda_lambda_procurements_preprocess_ba45_lg",
            "aws_iam_role.ecom_batch_data_pipeline_d01_rd_lambda_lambda_procurements_preprocess_ba45_role",
            "aws_lambda_function.ecom_batch_data_pipeline_d01_rd_lambda_lambda_procurements_preprocess_ba45",
            "aws_s3_bucket.ecom_batch_data_pipeline_d01_rd_s3_ecom_error_54d2",
            "aws_s3_bucket.ecom_batch_data_pipeline_d01_rd_s3_ecom_landing_3119",
            "aws_s3_bucket.ecom_batch_data_pipeline_d01_rd_s3_ecom_raw_56ef",
            "data.archive_file.ecom_batch_data_pipeline_d01_rd_lambda_lambda_procurements_preprocess_ba45_placeholder"
          ]
        }
      ]
    },
    {
      "mode": "managed",
      "type": "aws_lambda_permission",
      "name": "ecom_batch_data_pipeline_d01_rd_s3_ecom_landing_3119_invoke_ecom_batch_data_pipeline_d01_rd_lambda_lambda_products_preprocess_2010",
      "provider": "provider[\"registry.terraform.io/hashicorp/aws\"]",
      "instances": [
        {
          "schema_version": 0,
          "attributes": {
            "action": "lambda:InvokeFunction",
            "event_source_token": null,
            "function_name": "ecom-batch-data-pipeline-d01-rd-lambda-lambda-products-p-797f186",
            "function_url_auth_type": null,
            "id": "AllowS3-ecom_batch_data_pipeline_d01_rd_s3_ecom_landing_3119-ecom_batch_data_pipeline_d01_r-e58753e3",
            "principal": "s3.amazonaws.com",
            "principal_org_id": null,
            "qualifier": "",
            "source_account": null,
            "source_arn": "arn:aws:s3:::ecom-batch-data-pipeline-d01-rd-s3-ecom-landing-e594",
            "statement_id": "AllowS3-ecom_batch_data_pipeline_d01_rd_s3_ecom_landing_3119-ecom_batch_data_pipeline_d01_r-e58753e3",
            "statement_id_prefix": ""
          },
          "sensitive_attributes": [],
          "private": "bnVsbA==",
          "dependencies": [
            "aws_cloudwatch_log_group.ecom_batch_data_pipeline_d01_rd_lambda_lambda_products_preprocess_2010_lg",
            "aws_iam_role.ecom_batch_data_pipeline_d01_rd_lambda_lambda_products_preprocess_2010_role",
            "aws_lambda_function.ecom_batch_data_pipeline_d01_rd_lambda_lambda_products_preprocess_2010",
            "aws_s3_bucket.ecom_batch_data_pipeline_d01_rd_s3_ecom_error_54d2",
            "aws_s3_bucket.ecom_batch_data_pipeline_d01_rd_s3_ecom_landing_3119",
            "aws_s3_bucket.ecom_batch_data_pipeline_d01_rd_s3_ecom_raw_56ef",
            "data.archive_file.ecom_batch_data_pipeline_d01_rd_lambda_lambda_products_preprocess_2010_placeholder"
          ]
        }
      ]
    },
    {
      "mode": "managed",
      "type": "aws_lambda_permission",
      "name": "ecom_batch_data_pipeline_d01_rd_s3_ecom_landing_3119_invoke_ecom_batch_data_pipeline_d01_rd_lambda_lambda_stock_movements_preprocess_7aae",
      "provider": "provider[\"registry.terraform.io/hashicorp/aws\"]",
      "instances": [
        {
          "schema_version": 0,
          "attributes": {
            "action": "lambda:InvokeFunction",
            "event_source_token": null,
            "function_name": "ecom-batch-data-pipeline-d01-rd-lambda-lambda-stock-move-1d10ad3",
            "function_url_auth_type": null,
            "id": "AllowS3-ecom_batch_data_pipeline_d01_rd_s3_ecom_landing_3119-ecom_batch_data_pipeline_d01_r-91986e93",
            "principal": "s3.amazonaws.com",
            "principal_org_id": null,
            "qualifier": "",
            "source_account": null,
            "source_arn": "arn:aws:s3:::ecom-batch-data-pipeline-d01-rd-s3-ecom-landing-e594",
            "statement_id": "AllowS3-ecom_batch_data_pipeline_d01_rd_s3_ecom_landing_3119-ecom_batch_data_pipeline_d01_r-91986e93",
            "statement_id_prefix": ""
          },
          "sensitive_attributes": [],
          "private": "bnVsbA==",
          "dependencies": [
            "aws_cloudwatch_log_group.ecom_batch_data_pipeline_d01_rd_lambda_lambda_stock_movements_preprocess_7aae_lg",
            "aws_iam_role.ecom_batch_data_pipeline_d01_rd_lambda_lambda_stock_movements_preprocess_7aae_role",
            "aws_lambda_function.ecom_batch_data_pipeline_d01_rd_lambda_lambda_stock_movements_preprocess_7aae",
            "aws_s3_bucket.ecom_batch_data_pipeline_d01_rd_s3_ecom_error_54d2",
            "aws_s3_bucket.ecom_batch_data_pipeline_d01_rd_s3_ecom_landing_3119",
            "aws_s3_bucket.ecom_batch_data_pipeline_d01_rd_s3_ecom_raw_56ef",
            "data.archive_file.ecom_batch_data_pipeline_d01_rd_lambda_lambda_stock_movements_preprocess_7aae_placeholder"
          ]
        }
      ]
    },
    {
      "mode": "managed",
      "type": "aws_lambda_permission",
      "name": "ecom_batch_data_pipeline_d01_rd_s3_ecom_landing_3119_invoke_ecom_batch_data_pipeline_d01_rd_lambda_lambda_suppliers_preprocess_3f7f",
      "provider": "provider[\"registry.terraform.io/hashicorp/aws\"]",
      "instances": [
        {
          "schema_version": 0,
          "attributes": {
            "action": "lambda:InvokeFunction",
            "event_source_token": null,
            "function_name": "ecom-batch-data-pipeline-d01-rd-lambda-lambda-suppliers-356194e",
            "function_url_auth_type": null,
            "id": "AllowS3-ecom_batch_data_pipeline_d01_rd_s3_ecom_landing_3119-ecom_batch_data_pipeline_d01_r-75adf005",
            "principal": "s3.amazonaws.com",
            "principal_org_id": null,
            "qualifier": "",
            "source_account": null,
            "source_arn": "arn:aws:s3:::ecom-batch-data-pipeline-d01-rd-s3-ecom-landing-e594",
            "statement_id": "AllowS3-ecom_batch_data_pipeline_d01_rd_s3_ecom_landing_3119-ecom_batch_data_pipeline_d01_r-75adf005",
            "statement_id_prefix": ""
          },
          "sensitive_attributes": [],
          "private": "bnVsbA==",
          "dependencies": [
            "aws_cloudwatch_log_group.ecom_batch_data_pipeline_d01_rd_lambda_lambda_suppliers_preprocess_3f7f_lg",
            "aws_iam_role.ecom_batch_data_pipeline_d01_rd_lambda_lambda_suppliers_preprocess_3f7f_role",
            "aws_lambda_function.ecom_batch_data_pipeline_d01_rd_lambda_lambda_suppliers_preprocess_3f7f",
            "aws_s3_bucket.ecom_batch_data_pipeline_d01_rd_s3_ecom_error_54d2",
            "aws_s3_bucket.ecom_batch_data_pipeline_d01_rd_s3_ecom_landing_3119",
            "aws_s3_bucket.ecom_batch_data_pipeline_d01_rd_s3_ecom_raw_56ef",
            "data.archive_file.ecom_batch_data_pipeline_d01_rd_lambda_lambda_suppliers_preprocess_3f7f_placeholder"
          ]
        }
      ]
    },
    {
      "mode": "managed",
      "type": "aws_lambda_permission",
      "name": "ecom_batch_data_pipeline_d01_rd_s3_ecom_landing_3119_invoke_ecom_batch_data_pipeline_d01_rd_lambda_lambda_warehouses_preprocess_7642",
      "provider": "provider[\"registry.terraform.io/hashicorp/aws\"]",
      "instances": [
        {
          "schema_version": 0,
          "attributes": {
            "action": "lambda:InvokeFunction",
            "event_source_token": null,
            "function_name": "ecom-batch-data-pipeline-d01-rd-lambda-lambda-warehouses-849ee6e",
            "function_url_auth_type": null,
            "id": "AllowS3-ecom_batch_data_pipeline_d01_rd_s3_ecom_landing_3119-ecom_batch_data_pipeline_d01_r-751726a5",
            "principal": "s3.amazonaws.com",
            "principal_org_id": null,
            "qualifier": "",
            "source_account": null,
            "source_arn": "arn:aws:s3:::ecom-batch-data-pipeline-d01-rd-s3-ecom-landing-e594",
            "statement_id": "AllowS3-ecom_batch_data_pipeline_d01_rd_s3_ecom_landing_3119-ecom_batch_data_pipeline_d01_r-751726a5",
            "statement_id_prefix": ""
          },
          "sensitive_attributes": [],
          "private": "bnVsbA==",
          "dependencies": [
            "aws_cloudwatch_log_group.ecom_batch_data_pipeline_d01_rd_lambda_lambda_warehouses_preprocess_7642_lg",
            "aws_iam_role.ecom_batch_data_pipeline_d01_rd_lambda_lambda_warehouses_preprocess_7642_role",
            "aws_lambda_function.ecom_batch_data_pipeline_d01_rd_lambda_lambda_warehouses_preprocess_7642",
            "aws_s3_bucket.ecom_batch_data_pipeline_d01_rd_s3_ecom_error_54d2",
            "aws_s3_bucket.ecom_batch_data_pipeline_d01_rd_s3_ecom_landing_3119",
            "aws_s3_bucket.ecom_batch_data_pipeline_d01_rd_s3_ecom_raw_56ef",
            "data.archive_file.ecom_batch_data_pipeline_d01_rd_lambda_lambda_warehouses_preprocess_7642_placeholder"
          ]
        }
      ]
    },
    {
      "mode": "managed",
      "type": "aws_lambda_permission",
      "name": "ecom_batch_data_pipeline_d01_rd_s3_ecom_raw_56ef_invoke_ecom_batch_data_pipeline_d01_rd_lambda_lambda_enrich_transform_f868",
      "provider": "provider[\"registry.terraform.io/hashicorp/aws\"]",
      "instances": [
        {
          "schema_version": 0,
          "attributes": {
            "action": "lambda:InvokeFunction",
            "event_source_token": null,
            "function_name": "ecom-batch-data-pipeline-d01-rd-lambda-lambda-enrich-tra-eab65e1",
            "function_url_auth_type": null,
            "id": "AllowS3-ecom_batch_data_pipeline_d01_rd_s3_ecom_raw_56ef-ecom_batch_data_pipeline_d01_rd_la-1330d40c",
            "principal": "s3.amazonaws.com",
            "principal_org_id": null,
            "qualifier": "",
            "source_account": null,
            "source_arn": "arn:aws:s3:::ecom-batch-data-pipeline-d01-rd-s3-ecom-raw-ad8a",
            "statement_id": "AllowS3-ecom_batch_data_pipeline_d01_rd_s3_ecom_raw_56ef-ecom_batch_data_pipeline_d01_rd_la-1330d40c",
            "statement_id_prefix": ""
          },
          "sensitive_attributes": [],
          "private": "bnVsbA==",
          "dependencies": [
            "aws_cloudwatch_log_group.ecom_batch_data_pipeline_d01_rd_lambda_lambda_enrich_transform_f868_lg",
            "aws_iam_role.ecom_batch_data_pipeline_d01_rd_lambda_lambda_enrich_transform_f868_role",
            "aws_lambda_function.ecom_batch_data_pipeline_d01_rd_lambda_lambda_enrich_transform_f868",
            "aws_s3_bucket.ecom_batch_data_pipeline_d01_rd_s3_ecom_curated_7bdd",
            "aws_s3_bucket.ecom_batch_data_pipeline_d01_rd_s3_ecom_raw_56ef",
            "data.archive_file.ecom_batch_data_pipeline_d01_rd_lambda_lambda_enrich_transform_f868_placeholder"
          ]
        }
      ]
    },
    {
      "mode": "managed",
      "type": "aws_s3_bucket",
      "name": "ecom_batch_data_pipeline_d01_rd_s3_ecom_curated_7bdd",
      "provider": "provider[\"registry.terraform.io/hashicorp/aws\"]",
      "instances": [
        {
          "schema_version": 0,
          "attributes": {
            "acceleration_status": "",
            "acl": null,
            "arn": "arn:aws:s3:::ecom-batch-data-pipeline-d01-rd-s3-ecom-curated-ae42",
            "bucket": "ecom-batch-data-pipeline-d01-rd-s3-ecom-curated-ae42",
            "bucket_domain_name": "ecom-batch-data-pipeline-d01-rd-s3-ecom-curated-ae42.s3.amazonaws.com",
            "bucket_prefix": "",
            "bucket_regional_domain_name": "ecom-batch-data-pipeline-d01-rd-s3-ecom-curated-ae42.s3.us-east-1.amazonaws.com",
            "cors_rule": [],
            "force_destroy": true,
            "grant": [
              {
                "id": "6b988a1bfb1696d044a07b3f9fd2a2a715c57a1b22eb6076238db5417a49eab2",
                "permissions": [
                  "FULL_CONTROL"
                ],
                "type": "CanonicalUser",
                "uri": ""
              }
            ],
            "hosted_zone_id": "Z3AQBSTGFYJSTF",
            "id": "ecom-batch-data-pipeline-d01-rd-s3-ecom-curated-ae42",
            "lifecycle_rule": [],
            "logging": [],
            "object_lock_configuration": [],
            "object_lock_enabled": false,
            "policy": "",
            "region": "us-east-1",
            "replication_configuration": [],
            "request_payer": "BucketOwner",
            "server_side_encryption_configuration": [
              {
                "rule": [
                  {
                    "apply_server_side_encryption_by_default": [
                      {
                        "kms_master_key_id": "",
                        "sse_algorithm": "AES256"
                      }
                    ],
                    "bucket_key_enabled": false
                  }
                ]
              }
            ],
            "tags": {
              "BusinessUnit": "RD",
              "CostCenter": "D01",
              "ManagedBy": "aws-pipeline-engine",
              "Pipeline": "ecom_batch_data_pipeline"
            },
            "tags_all": {
              "BusinessUnit": "RD",
              "CostCenter": "D01",
              "ManagedBy": "aws-pipeline-engine",
              "Pipeline": "ecom_batch_data_pipeline"
            },
            "timeouts": null,
            "versioning": [
              {
                "enabled": false,
                "mfa_delete": false
              }
            ],
            "website": [],
            "website_domain": null,
            "website_endpoint": null
          },
          "sensitive_attributes": [],
          "private": "eyJlMmJmYjczMC1lY2FhLTExZTYtOGY4OC0zNDM2M2JjN2M0YzAiOnsiY3JlYXRlIjoxMjAwMDAwMDAwMDAwLCJkZWxldGUiOjM2MDAwMDAwMDAwMDAsInJlYWQiOjEyMDAwMDAwMDAwMDAsInVwZGF0ZSI6MTIwMDAwMDAwMDAwMH19"
        }
      ]
    },
    {
      "mode": "managed",
      "type": "aws_s3_bucket",
      "name": "ecom_batch_data_pipeline_d01_rd_s3_ecom_error_54d2",
      "provider": "provider[\"registry.terraform.io/hashicorp/aws\"]",
      "instances": [
        {
          "schema_version": 0,
          "attributes": {
            "acceleration_status": "",
            "acl": null,
            "arn": "arn:aws:s3:::ecom-batch-data-pipeline-d01-rd-s3-ecom-error-9b27",
            "bucket": "ecom-batch-data-pipeline-d01-rd-s3-ecom-error-9b27",
            "bucket_domain_name": "ecom-batch-data-pipeline-d01-rd-s3-ecom-error-9b27.s3.amazonaws.com",
            "bucket_prefix": "",
            "bucket_regional_domain_name": "ecom-batch-data-pipeline-d01-rd-s3-ecom-error-9b27.s3.us-east-1.amazonaws.com",
            "cors_rule": [],
            "force_destroy": true,
            "grant": [
              {
                "id": "6b988a1bfb1696d044a07b3f9fd2a2a715c57a1b22eb6076238db5417a49eab2",
                "permissions": [
                  "FULL_CONTROL"
                ],
                "type": "CanonicalUser",
                "uri": ""
              }
            ],
            "hosted_zone_id": "Z3AQBSTGFYJSTF",
            "id": "ecom-batch-data-pipeline-d01-rd-s3-ecom-error-9b27",
            "lifecycle_rule": [],
            "logging": [],
            "object_lock_configuration": [],
            "object_lock_enabled": false,
            "policy": "",
            "region": "us-east-1",
            "replication_configuration": [],
            "request_payer": "BucketOwner",
            "server_side_encryption_configuration": [
              {
                "rule": [
                  {
                    "apply_server_side_encryption_by_default": [
                      {
                        "kms_master_key_id": "",
                        "sse_algorithm": "AES256"
                      }
                    ],
                    "bucket_key_enabled": false
                  }
                ]
              }
            ],
            "tags": {
              "BusinessUnit": "RD",
              "CostCenter": "D01",
              "ManagedBy": "aws-pipeline-engine",
              "Pipeline": "ecom_batch_data_pipeline"
            },
            "tags_all": {
              "BusinessUnit": "RD",
              "CostCenter": "D01",
              "ManagedBy": "aws-pipeline-engine",
              "Pipeline": "ecom_batch_data_pipeline"
            },
            "timeouts": null,
            "versioning": [
              {
                "enabled": false,
                "mfa_delete": false
              }
            ],
            "website": [],
            "website_domain": null,
            "website_endpoint": null
          },
          "sensitive_attributes": [],
          "private": "eyJlMmJmYjczMC1lY2FhLTExZTYtOGY4OC0zNDM2M2JjN2M0YzAiOnsiY3JlYXRlIjoxMjAwMDAwMDAwMDAwLCJkZWxldGUiOjM2MDAwMDAwMDAwMDAsInJlYWQiOjEyMDAwMDAwMDAwMDAsInVwZGF0ZSI6MTIwMDAwMDAwMDAwMH19"
        }
      ]
    },
    {
      "mode": "managed",
      "type": "aws_s3_bucket",
      "name": "ecom_batch_data_pipeline_d01_rd_s3_ecom_landing_3119",
      "provider": "provider[\"registry.terraform.io/hashicorp/aws\"]",
      "instances": [
        {
          "schema_version": 0,
          "attributes": {
            "acceleration_status": "",
            "acl": null,
            "arn": "arn:aws:s3:::ecom-batch-data-pipeline-d01-rd-s3-ecom-landing-e594",
            "bucket": "ecom-batch-data-pipeline-d01-rd-s3-ecom-landing-e594",
            "bucket_domain_name": "ecom-batch-data-pipeline-d01-rd-s3-ecom-landing-e594.s3.amazonaws.com",
            "bucket_prefix": "",
            "bucket_regional_domain_name": "ecom-batch-data-pipeline-d01-rd-s3-ecom-landing-e594.s3.us-east-1.amazonaws.com",
            "cors_rule": [],
            "force_destroy": true,
            "grant": [
              {
                "id": "6b988a1bfb1696d044a07b3f9fd2a2a715c57a1b22eb6076238db5417a49eab2",
                "permissions": [
                  "FULL_CONTROL"
                ],
                "type": "CanonicalUser",
                "uri": ""
              }
            ],
            "hosted_zone_id": "Z3AQBSTGFYJSTF",
            "id": "ecom-batch-data-pipeline-d01-rd-s3-ecom-landing-e594",
            "lifecycle_rule": [],
            "logging": [],
            "object_lock_configuration": [],
            "object_lock_enabled": false,
            "policy": "",
            "region": "us-east-1",
            "replication_configuration": [],
            "request_payer": "BucketOwner",
            "server_side_encryption_configuration": [
              {
                "rule": [
                  {
                    "apply_server_side_encryption_by_default": [
                      {
                        "kms_master_key_id": "",
                        "sse_algorithm": "AES256"
                      }
                    ],
                    "bucket_key_enabled": false
                  }
                ]
              }
            ],
            "tags": {
              "BusinessUnit": "RD",
              "CostCenter": "D01",
              "ManagedBy": "aws-pipeline-engine",
              "Pipeline": "ecom_batch_data_pipeline"
            },
            "tags_all": {
              "BusinessUnit": "RD",
              "CostCenter": "D01",
              "ManagedBy": "aws-pipeline-engine",
              "Pipeline": "ecom_batch_data_pipeline"
            },
            "timeouts": null,
            "versioning": [
              {
                "enabled": false,
                "mfa_delete": false
              }
            ],
            "website": [],
            "website_domain": null,
            "website_endpoint": null
          },
          "sensitive_attributes": [],
          "private": "eyJlMmJmYjczMC1lY2FhLTExZTYtOGY4OC0zNDM2M2JjN2M0YzAiOnsiY3JlYXRlIjoxMjAwMDAwMDAwMDAwLCJkZWxldGUiOjM2MDAwMDAwMDAwMDAsInJlYWQiOjEyMDAwMDAwMDAwMDAsInVwZGF0ZSI6MTIwMDAwMDAwMDAwMH19"
        }
      ]
    },
    {
      "mode": "managed",
      "type": "aws_s3_bucket",
      "name": "ecom_batch_data_pipeline_d01_rd_s3_ecom_raw_56ef",
      "provider": "provider[\"registry.terraform.io/hashicorp/aws\"]",
      "instances": [
        {
          "schema_version": 0,
          "attributes": {
            "acceleration_status": "",
            "acl": null,
            "arn": "arn:aws:s3:::ecom-batch-data-pipeline-d01-rd-s3-ecom-raw-ad8a",
            "bucket": "ecom-batch-data-pipeline-d01-rd-s3-ecom-raw-ad8a",
            "bucket_domain_name": "ecom-batch-data-pipeline-d01-rd-s3-ecom-raw-ad8a.s3.amazonaws.com",
            "bucket_prefix": "",
            "bucket_regional_domain_name": "ecom-batch-data-pipeline-d01-rd-s3-ecom-raw-ad8a.s3.us-east-1.amazonaws.com",
            "cors_rule": [],
            "force_destroy": true,
            "grant": [
              {
                "id": "6b988a1bfb1696d044a07b3f9fd2a2a715c57a1b22eb6076238db5417a49eab2",
                "permissions": [
                  "FULL_CONTROL"
                ],
                "type": "CanonicalUser",
                "uri": ""
              }
            ],
            "hosted_zone_id": "Z3AQBSTGFYJSTF",
            "id": "ecom-batch-data-pipeline-d01-rd-s3-ecom-raw-ad8a",
            "lifecycle_rule": [],
            "logging": [],
            "object_lock_configuration": [],
            "object_lock_enabled": false,
            "policy": "",
            "region": "us-east-1",
            "replication_configuration": [],
            "request_payer": "BucketOwner",
            "server_side_encryption_configuration": [
              {
                "rule": [
                  {
                    "apply_server_side_encryption_by_default": [
                      {
                        "kms_master_key_id": "",
                        "sse_algorithm": "AES256"
                      }
                    ],
                    "bucket_key_enabled": false
                  }
                ]
              }
            ],
            "tags": {
              "BusinessUnit": "RD",
              "CostCenter": "D01",
              "ManagedBy": "aws-pipeline-engine",
              "Pipeline": "ecom_batch_data_pipeline"
            },
            "tags_all": {
              "BusinessUnit": "RD",
              "CostCenter": "D01",
              "ManagedBy": "aws-pipeline-engine",
              "Pipeline": "ecom_batch_data_pipeline"
            },
            "timeouts": null,
            "versioning": [
              {
                "enabled": false,
                "mfa_delete": false
              }
            ],
            "website": [],
            "website_domain": null,
            "website_endpoint": null
          },
          "sensitive_attributes": [],
          "private": "eyJlMmJmYjczMC1lY2FhLTExZTYtOGY4OC0zNDM2M2JjN2M0YzAiOnsiY3JlYXRlIjoxMjAwMDAwMDAwMDAwLCJkZWxldGUiOjM2MDAwMDAwMDAwMDAsInJlYWQiOjEyMDAwMDAwMDAwMDAsInVwZGF0ZSI6MTIwMDAwMDAwMDAwMH19"
        }
      ]
    },
    {
      "mode": "managed",
      "type": "aws_s3_bucket_notification",
      "name": "ecom_batch_data_pipeline_d01_rd_s3_ecom_landing_3119_notification",
      "provider": "provider[\"registry.terraform.io/hashicorp/aws\"]",
      "instances": [
        {
          "schema_version": 0,
          "attributes": {
            "bucket": "ecom-batch-data-pipeline-d01-rd-s3-ecom-landing-e594",
            "eventbridge": false,
            "id": "ecom-batch-data-pipeline-d01-rd-s3-ecom-landing-e594",
            "lambda_function": [
              {
                "events": [
                  "s3:ObjectCreated:*"
                ],
                "filter_prefix": "orders/",
                "filter_suffix": "",
                "id": "ecom_batch_data_pipeline_d01_rd_s3_ecom_landing_3119_ecom_batch_data_pipeline_d01_rd_lambda_lambda_orders_preprocess_a96d",
                "lambda_function_arn": "arn:aws:lambda:us-east-1:602963248309:function:ecom-batch-data-pipeline-d01-rd-lambda-lambda-orders-pre-a319249"
              },
              {
                "events": [
                  "s3:ObjectCreated:*"
                ],
                "filter_prefix": "order_items/",
                "filter_suffix": "",
                "id": "ecom_batch_data_pipeline_d01_rd_s3_ecom_landing_3119_ecom_batch_data_pipeline_d01_rd_lambda_lambda_order_items_preprocess_bc52",
                "lambda_function_arn": "arn:aws:lambda:us-east-1:602963248309:function:ecom-batch-data-pipeline-d01-rd-lambda-lambda-order-item-0c52548"
              },
              {
                "events": [
                  "s3:ObjectCreated:*"
                ],
                "filter_prefix": "customers/",
                "filter_suffix": "",
                "id": "ecom_batch_data_pipeline_d01_rd_s3_ecom_landing_3119_ecom_batch_data_pipeline_d01_rd_lambda_lambda_customers_preprocess_1c3f",
                "lambda_function_arn": "arn:aws:lambda:us-east-1:602963248309:function:ecom-batch-data-pipeline-d01-rd-lambda-lambda-customers-76c6174"
              },
              {
                "events": [
                  "s3:ObjectCreated:*"
                ],
                "filter_prefix": "inventory/",
                "filter_suffix": "",
                "id": "ecom_batch_data_pipeline_d01_rd_s3_ecom_landing_3119_ecom_batch_data_pipeline_d01_rd_lambda_lambda_inventory_preprocess_3e0f",
                "lambda_function_arn": "arn:aws:lambda:us-east-1:602963248309:function:ecom-batch-data-pipeline-d01-rd-lambda-lambda-inventory-46bb87c"
              },
              {
                "events": [
                  "s3:ObjectCreated:*"
                ],
                "filter_prefix": "warehouses/",
                "filter_suffix": "",
                "id": "ecom_batch_data_pipeline_d01_rd_s3_ecom_landing_3119_ecom_batch_data_pipeline_d01_rd_lambda_lambda_warehouses_preprocess_7642",
                "lambda_function_arn": "arn:aws:lambda:us-east-1:602963248309:function:ecom-batch-data-pipeline-d01-rd-lambda-lambda-warehouses-849ee6e"
              },
              {
                "events": [
                  "s3:ObjectCreated:*"
                ],
                "filter_prefix": "stock_movements/",
                "filter_suffix": "",
                "id": "ecom_batch_data_pipeline_d01_rd_s3_ecom_landing_3119_ecom_batch_data_pipeline_d01_rd_lambda_lambda_stock_movements_preprocess_7aae",
                "lambda_function_arn": "arn:aws:lambda:us-east-1:602963248309:function:ecom-batch-data-pipeline-d01-rd-lambda-lambda-stock-move-1d10ad3"
              },
              {
                "events": [
                  "s3:ObjectCreated:*"
                ],
                "filter_prefix": "procurements/",
                "filter_suffix": "",
                "id": "ecom_batch_data_pipeline_d01_rd_s3_ecom_landing_3119_ecom_batch_data_pipeline_d01_rd_lambda_lambda_procurements_preprocess_ba45",
                "lambda_function_arn": "arn:aws:lambda:us-east-1:602963248309:function:ecom-batch-data-pipeline-d01-rd-lambda-lambda-procuremen-ba4c3f6"
              },
              {
                "events": [
                  "s3:ObjectCreated:*"
                ],
                "filter_prefix": "suppliers/",
                "filter_suffix": "",
                "id": "ecom_batch_data_pipeline_d01_rd_s3_ecom_landing_3119_ecom_batch_data_pipeline_d01_rd_lambda_lambda_suppliers_preprocess_3f7f",
                "lambda_function_arn": "arn:aws:lambda:us-east-1:602963248309:function:ecom-batch-data-pipeline-d01-rd-lambda-lambda-suppliers-356194e"
              },
              {
                "events": [
                  "s3:ObjectCreated:*"
                ],
                "filter_prefix": "products/",
                "filter_suffix": "",
                "id": "ecom_batch_data_pipeline_d01_rd_s3_ecom_landing_3119_ecom_batch_data_pipeline_d01_rd_lambda_lambda_products_preprocess_2010",
                "lambda_function_arn": "arn:aws:lambda:us-east-1:602963248309:function:ecom-batch-data-pipeline-d01-rd-lambda-lambda-products-p-797f186"
              },
              {
                "events": [
                  "s3:ObjectCreated:*"
                ],
                "filter_prefix": "categories/",
                "filter_suffix": "",
                "id": "ecom_batch_data_pipeline_d01_rd_s3_ecom_landing_3119_ecom_batch_data_pipeline_d01_rd_lambda_lambda_categories_preprocess_8848",
                "lambda_function_arn": "arn:aws:lambda:us-east-1:602963248309:function:ecom-batch-data-pipeline-d01-rd-lambda-lambda-categories-61ae77a"
              }
            ],
            "queue": [],
            "topic": []
          },
          "sensitive_attributes": [],
          "private": "bnVsbA==",
          "dependencies": [
            "aws_cloudwatch_log_group.ecom_batch_data_pipeline_d01_rd_lambda_lambda_categories_preprocess_8848_lg",
            "aws_cloudwatch_log_group.ecom_batch_data_pipeline_d01_rd_lambda_lambda_customers_preprocess_1c3f_lg",
            "aws_cloudwatch_log_group.ecom_batch_data_pipeline_d01_rd_lambda_lambda_inventory_preprocess_3e0f_lg",
            "aws_cloudwatch_log_group.ecom_batch_data_pipeline_d01_rd_lambda_lambda_order_items_preprocess_bc52_lg",
            "aws_cloudwatch_log_group.ecom_batch_data_pipeline_d01_rd_lambda_lambda_orders_preprocess_a96d_lg",
            "aws_cloudwatch_log_group.ecom_batch_data_pipeline_d01_rd_lambda_lambda_procurements_preprocess_ba45_lg",
            "aws_cloudwatch_log_group.ecom_batch_data_pipeline_d01_rd_lambda_lambda_products_preprocess_2010_lg",
            "aws_cloudwatch_log_group.ecom_batch_data_pipeline_d01_rd_lambda_lambda_stock_movements_preprocess_7aae_lg",
            "aws_cloudwatch_log_group.ecom_batch_data_pipeline_d01_rd_lambda_lambda_suppliers_preprocess_3f7f_lg",
            "aws_cloudwatch_log_group.ecom_batch_data_pipeline_d01_rd_lambda_lambda_warehouses_preprocess_7642_lg",
            "aws_iam_role.ecom_batch_data_pipeline_d01_rd_lambda_lambda_categories_preprocess_8848_role",
            "aws_iam_role.ecom_batch_data_pipeline_d01_rd_lambda_lambda_customers_preprocess_1c3f_role",
            "aws_iam_role.ecom_batch_data_pipeline_d01_rd_lambda_lambda_inventory_preprocess_3e0f_role",
            "aws_iam_role.ecom_batch_data_pipeline_d01_rd_lambda_lambda_order_items_preprocess_bc52_role",
            "aws_iam_role.ecom_batch_data_pipeline_d01_rd_lambda_lambda_orders_preprocess_a96d_role",
            "aws_iam_role.ecom_batch_data_pipeline_d01_rd_lambda_lambda_procurements_preprocess_ba45_role",
            "aws_iam_role.ecom_batch_data_pipeline_d01_rd_lambda_lambda_products_preprocess_2010_role",
            "aws_iam_role.ecom_batch_data_pipeline_d01_rd_lambda_lambda_stock_movements_preprocess_7aae_role",
            "aws_iam_role.ecom_batch_data_pipeline_d01_rd_lambda_lambda_suppliers_preprocess_3f7f_role",
            "aws_iam_role.ecom_batch_data_pipeline_d01_rd_lambda_lambda_warehouses_preprocess_7642_role",
            "aws_lambda_function.ecom_batch_data_pipeline_d01_rd_lambda_lambda_categories_preprocess_8848",
            "aws_lambda_function.ecom_batch_data_pipeline_d01_rd_lambda_lambda_customers_preprocess_1c3f",
            "aws_lambda_function.ecom_batch_data_pipeline_d01_rd_lambda_lambda_inventory_preprocess_3e0f",
            "aws_lambda_function.ecom_batch_data_pipeline_d01_rd_lambda_lambda_order_items_preprocess_bc52",
            "aws_lambda_function.ecom_batch_data_pipeline_d01_rd_lambda_lambda_orders_preprocess_a96d",
            "aws_lambda_function.ecom_batch_data_pipeline_d01_rd_lambda_lambda_procurements_preprocess_ba45",
            "aws_lambda_function.ecom_batch_data_pipeline_d01_rd_lambda_lambda_products_preprocess_2010",
            "aws_lambda_function.ecom_batch_data_pipeline_d01_rd_lambda_lambda_stock_movements_preprocess_7aae",
            "aws_lambda_function.ecom_batch_data_pipeline_d01_rd_lambda_lambda_suppliers_preprocess_3f7f",
            "aws_lambda_function.ecom_batch_data_pipeline_d01_rd_lambda_lambda_warehouses_preprocess_7642",
            "aws_lambda_permission.ecom_batch_data_pipeline_d01_rd_s3_ecom_landing_3119_invoke_ecom_batch_data_pipeline_d01_rd_lambda_lambda_categories_preprocess_8848",
            "aws_lambda_permission.ecom_batch_data_pipeline_d01_rd_s3_ecom_landing_3119_invoke_ecom_batch_data_pipeline_d01_rd_lambda_lambda_customers_preprocess_1c3f",
            "aws_lambda_permission.ecom_batch_data_pipeline_d01_rd_s3_ecom_landing_3119_invoke_ecom_batch_data_pipeline_d01_rd_lambda_lambda_inventory_preprocess_3e0f",
            "aws_lambda_permission.ecom_batch_data_pipeline_d01_rd_s3_ecom_landing_3119_invoke_ecom_batch_data_pipeline_d01_rd_lambda_lambda_order_items_preprocess_bc52",
            "aws_lambda_permission.ecom_batch_data_pipeline_d01_rd_s3_ecom_landing_3119_invoke_ecom_batch_data_pipeline_d01_rd_lambda_lambda_orders_preprocess_a96d",
            "aws_lambda_permission.ecom_batch_data_pipeline_d01_rd_s3_ecom_landing_3119_invoke_ecom_batch_data_pipeline_d01_rd_lambda_lambda_procurements_preprocess_ba45",
            "aws_lambda_permission.ecom_batch_data_pipeline_d01_rd_s3_ecom_landing_3119_invoke_ecom_batch_data_pipeline_d01_rd_lambda_lambda_products_preprocess_2010",
            "aws_lambda_permission.ecom_batch_data_pipeline_d01_rd_s3_ecom_landing_3119_invoke_ecom_batch_data_pipeline_d01_rd_lambda_lambda_stock_movements_preprocess_7aae",
            "aws_lambda_permission.ecom_batch_data_pipeline_d01_rd_s3_ecom_landing_3119_invoke_ecom_batch_data_pipeline_d01_rd_lambda_lambda_suppliers_preprocess_3f7f",
            "aws_lambda_permission.ecom_batch_data_pipeline_d01_rd_s3_ecom_landing_3119_invoke_ecom_batch_data_pipeline_d01_rd_lambda_lambda_warehouses_preprocess_7642",
            "aws_s3_bucket.ecom_batch_data_pipeline_d01_rd_s3_ecom_error_54d2",
            "aws_s3_bucket.ecom_batch_data_pipeline_d01_rd_s3_ecom_landing_3119",
            "aws_s3_bucket.ecom_batch_data_pipeline_d01_rd_s3_ecom_raw_56ef",
            "data.archive_file.ecom_batch_data_pipeline_d01_rd_lambda_lambda_categories_preprocess_8848_placeholder",
            "data.archive_file.ecom_batch_data_pipeline_d01_rd_lambda_lambda_customers_preprocess_1c3f_placeholder",
            "data.archive_file.ecom_batch_data_pipeline_d01_rd_lambda_lambda_inventory_preprocess_3e0f_placeholder",
            "data.archive_file.ecom_batch_data_pipeline_d01_rd_lambda_lambda_order_items_preprocess_bc52_placeholder",
            "data.archive_file.ecom_batch_data_pipeline_d01_rd_lambda_lambda_orders_preprocess_a96d_placeholder",
            "data.archive_file.ecom_batch_data_pipeline_d01_rd_lambda_lambda_procurements_preprocess_ba45_placeholder",
            "data.archive_file.ecom_batch_data_pipeline_d01_rd_lambda_lambda_products_preprocess_2010_placeholder",
            "data.archive_file.ecom_batch_data_pipeline_d01_rd_lambda_lambda_stock_movements_preprocess_7aae_placeholder",
            "data.archive_file.ecom_batch_data_pipeline_d01_rd_lambda_lambda_suppliers_preprocess_3f7f_placeholder",
            "data.archive_file.ecom_batch_data_pipeline_d01_rd_lambda_lambda_warehouses_preprocess_7642_placeholder",
            "time_sleep.ecom_batch_data_pipeline_d01_rd_s3_ecom_landing_3119_iam_sleep"
          ]
        }
      ]
    },
    {
      "mode": "managed",
      "type": "aws_s3_bucket_notification",
      "name": "ecom_batch_data_pipeline_d01_rd_s3_ecom_raw_56ef_notification",
      "provider": "provider[\"registry.terraform.io/hashicorp/aws\"]",
      "instances": [
        {
          "schema_version": 0,
          "attributes": {
            "bucket": "ecom-batch-data-pipeline-d01-rd-s3-ecom-raw-ad8a",
            "eventbridge": false,
            "id": "ecom-batch-data-pipeline-d01-rd-s3-ecom-raw-ad8a",
            "lambda_function": [
              {
                "events": [
                  "s3:ObjectCreated:*"
                ],
                "filter_prefix": "",
                "filter_suffix": "",
                "id": "ecom_batch_data_pipeline_d01_rd_s3_ecom_raw_56ef_ecom_batch_data_pipeline_d01_rd_lambda_lambda_enrich_transform_f868",
                "lambda_function_arn": "arn:aws:lambda:us-east-1:602963248309:function:ecom-batch-data-pipeline-d01-rd-lambda-lambda-enrich-tra-eab65e1"
              }
            ],
            "queue": [],
            "topic": []
          },
          "sensitive_attributes": [],
          "private": "bnVsbA==",
          "dependencies": [
            "aws_cloudwatch_log_group.ecom_batch_data_pipeline_d01_rd_lambda_lambda_enrich_transform_f868_lg",
            "aws_iam_role.ecom_batch_data_pipeline_d01_rd_lambda_lambda_enrich_transform_f868_role",
            "aws_lambda_function.ecom_batch_data_pipeline_d01_rd_lambda_lambda_enrich_transform_f868",
            "aws_lambda_permission.ecom_batch_data_pipeline_d01_rd_s3_ecom_raw_56ef_invoke_ecom_batch_data_pipeline_d01_rd_lambda_lambda_enrich_transform_f868",
            "aws_s3_bucket.ecom_batch_data_pipeline_d01_rd_s3_ecom_curated_7bdd",
            "aws_s3_bucket.ecom_batch_data_pipeline_d01_rd_s3_ecom_raw_56ef",
            "data.archive_file.ecom_batch_data_pipeline_d01_rd_lambda_lambda_enrich_transform_f868_placeholder",
            "time_sleep.ecom_batch_data_pipeline_d01_rd_s3_ecom_raw_56ef_iam_sleep"
          ]
        }
      ]
    },
    {
      "mode": "managed",
      "type": "aws_s3_bucket_server_side_encryption_configuration",
      "name": "ecom_batch_data_pipeline_d01_rd_s3_ecom_curated_7bdd_sse",
      "provider": "provider[\"registry.terraform.io/hashicorp/aws\"]",
      "instances": [
        {
          "schema_version": 0,
          "attributes": {
            "bucket": "ecom-batch-data-pipeline-d01-rd-s3-ecom-curated-ae42",
            "expected_bucket_owner": "",
            "id": "ecom-batch-data-pipeline-d01-rd-s3-ecom-curated-ae42",
            "rule": [
              {
                "apply_server_side_encryption_by_default": [
                  {
                    "kms_master_key_id": "",
                    "sse_algorithm": "AES256"
                  }
                ],
                "bucket_key_enabled": false
              }
            ]
          },
          "sensitive_attributes": [],
          "private": "bnVsbA==",
          "dependencies": [
            "aws_s3_bucket.ecom_batch_data_pipeline_d01_rd_s3_ecom_curated_7bdd"
          ]
        }
      ]
    },
    {
      "mode": "managed",
      "type": "aws_s3_bucket_server_side_encryption_configuration",
      "name": "ecom_batch_data_pipeline_d01_rd_s3_ecom_error_54d2_sse",
      "provider": "provider[\"registry.terraform.io/hashicorp/aws\"]",
      "instances": [
        {
          "schema_version": 0,
          "attributes": {
            "bucket": "ecom-batch-data-pipeline-d01-rd-s3-ecom-error-9b27",
            "expected_bucket_owner": "",
            "id": "ecom-batch-data-pipeline-d01-rd-s3-ecom-error-9b27",
            "rule": [
              {
                "apply_server_side_encryption_by_default": [
                  {
                    "kms_master_key_id": "",
                    "sse_algorithm": "AES256"
                  }
                ],
                "bucket_key_enabled": false
              }
            ]
          },
          "sensitive_attributes": [],
          "private": "bnVsbA==",
          "dependencies": [
            "aws_s3_bucket.ecom_batch_data_pipeline_d01_rd_s3_ecom_error_54d2"
          ]
        }
      ]
    },
    {
      "mode": "managed",
      "type": "aws_s3_bucket_server_side_encryption_configuration",
      "name": "ecom_batch_data_pipeline_d01_rd_s3_ecom_landing_3119_sse",
      "provider": "provider[\"registry.terraform.io/hashicorp/aws\"]",
      "instances": [
        {
          "schema_version": 0,
          "attributes": {
            "bucket": "ecom-batch-data-pipeline-d01-rd-s3-ecom-landing-e594",
            "expected_bucket_owner": "",
            "id": "ecom-batch-data-pipeline-d01-rd-s3-ecom-landing-e594",
            "rule": [
              {
                "apply_server_side_encryption_by_default": [
                  {
                    "kms_master_key_id": "",
                    "sse_algorithm": "AES256"
                  }
                ],
                "bucket_key_enabled": false
              }
            ]
          },
          "sensitive_attributes": [],
          "private": "bnVsbA==",
          "dependencies": [
            "aws_s3_bucket.ecom_batch_data_pipeline_d01_rd_s3_ecom_landing_3119"
          ]
        }
      ]
    },
    {
      "mode": "managed",
      "type": "aws_s3_bucket_server_side_encryption_configuration",
      "name": "ecom_batch_data_pipeline_d01_rd_s3_ecom_raw_56ef_sse",
      "provider": "provider[\"registry.terraform.io/hashicorp/aws\"]",
      "instances": [
        {
          "schema_version": 0,
          "attributes": {
            "bucket": "ecom-batch-data-pipeline-d01-rd-s3-ecom-raw-ad8a",
            "expected_bucket_owner": "",
            "id": "ecom-batch-data-pipeline-d01-rd-s3-ecom-raw-ad8a",
            "rule": [
              {
                "apply_server_side_encryption_by_default": [
                  {
                    "kms_master_key_id": "",
                    "sse_algorithm": "AES256"
                  }
                ],
                "bucket_key_enabled": false
              }
            ]
          },
          "sensitive_attributes": [],
          "private": "bnVsbA==",
          "dependencies": [
            "aws_s3_bucket.ecom_batch_data_pipeline_d01_rd_s3_ecom_raw_56ef"
          ]
        }
      ]
    },
    {
      "mode": "managed",
      "type": "aws_s3_bucket_versioning",
      "name": "ecom_batch_data_pipeline_d01_rd_s3_ecom_curated_7bdd_versioning",
      "provider": "provider[\"registry.terraform.io/hashicorp/aws\"]",
      "instances": [
        {
          "schema_version": 0,
          "attributes": {
            "bucket": "ecom-batch-data-pipeline-d01-rd-s3-ecom-curated-ae42",
            "expected_bucket_owner": "",
            "id": "ecom-batch-data-pipeline-d01-rd-s3-ecom-curated-ae42",
            "mfa": null,
            "versioning_configuration": [
              {
                "mfa_delete": "",
                "status": "Suspended"
              }
            ]
          },
          "sensitive_attributes": [],
          "private": "bnVsbA==",
          "dependencies": [
            "aws_s3_bucket.ecom_batch_data_pipeline_d01_rd_s3_ecom_curated_7bdd"
          ]
        }
      ]
    },
    {
      "mode": "managed",
      "type": "aws_s3_bucket_versioning",
      "name": "ecom_batch_data_pipeline_d01_rd_s3_ecom_error_54d2_versioning",
      "provider": "provider[\"registry.terraform.io/hashicorp/aws\"]",
      "instances": [
        {
          "schema_version": 0,
          "attributes": {
            "bucket": "ecom-batch-data-pipeline-d01-rd-s3-ecom-error-9b27",
            "expected_bucket_owner": "",
            "id": "ecom-batch-data-pipeline-d01-rd-s3-ecom-error-9b27",
            "mfa": null,
            "versioning_configuration": [
              {
                "mfa_delete": "",
                "status": "Suspended"
              }
            ]
          },
          "sensitive_attributes": [],
          "private": "bnVsbA==",
          "dependencies": [
            "aws_s3_bucket.ecom_batch_data_pipeline_d01_rd_s3_ecom_error_54d2"
          ]
        }
      ]
    },
    {
      "mode": "managed",
      "type": "aws_s3_bucket_versioning",
      "name": "ecom_batch_data_pipeline_d01_rd_s3_ecom_landing_3119_versioning",
      "provider": "provider[\"registry.terraform.io/hashicorp/aws\"]",
      "instances": [
        {
          "schema_version": 0,
          "attributes": {
            "bucket": "ecom-batch-data-pipeline-d01-rd-s3-ecom-landing-e594",
            "expected_bucket_owner": "",
            "id": "ecom-batch-data-pipeline-d01-rd-s3-ecom-landing-e594",
            "mfa": null,
            "versioning_configuration": [
              {
                "mfa_delete": "",
                "status": "Suspended"
              }
            ]
          },
          "sensitive_attributes": [],
          "private": "bnVsbA==",
          "dependencies": [
            "aws_s3_bucket.ecom_batch_data_pipeline_d01_rd_s3_ecom_landing_3119"
          ]
        }
      ]
    },
    {
      "mode": "managed",
      "type": "aws_s3_bucket_versioning",
      "name": "ecom_batch_data_pipeline_d01_rd_s3_ecom_raw_56ef_versioning",
      "provider": "provider[\"registry.terraform.io/hashicorp/aws\"]",
      "instances": [
        {
          "schema_version": 0,
          "attributes": {
            "bucket": "ecom-batch-data-pipeline-d01-rd-s3-ecom-raw-ad8a",
            "expected_bucket_owner": "",
            "id": "ecom-batch-data-pipeline-d01-rd-s3-ecom-raw-ad8a",
            "mfa": null,
            "versioning_configuration": [
              {
                "mfa_delete": "",
                "status": "Suspended"
              }
            ]
          },
          "sensitive_attributes": [],
          "private": "bnVsbA==",
          "dependencies": [
            "aws_s3_bucket.ecom_batch_data_pipeline_d01_rd_s3_ecom_raw_56ef"
          ]
        }
      ]
    },
    {
      "mode": "managed",
      "type": "time_sleep",
      "name": "ecom_batch_data_pipeline_d01_rd_s3_ecom_landing_3119_iam_sleep",
      "provider": "provider[\"registry.terraform.io/hashicorp/time\"]",
      "instances": [
        {
          "schema_version": 0,
          "attributes": {
            "create_duration": "15s",
            "destroy_duration": null,
            "id": "2026-04-30T13:50:04Z",
            "triggers": null
          },
          "sensitive_attributes": [],
          "dependencies": [
            "aws_cloudwatch_log_group.ecom_batch_data_pipeline_d01_rd_lambda_lambda_categories_preprocess_8848_lg",
            "aws_cloudwatch_log_group.ecom_batch_data_pipeline_d01_rd_lambda_lambda_customers_preprocess_1c3f_lg",
            "aws_cloudwatch_log_group.ecom_batch_data_pipeline_d01_rd_lambda_lambda_inventory_preprocess_3e0f_lg",
            "aws_cloudwatch_log_group.ecom_batch_data_pipeline_d01_rd_lambda_lambda_order_items_preprocess_bc52_lg",
            "aws_cloudwatch_log_group.ecom_batch_data_pipeline_d01_rd_lambda_lambda_orders_preprocess_a96d_lg",
            "aws_cloudwatch_log_group.ecom_batch_data_pipeline_d01_rd_lambda_lambda_procurements_preprocess_ba45_lg",
            "aws_cloudwatch_log_group.ecom_batch_data_pipeline_d01_rd_lambda_lambda_products_preprocess_2010_lg",
            "aws_cloudwatch_log_group.ecom_batch_data_pipeline_d01_rd_lambda_lambda_stock_movements_preprocess_7aae_lg",
            "aws_cloudwatch_log_group.ecom_batch_data_pipeline_d01_rd_lambda_lambda_suppliers_preprocess_3f7f_lg",
            "aws_cloudwatch_log_group.ecom_batch_data_pipeline_d01_rd_lambda_lambda_warehouses_preprocess_7642_lg",
            "aws_iam_role.ecom_batch_data_pipeline_d01_rd_lambda_lambda_categories_preprocess_8848_role",
            "aws_iam_role.ecom_batch_data_pipeline_d01_rd_lambda_lambda_customers_preprocess_1c3f_role",
            "aws_iam_role.ecom_batch_data_pipeline_d01_rd_lambda_lambda_inventory_preprocess_3e0f_role",
            "aws_iam_role.ecom_batch_data_pipeline_d01_rd_lambda_lambda_order_items_preprocess_bc52_role",
            "aws_iam_role.ecom_batch_data_pipeline_d01_rd_lambda_lambda_orders_preprocess_a96d_role",
            "aws_iam_role.ecom_batch_data_pipeline_d01_rd_lambda_lambda_procurements_preprocess_ba45_role",
            "aws_iam_role.ecom_batch_data_pipeline_d01_rd_lambda_lambda_products_preprocess_2010_role",
            "aws_iam_role.ecom_batch_data_pipeline_d01_rd_lambda_lambda_stock_movements_preprocess_7aae_role",
            "aws_iam_role.ecom_batch_data_pipeline_d01_rd_lambda_lambda_suppliers_preprocess_3f7f_role",
            "aws_iam_role.ecom_batch_data_pipeline_d01_rd_lambda_lambda_warehouses_preprocess_7642_role",
            "aws_lambda_function.ecom_batch_data_pipeline_d01_rd_lambda_lambda_categories_preprocess_8848",
            "aws_lambda_function.ecom_batch_data_pipeline_d01_rd_lambda_lambda_customers_preprocess_1c3f",
            "aws_lambda_function.ecom_batch_data_pipeline_d01_rd_lambda_lambda_inventory_preprocess_3e0f",
            "aws_lambda_function.ecom_batch_data_pipeline_d01_rd_lambda_lambda_order_items_preprocess_bc52",
            "aws_lambda_function.ecom_batch_data_pipeline_d01_rd_lambda_lambda_orders_preprocess_a96d",
            "aws_lambda_function.ecom_batch_data_pipeline_d01_rd_lambda_lambda_procurements_preprocess_ba45",
            "aws_lambda_function.ecom_batch_data_pipeline_d01_rd_lambda_lambda_products_preprocess_2010",
            "aws_lambda_function.ecom_batch_data_pipeline_d01_rd_lambda_lambda_stock_movements_preprocess_7aae",
            "aws_lambda_function.ecom_batch_data_pipeline_d01_rd_lambda_lambda_suppliers_preprocess_3f7f",
            "aws_lambda_function.ecom_batch_data_pipeline_d01_rd_lambda_lambda_warehouses_preprocess_7642",
            "aws_lambda_permission.ecom_batch_data_pipeline_d01_rd_s3_ecom_landing_3119_invoke_ecom_batch_data_pipeline_d01_rd_lambda_lambda_categories_preprocess_8848",
            "aws_lambda_permission.ecom_batch_data_pipeline_d01_rd_s3_ecom_landing_3119_invoke_ecom_batch_data_pipeline_d01_rd_lambda_lambda_customers_preprocess_1c3f",
            "aws_lambda_permission.ecom_batch_data_pipeline_d01_rd_s3_ecom_landing_3119_invoke_ecom_batch_data_pipeline_d01_rd_lambda_lambda_inventory_preprocess_3e0f",
            "aws_lambda_permission.ecom_batch_data_pipeline_d01_rd_s3_ecom_landing_3119_invoke_ecom_batch_data_pipeline_d01_rd_lambda_lambda_order_items_preprocess_bc52",
            "aws_lambda_permission.ecom_batch_data_pipeline_d01_rd_s3_ecom_landing_3119_invoke_ecom_batch_data_pipeline_d01_rd_lambda_lambda_orders_preprocess_a96d",
            "aws_lambda_permission.ecom_batch_data_pipeline_d01_rd_s3_ecom_landing_3119_invoke_ecom_batch_data_pipeline_d01_rd_lambda_lambda_procurements_preprocess_ba45",
            "aws_lambda_permission.ecom_batch_data_pipeline_d01_rd_s3_ecom_landing_3119_invoke_ecom_batch_data_pipeline_d01_rd_lambda_lambda_products_preprocess_2010",
            "aws_lambda_permission.ecom_batch_data_pipeline_d01_rd_s3_ecom_landing_3119_invoke_ecom_batch_data_pipeline_d01_rd_lambda_lambda_stock_movements_preprocess_7aae",
            "aws_lambda_permission.ecom_batch_data_pipeline_d01_rd_s3_ecom_landing_3119_invoke_ecom_batch_data_pipeline_d01_rd_lambda_lambda_suppliers_preprocess_3f7f",
            "aws_lambda_permission.ecom_batch_data_pipeline_d01_rd_s3_ecom_landing_3119_invoke_ecom_batch_data_pipeline_d01_rd_lambda_lambda_warehouses_preprocess_7642",
            "aws_s3_bucket.ecom_batch_data_pipeline_d01_rd_s3_ecom_error_54d2",
            "aws_s3_bucket.ecom_batch_data_pipeline_d01_rd_s3_ecom_landing_3119",
            "aws_s3_bucket.ecom_batch_data_pipeline_d01_rd_s3_ecom_raw_56ef",
            "data.archive_file.ecom_batch_data_pipeline_d01_rd_lambda_lambda_categories_preprocess_8848_placeholder",
            "data.archive_file.ecom_batch_data_pipeline_d01_rd_lambda_lambda_customers_preprocess_1c3f_placeholder",
            "data.archive_file.ecom_batch_data_pipeline_d01_rd_lambda_lambda_inventory_preprocess_3e0f_placeholder",
            "data.archive_file.ecom_batch_data_pipeline_d01_rd_lambda_lambda_order_items_preprocess_bc52_placeholder",
            "data.archive_file.ecom_batch_data_pipeline_d01_rd_lambda_lambda_orders_preprocess_a96d_placeholder",
            "data.archive_file.ecom_batch_data_pipeline_d01_rd_lambda_lambda_procurements_preprocess_ba45_placeholder",
            "data.archive_file.ecom_batch_data_pipeline_d01_rd_lambda_lambda_products_preprocess_2010_placeholder",
            "data.archive_file.ecom_batch_data_pipeline_d01_rd_lambda_lambda_stock_movements_preprocess_7aae_placeholder",
            "data.archive_file.ecom_batch_data_pipeline_d01_rd_lambda_lambda_suppliers_preprocess_3f7f_placeholder",
            "data.archive_file.ecom_batch_data_pipeline_d01_rd_lambda_lambda_warehouses_preprocess_7642_placeholder"
          ]
        }
      ]
    },
    {
      "mode": "managed",
      "type": "time_sleep",
      "name": "ecom_batch_data_pipeline_d01_rd_s3_ecom_raw_56ef_iam_sleep",
      "provider": "provider[\"registry.terraform.io/hashicorp/time\"]",
      "instances": [
        {
          "schema_version": 0,
          "attributes": {
            "create_duration": "15s",
            "destroy_duration": null,
            "id": "2026-04-30T13:49:25Z",
            "triggers": null
          },
          "sensitive_attributes": [],
          "dependencies": [
            "aws_cloudwatch_log_group.ecom_batch_data_pipeline_d01_rd_lambda_lambda_enrich_transform_f868_lg",
            "aws_iam_role.ecom_batch_data_pipeline_d01_rd_lambda_lambda_enrich_transform_f868_role",
            "aws_lambda_function.ecom_batch_data_pipeline_d01_rd_lambda_lambda_enrich_transform_f868",
            "aws_lambda_permission.ecom_batch_data_pipeline_d01_rd_s3_ecom_raw_56ef_invoke_ecom_batch_data_pipeline_d01_rd_lambda_lambda_enrich_transform_f868",
            "aws_s3_bucket.ecom_batch_data_pipeline_d01_rd_s3_ecom_curated_7bdd",
            "aws_s3_bucket.ecom_batch_data_pipeline_d01_rd_s3_ecom_raw_56ef",
            "data.archive_file.ecom_batch_data_pipeline_d01_rd_lambda_lambda_enrich_transform_f868_placeholder"
          ]
        }
      ]
    }
  ],
  "check_results": null
}
