{
  "version": 4,
  "terraform_version": "1.7.5",
  "serial": 58,
  "lineage": "06fedf18-154f-30bd-dafb-746eab754737",
  "outputs": {},
  "resources": [
    {
      "mode": "data",
      "type": "archive_file",
      "name": "traffic_collision_minilake_analytics_d0012_lambda_case_processor_4_placeholder",
      "provider": "provider[\"registry.terraform.io/hashicorp/archive\"]",
      "instances": [
        {
          "schema_version": 0,
          "attributes": {
            "exclude_symlink_directories": null,
            "excludes": null,
            "id": "b7b98e1444c81d6e73d61f9316f8c2de339aa483",
            "output_base64sha256": "HdxIi31g7JgrefCFSqmgLi0yJ+BR/BV7sd+29EBDfRs=",
            "output_base64sha512": "8adLgWTaMQJRp7X53V/D74WYy4FT279XdxMiAn/ixTZPuu3ssI8CnWH1Nrh/tLEvXW9BZx7UiDd0Mzw60v3KnA==",
            "output_file_mode": null,
            "output_md5": "e9de0bff80134718778cfe99483fba84",
            "output_path": "./traffic_collision_minilake_analytics_d0012_lambda_case_processor_4_placeholder.zip",
            "output_sha": "b7b98e1444c81d6e73d61f9316f8c2de339aa483",
            "output_sha256": "1ddc488b7d60ec982b79f0854aa9a02e2d3227e051fc157bb1dfb6f440437d1b",
            "output_sha512": "f1a74b8164da310251a7b5f9dd5fc3ef8598cb8153dbbf57771322027fe2c5364fbaedecb08f029d61f536b87fb4b12f5d6f41671ed4883774333c3ad2fdca9c",
            "output_size": 522,
            "source": [
              {
                "content": "import json\nimport boto3\nimport os\nfrom urllib.parse import unquote_plus\n\ns3 = boto3.client('s3')\n\ndef handler(event, context):\n    staging_bucket = os.environ['STAGING_BUCKET_BUCKET']\n    \n    for record in event['Records']:\n        source_bucket = record['s3']['bucket']['name']\n        source_key = unquote_plus(record['s3']['object']['key'])\n        \n        obj = s3.get_object(Bucket=source_bucket, Key=source_key)\n        data = obj['Body'].read().decode('utf-8')\n        \n        target_key = f\"case/{source_key.split('/')[-1]}\"\n        s3.put_object(\n            Bucket=staging_bucket,\n            Key=target_key,\n            Body=data\n        )\n    \n    return {'statusCode': 200, 'body': json.dumps('Case data processed')}\n",
                "filename": "index.py"
              }
            ],
            "source_content": null,
            "source_content_filename": null,
            "source_dir": null,
            "source_file": null,
            "type": "zip"
          },
          "sensitive_attributes": []
        }
      ]
    },
    {
      "mode": "data",
      "type": "archive_file",
      "name": "traffic_collision_minilake_analytics_d0012_lambda_collision_processor_1_placeholder",
      "provider": "provider[\"registry.terraform.io/hashicorp/archive\"]",
      "instances": [
        {
          "schema_version": 0,
          "attributes": {
            "exclude_symlink_directories": null,
            "excludes": null,
            "id": "1076b75ed2b38cd1d9c039681708063a06b9fdfd",
            "output_base64sha256": "ufZgCmwOYCS1bC1zoj15EYYku8Jx6sXqaIXjjr1RUNI=",
            "output_base64sha512": "2TnoSCmAgHLm7uRZFY8muAK0aGFaC7hE5O+kZbkBoZlDD//OuHdghRw8cGOewSoTtNFr062X0HUndiniDmx5yg==",
            "output_file_mode": null,
            "output_md5": "41cc84467618a0e78c29583697986197",
            "output_path": "./traffic_collision_minilake_analytics_d0012_lambda_collision_processor_1_placeholder.zip",
            "output_sha": "1076b75ed2b38cd1d9c039681708063a06b9fdfd",
            "output_sha256": "b9f6600a6c0e6024b56c2d73a23d79118624bbc271eac5ea6885e38ebd5150d2",
            "output_sha512": "d939e84829808072e6eee459158f26b802b468615a0bb844e4efa465b901a199430fffceb87760851c3c70639ec12a13b4d16bd3ad97d075277629e20e6c79ca",
            "output_size": 526,
            "source": [
              {
                "content": "import json\nimport boto3\nimport os\nfrom urllib.parse import unquote_plus\n\ns3 = boto3.client('s3')\n\ndef handler(event, context):\n    staging_bucket = os.environ['STAGING_BUCKET_BUCKET']\n    \n    for record in event['Records']:\n        source_bucket = record['s3']['bucket']['name']\n        source_key = unquote_plus(record['s3']['object']['key'])\n        \n        obj = s3.get_object(Bucket=source_bucket, Key=source_key)\n        data = obj['Body'].read().decode('utf-8')\n        \n        target_key = f\"collision/{source_key.split('/')[-1]}\"\n        s3.put_object(\n            Bucket=staging_bucket,\n            Key=target_key,\n            Body=data\n        )\n    \n    return {'statusCode': 200, 'body': json.dumps('Collision data processed')}\n",
                "filename": "index.py"
              }
            ],
            "source_content": null,
            "source_content_filename": null,
            "source_dir": null,
            "source_file": null,
            "type": "zip"
          },
          "sensitive_attributes": []
        }
      ]
    },
    {
      "mode": "data",
      "type": "archive_file",
      "name": "traffic_collision_minilake_analytics_d0012_lambda_party_processor_2_placeholder",
      "provider": "provider[\"registry.terraform.io/hashicorp/archive\"]",
      "instances": [
        {
          "schema_version": 0,
          "attributes": {
            "exclude_symlink_directories": null,
            "excludes": null,
            "id": "d2316f5e5d112f1cd59ca7c6f732c3fe22217e64",
            "output_base64sha256": "3u/BanD3nMcnGIMnlwQ209bAq8e0KL6RL3Lstoh+Sh4=",
            "output_base64sha512": "wGjOwozWzv6B3IeP618ljBuId4LfeedglGUSg9dnD8Df2lt5uxXFYpW+mn3SPkCsMS02bOFPsvMgFZCQb9K7qg==",
            "output_file_mode": null,
            "output_md5": "229e200bed5789d0aa5541c7b4d869cc",
            "output_path": "./traffic_collision_minilake_analytics_d0012_lambda_party_processor_2_placeholder.zip",
            "output_sha": "d2316f5e5d112f1cd59ca7c6f732c3fe22217e64",
            "output_sha256": "deefc16a70f79cc727188327970436d3d6c0abc7b428be912f72ecb6887e4a1e",
            "output_sha512": "c068cec28cd6cefe81dc878feb5f258c1b887782df79e76094651283d7670fc0dfda5b79bb15c56295be9a7dd23e40ac312d366ce14fb2f3201590906fd2bbaa",
            "output_size": 524,
            "source": [
              {
                "content": "import json\nimport boto3\nimport os\nfrom urllib.parse import unquote_plus\n\ns3 = boto3.client('s3')\n\ndef handler(event, context):\n    staging_bucket = os.environ['STAGING_BUCKET_BUCKET']\n    \n    for record in event['Records']:\n        source_bucket = record['s3']['bucket']['name']\n        source_key = unquote_plus(record['s3']['object']['key'])\n        \n        obj = s3.get_object(Bucket=source_bucket, Key=source_key)\n        data = obj['Body'].read().decode('utf-8')\n        \n        target_key = f\"party/{source_key.split('/')[-1]}\"\n        s3.put_object(\n            Bucket=staging_bucket,\n            Key=target_key,\n            Body=data\n        )\n    \n    return {'statusCode': 200, 'body': json.dumps('Party data processed')}\n",
                "filename": "index.py"
              }
            ],
            "source_content": null,
            "source_content_filename": null,
            "source_dir": null,
            "source_file": null,
            "type": "zip"
          },
          "sensitive_attributes": []
        }
      ]
    },
    {
      "mode": "data",
      "type": "archive_file",
      "name": "traffic_collision_minilake_analytics_d0012_lambda_refine_data_5_placeholder",
      "provider": "provider[\"registry.terraform.io/hashicorp/archive\"]",
      "instances": [
        {
          "schema_version": 0,
          "attributes": {
            "exclude_symlink_directories": null,
            "excludes": null,
            "id": "665f787499173ef18abb72892a977345b2b862ef",
            "output_base64sha256": "ahhEKKHsfPZQvjWrFASQvwEED05hsdA14uq0re0is3k=",
            "output_base64sha512": "Qy6q/HB4yslYfHASe/1M9Okp7f9hOAHW1Irrx1Bsnfo8sPXjf884immAf0k3uwKZi0k8GSTI0uqI9Sm0MDGynw==",
            "output_file_mode": null,
            "output_md5": "80c6be785c660317347747f876190a05",
            "output_path": "./traffic_collision_minilake_analytics_d0012_lambda_refine_data_5_placeholder.zip",
            "output_sha": "665f787499173ef18abb72892a977345b2b862ef",
            "output_sha256": "6a184428a1ec7cf650be35ab140490bf01040f4e61b1d035e2eab4aded22b379",
            "output_sha512": "432eaafc7078cac9587c70127bfd4cf4e929edff613801d6d48aebc7506c9dfa3cb0f5e37fcf388a69807f4937bb02998b493c1924c8d2ea88f529b43031b29f",
            "output_size": 576,
            "source": [
              {
                "content": "import json\nimport boto3\nimport os\nfrom urllib.parse import unquote_plus\n\ns3 = boto3.client('s3')\n\ndef handler(event, context):\n    staging_bucket = os.environ['STAGING_BUCKET_BUCKET']\n    minilake_bucket = os.environ['MINILAKE_BUCKET']\n    \n    prefixes = ['collision/', 'party/', 'victim/', 'case/']\n    \n    for prefix in prefixes:\n        response = s3.list_objects_v2(Bucket=staging_bucket, Prefix=prefix)\n        \n        if 'Contents' not in response:\n            continue\n        \n        for obj in response['Contents']:\n            source_key = obj['Key']\n            \n            data = s3.get_object(Bucket=staging_bucket, Key=source_key)\n            body = data['Body'].read()\n            \n            target_key = source_key\n            s3.put_object(\n                Bucket=minilake_bucket,\n                Key=target_key,\n                Body=body\n            )\n    \n    return {'statusCode': 200, 'body': json.dumps('Data refined to minilake')}\n",
                "filename": "index.py"
              }
            ],
            "source_content": null,
            "source_content_filename": null,
            "source_dir": null,
            "source_file": null,
            "type": "zip"
          },
          "sensitive_attributes": []
        }
      ]
    },
    {
      "mode": "data",
      "type": "archive_file",
      "name": "traffic_collision_minilake_analytics_d0012_lambda_victim_processor_3_placeholder",
      "provider": "provider[\"registry.terraform.io/hashicorp/archive\"]",
      "instances": [
        {
          "schema_version": 0,
          "attributes": {
            "exclude_symlink_directories": null,
            "excludes": null,
            "id": "8de50e04bf4cf1fe7753ddfb8ee45365ff9440fa",
            "output_base64sha256": "7mbaaLqed9TlhHCe4JdfnCvmsY04+cm169IwlogjuAo=",
            "output_base64sha512": "jgQtX/5Crshw7KJbU+zd5a/kqMGcbib0JLEPDpPbyUv8jpgybzQr2VlxmCsqPIg6+UykHbHE5YaYM4Vev35zEQ==",
            "output_file_mode": null,
            "output_md5": "11dd5dcab3b20e2f4f1795a07ab44dec",
            "output_path": "./traffic_collision_minilake_analytics_d0012_lambda_victim_processor_3_placeholder.zip",
            "output_sha": "8de50e04bf4cf1fe7753ddfb8ee45365ff9440fa",
            "output_sha256": "ee66da68ba9e77d4e584709ee0975f9c2be6b18d38f9c9b5ebd230968823b80a",
            "output_sha512": "8e042d5ffe42aec870eca25b53ecdde5afe4a8c19c6e26f424b10f0e93dbc94bfc8e98326f342bd95971982b2a3c883af94ca41db1c4e5869833855ebf7e7311",
            "output_size": 525,
            "source": [
              {
                "content": "import json\nimport boto3\nimport os\nfrom urllib.parse import unquote_plus\n\ns3 = boto3.client('s3')\n\ndef handler(event, context):\n    staging_bucket = os.environ['STAGING_BUCKET_BUCKET']\n    \n    for record in event['Records']:\n        source_bucket = record['s3']['bucket']['name']\n        source_key = unquote_plus(record['s3']['object']['key'])\n        \n        obj = s3.get_object(Bucket=source_bucket, Key=source_key)\n        data = obj['Body'].read().decode('utf-8')\n        \n        target_key = f\"victim/{source_key.split('/')[-1]}\"\n        s3.put_object(\n            Bucket=staging_bucket,\n            Key=target_key,\n            Body=data\n        )\n    \n    return {'statusCode': 200, 'body': json.dumps('Victim data processed')}\n",
                "filename": "index.py"
              }
            ],
            "source_content": null,
            "source_content_filename": null,
            "source_dir": null,
            "source_file": null,
            "type": "zip"
          },
          "sensitive_attributes": []
        }
      ]
    },
    {
      "mode": "managed",
      "type": "aws_athena_workgroup",
      "name": "traffic_collision_minilake_analytics_d0012_athena_athena_workgroup",
      "provider": "provider[\"registry.terraform.io/hashicorp/aws\"]",
      "instances": [
        {
          "schema_version": 0,
          "attributes": {
            "arn": "arn:aws:athena:us-east-1:602963248309:workgroup/traffic-collision-minilake-analytics-d0012-athena-athena-workgroup",
            "configuration": [
              {
                "bytes_scanned_cutoff_per_query": 0,
                "enforce_workgroup_configuration": true,
                "engine_version": [
                  {
                    "effective_engine_version": "Athena engine version 3",
                    "selected_engine_version": "AUTO"
                  }
                ],
                "execution_role": "",
                "publish_cloudwatch_metrics_enabled": false,
                "requester_pays_enabled": false,
                "result_configuration": [
                  {
                    "acl_configuration": [],
                    "encryption_configuration": [],
                    "expected_bucket_owner": "",
                    "output_location": "s3://traffic-collision-minilake-analytics-d0012-athena-athena-workgroup-results/query-results/"
                  }
                ]
              }
            ],
            "description": "",
            "force_destroy": false,
            "id": "traffic-collision-minilake-analytics-d0012-athena-athena-workgroup",
            "name": "traffic-collision-minilake-analytics-d0012-athena-athena-workgroup",
            "state": "ENABLED",
            "tags": {
              "BusinessUnit": "ANALYTICS",
              "CostCenter": "D0012",
              "ManagedBy": "aws-pipeline-engine",
              "Pipeline": "traffic_collision_minilake"
            },
            "tags_all": {
              "BusinessUnit": "ANALYTICS",
              "CostCenter": "D0012",
              "ManagedBy": "aws-pipeline-engine",
              "Pipeline": "traffic_collision_minilake"
            }
          },
          "sensitive_attributes": [],
          "private": "bnVsbA=="
        }
      ]
    },
    {
      "mode": "managed",
      "type": "aws_cloudwatch_log_group",
      "name": "traffic_collision_minilake_analytics_d0012_athena_athena_workgroup_lg",
      "provider": "provider[\"registry.terraform.io/hashicorp/aws\"]",
      "instances": [
        {
          "schema_version": 0,
          "attributes": {
            "arn": "arn:aws:logs:us-east-1:602963248309:log-group:/aws/athena/traffic-collision-minilake-analytics-d0012-athena-athena-workgroup",
            "id": "/aws/athena/traffic-collision-minilake-analytics-d0012-athena-athena-workgroup",
            "kms_key_id": "",
            "log_group_class": "STANDARD",
            "name": "/aws/athena/traffic-collision-minilake-analytics-d0012-athena-athena-workgroup",
            "name_prefix": "",
            "retention_in_days": 7,
            "skip_destroy": false,
            "tags": {
              "BusinessUnit": "ANALYTICS",
              "CostCenter": "D0012",
              "ManagedBy": "aws-pipeline-engine",
              "Pipeline": "traffic_collision_minilake"
            },
            "tags_all": {
              "BusinessUnit": "ANALYTICS",
              "CostCenter": "D0012",
              "ManagedBy": "aws-pipeline-engine",
              "Pipeline": "traffic_collision_minilake"
            }
          },
          "sensitive_attributes": [],
          "private": "bnVsbA=="
        }
      ]
    },
    {
      "mode": "managed",
      "type": "aws_cloudwatch_log_group",
      "name": "traffic_collision_minilake_analytics_d0012_lambda_case_processor_4_lg",
      "provider": "provider[\"registry.terraform.io/hashicorp/aws\"]",
      "instances": [
        {
          "schema_version": 0,
          "attributes": {
            "arn": "arn:aws:logs:us-east-1:602963248309:log-group:/aws/lambda/traffic-collision-minilake-analytics-d0012-lambda-case-p-ee8edaf",
            "id": "/aws/lambda/traffic-collision-minilake-analytics-d0012-lambda-case-p-ee8edaf",
            "kms_key_id": "",
            "log_group_class": "STANDARD",
            "name": "/aws/lambda/traffic-collision-minilake-analytics-d0012-lambda-case-p-ee8edaf",
            "name_prefix": "",
            "retention_in_days": 7,
            "skip_destroy": false,
            "tags": {
              "BusinessUnit": "ANALYTICS",
              "CostCenter": "D0012",
              "ManagedBy": "aws-pipeline-engine",
              "Pipeline": "traffic_collision_minilake"
            },
            "tags_all": {
              "BusinessUnit": "ANALYTICS",
              "CostCenter": "D0012",
              "ManagedBy": "aws-pipeline-engine",
              "Pipeline": "traffic_collision_minilake"
            }
          },
          "sensitive_attributes": [],
          "private": "bnVsbA=="
        }
      ]
    },
    {
      "mode": "managed",
      "type": "aws_cloudwatch_log_group",
      "name": "traffic_collision_minilake_analytics_d0012_lambda_collision_processor_1_lg",
      "provider": "provider[\"registry.terraform.io/hashicorp/aws\"]",
      "instances": [
        {
          "schema_version": 0,
          "attributes": {
            "arn": "arn:aws:logs:us-east-1:602963248309:log-group:/aws/lambda/traffic-collision-minilake-analytics-d0012-lambda-collis-095b615",
            "id": "/aws/lambda/traffic-collision-minilake-analytics-d0012-lambda-collis-095b615",
            "kms_key_id": "",
            "log_group_class": "STANDARD",
            "name": "/aws/lambda/traffic-collision-minilake-analytics-d0012-lambda-collis-095b615",
            "name_prefix": "",
            "retention_in_days": 7,
            "skip_destroy": false,
            "tags": {
              "BusinessUnit": "ANALYTICS",
              "CostCenter": "D0012",
              "ManagedBy": "aws-pipeline-engine",
              "Pipeline": "traffic_collision_minilake"
            },
            "tags_all": {
              "BusinessUnit": "ANALYTICS",
              "CostCenter": "D0012",
              "ManagedBy": "aws-pipeline-engine",
              "Pipeline": "traffic_collision_minilake"
            }
          },
          "sensitive_attributes": [],
          "private": "bnVsbA=="
        }
      ]
    },
    {
      "mode": "managed",
      "type": "aws_cloudwatch_log_group",
      "name": "traffic_collision_minilake_analytics_d0012_lambda_party_processor_2_lg",
      "provider": "provider[\"registry.terraform.io/hashicorp/aws\"]",
      "instances": [
        {
          "schema_version": 0,
          "attributes": {
            "arn": "arn:aws:logs:us-east-1:602963248309:log-group:/aws/lambda/traffic-collision-minilake-analytics-d0012-lambda-party-f83095f",
            "id": "/aws/lambda/traffic-collision-minilake-analytics-d0012-lambda-party-f83095f",
            "kms_key_id": "",
            "log_group_class": "STANDARD",
            "name": "/aws/lambda/traffic-collision-minilake-analytics-d0012-lambda-party-f83095f",
            "name_prefix": "",
            "retention_in_days": 7,
            "skip_destroy": false,
            "tags": {
              "BusinessUnit": "ANALYTICS",
              "CostCenter": "D0012",
              "ManagedBy": "aws-pipeline-engine",
              "Pipeline": "traffic_collision_minilake"
            },
            "tags_all": {
              "BusinessUnit": "ANALYTICS",
              "CostCenter": "D0012",
              "ManagedBy": "aws-pipeline-engine",
              "Pipeline": "traffic_collision_minilake"
            }
          },
          "sensitive_attributes": [],
          "private": "bnVsbA=="
        }
      ]
    },
    {
      "mode": "managed",
      "type": "aws_cloudwatch_log_group",
      "name": "traffic_collision_minilake_analytics_d0012_lambda_refine_data_5_lg",
      "provider": "provider[\"registry.terraform.io/hashicorp/aws\"]",
      "instances": [
        {
          "schema_version": 0,
          "attributes": {
            "arn": "arn:aws:logs:us-east-1:602963248309:log-group:/aws/lambda/traffic-collision-minilake-analytics-d0012-lambda-refine-data-5",
            "id": "/aws/lambda/traffic-collision-minilake-analytics-d0012-lambda-refine-data-5",
            "kms_key_id": "",
            "log_group_class": "STANDARD",
            "name": "/aws/lambda/traffic-collision-minilake-analytics-d0012-lambda-refine-data-5",
            "name_prefix": "",
            "retention_in_days": 7,
            "skip_destroy": false,
            "tags": {
              "BusinessUnit": "ANALYTICS",
              "CostCenter": "D0012",
              "ManagedBy": "aws-pipeline-engine",
              "Pipeline": "traffic_collision_minilake"
            },
            "tags_all": {
              "BusinessUnit": "ANALYTICS",
              "CostCenter": "D0012",
              "ManagedBy": "aws-pipeline-engine",
              "Pipeline": "traffic_collision_minilake"
            }
          },
          "sensitive_attributes": [],
          "private": "bnVsbA=="
        }
      ]
    },
    {
      "mode": "managed",
      "type": "aws_cloudwatch_log_group",
      "name": "traffic_collision_minilake_analytics_d0012_lambda_victim_processor_3_lg",
      "provider": "provider[\"registry.terraform.io/hashicorp/aws\"]",
      "instances": [
        {
          "schema_version": 0,
          "attributes": {
            "arn": "arn:aws:logs:us-east-1:602963248309:log-group:/aws/lambda/traffic-collision-minilake-analytics-d0012-lambda-victim-6cbc55c",
            "id": "/aws/lambda/traffic-collision-minilake-analytics-d0012-lambda-victim-6cbc55c",
            "kms_key_id": "",
            "log_group_class": "STANDARD",
            "name": "/aws/lambda/traffic-collision-minilake-analytics-d0012-lambda-victim-6cbc55c",
            "name_prefix": "",
            "retention_in_days": 7,
            "skip_destroy": false,
            "tags": {
              "BusinessUnit": "ANALYTICS",
              "CostCenter": "D0012",
              "ManagedBy": "aws-pipeline-engine",
              "Pipeline": "traffic_collision_minilake"
            },
            "tags_all": {
              "BusinessUnit": "ANALYTICS",
              "CostCenter": "D0012",
              "ManagedBy": "aws-pipeline-engine",
              "Pipeline": "traffic_collision_minilake"
            }
          },
          "sensitive_attributes": [],
          "private": "bnVsbA=="
        }
      ]
    },
    {
      "mode": "managed",
      "type": "aws_glue_catalog_database",
      "name": "traffic_collision_minilake_analytics_d0012_glue_data_catalog_minilake_database",
      "provider": "provider[\"registry.terraform.io/hashicorp/aws\"]",
      "instances": [
        {
          "schema_version": 0,
          "attributes": {
            "arn": "arn:aws:glue:us-east-1:602963248309:database/traffic_collision_minilake_analytics_d0012_glue_data_ca_6d7ec0a",
            "catalog_id": "602963248309",
            "create_table_default_permission": [
              {
                "permissions": [
                  "ALL"
                ],
                "principal": [
                  {
                    "data_lake_principal_identifier": "IAM_ALLOWED_PRINCIPALS"
                  }
                ]
              }
            ],
            "description": "Glue Data Catalog database",
            "federated_database": [],
            "id": "602963248309:traffic_collision_minilake_analytics_d0012_glue_data_ca_6d7ec0a",
            "location_uri": "",
            "name": "traffic_collision_minilake_analytics_d0012_glue_data_ca_6d7ec0a",
            "parameters": null,
            "tags": null,
            "tags_all": {},
            "target_database": []
          },
          "sensitive_attributes": [],
          "private": "bnVsbA=="
        }
      ]
    },
    {
      "mode": "managed",
      "type": "aws_glue_catalog_table",
      "name": "traffic_collision_minilake_analytics_d0012_glue_data_catalog_minilake_database_case_table",
      "provider": "provider[\"registry.terraform.io/hashicorp/aws\"]",
      "instances": [
        {
          "schema_version": 0,
          "attributes": {
            "arn": "arn:aws:glue:us-east-1:602963248309:table/traffic_collision_minilake_analytics_d0012_glue_data_ca_6d7ec0a/case",
            "catalog_id": "602963248309",
            "database_name": "traffic_collision_minilake_analytics_d0012_glue_data_ca_6d7ec0a",
            "description": "",
            "id": "602963248309:traffic_collision_minilake_analytics_d0012_glue_data_ca_6d7ec0a:case",
            "name": "case",
            "open_table_format_input": [],
            "owner": "",
            "parameters": {
              "EXTERNAL": "TRUE"
            },
            "partition_index": null,
            "partition_keys": [],
            "retention": 0,
            "storage_descriptor": [
              {
                "additional_locations": null,
                "bucket_columns": null,
                "columns": [
                  {
                    "comment": "",
                    "name": "case_id",
                    "parameters": null,
                    "type": "string"
                  },
                  {
                    "comment": "",
                    "name": "collision_id",
                    "parameters": null,
                    "type": "string"
                  },
                  {
                    "comment": "",
                    "name": "case_status",
                    "parameters": null,
                    "type": "string"
                  },
                  {
                    "comment": "",
                    "name": "filed_date",
                    "parameters": null,
                    "type": "date"
                  }
                ],
                "compressed": false,
                "input_format": "org.apache.hadoop.mapred.TextInputFormat",
                "location": "s3://traffic-collision-minilake-analytics-d0012-s3-minilake-3/case/",
                "number_of_buckets": 0,
                "output_format": "org.apache.hadoop.hive.ql.io.HiveIgnoreKeyTextOutputFormat",
                "parameters": null,
                "schema_reference": [],
                "ser_de_info": [
                  {
                    "name": "",
                    "parameters": null,
                    "serialization_library": "org.apache.hadoop.hive.serde2.lazy.LazySimpleSerDe"
                  }
                ],
                "skewed_info": [],
                "sort_columns": [],
                "stored_as_sub_directories": false
              }
            ],
            "table_type": "EXTERNAL_TABLE",
            "target_table": [],
            "view_expanded_text": "",
            "view_original_text": ""
          },
          "sensitive_attributes": [],
          "private": "bnVsbA==",
          "dependencies": [
            "aws_glue_catalog_database.traffic_collision_minilake_analytics_d0012_glue_data_catalog_minilake_database",
            "aws_s3_bucket.traffic_collision_minilake_analytics_d0012_s3_minilake_3"
          ]
        }
      ]
    },
    {
      "mode": "managed",
      "type": "aws_glue_catalog_table",
      "name": "traffic_collision_minilake_analytics_d0012_glue_data_catalog_minilake_database_collision_table",
      "provider": "provider[\"registry.terraform.io/hashicorp/aws\"]",
      "instances": [
        {
          "schema_version": 0,
          "attributes": {
            "arn": "arn:aws:glue:us-east-1:602963248309:table/traffic_collision_minilake_analytics_d0012_glue_data_ca_6d7ec0a/collision",
            "catalog_id": "602963248309",
            "database_name": "traffic_collision_minilake_analytics_d0012_glue_data_ca_6d7ec0a",
            "description": "",
            "id": "602963248309:traffic_collision_minilake_analytics_d0012_glue_data_ca_6d7ec0a:collision",
            "name": "collision",
            "open_table_format_input": [],
            "owner": "",
            "parameters": {
              "EXTERNAL": "TRUE"
            },
            "partition_index": null,
            "partition_keys": [],
            "retention": 0,
            "storage_descriptor": [
              {
                "additional_locations": null,
                "bucket_columns": null,
                "columns": [
                  {
                    "comment": "",
                    "name": "collision_id",
                    "parameters": null,
                    "type": "string"
                  },
                  {
                    "comment": "",
                    "name": "timestamp",
                    "parameters": null,
                    "type": "timestamp"
                  },
                  {
                    "comment": "",
                    "name": "location",
                    "parameters": null,
                    "type": "string"
                  },
                  {
                    "comment": "",
                    "name": "severity",
                    "parameters": null,
                    "type": "string"
                  }
                ],
                "compressed": false,
                "input_format": "org.apache.hadoop.mapred.TextInputFormat",
                "location": "s3://traffic-collision-minilake-analytics-d0012-s3-minilake-3/collision/",
                "number_of_buckets": 0,
                "output_format": "org.apache.hadoop.hive.ql.io.HiveIgnoreKeyTextOutputFormat",
                "parameters": null,
                "schema_reference": [],
                "ser_de_info": [
                  {
                    "name": "",
                    "parameters": null,
                    "serialization_library": "org.apache.hadoop.hive.serde2.lazy.LazySimpleSerDe"
                  }
                ],
                "skewed_info": [],
                "sort_columns": [],
                "stored_as_sub_directories": false
              }
            ],
            "table_type": "EXTERNAL_TABLE",
            "target_table": [],
            "view_expanded_text": "",
            "view_original_text": ""
          },
          "sensitive_attributes": [],
          "private": "bnVsbA==",
          "dependencies": [
            "aws_glue_catalog_database.traffic_collision_minilake_analytics_d0012_glue_data_catalog_minilake_database",
            "aws_s3_bucket.traffic_collision_minilake_analytics_d0012_s3_minilake_3"
          ]
        }
      ]
    },
    {
      "mode": "managed",
      "type": "aws_glue_catalog_table",
      "name": "traffic_collision_minilake_analytics_d0012_glue_data_catalog_minilake_database_party_table",
      "provider": "provider[\"registry.terraform.io/hashicorp/aws\"]",
      "instances": [
        {
          "schema_version": 0,
          "attributes": {
            "arn": "arn:aws:glue:us-east-1:602963248309:table/traffic_collision_minilake_analytics_d0012_glue_data_ca_6d7ec0a/party",
            "catalog_id": "602963248309",
            "database_name": "traffic_collision_minilake_analytics_d0012_glue_data_ca_6d7ec0a",
            "description": "",
            "id": "602963248309:traffic_collision_minilake_analytics_d0012_glue_data_ca_6d7ec0a:party",
            "name": "party",
            "open_table_format_input": [],
            "owner": "",
            "parameters": {
              "EXTERNAL": "TRUE"
            },
            "partition_index": null,
            "partition_keys": [],
            "retention": 0,
            "storage_descriptor": [
              {
                "additional_locations": null,
                "bucket_columns": null,
                "columns": [
                  {
                    "comment": "",
                    "name": "party_id",
                    "parameters": null,
                    "type": "string"
                  },
                  {
                    "comment": "",
                    "name": "collision_id",
                    "parameters": null,
                    "type": "string"
                  },
                  {
                    "comment": "",
                    "name": "party_type",
                    "parameters": null,
                    "type": "string"
                  },
                  {
                    "comment": "",
                    "name": "name",
                    "parameters": null,
                    "type": "string"
                  }
                ],
                "compressed": false,
                "input_format": "org.apache.hadoop.mapred.TextInputFormat",
                "location": "s3://traffic-collision-minilake-analytics-d0012-s3-minilake-3/party/",
                "number_of_buckets": 0,
                "output_format": "org.apache.hadoop.hive.ql.io.HiveIgnoreKeyTextOutputFormat",
                "parameters": null,
                "schema_reference": [],
                "ser_de_info": [
                  {
                    "name": "",
                    "parameters": null,
                    "serialization_library": "org.apache.hadoop.hive.serde2.lazy.LazySimpleSerDe"
                  }
                ],
                "skewed_info": [],
                "sort_columns": [],
                "stored_as_sub_directories": false
              }
            ],
            "table_type": "EXTERNAL_TABLE",
            "target_table": [],
            "view_expanded_text": "",
            "view_original_text": ""
          },
          "sensitive_attributes": [],
          "private": "bnVsbA==",
          "dependencies": [
            "aws_glue_catalog_database.traffic_collision_minilake_analytics_d0012_glue_data_catalog_minilake_database",
            "aws_s3_bucket.traffic_collision_minilake_analytics_d0012_s3_minilake_3"
          ]
        }
      ]
    },
    {
      "mode": "managed",
      "type": "aws_glue_catalog_table",
      "name": "traffic_collision_minilake_analytics_d0012_glue_data_catalog_minilake_database_victim_table",
      "provider": "provider[\"registry.terraform.io/hashicorp/aws\"]",
      "instances": [
        {
          "schema_version": 0,
          "attributes": {
            "arn": "arn:aws:glue:us-east-1:602963248309:table/traffic_collision_minilake_analytics_d0012_glue_data_ca_6d7ec0a/victim",
            "catalog_id": "602963248309",
            "database_name": "traffic_collision_minilake_analytics_d0012_glue_data_ca_6d7ec0a",
            "description": "",
            "id": "602963248309:traffic_collision_minilake_analytics_d0012_glue_data_ca_6d7ec0a:victim",
            "name": "victim",
            "open_table_format_input": [],
            "owner": "",
            "parameters": {
              "EXTERNAL": "TRUE"
            },
            "partition_index": null,
            "partition_keys": [],
            "retention": 0,
            "storage_descriptor": [
              {
                "additional_locations": null,
                "bucket_columns": null,
                "columns": [
                  {
                    "comment": "",
                    "name": "victim_id",
                    "parameters": null,
                    "type": "string"
                  },
                  {
                    "comment": "",
                    "name": "collision_id",
                    "parameters": null,
                    "type": "string"
                  },
                  {
                    "comment": "",
                    "name": "injury_severity",
                    "parameters": null,
                    "type": "string"
                  },
                  {
                    "comment": "",
                    "name": "age",
                    "parameters": null,
                    "type": "int"
                  }
                ],
                "compressed": false,
                "input_format": "org.apache.hadoop.mapred.TextInputFormat",
                "location": "s3://traffic-collision-minilake-analytics-d0012-s3-minilake-3/victim/",
                "number_of_buckets": 0,
                "output_format": "org.apache.hadoop.hive.ql.io.HiveIgnoreKeyTextOutputFormat",
                "parameters": null,
                "schema_reference": [],
                "ser_de_info": [
                  {
                    "name": "",
                    "parameters": null,
                    "serialization_library": "org.apache.hadoop.hive.serde2.lazy.LazySimpleSerDe"
                  }
                ],
                "skewed_info": [],
                "sort_columns": [],
                "stored_as_sub_directories": false
              }
            ],
            "table_type": "EXTERNAL_TABLE",
            "target_table": [],
            "view_expanded_text": "",
            "view_original_text": ""
          },
          "sensitive_attributes": [],
          "private": "bnVsbA==",
          "dependencies": [
            "aws_glue_catalog_database.traffic_collision_minilake_analytics_d0012_glue_data_catalog_minilake_database",
            "aws_s3_bucket.traffic_collision_minilake_analytics_d0012_s3_minilake_3"
          ]
        }
      ]
    },
    {
      "mode": "managed",
      "type": "aws_iam_role",
      "name": "traffic_collision_minilake_analytics_d0012_lambda_case_processor_4_role",
      "provider": "provider[\"registry.terraform.io/hashicorp/aws\"]",
      "instances": [
        {
          "schema_version": 0,
          "attributes": {
            "arn": "arn:aws:iam::602963248309:role/traffic-collision-minilake-analytics-d0012-lambda-c-e6a9e43-role",
            "assume_role_policy": "{\"Statement\":[{\"Action\":\"sts:AssumeRole\",\"Effect\":\"Allow\",\"Principal\":{\"Service\":\"lambda.amazonaws.com\"}}],\"Version\":\"2012-10-17\"}",
            "create_date": "2026-04-30T06:35:53Z",
            "description": "",
            "force_detach_policies": false,
            "id": "traffic-collision-minilake-analytics-d0012-lambda-c-e6a9e43-role",
            "inline_policy": [],
            "managed_policy_arns": [],
            "max_session_duration": 3600,
            "name": "traffic-collision-minilake-analytics-d0012-lambda-c-e6a9e43-role",
            "name_prefix": "",
            "path": "/",
            "permissions_boundary": "",
            "tags": {
              "BusinessUnit": "ANALYTICS",
              "CostCenter": "D0012",
              "ManagedBy": "aws-pipeline-engine",
              "Pipeline": "traffic_collision_minilake"
            },
            "tags_all": {
              "BusinessUnit": "ANALYTICS",
              "CostCenter": "D0012",
              "ManagedBy": "aws-pipeline-engine",
              "Pipeline": "traffic_collision_minilake"
            },
            "unique_id": "AROAYYY3JAS2W56O7GQTS"
          },
          "sensitive_attributes": [],
          "private": "bnVsbA=="
        }
      ]
    },
    {
      "mode": "managed",
      "type": "aws_iam_role",
      "name": "traffic_collision_minilake_analytics_d0012_lambda_collision_processor_1_role",
      "provider": "provider[\"registry.terraform.io/hashicorp/aws\"]",
      "instances": [
        {
          "schema_version": 0,
          "attributes": {
            "arn": "arn:aws:iam::602963248309:role/traffic-collision-minilake-analytics-d0012-lambda-c-b070a38-role",
            "assume_role_policy": "{\"Statement\":[{\"Action\":\"sts:AssumeRole\",\"Effect\":\"Allow\",\"Principal\":{\"Service\":\"lambda.amazonaws.com\"}}],\"Version\":\"2012-10-17\"}",
            "create_date": "2026-04-30T06:35:52Z",
            "description": "",
            "force_detach_policies": false,
            "id": "traffic-collision-minilake-analytics-d0012-lambda-c-b070a38-role",
            "inline_policy": [],
            "managed_policy_arns": [],
            "max_session_duration": 3600,
            "name": "traffic-collision-minilake-analytics-d0012-lambda-c-b070a38-role",
            "name_prefix": "",
            "path": "/",
            "permissions_boundary": "",
            "tags": {
              "BusinessUnit": "ANALYTICS",
              "CostCenter": "D0012",
              "ManagedBy": "aws-pipeline-engine",
              "Pipeline": "traffic_collision_minilake"
            },
            "tags_all": {
              "BusinessUnit": "ANALYTICS",
              "CostCenter": "D0012",
              "ManagedBy": "aws-pipeline-engine",
              "Pipeline": "traffic_collision_minilake"
            },
            "unique_id": "AROAYYY3JAS2VBSFEPGSL"
          },
          "sensitive_attributes": [],
          "private": "bnVsbA=="
        }
      ]
    },
    {
      "mode": "managed",
      "type": "aws_iam_role",
      "name": "traffic_collision_minilake_analytics_d0012_lambda_party_processor_2_role",
      "provider": "provider[\"registry.terraform.io/hashicorp/aws\"]",
      "instances": [
        {
          "schema_version": 0,
          "attributes": {
            "arn": "arn:aws:iam::602963248309:role/traffic-collision-minilake-analytics-d0012-lambda-p-510389f-role",
            "assume_role_policy": "{\"Statement\":[{\"Action\":\"sts:AssumeRole\",\"Effect\":\"Allow\",\"Principal\":{\"Service\":\"lambda.amazonaws.com\"}}],\"Version\":\"2012-10-17\"}",
            "create_date": "2026-04-30T06:35:52Z",
            "description": "",
            "force_detach_policies": false,
            "id": "traffic-collision-minilake-analytics-d0012-lambda-p-510389f-role",
            "inline_policy": [],
            "managed_policy_arns": [],
            "max_session_duration": 3600,
            "name": "traffic-collision-minilake-analytics-d0012-lambda-p-510389f-role",
            "name_prefix": "",
            "path": "/",
            "permissions_boundary": "",
            "tags": {
              "BusinessUnit": "ANALYTICS",
              "CostCenter": "D0012",
              "ManagedBy": "aws-pipeline-engine",
              "Pipeline": "traffic_collision_minilake"
            },
            "tags_all": {
              "BusinessUnit": "ANALYTICS",
              "CostCenter": "D0012",
              "ManagedBy": "aws-pipeline-engine",
              "Pipeline": "traffic_collision_minilake"
            },
            "unique_id": "AROAYYY3JAS2SCZSJJ2YL"
          },
          "sensitive_attributes": [],
          "private": "bnVsbA=="
        }
      ]
    },
    {
      "mode": "managed",
      "type": "aws_iam_role",
      "name": "traffic_collision_minilake_analytics_d0012_lambda_refine_data_5_role",
      "provider": "provider[\"registry.terraform.io/hashicorp/aws\"]",
      "instances": [
        {
          "schema_version": 0,
          "attributes": {
            "arn": "arn:aws:iam::602963248309:role/traffic-collision-minilake-analytics-d0012-lambda-r-76f08fd-role",
            "assume_role_policy": "{\"Statement\":[{\"Action\":\"sts:AssumeRole\",\"Effect\":\"Allow\",\"Principal\":{\"Service\":\"lambda.amazonaws.com\"}}],\"Version\":\"2012-10-17\"}",
            "create_date": "2026-04-30T06:35:51Z",
            "description": "",
            "force_detach_policies": false,
            "id": "traffic-collision-minilake-analytics-d0012-lambda-r-76f08fd-role",
            "inline_policy": [],
            "managed_policy_arns": [],
            "max_session_duration": 3600,
            "name": "traffic-collision-minilake-analytics-d0012-lambda-r-76f08fd-role",
            "name_prefix": "",
            "path": "/",
            "permissions_boundary": "",
            "tags": {
              "BusinessUnit": "ANALYTICS",
              "CostCenter": "D0012",
              "ManagedBy": "aws-pipeline-engine",
              "Pipeline": "traffic_collision_minilake"
            },
            "tags_all": {
              "BusinessUnit": "ANALYTICS",
              "CostCenter": "D0012",
              "ManagedBy": "aws-pipeline-engine",
              "Pipeline": "traffic_collision_minilake"
            },
            "unique_id": "AROAYYY3JAS246LEOYT5Y"
          },
          "sensitive_attributes": [],
          "private": "bnVsbA=="
        }
      ]
    },
    {
      "mode": "managed",
      "type": "aws_iam_role",
      "name": "traffic_collision_minilake_analytics_d0012_lambda_victim_processor_3_role",
      "provider": "provider[\"registry.terraform.io/hashicorp/aws\"]",
      "instances": [
        {
          "schema_version": 0,
          "attributes": {
            "arn": "arn:aws:iam::602963248309:role/traffic-collision-minilake-analytics-d0012-lambda-v-e2a2c99-role",
            "assume_role_policy": "{\"Statement\":[{\"Action\":\"sts:AssumeRole\",\"Effect\":\"Allow\",\"Principal\":{\"Service\":\"lambda.amazonaws.com\"}}],\"Version\":\"2012-10-17\"}",
            "create_date": "2026-04-30T06:35:52Z",
            "description": "",
            "force_detach_policies": false,
            "id": "traffic-collision-minilake-analytics-d0012-lambda-v-e2a2c99-role",
            "inline_policy": [],
            "managed_policy_arns": [],
            "max_session_duration": 3600,
            "name": "traffic-collision-minilake-analytics-d0012-lambda-v-e2a2c99-role",
            "name_prefix": "",
            "path": "/",
            "permissions_boundary": "",
            "tags": {
              "BusinessUnit": "ANALYTICS",
              "CostCenter": "D0012",
              "ManagedBy": "aws-pipeline-engine",
              "Pipeline": "traffic_collision_minilake"
            },
            "tags_all": {
              "BusinessUnit": "ANALYTICS",
              "CostCenter": "D0012",
              "ManagedBy": "aws-pipeline-engine",
              "Pipeline": "traffic_collision_minilake"
            },
            "unique_id": "AROAYYY3JAS264Q5275J3"
          },
          "sensitive_attributes": [],
          "private": "bnVsbA=="
        }
      ]
    },
    {
      "mode": "managed",
      "type": "aws_iam_role_policy",
      "name": "traffic_collision_minilake_analytics_d0012_lambda_case_processor_4_policy",
      "provider": "provider[\"registry.terraform.io/hashicorp/aws\"]",
      "instances": [
        {
          "schema_version": 0,
          "attributes": {
            "id": "traffic-collision-minilake-analytics-d0012-lambda-c-e6a9e43-role:traffic-collision-minilake-analytics-d0012-lambda-e6a9e43-policy",
            "name": "traffic-collision-minilake-analytics-d0012-lambda-e6a9e43-policy",
            "name_prefix": "",
            "policy": "{\"Version\":\"2012-10-17\",\"Statement\":[{\"Action\":[\"logs:CreateLogGroup\",\"logs:CreateLogStream\",\"logs:PutLogEvents\",\"s3:GetObject\",\"s3:ListBucket\",\"s3:PutObject\",\"s3:DeleteObject\"],\"Effect\":\"Allow\",\"Resource\":\"*\"}]}",
            "role": "traffic-collision-minilake-analytics-d0012-lambda-c-e6a9e43-role"
          },
          "sensitive_attributes": [],
          "private": "bnVsbA==",
          "dependencies": [
            "aws_iam_role.traffic_collision_minilake_analytics_d0012_lambda_case_processor_4_role"
          ]
        }
      ]
    },
    {
      "mode": "managed",
      "type": "aws_iam_role_policy",
      "name": "traffic_collision_minilake_analytics_d0012_lambda_collision_processor_1_policy",
      "provider": "provider[\"registry.terraform.io/hashicorp/aws\"]",
      "instances": [
        {
          "schema_version": 0,
          "attributes": {
            "id": "traffic-collision-minilake-analytics-d0012-lambda-c-b070a38-role:traffic-collision-minilake-analytics-d0012-lambda-b070a38-policy",
            "name": "traffic-collision-minilake-analytics-d0012-lambda-b070a38-policy",
            "name_prefix": "",
            "policy": "{\"Version\":\"2012-10-17\",\"Statement\":[{\"Action\":[\"logs:CreateLogGroup\",\"logs:CreateLogStream\",\"logs:PutLogEvents\",\"s3:GetObject\",\"s3:ListBucket\",\"s3:PutObject\",\"s3:DeleteObject\"],\"Effect\":\"Allow\",\"Resource\":\"*\"}]}",
            "role": "traffic-collision-minilake-analytics-d0012-lambda-c-b070a38-role"
          },
          "sensitive_attributes": [],
          "private": "bnVsbA==",
          "dependencies": [
            "aws_iam_role.traffic_collision_minilake_analytics_d0012_lambda_collision_processor_1_role"
          ]
        }
      ]
    },
    {
      "mode": "managed",
      "type": "aws_iam_role_policy",
      "name": "traffic_collision_minilake_analytics_d0012_lambda_party_processor_2_policy",
      "provider": "provider[\"registry.terraform.io/hashicorp/aws\"]",
      "instances": [
        {
          "schema_version": 0,
          "attributes": {
            "id": "traffic-collision-minilake-analytics-d0012-lambda-p-510389f-role:traffic-collision-minilake-analytics-d0012-lambda-510389f-policy",
            "name": "traffic-collision-minilake-analytics-d0012-lambda-510389f-policy",
            "name_prefix": "",
            "policy": "{\"Version\":\"2012-10-17\",\"Statement\":[{\"Action\":[\"logs:CreateLogGroup\",\"logs:CreateLogStream\",\"logs:PutLogEvents\",\"s3:GetObject\",\"s3:ListBucket\",\"s3:PutObject\",\"s3:DeleteObject\"],\"Effect\":\"Allow\",\"Resource\":\"*\"}]}",
            "role": "traffic-collision-minilake-analytics-d0012-lambda-p-510389f-role"
          },
          "sensitive_attributes": [],
          "private": "bnVsbA==",
          "dependencies": [
            "aws_iam_role.traffic_collision_minilake_analytics_d0012_lambda_party_processor_2_role"
          ]
        }
      ]
    },
    {
      "mode": "managed",
      "type": "aws_iam_role_policy",
      "name": "traffic_collision_minilake_analytics_d0012_lambda_refine_data_5_policy",
      "provider": "provider[\"registry.terraform.io/hashicorp/aws\"]",
      "instances": [
        {
          "schema_version": 0,
          "attributes": {
            "id": "traffic-collision-minilake-analytics-d0012-lambda-r-76f08fd-role:traffic-collision-minilake-analytics-d0012-lambda-76f08fd-policy",
            "name": "traffic-collision-minilake-analytics-d0012-lambda-76f08fd-policy",
            "name_prefix": "",
            "policy": "{\"Version\":\"2012-10-17\",\"Statement\":[{\"Action\":[\"logs:CreateLogGroup\",\"logs:CreateLogStream\",\"logs:PutLogEvents\",\"s3:GetObject\",\"s3:ListBucket\",\"s3:PutObject\",\"s3:DeleteObject\"],\"Effect\":\"Allow\",\"Resource\":\"*\"}]}",
            "role": "traffic-collision-minilake-analytics-d0012-lambda-r-76f08fd-role"
          },
          "sensitive_attributes": [],
          "private": "bnVsbA==",
          "dependencies": [
            "aws_iam_role.traffic_collision_minilake_analytics_d0012_lambda_refine_data_5_role"
          ]
        }
      ]
    },
    {
      "mode": "managed",
      "type": "aws_iam_role_policy",
      "name": "traffic_collision_minilake_analytics_d0012_lambda_victim_processor_3_policy",
      "provider": "provider[\"registry.terraform.io/hashicorp/aws\"]",
      "instances": [
        {
          "schema_version": 0,
          "attributes": {
            "id": "traffic-collision-minilake-analytics-d0012-lambda-v-e2a2c99-role:traffic-collision-minilake-analytics-d0012-lambda-e2a2c99-policy",
            "name": "traffic-collision-minilake-analytics-d0012-lambda-e2a2c99-policy",
            "name_prefix": "",
            "policy": "{\"Version\":\"2012-10-17\",\"Statement\":[{\"Action\":[\"logs:CreateLogGroup\",\"logs:CreateLogStream\",\"logs:PutLogEvents\",\"s3:GetObject\",\"s3:ListBucket\",\"s3:PutObject\",\"s3:DeleteObject\"],\"Effect\":\"Allow\",\"Resource\":\"*\"}]}",
            "role": "traffic-collision-minilake-analytics-d0012-lambda-v-e2a2c99-role"
          },
          "sensitive_attributes": [],
          "private": "bnVsbA==",
          "dependencies": [
            "aws_iam_role.traffic_collision_minilake_analytics_d0012_lambda_victim_processor_3_role"
          ]
        }
      ]
    },
    {
      "mode": "managed",
      "type": "aws_lambda_function",
      "name": "traffic_collision_minilake_analytics_d0012_lambda_case_processor_4",
      "provider": "provider[\"registry.terraform.io/hashicorp/aws\"]",
      "instances": [
        {
          "schema_version": 0,
          "attributes": {
            "architectures": [
              "x86_64"
            ],
            "arn": "arn:aws:lambda:us-east-1:602963248309:function:traffic-collision-minilake-analytics-d0012-lambda-case-p-ee8edaf",
            "code_sha256": "HdxIi31g7JgrefCFSqmgLi0yJ+BR/BV7sd+29EBDfRs=",
            "code_signing_config_arn": "",
            "dead_letter_config": [],
            "description": "",
            "environment": [
              {
                "variables": {
                  "STAGING_BUCKET_BUCKET": "traffic-collision-minilake-analytics-d0012-s3-staging-bucket-2"
                }
              }
            ],
            "ephemeral_storage": [
              {
                "size": 512
              }
            ],
            "file_system_config": [],
            "filename": "./traffic_collision_minilake_analytics_d0012_lambda_case_processor_4_placeholder.zip",
            "function_name": "traffic-collision-minilake-analytics-d0012-lambda-case-p-ee8edaf",
            "handler": "index.handler",
            "id": "traffic-collision-minilake-analytics-d0012-lambda-case-p-ee8edaf",
            "image_config": [],
            "image_uri": "",
            "invoke_arn": "arn:aws:apigateway:us-east-1:lambda:path/2015-03-31/functions/arn:aws:lambda:us-east-1:602963248309:function:traffic-collision-minilake-analytics-d0012-lambda-case-p-ee8edaf/invocations",
            "kms_key_arn": "",
            "last_modified": "2026-04-30T06:36:21.584+0000",
            "layers": null,
            "logging_config": [
              {
                "application_log_level": "",
                "log_format": "Text",
                "log_group": "/aws/lambda/traffic-collision-minilake-analytics-d0012-lambda-case-p-ee8edaf",
                "system_log_level": ""
              }
            ],
            "memory_size": 512,
            "package_type": "Zip",
            "publish": false,
            "qualified_arn": "arn:aws:lambda:us-east-1:602963248309:function:traffic-collision-minilake-analytics-d0012-lambda-case-p-ee8edaf:$LATEST",
            "qualified_invoke_arn": "arn:aws:apigateway:us-east-1:lambda:path/2015-03-31/functions/arn:aws:lambda:us-east-1:602963248309:function:traffic-collision-minilake-analytics-d0012-lambda-case-p-ee8edaf:$LATEST/invocations",
            "replace_security_groups_on_destroy": null,
            "replacement_security_group_ids": null,
            "reserved_concurrent_executions": -1,
            "role": "arn:aws:iam::602963248309:role/traffic-collision-minilake-analytics-d0012-lambda-c-e6a9e43-role",
            "runtime": "python3.12",
            "s3_bucket": null,
            "s3_key": null,
            "s3_object_version": null,
            "signing_job_arn": "",
            "signing_profile_version_arn": "",
            "skip_destroy": false,
            "snap_start": [],
            "source_code_hash": "HdxIi31g7JgrefCFSqmgLi0yJ+BR/BV7sd+29EBDfRs=",
            "source_code_size": 522,
            "tags": {
              "BusinessUnit": "ANALYTICS",
              "CostCenter": "D0012",
              "ManagedBy": "aws-pipeline-engine",
              "Pipeline": "traffic_collision_minilake"
            },
            "tags_all": {
              "BusinessUnit": "ANALYTICS",
              "CostCenter": "D0012",
              "ManagedBy": "aws-pipeline-engine",
              "Pipeline": "traffic_collision_minilake"
            },
            "timeout": 60,
            "timeouts": null,
            "tracing_config": [
              {
                "mode": "PassThrough"
              }
            ],
            "version": "$LATEST",
            "vpc_config": []
          },
          "sensitive_attributes": [],
          "private": "eyJlMmJmYjczMC1lY2FhLTExZTYtOGY4OC0zNDM2M2JjN2M0YzAiOnsiY3JlYXRlIjo2MDAwMDAwMDAwMDAsImRlbGV0ZSI6NjAwMDAwMDAwMDAwLCJ1cGRhdGUiOjYwMDAwMDAwMDAwMH19",
          "dependencies": [
            "aws_cloudwatch_log_group.traffic_collision_minilake_analytics_d0012_lambda_case_processor_4_lg",
            "aws_iam_role.traffic_collision_minilake_analytics_d0012_lambda_case_processor_4_role",
            "aws_s3_bucket.traffic_collision_minilake_analytics_d0012_s3_staging_bucket_2",
            "data.archive_file.traffic_collision_minilake_analytics_d0012_lambda_case_processor_4_placeholder"
          ]
        }
      ]
    },
    {
      "mode": "managed",
      "type": "aws_lambda_function",
      "name": "traffic_collision_minilake_analytics_d0012_lambda_collision_processor_1",
      "provider": "provider[\"registry.terraform.io/hashicorp/aws\"]",
      "instances": [
        {
          "schema_version": 0,
          "attributes": {
            "architectures": [
              "x86_64"
            ],
            "arn": "arn:aws:lambda:us-east-1:602963248309:function:traffic-collision-minilake-analytics-d0012-lambda-collis-095b615",
            "code_sha256": "ufZgCmwOYCS1bC1zoj15EYYku8Jx6sXqaIXjjr1RUNI=",
            "code_signing_config_arn": "",
            "dead_letter_config": [],
            "description": "",
            "environment": [
              {
                "variables": {
                  "STAGING_BUCKET_BUCKET": "traffic-collision-minilake-analytics-d0012-s3-staging-bucket-2"
                }
              }
            ],
            "ephemeral_storage": [
              {
                "size": 512
              }
            ],
            "file_system_config": [],
            "filename": "./traffic_collision_minilake_analytics_d0012_lambda_collision_processor_1_placeholder.zip",
            "function_name": "traffic-collision-minilake-analytics-d0012-lambda-collis-095b615",
            "handler": "index.handler",
            "id": "traffic-collision-minilake-analytics-d0012-lambda-collis-095b615",
            "image_config": [],
            "image_uri": "",
            "invoke_arn": "arn:aws:apigateway:us-east-1:lambda:path/2015-03-31/functions/arn:aws:lambda:us-east-1:602963248309:function:traffic-collision-minilake-analytics-d0012-lambda-collis-095b615/invocations",
            "kms_key_arn": "",
            "last_modified": "2026-04-30T06:36:13.835+0000",
            "layers": null,
            "logging_config": [
              {
                "application_log_level": "",
                "log_format": "Text",
                "log_group": "/aws/lambda/traffic-collision-minilake-analytics-d0012-lambda-collis-095b615",
                "system_log_level": ""
              }
            ],
            "memory_size": 512,
            "package_type": "Zip",
            "publish": false,
            "qualified_arn": "arn:aws:lambda:us-east-1:602963248309:function:traffic-collision-minilake-analytics-d0012-lambda-collis-095b615:$LATEST",
            "qualified_invoke_arn": "arn:aws:apigateway:us-east-1:lambda:path/2015-03-31/functions/arn:aws:lambda:us-east-1:602963248309:function:traffic-collision-minilake-analytics-d0012-lambda-collis-095b615:$LATEST/invocations",
            "replace_security_groups_on_destroy": null,
            "replacement_security_group_ids": null,
            "reserved_concurrent_executions": -1,
            "role": "arn:aws:iam::602963248309:role/traffic-collision-minilake-analytics-d0012-lambda-c-b070a38-role",
            "runtime": "python3.12",
            "s3_bucket": null,
            "s3_key": null,
            "s3_object_version": null,
            "signing_job_arn": "",
            "signing_profile_version_arn": "",
            "skip_destroy": false,
            "snap_start": [],
            "source_code_hash": "ufZgCmwOYCS1bC1zoj15EYYku8Jx6sXqaIXjjr1RUNI=",
            "source_code_size": 526,
            "tags": {
              "BusinessUnit": "ANALYTICS",
              "CostCenter": "D0012",
              "ManagedBy": "aws-pipeline-engine",
              "Pipeline": "traffic_collision_minilake"
            },
            "tags_all": {
              "BusinessUnit": "ANALYTICS",
              "CostCenter": "D0012",
              "ManagedBy": "aws-pipeline-engine",
              "Pipeline": "traffic_collision_minilake"
            },
            "timeout": 60,
            "timeouts": null,
            "tracing_config": [
              {
                "mode": "PassThrough"
              }
            ],
            "version": "$LATEST",
            "vpc_config": []
          },
          "sensitive_attributes": [],
          "private": "eyJlMmJmYjczMC1lY2FhLTExZTYtOGY4OC0zNDM2M2JjN2M0YzAiOnsiY3JlYXRlIjo2MDAwMDAwMDAwMDAsImRlbGV0ZSI6NjAwMDAwMDAwMDAwLCJ1cGRhdGUiOjYwMDAwMDAwMDAwMH19",
          "dependencies": [
            "aws_cloudwatch_log_group.traffic_collision_minilake_analytics_d0012_lambda_collision_processor_1_lg",
            "aws_iam_role.traffic_collision_minilake_analytics_d0012_lambda_collision_processor_1_role",
            "aws_s3_bucket.traffic_collision_minilake_analytics_d0012_s3_staging_bucket_2",
            "data.archive_file.traffic_collision_minilake_analytics_d0012_lambda_collision_processor_1_placeholder"
          ]
        }
      ]
    },
    {
      "mode": "managed",
      "type": "aws_lambda_function",
      "name": "traffic_collision_minilake_analytics_d0012_lambda_party_processor_2",
      "provider": "provider[\"registry.terraform.io/hashicorp/aws\"]",
      "instances": [
        {
          "schema_version": 0,
          "attributes": {
            "architectures": [
              "x86_64"
            ],
            "arn": "arn:aws:lambda:us-east-1:602963248309:function:traffic-collision-minilake-analytics-d0012-lambda-party-f83095f",
            "code_sha256": "3u/BanD3nMcnGIMnlwQ209bAq8e0KL6RL3Lstoh+Sh4=",
            "code_signing_config_arn": "",
            "dead_letter_config": [],
            "description": "",
            "environment": [
              {
                "variables": {
                  "STAGING_BUCKET_BUCKET": "traffic-collision-minilake-analytics-d0012-s3-staging-bucket-2"
                }
              }
            ],
            "ephemeral_storage": [
              {
                "size": 512
              }
            ],
            "file_system_config": [],
            "filename": "./traffic_collision_minilake_analytics_d0012_lambda_party_processor_2_placeholder.zip",
            "function_name": "traffic-collision-minilake-analytics-d0012-lambda-party-f83095f",
            "handler": "index.handler",
            "id": "traffic-collision-minilake-analytics-d0012-lambda-party-f83095f",
            "image_config": [],
            "image_uri": "",
            "invoke_arn": "arn:aws:apigateway:us-east-1:lambda:path/2015-03-31/functions/arn:aws:lambda:us-east-1:602963248309:function:traffic-collision-minilake-analytics-d0012-lambda-party-f83095f/invocations",
            "kms_key_arn": "",
            "last_modified": "2026-04-30T06:36:29.478+0000",
            "layers": null,
            "logging_config": [
              {
                "application_log_level": "",
                "log_format": "Text",
                "log_group": "/aws/lambda/traffic-collision-minilake-analytics-d0012-lambda-party-f83095f",
                "system_log_level": ""
              }
            ],
            "memory_size": 512,
            "package_type": "Zip",
            "publish": false,
            "qualified_arn": "arn:aws:lambda:us-east-1:602963248309:function:traffic-collision-minilake-analytics-d0012-lambda-party-f83095f:$LATEST",
            "qualified_invoke_arn": "arn:aws:apigateway:us-east-1:lambda:path/2015-03-31/functions/arn:aws:lambda:us-east-1:602963248309:function:traffic-collision-minilake-analytics-d0012-lambda-party-f83095f:$LATEST/invocations",
            "replace_security_groups_on_destroy": null,
            "replacement_security_group_ids": null,
            "reserved_concurrent_executions": -1,
            "role": "arn:aws:iam::602963248309:role/traffic-collision-minilake-analytics-d0012-lambda-p-510389f-role",
            "runtime": "python3.12",
            "s3_bucket": null,
            "s3_key": null,
            "s3_object_version": null,
            "signing_job_arn": "",
            "signing_profile_version_arn": "",
            "skip_destroy": false,
            "snap_start": [],
            "source_code_hash": "3u/BanD3nMcnGIMnlwQ209bAq8e0KL6RL3Lstoh+Sh4=",
            "source_code_size": 524,
            "tags": {
              "BusinessUnit": "ANALYTICS",
              "CostCenter": "D0012",
              "ManagedBy": "aws-pipeline-engine",
              "Pipeline": "traffic_collision_minilake"
            },
            "tags_all": {
              "BusinessUnit": "ANALYTICS",
              "CostCenter": "D0012",
              "ManagedBy": "aws-pipeline-engine",
              "Pipeline": "traffic_collision_minilake"
            },
            "timeout": 60,
            "timeouts": null,
            "tracing_config": [
              {
                "mode": "PassThrough"
              }
            ],
            "version": "$LATEST",
            "vpc_config": []
          },
          "sensitive_attributes": [],
          "private": "eyJlMmJmYjczMC1lY2FhLTExZTYtOGY4OC0zNDM2M2JjN2M0YzAiOnsiY3JlYXRlIjo2MDAwMDAwMDAwMDAsImRlbGV0ZSI6NjAwMDAwMDAwMDAwLCJ1cGRhdGUiOjYwMDAwMDAwMDAwMH19",
          "dependencies": [
            "aws_cloudwatch_log_group.traffic_collision_minilake_analytics_d0012_lambda_party_processor_2_lg",
            "aws_iam_role.traffic_collision_minilake_analytics_d0012_lambda_party_processor_2_role",
            "aws_s3_bucket.traffic_collision_minilake_analytics_d0012_s3_staging_bucket_2",
            "data.archive_file.traffic_collision_minilake_analytics_d0012_lambda_party_processor_2_placeholder"
          ]
        }
      ]
    },
    {
      "mode": "managed",
      "type": "aws_lambda_function",
      "name": "traffic_collision_minilake_analytics_d0012_lambda_refine_data_5",
      "provider": "provider[\"registry.terraform.io/hashicorp/aws\"]",
      "instances": [
        {
          "schema_version": 0,
          "attributes": {
            "architectures": [
              "x86_64"
            ],
            "arn": "arn:aws:lambda:us-east-1:602963248309:function:traffic-collision-minilake-analytics-d0012-lambda-refine-data-5",
            "code_sha256": "ahhEKKHsfPZQvjWrFASQvwEED05hsdA14uq0re0is3k=",
            "code_signing_config_arn": "",
            "dead_letter_config": [],
            "description": "",
            "environment": [
              {
                "variables": {
                  "MINILAKE_BUCKET": "traffic-collision-minilake-analytics-d0012-s3-minilake-3"
                }
              }
            ],
            "ephemeral_storage": [
              {
                "size": 512
              }
            ],
            "file_system_config": [],
            "filename": "./traffic_collision_minilake_analytics_d0012_lambda_refine_data_5_placeholder.zip",
            "function_name": "traffic-collision-minilake-analytics-d0012-lambda-refine-data-5",
            "handler": "index.handler",
            "id": "traffic-collision-minilake-analytics-d0012-lambda-refine-data-5",
            "image_config": [],
            "image_uri": "",
            "invoke_arn": "arn:aws:apigateway:us-east-1:lambda:path/2015-03-31/functions/arn:aws:lambda:us-east-1:602963248309:function:traffic-collision-minilake-analytics-d0012-lambda-refine-data-5/invocations",
            "kms_key_arn": "",
            "last_modified": "2026-04-30T06:36:06.001+0000",
            "layers": null,
            "logging_config": [
              {
                "application_log_level": "",
                "log_format": "Text",
                "log_group": "/aws/lambda/traffic-collision-minilake-analytics-d0012-lambda-refine-data-5",
                "system_log_level": ""
              }
            ],
            "memory_size": 1024,
            "package_type": "Zip",
            "publish": false,
            "qualified_arn": "arn:aws:lambda:us-east-1:602963248309:function:traffic-collision-minilake-analytics-d0012-lambda-refine-data-5:$LATEST",
            "qualified_invoke_arn": "arn:aws:apigateway:us-east-1:lambda:path/2015-03-31/functions/arn:aws:lambda:us-east-1:602963248309:function:traffic-collision-minilake-analytics-d0012-lambda-refine-data-5:$LATEST/invocations",
            "replace_security_groups_on_destroy": null,
            "replacement_security_group_ids": null,
            "reserved_concurrent_executions": -1,
            "role": "arn:aws:iam::602963248309:role/traffic-collision-minilake-analytics-d0012-lambda-r-76f08fd-role",
            "runtime": "python3.12",
            "s3_bucket": null,
            "s3_key": null,
            "s3_object_version": null,
            "signing_job_arn": "",
            "signing_profile_version_arn": "",
            "skip_destroy": false,
            "snap_start": [],
            "source_code_hash": "ahhEKKHsfPZQvjWrFASQvwEED05hsdA14uq0re0is3k=",
            "source_code_size": 576,
            "tags": {
              "BusinessUnit": "ANALYTICS",
              "CostCenter": "D0012",
              "ManagedBy": "aws-pipeline-engine",
              "Pipeline": "traffic_collision_minilake"
            },
            "tags_all": {
              "BusinessUnit": "ANALYTICS",
              "CostCenter": "D0012",
              "ManagedBy": "aws-pipeline-engine",
              "Pipeline": "traffic_collision_minilake"
            },
            "timeout": 300,
            "timeouts": null,
            "tracing_config": [
              {
                "mode": "PassThrough"
              }
            ],
            "version": "$LATEST",
            "vpc_config": []
          },
          "sensitive_attributes": [],
          "private": "eyJlMmJmYjczMC1lY2FhLTExZTYtOGY4OC0zNDM2M2JjN2M0YzAiOnsiY3JlYXRlIjo2MDAwMDAwMDAwMDAsImRlbGV0ZSI6NjAwMDAwMDAwMDAwLCJ1cGRhdGUiOjYwMDAwMDAwMDAwMH19",
          "dependencies": [
            "aws_cloudwatch_log_group.traffic_collision_minilake_analytics_d0012_lambda_refine_data_5_lg",
            "aws_iam_role.traffic_collision_minilake_analytics_d0012_lambda_refine_data_5_role",
            "aws_s3_bucket.traffic_collision_minilake_analytics_d0012_s3_minilake_3",
            "data.archive_file.traffic_collision_minilake_analytics_d0012_lambda_refine_data_5_placeholder"
          ]
        }
      ]
    },
    {
      "mode": "managed",
      "type": "aws_lambda_function",
      "name": "traffic_collision_minilake_analytics_d0012_lambda_victim_processor_3",
      "provider": "provider[\"registry.terraform.io/hashicorp/aws\"]",
      "instances": [
        {
          "schema_version": 0,
          "attributes": {
            "architectures": [
              "x86_64"
            ],
            "arn": "arn:aws:lambda:us-east-1:602963248309:function:traffic-collision-minilake-analytics-d0012-lambda-victim-6cbc55c",
            "code_sha256": "7mbaaLqed9TlhHCe4JdfnCvmsY04+cm169IwlogjuAo=",
            "code_signing_config_arn": "",
            "dead_letter_config": [],
            "description": "",
            "environment": [
              {
                "variables": {
                  "STAGING_BUCKET_BUCKET": "traffic-collision-minilake-analytics-d0012-s3-staging-bucket-2"
                }
              }
            ],
            "ephemeral_storage": [
              {
                "size": 512
              }
            ],
            "file_system_config": [],
            "filename": "./traffic_collision_minilake_analytics_d0012_lambda_victim_processor_3_placeholder.zip",
            "function_name": "traffic-collision-minilake-analytics-d0012-lambda-victim-6cbc55c",
            "handler": "index.handler",
            "id": "traffic-collision-minilake-analytics-d0012-lambda-victim-6cbc55c",
            "image_config": [],
            "image_uri": "",
            "invoke_arn": "arn:aws:apigateway:us-east-1:lambda:path/2015-03-31/functions/arn:aws:lambda:us-east-1:602963248309:function:traffic-collision-minilake-analytics-d0012-lambda-victim-6cbc55c/invocations",
            "kms_key_arn": "",
            "last_modified": "2026-04-30T06:36:37.152+0000",
            "layers": null,
            "logging_config": [
              {
                "application_log_level": "",
                "log_format": "Text",
                "log_group": "/aws/lambda/traffic-collision-minilake-analytics-d0012-lambda-victim-6cbc55c",
                "system_log_level": ""
              }
            ],
            "memory_size": 512,
            "package_type": "Zip",
            "publish": false,
            "qualified_arn": "arn:aws:lambda:us-east-1:602963248309:function:traffic-collision-minilake-analytics-d0012-lambda-victim-6cbc55c:$LATEST",
            "qualified_invoke_arn": "arn:aws:apigateway:us-east-1:lambda:path/2015-03-31/functions/arn:aws:lambda:us-east-1:602963248309:function:traffic-collision-minilake-analytics-d0012-lambda-victim-6cbc55c:$LATEST/invocations",
            "replace_security_groups_on_destroy": null,
            "replacement_security_group_ids": null,
            "reserved_concurrent_executions": -1,
            "role": "arn:aws:iam::602963248309:role/traffic-collision-minilake-analytics-d0012-lambda-v-e2a2c99-role",
            "runtime": "python3.12",
            "s3_bucket": null,
            "s3_key": null,
            "s3_object_version": null,
            "signing_job_arn": "",
            "signing_profile_version_arn": "",
            "skip_destroy": false,
            "snap_start": [],
            "source_code_hash": "7mbaaLqed9TlhHCe4JdfnCvmsY04+cm169IwlogjuAo=",
            "source_code_size": 525,
            "tags": {
              "BusinessUnit": "ANALYTICS",
              "CostCenter": "D0012",
              "ManagedBy": "aws-pipeline-engine",
              "Pipeline": "traffic_collision_minilake"
            },
            "tags_all": {
              "BusinessUnit": "ANALYTICS",
              "CostCenter": "D0012",
              "ManagedBy": "aws-pipeline-engine",
              "Pipeline": "traffic_collision_minilake"
            },
            "timeout": 60,
            "timeouts": null,
            "tracing_config": [
              {
                "mode": "PassThrough"
              }
            ],
            "version": "$LATEST",
            "vpc_config": []
          },
          "sensitive_attributes": [],
          "private": "eyJlMmJmYjczMC1lY2FhLTExZTYtOGY4OC0zNDM2M2JjN2M0YzAiOnsiY3JlYXRlIjo2MDAwMDAwMDAwMDAsImRlbGV0ZSI6NjAwMDAwMDAwMDAwLCJ1cGRhdGUiOjYwMDAwMDAwMDAwMH19",
          "dependencies": [
            "aws_cloudwatch_log_group.traffic_collision_minilake_analytics_d0012_lambda_victim_processor_3_lg",
            "aws_iam_role.traffic_collision_minilake_analytics_d0012_lambda_victim_processor_3_role",
            "aws_s3_bucket.traffic_collision_minilake_analytics_d0012_s3_staging_bucket_2",
            "data.archive_file.traffic_collision_minilake_analytics_d0012_lambda_victim_processor_3_placeholder"
          ]
        }
      ]
    },
    {
      "mode": "managed",
      "type": "aws_lambda_permission",
      "name": "traffic_collision_minilake_analytics_d0012_s3_raw_data_bucket_1_invoke_traffic_collision_minilake_analytics_d0012_lambda_case_processor_4",
      "provider": "provider[\"registry.terraform.io/hashicorp/aws\"]",
      "instances": [
        {
          "schema_version": 0,
          "attributes": {
            "action": "lambda:InvokeFunction",
            "event_source_token": null,
            "function_name": "traffic-collision-minilake-analytics-d0012-lambda-case-p-ee8edaf",
            "function_url_auth_type": null,
            "id": "AllowS3-traffic_collision_minilake_analytics_d0012_s3_raw_data_bucket_1-traffic_collision_m-9a344664",
            "principal": "s3.amazonaws.com",
            "principal_org_id": null,
            "qualifier": "",
            "source_account": null,
            "source_arn": "arn:aws:s3:::traffic-collision-minilake-analytics-d0012-s3-raw-data-bucket-1",
            "statement_id": "AllowS3-traffic_collision_minilake_analytics_d0012_s3_raw_data_bucket_1-traffic_collision_m-9a344664",
            "statement_id_prefix": ""
          },
          "sensitive_attributes": [],
          "private": "bnVsbA==",
          "dependencies": [
            "aws_cloudwatch_log_group.traffic_collision_minilake_analytics_d0012_lambda_case_processor_4_lg",
            "aws_iam_role.traffic_collision_minilake_analytics_d0012_lambda_case_processor_4_role",
            "aws_lambda_function.traffic_collision_minilake_analytics_d0012_lambda_case_processor_4",
            "aws_s3_bucket.traffic_collision_minilake_analytics_d0012_s3_raw_data_bucket_1",
            "aws_s3_bucket.traffic_collision_minilake_analytics_d0012_s3_staging_bucket_2",
            "data.archive_file.traffic_collision_minilake_analytics_d0012_lambda_case_processor_4_placeholder"
          ]
        }
      ]
    },
    {
      "mode": "managed",
      "type": "aws_lambda_permission",
      "name": "traffic_collision_minilake_analytics_d0012_s3_raw_data_bucket_1_invoke_traffic_collision_minilake_analytics_d0012_lambda_collision_processor_1",
      "provider": "provider[\"registry.terraform.io/hashicorp/aws\"]",
      "instances": [
        {
          "schema_version": 0,
          "attributes": {
            "action": "lambda:InvokeFunction",
            "event_source_token": null,
            "function_name": "traffic-collision-minilake-analytics-d0012-lambda-collis-095b615",
            "function_url_auth_type": null,
            "id": "AllowS3-traffic_collision_minilake_analytics_d0012_s3_raw_data_bucket_1-traffic_collision_m-0c5b54f3",
            "principal": "s3.amazonaws.com",
            "principal_org_id": null,
            "qualifier": "",
            "source_account": null,
            "source_arn": "arn:aws:s3:::traffic-collision-minilake-analytics-d0012-s3-raw-data-bucket-1",
            "statement_id": "AllowS3-traffic_collision_minilake_analytics_d0012_s3_raw_data_bucket_1-traffic_collision_m-0c5b54f3",
            "statement_id_prefix": ""
          },
          "sensitive_attributes": [],
          "private": "bnVsbA==",
          "dependencies": [
            "aws_cloudwatch_log_group.traffic_collision_minilake_analytics_d0012_lambda_collision_processor_1_lg",
            "aws_iam_role.traffic_collision_minilake_analytics_d0012_lambda_collision_processor_1_role",
            "aws_lambda_function.traffic_collision_minilake_analytics_d0012_lambda_collision_processor_1",
            "aws_s3_bucket.traffic_collision_minilake_analytics_d0012_s3_raw_data_bucket_1",
            "aws_s3_bucket.traffic_collision_minilake_analytics_d0012_s3_staging_bucket_2",
            "data.archive_file.traffic_collision_minilake_analytics_d0012_lambda_collision_processor_1_placeholder"
          ]
        }
      ]
    },
    {
      "mode": "managed",
      "type": "aws_lambda_permission",
      "name": "traffic_collision_minilake_analytics_d0012_s3_raw_data_bucket_1_invoke_traffic_collision_minilake_analytics_d0012_lambda_party_processor_2",
      "provider": "provider[\"registry.terraform.io/hashicorp/aws\"]",
      "instances": [
        {
          "schema_version": 0,
          "attributes": {
            "action": "lambda:InvokeFunction",
            "event_source_token": null,
            "function_name": "traffic-collision-minilake-analytics-d0012-lambda-party-f83095f",
            "function_url_auth_type": null,
            "id": "AllowS3-traffic_collision_minilake_analytics_d0012_s3_raw_data_bucket_1-traffic_collision_m-b1a5035a",
            "principal": "s3.amazonaws.com",
            "principal_org_id": null,
            "qualifier": "",
            "source_account": null,
            "source_arn": "arn:aws:s3:::traffic-collision-minilake-analytics-d0012-s3-raw-data-bucket-1",
            "statement_id": "AllowS3-traffic_collision_minilake_analytics_d0012_s3_raw_data_bucket_1-traffic_collision_m-b1a5035a",
            "statement_id_prefix": ""
          },
          "sensitive_attributes": [],
          "private": "bnVsbA==",
          "dependencies": [
            "aws_cloudwatch_log_group.traffic_collision_minilake_analytics_d0012_lambda_party_processor_2_lg",
            "aws_iam_role.traffic_collision_minilake_analytics_d0012_lambda_party_processor_2_role",
            "aws_lambda_function.traffic_collision_minilake_analytics_d0012_lambda_party_processor_2",
            "aws_s3_bucket.traffic_collision_minilake_analytics_d0012_s3_raw_data_bucket_1",
            "aws_s3_bucket.traffic_collision_minilake_analytics_d0012_s3_staging_bucket_2",
            "data.archive_file.traffic_collision_minilake_analytics_d0012_lambda_party_processor_2_placeholder"
          ]
        }
      ]
    },
    {
      "mode": "managed",
      "type": "aws_lambda_permission",
      "name": "traffic_collision_minilake_analytics_d0012_s3_raw_data_bucket_1_invoke_traffic_collision_minilake_analytics_d0012_lambda_victim_processor_3",
      "provider": "provider[\"registry.terraform.io/hashicorp/aws\"]",
      "instances": [
        {
          "schema_version": 0,
          "attributes": {
            "action": "lambda:InvokeFunction",
            "event_source_token": null,
            "function_name": "traffic-collision-minilake-analytics-d0012-lambda-victim-6cbc55c",
            "function_url_auth_type": null,
            "id": "AllowS3-traffic_collision_minilake_analytics_d0012_s3_raw_data_bucket_1-traffic_collision_m-7befa90e",
            "principal": "s3.amazonaws.com",
            "principal_org_id": null,
            "qualifier": "",
            "source_account": null,
            "source_arn": "arn:aws:s3:::traffic-collision-minilake-analytics-d0012-s3-raw-data-bucket-1",
            "statement_id": "AllowS3-traffic_collision_minilake_analytics_d0012_s3_raw_data_bucket_1-traffic_collision_m-7befa90e",
            "statement_id_prefix": ""
          },
          "sensitive_attributes": [],
          "private": "bnVsbA==",
          "dependencies": [
            "aws_cloudwatch_log_group.traffic_collision_minilake_analytics_d0012_lambda_victim_processor_3_lg",
            "aws_iam_role.traffic_collision_minilake_analytics_d0012_lambda_victim_processor_3_role",
            "aws_lambda_function.traffic_collision_minilake_analytics_d0012_lambda_victim_processor_3",
            "aws_s3_bucket.traffic_collision_minilake_analytics_d0012_s3_raw_data_bucket_1",
            "aws_s3_bucket.traffic_collision_minilake_analytics_d0012_s3_staging_bucket_2",
            "data.archive_file.traffic_collision_minilake_analytics_d0012_lambda_victim_processor_3_placeholder"
          ]
        }
      ]
    },
    {
      "mode": "managed",
      "type": "aws_lambda_permission",
      "name": "traffic_collision_minilake_analytics_d0012_s3_staging_bucket_2_invoke_traffic_collision_minilake_analytics_d0012_lambda_refine_data_5",
      "provider": "provider[\"registry.terraform.io/hashicorp/aws\"]",
      "instances": [
        {
          "schema_version": 0,
          "attributes": {
            "action": "lambda:InvokeFunction",
            "event_source_token": null,
            "function_name": "traffic-collision-minilake-analytics-d0012-lambda-refine-data-5",
            "function_url_auth_type": null,
            "id": "AllowS3-traffic_collision_minilake_analytics_d0012_s3_staging_bucket_2-traffic_collision_mi-2420134b",
            "principal": "s3.amazonaws.com",
            "principal_org_id": null,
            "qualifier": "",
            "source_account": null,
            "source_arn": "arn:aws:s3:::traffic-collision-minilake-analytics-d0012-s3-staging-bucket-2",
            "statement_id": "AllowS3-traffic_collision_minilake_analytics_d0012_s3_staging_bucket_2-traffic_collision_mi-2420134b",
            "statement_id_prefix": ""
          },
          "sensitive_attributes": [],
          "private": "bnVsbA==",
          "dependencies": [
            "aws_cloudwatch_log_group.traffic_collision_minilake_analytics_d0012_lambda_refine_data_5_lg",
            "aws_iam_role.traffic_collision_minilake_analytics_d0012_lambda_refine_data_5_role",
            "aws_lambda_function.traffic_collision_minilake_analytics_d0012_lambda_refine_data_5",
            "aws_s3_bucket.traffic_collision_minilake_analytics_d0012_s3_minilake_3",
            "aws_s3_bucket.traffic_collision_minilake_analytics_d0012_s3_staging_bucket_2",
            "data.archive_file.traffic_collision_minilake_analytics_d0012_lambda_refine_data_5_placeholder"
          ]
        }
      ]
    },
    {
      "mode": "managed",
      "type": "aws_s3_bucket",
      "name": "traffic_collision_minilake_analytics_d0012_s3_minilake_3",
      "provider": "provider[\"registry.terraform.io/hashicorp/aws\"]",
      "instances": [
        {
          "schema_version": 0,
          "attributes": {
            "acceleration_status": "",
            "acl": null,
            "arn": "arn:aws:s3:::traffic-collision-minilake-analytics-d0012-s3-minilake-3",
            "bucket": "traffic-collision-minilake-analytics-d0012-s3-minilake-3",
            "bucket_domain_name": "traffic-collision-minilake-analytics-d0012-s3-minilake-3.s3.amazonaws.com",
            "bucket_prefix": "",
            "bucket_regional_domain_name": "traffic-collision-minilake-analytics-d0012-s3-minilake-3.s3.us-east-1.amazonaws.com",
            "cors_rule": [],
            "force_destroy": true,
            "grant": [
              {
                "id": "6b988a1bfb1696d044a07b3f9fd2a2a715c57a1b22eb6076238db5417a49eab2",
                "permissions": [
                  "FULL_CONTROL"
                ],
                "type": "CanonicalUser",
                "uri": ""
              }
            ],
            "hosted_zone_id": "Z3AQBSTGFYJSTF",
            "id": "traffic-collision-minilake-analytics-d0012-s3-minilake-3",
            "lifecycle_rule": [],
            "logging": [],
            "object_lock_configuration": [],
            "object_lock_enabled": false,
            "policy": "",
            "region": "us-east-1",
            "replication_configuration": [],
            "request_payer": "BucketOwner",
            "server_side_encryption_configuration": [
              {
                "rule": [
                  {
                    "apply_server_side_encryption_by_default": [
                      {
                        "kms_master_key_id": "",
                        "sse_algorithm": "AES256"
                      }
                    ],
                    "bucket_key_enabled": false
                  }
                ]
              }
            ],
            "tags": {
              "BusinessUnit": "ANALYTICS",
              "CostCenter": "D0012",
              "ManagedBy": "aws-pipeline-engine",
              "Pipeline": "traffic_collision_minilake"
            },
            "tags_all": {
              "BusinessUnit": "ANALYTICS",
              "CostCenter": "D0012",
              "ManagedBy": "aws-pipeline-engine",
              "Pipeline": "traffic_collision_minilake"
            },
            "timeouts": null,
            "versioning": [
              {
                "enabled": false,
                "mfa_delete": false
              }
            ],
            "website": [],
            "website_domain": null,
            "website_endpoint": null
          },
          "sensitive_attributes": [],
          "private": "eyJlMmJmYjczMC1lY2FhLTExZTYtOGY4OC0zNDM2M2JjN2M0YzAiOnsiY3JlYXRlIjoxMjAwMDAwMDAwMDAwLCJkZWxldGUiOjM2MDAwMDAwMDAwMDAsInJlYWQiOjEyMDAwMDAwMDAwMDAsInVwZGF0ZSI6MTIwMDAwMDAwMDAwMH19"
        }
      ]
    },
    {
      "mode": "managed",
      "type": "aws_s3_bucket",
      "name": "traffic_collision_minilake_analytics_d0012_s3_raw_data_bucket_1",
      "provider": "provider[\"registry.terraform.io/hashicorp/aws\"]",
      "instances": [
        {
          "schema_version": 0,
          "attributes": {
            "acceleration_status": "",
            "acl": null,
            "arn": "arn:aws:s3:::traffic-collision-minilake-analytics-d0012-s3-raw-data-bucket-1",
            "bucket": "traffic-collision-minilake-analytics-d0012-s3-raw-data-bucket-1",
            "bucket_domain_name": "traffic-collision-minilake-analytics-d0012-s3-raw-data-bucket-1.s3.amazonaws.com",
            "bucket_prefix": "",
            "bucket_regional_domain_name": "traffic-collision-minilake-analytics-d0012-s3-raw-data-bucket-1.s3.us-east-1.amazonaws.com",
            "cors_rule": [],
            "force_destroy": true,
            "grant": [
              {
                "id": "6b988a1bfb1696d044a07b3f9fd2a2a715c57a1b22eb6076238db5417a49eab2",
                "permissions": [
                  "FULL_CONTROL"
                ],
                "type": "CanonicalUser",
                "uri": ""
              }
            ],
            "hosted_zone_id": "Z3AQBSTGFYJSTF",
            "id": "traffic-collision-minilake-analytics-d0012-s3-raw-data-bucket-1",
            "lifecycle_rule": [],
            "logging": [],
            "object_lock_configuration": [],
            "object_lock_enabled": false,
            "policy": "",
            "region": "us-east-1",
            "replication_configuration": [],
            "request_payer": "BucketOwner",
            "server_side_encryption_configuration": [
              {
                "rule": [
                  {
                    "apply_server_side_encryption_by_default": [
                      {
                        "kms_master_key_id": "",
                        "sse_algorithm": "AES256"
                      }
                    ],
                    "bucket_key_enabled": false
                  }
                ]
              }
            ],
            "tags": {
              "BusinessUnit": "ANALYTICS",
              "CostCenter": "D0012",
              "ManagedBy": "aws-pipeline-engine",
              "Pipeline": "traffic_collision_minilake"
            },
            "tags_all": {
              "BusinessUnit": "ANALYTICS",
              "CostCenter": "D0012",
              "ManagedBy": "aws-pipeline-engine",
              "Pipeline": "traffic_collision_minilake"
            },
            "timeouts": null,
            "versioning": [
              {
                "enabled": false,
                "mfa_delete": false
              }
            ],
            "website": [],
            "website_domain": null,
            "website_endpoint": null
          },
          "sensitive_attributes": [],
          "private": "eyJlMmJmYjczMC1lY2FhLTExZTYtOGY4OC0zNDM2M2JjN2M0YzAiOnsiY3JlYXRlIjoxMjAwMDAwMDAwMDAwLCJkZWxldGUiOjM2MDAwMDAwMDAwMDAsInJlYWQiOjEyMDAwMDAwMDAwMDAsInVwZGF0ZSI6MTIwMDAwMDAwMDAwMH19"
        }
      ]
    },
    {
      "mode": "managed",
      "type": "aws_s3_bucket",
      "name": "traffic_collision_minilake_analytics_d0012_s3_staging_bucket_2",
      "provider": "provider[\"registry.terraform.io/hashicorp/aws\"]",
      "instances": [
        {
          "schema_version": 0,
          "attributes": {
            "acceleration_status": "",
            "acl": null,
            "arn": "arn:aws:s3:::traffic-collision-minilake-analytics-d0012-s3-staging-bucket-2",
            "bucket": "traffic-collision-minilake-analytics-d0012-s3-staging-bucket-2",
            "bucket_domain_name": "traffic-collision-minilake-analytics-d0012-s3-staging-bucket-2.s3.amazonaws.com",
            "bucket_prefix": "",
            "bucket_regional_domain_name": "traffic-collision-minilake-analytics-d0012-s3-staging-bucket-2.s3.us-east-1.amazonaws.com",
            "cors_rule": [],
            "force_destroy": true,
            "grant": [
              {
                "id": "6b988a1bfb1696d044a07b3f9fd2a2a715c57a1b22eb6076238db5417a49eab2",
                "permissions": [
                  "FULL_CONTROL"
                ],
                "type": "CanonicalUser",
                "uri": ""
              }
            ],
            "hosted_zone_id": "Z3AQBSTGFYJSTF",
            "id": "traffic-collision-minilake-analytics-d0012-s3-staging-bucket-2",
            "lifecycle_rule": [],
            "logging": [],
            "object_lock_configuration": [],
            "object_lock_enabled": false,
            "policy": "",
            "region": "us-east-1",
            "replication_configuration": [],
            "request_payer": "BucketOwner",
            "server_side_encryption_configuration": [
              {
                "rule": [
                  {
                    "apply_server_side_encryption_by_default": [
                      {
                        "kms_master_key_id": "",
                        "sse_algorithm": "AES256"
                      }
                    ],
                    "bucket_key_enabled": false
                  }
                ]
              }
            ],
            "tags": {
              "BusinessUnit": "ANALYTICS",
              "CostCenter": "D0012",
              "ManagedBy": "aws-pipeline-engine",
              "Pipeline": "traffic_collision_minilake"
            },
            "tags_all": {
              "BusinessUnit": "ANALYTICS",
              "CostCenter": "D0012",
              "ManagedBy": "aws-pipeline-engine",
              "Pipeline": "traffic_collision_minilake"
            },
            "timeouts": null,
            "versioning": [
              {
                "enabled": false,
                "mfa_delete": false
              }
            ],
            "website": [],
            "website_domain": null,
            "website_endpoint": null
          },
          "sensitive_attributes": [],
          "private": "eyJlMmJmYjczMC1lY2FhLTExZTYtOGY4OC0zNDM2M2JjN2M0YzAiOnsiY3JlYXRlIjoxMjAwMDAwMDAwMDAwLCJkZWxldGUiOjM2MDAwMDAwMDAwMDAsInJlYWQiOjEyMDAwMDAwMDAwMDAsInVwZGF0ZSI6MTIwMDAwMDAwMDAwMH19"
        }
      ]
    },
    {
      "mode": "managed",
      "type": "aws_s3_bucket_notification",
      "name": "traffic_collision_minilake_analytics_d0012_s3_raw_data_bucket_1_notification",
      "provider": "provider[\"registry.terraform.io/hashicorp/aws\"]",
      "instances": [
        {
          "schema_version": 0,
          "attributes": {
            "bucket": "traffic-collision-minilake-analytics-d0012-s3-raw-data-bucket-1",
            "eventbridge": false,
            "id": "traffic-collision-minilake-analytics-d0012-s3-raw-data-bucket-1",
            "lambda_function": [
              {
                "events": [
                  "s3:ObjectCreated:*"
                ],
                "filter_prefix": "collision_raw/",
                "filter_suffix": "",
                "id": "traffic_collision_minilake_analytics_d0012_s3_raw_data_bucket_1_traffic_collision_minilake_analytics_d0012_lambda_collision_processor_1",
                "lambda_function_arn": "arn:aws:lambda:us-east-1:602963248309:function:traffic-collision-minilake-analytics-d0012-lambda-collis-095b615"
              },
              {
                "events": [
                  "s3:ObjectCreated:*"
                ],
                "filter_prefix": "party_raw/",
                "filter_suffix": "",
                "id": "traffic_collision_minilake_analytics_d0012_s3_raw_data_bucket_1_traffic_collision_minilake_analytics_d0012_lambda_party_processor_2",
                "lambda_function_arn": "arn:aws:lambda:us-east-1:602963248309:function:traffic-collision-minilake-analytics-d0012-lambda-party-f83095f"
              },
              {
                "events": [
                  "s3:ObjectCreated:*"
                ],
                "filter_prefix": "victim_raw/",
                "filter_suffix": "",
                "id": "traffic_collision_minilake_analytics_d0012_s3_raw_data_bucket_1_traffic_collision_minilake_analytics_d0012_lambda_victim_processor_3",
                "lambda_function_arn": "arn:aws:lambda:us-east-1:602963248309:function:traffic-collision-minilake-analytics-d0012-lambda-victim-6cbc55c"
              },
              {
                "events": [
                  "s3:ObjectCreated:*"
                ],
                "filter_prefix": "case_raw/",
                "filter_suffix": "",
                "id": "traffic_collision_minilake_analytics_d0012_s3_raw_data_bucket_1_traffic_collision_minilake_analytics_d0012_lambda_case_processor_4",
                "lambda_function_arn": "arn:aws:lambda:us-east-1:602963248309:function:traffic-collision-minilake-analytics-d0012-lambda-case-p-ee8edaf"
              }
            ],
            "queue": [],
            "topic": []
          },
          "sensitive_attributes": [],
          "private": "bnVsbA==",
          "dependencies": [
            "aws_cloudwatch_log_group.traffic_collision_minilake_analytics_d0012_lambda_case_processor_4_lg",
            "aws_cloudwatch_log_group.traffic_collision_minilake_analytics_d0012_lambda_collision_processor_1_lg",
            "aws_cloudwatch_log_group.traffic_collision_minilake_analytics_d0012_lambda_party_processor_2_lg",
            "aws_cloudwatch_log_group.traffic_collision_minilake_analytics_d0012_lambda_victim_processor_3_lg",
            "aws_iam_role.traffic_collision_minilake_analytics_d0012_lambda_case_processor_4_role",
            "aws_iam_role.traffic_collision_minilake_analytics_d0012_lambda_collision_processor_1_role",
            "aws_iam_role.traffic_collision_minilake_analytics_d0012_lambda_party_processor_2_role",
            "aws_iam_role.traffic_collision_minilake_analytics_d0012_lambda_victim_processor_3_role",
            "aws_lambda_function.traffic_collision_minilake_analytics_d0012_lambda_case_processor_4",
            "aws_lambda_function.traffic_collision_minilake_analytics_d0012_lambda_collision_processor_1",
            "aws_lambda_function.traffic_collision_minilake_analytics_d0012_lambda_party_processor_2",
            "aws_lambda_function.traffic_collision_minilake_analytics_d0012_lambda_victim_processor_3",
            "aws_lambda_permission.traffic_collision_minilake_analytics_d0012_s3_raw_data_bucket_1_invoke_traffic_collision_minilake_analytics_d0012_lambda_case_processor_4",
            "aws_lambda_permission.traffic_collision_minilake_analytics_d0012_s3_raw_data_bucket_1_invoke_traffic_collision_minilake_analytics_d0012_lambda_collision_processor_1",
            "aws_lambda_permission.traffic_collision_minilake_analytics_d0012_s3_raw_data_bucket_1_invoke_traffic_collision_minilake_analytics_d0012_lambda_party_processor_2",
            "aws_lambda_permission.traffic_collision_minilake_analytics_d0012_s3_raw_data_bucket_1_invoke_traffic_collision_minilake_analytics_d0012_lambda_victim_processor_3",
            "aws_s3_bucket.traffic_collision_minilake_analytics_d0012_s3_raw_data_bucket_1",
            "aws_s3_bucket.traffic_collision_minilake_analytics_d0012_s3_staging_bucket_2",
            "data.archive_file.traffic_collision_minilake_analytics_d0012_lambda_case_processor_4_placeholder",
            "data.archive_file.traffic_collision_minilake_analytics_d0012_lambda_collision_processor_1_placeholder",
            "data.archive_file.traffic_collision_minilake_analytics_d0012_lambda_party_processor_2_placeholder",
            "data.archive_file.traffic_collision_minilake_analytics_d0012_lambda_victim_processor_3_placeholder",
            "time_sleep.traffic_collision_minilake_analytics_d0012_s3_raw_data_bucket_1_iam_sleep"
          ]
        }
      ]
    },
    {
      "mode": "managed",
      "type": "aws_s3_bucket_notification",
      "name": "traffic_collision_minilake_analytics_d0012_s3_staging_bucket_2_notification",
      "provider": "provider[\"registry.terraform.io/hashicorp/aws\"]",
      "instances": [
        {
          "schema_version": 0,
          "attributes": {
            "bucket": "traffic-collision-minilake-analytics-d0012-s3-staging-bucket-2",
            "eventbridge": false,
            "id": "traffic-collision-minilake-analytics-d0012-s3-staging-bucket-2",
            "lambda_function": [
              {
                "events": [
                  "s3:ObjectCreated:*"
                ],
                "filter_prefix": "",
                "filter_suffix": "",
                "id": "traffic_collision_minilake_analytics_d0012_s3_staging_bucket_2_traffic_collision_minilake_analytics_d0012_lambda_refine_data_5",
                "lambda_function_arn": "arn:aws:lambda:us-east-1:602963248309:function:traffic-collision-minilake-analytics-d0012-lambda-refine-data-5"
              }
            ],
            "queue": [],
            "topic": []
          },
          "sensitive_attributes": [],
          "private": "bnVsbA==",
          "dependencies": [
            "aws_cloudwatch_log_group.traffic_collision_minilake_analytics_d0012_lambda_refine_data_5_lg",
            "aws_iam_role.traffic_collision_minilake_analytics_d0012_lambda_refine_data_5_role",
            "aws_lambda_function.traffic_collision_minilake_analytics_d0012_lambda_refine_data_5",
            "aws_lambda_permission.traffic_collision_minilake_analytics_d0012_s3_staging_bucket_2_invoke_traffic_collision_minilake_analytics_d0012_lambda_refine_data_5",
            "aws_s3_bucket.traffic_collision_minilake_analytics_d0012_s3_minilake_3",
            "aws_s3_bucket.traffic_collision_minilake_analytics_d0012_s3_staging_bucket_2",
            "data.archive_file.traffic_collision_minilake_analytics_d0012_lambda_refine_data_5_placeholder",
            "time_sleep.traffic_collision_minilake_analytics_d0012_s3_staging_bucket_2_iam_sleep"
          ]
        }
      ]
    },
    {
      "mode": "managed",
      "type": "aws_s3_bucket_server_side_encryption_configuration",
      "name": "traffic_collision_minilake_analytics_d0012_s3_minilake_3_sse",
      "provider": "provider[\"registry.terraform.io/hashicorp/aws\"]",
      "instances": [
        {
          "schema_version": 0,
          "attributes": {
            "bucket": "traffic-collision-minilake-analytics-d0012-s3-minilake-3",
            "expected_bucket_owner": "",
            "id": "traffic-collision-minilake-analytics-d0012-s3-minilake-3",
            "rule": [
              {
                "apply_server_side_encryption_by_default": [
                  {
                    "kms_master_key_id": "",
                    "sse_algorithm": "AES256"
                  }
                ],
                "bucket_key_enabled": null
              }
            ]
          },
          "sensitive_attributes": [],
          "private": "bnVsbA==",
          "dependencies": [
            "aws_s3_bucket.traffic_collision_minilake_analytics_d0012_s3_minilake_3"
          ]
        }
      ]
    },
    {
      "mode": "managed",
      "type": "aws_s3_bucket_server_side_encryption_configuration",
      "name": "traffic_collision_minilake_analytics_d0012_s3_raw_data_bucket_1_sse",
      "provider": "provider[\"registry.terraform.io/hashicorp/aws\"]",
      "instances": [
        {
          "schema_version": 0,
          "attributes": {
            "bucket": "traffic-collision-minilake-analytics-d0012-s3-raw-data-bucket-1",
            "expected_bucket_owner": "",
            "id": "traffic-collision-minilake-analytics-d0012-s3-raw-data-bucket-1",
            "rule": [
              {
                "apply_server_side_encryption_by_default": [
                  {
                    "kms_master_key_id": "",
                    "sse_algorithm": "AES256"
                  }
                ],
                "bucket_key_enabled": null
              }
            ]
          },
          "sensitive_attributes": [],
          "private": "bnVsbA==",
          "dependencies": [
            "aws_s3_bucket.traffic_collision_minilake_analytics_d0012_s3_raw_data_bucket_1"
          ]
        }
      ]
    },
    {
      "mode": "managed",
      "type": "aws_s3_bucket_server_side_encryption_configuration",
      "name": "traffic_collision_minilake_analytics_d0012_s3_staging_bucket_2_sse",
      "provider": "provider[\"registry.terraform.io/hashicorp/aws\"]",
      "instances": [
        {
          "schema_version": 0,
          "attributes": {
            "bucket": "traffic-collision-minilake-analytics-d0012-s3-staging-bucket-2",
            "expected_bucket_owner": "",
            "id": "traffic-collision-minilake-analytics-d0012-s3-staging-bucket-2",
            "rule": [
              {
                "apply_server_side_encryption_by_default": [
                  {
                    "kms_master_key_id": "",
                    "sse_algorithm": "AES256"
                  }
                ],
                "bucket_key_enabled": null
              }
            ]
          },
          "sensitive_attributes": [],
          "private": "bnVsbA==",
          "dependencies": [
            "aws_s3_bucket.traffic_collision_minilake_analytics_d0012_s3_staging_bucket_2"
          ]
        }
      ]
    },
    {
      "mode": "managed",
      "type": "aws_s3_bucket_versioning",
      "name": "traffic_collision_minilake_analytics_d0012_s3_minilake_3_versioning",
      "provider": "provider[\"registry.terraform.io/hashicorp/aws\"]",
      "instances": [
        {
          "schema_version": 0,
          "attributes": {
            "bucket": "traffic-collision-minilake-analytics-d0012-s3-minilake-3",
            "expected_bucket_owner": "",
            "id": "traffic-collision-minilake-analytics-d0012-s3-minilake-3",
            "mfa": null,
            "versioning_configuration": [
              {
                "mfa_delete": "",
                "status": "Suspended"
              }
            ]
          },
          "sensitive_attributes": [],
          "private": "bnVsbA==",
          "dependencies": [
            "aws_s3_bucket.traffic_collision_minilake_analytics_d0012_s3_minilake_3"
          ]
        }
      ]
    },
    {
      "mode": "managed",
      "type": "aws_s3_bucket_versioning",
      "name": "traffic_collision_minilake_analytics_d0012_s3_raw_data_bucket_1_versioning",
      "provider": "provider[\"registry.terraform.io/hashicorp/aws\"]",
      "instances": [
        {
          "schema_version": 0,
          "attributes": {
            "bucket": "traffic-collision-minilake-analytics-d0012-s3-raw-data-bucket-1",
            "expected_bucket_owner": "",
            "id": "traffic-collision-minilake-analytics-d0012-s3-raw-data-bucket-1",
            "mfa": null,
            "versioning_configuration": [
              {
                "mfa_delete": "",
                "status": "Suspended"
              }
            ]
          },
          "sensitive_attributes": [],
          "private": "bnVsbA==",
          "dependencies": [
            "aws_s3_bucket.traffic_collision_minilake_analytics_d0012_s3_raw_data_bucket_1"
          ]
        }
      ]
    },
    {
      "mode": "managed",
      "type": "aws_s3_bucket_versioning",
      "name": "traffic_collision_minilake_analytics_d0012_s3_staging_bucket_2_versioning",
      "provider": "provider[\"registry.terraform.io/hashicorp/aws\"]",
      "instances": [
        {
          "schema_version": 0,
          "attributes": {
            "bucket": "traffic-collision-minilake-analytics-d0012-s3-staging-bucket-2",
            "expected_bucket_owner": "",
            "id": "traffic-collision-minilake-analytics-d0012-s3-staging-bucket-2",
            "mfa": null,
            "versioning_configuration": [
              {
                "mfa_delete": "",
                "status": "Suspended"
              }
            ]
          },
          "sensitive_attributes": [],
          "private": "bnVsbA==",
          "dependencies": [
            "aws_s3_bucket.traffic_collision_minilake_analytics_d0012_s3_staging_bucket_2"
          ]
        }
      ]
    },
    {
      "mode": "managed",
      "type": "aws_s3_object",
      "name": "traffic_collision_minilake_analytics_d0012_s3_minilake_3_case_prefix",
      "provider": "provider[\"registry.terraform.io/hashicorp/aws\"]",
      "instances": [
        {
          "schema_version": 0,
          "attributes": {
            "acl": null,
            "arn": "arn:aws:s3:::traffic-collision-minilake-analytics-d0012-s3-minilake-3/case/",
            "bucket": "traffic-collision-minilake-analytics-d0012-s3-minilake-3",
            "bucket_key_enabled": false,
            "cache_control": "",
            "checksum_algorithm": null,
            "checksum_crc32": "",
            "checksum_crc32c": "",
            "checksum_crc64nvme": "",
            "checksum_sha1": "",
            "checksum_sha256": "",
            "content": null,
            "content_base64": null,
            "content_disposition": "",
            "content_encoding": "",
            "content_language": "",
            "content_type": "application/x-directory",
            "etag": "d41d8cd98f00b204e9800998ecf8427e",
            "force_destroy": false,
            "id": "case/",
            "key": "case/",
            "kms_key_id": null,
            "metadata": null,
            "object_lock_legal_hold_status": "",
            "object_lock_mode": "",
            "object_lock_retain_until_date": "",
            "override_provider": [],
            "server_side_encryption": "AES256",
            "source": null,
            "source_hash": null,
            "storage_class": "STANDARD",
            "tags": null,
            "tags_all": {},
            "version_id": "",
            "website_redirect": ""
          },
          "sensitive_attributes": [],
          "private": "bnVsbA==",
          "dependencies": [
            "aws_s3_bucket.traffic_collision_minilake_analytics_d0012_s3_minilake_3"
          ]
        }
      ]
    },
    {
      "mode": "managed",
      "type": "aws_s3_object",
      "name": "traffic_collision_minilake_analytics_d0012_s3_minilake_3_collision_prefix",
      "provider": "provider[\"registry.terraform.io/hashicorp/aws\"]",
      "instances": [
        {
          "schema_version": 0,
          "attributes": {
            "acl": null,
            "arn": "arn:aws:s3:::traffic-collision-minilake-analytics-d0012-s3-minilake-3/collision/",
            "bucket": "traffic-collision-minilake-analytics-d0012-s3-minilake-3",
            "bucket_key_enabled": false,
            "cache_control": "",
            "checksum_algorithm": null,
            "checksum_crc32": "",
            "checksum_crc32c": "",
            "checksum_crc64nvme": "",
            "checksum_sha1": "",
            "checksum_sha256": "",
            "content": null,
            "content_base64": null,
            "content_disposition": "",
            "content_encoding": "",
            "content_language": "",
            "content_type": "application/x-directory",
            "etag": "d41d8cd98f00b204e9800998ecf8427e",
            "force_destroy": false,
            "id": "collision/",
            "key": "collision/",
            "kms_key_id": null,
            "metadata": null,
            "object_lock_legal_hold_status": "",
            "object_lock_mode": "",
            "object_lock_retain_until_date": "",
            "override_provider": [],
            "server_side_encryption": "AES256",
            "source": null,
            "source_hash": null,
            "storage_class": "STANDARD",
            "tags": null,
            "tags_all": {},
            "version_id": "",
            "website_redirect": ""
          },
          "sensitive_attributes": [],
          "private": "bnVsbA==",
          "dependencies": [
            "aws_s3_bucket.traffic_collision_minilake_analytics_d0012_s3_minilake_3"
          ]
        }
      ]
    },
    {
      "mode": "managed",
      "type": "aws_s3_object",
      "name": "traffic_collision_minilake_analytics_d0012_s3_minilake_3_party_prefix",
      "provider": "provider[\"registry.terraform.io/hashicorp/aws\"]",
      "instances": [
        {
          "schema_version": 0,
          "attributes": {
            "acl": null,
            "arn": "arn:aws:s3:::traffic-collision-minilake-analytics-d0012-s3-minilake-3/party/",
            "bucket": "traffic-collision-minilake-analytics-d0012-s3-minilake-3",
            "bucket_key_enabled": false,
            "cache_control": "",
            "checksum_algorithm": null,
            "checksum_crc32": "",
            "checksum_crc32c": "",
            "checksum_crc64nvme": "",
            "checksum_sha1": "",
            "checksum_sha256": "",
            "content": null,
            "content_base64": null,
            "content_disposition": "",
            "content_encoding": "",
            "content_language": "",
            "content_type": "application/x-directory",
            "etag": "d41d8cd98f00b204e9800998ecf8427e",
            "force_destroy": false,
            "id": "party/",
            "key": "party/",
            "kms_key_id": null,
            "metadata": null,
            "object_lock_legal_hold_status": "",
            "object_lock_mode": "",
            "object_lock_retain_until_date": "",
            "override_provider": [],
            "server_side_encryption": "AES256",
            "source": null,
            "source_hash": null,
            "storage_class": "STANDARD",
            "tags": null,
            "tags_all": {},
            "version_id": "",
            "website_redirect": ""
          },
          "sensitive_attributes": [],
          "private": "bnVsbA==",
          "dependencies": [
            "aws_s3_bucket.traffic_collision_minilake_analytics_d0012_s3_minilake_3"
          ]
        }
      ]
    },
    {
      "mode": "managed",
      "type": "aws_s3_object",
      "name": "traffic_collision_minilake_analytics_d0012_s3_minilake_3_victim_prefix",
      "provider": "provider[\"registry.terraform.io/hashicorp/aws\"]",
      "instances": [
        {
          "schema_version": 0,
          "attributes": {
            "acl": null,
            "arn": "arn:aws:s3:::traffic-collision-minilake-analytics-d0012-s3-minilake-3/victim/",
            "bucket": "traffic-collision-minilake-analytics-d0012-s3-minilake-3",
            "bucket_key_enabled": false,
            "cache_control": "",
            "checksum_algorithm": null,
            "checksum_crc32": "",
            "checksum_crc32c": "",
            "checksum_crc64nvme": "",
            "checksum_sha1": "",
            "checksum_sha256": "",
            "content": null,
            "content_base64": null,
            "content_disposition": "",
            "content_encoding": "",
            "content_language": "",
            "content_type": "application/x-directory",
            "etag": "d41d8cd98f00b204e9800998ecf8427e",
            "force_destroy": false,
            "id": "victim/",
            "key": "victim/",
            "kms_key_id": null,
            "metadata": null,
            "object_lock_legal_hold_status": "",
            "object_lock_mode": "",
            "object_lock_retain_until_date": "",
            "override_provider": [],
            "server_side_encryption": "AES256",
            "source": null,
            "source_hash": null,
            "storage_class": "STANDARD",
            "tags": null,
            "tags_all": {},
            "version_id": "",
            "website_redirect": ""
          },
          "sensitive_attributes": [],
          "private": "bnVsbA==",
          "dependencies": [
            "aws_s3_bucket.traffic_collision_minilake_analytics_d0012_s3_minilake_3"
          ]
        }
      ]
    },
    {
      "mode": "managed",
      "type": "aws_s3_object",
      "name": "traffic_collision_minilake_analytics_d0012_s3_raw_data_bucket_1_case_raw_prefix",
      "provider": "provider[\"registry.terraform.io/hashicorp/aws\"]",
      "instances": [
        {
          "schema_version": 0,
          "attributes": {
            "acl": null,
            "arn": "arn:aws:s3:::traffic-collision-minilake-analytics-d0012-s3-raw-data-bucket-1/case_raw/",
            "bucket": "traffic-collision-minilake-analytics-d0012-s3-raw-data-bucket-1",
            "bucket_key_enabled": false,
            "cache_control": "",
            "checksum_algorithm": null,
            "checksum_crc32": "",
            "checksum_crc32c": "",
            "checksum_crc64nvme": "",
            "checksum_sha1": "",
            "checksum_sha256": "",
            "content": null,
            "content_base64": null,
            "content_disposition": "",
            "content_encoding": "",
            "content_language": "",
            "content_type": "application/x-directory",
            "etag": "d41d8cd98f00b204e9800998ecf8427e",
            "force_destroy": false,
            "id": "case_raw/",
            "key": "case_raw/",
            "kms_key_id": null,
            "metadata": null,
            "object_lock_legal_hold_status": "",
            "object_lock_mode": "",
            "object_lock_retain_until_date": "",
            "override_provider": [],
            "server_side_encryption": "AES256",
            "source": null,
            "source_hash": null,
            "storage_class": "STANDARD",
            "tags": null,
            "tags_all": {},
            "version_id": "",
            "website_redirect": ""
          },
          "sensitive_attributes": [],
          "private": "bnVsbA==",
          "dependencies": [
            "aws_s3_bucket.traffic_collision_minilake_analytics_d0012_s3_raw_data_bucket_1"
          ]
        }
      ]
    },
    {
      "mode": "managed",
      "type": "aws_s3_object",
      "name": "traffic_collision_minilake_analytics_d0012_s3_raw_data_bucket_1_collision_raw_prefix",
      "provider": "provider[\"registry.terraform.io/hashicorp/aws\"]",
      "instances": [
        {
          "schema_version": 0,
          "attributes": {
            "acl": null,
            "arn": "arn:aws:s3:::traffic-collision-minilake-analytics-d0012-s3-raw-data-bucket-1/collision_raw/",
            "bucket": "traffic-collision-minilake-analytics-d0012-s3-raw-data-bucket-1",
            "bucket_key_enabled": false,
            "cache_control": "",
            "checksum_algorithm": null,
            "checksum_crc32": "",
            "checksum_crc32c": "",
            "checksum_crc64nvme": "",
            "checksum_sha1": "",
            "checksum_sha256": "",
            "content": null,
            "content_base64": null,
            "content_disposition": "",
            "content_encoding": "",
            "content_language": "",
            "content_type": "application/x-directory",
            "etag": "d41d8cd98f00b204e9800998ecf8427e",
            "force_destroy": false,
            "id": "collision_raw/",
            "key": "collision_raw/",
            "kms_key_id": null,
            "metadata": null,
            "object_lock_legal_hold_status": "",
            "object_lock_mode": "",
            "object_lock_retain_until_date": "",
            "override_provider": [],
            "server_side_encryption": "AES256",
            "source": null,
            "source_hash": null,
            "storage_class": "STANDARD",
            "tags": null,
            "tags_all": {},
            "version_id": "",
            "website_redirect": ""
          },
          "sensitive_attributes": [],
          "private": "bnVsbA==",
          "dependencies": [
            "aws_s3_bucket.traffic_collision_minilake_analytics_d0012_s3_raw_data_bucket_1"
          ]
        }
      ]
    },
    {
      "mode": "managed",
      "type": "aws_s3_object",
      "name": "traffic_collision_minilake_analytics_d0012_s3_raw_data_bucket_1_party_raw_prefix",
      "provider": "provider[\"registry.terraform.io/hashicorp/aws\"]",
      "instances": [
        {
          "schema_version": 0,
          "attributes": {
            "acl": null,
            "arn": "arn:aws:s3:::traffic-collision-minilake-analytics-d0012-s3-raw-data-bucket-1/party_raw/",
            "bucket": "traffic-collision-minilake-analytics-d0012-s3-raw-data-bucket-1",
            "bucket_key_enabled": false,
            "cache_control": "",
            "checksum_algorithm": null,
            "checksum_crc32": "",
            "checksum_crc32c": "",
            "checksum_crc64nvme": "",
            "checksum_sha1": "",
            "checksum_sha256": "",
            "content": null,
            "content_base64": null,
            "content_disposition": "",
            "content_encoding": "",
            "content_language": "",
            "content_type": "application/x-directory",
            "etag": "d41d8cd98f00b204e9800998ecf8427e",
            "force_destroy": false,
            "id": "party_raw/",
            "key": "party_raw/",
            "kms_key_id": null,
            "metadata": null,
            "object_lock_legal_hold_status": "",
            "object_lock_mode": "",
            "object_lock_retain_until_date": "",
            "override_provider": [],
            "server_side_encryption": "AES256",
            "source": null,
            "source_hash": null,
            "storage_class": "STANDARD",
            "tags": null,
            "tags_all": {},
            "version_id": "",
            "website_redirect": ""
          },
          "sensitive_attributes": [],
          "private": "bnVsbA==",
          "dependencies": [
            "aws_s3_bucket.traffic_collision_minilake_analytics_d0012_s3_raw_data_bucket_1"
          ]
        }
      ]
    },
    {
      "mode": "managed",
      "type": "aws_s3_object",
      "name": "traffic_collision_minilake_analytics_d0012_s3_raw_data_bucket_1_victim_raw_prefix",
      "provider": "provider[\"registry.terraform.io/hashicorp/aws\"]",
      "instances": [
        {
          "schema_version": 0,
          "attributes": {
            "acl": null,
            "arn": "arn:aws:s3:::traffic-collision-minilake-analytics-d0012-s3-raw-data-bucket-1/victim_raw/",
            "bucket": "traffic-collision-minilake-analytics-d0012-s3-raw-data-bucket-1",
            "bucket_key_enabled": false,
            "cache_control": "",
            "checksum_algorithm": null,
            "checksum_crc32": "",
            "checksum_crc32c": "",
            "checksum_crc64nvme": "",
            "checksum_sha1": "",
            "checksum_sha256": "",
            "content": null,
            "content_base64": null,
            "content_disposition": "",
            "content_encoding": "",
            "content_language": "",
            "content_type": "application/x-directory",
            "etag": "d41d8cd98f00b204e9800998ecf8427e",
            "force_destroy": false,
            "id": "victim_raw/",
            "key": "victim_raw/",
            "kms_key_id": null,
            "metadata": null,
            "object_lock_legal_hold_status": "",
            "object_lock_mode": "",
            "object_lock_retain_until_date": "",
            "override_provider": [],
            "server_side_encryption": "AES256",
            "source": null,
            "source_hash": null,
            "storage_class": "STANDARD",
            "tags": null,
            "tags_all": {},
            "version_id": "",
            "website_redirect": ""
          },
          "sensitive_attributes": [],
          "private": "bnVsbA==",
          "dependencies": [
            "aws_s3_bucket.traffic_collision_minilake_analytics_d0012_s3_raw_data_bucket_1"
          ]
        }
      ]
    },
    {
      "mode": "managed",
      "type": "aws_s3_object",
      "name": "traffic_collision_minilake_analytics_d0012_s3_staging_bucket_2_case_prefix",
      "provider": "provider[\"registry.terraform.io/hashicorp/aws\"]",
      "instances": [
        {
          "schema_version": 0,
          "attributes": {
            "acl": null,
            "arn": "arn:aws:s3:::traffic-collision-minilake-analytics-d0012-s3-staging-bucket-2/case/",
            "bucket": "traffic-collision-minilake-analytics-d0012-s3-staging-bucket-2",
            "bucket_key_enabled": false,
            "cache_control": "",
            "checksum_algorithm": null,
            "checksum_crc32": "",
            "checksum_crc32c": "",
            "checksum_crc64nvme": "",
            "checksum_sha1": "",
            "checksum_sha256": "",
            "content": null,
            "content_base64": null,
            "content_disposition": "",
            "content_encoding": "",
            "content_language": "",
            "content_type": "application/x-directory",
            "etag": "d41d8cd98f00b204e9800998ecf8427e",
            "force_destroy": false,
            "id": "case/",
            "key": "case/",
            "kms_key_id": null,
            "metadata": null,
            "object_lock_legal_hold_status": "",
            "object_lock_mode": "",
            "object_lock_retain_until_date": "",
            "override_provider": [],
            "server_side_encryption": "AES256",
            "source": null,
            "source_hash": null,
            "storage_class": "STANDARD",
            "tags": null,
            "tags_all": {},
            "version_id": "",
            "website_redirect": ""
          },
          "sensitive_attributes": [],
          "private": "bnVsbA==",
          "dependencies": [
            "aws_s3_bucket.traffic_collision_minilake_analytics_d0012_s3_staging_bucket_2"
          ]
        }
      ]
    },
    {
      "mode": "managed",
      "type": "aws_s3_object",
      "name": "traffic_collision_minilake_analytics_d0012_s3_staging_bucket_2_collision_prefix",
      "provider": "provider[\"registry.terraform.io/hashicorp/aws\"]",
      "instances": [
        {
          "schema_version": 0,
          "attributes": {
            "acl": null,
            "arn": "arn:aws:s3:::traffic-collision-minilake-analytics-d0012-s3-staging-bucket-2/collision/",
            "bucket": "traffic-collision-minilake-analytics-d0012-s3-staging-bucket-2",
            "bucket_key_enabled": false,
            "cache_control": "",
            "checksum_algorithm": null,
            "checksum_crc32": "",
            "checksum_crc32c": "",
            "checksum_crc64nvme": "",
            "checksum_sha1": "",
            "checksum_sha256": "",
            "content": null,
            "content_base64": null,
            "content_disposition": "",
            "content_encoding": "",
            "content_language": "",
            "content_type": "application/x-directory",
            "etag": "d41d8cd98f00b204e9800998ecf8427e",
            "force_destroy": false,
            "id": "collision/",
            "key": "collision/",
            "kms_key_id": null,
            "metadata": null,
            "object_lock_legal_hold_status": "",
            "object_lock_mode": "",
            "object_lock_retain_until_date": "",
            "override_provider": [],
            "server_side_encryption": "AES256",
            "source": null,
            "source_hash": null,
            "storage_class": "STANDARD",
            "tags": null,
            "tags_all": {},
            "version_id": "",
            "website_redirect": ""
          },
          "sensitive_attributes": [],
          "private": "bnVsbA==",
          "dependencies": [
            "aws_s3_bucket.traffic_collision_minilake_analytics_d0012_s3_staging_bucket_2"
          ]
        }
      ]
    },
    {
      "mode": "managed",
      "type": "aws_s3_object",
      "name": "traffic_collision_minilake_analytics_d0012_s3_staging_bucket_2_party_prefix",
      "provider": "provider[\"registry.terraform.io/hashicorp/aws\"]",
      "instances": [
        {
          "schema_version": 0,
          "attributes": {
            "acl": null,
            "arn": "arn:aws:s3:::traffic-collision-minilake-analytics-d0012-s3-staging-bucket-2/party/",
            "bucket": "traffic-collision-minilake-analytics-d0012-s3-staging-bucket-2",
            "bucket_key_enabled": false,
            "cache_control": "",
            "checksum_algorithm": null,
            "checksum_crc32": "",
            "checksum_crc32c": "",
            "checksum_crc64nvme": "",
            "checksum_sha1": "",
            "checksum_sha256": "",
            "content": null,
            "content_base64": null,
            "content_disposition": "",
            "content_encoding": "",
            "content_language": "",
            "content_type": "application/x-directory",
            "etag": "d41d8cd98f00b204e9800998ecf8427e",
            "force_destroy": false,
            "id": "party/",
            "key": "party/",
            "kms_key_id": null,
            "metadata": null,
            "object_lock_legal_hold_status": "",
            "object_lock_mode": "",
            "object_lock_retain_until_date": "",
            "override_provider": [],
            "server_side_encryption": "AES256",
            "source": null,
            "source_hash": null,
            "storage_class": "STANDARD",
            "tags": null,
            "tags_all": {},
            "version_id": "",
            "website_redirect": ""
          },
          "sensitive_attributes": [],
          "private": "bnVsbA==",
          "dependencies": [
            "aws_s3_bucket.traffic_collision_minilake_analytics_d0012_s3_staging_bucket_2"
          ]
        }
      ]
    },
    {
      "mode": "managed",
      "type": "aws_s3_object",
      "name": "traffic_collision_minilake_analytics_d0012_s3_staging_bucket_2_victim_prefix",
      "provider": "provider[\"registry.terraform.io/hashicorp/aws\"]",
      "instances": [
        {
          "schema_version": 0,
          "attributes": {
            "acl": null,
            "arn": "arn:aws:s3:::traffic-collision-minilake-analytics-d0012-s3-staging-bucket-2/victim/",
            "bucket": "traffic-collision-minilake-analytics-d0012-s3-staging-bucket-2",
            "bucket_key_enabled": false,
            "cache_control": "",
            "checksum_algorithm": null,
            "checksum_crc32": "",
            "checksum_crc32c": "",
            "checksum_crc64nvme": "",
            "checksum_sha1": "",
            "checksum_sha256": "",
            "content": null,
            "content_base64": null,
            "content_disposition": "",
            "content_encoding": "",
            "content_language": "",
            "content_type": "application/x-directory",
            "etag": "d41d8cd98f00b204e9800998ecf8427e",
            "force_destroy": false,
            "id": "victim/",
            "key": "victim/",
            "kms_key_id": null,
            "metadata": null,
            "object_lock_legal_hold_status": "",
            "object_lock_mode": "",
            "object_lock_retain_until_date": "",
            "override_provider": [],
            "server_side_encryption": "AES256",
            "source": null,
            "source_hash": null,
            "storage_class": "STANDARD",
            "tags": null,
            "tags_all": {},
            "version_id": "",
            "website_redirect": ""
          },
          "sensitive_attributes": [],
          "private": "bnVsbA==",
          "dependencies": [
            "aws_s3_bucket.traffic_collision_minilake_analytics_d0012_s3_staging_bucket_2"
          ]
        }
      ]
    },
    {
      "mode": "managed",
      "type": "time_sleep",
      "name": "traffic_collision_minilake_analytics_d0012_s3_raw_data_bucket_1_iam_sleep",
      "provider": "provider[\"registry.terraform.io/hashicorp/time\"]",
      "instances": [
        {
          "schema_version": 0,
          "attributes": {
            "create_duration": "15s",
            "destroy_duration": null,
            "id": "2026-04-30T06:37:00Z",
            "triggers": null
          },
          "sensitive_attributes": [],
          "dependencies": [
            "aws_cloudwatch_log_group.traffic_collision_minilake_analytics_d0012_lambda_case_processor_4_lg",
            "aws_cloudwatch_log_group.traffic_collision_minilake_analytics_d0012_lambda_collision_processor_1_lg",
            "aws_cloudwatch_log_group.traffic_collision_minilake_analytics_d0012_lambda_party_processor_2_lg",
            "aws_cloudwatch_log_group.traffic_collision_minilake_analytics_d0012_lambda_victim_processor_3_lg",
            "aws_iam_role.traffic_collision_minilake_analytics_d0012_lambda_case_processor_4_role",
            "aws_iam_role.traffic_collision_minilake_analytics_d0012_lambda_collision_processor_1_role",
            "aws_iam_role.traffic_collision_minilake_analytics_d0012_lambda_party_processor_2_role",
            "aws_iam_role.traffic_collision_minilake_analytics_d0012_lambda_victim_processor_3_role",
            "aws_lambda_function.traffic_collision_minilake_analytics_d0012_lambda_case_processor_4",
            "aws_lambda_function.traffic_collision_minilake_analytics_d0012_lambda_collision_processor_1",
            "aws_lambda_function.traffic_collision_minilake_analytics_d0012_lambda_party_processor_2",
            "aws_lambda_function.traffic_collision_minilake_analytics_d0012_lambda_victim_processor_3",
            "aws_lambda_permission.traffic_collision_minilake_analytics_d0012_s3_raw_data_bucket_1_invoke_traffic_collision_minilake_analytics_d0012_lambda_case_processor_4",
            "aws_lambda_permission.traffic_collision_minilake_analytics_d0012_s3_raw_data_bucket_1_invoke_traffic_collision_minilake_analytics_d0012_lambda_collision_processor_1",
            "aws_lambda_permission.traffic_collision_minilake_analytics_d0012_s3_raw_data_bucket_1_invoke_traffic_collision_minilake_analytics_d0012_lambda_party_processor_2",
            "aws_lambda_permission.traffic_collision_minilake_analytics_d0012_s3_raw_data_bucket_1_invoke_traffic_collision_minilake_analytics_d0012_lambda_victim_processor_3",
            "aws_s3_bucket.traffic_collision_minilake_analytics_d0012_s3_raw_data_bucket_1",
            "aws_s3_bucket.traffic_collision_minilake_analytics_d0012_s3_staging_bucket_2",
            "data.archive_file.traffic_collision_minilake_analytics_d0012_lambda_case_processor_4_placeholder",
            "data.archive_file.traffic_collision_minilake_analytics_d0012_lambda_collision_processor_1_placeholder",
            "data.archive_file.traffic_collision_minilake_analytics_d0012_lambda_party_processor_2_placeholder",
            "data.archive_file.traffic_collision_minilake_analytics_d0012_lambda_victim_processor_3_placeholder"
          ]
        }
      ]
    },
    {
      "mode": "managed",
      "type": "time_sleep",
      "name": "traffic_collision_minilake_analytics_d0012_s3_staging_bucket_2_iam_sleep",
      "provider": "provider[\"registry.terraform.io/hashicorp/time\"]",
      "instances": [
        {
          "schema_version": 0,
          "attributes": {
            "create_duration": "15s",
            "destroy_duration": null,
            "id": "2026-04-30T06:36:29Z",
            "triggers": null
          },
          "sensitive_attributes": [],
          "dependencies": [
            "aws_cloudwatch_log_group.traffic_collision_minilake_analytics_d0012_lambda_refine_data_5_lg",
            "aws_iam_role.traffic_collision_minilake_analytics_d0012_lambda_refine_data_5_role",
            "aws_lambda_function.traffic_collision_minilake_analytics_d0012_lambda_refine_data_5",
            "aws_lambda_permission.traffic_collision_minilake_analytics_d0012_s3_staging_bucket_2_invoke_traffic_collision_minilake_analytics_d0012_lambda_refine_data_5",
            "aws_s3_bucket.traffic_collision_minilake_analytics_d0012_s3_minilake_3",
            "aws_s3_bucket.traffic_collision_minilake_analytics_d0012_s3_staging_bucket_2",
            "data.archive_file.traffic_collision_minilake_analytics_d0012_lambda_refine_data_5_placeholder"
          ]
        }
      ]
    }
  ],
  "check_results": null
}
