{
  "version": 4,
  "terraform_version": "1.7.5",
  "serial": 78,
  "lineage": "746b01fc-6c2d-a9cc-10f5-c2ef01e42290",
  "outputs": {},
  "resources": [
    {
      "mode": "managed",
      "type": "aws_athena_workgroup",
      "name": "my_pipeline_engineering_cc001_athena_athena_1",
      "provider": "provider[\"registry.terraform.io/hashicorp/aws\"]",
      "instances": [
        {
          "schema_version": 0,
          "attributes": {
            "arn": "arn:aws:athena:us-east-1:602963248309:workgroup/my-pipeline-engineering-cc001-athena-athena-1",
            "configuration": [
              {
                "bytes_scanned_cutoff_per_query": 0,
                "enforce_workgroup_configuration": true,
                "engine_version": [
                  {
                    "effective_engine_version": "Athena engine version 3",
                    "selected_engine_version": "AUTO"
                  }
                ],
                "execution_role": "",
                "publish_cloudwatch_metrics_enabled": false,
                "requester_pays_enabled": false,
                "result_configuration": [
                  {
                    "acl_configuration": [],
                    "encryption_configuration": [],
                    "expected_bucket_owner": "",
                    "output_location": "s3://my-pipeline-engineering-cc001-s3-s3-2-2/query-results/"
                  }
                ]
              }
            ],
            "description": "",
            "force_destroy": false,
            "id": "my-pipeline-engineering-cc001-athena-athena-1",
            "name": "my-pipeline-engineering-cc001-athena-athena-1",
            "state": "ENABLED",
            "tags": {
              "BusinessUnit": "engineering",
              "CostCenter": "cc001",
              "ManagedBy": "aws-pipeline-engine",
              "Pipeline": "my_pipeline"
            },
            "tags_all": {
              "BusinessUnit": "engineering",
              "CostCenter": "cc001",
              "ManagedBy": "aws-pipeline-engine",
              "Pipeline": "my_pipeline"
            }
          },
          "sensitive_attributes": [],
          "private": "bnVsbA=="
        }
      ]
    }
  ],
  "check_results": null
}
