{
  "version": 4,
  "terraform_version": "1.7.5",
  "serial": 15,
  "lineage": "2ec6045d-2be3-75af-c833-16d51d13e6e4",
  "outputs": {},
  "resources": [
    {
      "mode": "data",
      "type": "archive_file",
      "name": "case_processing_pipeline_engineering_cc001_lambda_case_processor_placeholder",
      "provider": "provider[\"registry.terraform.io/hashicorp/archive\"]",
      "instances": [
        {
          "schema_version": 0,
          "attributes": {
            "exclude_symlink_directories": null,
            "excludes": null,
            "id": "2226a17177cea49d6b77bee44883e9a14d391981",
            "output_base64sha256": "BTxGdiL3ebDmGlsP6aeTgMAJqti+RVkFPDmwYibr61o=",
            "output_base64sha512": "rqKYvGA/2oTZJttL73w4JnhErJ+lJzCCti/YlrCtCtxVlbIkpQwMvhZKPZFtJ76S9+nmwwhynJHOmrvATR5UUQ==",
            "output_file_mode": null,
            "output_md5": "9d2aa90632c66092e47e06ab1c66ec81",
            "output_path": "./case_processing_pipeline_engineering_cc001_lambda_case_processor_placeholder.zip",
            "output_sha": "2226a17177cea49d6b77bee44883e9a14d391981",
            "output_sha256": "053c467622f779b0e61a5b0fe9a79380c009aad8be4559053c39b06226ebeb5a",
            "output_sha512": "aea298bc603fda84d926db4bef7c38267844ac9fa5273082b62fd896b0ad0adc5595b224a50c0cbe164a3d916d27be92f7e9e6c308729c91ce9abbc04d1e5451",
            "output_size": 651,
            "source": [
              {
                "content": "import boto3\nimport pandas as pd\nfrom io import StringIO\nfrom datetime import datetime\n\ns3_client = boto3.client('s3')\n\ndef handler(event, context):\n    print('Hello World')\n    \n    # Get bucket and key from event\n    bucket = event['Records'][0]['s3']['bucket']['name']\n    key = event['Records'][0]['s3']['object']['key']\n    \n    # Read CSV from S3\n    response = s3_client.get_object(Bucket=bucket, Key=key)\n    csv_content = response['Body'].read().decode('utf-8')\n    \n    # Load into pandas dataframe\n    df = pd.read_csv(StringIO(csv_content))\n    \n    # Add createdate column with today's date\n    df['createdate'] = datetime.now().strftime('%Y-%m-%d')\n    \n    # Write to target bucket\n    csv_buffer = StringIO()\n    df.to_csv(csv_buffer, index=False)\n    \n    target_key = key.replace('case/', 'case_stg/')\n    s3_client.put_object(\n        Bucket='tgt',\n        Key=target_key,\n        Body=csv_buffer.getvalue()\n    )\n    \n    return {'statusCode': 200, 'message': 'File processed successfully'}\n",
                "filename": "index.py"
              }
            ],
            "source_content": null,
            "source_content_filename": null,
            "source_dir": null,
            "source_file": null,
            "type": "zip"
          },
          "sensitive_attributes": []
        }
      ]
    },
    {
      "mode": "managed",
      "type": "aws_cloudwatch_log_group",
      "name": "case_processing_pipeline_engineering_cc001_lambda_case_processor_lg",
      "provider": "provider[\"registry.terraform.io/hashicorp/aws\"]",
      "instances": [
        {
          "schema_version": 0,
          "attributes": {
            "arn": "arn:aws:logs:us-east-1:602963248309:log-group:/aws/lambda/case-processing-pipeline-engineering-cc001-lambda-case-processor",
            "id": "/aws/lambda/case-processing-pipeline-engineering-cc001-lambda-case-processor",
            "kms_key_id": "",
            "log_group_class": "STANDARD",
            "name": "/aws/lambda/case-processing-pipeline-engineering-cc001-lambda-case-processor",
            "name_prefix": "",
            "retention_in_days": 7,
            "skip_destroy": false,
            "tags": {
              "BusinessUnit": "engineering",
              "CostCenter": "cc001",
              "ManagedBy": "aws-pipeline-engine",
              "Pipeline": "case_processing_pipeline"
            },
            "tags_all": {
              "BusinessUnit": "engineering",
              "CostCenter": "cc001",
              "ManagedBy": "aws-pipeline-engine",
              "Pipeline": "case_processing_pipeline"
            }
          },
          "sensitive_attributes": [],
          "private": "bnVsbA=="
        }
      ]
    },
    {
      "mode": "managed",
      "type": "aws_iam_role",
      "name": "case_processing_pipeline_engineering_cc001_lambda_case_processor_role",
      "provider": "provider[\"registry.terraform.io/hashicorp/aws\"]",
      "instances": [
        {
          "schema_version": 0,
          "attributes": {
            "arn": "arn:aws:iam::602963248309:role/case-processing-pipeline-engineering-cc001-lambda-c-fd1d9bd-role",
            "assume_role_policy": "{\"Statement\":[{\"Action\":\"sts:AssumeRole\",\"Effect\":\"Allow\",\"Principal\":{\"Service\":\"lambda.amazonaws.com\"}}],\"Version\":\"2012-10-17\"}",
            "create_date": "2026-04-22T17:22:20Z",
            "description": "",
            "force_detach_policies": false,
            "id": "case-processing-pipeline-engineering-cc001-lambda-c-fd1d9bd-role",
            "inline_policy": [],
            "managed_policy_arns": [],
            "max_session_duration": 3600,
            "name": "case-processing-pipeline-engineering-cc001-lambda-c-fd1d9bd-role",
            "name_prefix": "",
            "path": "/",
            "permissions_boundary": "",
            "tags": {
              "BusinessUnit": "engineering",
              "CostCenter": "cc001",
              "ManagedBy": "aws-pipeline-engine",
              "Pipeline": "case_processing_pipeline"
            },
            "tags_all": {
              "BusinessUnit": "engineering",
              "CostCenter": "cc001",
              "ManagedBy": "aws-pipeline-engine",
              "Pipeline": "case_processing_pipeline"
            },
            "unique_id": "AROAYYY3JAS2VS2GAE6KT"
          },
          "sensitive_attributes": [],
          "private": "bnVsbA=="
        }
      ]
    },
    {
      "mode": "managed",
      "type": "aws_iam_role_policy",
      "name": "case_processing_pipeline_engineering_cc001_lambda_case_processor_policy",
      "provider": "provider[\"registry.terraform.io/hashicorp/aws\"]",
      "instances": [
        {
          "schema_version": 0,
          "attributes": {
            "id": "case-processing-pipeline-engineering-cc001-lambda-c-fd1d9bd-role:case-processing-pipeline-engineering-cc001-lambda-fd1d9bd-policy",
            "name": "case-processing-pipeline-engineering-cc001-lambda-fd1d9bd-policy",
            "name_prefix": "",
            "policy": "{\"Version\":\"2012-10-17\",\"Statement\":[{\"Action\":[\"logs:CreateLogGroup\",\"logs:CreateLogStream\",\"logs:PutLogEvents\",\"s3:GetObject\",\"s3:ListBucket\",\"s3:PutObject\",\"s3:DeleteObject\"],\"Effect\":\"Allow\",\"Resource\":\"*\"}]}",
            "role": "case-processing-pipeline-engineering-cc001-lambda-c-fd1d9bd-role"
          },
          "sensitive_attributes": [],
          "private": "bnVsbA==",
          "dependencies": [
            "aws_iam_role.case_processing_pipeline_engineering_cc001_lambda_case_processor_role"
          ]
        }
      ]
    },
    {
      "mode": "managed",
      "type": "aws_lambda_function",
      "name": "case_processing_pipeline_engineering_cc001_lambda_case_processor",
      "provider": "provider[\"registry.terraform.io/hashicorp/aws\"]",
      "instances": [
        {
          "schema_version": 0,
          "attributes": {
            "architectures": [
              "x86_64"
            ],
            "arn": "arn:aws:lambda:us-east-1:602963248309:function:case-processing-pipeline-engineering-cc001-lambda-case-processor",
            "code_sha256": "BTxGdiL3ebDmGlsP6aeTgMAJqti+RVkFPDmwYibr61o=",
            "code_signing_config_arn": "",
            "dead_letter_config": [],
            "description": "",
            "environment": [
              {
                "variables": {
                  "TGT_BUCKET": "case-processing-pipeline-engineering-cc001-s3-tgt-2"
                }
              }
            ],
            "ephemeral_storage": [
              {
                "size": 512
              }
            ],
            "file_system_config": [],
            "filename": "./case_processing_pipeline_engineering_cc001_lambda_case_processor_placeholder.zip",
            "function_name": "case-processing-pipeline-engineering-cc001-lambda-case-processor",
            "handler": "index.handler",
            "id": "case-processing-pipeline-engineering-cc001-lambda-case-processor",
            "image_config": [],
            "image_uri": "",
            "invoke_arn": "arn:aws:apigateway:us-east-1:lambda:path/2015-03-31/functions/arn:aws:lambda:us-east-1:602963248309:function:case-processing-pipeline-engineering-cc001-lambda-case-processor/invocations",
            "kms_key_arn": "",
            "last_modified": "2026-04-22T17:22:28.710+0000",
            "layers": null,
            "logging_config": [
              {
                "application_log_level": "",
                "log_format": "Text",
                "log_group": "/aws/lambda/case-processing-pipeline-engineering-cc001-lambda-case-processor",
                "system_log_level": ""
              }
            ],
            "memory_size": 512,
            "package_type": "Zip",
            "publish": false,
            "qualified_arn": "arn:aws:lambda:us-east-1:602963248309:function:case-processing-pipeline-engineering-cc001-lambda-case-processor:$LATEST",
            "qualified_invoke_arn": "arn:aws:apigateway:us-east-1:lambda:path/2015-03-31/functions/arn:aws:lambda:us-east-1:602963248309:function:case-processing-pipeline-engineering-cc001-lambda-case-processor:$LATEST/invocations",
            "replace_security_groups_on_destroy": null,
            "replacement_security_group_ids": null,
            "reserved_concurrent_executions": -1,
            "role": "arn:aws:iam::602963248309:role/case-processing-pipeline-engineering-cc001-lambda-c-fd1d9bd-role",
            "runtime": "python3.12",
            "s3_bucket": null,
            "s3_key": null,
            "s3_object_version": null,
            "signing_job_arn": "",
            "signing_profile_version_arn": "",
            "skip_destroy": false,
            "snap_start": [],
            "source_code_hash": "BTxGdiL3ebDmGlsP6aeTgMAJqti+RVkFPDmwYibr61o=",
            "source_code_size": 651,
            "tags": {
              "BusinessUnit": "engineering",
              "CostCenter": "cc001",
              "ManagedBy": "aws-pipeline-engine",
              "Pipeline": "case_processing_pipeline"
            },
            "tags_all": {
              "BusinessUnit": "engineering",
              "CostCenter": "cc001",
              "ManagedBy": "aws-pipeline-engine",
              "Pipeline": "case_processing_pipeline"
            },
            "timeout": 300,
            "timeouts": null,
            "tracing_config": [
              {
                "mode": "PassThrough"
              }
            ],
            "version": "$LATEST",
            "vpc_config": []
          },
          "sensitive_attributes": [],
          "private": "eyJlMmJmYjczMC1lY2FhLTExZTYtOGY4OC0zNDM2M2JjN2M0YzAiOnsiY3JlYXRlIjo2MDAwMDAwMDAwMDAsImRlbGV0ZSI6NjAwMDAwMDAwMDAwLCJ1cGRhdGUiOjYwMDAwMDAwMDAwMH19",
          "dependencies": [
            "aws_cloudwatch_log_group.case_processing_pipeline_engineering_cc001_lambda_case_processor_lg",
            "aws_iam_role.case_processing_pipeline_engineering_cc001_lambda_case_processor_role",
            "aws_s3_bucket.case_processing_pipeline_engineering_cc001_s3_tgt_2",
            "data.archive_file.case_processing_pipeline_engineering_cc001_lambda_case_processor_placeholder"
          ]
        }
      ]
    },
    {
      "mode": "managed",
      "type": "aws_lambda_permission",
      "name": "case_processing_pipeline_engineering_cc001_s3_src_1_invoke_case_processing_pipeline_engineering_cc001_lambda_case_processor",
      "provider": "provider[\"registry.terraform.io/hashicorp/aws\"]",
      "instances": [
        {
          "schema_version": 0,
          "attributes": {
            "action": "lambda:InvokeFunction",
            "event_source_token": null,
            "function_name": "case-processing-pipeline-engineering-cc001-lambda-case-processor",
            "function_url_auth_type": null,
            "id": "AllowS3-case_processing_pipeline_engineering_cc001_s3_src_1-case_processing_pipeline_engine-60975472",
            "principal": "s3.amazonaws.com",
            "principal_org_id": null,
            "qualifier": "",
            "source_account": null,
            "source_arn": "arn:aws:s3:::case-processing-pipeline-engineering-cc001-s3-src-1",
            "statement_id": "AllowS3-case_processing_pipeline_engineering_cc001_s3_src_1-case_processing_pipeline_engine-60975472",
            "statement_id_prefix": ""
          },
          "sensitive_attributes": [],
          "private": "bnVsbA==",
          "dependencies": [
            "aws_cloudwatch_log_group.case_processing_pipeline_engineering_cc001_lambda_case_processor_lg",
            "aws_iam_role.case_processing_pipeline_engineering_cc001_lambda_case_processor_role",
            "aws_lambda_function.case_processing_pipeline_engineering_cc001_lambda_case_processor",
            "aws_s3_bucket.case_processing_pipeline_engineering_cc001_s3_src_1",
            "aws_s3_bucket.case_processing_pipeline_engineering_cc001_s3_tgt_2",
            "data.archive_file.case_processing_pipeline_engineering_cc001_lambda_case_processor_placeholder"
          ]
        }
      ]
    },
    {
      "mode": "managed",
      "type": "aws_s3_bucket",
      "name": "case_processing_pipeline_engineering_cc001_s3_src_1",
      "provider": "provider[\"registry.terraform.io/hashicorp/aws\"]",
      "instances": [
        {
          "schema_version": 0,
          "attributes": {
            "acceleration_status": "",
            "acl": null,
            "arn": "arn:aws:s3:::case-processing-pipeline-engineering-cc001-s3-src-1",
            "bucket": "case-processing-pipeline-engineering-cc001-s3-src-1",
            "bucket_domain_name": "case-processing-pipeline-engineering-cc001-s3-src-1.s3.amazonaws.com",
            "bucket_prefix": "",
            "bucket_regional_domain_name": "case-processing-pipeline-engineering-cc001-s3-src-1.s3.us-east-1.amazonaws.com",
            "cors_rule": [],
            "force_destroy": true,
            "grant": [
              {
                "id": "6b988a1bfb1696d044a07b3f9fd2a2a715c57a1b22eb6076238db5417a49eab2",
                "permissions": [
                  "FULL_CONTROL"
                ],
                "type": "CanonicalUser",
                "uri": ""
              }
            ],
            "hosted_zone_id": "Z3AQBSTGFYJSTF",
            "id": "case-processing-pipeline-engineering-cc001-s3-src-1",
            "lifecycle_rule": [],
            "logging": [],
            "object_lock_configuration": [],
            "object_lock_enabled": false,
            "policy": "",
            "region": "us-east-1",
            "replication_configuration": [],
            "request_payer": "BucketOwner",
            "server_side_encryption_configuration": [
              {
                "rule": [
                  {
                    "apply_server_side_encryption_by_default": [
                      {
                        "kms_master_key_id": "",
                        "sse_algorithm": "AES256"
                      }
                    ],
                    "bucket_key_enabled": false
                  }
                ]
              }
            ],
            "tags": {
              "BusinessUnit": "engineering",
              "CostCenter": "cc001",
              "ManagedBy": "aws-pipeline-engine",
              "Pipeline": "case_processing_pipeline"
            },
            "tags_all": {
              "BusinessUnit": "engineering",
              "CostCenter": "cc001",
              "ManagedBy": "aws-pipeline-engine",
              "Pipeline": "case_processing_pipeline"
            },
            "timeouts": null,
            "versioning": [
              {
                "enabled": false,
                "mfa_delete": false
              }
            ],
            "website": [],
            "website_domain": null,
            "website_endpoint": null
          },
          "sensitive_attributes": [],
          "private": "eyJlMmJmYjczMC1lY2FhLTExZTYtOGY4OC0zNDM2M2JjN2M0YzAiOnsiY3JlYXRlIjoxMjAwMDAwMDAwMDAwLCJkZWxldGUiOjM2MDAwMDAwMDAwMDAsInJlYWQiOjEyMDAwMDAwMDAwMDAsInVwZGF0ZSI6MTIwMDAwMDAwMDAwMH19"
        }
      ]
    },
    {
      "mode": "managed",
      "type": "aws_s3_bucket",
      "name": "case_processing_pipeline_engineering_cc001_s3_tgt_2",
      "provider": "provider[\"registry.terraform.io/hashicorp/aws\"]",
      "instances": [
        {
          "schema_version": 0,
          "attributes": {
            "acceleration_status": "",
            "acl": null,
            "arn": "arn:aws:s3:::case-processing-pipeline-engineering-cc001-s3-tgt-2",
            "bucket": "case-processing-pipeline-engineering-cc001-s3-tgt-2",
            "bucket_domain_name": "case-processing-pipeline-engineering-cc001-s3-tgt-2.s3.amazonaws.com",
            "bucket_prefix": "",
            "bucket_regional_domain_name": "case-processing-pipeline-engineering-cc001-s3-tgt-2.s3.us-east-1.amazonaws.com",
            "cors_rule": [],
            "force_destroy": true,
            "grant": [
              {
                "id": "6b988a1bfb1696d044a07b3f9fd2a2a715c57a1b22eb6076238db5417a49eab2",
                "permissions": [
                  "FULL_CONTROL"
                ],
                "type": "CanonicalUser",
                "uri": ""
              }
            ],
            "hosted_zone_id": "Z3AQBSTGFYJSTF",
            "id": "case-processing-pipeline-engineering-cc001-s3-tgt-2",
            "lifecycle_rule": [],
            "logging": [],
            "object_lock_configuration": [],
            "object_lock_enabled": false,
            "policy": "",
            "region": "us-east-1",
            "replication_configuration": [],
            "request_payer": "BucketOwner",
            "server_side_encryption_configuration": [
              {
                "rule": [
                  {
                    "apply_server_side_encryption_by_default": [
                      {
                        "kms_master_key_id": "",
                        "sse_algorithm": "AES256"
                      }
                    ],
                    "bucket_key_enabled": false
                  }
                ]
              }
            ],
            "tags": {
              "BusinessUnit": "engineering",
              "CostCenter": "cc001",
              "ManagedBy": "aws-pipeline-engine",
              "Pipeline": "case_processing_pipeline"
            },
            "tags_all": {
              "BusinessUnit": "engineering",
              "CostCenter": "cc001",
              "ManagedBy": "aws-pipeline-engine",
              "Pipeline": "case_processing_pipeline"
            },
            "timeouts": null,
            "versioning": [
              {
                "enabled": false,
                "mfa_delete": false
              }
            ],
            "website": [],
            "website_domain": null,
            "website_endpoint": null
          },
          "sensitive_attributes": [],
          "private": "eyJlMmJmYjczMC1lY2FhLTExZTYtOGY4OC0zNDM2M2JjN2M0YzAiOnsiY3JlYXRlIjoxMjAwMDAwMDAwMDAwLCJkZWxldGUiOjM2MDAwMDAwMDAwMDAsInJlYWQiOjEyMDAwMDAwMDAwMDAsInVwZGF0ZSI6MTIwMDAwMDAwMDAwMH19"
        }
      ]
    },
    {
      "mode": "managed",
      "type": "aws_s3_bucket_notification",
      "name": "case_processing_pipeline_engineering_cc001_s3_src_1_notification",
      "provider": "provider[\"registry.terraform.io/hashicorp/aws\"]",
      "instances": [
        {
          "schema_version": 0,
          "attributes": {
            "bucket": "case-processing-pipeline-engineering-cc001-s3-src-1",
            "eventbridge": false,
            "id": "case-processing-pipeline-engineering-cc001-s3-src-1",
            "lambda_function": [
              {
                "events": [
                  "s3:ObjectCreated:*"
                ],
                "filter_prefix": "case/",
                "filter_suffix": "",
                "id": "case_processing_pipeline_engineering_cc001_s3_src_1_case_processing_pipeline_engineering_cc001_lambda_case_processor",
                "lambda_function_arn": "arn:aws:lambda:us-east-1:602963248309:function:case-processing-pipeline-engineering-cc001-lambda-case-processor"
              }
            ],
            "queue": [],
            "topic": []
          },
          "sensitive_attributes": [],
          "private": "bnVsbA==",
          "dependencies": [
            "aws_cloudwatch_log_group.case_processing_pipeline_engineering_cc001_lambda_case_processor_lg",
            "aws_iam_role.case_processing_pipeline_engineering_cc001_lambda_case_processor_role",
            "aws_lambda_function.case_processing_pipeline_engineering_cc001_lambda_case_processor",
            "aws_lambda_permission.case_processing_pipeline_engineering_cc001_s3_src_1_invoke_case_processing_pipeline_engineering_cc001_lambda_case_processor",
            "aws_s3_bucket.case_processing_pipeline_engineering_cc001_s3_src_1",
            "aws_s3_bucket.case_processing_pipeline_engineering_cc001_s3_tgt_2",
            "data.archive_file.case_processing_pipeline_engineering_cc001_lambda_case_processor_placeholder"
          ]
        }
      ]
    },
    {
      "mode": "managed",
      "type": "aws_s3_bucket_server_side_encryption_configuration",
      "name": "case_processing_pipeline_engineering_cc001_s3_src_1_sse",
      "provider": "provider[\"registry.terraform.io/hashicorp/aws\"]",
      "instances": [
        {
          "schema_version": 0,
          "attributes": {
            "bucket": "case-processing-pipeline-engineering-cc001-s3-src-1",
            "expected_bucket_owner": "",
            "id": "case-processing-pipeline-engineering-cc001-s3-src-1",
            "rule": [
              {
                "apply_server_side_encryption_by_default": [
                  {
                    "kms_master_key_id": "",
                    "sse_algorithm": "AES256"
                  }
                ],
                "bucket_key_enabled": null
              }
            ]
          },
          "sensitive_attributes": [],
          "private": "bnVsbA==",
          "dependencies": [
            "aws_s3_bucket.case_processing_pipeline_engineering_cc001_s3_src_1"
          ]
        }
      ]
    },
    {
      "mode": "managed",
      "type": "aws_s3_bucket_server_side_encryption_configuration",
      "name": "case_processing_pipeline_engineering_cc001_s3_tgt_2_sse",
      "provider": "provider[\"registry.terraform.io/hashicorp/aws\"]",
      "instances": [
        {
          "schema_version": 0,
          "attributes": {
            "bucket": "case-processing-pipeline-engineering-cc001-s3-tgt-2",
            "expected_bucket_owner": "",
            "id": "case-processing-pipeline-engineering-cc001-s3-tgt-2",
            "rule": [
              {
                "apply_server_side_encryption_by_default": [
                  {
                    "kms_master_key_id": "",
                    "sse_algorithm": "AES256"
                  }
                ],
                "bucket_key_enabled": null
              }
            ]
          },
          "sensitive_attributes": [],
          "private": "bnVsbA==",
          "dependencies": [
            "aws_s3_bucket.case_processing_pipeline_engineering_cc001_s3_tgt_2"
          ]
        }
      ]
    },
    {
      "mode": "managed",
      "type": "aws_s3_bucket_versioning",
      "name": "case_processing_pipeline_engineering_cc001_s3_src_1_versioning",
      "provider": "provider[\"registry.terraform.io/hashicorp/aws\"]",
      "instances": [
        {
          "schema_version": 0,
          "attributes": {
            "bucket": "case-processing-pipeline-engineering-cc001-s3-src-1",
            "expected_bucket_owner": "",
            "id": "case-processing-pipeline-engineering-cc001-s3-src-1",
            "mfa": null,
            "versioning_configuration": [
              {
                "mfa_delete": "",
                "status": "Suspended"
              }
            ]
          },
          "sensitive_attributes": [],
          "private": "bnVsbA==",
          "dependencies": [
            "aws_s3_bucket.case_processing_pipeline_engineering_cc001_s3_src_1"
          ]
        }
      ]
    },
    {
      "mode": "managed",
      "type": "aws_s3_bucket_versioning",
      "name": "case_processing_pipeline_engineering_cc001_s3_tgt_2_versioning",
      "provider": "provider[\"registry.terraform.io/hashicorp/aws\"]",
      "instances": [
        {
          "schema_version": 0,
          "attributes": {
            "bucket": "case-processing-pipeline-engineering-cc001-s3-tgt-2",
            "expected_bucket_owner": "",
            "id": "case-processing-pipeline-engineering-cc001-s3-tgt-2",
            "mfa": null,
            "versioning_configuration": [
              {
                "mfa_delete": "",
                "status": "Suspended"
              }
            ]
          },
          "sensitive_attributes": [],
          "private": "bnVsbA==",
          "dependencies": [
            "aws_s3_bucket.case_processing_pipeline_engineering_cc001_s3_tgt_2"
          ]
        }
      ]
    },
    {
      "mode": "managed",
      "type": "aws_s3_object",
      "name": "case_processing_pipeline_engineering_cc001_s3_src_1_case_prefix",
      "provider": "provider[\"registry.terraform.io/hashicorp/aws\"]",
      "instances": [
        {
          "schema_version": 0,
          "attributes": {
            "acl": null,
            "arn": "arn:aws:s3:::case-processing-pipeline-engineering-cc001-s3-src-1/case/",
            "bucket": "case-processing-pipeline-engineering-cc001-s3-src-1",
            "bucket_key_enabled": false,
            "cache_control": "",
            "checksum_algorithm": null,
            "checksum_crc32": "",
            "checksum_crc32c": "",
            "checksum_crc64nvme": "",
            "checksum_sha1": "",
            "checksum_sha256": "",
            "content": null,
            "content_base64": null,
            "content_disposition": "",
            "content_encoding": "",
            "content_language": "",
            "content_type": "application/x-directory",
            "etag": "d41d8cd98f00b204e9800998ecf8427e",
            "force_destroy": false,
            "id": "case/",
            "key": "case/",
            "kms_key_id": null,
            "metadata": null,
            "object_lock_legal_hold_status": "",
            "object_lock_mode": "",
            "object_lock_retain_until_date": "",
            "override_provider": [],
            "server_side_encryption": "AES256",
            "source": null,
            "source_hash": null,
            "storage_class": "STANDARD",
            "tags": null,
            "tags_all": {},
            "version_id": "null",
            "website_redirect": ""
          },
          "sensitive_attributes": [],
          "private": "bnVsbA==",
          "dependencies": [
            "aws_s3_bucket.case_processing_pipeline_engineering_cc001_s3_src_1"
          ]
        }
      ]
    },
    {
      "mode": "managed",
      "type": "aws_s3_object",
      "name": "case_processing_pipeline_engineering_cc001_s3_tgt_2_case_stg_prefix",
      "provider": "provider[\"registry.terraform.io/hashicorp/aws\"]",
      "instances": [
        {
          "schema_version": 0,
          "attributes": {
            "acl": null,
            "arn": "arn:aws:s3:::case-processing-pipeline-engineering-cc001-s3-tgt-2/case_stg/",
            "bucket": "case-processing-pipeline-engineering-cc001-s3-tgt-2",
            "bucket_key_enabled": false,
            "cache_control": "",
            "checksum_algorithm": null,
            "checksum_crc32": "",
            "checksum_crc32c": "",
            "checksum_crc64nvme": "",
            "checksum_sha1": "",
            "checksum_sha256": "",
            "content": null,
            "content_base64": null,
            "content_disposition": "",
            "content_encoding": "",
            "content_language": "",
            "content_type": "application/x-directory",
            "etag": "d41d8cd98f00b204e9800998ecf8427e",
            "force_destroy": false,
            "id": "case_stg/",
            "key": "case_stg/",
            "kms_key_id": null,
            "metadata": null,
            "object_lock_legal_hold_status": "",
            "object_lock_mode": "",
            "object_lock_retain_until_date": "",
            "override_provider": [],
            "server_side_encryption": "AES256",
            "source": null,
            "source_hash": null,
            "storage_class": "STANDARD",
            "tags": null,
            "tags_all": {},
            "version_id": "null",
            "website_redirect": ""
          },
          "sensitive_attributes": [],
          "private": "bnVsbA==",
          "dependencies": [
            "aws_s3_bucket.case_processing_pipeline_engineering_cc001_s3_tgt_2"
          ]
        }
      ]
    }
  ],
  "check_results": null
}
