{
  "version": 4,
  "terraform_version": "1.7.5",
  "serial": 47,
  "lineage": "42d7a280-f77e-aafe-c6e2-29feb7d90671",
  "outputs": {},
  "resources": [
    {
      "mode": "data",
      "type": "archive_file",
      "name": "order_processing_pipeline_c01_operations_lambda_process_invoice_5f70_placeholder",
      "provider": "provider[\"registry.terraform.io/hashicorp/archive\"]",
      "instances": [
        {
          "schema_version": 0,
          "attributes": {
            "exclude_symlink_directories": null,
            "excludes": null,
            "id": "f59f3fd420ddaa451ce12fb440deb2aa076e6172",
            "output_base64sha256": "LmcgHcF2xlW0KH/h8do1eRPlc9I5gAA6/LTH/6iiCAM=",
            "output_base64sha512": "qEl4hschIDtZI/cxJuiutUlGG5PkLE253Ng5kS1rICHmzYbU7mS1WybzCNffsBdM+q5UiwHLo8/J2lXnSfZNnw==",
            "output_file_mode": null,
            "output_md5": "2890be29225d7ea7b0499f76bebd6c93",
            "output_path": "./order_processing_pipeline_c01_operations_lambda_process_invoice_5f70_placeholder.zip",
            "output_sha": "f59f3fd420ddaa451ce12fb440deb2aa076e6172",
            "output_sha256": "2e67201dc176c655b4287fe1f1da357913e573d23980003afcb4c7ffa8a20803",
            "output_sha512": "a8497886c721203b5923f73126e8aeb549461b93e42c4db9dcd839912d6b2021e6cd86d4ee64b55b26f308d7dfb0174cfaae548b01cba3cfc9da55e749f64d9f",
            "output_size": 195,
            "source": [
              {
                "content": "def handler(event, context):\n    return {\"statusCode\": 200}",
                "filename": "index.py"
              }
            ],
            "source_content": null,
            "source_content_filename": null,
            "source_dir": null,
            "source_file": null,
            "type": "zip"
          },
          "sensitive_attributes": []
        }
      ]
    },
    {
      "mode": "data",
      "type": "archive_file",
      "name": "order_processing_pipeline_c01_operations_lambda_process_order_1c37_placeholder",
      "provider": "provider[\"registry.terraform.io/hashicorp/archive\"]",
      "instances": [
        {
          "schema_version": 0,
          "attributes": {
            "exclude_symlink_directories": null,
            "excludes": null,
            "id": "f59f3fd420ddaa451ce12fb440deb2aa076e6172",
            "output_base64sha256": "LmcgHcF2xlW0KH/h8do1eRPlc9I5gAA6/LTH/6iiCAM=",
            "output_base64sha512": "qEl4hschIDtZI/cxJuiutUlGG5PkLE253Ng5kS1rICHmzYbU7mS1WybzCNffsBdM+q5UiwHLo8/J2lXnSfZNnw==",
            "output_file_mode": null,
            "output_md5": "2890be29225d7ea7b0499f76bebd6c93",
            "output_path": "./order_processing_pipeline_c01_operations_lambda_process_order_1c37_placeholder.zip",
            "output_sha": "f59f3fd420ddaa451ce12fb440deb2aa076e6172",
            "output_sha256": "2e67201dc176c655b4287fe1f1da357913e573d23980003afcb4c7ffa8a20803",
            "output_sha512": "a8497886c721203b5923f73126e8aeb549461b93e42c4db9dcd839912d6b2021e6cd86d4ee64b55b26f308d7dfb0174cfaae548b01cba3cfc9da55e749f64d9f",
            "output_size": 195,
            "source": [
              {
                "content": "def handler(event, context):\n    return {\"statusCode\": 200}",
                "filename": "index.py"
              }
            ],
            "source_content": null,
            "source_content_filename": null,
            "source_dir": null,
            "source_file": null,
            "type": "zip"
          },
          "sensitive_attributes": []
        }
      ]
    },
    {
      "mode": "data",
      "type": "archive_file",
      "name": "order_processing_pipeline_c01_operations_lambda_process_product_c130_placeholder",
      "provider": "provider[\"registry.terraform.io/hashicorp/archive\"]",
      "instances": [
        {
          "schema_version": 0,
          "attributes": {
            "exclude_symlink_directories": null,
            "excludes": null,
            "id": "f59f3fd420ddaa451ce12fb440deb2aa076e6172",
            "output_base64sha256": "LmcgHcF2xlW0KH/h8do1eRPlc9I5gAA6/LTH/6iiCAM=",
            "output_base64sha512": "qEl4hschIDtZI/cxJuiutUlGG5PkLE253Ng5kS1rICHmzYbU7mS1WybzCNffsBdM+q5UiwHLo8/J2lXnSfZNnw==",
            "output_file_mode": null,
            "output_md5": "2890be29225d7ea7b0499f76bebd6c93",
            "output_path": "./order_processing_pipeline_c01_operations_lambda_process_product_c130_placeholder.zip",
            "output_sha": "f59f3fd420ddaa451ce12fb440deb2aa076e6172",
            "output_sha256": "2e67201dc176c655b4287fe1f1da357913e573d23980003afcb4c7ffa8a20803",
            "output_sha512": "a8497886c721203b5923f73126e8aeb549461b93e42c4db9dcd839912d6b2021e6cd86d4ee64b55b26f308d7dfb0174cfaae548b01cba3cfc9da55e749f64d9f",
            "output_size": 195,
            "source": [
              {
                "content": "def handler(event, context):\n    return {\"statusCode\": 200}",
                "filename": "index.py"
              }
            ],
            "source_content": null,
            "source_content_filename": null,
            "source_dir": null,
            "source_file": null,
            "type": "zip"
          },
          "sensitive_attributes": []
        }
      ]
    },
    {
      "mode": "data",
      "type": "archive_file",
      "name": "order_processing_pipeline_c01_operations_lambda_refine_data_b055_placeholder",
      "provider": "provider[\"registry.terraform.io/hashicorp/archive\"]",
      "instances": [
        {
          "schema_version": 0,
          "attributes": {
            "exclude_symlink_directories": null,
            "excludes": null,
            "id": "f59f3fd420ddaa451ce12fb440deb2aa076e6172",
            "output_base64sha256": "LmcgHcF2xlW0KH/h8do1eRPlc9I5gAA6/LTH/6iiCAM=",
            "output_base64sha512": "qEl4hschIDtZI/cxJuiutUlGG5PkLE253Ng5kS1rICHmzYbU7mS1WybzCNffsBdM+q5UiwHLo8/J2lXnSfZNnw==",
            "output_file_mode": null,
            "output_md5": "2890be29225d7ea7b0499f76bebd6c93",
            "output_path": "./order_processing_pipeline_c01_operations_lambda_refine_data_b055_placeholder.zip",
            "output_sha": "f59f3fd420ddaa451ce12fb440deb2aa076e6172",
            "output_sha256": "2e67201dc176c655b4287fe1f1da357913e573d23980003afcb4c7ffa8a20803",
            "output_sha512": "a8497886c721203b5923f73126e8aeb549461b93e42c4db9dcd839912d6b2021e6cd86d4ee64b55b26f308d7dfb0174cfaae548b01cba3cfc9da55e749f64d9f",
            "output_size": 195,
            "source": [
              {
                "content": "def handler(event, context):\n    return {\"statusCode\": 200}",
                "filename": "index.py"
              }
            ],
            "source_content": null,
            "source_content_filename": null,
            "source_dir": null,
            "source_file": null,
            "type": "zip"
          },
          "sensitive_attributes": []
        }
      ]
    },
    {
      "mode": "managed",
      "type": "aws_cloudwatch_log_group",
      "name": "order_processing_pipeline_c01_operations_lambda_process_invoice_5f70_lg",
      "provider": "provider[\"registry.terraform.io/hashicorp/aws\"]",
      "instances": [
        {
          "schema_version": 0,
          "attributes": {
            "arn": "arn:aws:logs:us-east-1:602963248309:log-group:/aws/lambda/order-processing-pipeline-c01-operations-lambda-process-78776ca",
            "id": "/aws/lambda/order-processing-pipeline-c01-operations-lambda-process-78776ca",
            "kms_key_id": "",
            "log_group_class": "STANDARD",
            "name": "/aws/lambda/order-processing-pipeline-c01-operations-lambda-process-78776ca",
            "name_prefix": "",
            "retention_in_days": 7,
            "skip_destroy": false,
            "tags": {
              "BusinessUnit": "operations",
              "CostCenter": "c01",
              "ManagedBy": "aws-pipeline-engine",
              "Pipeline": "order_processing_pipeline"
            },
            "tags_all": {
              "BusinessUnit": "operations",
              "CostCenter": "c01",
              "ManagedBy": "aws-pipeline-engine",
              "Pipeline": "order_processing_pipeline"
            }
          },
          "sensitive_attributes": [],
          "private": "bnVsbA=="
        }
      ]
    },
    {
      "mode": "managed",
      "type": "aws_cloudwatch_log_group",
      "name": "order_processing_pipeline_c01_operations_lambda_process_order_1c37_lg",
      "provider": "provider[\"registry.terraform.io/hashicorp/aws\"]",
      "instances": [
        {
          "schema_version": 0,
          "attributes": {
            "arn": "arn:aws:logs:us-east-1:602963248309:log-group:/aws/lambda/order-processing-pipeline-c01-operations-lambda-process-c82ea3d",
            "id": "/aws/lambda/order-processing-pipeline-c01-operations-lambda-process-c82ea3d",
            "kms_key_id": "",
            "log_group_class": "STANDARD",
            "name": "/aws/lambda/order-processing-pipeline-c01-operations-lambda-process-c82ea3d",
            "name_prefix": "",
            "retention_in_days": 7,
            "skip_destroy": false,
            "tags": {
              "BusinessUnit": "operations",
              "CostCenter": "c01",
              "ManagedBy": "aws-pipeline-engine",
              "Pipeline": "order_processing_pipeline"
            },
            "tags_all": {
              "BusinessUnit": "operations",
              "CostCenter": "c01",
              "ManagedBy": "aws-pipeline-engine",
              "Pipeline": "order_processing_pipeline"
            }
          },
          "sensitive_attributes": [],
          "private": "bnVsbA=="
        }
      ]
    },
    {
      "mode": "managed",
      "type": "aws_cloudwatch_log_group",
      "name": "order_processing_pipeline_c01_operations_lambda_process_product_c130_lg",
      "provider": "provider[\"registry.terraform.io/hashicorp/aws\"]",
      "instances": [
        {
          "schema_version": 0,
          "attributes": {
            "arn": "arn:aws:logs:us-east-1:602963248309:log-group:/aws/lambda/order-processing-pipeline-c01-operations-lambda-process-525464a",
            "id": "/aws/lambda/order-processing-pipeline-c01-operations-lambda-process-525464a",
            "kms_key_id": "",
            "log_group_class": "STANDARD",
            "name": "/aws/lambda/order-processing-pipeline-c01-operations-lambda-process-525464a",
            "name_prefix": "",
            "retention_in_days": 7,
            "skip_destroy": false,
            "tags": {
              "BusinessUnit": "operations",
              "CostCenter": "c01",
              "ManagedBy": "aws-pipeline-engine",
              "Pipeline": "order_processing_pipeline"
            },
            "tags_all": {
              "BusinessUnit": "operations",
              "CostCenter": "c01",
              "ManagedBy": "aws-pipeline-engine",
              "Pipeline": "order_processing_pipeline"
            }
          },
          "sensitive_attributes": [],
          "private": "bnVsbA=="
        }
      ]
    },
    {
      "mode": "managed",
      "type": "aws_cloudwatch_log_group",
      "name": "order_processing_pipeline_c01_operations_lambda_refine_data_b055_lg",
      "provider": "provider[\"registry.terraform.io/hashicorp/aws\"]",
      "instances": [
        {
          "schema_version": 0,
          "attributes": {
            "arn": "arn:aws:logs:us-east-1:602963248309:log-group:/aws/lambda/order-processing-pipeline-c01-operations-lambda-refine-data-f0c3",
            "id": "/aws/lambda/order-processing-pipeline-c01-operations-lambda-refine-data-f0c3",
            "kms_key_id": "",
            "log_group_class": "STANDARD",
            "name": "/aws/lambda/order-processing-pipeline-c01-operations-lambda-refine-data-f0c3",
            "name_prefix": "",
            "retention_in_days": 7,
            "skip_destroy": false,
            "tags": {
              "BusinessUnit": "operations",
              "CostCenter": "c01",
              "ManagedBy": "aws-pipeline-engine",
              "Pipeline": "order_processing_pipeline"
            },
            "tags_all": {
              "BusinessUnit": "operations",
              "CostCenter": "c01",
              "ManagedBy": "aws-pipeline-engine",
              "Pipeline": "order_processing_pipeline"
            }
          },
          "sensitive_attributes": [],
          "private": "bnVsbA=="
        }
      ]
    },
    {
      "mode": "managed",
      "type": "aws_glue_catalog_database",
      "name": "order_processing_pipeline_c01_operations_glue_data_catalog_invoice_table_76c9",
      "provider": "provider[\"registry.terraform.io/hashicorp/aws\"]",
      "instances": [
        {
          "schema_version": 0,
          "attributes": {
            "arn": "arn:aws:glue:us-east-1:602963248309:database/order_processing_pipeline_c01_operations_glue_data_cata_20e443f",
            "catalog_id": "602963248309",
            "create_table_default_permission": [
              {
                "permissions": [
                  "ALL"
                ],
                "principal": [
                  {
                    "data_lake_principal_identifier": "IAM_ALLOWED_PRINCIPALS"
                  }
                ]
              }
            ],
            "description": "Glue Data Catalog database",
            "federated_database": [],
            "id": "602963248309:order_processing_pipeline_c01_operations_glue_data_cata_20e443f",
            "location_uri": "",
            "name": "order_processing_pipeline_c01_operations_glue_data_cata_20e443f",
            "parameters": null,
            "tags": null,
            "tags_all": {},
            "target_database": []
          },
          "sensitive_attributes": [],
          "private": "bnVsbA=="
        }
      ]
    },
    {
      "mode": "managed",
      "type": "aws_glue_catalog_database",
      "name": "order_processing_pipeline_c01_operations_glue_data_catalog_order_processing_database_3a77",
      "provider": "provider[\"registry.terraform.io/hashicorp/aws\"]",
      "instances": [
        {
          "schema_version": 0,
          "attributes": {
            "arn": "arn:aws:glue:us-east-1:602963248309:database/order_processing_pipeline_c01_operations_glue_data_cata_cd34fcc",
            "catalog_id": "602963248309",
            "create_table_default_permission": [
              {
                "permissions": [
                  "ALL"
                ],
                "principal": [
                  {
                    "data_lake_principal_identifier": "IAM_ALLOWED_PRINCIPALS"
                  }
                ]
              }
            ],
            "description": "Glue Data Catalog database",
            "federated_database": [],
            "id": "602963248309:order_processing_pipeline_c01_operations_glue_data_cata_cd34fcc",
            "location_uri": "",
            "name": "order_processing_pipeline_c01_operations_glue_data_cata_cd34fcc",
            "parameters": null,
            "tags": null,
            "tags_all": {},
            "target_database": []
          },
          "sensitive_attributes": [],
          "private": "bnVsbA=="
        }
      ]
    },
    {
      "mode": "managed",
      "type": "aws_glue_catalog_database",
      "name": "order_processing_pipeline_c01_operations_glue_data_catalog_order_table_6850",
      "provider": "provider[\"registry.terraform.io/hashicorp/aws\"]",
      "instances": [
        {
          "schema_version": 0,
          "attributes": {
            "arn": "arn:aws:glue:us-east-1:602963248309:database/order_processing_pipeline_c01_operations_glue_data_cata_5ddb06b",
            "catalog_id": "602963248309",
            "create_table_default_permission": [
              {
                "permissions": [
                  "ALL"
                ],
                "principal": [
                  {
                    "data_lake_principal_identifier": "IAM_ALLOWED_PRINCIPALS"
                  }
                ]
              }
            ],
            "description": "Glue Data Catalog database",
            "federated_database": [],
            "id": "602963248309:order_processing_pipeline_c01_operations_glue_data_cata_5ddb06b",
            "location_uri": "",
            "name": "order_processing_pipeline_c01_operations_glue_data_cata_5ddb06b",
            "parameters": null,
            "tags": null,
            "tags_all": {},
            "target_database": []
          },
          "sensitive_attributes": [],
          "private": "bnVsbA=="
        }
      ]
    },
    {
      "mode": "managed",
      "type": "aws_glue_catalog_database",
      "name": "order_processing_pipeline_c01_operations_glue_data_catalog_product_table_b57f",
      "provider": "provider[\"registry.terraform.io/hashicorp/aws\"]",
      "instances": [
        {
          "schema_version": 0,
          "attributes": {
            "arn": "arn:aws:glue:us-east-1:602963248309:database/order_processing_pipeline_c01_operations_glue_data_cata_a23ef22",
            "catalog_id": "602963248309",
            "create_table_default_permission": [
              {
                "permissions": [
                  "ALL"
                ],
                "principal": [
                  {
                    "data_lake_principal_identifier": "IAM_ALLOWED_PRINCIPALS"
                  }
                ]
              }
            ],
            "description": "Glue Data Catalog database",
            "federated_database": [],
            "id": "602963248309:order_processing_pipeline_c01_operations_glue_data_cata_a23ef22",
            "location_uri": "",
            "name": "order_processing_pipeline_c01_operations_glue_data_cata_a23ef22",
            "parameters": null,
            "tags": null,
            "tags_all": {},
            "target_database": []
          },
          "sensitive_attributes": [],
          "private": "bnVsbA=="
        }
      ]
    },
    {
      "mode": "managed",
      "type": "aws_iam_role",
      "name": "order_processing_pipeline_c01_operations_lambda_process_invoice_5f70_role",
      "provider": "provider[\"registry.terraform.io/hashicorp/aws\"]",
      "instances": [
        {
          "schema_version": 0,
          "attributes": {
            "arn": "arn:aws:iam::602963248309:role/order-processing-pipeline-c01-operations-lambda-pro-40497b3-role",
            "assume_role_policy": "{\"Statement\":[{\"Action\":\"sts:AssumeRole\",\"Effect\":\"Allow\",\"Principal\":{\"Service\":\"lambda.amazonaws.com\"}}],\"Version\":\"2012-10-17\"}",
            "create_date": "2026-04-30T16:08:59Z",
            "description": "",
            "force_detach_policies": false,
            "id": "order-processing-pipeline-c01-operations-lambda-pro-40497b3-role",
            "inline_policy": [],
            "managed_policy_arns": [],
            "max_session_duration": 3600,
            "name": "order-processing-pipeline-c01-operations-lambda-pro-40497b3-role",
            "name_prefix": "",
            "path": "/",
            "permissions_boundary": "",
            "tags": {
              "BusinessUnit": "operations",
              "CostCenter": "c01",
              "ManagedBy": "aws-pipeline-engine",
              "Pipeline": "order_processing_pipeline"
            },
            "tags_all": {
              "BusinessUnit": "operations",
              "CostCenter": "c01",
              "ManagedBy": "aws-pipeline-engine",
              "Pipeline": "order_processing_pipeline"
            },
            "unique_id": "AROAYYY3JAS23UG75TFMV"
          },
          "sensitive_attributes": [],
          "private": "bnVsbA=="
        }
      ]
    },
    {
      "mode": "managed",
      "type": "aws_iam_role",
      "name": "order_processing_pipeline_c01_operations_lambda_process_order_1c37_role",
      "provider": "provider[\"registry.terraform.io/hashicorp/aws\"]",
      "instances": [
        {
          "schema_version": 0,
          "attributes": {
            "arn": "arn:aws:iam::602963248309:role/order-processing-pipeline-c01-operations-lambda-pro-198b2db-role",
            "assume_role_policy": "{\"Statement\":[{\"Action\":\"sts:AssumeRole\",\"Effect\":\"Allow\",\"Principal\":{\"Service\":\"lambda.amazonaws.com\"}}],\"Version\":\"2012-10-17\"}",
            "create_date": "2026-04-30T16:08:59Z",
            "description": "",
            "force_detach_policies": false,
            "id": "order-processing-pipeline-c01-operations-lambda-pro-198b2db-role",
            "inline_policy": [],
            "managed_policy_arns": [],
            "max_session_duration": 3600,
            "name": "order-processing-pipeline-c01-operations-lambda-pro-198b2db-role",
            "name_prefix": "",
            "path": "/",
            "permissions_boundary": "",
            "tags": {
              "BusinessUnit": "operations",
              "CostCenter": "c01",
              "ManagedBy": "aws-pipeline-engine",
              "Pipeline": "order_processing_pipeline"
            },
            "tags_all": {
              "BusinessUnit": "operations",
              "CostCenter": "c01",
              "ManagedBy": "aws-pipeline-engine",
              "Pipeline": "order_processing_pipeline"
            },
            "unique_id": "AROAYYY3JAS2Y4FVXSJWB"
          },
          "sensitive_attributes": [],
          "private": "bnVsbA=="
        }
      ]
    },
    {
      "mode": "managed",
      "type": "aws_iam_role",
      "name": "order_processing_pipeline_c01_operations_lambda_process_product_c130_role",
      "provider": "provider[\"registry.terraform.io/hashicorp/aws\"]",
      "instances": [
        {
          "schema_version": 0,
          "attributes": {
            "arn": "arn:aws:iam::602963248309:role/order-processing-pipeline-c01-operations-lambda-pro-e3674bf-role",
            "assume_role_policy": "{\"Statement\":[{\"Action\":\"sts:AssumeRole\",\"Effect\":\"Allow\",\"Principal\":{\"Service\":\"lambda.amazonaws.com\"}}],\"Version\":\"2012-10-17\"}",
            "create_date": "2026-04-30T16:08:58Z",
            "description": "",
            "force_detach_policies": false,
            "id": "order-processing-pipeline-c01-operations-lambda-pro-e3674bf-role",
            "inline_policy": [],
            "managed_policy_arns": [],
            "max_session_duration": 3600,
            "name": "order-processing-pipeline-c01-operations-lambda-pro-e3674bf-role",
            "name_prefix": "",
            "path": "/",
            "permissions_boundary": "",
            "tags": {
              "BusinessUnit": "operations",
              "CostCenter": "c01",
              "ManagedBy": "aws-pipeline-engine",
              "Pipeline": "order_processing_pipeline"
            },
            "tags_all": {
              "BusinessUnit": "operations",
              "CostCenter": "c01",
              "ManagedBy": "aws-pipeline-engine",
              "Pipeline": "order_processing_pipeline"
            },
            "unique_id": "AROAYYY3JAS2SXVHBFQZF"
          },
          "sensitive_attributes": [],
          "private": "bnVsbA=="
        }
      ]
    },
    {
      "mode": "managed",
      "type": "aws_iam_role",
      "name": "order_processing_pipeline_c01_operations_lambda_refine_data_b055_role",
      "provider": "provider[\"registry.terraform.io/hashicorp/aws\"]",
      "instances": [
        {
          "schema_version": 0,
          "attributes": {
            "arn": "arn:aws:iam::602963248309:role/order-processing-pipeline-c01-operations-lambda-ref-71cf7cb-role",
            "assume_role_policy": "{\"Statement\":[{\"Action\":\"sts:AssumeRole\",\"Effect\":\"Allow\",\"Principal\":{\"Service\":\"lambda.amazonaws.com\"}}],\"Version\":\"2012-10-17\"}",
            "create_date": "2026-04-30T16:08:58Z",
            "description": "",
            "force_detach_policies": false,
            "id": "order-processing-pipeline-c01-operations-lambda-ref-71cf7cb-role",
            "inline_policy": [],
            "managed_policy_arns": [],
            "max_session_duration": 3600,
            "name": "order-processing-pipeline-c01-operations-lambda-ref-71cf7cb-role",
            "name_prefix": "",
            "path": "/",
            "permissions_boundary": "",
            "tags": {
              "BusinessUnit": "operations",
              "CostCenter": "c01",
              "ManagedBy": "aws-pipeline-engine",
              "Pipeline": "order_processing_pipeline"
            },
            "tags_all": {
              "BusinessUnit": "operations",
              "CostCenter": "c01",
              "ManagedBy": "aws-pipeline-engine",
              "Pipeline": "order_processing_pipeline"
            },
            "unique_id": "AROAYYY3JAS2UKLFKTH5G"
          },
          "sensitive_attributes": [],
          "private": "bnVsbA=="
        }
      ]
    },
    {
      "mode": "managed",
      "type": "aws_iam_role_policy",
      "name": "order_processing_pipeline_c01_operations_lambda_process_invoice_5f70_policy",
      "provider": "provider[\"registry.terraform.io/hashicorp/aws\"]",
      "instances": [
        {
          "schema_version": 0,
          "attributes": {
            "id": "order-processing-pipeline-c01-operations-lambda-pro-40497b3-role:order-processing-pipeline-c01-operations-lambda-p-40497b3-policy",
            "name": "order-processing-pipeline-c01-operations-lambda-p-40497b3-policy",
            "name_prefix": "",
            "policy": "{\"Version\":\"2012-10-17\",\"Statement\":[{\"Action\":[\"logs:CreateLogGroup\",\"logs:CreateLogStream\",\"logs:PutLogEvents\",\"s3:GetObject\",\"s3:ListBucket\",\"s3:PutObject\",\"s3:DeleteObject\"],\"Effect\":\"Allow\",\"Resource\":\"*\"}]}",
            "role": "order-processing-pipeline-c01-operations-lambda-pro-40497b3-role"
          },
          "sensitive_attributes": [],
          "private": "bnVsbA==",
          "dependencies": [
            "aws_iam_role.order_processing_pipeline_c01_operations_lambda_process_invoice_5f70_role"
          ]
        }
      ]
    },
    {
      "mode": "managed",
      "type": "aws_iam_role_policy",
      "name": "order_processing_pipeline_c01_operations_lambda_process_order_1c37_policy",
      "provider": "provider[\"registry.terraform.io/hashicorp/aws\"]",
      "instances": [
        {
          "schema_version": 0,
          "attributes": {
            "id": "order-processing-pipeline-c01-operations-lambda-pro-198b2db-role:order-processing-pipeline-c01-operations-lambda-p-198b2db-policy",
            "name": "order-processing-pipeline-c01-operations-lambda-p-198b2db-policy",
            "name_prefix": "",
            "policy": "{\"Version\":\"2012-10-17\",\"Statement\":[{\"Action\":[\"logs:CreateLogGroup\",\"logs:CreateLogStream\",\"logs:PutLogEvents\",\"s3:GetObject\",\"s3:ListBucket\",\"s3:PutObject\",\"s3:DeleteObject\"],\"Effect\":\"Allow\",\"Resource\":\"*\"}]}",
            "role": "order-processing-pipeline-c01-operations-lambda-pro-198b2db-role"
          },
          "sensitive_attributes": [],
          "private": "bnVsbA==",
          "dependencies": [
            "aws_iam_role.order_processing_pipeline_c01_operations_lambda_process_order_1c37_role"
          ]
        }
      ]
    },
    {
      "mode": "managed",
      "type": "aws_iam_role_policy",
      "name": "order_processing_pipeline_c01_operations_lambda_process_product_c130_policy",
      "provider": "provider[\"registry.terraform.io/hashicorp/aws\"]",
      "instances": [
        {
          "schema_version": 0,
          "attributes": {
            "id": "order-processing-pipeline-c01-operations-lambda-pro-e3674bf-role:order-processing-pipeline-c01-operations-lambda-p-e3674bf-policy",
            "name": "order-processing-pipeline-c01-operations-lambda-p-e3674bf-policy",
            "name_prefix": "",
            "policy": "{\"Version\":\"2012-10-17\",\"Statement\":[{\"Action\":[\"logs:CreateLogGroup\",\"logs:CreateLogStream\",\"logs:PutLogEvents\",\"s3:GetObject\",\"s3:ListBucket\",\"s3:PutObject\",\"s3:DeleteObject\"],\"Effect\":\"Allow\",\"Resource\":\"*\"}]}",
            "role": "order-processing-pipeline-c01-operations-lambda-pro-e3674bf-role"
          },
          "sensitive_attributes": [],
          "private": "bnVsbA==",
          "dependencies": [
            "aws_iam_role.order_processing_pipeline_c01_operations_lambda_process_product_c130_role"
          ]
        }
      ]
    },
    {
      "mode": "managed",
      "type": "aws_iam_role_policy",
      "name": "order_processing_pipeline_c01_operations_lambda_refine_data_b055_policy",
      "provider": "provider[\"registry.terraform.io/hashicorp/aws\"]",
      "instances": [
        {
          "schema_version": 0,
          "attributes": {
            "id": "order-processing-pipeline-c01-operations-lambda-ref-71cf7cb-role:order-processing-pipeline-c01-operations-lambda-r-71cf7cb-policy",
            "name": "order-processing-pipeline-c01-operations-lambda-r-71cf7cb-policy",
            "name_prefix": "",
            "policy": "{\"Version\":\"2012-10-17\",\"Statement\":[{\"Action\":[\"logs:CreateLogGroup\",\"logs:CreateLogStream\",\"logs:PutLogEvents\",\"s3:GetObject\",\"s3:ListBucket\",\"s3:PutObject\",\"s3:DeleteObject\"],\"Effect\":\"Allow\",\"Resource\":\"*\"}]}",
            "role": "order-processing-pipeline-c01-operations-lambda-ref-71cf7cb-role"
          },
          "sensitive_attributes": [],
          "private": "bnVsbA==",
          "dependencies": [
            "aws_iam_role.order_processing_pipeline_c01_operations_lambda_refine_data_b055_role"
          ]
        }
      ]
    },
    {
      "mode": "managed",
      "type": "aws_lambda_function",
      "name": "order_processing_pipeline_c01_operations_lambda_process_invoice_5f70",
      "provider": "provider[\"registry.terraform.io/hashicorp/aws\"]",
      "instances": [
        {
          "schema_version": 0,
          "attributes": {
            "architectures": [
              "x86_64"
            ],
            "arn": "arn:aws:lambda:us-east-1:602963248309:function:order-processing-pipeline-c01-operations-lambda-process-78776ca",
            "code_sha256": "LmcgHcF2xlW0KH/h8do1eRPlc9I5gAA6/LTH/6iiCAM=",
            "code_signing_config_arn": "",
            "dead_letter_config": [],
            "description": "",
            "environment": [
              {
                "variables": {
                  "STAGING_BUCKET_BUCKET": "order-processing-pipeline-c01-operations-s3-staging-bucket-0d9a"
                }
              }
            ],
            "ephemeral_storage": [
              {
                "size": 512
              }
            ],
            "file_system_config": [],
            "filename": "./order_processing_pipeline_c01_operations_lambda_process_invoice_5f70_placeholder.zip",
            "function_name": "order-processing-pipeline-c01-operations-lambda-process-78776ca",
            "handler": "index.handler",
            "id": "order-processing-pipeline-c01-operations-lambda-process-78776ca",
            "image_config": [],
            "image_uri": "",
            "invoke_arn": "arn:aws:apigateway:us-east-1:lambda:path/2015-03-31/functions/arn:aws:lambda:us-east-1:602963248309:function:order-processing-pipeline-c01-operations-lambda-process-78776ca/invocations",
            "kms_key_arn": "",
            "last_modified": "2026-04-30T16:09:25.893+0000",
            "layers": null,
            "logging_config": [
              {
                "application_log_level": "",
                "log_format": "Text",
                "log_group": "/aws/lambda/order-processing-pipeline-c01-operations-lambda-process-78776ca",
                "system_log_level": ""
              }
            ],
            "memory_size": 256,
            "package_type": "Zip",
            "publish": false,
            "qualified_arn": "arn:aws:lambda:us-east-1:602963248309:function:order-processing-pipeline-c01-operations-lambda-process-78776ca:$LATEST",
            "qualified_invoke_arn": "arn:aws:apigateway:us-east-1:lambda:path/2015-03-31/functions/arn:aws:lambda:us-east-1:602963248309:function:order-processing-pipeline-c01-operations-lambda-process-78776ca:$LATEST/invocations",
            "replace_security_groups_on_destroy": null,
            "replacement_security_group_ids": null,
            "reserved_concurrent_executions": -1,
            "role": "arn:aws:iam::602963248309:role/order-processing-pipeline-c01-operations-lambda-pro-40497b3-role",
            "runtime": "python3.12",
            "s3_bucket": null,
            "s3_key": null,
            "s3_object_version": null,
            "signing_job_arn": "",
            "signing_profile_version_arn": "",
            "skip_destroy": false,
            "snap_start": [],
            "source_code_hash": "LmcgHcF2xlW0KH/h8do1eRPlc9I5gAA6/LTH/6iiCAM=",
            "source_code_size": 195,
            "tags": {
              "BusinessUnit": "operations",
              "CostCenter": "c01",
              "ManagedBy": "aws-pipeline-engine",
              "Pipeline": "order_processing_pipeline"
            },
            "tags_all": {
              "BusinessUnit": "operations",
              "CostCenter": "c01",
              "ManagedBy": "aws-pipeline-engine",
              "Pipeline": "order_processing_pipeline"
            },
            "timeout": 60,
            "timeouts": null,
            "tracing_config": [
              {
                "mode": "PassThrough"
              }
            ],
            "version": "$LATEST",
            "vpc_config": []
          },
          "sensitive_attributes": [],
          "private": "eyJlMmJmYjczMC1lY2FhLTExZTYtOGY4OC0zNDM2M2JjN2M0YzAiOnsiY3JlYXRlIjo2MDAwMDAwMDAwMDAsImRlbGV0ZSI6NjAwMDAwMDAwMDAwLCJ1cGRhdGUiOjYwMDAwMDAwMDAwMH19",
          "dependencies": [
            "aws_cloudwatch_log_group.order_processing_pipeline_c01_operations_lambda_process_invoice_5f70_lg",
            "aws_iam_role.order_processing_pipeline_c01_operations_lambda_process_invoice_5f70_role",
            "aws_s3_bucket.order_processing_pipeline_c01_operations_s3_staging_bucket_3b56",
            "data.archive_file.order_processing_pipeline_c01_operations_lambda_process_invoice_5f70_placeholder"
          ]
        }
      ]
    },
    {
      "mode": "managed",
      "type": "aws_lambda_function",
      "name": "order_processing_pipeline_c01_operations_lambda_process_order_1c37",
      "provider": "provider[\"registry.terraform.io/hashicorp/aws\"]",
      "instances": [
        {
          "schema_version": 0,
          "attributes": {
            "architectures": [
              "x86_64"
            ],
            "arn": "arn:aws:lambda:us-east-1:602963248309:function:order-processing-pipeline-c01-operations-lambda-process-c82ea3d",
            "code_sha256": "LmcgHcF2xlW0KH/h8do1eRPlc9I5gAA6/LTH/6iiCAM=",
            "code_signing_config_arn": "",
            "dead_letter_config": [],
            "description": "",
            "environment": [
              {
                "variables": {
                  "STAGING_BUCKET_BUCKET": "order-processing-pipeline-c01-operations-s3-staging-bucket-0d9a"
                }
              }
            ],
            "ephemeral_storage": [
              {
                "size": 512
              }
            ],
            "file_system_config": [],
            "filename": "./order_processing_pipeline_c01_operations_lambda_process_order_1c37_placeholder.zip",
            "function_name": "order-processing-pipeline-c01-operations-lambda-process-c82ea3d",
            "handler": "index.handler",
            "id": "order-processing-pipeline-c01-operations-lambda-process-c82ea3d",
            "image_config": [],
            "image_uri": "",
            "invoke_arn": "arn:aws:apigateway:us-east-1:lambda:path/2015-03-31/functions/arn:aws:lambda:us-east-1:602963248309:function:order-processing-pipeline-c01-operations-lambda-process-c82ea3d/invocations",
            "kms_key_arn": "",
            "last_modified": "2026-04-30T16:09:33.800+0000",
            "layers": null,
            "logging_config": [
              {
                "application_log_level": "",
                "log_format": "Text",
                "log_group": "/aws/lambda/order-processing-pipeline-c01-operations-lambda-process-c82ea3d",
                "system_log_level": ""
              }
            ],
            "memory_size": 256,
            "package_type": "Zip",
            "publish": false,
            "qualified_arn": "arn:aws:lambda:us-east-1:602963248309:function:order-processing-pipeline-c01-operations-lambda-process-c82ea3d:$LATEST",
            "qualified_invoke_arn": "arn:aws:apigateway:us-east-1:lambda:path/2015-03-31/functions/arn:aws:lambda:us-east-1:602963248309:function:order-processing-pipeline-c01-operations-lambda-process-c82ea3d:$LATEST/invocations",
            "replace_security_groups_on_destroy": null,
            "replacement_security_group_ids": null,
            "reserved_concurrent_executions": -1,
            "role": "arn:aws:iam::602963248309:role/order-processing-pipeline-c01-operations-lambda-pro-198b2db-role",
            "runtime": "python3.12",
            "s3_bucket": null,
            "s3_key": null,
            "s3_object_version": null,
            "signing_job_arn": "",
            "signing_profile_version_arn": "",
            "skip_destroy": false,
            "snap_start": [],
            "source_code_hash": "LmcgHcF2xlW0KH/h8do1eRPlc9I5gAA6/LTH/6iiCAM=",
            "source_code_size": 195,
            "tags": {
              "BusinessUnit": "operations",
              "CostCenter": "c01",
              "ManagedBy": "aws-pipeline-engine",
              "Pipeline": "order_processing_pipeline"
            },
            "tags_all": {
              "BusinessUnit": "operations",
              "CostCenter": "c01",
              "ManagedBy": "aws-pipeline-engine",
              "Pipeline": "order_processing_pipeline"
            },
            "timeout": 60,
            "timeouts": null,
            "tracing_config": [
              {
                "mode": "PassThrough"
              }
            ],
            "version": "$LATEST",
            "vpc_config": []
          },
          "sensitive_attributes": [],
          "private": "eyJlMmJmYjczMC1lY2FhLTExZTYtOGY4OC0zNDM2M2JjN2M0YzAiOnsiY3JlYXRlIjo2MDAwMDAwMDAwMDAsImRlbGV0ZSI6NjAwMDAwMDAwMDAwLCJ1cGRhdGUiOjYwMDAwMDAwMDAwMH19",
          "dependencies": [
            "aws_cloudwatch_log_group.order_processing_pipeline_c01_operations_lambda_process_order_1c37_lg",
            "aws_iam_role.order_processing_pipeline_c01_operations_lambda_process_order_1c37_role",
            "aws_s3_bucket.order_processing_pipeline_c01_operations_s3_staging_bucket_3b56",
            "data.archive_file.order_processing_pipeline_c01_operations_lambda_process_order_1c37_placeholder"
          ]
        }
      ]
    },
    {
      "mode": "managed",
      "type": "aws_lambda_function",
      "name": "order_processing_pipeline_c01_operations_lambda_process_product_c130",
      "provider": "provider[\"registry.terraform.io/hashicorp/aws\"]",
      "instances": [
        {
          "schema_version": 0,
          "attributes": {
            "architectures": [
              "x86_64"
            ],
            "arn": "arn:aws:lambda:us-east-1:602963248309:function:order-processing-pipeline-c01-operations-lambda-process-525464a",
            "code_sha256": "LmcgHcF2xlW0KH/h8do1eRPlc9I5gAA6/LTH/6iiCAM=",
            "code_signing_config_arn": "",
            "dead_letter_config": [],
            "description": "",
            "environment": [
              {
                "variables": {
                  "STAGING_BUCKET_BUCKET": "order-processing-pipeline-c01-operations-s3-staging-bucket-0d9a"
                }
              }
            ],
            "ephemeral_storage": [
              {
                "size": 512
              }
            ],
            "file_system_config": [],
            "filename": "./order_processing_pipeline_c01_operations_lambda_process_product_c130_placeholder.zip",
            "function_name": "order-processing-pipeline-c01-operations-lambda-process-525464a",
            "handler": "index.handler",
            "id": "order-processing-pipeline-c01-operations-lambda-process-525464a",
            "image_config": [],
            "image_uri": "",
            "invoke_arn": "arn:aws:apigateway:us-east-1:lambda:path/2015-03-31/functions/arn:aws:lambda:us-east-1:602963248309:function:order-processing-pipeline-c01-operations-lambda-process-525464a/invocations",
            "kms_key_arn": "",
            "last_modified": "2026-04-30T16:09:18.061+0000",
            "layers": null,
            "logging_config": [
              {
                "application_log_level": "",
                "log_format": "Text",
                "log_group": "/aws/lambda/order-processing-pipeline-c01-operations-lambda-process-525464a",
                "system_log_level": ""
              }
            ],
            "memory_size": 256,
            "package_type": "Zip",
            "publish": false,
            "qualified_arn": "arn:aws:lambda:us-east-1:602963248309:function:order-processing-pipeline-c01-operations-lambda-process-525464a:$LATEST",
            "qualified_invoke_arn": "arn:aws:apigateway:us-east-1:lambda:path/2015-03-31/functions/arn:aws:lambda:us-east-1:602963248309:function:order-processing-pipeline-c01-operations-lambda-process-525464a:$LATEST/invocations",
            "replace_security_groups_on_destroy": null,
            "replacement_security_group_ids": null,
            "reserved_concurrent_executions": -1,
            "role": "arn:aws:iam::602963248309:role/order-processing-pipeline-c01-operations-lambda-pro-e3674bf-role",
            "runtime": "python3.12",
            "s3_bucket": null,
            "s3_key": null,
            "s3_object_version": null,
            "signing_job_arn": "",
            "signing_profile_version_arn": "",
            "skip_destroy": false,
            "snap_start": [],
            "source_code_hash": "LmcgHcF2xlW0KH/h8do1eRPlc9I5gAA6/LTH/6iiCAM=",
            "source_code_size": 195,
            "tags": {
              "BusinessUnit": "operations",
              "CostCenter": "c01",
              "ManagedBy": "aws-pipeline-engine",
              "Pipeline": "order_processing_pipeline"
            },
            "tags_all": {
              "BusinessUnit": "operations",
              "CostCenter": "c01",
              "ManagedBy": "aws-pipeline-engine",
              "Pipeline": "order_processing_pipeline"
            },
            "timeout": 60,
            "timeouts": null,
            "tracing_config": [
              {
                "mode": "PassThrough"
              }
            ],
            "version": "$LATEST",
            "vpc_config": []
          },
          "sensitive_attributes": [],
          "private": "eyJlMmJmYjczMC1lY2FhLTExZTYtOGY4OC0zNDM2M2JjN2M0YzAiOnsiY3JlYXRlIjo2MDAwMDAwMDAwMDAsImRlbGV0ZSI6NjAwMDAwMDAwMDAwLCJ1cGRhdGUiOjYwMDAwMDAwMDAwMH19",
          "dependencies": [
            "aws_cloudwatch_log_group.order_processing_pipeline_c01_operations_lambda_process_product_c130_lg",
            "aws_iam_role.order_processing_pipeline_c01_operations_lambda_process_product_c130_role",
            "aws_s3_bucket.order_processing_pipeline_c01_operations_s3_staging_bucket_3b56",
            "data.archive_file.order_processing_pipeline_c01_operations_lambda_process_product_c130_placeholder"
          ]
        }
      ]
    },
    {
      "mode": "managed",
      "type": "aws_lambda_function",
      "name": "order_processing_pipeline_c01_operations_lambda_refine_data_b055",
      "provider": "provider[\"registry.terraform.io/hashicorp/aws\"]",
      "instances": [
        {
          "schema_version": 0,
          "attributes": {
            "architectures": [
              "x86_64"
            ],
            "arn": "arn:aws:lambda:us-east-1:602963248309:function:order-processing-pipeline-c01-operations-lambda-refine-data-f0c3",
            "code_sha256": "LmcgHcF2xlW0KH/h8do1eRPlc9I5gAA6/LTH/6iiCAM=",
            "code_signing_config_arn": "",
            "dead_letter_config": [],
            "description": "",
            "environment": [
              {
                "variables": {
                  "CURATED_BUCKET_BUCKET": "order-processing-pipeline-c01-operations-s3-curated-bucket-7515"
                }
              }
            ],
            "ephemeral_storage": [
              {
                "size": 512
              }
            ],
            "file_system_config": [],
            "filename": "./order_processing_pipeline_c01_operations_lambda_refine_data_b055_placeholder.zip",
            "function_name": "order-processing-pipeline-c01-operations-lambda-refine-data-f0c3",
            "handler": "index.handler",
            "id": "order-processing-pipeline-c01-operations-lambda-refine-data-f0c3",
            "image_config": [],
            "image_uri": "",
            "invoke_arn": "arn:aws:apigateway:us-east-1:lambda:path/2015-03-31/functions/arn:aws:lambda:us-east-1:602963248309:function:order-processing-pipeline-c01-operations-lambda-refine-data-f0c3/invocations",
            "kms_key_arn": "",
            "last_modified": "2026-04-30T16:09:08.031+0000",
            "layers": null,
            "logging_config": [
              {
                "application_log_level": "",
                "log_format": "Text",
                "log_group": "/aws/lambda/order-processing-pipeline-c01-operations-lambda-refine-data-f0c3",
                "system_log_level": ""
              }
            ],
            "memory_size": 512,
            "package_type": "Zip",
            "publish": false,
            "qualified_arn": "arn:aws:lambda:us-east-1:602963248309:function:order-processing-pipeline-c01-operations-lambda-refine-data-f0c3:$LATEST",
            "qualified_invoke_arn": "arn:aws:apigateway:us-east-1:lambda:path/2015-03-31/functions/arn:aws:lambda:us-east-1:602963248309:function:order-processing-pipeline-c01-operations-lambda-refine-data-f0c3:$LATEST/invocations",
            "replace_security_groups_on_destroy": null,
            "replacement_security_group_ids": null,
            "reserved_concurrent_executions": -1,
            "role": "arn:aws:iam::602963248309:role/order-processing-pipeline-c01-operations-lambda-ref-71cf7cb-role",
            "runtime": "python3.12",
            "s3_bucket": null,
            "s3_key": null,
            "s3_object_version": null,
            "signing_job_arn": "",
            "signing_profile_version_arn": "",
            "skip_destroy": false,
            "snap_start": [],
            "source_code_hash": "LmcgHcF2xlW0KH/h8do1eRPlc9I5gAA6/LTH/6iiCAM=",
            "source_code_size": 195,
            "tags": {
              "BusinessUnit": "operations",
              "CostCenter": "c01",
              "ManagedBy": "aws-pipeline-engine",
              "Pipeline": "order_processing_pipeline"
            },
            "tags_all": {
              "BusinessUnit": "operations",
              "CostCenter": "c01",
              "ManagedBy": "aws-pipeline-engine",
              "Pipeline": "order_processing_pipeline"
            },
            "timeout": 120,
            "timeouts": null,
            "tracing_config": [
              {
                "mode": "PassThrough"
              }
            ],
            "version": "$LATEST",
            "vpc_config": []
          },
          "sensitive_attributes": [],
          "private": "eyJlMmJmYjczMC1lY2FhLTExZTYtOGY4OC0zNDM2M2JjN2M0YzAiOnsiY3JlYXRlIjo2MDAwMDAwMDAwMDAsImRlbGV0ZSI6NjAwMDAwMDAwMDAwLCJ1cGRhdGUiOjYwMDAwMDAwMDAwMH19",
          "dependencies": [
            "aws_cloudwatch_log_group.order_processing_pipeline_c01_operations_lambda_refine_data_b055_lg",
            "aws_iam_role.order_processing_pipeline_c01_operations_lambda_refine_data_b055_role",
            "aws_s3_bucket.order_processing_pipeline_c01_operations_s3_curated_bucket_673f",
            "data.archive_file.order_processing_pipeline_c01_operations_lambda_refine_data_b055_placeholder"
          ]
        }
      ]
    },
    {
      "mode": "managed",
      "type": "aws_lambda_permission",
      "name": "order_processing_pipeline_c01_operations_s3_invoice_bucket_aed0_invoke_order_processing_pipeline_c01_operations_lambda_process_invoice_5f70",
      "provider": "provider[\"registry.terraform.io/hashicorp/aws\"]",
      "instances": [
        {
          "schema_version": 0,
          "attributes": {
            "action": "lambda:InvokeFunction",
            "event_source_token": null,
            "function_name": "order-processing-pipeline-c01-operations-lambda-process-78776ca",
            "function_url_auth_type": null,
            "id": "AllowS3-order_processing_pipeline_c01_operations_s3_invoice_bucket_aed0-order_processing_pi-8dd57ae2",
            "principal": "s3.amazonaws.com",
            "principal_org_id": null,
            "qualifier": "",
            "source_account": null,
            "source_arn": "arn:aws:s3:::order-processing-pipeline-c01-operations-s3-invoice-bucket-e904",
            "statement_id": "AllowS3-order_processing_pipeline_c01_operations_s3_invoice_bucket_aed0-order_processing_pi-8dd57ae2",
            "statement_id_prefix": ""
          },
          "sensitive_attributes": [],
          "private": "bnVsbA==",
          "dependencies": [
            "aws_cloudwatch_log_group.order_processing_pipeline_c01_operations_lambda_process_invoice_5f70_lg",
            "aws_iam_role.order_processing_pipeline_c01_operations_lambda_process_invoice_5f70_role",
            "aws_lambda_function.order_processing_pipeline_c01_operations_lambda_process_invoice_5f70",
            "aws_s3_bucket.order_processing_pipeline_c01_operations_s3_invoice_bucket_aed0",
            "aws_s3_bucket.order_processing_pipeline_c01_operations_s3_staging_bucket_3b56",
            "data.archive_file.order_processing_pipeline_c01_operations_lambda_process_invoice_5f70_placeholder"
          ]
        }
      ]
    },
    {
      "mode": "managed",
      "type": "aws_lambda_permission",
      "name": "order_processing_pipeline_c01_operations_s3_order_bucket_7f88_invoke_order_processing_pipeline_c01_operations_lambda_process_order_1c37",
      "provider": "provider[\"registry.terraform.io/hashicorp/aws\"]",
      "instances": [
        {
          "schema_version": 0,
          "attributes": {
            "action": "lambda:InvokeFunction",
            "event_source_token": null,
            "function_name": "order-processing-pipeline-c01-operations-lambda-process-c82ea3d",
            "function_url_auth_type": null,
            "id": "AllowS3-order_processing_pipeline_c01_operations_s3_order_bucket_7f88-order_processing_pipe-10c427f4",
            "principal": "s3.amazonaws.com",
            "principal_org_id": null,
            "qualifier": "",
            "source_account": null,
            "source_arn": "arn:aws:s3:::order-processing-pipeline-c01-operations-s3-order-bucket-e589",
            "statement_id": "AllowS3-order_processing_pipeline_c01_operations_s3_order_bucket_7f88-order_processing_pipe-10c427f4",
            "statement_id_prefix": ""
          },
          "sensitive_attributes": [],
          "private": "bnVsbA==",
          "dependencies": [
            "aws_cloudwatch_log_group.order_processing_pipeline_c01_operations_lambda_process_order_1c37_lg",
            "aws_iam_role.order_processing_pipeline_c01_operations_lambda_process_order_1c37_role",
            "aws_lambda_function.order_processing_pipeline_c01_operations_lambda_process_order_1c37",
            "aws_s3_bucket.order_processing_pipeline_c01_operations_s3_order_bucket_7f88",
            "aws_s3_bucket.order_processing_pipeline_c01_operations_s3_staging_bucket_3b56",
            "data.archive_file.order_processing_pipeline_c01_operations_lambda_process_order_1c37_placeholder"
          ]
        }
      ]
    },
    {
      "mode": "managed",
      "type": "aws_lambda_permission",
      "name": "order_processing_pipeline_c01_operations_s3_product_bucket_2d03_invoke_order_processing_pipeline_c01_operations_lambda_process_product_c130",
      "provider": "provider[\"registry.terraform.io/hashicorp/aws\"]",
      "instances": [
        {
          "schema_version": 0,
          "attributes": {
            "action": "lambda:InvokeFunction",
            "event_source_token": null,
            "function_name": "order-processing-pipeline-c01-operations-lambda-process-525464a",
            "function_url_auth_type": null,
            "id": "AllowS3-order_processing_pipeline_c01_operations_s3_product_bucket_2d03-order_processing_pi-b81b4d24",
            "principal": "s3.amazonaws.com",
            "principal_org_id": null,
            "qualifier": "",
            "source_account": null,
            "source_arn": "arn:aws:s3:::order-processing-pipeline-c01-operations-s3-product-bucket-02eb",
            "statement_id": "AllowS3-order_processing_pipeline_c01_operations_s3_product_bucket_2d03-order_processing_pi-b81b4d24",
            "statement_id_prefix": ""
          },
          "sensitive_attributes": [],
          "private": "bnVsbA==",
          "dependencies": [
            "aws_cloudwatch_log_group.order_processing_pipeline_c01_operations_lambda_process_product_c130_lg",
            "aws_iam_role.order_processing_pipeline_c01_operations_lambda_process_product_c130_role",
            "aws_lambda_function.order_processing_pipeline_c01_operations_lambda_process_product_c130",
            "aws_s3_bucket.order_processing_pipeline_c01_operations_s3_product_bucket_2d03",
            "aws_s3_bucket.order_processing_pipeline_c01_operations_s3_staging_bucket_3b56",
            "data.archive_file.order_processing_pipeline_c01_operations_lambda_process_product_c130_placeholder"
          ]
        }
      ]
    },
    {
      "mode": "managed",
      "type": "aws_lambda_permission",
      "name": "order_processing_pipeline_c01_operations_s3_staging_bucket_3b56_invoke_order_processing_pipeline_c01_operations_lambda_refine_data_b055",
      "provider": "provider[\"registry.terraform.io/hashicorp/aws\"]",
      "instances": [
        {
          "schema_version": 0,
          "attributes": {
            "action": "lambda:InvokeFunction",
            "event_source_token": null,
            "function_name": "order-processing-pipeline-c01-operations-lambda-refine-data-f0c3",
            "function_url_auth_type": null,
            "id": "AllowS3-order_processing_pipeline_c01_operations_s3_staging_bucket_3b56-order_processing_pi-c7574b2c",
            "principal": "s3.amazonaws.com",
            "principal_org_id": null,
            "qualifier": "",
            "source_account": null,
            "source_arn": "arn:aws:s3:::order-processing-pipeline-c01-operations-s3-staging-bucket-0d9a",
            "statement_id": "AllowS3-order_processing_pipeline_c01_operations_s3_staging_bucket_3b56-order_processing_pi-c7574b2c",
            "statement_id_prefix": ""
          },
          "sensitive_attributes": [],
          "private": "bnVsbA==",
          "dependencies": [
            "aws_cloudwatch_log_group.order_processing_pipeline_c01_operations_lambda_refine_data_b055_lg",
            "aws_iam_role.order_processing_pipeline_c01_operations_lambda_refine_data_b055_role",
            "aws_lambda_function.order_processing_pipeline_c01_operations_lambda_refine_data_b055",
            "aws_s3_bucket.order_processing_pipeline_c01_operations_s3_curated_bucket_673f",
            "aws_s3_bucket.order_processing_pipeline_c01_operations_s3_staging_bucket_3b56",
            "data.archive_file.order_processing_pipeline_c01_operations_lambda_refine_data_b055_placeholder"
          ]
        }
      ]
    },
    {
      "mode": "managed",
      "type": "aws_s3_bucket",
      "name": "order_processing_pipeline_c01_operations_s3_curated_bucket_673f",
      "provider": "provider[\"registry.terraform.io/hashicorp/aws\"]",
      "instances": [
        {
          "schema_version": 0,
          "attributes": {
            "acceleration_status": "",
            "acl": null,
            "arn": "arn:aws:s3:::order-processing-pipeline-c01-operations-s3-curated-bucket-7515",
            "bucket": "order-processing-pipeline-c01-operations-s3-curated-bucket-7515",
            "bucket_domain_name": "order-processing-pipeline-c01-operations-s3-curated-bucket-7515.s3.amazonaws.com",
            "bucket_prefix": "",
            "bucket_regional_domain_name": "order-processing-pipeline-c01-operations-s3-curated-bucket-7515.s3.us-east-1.amazonaws.com",
            "cors_rule": [],
            "force_destroy": true,
            "grant": [
              {
                "id": "6b988a1bfb1696d044a07b3f9fd2a2a715c57a1b22eb6076238db5417a49eab2",
                "permissions": [
                  "FULL_CONTROL"
                ],
                "type": "CanonicalUser",
                "uri": ""
              }
            ],
            "hosted_zone_id": "Z3AQBSTGFYJSTF",
            "id": "order-processing-pipeline-c01-operations-s3-curated-bucket-7515",
            "lifecycle_rule": [],
            "logging": [],
            "object_lock_configuration": [],
            "object_lock_enabled": false,
            "policy": "",
            "region": "us-east-1",
            "replication_configuration": [],
            "request_payer": "BucketOwner",
            "server_side_encryption_configuration": [
              {
                "rule": [
                  {
                    "apply_server_side_encryption_by_default": [
                      {
                        "kms_master_key_id": "",
                        "sse_algorithm": "AES256"
                      }
                    ],
                    "bucket_key_enabled": false
                  }
                ]
              }
            ],
            "tags": {
              "BusinessUnit": "operations",
              "CostCenter": "c01",
              "ManagedBy": "aws-pipeline-engine",
              "Pipeline": "order_processing_pipeline"
            },
            "tags_all": {
              "BusinessUnit": "operations",
              "CostCenter": "c01",
              "ManagedBy": "aws-pipeline-engine",
              "Pipeline": "order_processing_pipeline"
            },
            "timeouts": null,
            "versioning": [
              {
                "enabled": false,
                "mfa_delete": false
              }
            ],
            "website": [],
            "website_domain": null,
            "website_endpoint": null
          },
          "sensitive_attributes": [],
          "private": "eyJlMmJmYjczMC1lY2FhLTExZTYtOGY4OC0zNDM2M2JjN2M0YzAiOnsiY3JlYXRlIjoxMjAwMDAwMDAwMDAwLCJkZWxldGUiOjM2MDAwMDAwMDAwMDAsInJlYWQiOjEyMDAwMDAwMDAwMDAsInVwZGF0ZSI6MTIwMDAwMDAwMDAwMH19"
        }
      ]
    },
    {
      "mode": "managed",
      "type": "aws_s3_bucket",
      "name": "order_processing_pipeline_c01_operations_s3_invoice_bucket_aed0",
      "provider": "provider[\"registry.terraform.io/hashicorp/aws\"]",
      "instances": [
        {
          "schema_version": 0,
          "attributes": {
            "acceleration_status": "",
            "acl": null,
            "arn": "arn:aws:s3:::order-processing-pipeline-c01-operations-s3-invoice-bucket-e904",
            "bucket": "order-processing-pipeline-c01-operations-s3-invoice-bucket-e904",
            "bucket_domain_name": "order-processing-pipeline-c01-operations-s3-invoice-bucket-e904.s3.amazonaws.com",
            "bucket_prefix": "",
            "bucket_regional_domain_name": "order-processing-pipeline-c01-operations-s3-invoice-bucket-e904.s3.us-east-1.amazonaws.com",
            "cors_rule": [],
            "force_destroy": true,
            "grant": [
              {
                "id": "6b988a1bfb1696d044a07b3f9fd2a2a715c57a1b22eb6076238db5417a49eab2",
                "permissions": [
                  "FULL_CONTROL"
                ],
                "type": "CanonicalUser",
                "uri": ""
              }
            ],
            "hosted_zone_id": "Z3AQBSTGFYJSTF",
            "id": "order-processing-pipeline-c01-operations-s3-invoice-bucket-e904",
            "lifecycle_rule": [],
            "logging": [],
            "object_lock_configuration": [],
            "object_lock_enabled": false,
            "policy": "",
            "region": "us-east-1",
            "replication_configuration": [],
            "request_payer": "BucketOwner",
            "server_side_encryption_configuration": [
              {
                "rule": [
                  {
                    "apply_server_side_encryption_by_default": [
                      {
                        "kms_master_key_id": "",
                        "sse_algorithm": "AES256"
                      }
                    ],
                    "bucket_key_enabled": false
                  }
                ]
              }
            ],
            "tags": {
              "BusinessUnit": "operations",
              "CostCenter": "c01",
              "ManagedBy": "aws-pipeline-engine",
              "Pipeline": "order_processing_pipeline"
            },
            "tags_all": {
              "BusinessUnit": "operations",
              "CostCenter": "c01",
              "ManagedBy": "aws-pipeline-engine",
              "Pipeline": "order_processing_pipeline"
            },
            "timeouts": null,
            "versioning": [
              {
                "enabled": false,
                "mfa_delete": false
              }
            ],
            "website": [],
            "website_domain": null,
            "website_endpoint": null
          },
          "sensitive_attributes": [],
          "private": "eyJlMmJmYjczMC1lY2FhLTExZTYtOGY4OC0zNDM2M2JjN2M0YzAiOnsiY3JlYXRlIjoxMjAwMDAwMDAwMDAwLCJkZWxldGUiOjM2MDAwMDAwMDAwMDAsInJlYWQiOjEyMDAwMDAwMDAwMDAsInVwZGF0ZSI6MTIwMDAwMDAwMDAwMH19"
        }
      ]
    },
    {
      "mode": "managed",
      "type": "aws_s3_bucket",
      "name": "order_processing_pipeline_c01_operations_s3_order_bucket_7f88",
      "provider": "provider[\"registry.terraform.io/hashicorp/aws\"]",
      "instances": [
        {
          "schema_version": 0,
          "attributes": {
            "acceleration_status": "",
            "acl": null,
            "arn": "arn:aws:s3:::order-processing-pipeline-c01-operations-s3-order-bucket-e589",
            "bucket": "order-processing-pipeline-c01-operations-s3-order-bucket-e589",
            "bucket_domain_name": "order-processing-pipeline-c01-operations-s3-order-bucket-e589.s3.amazonaws.com",
            "bucket_prefix": "",
            "bucket_regional_domain_name": "order-processing-pipeline-c01-operations-s3-order-bucket-e589.s3.us-east-1.amazonaws.com",
            "cors_rule": [],
            "force_destroy": true,
            "grant": [
              {
                "id": "6b988a1bfb1696d044a07b3f9fd2a2a715c57a1b22eb6076238db5417a49eab2",
                "permissions": [
                  "FULL_CONTROL"
                ],
                "type": "CanonicalUser",
                "uri": ""
              }
            ],
            "hosted_zone_id": "Z3AQBSTGFYJSTF",
            "id": "order-processing-pipeline-c01-operations-s3-order-bucket-e589",
            "lifecycle_rule": [],
            "logging": [],
            "object_lock_configuration": [],
            "object_lock_enabled": false,
            "policy": "",
            "region": "us-east-1",
            "replication_configuration": [],
            "request_payer": "BucketOwner",
            "server_side_encryption_configuration": [
              {
                "rule": [
                  {
                    "apply_server_side_encryption_by_default": [
                      {
                        "kms_master_key_id": "",
                        "sse_algorithm": "AES256"
                      }
                    ],
                    "bucket_key_enabled": false
                  }
                ]
              }
            ],
            "tags": {
              "BusinessUnit": "operations",
              "CostCenter": "c01",
              "ManagedBy": "aws-pipeline-engine",
              "Pipeline": "order_processing_pipeline"
            },
            "tags_all": {
              "BusinessUnit": "operations",
              "CostCenter": "c01",
              "ManagedBy": "aws-pipeline-engine",
              "Pipeline": "order_processing_pipeline"
            },
            "timeouts": null,
            "versioning": [
              {
                "enabled": false,
                "mfa_delete": false
              }
            ],
            "website": [],
            "website_domain": null,
            "website_endpoint": null
          },
          "sensitive_attributes": [],
          "private": "eyJlMmJmYjczMC1lY2FhLTExZTYtOGY4OC0zNDM2M2JjN2M0YzAiOnsiY3JlYXRlIjoxMjAwMDAwMDAwMDAwLCJkZWxldGUiOjM2MDAwMDAwMDAwMDAsInJlYWQiOjEyMDAwMDAwMDAwMDAsInVwZGF0ZSI6MTIwMDAwMDAwMDAwMH19"
        }
      ]
    },
    {
      "mode": "managed",
      "type": "aws_s3_bucket",
      "name": "order_processing_pipeline_c01_operations_s3_product_bucket_2d03",
      "provider": "provider[\"registry.terraform.io/hashicorp/aws\"]",
      "instances": [
        {
          "schema_version": 0,
          "attributes": {
            "acceleration_status": "",
            "acl": null,
            "arn": "arn:aws:s3:::order-processing-pipeline-c01-operations-s3-product-bucket-02eb",
            "bucket": "order-processing-pipeline-c01-operations-s3-product-bucket-02eb",
            "bucket_domain_name": "order-processing-pipeline-c01-operations-s3-product-bucket-02eb.s3.amazonaws.com",
            "bucket_prefix": "",
            "bucket_regional_domain_name": "order-processing-pipeline-c01-operations-s3-product-bucket-02eb.s3.us-east-1.amazonaws.com",
            "cors_rule": [],
            "force_destroy": true,
            "grant": [
              {
                "id": "6b988a1bfb1696d044a07b3f9fd2a2a715c57a1b22eb6076238db5417a49eab2",
                "permissions": [
                  "FULL_CONTROL"
                ],
                "type": "CanonicalUser",
                "uri": ""
              }
            ],
            "hosted_zone_id": "Z3AQBSTGFYJSTF",
            "id": "order-processing-pipeline-c01-operations-s3-product-bucket-02eb",
            "lifecycle_rule": [],
            "logging": [],
            "object_lock_configuration": [],
            "object_lock_enabled": false,
            "policy": "",
            "region": "us-east-1",
            "replication_configuration": [],
            "request_payer": "BucketOwner",
            "server_side_encryption_configuration": [
              {
                "rule": [
                  {
                    "apply_server_side_encryption_by_default": [
                      {
                        "kms_master_key_id": "",
                        "sse_algorithm": "AES256"
                      }
                    ],
                    "bucket_key_enabled": false
                  }
                ]
              }
            ],
            "tags": {
              "BusinessUnit": "operations",
              "CostCenter": "c01",
              "ManagedBy": "aws-pipeline-engine",
              "Pipeline": "order_processing_pipeline"
            },
            "tags_all": {
              "BusinessUnit": "operations",
              "CostCenter": "c01",
              "ManagedBy": "aws-pipeline-engine",
              "Pipeline": "order_processing_pipeline"
            },
            "timeouts": null,
            "versioning": [
              {
                "enabled": false,
                "mfa_delete": false
              }
            ],
            "website": [],
            "website_domain": null,
            "website_endpoint": null
          },
          "sensitive_attributes": [],
          "private": "eyJlMmJmYjczMC1lY2FhLTExZTYtOGY4OC0zNDM2M2JjN2M0YzAiOnsiY3JlYXRlIjoxMjAwMDAwMDAwMDAwLCJkZWxldGUiOjM2MDAwMDAwMDAwMDAsInJlYWQiOjEyMDAwMDAwMDAwMDAsInVwZGF0ZSI6MTIwMDAwMDAwMDAwMH19"
        }
      ]
    },
    {
      "mode": "managed",
      "type": "aws_s3_bucket",
      "name": "order_processing_pipeline_c01_operations_s3_staging_bucket_3b56",
      "provider": "provider[\"registry.terraform.io/hashicorp/aws\"]",
      "instances": [
        {
          "schema_version": 0,
          "attributes": {
            "acceleration_status": "",
            "acl": null,
            "arn": "arn:aws:s3:::order-processing-pipeline-c01-operations-s3-staging-bucket-0d9a",
            "bucket": "order-processing-pipeline-c01-operations-s3-staging-bucket-0d9a",
            "bucket_domain_name": "order-processing-pipeline-c01-operations-s3-staging-bucket-0d9a.s3.amazonaws.com",
            "bucket_prefix": "",
            "bucket_regional_domain_name": "order-processing-pipeline-c01-operations-s3-staging-bucket-0d9a.s3.us-east-1.amazonaws.com",
            "cors_rule": [],
            "force_destroy": true,
            "grant": [
              {
                "id": "6b988a1bfb1696d044a07b3f9fd2a2a715c57a1b22eb6076238db5417a49eab2",
                "permissions": [
                  "FULL_CONTROL"
                ],
                "type": "CanonicalUser",
                "uri": ""
              }
            ],
            "hosted_zone_id": "Z3AQBSTGFYJSTF",
            "id": "order-processing-pipeline-c01-operations-s3-staging-bucket-0d9a",
            "lifecycle_rule": [],
            "logging": [],
            "object_lock_configuration": [],
            "object_lock_enabled": false,
            "policy": "",
            "region": "us-east-1",
            "replication_configuration": [],
            "request_payer": "BucketOwner",
            "server_side_encryption_configuration": [
              {
                "rule": [
                  {
                    "apply_server_side_encryption_by_default": [
                      {
                        "kms_master_key_id": "",
                        "sse_algorithm": "AES256"
                      }
                    ],
                    "bucket_key_enabled": false
                  }
                ]
              }
            ],
            "tags": {
              "BusinessUnit": "operations",
              "CostCenter": "c01",
              "ManagedBy": "aws-pipeline-engine",
              "Pipeline": "order_processing_pipeline"
            },
            "tags_all": {
              "BusinessUnit": "operations",
              "CostCenter": "c01",
              "ManagedBy": "aws-pipeline-engine",
              "Pipeline": "order_processing_pipeline"
            },
            "timeouts": null,
            "versioning": [
              {
                "enabled": false,
                "mfa_delete": false
              }
            ],
            "website": [],
            "website_domain": null,
            "website_endpoint": null
          },
          "sensitive_attributes": [],
          "private": "eyJlMmJmYjczMC1lY2FhLTExZTYtOGY4OC0zNDM2M2JjN2M0YzAiOnsiY3JlYXRlIjoxMjAwMDAwMDAwMDAwLCJkZWxldGUiOjM2MDAwMDAwMDAwMDAsInJlYWQiOjEyMDAwMDAwMDAwMDAsInVwZGF0ZSI6MTIwMDAwMDAwMDAwMH19"
        }
      ]
    },
    {
      "mode": "managed",
      "type": "aws_s3_bucket_notification",
      "name": "order_processing_pipeline_c01_operations_s3_invoice_bucket_aed0_notification",
      "provider": "provider[\"registry.terraform.io/hashicorp/aws\"]",
      "instances": [
        {
          "schema_version": 0,
          "attributes": {
            "bucket": "order-processing-pipeline-c01-operations-s3-invoice-bucket-e904",
            "eventbridge": false,
            "id": "order-processing-pipeline-c01-operations-s3-invoice-bucket-e904",
            "lambda_function": [
              {
                "events": [
                  "s3:ObjectCreated:*"
                ],
                "filter_prefix": "",
                "filter_suffix": "",
                "id": "order_processing_pipeline_c01_operations_s3_invoice_bucket_aed0_order_processing_pipeline_c01_operations_lambda_process_invoice_5f70",
                "lambda_function_arn": "arn:aws:lambda:us-east-1:602963248309:function:order-processing-pipeline-c01-operations-lambda-process-78776ca"
              }
            ],
            "queue": [],
            "topic": []
          },
          "sensitive_attributes": [],
          "private": "bnVsbA==",
          "dependencies": [
            "aws_cloudwatch_log_group.order_processing_pipeline_c01_operations_lambda_process_invoice_5f70_lg",
            "aws_iam_role.order_processing_pipeline_c01_operations_lambda_process_invoice_5f70_role",
            "aws_lambda_function.order_processing_pipeline_c01_operations_lambda_process_invoice_5f70",
            "aws_lambda_permission.order_processing_pipeline_c01_operations_s3_invoice_bucket_aed0_invoke_order_processing_pipeline_c01_operations_lambda_process_invoice_5f70",
            "aws_s3_bucket.order_processing_pipeline_c01_operations_s3_invoice_bucket_aed0",
            "aws_s3_bucket.order_processing_pipeline_c01_operations_s3_staging_bucket_3b56",
            "data.archive_file.order_processing_pipeline_c01_operations_lambda_process_invoice_5f70_placeholder",
            "time_sleep.order_processing_pipeline_c01_operations_s3_invoice_bucket_aed0_iam_sleep"
          ]
        }
      ]
    },
    {
      "mode": "managed",
      "type": "aws_s3_bucket_notification",
      "name": "order_processing_pipeline_c01_operations_s3_order_bucket_7f88_notification",
      "provider": "provider[\"registry.terraform.io/hashicorp/aws\"]",
      "instances": [
        {
          "schema_version": 0,
          "attributes": {
            "bucket": "order-processing-pipeline-c01-operations-s3-order-bucket-e589",
            "eventbridge": false,
            "id": "order-processing-pipeline-c01-operations-s3-order-bucket-e589",
            "lambda_function": [
              {
                "events": [
                  "s3:ObjectCreated:*"
                ],
                "filter_prefix": "",
                "filter_suffix": "",
                "id": "order_processing_pipeline_c01_operations_s3_order_bucket_7f88_order_processing_pipeline_c01_operations_lambda_process_order_1c37",
                "lambda_function_arn": "arn:aws:lambda:us-east-1:602963248309:function:order-processing-pipeline-c01-operations-lambda-process-c82ea3d"
              }
            ],
            "queue": [],
            "topic": []
          },
          "sensitive_attributes": [],
          "private": "bnVsbA==",
          "dependencies": [
            "aws_cloudwatch_log_group.order_processing_pipeline_c01_operations_lambda_process_order_1c37_lg",
            "aws_iam_role.order_processing_pipeline_c01_operations_lambda_process_order_1c37_role",
            "aws_lambda_function.order_processing_pipeline_c01_operations_lambda_process_order_1c37",
            "aws_lambda_permission.order_processing_pipeline_c01_operations_s3_order_bucket_7f88_invoke_order_processing_pipeline_c01_operations_lambda_process_order_1c37",
            "aws_s3_bucket.order_processing_pipeline_c01_operations_s3_order_bucket_7f88",
            "aws_s3_bucket.order_processing_pipeline_c01_operations_s3_staging_bucket_3b56",
            "data.archive_file.order_processing_pipeline_c01_operations_lambda_process_order_1c37_placeholder",
            "time_sleep.order_processing_pipeline_c01_operations_s3_order_bucket_7f88_iam_sleep"
          ]
        }
      ]
    },
    {
      "mode": "managed",
      "type": "aws_s3_bucket_notification",
      "name": "order_processing_pipeline_c01_operations_s3_product_bucket_2d03_notification",
      "provider": "provider[\"registry.terraform.io/hashicorp/aws\"]",
      "instances": [
        {
          "schema_version": 0,
          "attributes": {
            "bucket": "order-processing-pipeline-c01-operations-s3-product-bucket-02eb",
            "eventbridge": false,
            "id": "order-processing-pipeline-c01-operations-s3-product-bucket-02eb",
            "lambda_function": [
              {
                "events": [
                  "s3:ObjectCreated:*"
                ],
                "filter_prefix": "",
                "filter_suffix": "",
                "id": "order_processing_pipeline_c01_operations_s3_product_bucket_2d03_order_processing_pipeline_c01_operations_lambda_process_product_c130",
                "lambda_function_arn": "arn:aws:lambda:us-east-1:602963248309:function:order-processing-pipeline-c01-operations-lambda-process-525464a"
              }
            ],
            "queue": [],
            "topic": []
          },
          "sensitive_attributes": [],
          "private": "bnVsbA==",
          "dependencies": [
            "aws_cloudwatch_log_group.order_processing_pipeline_c01_operations_lambda_process_product_c130_lg",
            "aws_iam_role.order_processing_pipeline_c01_operations_lambda_process_product_c130_role",
            "aws_lambda_function.order_processing_pipeline_c01_operations_lambda_process_product_c130",
            "aws_lambda_permission.order_processing_pipeline_c01_operations_s3_product_bucket_2d03_invoke_order_processing_pipeline_c01_operations_lambda_process_product_c130",
            "aws_s3_bucket.order_processing_pipeline_c01_operations_s3_product_bucket_2d03",
            "aws_s3_bucket.order_processing_pipeline_c01_operations_s3_staging_bucket_3b56",
            "data.archive_file.order_processing_pipeline_c01_operations_lambda_process_product_c130_placeholder",
            "time_sleep.order_processing_pipeline_c01_operations_s3_product_bucket_2d03_iam_sleep"
          ]
        }
      ]
    },
    {
      "mode": "managed",
      "type": "aws_s3_bucket_notification",
      "name": "order_processing_pipeline_c01_operations_s3_staging_bucket_3b56_notification",
      "provider": "provider[\"registry.terraform.io/hashicorp/aws\"]",
      "instances": [
        {
          "schema_version": 0,
          "attributes": {
            "bucket": "order-processing-pipeline-c01-operations-s3-staging-bucket-0d9a",
            "eventbridge": false,
            "id": "order-processing-pipeline-c01-operations-s3-staging-bucket-0d9a",
            "lambda_function": [
              {
                "events": [
                  "s3:ObjectCreated:*"
                ],
                "filter_prefix": "",
                "filter_suffix": "",
                "id": "order_processing_pipeline_c01_operations_s3_staging_bucket_3b56_order_processing_pipeline_c01_operations_lambda_refine_data_b055",
                "lambda_function_arn": "arn:aws:lambda:us-east-1:602963248309:function:order-processing-pipeline-c01-operations-lambda-refine-data-f0c3"
              }
            ],
            "queue": [],
            "topic": []
          },
          "sensitive_attributes": [],
          "private": "bnVsbA==",
          "dependencies": [
            "aws_cloudwatch_log_group.order_processing_pipeline_c01_operations_lambda_refine_data_b055_lg",
            "aws_iam_role.order_processing_pipeline_c01_operations_lambda_refine_data_b055_role",
            "aws_lambda_function.order_processing_pipeline_c01_operations_lambda_refine_data_b055",
            "aws_lambda_permission.order_processing_pipeline_c01_operations_s3_staging_bucket_3b56_invoke_order_processing_pipeline_c01_operations_lambda_refine_data_b055",
            "aws_s3_bucket.order_processing_pipeline_c01_operations_s3_curated_bucket_673f",
            "aws_s3_bucket.order_processing_pipeline_c01_operations_s3_staging_bucket_3b56",
            "data.archive_file.order_processing_pipeline_c01_operations_lambda_refine_data_b055_placeholder",
            "time_sleep.order_processing_pipeline_c01_operations_s3_staging_bucket_3b56_iam_sleep"
          ]
        }
      ]
    },
    {
      "mode": "managed",
      "type": "aws_s3_bucket_server_side_encryption_configuration",
      "name": "order_processing_pipeline_c01_operations_s3_curated_bucket_673f_sse",
      "provider": "provider[\"registry.terraform.io/hashicorp/aws\"]",
      "instances": [
        {
          "schema_version": 0,
          "attributes": {
            "bucket": "order-processing-pipeline-c01-operations-s3-curated-bucket-7515",
            "expected_bucket_owner": "",
            "id": "order-processing-pipeline-c01-operations-s3-curated-bucket-7515",
            "rule": [
              {
                "apply_server_side_encryption_by_default": [
                  {
                    "kms_master_key_id": "",
                    "sse_algorithm": "AES256"
                  }
                ],
                "bucket_key_enabled": null
              }
            ]
          },
          "sensitive_attributes": [],
          "private": "bnVsbA==",
          "dependencies": [
            "aws_s3_bucket.order_processing_pipeline_c01_operations_s3_curated_bucket_673f"
          ]
        }
      ]
    },
    {
      "mode": "managed",
      "type": "aws_s3_bucket_server_side_encryption_configuration",
      "name": "order_processing_pipeline_c01_operations_s3_invoice_bucket_aed0_sse",
      "provider": "provider[\"registry.terraform.io/hashicorp/aws\"]",
      "instances": [
        {
          "schema_version": 0,
          "attributes": {
            "bucket": "order-processing-pipeline-c01-operations-s3-invoice-bucket-e904",
            "expected_bucket_owner": "",
            "id": "order-processing-pipeline-c01-operations-s3-invoice-bucket-e904",
            "rule": [
              {
                "apply_server_side_encryption_by_default": [
                  {
                    "kms_master_key_id": "",
                    "sse_algorithm": "AES256"
                  }
                ],
                "bucket_key_enabled": null
              }
            ]
          },
          "sensitive_attributes": [],
          "private": "bnVsbA==",
          "dependencies": [
            "aws_s3_bucket.order_processing_pipeline_c01_operations_s3_invoice_bucket_aed0"
          ]
        }
      ]
    },
    {
      "mode": "managed",
      "type": "aws_s3_bucket_server_side_encryption_configuration",
      "name": "order_processing_pipeline_c01_operations_s3_order_bucket_7f88_sse",
      "provider": "provider[\"registry.terraform.io/hashicorp/aws\"]",
      "instances": [
        {
          "schema_version": 0,
          "attributes": {
            "bucket": "order-processing-pipeline-c01-operations-s3-order-bucket-e589",
            "expected_bucket_owner": "",
            "id": "order-processing-pipeline-c01-operations-s3-order-bucket-e589",
            "rule": [
              {
                "apply_server_side_encryption_by_default": [
                  {
                    "kms_master_key_id": "",
                    "sse_algorithm": "AES256"
                  }
                ],
                "bucket_key_enabled": null
              }
            ]
          },
          "sensitive_attributes": [],
          "private": "bnVsbA==",
          "dependencies": [
            "aws_s3_bucket.order_processing_pipeline_c01_operations_s3_order_bucket_7f88"
          ]
        }
      ]
    },
    {
      "mode": "managed",
      "type": "aws_s3_bucket_server_side_encryption_configuration",
      "name": "order_processing_pipeline_c01_operations_s3_product_bucket_2d03_sse",
      "provider": "provider[\"registry.terraform.io/hashicorp/aws\"]",
      "instances": [
        {
          "schema_version": 0,
          "attributes": {
            "bucket": "order-processing-pipeline-c01-operations-s3-product-bucket-02eb",
            "expected_bucket_owner": "",
            "id": "order-processing-pipeline-c01-operations-s3-product-bucket-02eb",
            "rule": [
              {
                "apply_server_side_encryption_by_default": [
                  {
                    "kms_master_key_id": "",
                    "sse_algorithm": "AES256"
                  }
                ],
                "bucket_key_enabled": null
              }
            ]
          },
          "sensitive_attributes": [],
          "private": "bnVsbA==",
          "dependencies": [
            "aws_s3_bucket.order_processing_pipeline_c01_operations_s3_product_bucket_2d03"
          ]
        }
      ]
    },
    {
      "mode": "managed",
      "type": "aws_s3_bucket_server_side_encryption_configuration",
      "name": "order_processing_pipeline_c01_operations_s3_staging_bucket_3b56_sse",
      "provider": "provider[\"registry.terraform.io/hashicorp/aws\"]",
      "instances": [
        {
          "schema_version": 0,
          "attributes": {
            "bucket": "order-processing-pipeline-c01-operations-s3-staging-bucket-0d9a",
            "expected_bucket_owner": "",
            "id": "order-processing-pipeline-c01-operations-s3-staging-bucket-0d9a",
            "rule": [
              {
                "apply_server_side_encryption_by_default": [
                  {
                    "kms_master_key_id": "",
                    "sse_algorithm": "AES256"
                  }
                ],
                "bucket_key_enabled": null
              }
            ]
          },
          "sensitive_attributes": [],
          "private": "bnVsbA==",
          "dependencies": [
            "aws_s3_bucket.order_processing_pipeline_c01_operations_s3_staging_bucket_3b56"
          ]
        }
      ]
    },
    {
      "mode": "managed",
      "type": "aws_s3_bucket_versioning",
      "name": "order_processing_pipeline_c01_operations_s3_curated_bucket_673f_versioning",
      "provider": "provider[\"registry.terraform.io/hashicorp/aws\"]",
      "instances": [
        {
          "schema_version": 0,
          "attributes": {
            "bucket": "order-processing-pipeline-c01-operations-s3-curated-bucket-7515",
            "expected_bucket_owner": "",
            "id": "order-processing-pipeline-c01-operations-s3-curated-bucket-7515",
            "mfa": null,
            "versioning_configuration": [
              {
                "mfa_delete": "",
                "status": "Suspended"
              }
            ]
          },
          "sensitive_attributes": [],
          "private": "bnVsbA==",
          "dependencies": [
            "aws_s3_bucket.order_processing_pipeline_c01_operations_s3_curated_bucket_673f"
          ]
        }
      ]
    },
    {
      "mode": "managed",
      "type": "aws_s3_bucket_versioning",
      "name": "order_processing_pipeline_c01_operations_s3_invoice_bucket_aed0_versioning",
      "provider": "provider[\"registry.terraform.io/hashicorp/aws\"]",
      "instances": [
        {
          "schema_version": 0,
          "attributes": {
            "bucket": "order-processing-pipeline-c01-operations-s3-invoice-bucket-e904",
            "expected_bucket_owner": "",
            "id": "order-processing-pipeline-c01-operations-s3-invoice-bucket-e904",
            "mfa": null,
            "versioning_configuration": [
              {
                "mfa_delete": "",
                "status": "Suspended"
              }
            ]
          },
          "sensitive_attributes": [],
          "private": "bnVsbA==",
          "dependencies": [
            "aws_s3_bucket.order_processing_pipeline_c01_operations_s3_invoice_bucket_aed0"
          ]
        }
      ]
    },
    {
      "mode": "managed",
      "type": "aws_s3_bucket_versioning",
      "name": "order_processing_pipeline_c01_operations_s3_order_bucket_7f88_versioning",
      "provider": "provider[\"registry.terraform.io/hashicorp/aws\"]",
      "instances": [
        {
          "schema_version": 0,
          "attributes": {
            "bucket": "order-processing-pipeline-c01-operations-s3-order-bucket-e589",
            "expected_bucket_owner": "",
            "id": "order-processing-pipeline-c01-operations-s3-order-bucket-e589",
            "mfa": null,
            "versioning_configuration": [
              {
                "mfa_delete": "",
                "status": "Suspended"
              }
            ]
          },
          "sensitive_attributes": [],
          "private": "bnVsbA==",
          "dependencies": [
            "aws_s3_bucket.order_processing_pipeline_c01_operations_s3_order_bucket_7f88"
          ]
        }
      ]
    },
    {
      "mode": "managed",
      "type": "aws_s3_bucket_versioning",
      "name": "order_processing_pipeline_c01_operations_s3_product_bucket_2d03_versioning",
      "provider": "provider[\"registry.terraform.io/hashicorp/aws\"]",
      "instances": [
        {
          "schema_version": 0,
          "attributes": {
            "bucket": "order-processing-pipeline-c01-operations-s3-product-bucket-02eb",
            "expected_bucket_owner": "",
            "id": "order-processing-pipeline-c01-operations-s3-product-bucket-02eb",
            "mfa": null,
            "versioning_configuration": [
              {
                "mfa_delete": "",
                "status": "Suspended"
              }
            ]
          },
          "sensitive_attributes": [],
          "private": "bnVsbA==",
          "dependencies": [
            "aws_s3_bucket.order_processing_pipeline_c01_operations_s3_product_bucket_2d03"
          ]
        }
      ]
    },
    {
      "mode": "managed",
      "type": "aws_s3_bucket_versioning",
      "name": "order_processing_pipeline_c01_operations_s3_staging_bucket_3b56_versioning",
      "provider": "provider[\"registry.terraform.io/hashicorp/aws\"]",
      "instances": [
        {
          "schema_version": 0,
          "attributes": {
            "bucket": "order-processing-pipeline-c01-operations-s3-staging-bucket-0d9a",
            "expected_bucket_owner": "",
            "id": "order-processing-pipeline-c01-operations-s3-staging-bucket-0d9a",
            "mfa": null,
            "versioning_configuration": [
              {
                "mfa_delete": "",
                "status": "Suspended"
              }
            ]
          },
          "sensitive_attributes": [],
          "private": "bnVsbA==",
          "dependencies": [
            "aws_s3_bucket.order_processing_pipeline_c01_operations_s3_staging_bucket_3b56"
          ]
        }
      ]
    },
    {
      "mode": "managed",
      "type": "time_sleep",
      "name": "order_processing_pipeline_c01_operations_s3_invoice_bucket_aed0_iam_sleep",
      "provider": "provider[\"registry.terraform.io/hashicorp/time\"]",
      "instances": [
        {
          "schema_version": 0,
          "attributes": {
            "create_duration": "15s",
            "destroy_duration": null,
            "id": "2026-04-30T16:09:49Z",
            "triggers": null
          },
          "sensitive_attributes": [],
          "dependencies": [
            "aws_cloudwatch_log_group.order_processing_pipeline_c01_operations_lambda_process_invoice_5f70_lg",
            "aws_iam_role.order_processing_pipeline_c01_operations_lambda_process_invoice_5f70_role",
            "aws_lambda_function.order_processing_pipeline_c01_operations_lambda_process_invoice_5f70",
            "aws_lambda_permission.order_processing_pipeline_c01_operations_s3_invoice_bucket_aed0_invoke_order_processing_pipeline_c01_operations_lambda_process_invoice_5f70",
            "aws_s3_bucket.order_processing_pipeline_c01_operations_s3_invoice_bucket_aed0",
            "aws_s3_bucket.order_processing_pipeline_c01_operations_s3_staging_bucket_3b56",
            "data.archive_file.order_processing_pipeline_c01_operations_lambda_process_invoice_5f70_placeholder"
          ]
        }
      ]
    },
    {
      "mode": "managed",
      "type": "time_sleep",
      "name": "order_processing_pipeline_c01_operations_s3_order_bucket_7f88_iam_sleep",
      "provider": "provider[\"registry.terraform.io/hashicorp/time\"]",
      "instances": [
        {
          "schema_version": 0,
          "attributes": {
            "create_duration": "15s",
            "destroy_duration": null,
            "id": "2026-04-30T16:09:57Z",
            "triggers": null
          },
          "sensitive_attributes": [],
          "dependencies": [
            "aws_cloudwatch_log_group.order_processing_pipeline_c01_operations_lambda_process_order_1c37_lg",
            "aws_iam_role.order_processing_pipeline_c01_operations_lambda_process_order_1c37_role",
            "aws_lambda_function.order_processing_pipeline_c01_operations_lambda_process_order_1c37",
            "aws_lambda_permission.order_processing_pipeline_c01_operations_s3_order_bucket_7f88_invoke_order_processing_pipeline_c01_operations_lambda_process_order_1c37",
            "aws_s3_bucket.order_processing_pipeline_c01_operations_s3_order_bucket_7f88",
            "aws_s3_bucket.order_processing_pipeline_c01_operations_s3_staging_bucket_3b56",
            "data.archive_file.order_processing_pipeline_c01_operations_lambda_process_order_1c37_placeholder"
          ]
        }
      ]
    },
    {
      "mode": "managed",
      "type": "time_sleep",
      "name": "order_processing_pipeline_c01_operations_s3_product_bucket_2d03_iam_sleep",
      "provider": "provider[\"registry.terraform.io/hashicorp/time\"]",
      "instances": [
        {
          "schema_version": 0,
          "attributes": {
            "create_duration": "15s",
            "destroy_duration": null,
            "id": "2026-04-30T16:09:41Z",
            "triggers": null
          },
          "sensitive_attributes": [],
          "dependencies": [
            "aws_cloudwatch_log_group.order_processing_pipeline_c01_operations_lambda_process_product_c130_lg",
            "aws_iam_role.order_processing_pipeline_c01_operations_lambda_process_product_c130_role",
            "aws_lambda_function.order_processing_pipeline_c01_operations_lambda_process_product_c130",
            "aws_lambda_permission.order_processing_pipeline_c01_operations_s3_product_bucket_2d03_invoke_order_processing_pipeline_c01_operations_lambda_process_product_c130",
            "aws_s3_bucket.order_processing_pipeline_c01_operations_s3_product_bucket_2d03",
            "aws_s3_bucket.order_processing_pipeline_c01_operations_s3_staging_bucket_3b56",
            "data.archive_file.order_processing_pipeline_c01_operations_lambda_process_product_c130_placeholder"
          ]
        }
      ]
    },
    {
      "mode": "managed",
      "type": "time_sleep",
      "name": "order_processing_pipeline_c01_operations_s3_staging_bucket_3b56_iam_sleep",
      "provider": "provider[\"registry.terraform.io/hashicorp/time\"]",
      "instances": [
        {
          "schema_version": 0,
          "attributes": {
            "create_duration": "15s",
            "destroy_duration": null,
            "id": "2026-04-30T16:09:34Z",
            "triggers": null
          },
          "sensitive_attributes": [],
          "dependencies": [
            "aws_cloudwatch_log_group.order_processing_pipeline_c01_operations_lambda_refine_data_b055_lg",
            "aws_iam_role.order_processing_pipeline_c01_operations_lambda_refine_data_b055_role",
            "aws_lambda_function.order_processing_pipeline_c01_operations_lambda_refine_data_b055",
            "aws_lambda_permission.order_processing_pipeline_c01_operations_s3_staging_bucket_3b56_invoke_order_processing_pipeline_c01_operations_lambda_refine_data_b055",
            "aws_s3_bucket.order_processing_pipeline_c01_operations_s3_curated_bucket_673f",
            "aws_s3_bucket.order_processing_pipeline_c01_operations_s3_staging_bucket_3b56",
            "data.archive_file.order_processing_pipeline_c01_operations_lambda_refine_data_b055_placeholder"
          ]
        }
      ]
    }
  ],
  "check_results": null
}
